{
  "version": 4,
  "terraform_version": "1.9.5",
  "serial": 6527,
  "lineage": "c1f75dd7-541c-e6cd-b33b-90b1be84a54d",
  "outputs": {
    "cluster_endpoint": {
      "value": "https://F3086B5989BEC1ABC91CB639525FD0E0.gr7.eu-west-2.eks.amazonaws.com",
      "type": "string"
    },
    "cluster_name": {
      "value": "banking-eks",
      "type": "string"
    },
    "cluster_oidc_issuer_url": {
      "value": "https://oidc.eks.eu-west-2.amazonaws.com/id/F3086B5989BEC1ABC91CB639525FD0E0",
      "type": "string"
    },
    "eks_oidc_provider_arn": {
      "value": "arn:aws:iam::463470963000:oidc-provider/oidc.eks.eu-west-2.amazonaws.com/id/F3086B5989BEC1ABC91CB639525FD0E0",
      "type": "string"
    },
    "vpc_cidr_blocks": {
      "value": [
        "10.2.0.0/16",
        "10.3.0.0/16",
        "10.1.0.0/16",
        "10.4.0.0/16"
      ],
      "type": [
        "tuple",
        [
          "string",
          "string",
          "string",
          "string"
        ]
      ]
    },
    "vpc_cidrs": {
      "value": {
        "data": "10.2.0.0/16",
        "management": "10.3.0.0/16",
        "production": "10.1.0.0/16",
        "security": "10.4.0.0/16"
      },
      "type": [
        "object",
        {
          "data": "string",
          "management": "string",
          "production": "string",
          "security": "string"
        }
      ]
    },
    "vpc_names": {
      "value": {
        "data": "data",
        "management": "management",
        "production": "production",
        "security": "security"
      },
      "type": [
        "object",
        {
          "data": "string",
          "management": "string",
          "production": "string",
          "security": "string"
        }
      ]
    }
  },
  "resources": [
    {
      "mode": "managed",
      "type": "aws_ec2_transit_gateway",
      "name": "main",
      "provider": "provider[\"registry.terraform.io/hashicorp/aws\"]",
      "instances": [
        {
          "schema_version": 0,
          "attributes": {
            "amazon_side_asn": 64514,
            "arn": "arn:aws:ec2:eu-west-2:463470963000:transit-gateway/tgw-04057019b89b535d3",
            "association_default_route_table_id": "tgw-rtb-03c7250283a39d119",
            "auto_accept_shared_attachments": "disable",
            "default_route_table_association": "enable",
            "default_route_table_propagation": "enable",
            "description": "Main Transit Gateway",
            "dns_support": "enable",
            "id": "tgw-04057019b89b535d3",
            "multicast_support": "disable",
            "owner_id": "463470963000",
            "propagation_default_route_table_id": "tgw-rtb-03c7250283a39d119",
            "tags": {
              "Environment": "Dev",
              "Name": "main-tgw",
              "Project": "Global Bank Migration",
              "Terraform": "true"
            },
            "tags_all": {
              "Environment": "Dev",
              "Name": "main-tgw",
              "Project": "Global Bank Migration",
              "Terraform": "true"
            },
            "timeouts": null,
            "transit_gateway_cidr_blocks": null,
            "vpn_ecmp_support": "enable"
          },
          "sensitive_attributes": [],
          "private": "eyJlMmJmYjczMC1lY2FhLTExZTYtOGY4OC0zNDM2M2JjN2M0YzAiOnsiY3JlYXRlIjo2MDAwMDAwMDAwMDAsImRlbGV0ZSI6NjAwMDAwMDAwMDAwLCJ1cGRhdGUiOjYwMDAwMDAwMDAwMH19"
        }
      ]
    },
    {
      "module": "module.api",
      "mode": "managed",
      "type": "aws_acm_certificate",
      "name": "api_certificate",
      "provider": "provider[\"registry.terraform.io/hashicorp/aws\"]",
      "instances": [
        {
          "schema_version": 0,
          "attributes": {
            "arn": "arn:aws:acm:eu-west-2:463470963000:certificate/7687e1d3-af84-48b6-a4cc-44faf3551a7f",
            "certificate_authority_arn": "",
            "certificate_body": null,
            "certificate_chain": null,
            "domain_name": "api.banking-domain.com",
            "domain_validation_options": [
              {
                "domain_name": "api.banking-domain.com",
                "resource_record_name": "_10dff9e7ce1831703d037850bf9335c7.api.banking-domain.com.",
                "resource_record_type": "CNAME",
                "resource_record_value": "_e1a0dd947355e19ddde13d612a41562b.djqtsrsxkq.acm-validations.aws."
              }
            ],
            "early_renewal_duration": "",
            "id": "arn:aws:acm:eu-west-2:463470963000:certificate/7687e1d3-af84-48b6-a4cc-44faf3551a7f",
            "key_algorithm": "RSA_2048",
            "not_after": "",
            "not_before": "",
            "options": [
              {
                "certificate_transparency_logging_preference": "ENABLED"
              }
            ],
            "pending_renewal": false,
            "private_key": null,
            "renewal_eligibility": "INELIGIBLE",
            "renewal_summary": [],
            "status": "PENDING_VALIDATION",
            "subject_alternative_names": [
              "api.banking-domain.com"
            ],
            "tags": null,
            "tags_all": {},
            "type": "AMAZON_ISSUED",
            "validation_emails": [],
            "validation_method": "DNS",
            "validation_option": []
          },
          "sensitive_attributes": [
            [
              {
                "type": "get_attr",
                "value": "private_key"
              }
            ]
          ],
          "private": "bnVsbA=="
        }
      ]
    },
    {
      "module": "module.api",
      "mode": "managed",
      "type": "aws_api_gateway_api_key",
      "name": "partner",
      "provider": "provider[\"registry.terraform.io/hashicorp/aws\"]",
      "instances": [
        {
          "schema_version": 0,
          "attributes": {
            "arn": "arn:aws:apigateway:eu-west-2::/apikeys/kap9xnzgje",
            "created_date": "2025-01-16T17:01:26Z",
            "customer_id": "",
            "description": "Managed by Terraform",
            "enabled": true,
            "id": "kap9xnzgje",
            "last_updated_date": "2025-01-16T17:01:26Z",
            "name": "partner-api-key",
            "tags": null,
            "tags_all": {},
            "value": "9nwAUaLky56PNJ9wfKCsK95XQeqb1BHGaQHSSdyX"
          },
          "sensitive_attributes": [
            [
              {
                "type": "get_attr",
                "value": "value"
              }
            ]
          ],
          "private": "bnVsbA=="
        }
      ]
    },
    {
      "module": "module.api",
      "mode": "managed",
      "type": "aws_api_gateway_method",
      "name": "fraud_post",
      "provider": "provider[\"registry.terraform.io/hashicorp/aws\"]",
      "instances": [
        {
          "schema_version": 0,
          "attributes": {
            "api_key_required": true,
            "authorization": "AWS_IAM",
            "authorization_scopes": null,
            "authorizer_id": null,
            "http_method": "POST",
            "id": "agm-r8bj09ls4b-083u95-POST",
            "operation_name": null,
            "request_models": null,
            "request_parameters": null,
            "request_validator_id": null,
            "resource_id": "083u95",
            "rest_api_id": "r8bj09ls4b"
          },
          "sensitive_attributes": [],
          "private": "bnVsbA==",
          "dependencies": [
            "module.api.aws_api_gateway_resource.fraud",
            "module.api.aws_api_gateway_rest_api.banking"
          ],
          "create_before_destroy": true
        }
      ]
    },
    {
      "module": "module.api",
      "mode": "managed",
      "type": "aws_api_gateway_resource",
      "name": "fraud",
      "provider": "provider[\"registry.terraform.io/hashicorp/aws\"]",
      "instances": [
        {
          "schema_version": 0,
          "attributes": {
            "id": "083u95",
            "parent_id": "z3hitinhnd",
            "path": "/fraud-check",
            "path_part": "fraud-check",
            "rest_api_id": "r8bj09ls4b"
          },
          "sensitive_attributes": [],
          "private": "bnVsbA==",
          "dependencies": [
            "module.api.aws_api_gateway_rest_api.banking"
          ],
          "create_before_destroy": true
        }
      ]
    },
    {
      "module": "module.api",
      "mode": "managed",
      "type": "aws_api_gateway_rest_api",
      "name": "banking",
      "provider": "provider[\"registry.terraform.io/hashicorp/aws\"]",
      "instances": [
        {
          "schema_version": 0,
          "attributes": {
            "api_key_source": "HEADER",
            "arn": "arn:aws:apigateway:eu-west-2::/restapis/r8bj09ls4b",
            "binary_media_types": [],
            "body": null,
            "created_date": "2025-01-16T17:01:25Z",
            "description": "Banking System API",
            "disable_execute_api_endpoint": false,
            "endpoint_configuration": [
              {
                "types": [
                  "REGIONAL"
                ],
                "vpc_endpoint_ids": []
              }
            ],
            "execution_arn": "arn:aws:execute-api:eu-west-2:463470963000:r8bj09ls4b",
            "fail_on_warnings": null,
            "id": "r8bj09ls4b",
            "minimum_compression_size": "",
            "name": "banking-api",
            "parameters": null,
            "policy": "",
            "put_rest_api_mode": null,
            "root_resource_id": "z3hitinhnd",
            "tags": null,
            "tags_all": {}
          },
          "sensitive_attributes": [],
          "private": "bnVsbA==",
          "create_before_destroy": true
        }
      ]
    },
    {
      "module": "module.compute",
      "mode": "data",
      "type": "aws_ami",
      "name": "amazon_linux_2",
      "provider": "provider[\"registry.terraform.io/hashicorp/aws\"]",
      "instances": [
        {
          "schema_version": 0,
          "attributes": {
            "architecture": "x86_64",
            "arn": "arn:aws:ec2:eu-west-2::image/ami-0b07383b7463cad1a",
            "block_device_mappings": [
              {
                "device_name": "/dev/xvda",
                "ebs": {
                  "delete_on_termination": "true",
                  "encrypted": "false",
                  "iops": "3000",
                  "snapshot_id": "snap-04a54a96faf6acc49",
                  "throughput": "125",
                  "volume_size": "30",
                  "volume_type": "gp3"
                },
                "no_device": "",
                "virtual_name": ""
              }
            ],
            "boot_mode": "uefi-preferred",
            "creation_date": "2025-01-10T21:14:26.000Z",
            "deprecation_time": "2027-01-10T21:14:26.000Z",
            "description": "Amazon Linux AMI 2023.0.20250110 x86_64 ECS HVM EBS",
            "ena_support": true,
            "executable_users": null,
            "filter": [
              {
                "name": "name",
                "values": [
                  "al2023-ami-*-x86_64"
                ]
              }
            ],
            "hypervisor": "xen",
            "id": "ami-0b07383b7463cad1a",
            "image_id": "ami-0b07383b7463cad1a",
            "image_location": "amazon/al2023-ami-ecs-neuron-hvm-2023.0.20250110-kernel-6.1-x86_64",
            "image_owner_alias": "amazon",
            "image_type": "machine",
            "imds_support": "v2.0",
            "include_deprecated": false,
            "kernel_id": "",
            "most_recent": true,
            "name": "al2023-ami-ecs-neuron-hvm-2023.0.20250110-kernel-6.1-x86_64",
            "name_regex": null,
            "owner_id": "591542846629",
            "owners": [
              "amazon"
            ],
            "platform": "",
            "platform_details": "Linux/UNIX",
            "product_codes": [],
            "public": true,
            "ramdisk_id": "",
            "root_device_name": "/dev/xvda",
            "root_device_type": "ebs",
            "root_snapshot_id": "snap-04a54a96faf6acc49",
            "sriov_net_support": "simple",
            "state": "available",
            "state_reason": {
              "code": "UNSET",
              "message": "UNSET"
            },
            "tags": {},
            "timeouts": null,
            "tpm_support": "",
            "usage_operation": "RunInstances",
            "virtualization_type": "hvm"
          },
          "sensitive_attributes": []
        }
      ]
    },
    {
      "module": "module.compute",
      "mode": "data",
      "type": "aws_caller_identity",
      "name": "current",
      "provider": "provider[\"registry.terraform.io/hashicorp/aws\"]",
      "instances": [
        {
          "schema_version": 0,
          "attributes": {
            "account_id": "463470963000",
            "arn": "arn:aws:iam::463470963000:root",
            "id": "463470963000",
            "user_id": "463470963000"
          },
          "sensitive_attributes": []
        }
      ]
    },
    {
      "module": "module.compute",
      "mode": "data",
      "type": "aws_region",
      "name": "current",
      "provider": "provider[\"registry.terraform.io/hashicorp/aws\"]",
      "instances": [
        {
          "schema_version": 0,
          "attributes": {
            "description": "Europe (London)",
            "endpoint": "ec2.eu-west-2.amazonaws.com",
            "id": "eu-west-2",
            "name": "eu-west-2"
          },
          "sensitive_attributes": []
        }
      ]
    },
    {
      "module": "module.compute",
      "mode": "managed",
      "type": "aws_autoscaling_group",
      "name": "bastion",
      "provider": "provider[\"registry.terraform.io/hashicorp/aws\"]",
      "instances": [
        {
          "schema_version": 1,
          "attributes": {
            "arn": "arn:aws:autoscaling:eu-west-2:463470963000:autoScalingGroup:d006d094-907a-4b0a-9aef-e967e70c71b7:autoScalingGroupName/bastion-asg",
            "availability_zones": [
              "eu-west-2a",
              "eu-west-2b"
            ],
            "capacity_rebalance": false,
            "context": "",
            "default_cooldown": 300,
            "default_instance_warmup": 0,
            "desired_capacity": 2,
            "desired_capacity_type": "",
            "enabled_metrics": null,
            "force_delete": false,
            "force_delete_warm_pool": false,
            "health_check_grace_period": 300,
            "health_check_type": "ELB",
            "id": "bastion-asg",
            "ignore_failed_scaling_activities": false,
            "initial_lifecycle_hook": [],
            "instance_maintenance_policy": [],
            "instance_refresh": [],
            "launch_configuration": "",
            "launch_template": [
              {
                "id": "lt-05c50a53eb6e05768",
                "name": "bastion20250116170211314600000026",
                "version": "$Latest"
              }
            ],
            "load_balancers": [],
            "max_instance_lifetime": 0,
            "max_size": 2,
            "metrics_granularity": "1Minute",
            "min_elb_capacity": null,
            "min_size": 1,
            "mixed_instances_policy": [],
            "name": "bastion-asg",
            "name_prefix": "",
            "placement_group": "",
            "predicted_capacity": 0,
            "protect_from_scale_in": false,
            "service_linked_role_arn": "arn:aws:iam::463470963000:role/aws-service-role/autoscaling.amazonaws.com/AWSServiceRoleForAutoScaling",
            "suspended_processes": null,
            "tag": [],
            "target_group_arns": [
              "arn:aws:elasticloadbalancing:eu-west-2:463470963000:targetgroup/bastion-tg/39dd3c01d70f0fee"
            ],
            "termination_policies": null,
            "timeouts": null,
            "traffic_source": [
              {
                "identifier": "arn:aws:elasticloadbalancing:eu-west-2:463470963000:targetgroup/bastion-tg/39dd3c01d70f0fee",
                "type": "elbv2"
              }
            ],
            "vpc_zone_identifier": [
              "subnet-03c81cfc96f31a7eb",
              "subnet-03dbfa0feb15915ac"
            ],
            "wait_for_capacity_timeout": "10m",
            "wait_for_elb_capacity": null,
            "warm_pool": [],
            "warm_pool_size": 0
          },
          "sensitive_attributes": [],
          "private": "eyJlMmJmYjczMC1lY2FhLTExZTYtOGY4OC0zNDM2M2JjN2M0YzAiOnsiZGVsZXRlIjo2MDAwMDAwMDAwMDAsInVwZGF0ZSI6NjAwMDAwMDAwMDAwfSwic2NoZW1hX3ZlcnNpb24iOiIxIn0=",
          "dependencies": [
            "module.compute.aws_iam_instance_profile.bastion",
            "module.compute.aws_launch_template.bastion",
            "module.compute.aws_lb_target_group.bastion",
            "module.compute.aws_security_group.bastion",
            "module.compute.data.aws_ami.amazon_linux_2",
            "module.security.aws_iam_role.bastion",
            "module.vpcs.aws_subnet.public",
            "module.vpcs.aws_vpc.main"
          ]
        }
      ]
    },
    {
      "module": "module.compute",
      "mode": "managed",
      "type": "aws_iam_instance_profile",
      "name": "bastion",
      "provider": "provider[\"registry.terraform.io/hashicorp/aws\"]",
      "instances": [
        {
          "schema_version": 0,
          "attributes": {
            "arn": "arn:aws:iam::463470963000:instance-profile/bastion-profile",
            "create_date": "2025-01-16T17:01:45Z",
            "id": "bastion-profile",
            "name": "bastion-profile",
            "name_prefix": "",
            "path": "/",
            "role": "bastionrole",
            "tags": null,
            "tags_all": {},
            "unique_id": "AIPAWX2IFVE4IH42FK7JU"
          },
          "sensitive_attributes": [],
          "private": "bnVsbA==",
          "dependencies": [
            "module.security.aws_iam_role.bastion"
          ]
        }
      ]
    },
    {
      "module": "module.compute",
      "mode": "managed",
      "type": "aws_lambda_alias",
      "name": "prod",
      "provider": "provider[\"registry.terraform.io/hashicorp/aws\"]",
      "instances": [
        {
          "schema_version": 0,
          "attributes": {
            "arn": "arn:aws:lambda:eu-west-2:463470963000:function:config-rule-changes-blue:prod",
            "description": "",
            "function_name": "config-rule-changes-blue",
            "function_version": "$LATEST",
            "id": "arn:aws:lambda:eu-west-2:463470963000:function:config-rule-changes-blue:prod",
            "invoke_arn": "arn:aws:apigateway:eu-west-2:lambda:path/2015-03-31/functions/arn:aws:lambda:eu-west-2:463470963000:function:config-rule-changes-blue:prod/invocations",
            "name": "prod",
            "routing_config": []
          },
          "sensitive_attributes": [],
          "private": "bnVsbA==",
          "dependencies": [
            "module.compute.aws_lambda_function.config_rules_blue",
            "module.compute.aws_security_group.alb",
            "module.compute.aws_security_group.lambda",
            "module.eks.aws_security_group.cluster",
            "module.monitoring.aws_sns_topic.banking_alerts",
            "module.security.aws_iam_role.lambda",
            "module.vpcs.aws_subnet.public",
            "module.vpcs.aws_vpc.main"
          ]
        }
      ]
    },
    {
      "module": "module.compute",
      "mode": "managed",
      "type": "aws_lambda_function",
      "name": "config_rules_blue",
      "provider": "provider[\"registry.terraform.io/hashicorp/aws\"]",
      "instances": [
        {
          "schema_version": 0,
          "attributes": {
            "architectures": [
              "x86_64"
            ],
            "arn": "arn:aws:lambda:eu-west-2:463470963000:function:config-rule-changes-blue",
            "code_sha256": "7L4UKH/OguqcK0pV9+cBEjkgCC3H+3XMKxabVSS23i4=",
            "code_signing_config_arn": "",
            "dead_letter_config": [],
            "description": "",
            "environment": [
              {
                "variables": {
                  "APPROVED_PORTS": "80,443,22",
                  "ENVIRONMENT": "production",
                  "SECURITY_GROUP_IDS": "sg-02807379530a1cab2,sg-07966fcaac4382f6e",
                  "SNS_TOPIC_ARN": "arn:aws:sns:eu-west-2:463470963000:global-banking-alerts",
                  "VPC_ID": "vpc-0761bef65cc2a8335"
                }
              }
            ],
            "ephemeral_storage": [
              {
                "size": 512
              }
            ],
            "file_system_config": [],
            "filename": "modules/compute/../../../lambda/config-rule-changes/config-rule-changes.zip",
            "function_name": "config-rule-changes-blue",
            "handler": "app.lambda_handler",
            "id": "config-rule-changes-blue",
            "image_config": [],
            "image_uri": "",
            "invoke_arn": "arn:aws:apigateway:eu-west-2:lambda:path/2015-03-31/functions/arn:aws:lambda:eu-west-2:463470963000:function:config-rule-changes-blue/invocations",
            "kms_key_arn": "",
            "last_modified": "2025-01-16T17:10:13.898+0000",
            "layers": null,
            "logging_config": [
              {
                "application_log_level": "",
                "log_format": "Text",
                "log_group": "/aws/lambda/config-rule-changes-blue",
                "system_log_level": ""
              }
            ],
            "memory_size": 256,
            "package_type": "Zip",
            "publish": false,
            "qualified_arn": "arn:aws:lambda:eu-west-2:463470963000:function:config-rule-changes-blue:$LATEST",
            "qualified_invoke_arn": "arn:aws:apigateway:eu-west-2:lambda:path/2015-03-31/functions/arn:aws:lambda:eu-west-2:463470963000:function:config-rule-changes-blue:$LATEST/invocations",
            "replace_security_groups_on_destroy": null,
            "replacement_security_group_ids": null,
            "reserved_concurrent_executions": -1,
            "role": "arn:aws:iam::463470963000:role/lambda-role",
            "runtime": "python3.12",
            "s3_bucket": null,
            "s3_key": null,
            "s3_object_version": null,
            "signing_job_arn": "",
            "signing_profile_version_arn": "",
            "skip_destroy": false,
            "snap_start": [],
            "source_code_hash": "",
            "source_code_size": 1071,
            "tags": null,
            "tags_all": {},
            "timeout": 30,
            "timeouts": null,
            "tracing_config": [
              {
                "mode": "PassThrough"
              }
            ],
            "version": "$LATEST",
            "vpc_config": [
              {
                "ipv6_allowed_for_dual_stack": false,
                "security_group_ids": [
                  "sg-078d0872186e64f43"
                ],
                "subnet_ids": [
                  "subnet-0abf33a3274973b35",
                  "subnet-0b4c5c4c2852f94a1"
                ],
                "vpc_id": "vpc-0761bef65cc2a8335"
              }
            ]
          },
          "sensitive_attributes": [],
          "private": "eyJlMmJmYjczMC1lY2FhLTExZTYtOGY4OC0zNDM2M2JjN2M0YzAiOnsiY3JlYXRlIjo2MDAwMDAwMDAwMDAsImRlbGV0ZSI6NjAwMDAwMDAwMDAwLCJ1cGRhdGUiOjYwMDAwMDAwMDAwMH19",
          "dependencies": [
            "module.compute.aws_security_group.alb",
            "module.compute.aws_security_group.lambda",
            "module.eks.aws_security_group.cluster",
            "module.monitoring.aws_sns_topic.banking_alerts",
            "module.security.aws_iam_role.lambda",
            "module.vpcs.aws_subnet.public",
            "module.vpcs.aws_vpc.main"
          ]
        }
      ]
    },
    {
      "module": "module.compute",
      "mode": "managed",
      "type": "aws_lambda_function",
      "name": "config_rules_green",
      "provider": "provider[\"registry.terraform.io/hashicorp/aws\"]",
      "instances": [
        {
          "schema_version": 0,
          "attributes": {
            "architectures": [
              "x86_64"
            ],
            "arn": "arn:aws:lambda:eu-west-2:463470963000:function:config-rule-changes-green",
            "code_sha256": "7L4UKH/OguqcK0pV9+cBEjkgCC3H+3XMKxabVSS23i4=",
            "code_signing_config_arn": "",
            "dead_letter_config": [],
            "description": "",
            "environment": [
              {
                "variables": {
                  "APPROVED_PORTS": "80,443,22",
                  "ENVIRONMENT": "production",
                  "SECURITY_GROUP_IDS": "sg-02807379530a1cab2,sg-07966fcaac4382f6e",
                  "SNS_TOPIC_ARN": "arn:aws:sns:eu-west-2:463470963000:global-banking-alerts",
                  "VPC_ID": "vpc-0761bef65cc2a8335"
                }
              }
            ],
            "ephemeral_storage": [
              {
                "size": 512
              }
            ],
            "file_system_config": [],
            "filename": "modules/compute/../../../lambda/config-rule-changes/config-rule-changes.zip",
            "function_name": "config-rule-changes-green",
            "handler": "app.lambda_handler",
            "id": "config-rule-changes-green",
            "image_config": [],
            "image_uri": "",
            "invoke_arn": "arn:aws:apigateway:eu-west-2:lambda:path/2015-03-31/functions/arn:aws:lambda:eu-west-2:463470963000:function:config-rule-changes-green/invocations",
            "kms_key_arn": "",
            "last_modified": "2025-01-16T17:10:20.323+0000",
            "layers": null,
            "logging_config": [
              {
                "application_log_level": "",
                "log_format": "Text",
                "log_group": "/aws/lambda/config-rule-changes-green",
                "system_log_level": ""
              }
            ],
            "memory_size": 256,
            "package_type": "Zip",
            "publish": false,
            "qualified_arn": "arn:aws:lambda:eu-west-2:463470963000:function:config-rule-changes-green:$LATEST",
            "qualified_invoke_arn": "arn:aws:apigateway:eu-west-2:lambda:path/2015-03-31/functions/arn:aws:lambda:eu-west-2:463470963000:function:config-rule-changes-green:$LATEST/invocations",
            "replace_security_groups_on_destroy": null,
            "replacement_security_group_ids": null,
            "reserved_concurrent_executions": -1,
            "role": "arn:aws:iam::463470963000:role/lambda-role",
            "runtime": "python3.12",
            "s3_bucket": null,
            "s3_key": null,
            "s3_object_version": null,
            "signing_job_arn": "",
            "signing_profile_version_arn": "",
            "skip_destroy": false,
            "snap_start": [],
            "source_code_hash": "",
            "source_code_size": 1071,
            "tags": null,
            "tags_all": {},
            "timeout": 30,
            "timeouts": null,
            "tracing_config": [
              {
                "mode": "PassThrough"
              }
            ],
            "version": "$LATEST",
            "vpc_config": [
              {
                "ipv6_allowed_for_dual_stack": false,
                "security_group_ids": [
                  "sg-078d0872186e64f43"
                ],
                "subnet_ids": [
                  "subnet-0abf33a3274973b35",
                  "subnet-0b4c5c4c2852f94a1"
                ],
                "vpc_id": "vpc-0761bef65cc2a8335"
              }
            ]
          },
          "sensitive_attributes": [],
          "private": "eyJlMmJmYjczMC1lY2FhLTExZTYtOGY4OC0zNDM2M2JjN2M0YzAiOnsiY3JlYXRlIjo2MDAwMDAwMDAwMDAsImRlbGV0ZSI6NjAwMDAwMDAwMDAwLCJ1cGRhdGUiOjYwMDAwMDAwMDAwMH19",
          "dependencies": [
            "module.compute.aws_security_group.alb",
            "module.compute.aws_security_group.lambda",
            "module.eks.aws_security_group.cluster",
            "module.monitoring.aws_sns_topic.banking_alerts",
            "module.security.aws_iam_role.lambda",
            "module.vpcs.aws_subnet.public",
            "module.vpcs.aws_vpc.main"
          ]
        }
      ]
    },
    {
      "module": "module.compute",
      "mode": "managed",
      "type": "aws_lambda_function",
      "name": "macie_findings",
      "provider": "provider[\"registry.terraform.io/hashicorp/aws\"]",
      "instances": [
        {
          "schema_version": 0,
          "attributes": {
            "architectures": [
              "x86_64"
            ],
            "arn": "arn:aws:lambda:eu-west-2:463470963000:function:macie-sensitive-data-findings",
            "code_sha256": "Z+0j/i9HBIylpyW0Avp2jXJ1AE75lac4kikmetiS34g=",
            "code_signing_config_arn": "",
            "dead_letter_config": [],
            "description": "",
            "environment": [
              {
                "variables": {
                  "S3_BUCKET_ARNS": "arn:aws:s3:::audit-reports-talha,arn:aws:s3:::vpc-flow-logs-talha,arn:aws:s3:::cloudtrail-bucket-talha",
                  "SNS_TOPIC_ARN": "arn:aws:sns:eu-west-2:463470963000:global-banking-alerts"
                }
              }
            ],
            "ephemeral_storage": [
              {
                "size": 512
              }
            ],
            "file_system_config": [],
            "filename": "modules/compute/../../../lambda/macie-findings/macie-findings.zip",
            "function_name": "macie-sensitive-data-findings",
            "handler": "app.lambda_handler",
            "id": "macie-sensitive-data-findings",
            "image_config": [],
            "image_uri": "",
            "invoke_arn": "arn:aws:apigateway:eu-west-2:lambda:path/2015-03-31/functions/arn:aws:lambda:eu-west-2:463470963000:function:macie-sensitive-data-findings/invocations",
            "kms_key_arn": "",
            "last_modified": "2025-01-16T17:02:11.989+0000",
            "layers": null,
            "logging_config": [
              {
                "application_log_level": "",
                "log_format": "Text",
                "log_group": "/aws/lambda/macie-sensitive-data-findings",
                "system_log_level": ""
              }
            ],
            "memory_size": 256,
            "package_type": "Zip",
            "publish": false,
            "qualified_arn": "arn:aws:lambda:eu-west-2:463470963000:function:macie-sensitive-data-findings:$LATEST",
            "qualified_invoke_arn": "arn:aws:apigateway:eu-west-2:lambda:path/2015-03-31/functions/arn:aws:lambda:eu-west-2:463470963000:function:macie-sensitive-data-findings:$LATEST/invocations",
            "replace_security_groups_on_destroy": null,
            "replacement_security_group_ids": null,
            "reserved_concurrent_executions": -1,
            "role": "arn:aws:iam::463470963000:role/lambda-role",
            "runtime": "python3.12",
            "s3_bucket": null,
            "s3_key": null,
            "s3_object_version": null,
            "signing_job_arn": "",
            "signing_profile_version_arn": "",
            "skip_destroy": false,
            "snap_start": [],
            "source_code_hash": "",
            "source_code_size": 1284,
            "tags": null,
            "tags_all": {},
            "timeout": 30,
            "timeouts": null,
            "tracing_config": [
              {
                "mode": "PassThrough"
              }
            ],
            "version": "$LATEST",
            "vpc_config": [
              {
                "ipv6_allowed_for_dual_stack": false,
                "security_group_ids": [
                  "sg-078d0872186e64f43"
                ],
                "subnet_ids": [
                  "subnet-0abf33a3274973b35",
                  "subnet-0b4c5c4c2852f94a1"
                ],
                "vpc_id": "vpc-0761bef65cc2a8335"
              }
            ]
          },
          "sensitive_attributes": [],
          "private": "eyJlMmJmYjczMC1lY2FhLTExZTYtOGY4OC0zNDM2M2JjN2M0YzAiOnsiY3JlYXRlIjo2MDAwMDAwMDAwMDAsImRlbGV0ZSI6NjAwMDAwMDAwMDAwLCJ1cGRhdGUiOjYwMDAwMDAwMDAwMH19",
          "dependencies": [
            "module.compute.aws_security_group.lambda",
            "module.monitoring.aws_sns_topic.banking_alerts",
            "module.security.aws_iam_role.lambda",
            "module.storage.aws_s3_bucket.audit_reports",
            "module.storage.aws_s3_bucket.cloudtrail",
            "module.storage.aws_s3_bucket.vpc_flow_logs",
            "module.vpcs.aws_subnet.public",
            "module.vpcs.aws_vpc.main"
          ]
        }
      ]
    },
    {
      "module": "module.compute",
      "mode": "managed",
      "type": "aws_lambda_permission",
      "name": "allow_eventbridge",
      "provider": "provider[\"registry.terraform.io/hashicorp/aws\"]",
      "instances": [
        {
          "index_key": "config",
          "schema_version": 0,
          "attributes": {
            "action": "lambda:InvokeFunction",
            "event_source_token": null,
            "function_name": "config-rule-changes-blue",
            "function_url_auth_type": null,
            "id": "AllowEventBridgeInvokeconfig",
            "principal": "events.amazonaws.com",
            "principal_org_id": null,
            "qualifier": "",
            "source_account": null,
            "source_arn": "arn:aws:events:eu-west-2:463470963000:rule/config-rule-changees",
            "statement_id": "AllowEventBridgeInvokeconfig",
            "statement_id_prefix": ""
          },
          "sensitive_attributes": [],
          "private": "bnVsbA==",
          "dependencies": [
            "module.compute.aws_lambda_alias.prod",
            "module.compute.aws_lambda_function.config_rules_blue",
            "module.compute.aws_security_group.alb",
            "module.compute.aws_security_group.lambda",
            "module.eks.aws_security_group.cluster",
            "module.monitoring.aws_cloudwatch_event_rule.config_rules",
            "module.monitoring.aws_cloudwatch_event_rule.macie_findings",
            "module.monitoring.aws_sns_topic.banking_alerts",
            "module.security.aws_iam_role.lambda",
            "module.vpcs.aws_subnet.public",
            "module.vpcs.aws_vpc.main"
          ]
        },
        {
          "index_key": "macie",
          "schema_version": 0,
          "attributes": {
            "action": "lambda:InvokeFunction",
            "event_source_token": null,
            "function_name": "config-rule-changes-blue",
            "function_url_auth_type": null,
            "id": "AllowEventBridgeInvokemacie",
            "principal": "events.amazonaws.com",
            "principal_org_id": null,
            "qualifier": "",
            "source_account": null,
            "source_arn": "arn:aws:events:eu-west-2:463470963000:rule/macie-findings-rule",
            "statement_id": "AllowEventBridgeInvokemacie",
            "statement_id_prefix": ""
          },
          "sensitive_attributes": [],
          "private": "bnVsbA==",
          "dependencies": [
            "module.compute.aws_lambda_alias.prod",
            "module.compute.aws_lambda_function.config_rules_blue",
            "module.compute.aws_security_group.alb",
            "module.compute.aws_security_group.lambda",
            "module.eks.aws_security_group.cluster",
            "module.monitoring.aws_cloudwatch_event_rule.config_rules",
            "module.monitoring.aws_cloudwatch_event_rule.macie_findings",
            "module.monitoring.aws_sns_topic.banking_alerts",
            "module.security.aws_iam_role.lambda",
            "module.vpcs.aws_subnet.public",
            "module.vpcs.aws_vpc.main"
          ]
        }
      ]
    },
    {
      "module": "module.compute",
      "mode": "managed",
      "type": "aws_launch_template",
      "name": "bastion",
      "provider": "provider[\"registry.terraform.io/hashicorp/aws\"]",
      "instances": [
        {
          "schema_version": 0,
          "attributes": {
            "arn": "arn:aws:ec2:eu-west-2:463470963000:launch-template/lt-05c50a53eb6e05768",
            "block_device_mappings": [],
            "capacity_reservation_specification": [],
            "cpu_options": [],
            "credit_specification": [],
            "default_version": 1,
            "description": "",
            "disable_api_stop": false,
            "disable_api_termination": false,
            "ebs_optimized": "",
            "elastic_gpu_specifications": [],
            "elastic_inference_accelerator": [],
            "enclave_options": [],
            "hibernation_options": [],
            "iam_instance_profile": [
              {
                "arn": "",
                "name": "bastion-profile"
              }
            ],
            "id": "lt-05c50a53eb6e05768",
            "image_id": "ami-0b07383b7463cad1a",
            "instance_initiated_shutdown_behavior": "",
            "instance_market_options": [],
            "instance_requirements": [],
            "instance_type": "t3.micro",
            "kernel_id": "",
            "key_name": "",
            "latest_version": 1,
            "license_specification": [],
            "maintenance_options": [],
            "metadata_options": [],
            "monitoring": [],
            "name": "bastion20250116170211314600000026",
            "name_prefix": "bastion",
            "network_interfaces": [
              {
                "associate_carrier_ip_address": "",
                "associate_public_ip_address": "true",
                "delete_on_termination": "",
                "description": "",
                "device_index": 0,
                "interface_type": "",
                "ipv4_address_count": 0,
                "ipv4_addresses": null,
                "ipv4_prefix_count": 0,
                "ipv4_prefixes": null,
                "ipv6_address_count": 0,
                "ipv6_addresses": null,
                "ipv6_prefix_count": 0,
                "ipv6_prefixes": null,
                "network_card_index": 0,
                "network_interface_id": "",
                "primary_ipv6": "",
                "private_ip_address": "",
                "security_groups": [
                  "sg-03c6ae78a4cb2a651"
                ],
                "subnet_id": ""
              }
            ],
            "placement": [],
            "private_dns_name_options": [],
            "ram_disk_id": "",
            "security_group_names": null,
            "tag_specifications": [],
            "tags": null,
            "tags_all": {},
            "update_default_version": null,
            "user_data": "IyEvYmluL2Jhc2gKeXVtIGluc3RhbGwgLXkgcG9zdGdyZXNxbC1jbGllbnQgbXlzcWwtY2xpZW50Cnl1bSB1cGRhdGUgLXkK",
            "vpc_security_group_ids": null
          },
          "sensitive_attributes": [],
          "private": "bnVsbA==",
          "dependencies": [
            "module.compute.aws_iam_instance_profile.bastion",
            "module.compute.aws_security_group.bastion",
            "module.compute.data.aws_ami.amazon_linux_2",
            "module.security.aws_iam_role.bastion",
            "module.vpcs.aws_vpc.main"
          ]
        }
      ]
    },
    {
      "module": "module.compute",
      "mode": "managed",
      "type": "aws_lb_target_group",
      "name": "account_service",
      "provider": "provider[\"registry.terraform.io/hashicorp/aws\"]",
      "instances": [
        {
          "schema_version": 0,
          "attributes": {
            "arn": "arn:aws:elasticloadbalancing:eu-west-2:463470963000:targetgroup/account-service-tg/32aecca1f9371a42",
            "arn_suffix": "targetgroup/account-service-tg/32aecca1f9371a42",
            "connection_termination": null,
            "deregistration_delay": "300",
            "health_check": [
              {
                "enabled": true,
                "healthy_threshold": 2,
                "interval": 15,
                "matcher": "200",
                "path": "/health",
                "port": "traffic-port",
                "protocol": "HTTP",
                "timeout": 5,
                "unhealthy_threshold": 2
              }
            ],
            "id": "arn:aws:elasticloadbalancing:eu-west-2:463470963000:targetgroup/account-service-tg/32aecca1f9371a42",
            "ip_address_type": "ipv4",
            "lambda_multi_value_headers_enabled": false,
            "load_balancer_arns": [],
            "load_balancing_algorithm_type": "round_robin",
            "load_balancing_anomaly_mitigation": "off",
            "load_balancing_cross_zone_enabled": "use_load_balancer_configuration",
            "name": "account-service-tg",
            "name_prefix": "",
            "port": 80,
            "preserve_client_ip": null,
            "protocol": "HTTP",
            "protocol_version": "HTTP1",
            "proxy_protocol_v2": false,
            "slow_start": 0,
            "stickiness": [
              {
                "cookie_duration": 86400,
                "cookie_name": "",
                "enabled": false,
                "type": "lb_cookie"
              }
            ],
            "tags": null,
            "tags_all": {},
            "target_failover": [
              {
                "on_deregistration": null,
                "on_unhealthy": null
              }
            ],
            "target_group_health": [
              {
                "dns_failover": [
                  {
                    "minimum_healthy_targets_count": "1",
                    "minimum_healthy_targets_percentage": "off"
                  }
                ],
                "unhealthy_state_routing": [
                  {
                    "minimum_healthy_targets_count": 1,
                    "minimum_healthy_targets_percentage": "off"
                  }
                ]
              }
            ],
            "target_health_state": [
              {
                "enable_unhealthy_connection_termination": null,
                "unhealthy_draining_interval": null
              }
            ],
            "target_type": "ip",
            "vpc_id": "vpc-0761bef65cc2a8335"
          },
          "sensitive_attributes": [],
          "private": "bnVsbA==",
          "dependencies": [
            "module.vpcs.aws_vpc.main"
          ]
        }
      ]
    },
    {
      "module": "module.compute",
      "mode": "managed",
      "type": "aws_lb_target_group",
      "name": "auth_service",
      "provider": "provider[\"registry.terraform.io/hashicorp/aws\"]",
      "instances": [
        {
          "schema_version": 0,
          "attributes": {
            "arn": "arn:aws:elasticloadbalancing:eu-west-2:463470963000:targetgroup/auth-service-tg/64e13f2122c37b4d",
            "arn_suffix": "targetgroup/auth-service-tg/64e13f2122c37b4d",
            "connection_termination": null,
            "deregistration_delay": "300",
            "health_check": [
              {
                "enabled": true,
                "healthy_threshold": 2,
                "interval": 15,
                "matcher": "200",
                "path": "/health",
                "port": "traffic-port",
                "protocol": "HTTP",
                "timeout": 5,
                "unhealthy_threshold": 2
              }
            ],
            "id": "arn:aws:elasticloadbalancing:eu-west-2:463470963000:targetgroup/auth-service-tg/64e13f2122c37b4d",
            "ip_address_type": "ipv4",
            "lambda_multi_value_headers_enabled": false,
            "load_balancer_arns": [],
            "load_balancing_algorithm_type": "round_robin",
            "load_balancing_anomaly_mitigation": "off",
            "load_balancing_cross_zone_enabled": "use_load_balancer_configuration",
            "name": "auth-service-tg",
            "name_prefix": "",
            "port": 80,
            "preserve_client_ip": null,
            "protocol": "HTTP",
            "protocol_version": "HTTP1",
            "proxy_protocol_v2": false,
            "slow_start": 0,
            "stickiness": [
              {
                "cookie_duration": 86400,
                "cookie_name": "",
                "enabled": false,
                "type": "lb_cookie"
              }
            ],
            "tags": null,
            "tags_all": {},
            "target_failover": [
              {
                "on_deregistration": null,
                "on_unhealthy": null
              }
            ],
            "target_group_health": [
              {
                "dns_failover": [
                  {
                    "minimum_healthy_targets_count": "1",
                    "minimum_healthy_targets_percentage": "off"
                  }
                ],
                "unhealthy_state_routing": [
                  {
                    "minimum_healthy_targets_count": 1,
                    "minimum_healthy_targets_percentage": "off"
                  }
                ]
              }
            ],
            "target_health_state": [
              {
                "enable_unhealthy_connection_termination": null,
                "unhealthy_draining_interval": null
              }
            ],
            "target_type": "ip",
            "vpc_id": "vpc-0761bef65cc2a8335"
          },
          "sensitive_attributes": [],
          "private": "bnVsbA==",
          "dependencies": [
            "module.vpcs.aws_vpc.main"
          ]
        }
      ]
    },
    {
      "module": "module.compute",
      "mode": "managed",
      "type": "aws_lb_target_group",
      "name": "bastion",
      "provider": "provider[\"registry.terraform.io/hashicorp/aws\"]",
      "instances": [
        {
          "schema_version": 0,
          "attributes": {
            "arn": "arn:aws:elasticloadbalancing:eu-west-2:463470963000:targetgroup/bastion-tg/39dd3c01d70f0fee",
            "arn_suffix": "targetgroup/bastion-tg/39dd3c01d70f0fee",
            "connection_termination": false,
            "deregistration_delay": "300",
            "health_check": [
              {
                "enabled": true,
                "healthy_threshold": 5,
                "interval": 30,
                "matcher": "",
                "path": "",
                "port": "traffic-port",
                "protocol": "TCP",
                "timeout": 10,
                "unhealthy_threshold": 2
              }
            ],
            "id": "arn:aws:elasticloadbalancing:eu-west-2:463470963000:targetgroup/bastion-tg/39dd3c01d70f0fee",
            "ip_address_type": "ipv4",
            "lambda_multi_value_headers_enabled": false,
            "load_balancer_arns": [],
            "load_balancing_algorithm_type": null,
            "load_balancing_anomaly_mitigation": null,
            "load_balancing_cross_zone_enabled": "use_load_balancer_configuration",
            "name": "bastion-tg",
            "name_prefix": "",
            "port": 22,
            "preserve_client_ip": "true",
            "protocol": "TCP",
            "protocol_version": null,
            "proxy_protocol_v2": false,
            "slow_start": 0,
            "stickiness": [
              {
                "cookie_duration": 0,
                "cookie_name": "",
                "enabled": false,
                "type": "source_ip"
              }
            ],
            "tags": null,
            "tags_all": {},
            "target_failover": [
              {
                "on_deregistration": null,
                "on_unhealthy": null
              }
            ],
            "target_group_health": [
              {
                "dns_failover": [
                  {
                    "minimum_healthy_targets_count": "1",
                    "minimum_healthy_targets_percentage": "off"
                  }
                ],
                "unhealthy_state_routing": [
                  {
                    "minimum_healthy_targets_count": 1,
                    "minimum_healthy_targets_percentage": "off"
                  }
                ]
              }
            ],
            "target_health_state": [
              {
                "enable_unhealthy_connection_termination": true,
                "unhealthy_draining_interval": 0
              }
            ],
            "target_type": "instance",
            "vpc_id": "vpc-0de9e1300615f699e"
          },
          "sensitive_attributes": [],
          "private": "bnVsbA==",
          "dependencies": [
            "module.vpcs.aws_vpc.main"
          ]
        }
      ]
    },
    {
      "module": "module.compute",
      "mode": "managed",
      "type": "aws_lb_target_group",
      "name": "transaction_service",
      "provider": "provider[\"registry.terraform.io/hashicorp/aws\"]",
      "instances": [
        {
          "schema_version": 0,
          "attributes": {
            "arn": "arn:aws:elasticloadbalancing:eu-west-2:463470963000:targetgroup/transaction-service-tg/8924ec8d1f06549f",
            "arn_suffix": "targetgroup/transaction-service-tg/8924ec8d1f06549f",
            "connection_termination": null,
            "deregistration_delay": "300",
            "health_check": [
              {
                "enabled": true,
                "healthy_threshold": 2,
                "interval": 15,
                "matcher": "200",
                "path": "/health",
                "port": "traffic-port",
                "protocol": "HTTP",
                "timeout": 5,
                "unhealthy_threshold": 2
              }
            ],
            "id": "arn:aws:elasticloadbalancing:eu-west-2:463470963000:targetgroup/transaction-service-tg/8924ec8d1f06549f",
            "ip_address_type": "ipv4",
            "lambda_multi_value_headers_enabled": false,
            "load_balancer_arns": [],
            "load_balancing_algorithm_type": "round_robin",
            "load_balancing_anomaly_mitigation": "off",
            "load_balancing_cross_zone_enabled": "use_load_balancer_configuration",
            "name": "transaction-service-tg",
            "name_prefix": "",
            "port": 80,
            "preserve_client_ip": null,
            "protocol": "HTTP",
            "protocol_version": "HTTP1",
            "proxy_protocol_v2": false,
            "slow_start": 0,
            "stickiness": [
              {
                "cookie_duration": 86400,
                "cookie_name": "",
                "enabled": false,
                "type": "lb_cookie"
              }
            ],
            "tags": null,
            "tags_all": {},
            "target_failover": [
              {
                "on_deregistration": null,
                "on_unhealthy": null
              }
            ],
            "target_group_health": [
              {
                "dns_failover": [
                  {
                    "minimum_healthy_targets_count": "1",
                    "minimum_healthy_targets_percentage": "off"
                  }
                ],
                "unhealthy_state_routing": [
                  {
                    "minimum_healthy_targets_count": 1,
                    "minimum_healthy_targets_percentage": "off"
                  }
                ]
              }
            ],
            "target_health_state": [
              {
                "enable_unhealthy_connection_termination": null,
                "unhealthy_draining_interval": null
              }
            ],
            "target_type": "ip",
            "vpc_id": "vpc-0761bef65cc2a8335"
          },
          "sensitive_attributes": [],
          "private": "bnVsbA==",
          "dependencies": [
            "module.vpcs.aws_vpc.main"
          ]
        }
      ]
    },
    {
      "module": "module.compute",
      "mode": "managed",
      "type": "aws_security_group",
      "name": "alb",
      "provider": "provider[\"registry.terraform.io/hashicorp/aws\"]",
      "instances": [
        {
          "schema_version": 1,
          "attributes": {
            "arn": "arn:aws:ec2:eu-west-2:463470963000:security-group/sg-07966fcaac4382f6e",
            "description": "Security Group for Banking ALB",
            "egress": [
              {
                "cidr_blocks": [
                  "0.0.0.0/0"
                ],
                "description": "",
                "from_port": 0,
                "ipv6_cidr_blocks": [],
                "prefix_list_ids": [],
                "protocol": "-1",
                "security_groups": [],
                "self": false,
                "to_port": 0
              }
            ],
            "id": "sg-07966fcaac4382f6e",
            "ingress": [
              {
                "cidr_blocks": [
                  "0.0.0.0/0"
                ],
                "description": "HTTP from anywhere (redirect)",
                "from_port": 80,
                "ipv6_cidr_blocks": [],
                "prefix_list_ids": [],
                "protocol": "tcp",
                "security_groups": [],
                "self": false,
                "to_port": 80
              },
              {
                "cidr_blocks": [
                  "0.0.0.0/0"
                ],
                "description": "HTTPS from anywhere",
                "from_port": 443,
                "ipv6_cidr_blocks": [],
                "prefix_list_ids": [],
                "protocol": "tcp",
                "security_groups": [],
                "self": false,
                "to_port": 443
              }
            ],
            "name": "banking-alb-sg",
            "name_prefix": "",
            "owner_id": "463470963000",
            "revoke_rules_on_delete": false,
            "tags": null,
            "tags_all": {},
            "timeouts": null,
            "vpc_id": "vpc-0761bef65cc2a8335"
          },
          "sensitive_attributes": [],
          "private": "eyJlMmJmYjczMC1lY2FhLTExZTYtOGY4OC0zNDM2M2JjN2M0YzAiOnsiY3JlYXRlIjo2MDAwMDAwMDAwMDAsImRlbGV0ZSI6OTAwMDAwMDAwMDAwfSwic2NoZW1hX3ZlcnNpb24iOiIxIn0=",
          "dependencies": [
            "module.vpcs.aws_vpc.main"
          ]
        }
      ]
    },
    {
      "module": "module.compute",
      "mode": "managed",
      "type": "aws_security_group",
      "name": "bastion",
      "provider": "provider[\"registry.terraform.io/hashicorp/aws\"]",
      "instances": [
        {
          "schema_version": 1,
          "attributes": {
            "arn": "arn:aws:ec2:eu-west-2:463470963000:security-group/sg-03c6ae78a4cb2a651",
            "description": "Managed by Terraform",
            "egress": [],
            "id": "sg-03c6ae78a4cb2a651",
            "ingress": [
              {
                "cidr_blocks": [
                  "10.255.0.0/16"
                ],
                "description": "",
                "from_port": 22,
                "ipv6_cidr_blocks": [],
                "prefix_list_ids": [],
                "protocol": "tcp",
                "security_groups": [],
                "self": false,
                "to_port": 22
              }
            ],
            "name": "bastion-sg",
            "name_prefix": "",
            "owner_id": "463470963000",
            "revoke_rules_on_delete": false,
            "tags": null,
            "tags_all": {},
            "timeouts": null,
            "vpc_id": "vpc-0de9e1300615f699e"
          },
          "sensitive_attributes": [],
          "private": "eyJlMmJmYjczMC1lY2FhLTExZTYtOGY4OC0zNDM2M2JjN2M0YzAiOnsiY3JlYXRlIjo2MDAwMDAwMDAwMDAsImRlbGV0ZSI6OTAwMDAwMDAwMDAwfSwic2NoZW1hX3ZlcnNpb24iOiIxIn0=",
          "dependencies": [
            "module.vpcs.aws_vpc.main"
          ]
        }
      ]
    },
    {
      "module": "module.compute",
      "mode": "managed",
      "type": "aws_security_group",
      "name": "lambda",
      "provider": "provider[\"registry.terraform.io/hashicorp/aws\"]",
      "instances": [
        {
          "schema_version": 1,
          "attributes": {
            "arn": "arn:aws:ec2:eu-west-2:463470963000:security-group/sg-078d0872186e64f43",
            "description": "Security Group for Fraud Detection Lambda",
            "egress": [
              {
                "cidr_blocks": [
                  "0.0.0.0/0"
                ],
                "description": "",
                "from_port": 0,
                "ipv6_cidr_blocks": [],
                "prefix_list_ids": [],
                "protocol": "-1",
                "security_groups": [],
                "self": false,
                "to_port": 0
              }
            ],
            "id": "sg-078d0872186e64f43",
            "ingress": [],
            "name": "lambda-sg",
            "name_prefix": "",
            "owner_id": "463470963000",
            "revoke_rules_on_delete": false,
            "tags": {
              "Environment": "Dev",
              "Name": "Lambda Security Group",
              "Project": "Global Bank Migration",
              "Terraform": "true"
            },
            "tags_all": {
              "Environment": "Dev",
              "Name": "Lambda Security Group",
              "Project": "Global Bank Migration",
              "Terraform": "true"
            },
            "timeouts": null,
            "vpc_id": "vpc-0761bef65cc2a8335"
          },
          "sensitive_attributes": [],
          "private": "eyJlMmJmYjczMC1lY2FhLTExZTYtOGY4OC0zNDM2M2JjN2M0YzAiOnsiY3JlYXRlIjo2MDAwMDAwMDAwMDAsImRlbGV0ZSI6OTAwMDAwMDAwMDAwfSwic2NoZW1hX3ZlcnNpb24iOiIxIn0=",
          "dependencies": [
            "module.vpcs.aws_vpc.main"
          ],
          "create_before_destroy": true
        }
      ]
    },
    {
      "module": "module.database",
      "mode": "managed",
      "type": "aws_backup_plan",
      "name": "cross_region",
      "provider": "provider[\"registry.terraform.io/hashicorp/aws\"]",
      "instances": [
        {
          "schema_version": 0,
          "attributes": {
            "advanced_backup_setting": [
              {
                "backup_options": {
                  "WindowsVSS": "enabled"
                },
                "resource_type": "EC2"
              }
            ],
            "arn": "arn:aws:backup:eu-west-2:463470963000:backup-plan:a206aa2e-0c1f-45b2-9f44-403e0fcff4ae",
            "id": "a206aa2e-0c1f-45b2-9f44-403e0fcff4ae",
            "name": "banking-backup-plan-cross-region",
            "rule": [
              {
                "completion_window": 180,
                "copy_action": [
                  {
                    "destination_vault_arn": "arn:aws:backup:eu-west-2:463470963000:backup-vault:banking-backup-vault-dr",
                    "lifecycle": [
                      {
                        "cold_storage_after": 0,
                        "delete_after": 90,
                        "opt_in_to_archive_for_supported_resources": false
                      }
                    ]
                  }
                ],
                "enable_continuous_backup": false,
                "lifecycle": [
                  {
                    "cold_storage_after": 0,
                    "delete_after": 90,
                    "opt_in_to_archive_for_supported_resources": false
                  }
                ],
                "recovery_point_tags": {},
                "rule_name": "daily_backup_with_replication",
                "schedule": "cron(0 5 ? * * *)",
                "start_window": 60,
                "target_vault_name": "banking-backup-vault-primary"
              },
              {
                "completion_window": 180,
                "copy_action": [],
                "enable_continuous_backup": false,
                "lifecycle": [
                  {
                    "cold_storage_after": 0,
                    "delete_after": 365,
                    "opt_in_to_archive_for_supported_resources": false
                  }
                ],
                "recovery_point_tags": {},
                "rule_name": "weekly_backup",
                "schedule": "cron(0 5 ? * 1 *)",
                "start_window": 60,
                "target_vault_name": "banking-backup-vault-primary"
              }
            ],
            "tags": null,
            "tags_all": {},
            "version": "YjNiMzc0MjItYzdkYS00YTY2LWExZmItOTU0NDk1YWQ2YjJk"
          },
          "sensitive_attributes": [],
          "private": "bnVsbA==",
          "dependencies": [
            "module.database.aws_backup_vault.primary",
            "module.database.aws_backup_vault.secondary",
            "module.security.aws_iam_role.github_actions",
            "module.security.aws_kms_key.database",
            "module.security.data.aws_caller_identity.current",
            "module.security.data.aws_iam_policy_document.database_key_policy"
          ]
        }
      ]
    },
    {
      "module": "module.database",
      "mode": "managed",
      "type": "aws_backup_vault",
      "name": "primary",
      "provider": "provider[\"registry.terraform.io/hashicorp/aws\"]",
      "instances": [
        {
          "schema_version": 0,
          "attributes": {
            "arn": "arn:aws:backup:eu-west-2:463470963000:backup-vault:banking-backup-vault-primary",
            "force_destroy": false,
            "id": "banking-backup-vault-primary",
            "kms_key_arn": "arn:aws:kms:eu-west-2:463470963000:key/a8dc691e-6da9-4d60-b909-ea9b4903f9c2",
            "name": "banking-backup-vault-primary",
            "recovery_points": 0,
            "tags": {
              "Environment": "Dev",
              "Project": "Global Bank Migration",
              "Service": "Backup Primary",
              "Terraform": "true"
            },
            "tags_all": {
              "Environment": "Dev",
              "Project": "Global Bank Migration",
              "Service": "Backup Primary",
              "Terraform": "true"
            },
            "timeouts": null
          },
          "sensitive_attributes": [],
          "private": "eyJlMmJmYjczMC1lY2FhLTExZTYtOGY4OC0zNDM2M2JjN2M0YzAiOnsiZGVsZXRlIjo2MDAwMDAwMDAwMDB9fQ==",
          "dependencies": [
            "module.security.aws_iam_role.github_actions",
            "module.security.aws_kms_key.database",
            "module.security.data.aws_caller_identity.current",
            "module.security.data.aws_iam_policy_document.database_key_policy"
          ]
        }
      ]
    },
    {
      "module": "module.database",
      "mode": "managed",
      "type": "aws_backup_vault",
      "name": "secondary",
      "provider": "provider[\"registry.terraform.io/hashicorp/aws\"]",
      "instances": [
        {
          "schema_version": 0,
          "attributes": {
            "arn": "arn:aws:backup:eu-west-2:463470963000:backup-vault:banking-backup-vault-dr",
            "force_destroy": false,
            "id": "banking-backup-vault-dr",
            "kms_key_arn": "arn:aws:kms:eu-west-2:463470963000:key/a8dc691e-6da9-4d60-b909-ea9b4903f9c2",
            "name": "banking-backup-vault-dr",
            "recovery_points": 0,
            "tags": {
              "Environment": "Dev",
              "Project": "Global Bank Migration",
              "Service": "Backup DR",
              "Terraform": "true"
            },
            "tags_all": {
              "Environment": "Dev",
              "Project": "Global Bank Migration",
              "Service": "Backup DR",
              "Terraform": "true"
            },
            "timeouts": null
          },
          "sensitive_attributes": [],
          "private": "eyJlMmJmYjczMC1lY2FhLTExZTYtOGY4OC0zNDM2M2JjN2M0YzAiOnsiZGVsZXRlIjo2MDAwMDAwMDAwMDB9fQ==",
          "dependencies": [
            "module.security.aws_iam_role.github_actions",
            "module.security.aws_kms_key.database",
            "module.security.data.aws_caller_identity.current",
            "module.security.data.aws_iam_policy_document.database_key_policy"
          ]
        }
      ]
    },
    {
      "module": "module.database",
      "mode": "managed",
      "type": "aws_db_subnet_group",
      "name": "aurora_subnet",
      "provider": "provider[\"registry.terraform.io/hashicorp/aws\"]",
      "instances": [
        {
          "schema_version": 0,
          "attributes": {
            "arn": "arn:aws:rds:eu-west-2:463470963000:subgrp:bank-aurora-subnet-group",
            "description": "Managed by Terraform",
            "id": "bank-aurora-subnet-group",
            "name": "bank-aurora-subnet-group",
            "name_prefix": "",
            "subnet_ids": [
              "subnet-04424fb7bef4428b3",
              "subnet-0592ffc3b3fd71ce2"
            ],
            "supported_network_types": [
              "IPV4"
            ],
            "tags": {
              "Environment": "Dev",
              "Name": "Aurora Subnet Group",
              "Project": "Global Bank Migration",
              "Terraform": "true"
            },
            "tags_all": {
              "Environment": "Dev",
              "Name": "Aurora Subnet Group",
              "Project": "Global Bank Migration",
              "Terraform": "true"
            },
            "vpc_id": "vpc-0984e356fe7b3dad1"
          },
          "sensitive_attributes": [],
          "private": "bnVsbA==",
          "dependencies": [
            "module.vpcs.aws_subnet.private",
            "module.vpcs.aws_vpc.main"
          ]
        }
      ]
    },
    {
      "module": "module.database",
      "mode": "managed",
      "type": "aws_dynamodb_table",
      "name": "banking",
      "provider": "provider[\"registry.terraform.io/hashicorp/aws\"]",
      "instances": [
        {
          "status": "tainted",
          "schema_version": 1,
          "attributes": {
            "arn": null,
            "attribute": [
              {
                "name": "pk",
                "type": "S"
              },
              {
                "name": "session_id",
                "type": "S"
              },
              {
                "name": "sk",
                "type": "S"
              },
              {
                "name": "timestamp",
                "type": "N"
              },
              {
                "name": "transaction_id",
                "type": "S"
              },
              {
                "name": "user_id",
                "type": "S"
              }
            ],
            "billing_mode": "PAY_PER_REQUEST",
            "deletion_protection_enabled": null,
            "global_secondary_index": [
              {
                "hash_key": "session_id",
                "name": "session_id_index",
                "non_key_attributes": [],
                "projection_type": "ALL",
                "range_key": "",
                "read_capacity": null,
                "write_capacity": null
              },
              {
                "hash_key": "timestamp",
                "name": "timestamp_index",
                "non_key_attributes": [],
                "projection_type": "ALL",
                "range_key": "",
                "read_capacity": null,
                "write_capacity": null
              },
              {
                "hash_key": "transaction_id",
                "name": "transaction_id_index",
                "non_key_attributes": [],
                "projection_type": "ALL",
                "range_key": "",
                "read_capacity": null,
                "write_capacity": null
              },
              {
                "hash_key": "user_id",
                "name": "user_id_index",
                "non_key_attributes": [],
                "projection_type": "ALL",
                "range_key": "",
                "read_capacity": null,
                "write_capacity": null
              }
            ],
            "hash_key": "pk",
            "id": "banking-global-table-talha",
            "import_table": [],
            "local_secondary_index": [],
            "name": "banking-global-table-talha",
            "point_in_time_recovery": null,
            "range_key": "sk",
            "read_capacity": null,
            "replica": [
              {
                "arn": "",
                "kms_key_arn": "arn:aws:kms:eu-west-2:463470963000:key/a8dc691e-6da9-4d60-b909-ea9b4903f9c2",
                "point_in_time_recovery": false,
                "propagate_tags": false,
                "region_name": "eu-west-1",
                "stream_arn": "",
                "stream_label": ""
              },
              {
                "arn": "",
                "kms_key_arn": "arn:aws:kms:eu-west-2:463470963000:key/a8dc691e-6da9-4d60-b909-ea9b4903f9c2",
                "point_in_time_recovery": false,
                "propagate_tags": false,
                "region_name": "eu-west-2",
                "stream_arn": "",
                "stream_label": ""
              }
            ],
            "restore_date_time": null,
            "restore_source_name": null,
            "restore_source_table_arn": null,
            "restore_to_latest_time": null,
            "server_side_encryption": [
              {
                "enabled": true,
                "kms_key_arn": "arn:aws:kms:eu-west-2:463470963000:key/a8dc691e-6da9-4d60-b909-ea9b4903f9c2"
              }
            ],
            "stream_arn": null,
            "stream_enabled": true,
            "stream_label": null,
            "stream_view_type": "NEW_AND_OLD_IMAGES",
            "table_class": null,
            "tags": {
              "Environment": "Dev",
              "Name": "DynamoDB Global Tables",
              "Project": "Global Bank Migration",
              "Terraform": "true"
            },
            "tags_all": {
              "Environment": "Dev",
              "Name": "DynamoDB Global Tables",
              "Project": "Global Bank Migration",
              "Terraform": "true"
            },
            "timeouts": null,
            "ttl": null,
            "write_capacity": null
          },
          "sensitive_attributes": [],
          "private": "eyJlMmJmYjczMC1lY2FhLTExZTYtOGY4OC0zNDM2M2JjN2M0YzAiOnsiY3JlYXRlIjoxODAwMDAwMDAwMDAwLCJkZWxldGUiOjYwMDAwMDAwMDAwMCwidXBkYXRlIjozNjAwMDAwMDAwMDAwfSwic2NoZW1hX3ZlcnNpb24iOiIxIn0=",
          "dependencies": [
            "module.security.aws_iam_role.github_actions",
            "module.security.aws_kms_key.database",
            "module.security.data.aws_caller_identity.current",
            "module.security.data.aws_iam_policy_document.database_key_policy"
          ],
          "create_before_destroy": true
        }
      ]
    },
    {
      "module": "module.database",
      "mode": "managed",
      "type": "aws_elasticache_global_replication_group",
      "name": "global",
      "provider": "provider[\"registry.terraform.io/hashicorp/aws\"]",
      "instances": [
        {
          "schema_version": 0,
          "attributes": {
            "arn": "arn:aws:elasticache::463470963000:globalreplicationgroup:okuqm-global-banking",
            "at_rest_encryption_enabled": true,
            "auth_token_enabled": false,
            "automatic_failover_enabled": true,
            "cache_node_type": "cache.r6g.xlarge",
            "cluster_enabled": false,
            "engine": "redis",
            "engine_version": "7.1",
            "engine_version_actual": "7.1.0",
            "global_node_groups": [],
            "global_replication_group_description": " ",
            "global_replication_group_id": "okuqm-global-banking",
            "global_replication_group_id_suffix": "global-banking",
            "id": "okuqm-global-banking",
            "num_node_groups": 0,
            "parameter_group_name": null,
            "primary_replication_group_id": "redis-global-banking-primary",
            "timeouts": null,
            "transit_encryption_enabled": true
          },
          "sensitive_attributes": [],
          "private": "eyJlMmJmYjczMC1lY2FhLTExZTYtOGY4OC0zNDM2M2JjN2M0YzAiOnsiY3JlYXRlIjozNjAwMDAwMDAwMDAwLCJkZWxldGUiOjEyMDAwMDAwMDAwMDAsInVwZGF0ZSI6MzYwMDAwMDAwMDAwMH19",
          "dependencies": [
            "module.database.aws_elasticache_parameter_group.redis",
            "module.database.aws_elasticache_replication_group.primary",
            "module.database.aws_elasticache_subnet_group.redis",
            "module.database.aws_security_group.redis",
            "module.security.aws_iam_role.github_actions",
            "module.security.aws_kms_key.database",
            "module.security.data.aws_caller_identity.current",
            "module.security.data.aws_iam_policy_document.database_key_policy",
            "module.vpcs.aws_subnet.private",
            "module.vpcs.aws_vpc.main"
          ]
        }
      ]
    },
    {
      "module": "module.database",
      "mode": "managed",
      "type": "aws_elasticache_parameter_group",
      "name": "redis",
      "provider": "provider[\"registry.terraform.io/hashicorp/aws\"]",
      "instances": [
        {
          "schema_version": 0,
          "attributes": {
            "arn": "arn:aws:elasticache:eu-west-2:463470963000:parametergroup:redis-parameter-group",
            "description": "Redis Parameter Group for Global Banking",
            "family": "redis7",
            "id": "redis-parameter-group",
            "name": "redis-parameter-group",
            "parameter": [
              {
                "name": "maxmemory-policy",
                "value": "volatile-lru"
              },
              {
                "name": "notify-keyspace-events",
                "value": "AKE"
              }
            ],
            "tags": null,
            "tags_all": {}
          },
          "sensitive_attributes": [],
          "private": "bnVsbA=="
        }
      ]
    },
    {
      "module": "module.database",
      "mode": "managed",
      "type": "aws_elasticache_replication_group",
      "name": "primary",
      "provider": "provider[\"registry.terraform.io/hashicorp/aws\"]",
      "instances": [
        {
          "schema_version": 2,
          "attributes": {
            "apply_immediately": null,
            "arn": "arn:aws:elasticache:eu-west-2:463470963000:replicationgroup:redis-global-banking-primary",
            "at_rest_encryption_enabled": true,
            "auth_token": "",
            "auth_token_update_strategy": "ROTATE",
            "auto_minor_version_upgrade": "true",
            "automatic_failover_enabled": true,
            "cluster_enabled": false,
            "cluster_mode": "disabled",
            "configuration_endpoint_address": null,
            "data_tiering_enabled": false,
            "description": "Redis Primary Replication Group for Global Banking",
            "engine": "redis",
            "engine_version": "7.1",
            "engine_version_actual": "7.1.0",
            "final_snapshot_identifier": null,
            "global_replication_group_id": null,
            "id": "redis-global-banking-primary",
            "ip_discovery": "ipv4",
            "kms_key_id": "arn:aws:kms:eu-west-2:463470963000:key/a8dc691e-6da9-4d60-b909-ea9b4903f9c2",
            "log_delivery_configuration": [],
            "maintenance_window": "mon:05:00-mon:09:00",
            "member_clusters": [
              "redis-global-banking-primary-001",
              "redis-global-banking-primary-002",
              "redis-global-banking-primary-003"
            ],
            "multi_az_enabled": true,
            "network_type": "ipv4",
            "node_type": "cache.r6g.xlarge",
            "notification_topic_arn": null,
            "num_cache_clusters": 3,
            "num_node_groups": 1,
            "parameter_group_name": "redis-parameter-group",
            "port": 6379,
            "preferred_cache_cluster_azs": null,
            "primary_endpoint_address": "master.redis-global-banking-primary.pmwpkk.euw2.cache.amazonaws.com",
            "reader_endpoint_address": "replica.redis-global-banking-primary.pmwpkk.euw2.cache.amazonaws.com",
            "replicas_per_node_group": 2,
            "replication_group_id": "redis-global-banking-primary",
            "security_group_ids": [
              "sg-0475110d1b26f2574"
            ],
            "security_group_names": [],
            "snapshot_arns": null,
            "snapshot_name": null,
            "snapshot_retention_limit": 7,
            "snapshot_window": "00:00-05:00",
            "subnet_group_name": "redis-subnet-group",
            "tags": {
              "Environment": "Dev",
              "Name": "Redis Primary Replication Group",
              "Project": "Global Bank Migration",
              "Terraform": "true"
            },
            "tags_all": {
              "Environment": "Dev",
              "Name": "Redis Primary Replication Group",
              "Project": "Global Bank Migration",
              "Terraform": "true"
            },
            "timeouts": null,
            "transit_encryption_enabled": true,
            "transit_encryption_mode": "required",
            "user_group_ids": null
          },
          "sensitive_attributes": [
            [
              {
                "type": "get_attr",
                "value": "auth_token"
              }
            ]
          ],
          "private": "eyJlMmJmYjczMC1lY2FhLTExZTYtOGY4OC0zNDM2M2JjN2M0YzAiOnsiY3JlYXRlIjozNjAwMDAwMDAwMDAwLCJkZWxldGUiOjI3MDAwMDAwMDAwMDAsInVwZGF0ZSI6MjQwMDAwMDAwMDAwMH0sInNjaGVtYV92ZXJzaW9uIjoiMiJ9",
          "dependencies": [
            "module.database.aws_elasticache_parameter_group.redis",
            "module.database.aws_elasticache_subnet_group.redis",
            "module.database.aws_security_group.redis",
            "module.security.aws_iam_role.github_actions",
            "module.security.aws_kms_key.database",
            "module.security.data.aws_caller_identity.current",
            "module.security.data.aws_iam_policy_document.database_key_policy",
            "module.vpcs.aws_subnet.private",
            "module.vpcs.aws_vpc.main"
          ]
        }
      ]
    },
    {
      "module": "module.database",
      "mode": "managed",
      "type": "aws_elasticache_replication_group",
      "name": "secondary",
      "provider": "provider[\"registry.terraform.io/hashicorp/aws\"]",
      "instances": [
        {
          "schema_version": 2,
          "attributes": {
            "apply_immediately": null,
            "arn": "arn:aws:elasticache:eu-west-2:463470963000:replicationgroup:redis-global-banking-secondary",
            "at_rest_encryption_enabled": true,
            "auth_token": "",
            "auth_token_update_strategy": "ROTATE",
            "auto_minor_version_upgrade": "true",
            "automatic_failover_enabled": true,
            "cluster_enabled": false,
            "cluster_mode": "disabled",
            "configuration_endpoint_address": null,
            "data_tiering_enabled": false,
            "description": "Redis Secondary Replication Group for Global Banking",
            "engine": "redis",
            "engine_version": "7.0",
            "engine_version_actual": "7.0.7",
            "final_snapshot_identifier": null,
            "global_replication_group_id": null,
            "id": "redis-global-banking-secondary",
            "ip_discovery": "ipv4",
            "kms_key_id": "arn:aws:kms:eu-west-2:463470963000:key/a8dc691e-6da9-4d60-b909-ea9b4903f9c2",
            "log_delivery_configuration": [],
            "maintenance_window": "mon:05:00-mon:09:00",
            "member_clusters": [
              "redis-global-banking-secondary-001",
              "redis-global-banking-secondary-002",
              "redis-global-banking-secondary-003"
            ],
            "multi_az_enabled": true,
            "network_type": "ipv4",
            "node_type": "cache.r6g.xlarge",
            "notification_topic_arn": null,
            "num_cache_clusters": 3,
            "num_node_groups": 1,
            "parameter_group_name": "redis-parameter-group",
            "port": 6379,
            "preferred_cache_cluster_azs": null,
            "primary_endpoint_address": "master.redis-global-banking-secondary.pmwpkk.euw2.cache.amazonaws.com",
            "reader_endpoint_address": "replica.redis-global-banking-secondary.pmwpkk.euw2.cache.amazonaws.com",
            "replicas_per_node_group": 2,
            "replication_group_id": "redis-global-banking-secondary",
            "security_group_ids": [
              "sg-0475110d1b26f2574"
            ],
            "security_group_names": [],
            "snapshot_arns": null,
            "snapshot_name": null,
            "snapshot_retention_limit": 7,
            "snapshot_window": "00:00-05:00",
            "subnet_group_name": "redis-subnet-group",
            "tags": {
              "Environment": "Dev",
              "Name": "Redis Secondary Replication Group",
              "Project": "Global Bank Migration",
              "Terraform": "true"
            },
            "tags_all": {
              "Environment": "Dev",
              "Name": "Redis Secondary Replication Group",
              "Project": "Global Bank Migration",
              "Terraform": "true"
            },
            "timeouts": null,
            "transit_encryption_enabled": true,
            "transit_encryption_mode": "required",
            "user_group_ids": null
          },
          "sensitive_attributes": [
            [
              {
                "type": "get_attr",
                "value": "auth_token"
              }
            ]
          ],
          "private": "eyJlMmJmYjczMC1lY2FhLTExZTYtOGY4OC0zNDM2M2JjN2M0YzAiOnsiY3JlYXRlIjozNjAwMDAwMDAwMDAwLCJkZWxldGUiOjI3MDAwMDAwMDAwMDAsInVwZGF0ZSI6MjQwMDAwMDAwMDAwMH0sInNjaGVtYV92ZXJzaW9uIjoiMiJ9",
          "dependencies": [
            "module.database.aws_elasticache_parameter_group.redis",
            "module.database.aws_elasticache_subnet_group.redis",
            "module.database.aws_security_group.redis",
            "module.security.aws_iam_role.github_actions",
            "module.security.aws_kms_key.database",
            "module.security.data.aws_caller_identity.current",
            "module.security.data.aws_iam_policy_document.database_key_policy",
            "module.vpcs.aws_subnet.private",
            "module.vpcs.aws_vpc.main"
          ]
        }
      ]
    },
    {
      "module": "module.database",
      "mode": "managed",
      "type": "aws_elasticache_subnet_group",
      "name": "redis",
      "provider": "provider[\"registry.terraform.io/hashicorp/aws\"]",
      "instances": [
        {
          "schema_version": 0,
          "attributes": {
            "arn": "arn:aws:elasticache:eu-west-2:463470963000:subnetgroup:redis-subnet-group",
            "description": "Managed by Terraform",
            "id": "redis-subnet-group",
            "name": "redis-subnet-group",
            "subnet_ids": [
              "subnet-04424fb7bef4428b3",
              "subnet-0592ffc3b3fd71ce2"
            ],
            "tags": null,
            "tags_all": {},
            "vpc_id": "vpc-0984e356fe7b3dad1"
          },
          "sensitive_attributes": [],
          "private": "bnVsbA==",
          "dependencies": [
            "module.vpcs.aws_subnet.private",
            "module.vpcs.aws_vpc.main"
          ]
        }
      ]
    },
    {
      "module": "module.database",
      "mode": "managed",
      "type": "aws_rds_cluster",
      "name": "global_bank_cluster",
      "provider": "provider[\"registry.terraform.io/hashicorp/aws\"]",
      "instances": [
        {
          "schema_version": 1,
          "attributes": {
            "allocated_storage": 1,
            "allow_major_version_upgrade": null,
            "apply_immediately": null,
            "arn": "arn:aws:rds:eu-west-2:463470963000:cluster:global-bank-cluster",
            "availability_zones": [
              "eu-west-2a",
              "eu-west-2b",
              "eu-west-2c"
            ],
            "backtrack_window": 0,
            "backup_retention_period": 7,
            "ca_certificate_identifier": null,
            "ca_certificate_valid_till": null,
            "cluster_identifier": "global-bank-cluster",
            "cluster_identifier_prefix": "",
            "cluster_members": [],
            "cluster_resource_id": "cluster-AZFFXSUPFJ2GKU44KSDHUDURBE",
            "copy_tags_to_snapshot": false,
            "database_name": "bankdatabase",
            "db_cluster_instance_class": "",
            "db_cluster_parameter_group_name": "bank-parameters-talha2",
            "db_instance_parameter_group_name": null,
            "db_subnet_group_name": "bank-aurora-subnet-group",
            "db_system_id": "",
            "delete_automated_backups": true,
            "deletion_protection": false,
            "domain": "",
            "domain_iam_role_name": "",
            "enable_global_write_forwarding": false,
            "enable_http_endpoint": false,
            "enable_local_write_forwarding": false,
            "enabled_cloudwatch_logs_exports": [
              "postgresql"
            ],
            "endpoint": "global-bank-cluster.cluster-cneaey2wmr8r.eu-west-2.rds.amazonaws.com",
            "engine": "aurora-postgresql",
            "engine_lifecycle_support": "open-source-rds-extended-support",
            "engine_mode": "provisioned",
            "engine_version": "15.3",
            "engine_version_actual": "15.3",
            "final_snapshot_identifier": null,
            "global_cluster_identifier": "",
            "hosted_zone_id": "Z1TTGA775OQIYO",
            "iam_database_authentication_enabled": false,
            "iam_roles": [],
            "id": "global-bank-cluster",
            "iops": 0,
            "kms_key_id": "arn:aws:kms:eu-west-2:463470963000:key/a8dc691e-6da9-4d60-b909-ea9b4903f9c2",
            "manage_master_user_password": null,
            "master_password": "password",
            "master_user_secret": [],
            "master_user_secret_kms_key_id": null,
            "master_username": "username",
            "network_type": "IPV4",
            "performance_insights_enabled": false,
            "performance_insights_kms_key_id": "",
            "performance_insights_retention_period": 0,
            "port": 5432,
            "preferred_backup_window": "03:00-04:00",
            "preferred_maintenance_window": "thu:04:32-thu:05:02",
            "reader_endpoint": "global-bank-cluster.cluster-ro-cneaey2wmr8r.eu-west-2.rds.amazonaws.com",
            "replication_source_identifier": "",
            "restore_to_point_in_time": [],
            "s3_import": [],
            "scaling_configuration": [],
            "serverlessv2_scaling_configuration": [],
            "skip_final_snapshot": true,
            "snapshot_identifier": null,
            "source_region": null,
            "storage_encrypted": true,
            "storage_type": "",
            "tags": {
              "Environment": "Dev",
              "Name": "Aurora Cluster",
              "Project": "Global Bank Migration",
              "Terraform": "true"
            },
            "tags_all": {
              "Environment": "Dev",
              "Name": "Aurora Cluster",
              "Project": "Global Bank Migration",
              "Terraform": "true"
            },
            "timeouts": null,
            "vpc_security_group_ids": [
              "sg-0ce6b3b3b34e668eb"
            ]
          },
          "sensitive_attributes": [
            [
              {
                "type": "get_attr",
                "value": "master_password"
              }
            ]
          ],
          "private": "eyJlMmJmYjczMC1lY2FhLTExZTYtOGY4OC0zNDM2M2JjN2M0YzAiOnsiY3JlYXRlIjo3MjAwMDAwMDAwMDAwLCJkZWxldGUiOjcyMDAwMDAwMDAwMDAsInVwZGF0ZSI6NzIwMDAwMDAwMDAwMH0sInNjaGVtYV92ZXJzaW9uIjoiMSJ9",
          "dependencies": [
            "module.database.aws_db_subnet_group.aurora_subnet",
            "module.database.aws_rds_cluster_parameter_group.banking",
            "module.database.aws_security_group.aurora_sg",
            "module.security.aws_iam_role.github_actions",
            "module.security.aws_kms_key.database",
            "module.security.data.aws_caller_identity.current",
            "module.security.data.aws_iam_policy_document.database_key_policy",
            "module.vpcs.aws_subnet.private",
            "module.vpcs.aws_vpc.main"
          ]
        }
      ]
    },
    {
      "module": "module.database",
      "mode": "managed",
      "type": "aws_rds_cluster_instance",
      "name": "global_bank_instance",
      "provider": "provider[\"registry.terraform.io/hashicorp/aws\"]",
      "instances": [
        {
          "index_key": 0,
          "schema_version": 0,
          "attributes": {
            "apply_immediately": null,
            "arn": "arn:aws:rds:eu-west-2:463470963000:db:global-bank-write-0",
            "auto_minor_version_upgrade": true,
            "availability_zone": "eu-west-2b",
            "ca_cert_identifier": "rds-ca-rsa2048-g1",
            "cluster_identifier": "global-bank-cluster",
            "copy_tags_to_snapshot": false,
            "custom_iam_instance_profile": "",
            "db_parameter_group_name": "default.aurora-postgresql15",
            "db_subnet_group_name": "bank-aurora-subnet-group",
            "dbi_resource_id": "db-HUU3K2AWPUQG2EBUBYRPHNTDUE",
            "endpoint": "global-bank-write-0.cneaey2wmr8r.eu-west-2.rds.amazonaws.com",
            "engine": "aurora-postgresql",
            "engine_version": "15.3",
            "engine_version_actual": "15.3",
            "id": "global-bank-write-0",
            "identifier": "global-bank-write-0",
            "identifier_prefix": "",
            "instance_class": "db.r6g.large",
            "kms_key_id": "arn:aws:kms:eu-west-2:463470963000:key/a8dc691e-6da9-4d60-b909-ea9b4903f9c2",
            "monitoring_interval": 0,
            "monitoring_role_arn": "",
            "network_type": "IPV4",
            "performance_insights_enabled": false,
            "performance_insights_kms_key_id": "",
            "performance_insights_retention_period": 0,
            "port": 5432,
            "preferred_backup_window": "03:00-04:00",
            "preferred_maintenance_window": "sat:23:12-sat:23:42",
            "promotion_tier": 0,
            "publicly_accessible": false,
            "storage_encrypted": true,
            "tags": {
              "Environment": "Dev",
              "Name": "Aurora Instance",
              "Project": "Global Bank Migration",
              "Terraform": "true"
            },
            "tags_all": {
              "Environment": "Dev",
              "Name": "Aurora Instance",
              "Project": "Global Bank Migration",
              "Terraform": "true"
            },
            "timeouts": null,
            "writer": true
          },
          "sensitive_attributes": [],
          "private": "eyJlMmJmYjczMC1lY2FhLTExZTYtOGY4OC0zNDM2M2JjN2M0YzAiOnsiY3JlYXRlIjo1NDAwMDAwMDAwMDAwLCJkZWxldGUiOjU0MDAwMDAwMDAwMDAsInVwZGF0ZSI6NTQwMDAwMDAwMDAwMH19",
          "dependencies": [
            "module.database.aws_db_subnet_group.aurora_subnet",
            "module.database.aws_rds_cluster.global_bank_cluster",
            "module.database.aws_rds_cluster_parameter_group.banking",
            "module.database.aws_security_group.aurora_sg",
            "module.security.aws_iam_role.github_actions",
            "module.security.aws_kms_key.database",
            "module.security.data.aws_caller_identity.current",
            "module.security.data.aws_iam_policy_document.database_key_policy",
            "module.vpcs.aws_subnet.private",
            "module.vpcs.aws_vpc.main"
          ]
        },
        {
          "index_key": 1,
          "schema_version": 0,
          "attributes": {
            "apply_immediately": null,
            "arn": "arn:aws:rds:eu-west-2:463470963000:db:global-bank-write-1",
            "auto_minor_version_upgrade": true,
            "availability_zone": "eu-west-2a",
            "ca_cert_identifier": "rds-ca-rsa2048-g1",
            "cluster_identifier": "global-bank-cluster",
            "copy_tags_to_snapshot": false,
            "custom_iam_instance_profile": "",
            "db_parameter_group_name": "default.aurora-postgresql15",
            "db_subnet_group_name": "bank-aurora-subnet-group",
            "dbi_resource_id": "db-BGRY4U2X2A4FRNTO2IQOZRE2MM",
            "endpoint": "global-bank-write-1.cneaey2wmr8r.eu-west-2.rds.amazonaws.com",
            "engine": "aurora-postgresql",
            "engine_version": "15.3",
            "engine_version_actual": "15.3",
            "id": "global-bank-write-1",
            "identifier": "global-bank-write-1",
            "identifier_prefix": "",
            "instance_class": "db.r6g.large",
            "kms_key_id": "arn:aws:kms:eu-west-2:463470963000:key/a8dc691e-6da9-4d60-b909-ea9b4903f9c2",
            "monitoring_interval": 0,
            "monitoring_role_arn": "",
            "network_type": "IPV4",
            "performance_insights_enabled": false,
            "performance_insights_kms_key_id": "",
            "performance_insights_retention_period": 0,
            "port": 5432,
            "preferred_backup_window": "03:00-04:00",
            "preferred_maintenance_window": "tue:22:35-tue:23:05",
            "promotion_tier": 0,
            "publicly_accessible": false,
            "storage_encrypted": true,
            "tags": {
              "Environment": "Dev",
              "Name": "Aurora Instance",
              "Project": "Global Bank Migration",
              "Terraform": "true"
            },
            "tags_all": {
              "Environment": "Dev",
              "Name": "Aurora Instance",
              "Project": "Global Bank Migration",
              "Terraform": "true"
            },
            "timeouts": null,
            "writer": false
          },
          "sensitive_attributes": [],
          "private": "eyJlMmJmYjczMC1lY2FhLTExZTYtOGY4OC0zNDM2M2JjN2M0YzAiOnsiY3JlYXRlIjo1NDAwMDAwMDAwMDAwLCJkZWxldGUiOjU0MDAwMDAwMDAwMDAsInVwZGF0ZSI6NTQwMDAwMDAwMDAwMH19",
          "dependencies": [
            "module.database.aws_db_subnet_group.aurora_subnet",
            "module.database.aws_rds_cluster.global_bank_cluster",
            "module.database.aws_rds_cluster_parameter_group.banking",
            "module.database.aws_security_group.aurora_sg",
            "module.security.aws_iam_role.github_actions",
            "module.security.aws_kms_key.database",
            "module.security.data.aws_caller_identity.current",
            "module.security.data.aws_iam_policy_document.database_key_policy",
            "module.vpcs.aws_subnet.private",
            "module.vpcs.aws_vpc.main"
          ]
        }
      ]
    },
    {
      "module": "module.database",
      "mode": "managed",
      "type": "aws_rds_cluster_instance",
      "name": "global_bank_read_replica",
      "provider": "provider[\"registry.terraform.io/hashicorp/aws\"]",
      "instances": [
        {
          "index_key": 0,
          "schema_version": 0,
          "attributes": {
            "apply_immediately": null,
            "arn": "arn:aws:rds:eu-west-2:463470963000:db:global-bank-read-0",
            "auto_minor_version_upgrade": true,
            "availability_zone": "eu-west-2a",
            "ca_cert_identifier": "rds-ca-rsa2048-g1",
            "cluster_identifier": "global-bank-cluster",
            "copy_tags_to_snapshot": false,
            "custom_iam_instance_profile": "",
            "db_parameter_group_name": "default.aurora-postgresql15",
            "db_subnet_group_name": "bank-aurora-subnet-group",
            "dbi_resource_id": "db-2VQZG3N76RCHEYJ3PWEN4QL5VE",
            "endpoint": "global-bank-read-0.cneaey2wmr8r.eu-west-2.rds.amazonaws.com",
            "engine": "aurora-postgresql",
            "engine_version": "15.3",
            "engine_version_actual": "15.3",
            "id": "global-bank-read-0",
            "identifier": "global-bank-read-0",
            "identifier_prefix": "",
            "instance_class": "db.r6g.large",
            "kms_key_id": "arn:aws:kms:eu-west-2:463470963000:key/a8dc691e-6da9-4d60-b909-ea9b4903f9c2",
            "monitoring_interval": 0,
            "monitoring_role_arn": "",
            "network_type": "IPV4",
            "performance_insights_enabled": true,
            "performance_insights_kms_key_id": "arn:aws:kms:eu-west-2:463470963000:key/5d6e54cf-e7a7-4893-8c5c-83cd07046e05",
            "performance_insights_retention_period": 7,
            "port": 5432,
            "preferred_backup_window": "03:00-04:00",
            "preferred_maintenance_window": "thu:03:53-thu:04:23",
            "promotion_tier": 1,
            "publicly_accessible": false,
            "storage_encrypted": true,
            "tags": {
              "Environment": "Dev",
              "Name": "Aurora Read Replica",
              "Project": "Global Bank Migration",
              "Role": "ReadReplica",
              "Terraform": "true"
            },
            "tags_all": {
              "Environment": "Dev",
              "Name": "Aurora Read Replica",
              "Project": "Global Bank Migration",
              "Role": "ReadReplica",
              "Terraform": "true"
            },
            "timeouts": null,
            "writer": false
          },
          "sensitive_attributes": [],
          "private": "eyJlMmJmYjczMC1lY2FhLTExZTYtOGY4OC0zNDM2M2JjN2M0YzAiOnsiY3JlYXRlIjo1NDAwMDAwMDAwMDAwLCJkZWxldGUiOjU0MDAwMDAwMDAwMDAsInVwZGF0ZSI6NTQwMDAwMDAwMDAwMH19",
          "dependencies": [
            "module.database.aws_db_subnet_group.aurora_subnet",
            "module.database.aws_rds_cluster.global_bank_cluster",
            "module.database.aws_rds_cluster_parameter_group.banking",
            "module.database.aws_security_group.aurora_sg",
            "module.security.aws_iam_role.github_actions",
            "module.security.aws_kms_key.database",
            "module.security.data.aws_caller_identity.current",
            "module.security.data.aws_iam_policy_document.database_key_policy",
            "module.vpcs.aws_subnet.private",
            "module.vpcs.aws_vpc.main"
          ]
        },
        {
          "index_key": 1,
          "schema_version": 0,
          "attributes": {
            "apply_immediately": null,
            "arn": "arn:aws:rds:eu-west-2:463470963000:db:global-bank-read-1",
            "auto_minor_version_upgrade": true,
            "availability_zone": "eu-west-2a",
            "ca_cert_identifier": "rds-ca-rsa2048-g1",
            "cluster_identifier": "global-bank-cluster",
            "copy_tags_to_snapshot": false,
            "custom_iam_instance_profile": "",
            "db_parameter_group_name": "default.aurora-postgresql15",
            "db_subnet_group_name": "bank-aurora-subnet-group",
            "dbi_resource_id": "db-FZW4FVS2P23IP4YQJXXAQHO5TI",
            "endpoint": "global-bank-read-1.cneaey2wmr8r.eu-west-2.rds.amazonaws.com",
            "engine": "aurora-postgresql",
            "engine_version": "15.3",
            "engine_version_actual": "15.3",
            "id": "global-bank-read-1",
            "identifier": "global-bank-read-1",
            "identifier_prefix": "",
            "instance_class": "db.r6g.large",
            "kms_key_id": "arn:aws:kms:eu-west-2:463470963000:key/a8dc691e-6da9-4d60-b909-ea9b4903f9c2",
            "monitoring_interval": 0,
            "monitoring_role_arn": "",
            "network_type": "IPV4",
            "performance_insights_enabled": true,
            "performance_insights_kms_key_id": "arn:aws:kms:eu-west-2:463470963000:key/5d6e54cf-e7a7-4893-8c5c-83cd07046e05",
            "performance_insights_retention_period": 7,
            "port": 5432,
            "preferred_backup_window": "03:00-04:00",
            "preferred_maintenance_window": "thu:04:57-thu:05:27",
            "promotion_tier": 1,
            "publicly_accessible": false,
            "storage_encrypted": true,
            "tags": {
              "Environment": "Dev",
              "Name": "Aurora Read Replica",
              "Project": "Global Bank Migration",
              "Role": "ReadReplica",
              "Terraform": "true"
            },
            "tags_all": {
              "Environment": "Dev",
              "Name": "Aurora Read Replica",
              "Project": "Global Bank Migration",
              "Role": "ReadReplica",
              "Terraform": "true"
            },
            "timeouts": null,
            "writer": false
          },
          "sensitive_attributes": [],
          "private": "eyJlMmJmYjczMC1lY2FhLTExZTYtOGY4OC0zNDM2M2JjN2M0YzAiOnsiY3JlYXRlIjo1NDAwMDAwMDAwMDAwLCJkZWxldGUiOjU0MDAwMDAwMDAwMDAsInVwZGF0ZSI6NTQwMDAwMDAwMDAwMH19",
          "dependencies": [
            "module.database.aws_db_subnet_group.aurora_subnet",
            "module.database.aws_rds_cluster.global_bank_cluster",
            "module.database.aws_rds_cluster_parameter_group.banking",
            "module.database.aws_security_group.aurora_sg",
            "module.security.aws_iam_role.github_actions",
            "module.security.aws_kms_key.database",
            "module.security.data.aws_caller_identity.current",
            "module.security.data.aws_iam_policy_document.database_key_policy",
            "module.vpcs.aws_subnet.private",
            "module.vpcs.aws_vpc.main"
          ]
        }
      ]
    },
    {
      "module": "module.database",
      "mode": "managed",
      "type": "aws_rds_cluster_parameter_group",
      "name": "banking",
      "provider": "provider[\"registry.terraform.io/hashicorp/aws\"]",
      "instances": [
        {
          "schema_version": 0,
          "attributes": {
            "arn": "arn:aws:rds:eu-west-2:463470963000:cluster-pg:bank-parameters-talha2",
            "description": "Managed by Terraform",
            "family": "aurora-postgresql15",
            "id": "bank-parameters-talha2",
            "name": "bank-parameters-talha2",
            "name_prefix": "",
            "parameter": [
              {
                "apply_method": "immediate",
                "name": "idle_in_transaction_session_timeout",
                "value": "7200000"
              },
              {
                "apply_method": "immediate",
                "name": "log_connections",
                "value": "1"
              },
              {
                "apply_method": "immediate",
                "name": "log_disconnections",
                "value": "1"
              },
              {
                "apply_method": "immediate",
                "name": "log_min_duration_statement",
                "value": "1000"
              },
              {
                "apply_method": "immediate",
                "name": "log_statement",
                "value": "all"
              },
              {
                "apply_method": "immediate",
                "name": "maintenance_work_mem",
                "value": "262144"
              },
              {
                "apply_method": "immediate",
                "name": "rds.force_ssl",
                "value": "1"
              },
              {
                "apply_method": "immediate",
                "name": "ssl_min_protocol_version",
                "value": "TLSv1.2"
              },
              {
                "apply_method": "immediate",
                "name": "statement_timeout",
                "value": "600000"
              },
              {
                "apply_method": "immediate",
                "name": "work_mem",
                "value": "32768"
              },
              {
                "apply_method": "pending-reboot",
                "name": "max_connections",
                "value": "GREATEST({DBInstanceClassMemory/95313392}, 5000)"
              },
              {
                "apply_method": "pending-reboot",
                "name": "shared_buffers",
                "value": "{DBInstanceClassMemory/32768}"
              }
            ],
            "tags": {
              "Environment": "Dev",
              "Name": "Aurora Banking Parameter Group",
              "Project": "Global Bank Migration",
              "Terraform": "true"
            },
            "tags_all": {
              "Environment": "Dev",
              "Name": "Aurora Banking Parameter Group",
              "Project": "Global Bank Migration",
              "Terraform": "true"
            }
          },
          "sensitive_attributes": [],
          "private": "bnVsbA==",
          "create_before_destroy": true
        }
      ]
    },
    {
      "module": "module.database",
      "mode": "managed",
      "type": "aws_security_group",
      "name": "aurora_sg",
      "provider": "provider[\"registry.terraform.io/hashicorp/aws\"]",
      "instances": [
        {
          "schema_version": 1,
          "attributes": {
            "arn": "arn:aws:ec2:eu-west-2:463470963000:security-group/sg-0ce6b3b3b34e668eb",
            "description": "Security Group for Aurora Cluster",
            "egress": [],
            "id": "sg-0ce6b3b3b34e668eb",
            "ingress": [
              {
                "cidr_blocks": [
                  "10.1.0.0/16"
                ],
                "description": "",
                "from_port": 5432,
                "ipv6_cidr_blocks": [],
                "prefix_list_ids": [],
                "protocol": "tcp",
                "security_groups": [],
                "self": false,
                "to_port": 5432
              }
            ],
            "name": "aurora-sg",
            "name_prefix": "",
            "owner_id": "463470963000",
            "revoke_rules_on_delete": false,
            "tags": {
              "Environment": "Dev",
              "Name": "Aurora Security Group",
              "Project": "Global Bank Migration",
              "Terraform": "true"
            },
            "tags_all": {
              "Environment": "Dev",
              "Name": "Aurora Security Group",
              "Project": "Global Bank Migration",
              "Terraform": "true"
            },
            "timeouts": null,
            "vpc_id": "vpc-0984e356fe7b3dad1"
          },
          "sensitive_attributes": [],
          "private": "eyJlMmJmYjczMC1lY2FhLTExZTYtOGY4OC0zNDM2M2JjN2M0YzAiOnsiY3JlYXRlIjo2MDAwMDAwMDAwMDAsImRlbGV0ZSI6OTAwMDAwMDAwMDAwfSwic2NoZW1hX3ZlcnNpb24iOiIxIn0=",
          "dependencies": [
            "module.vpcs.aws_vpc.main"
          ]
        }
      ]
    },
    {
      "module": "module.database",
      "mode": "managed",
      "type": "aws_security_group",
      "name": "redis",
      "provider": "provider[\"registry.terraform.io/hashicorp/aws\"]",
      "instances": [
        {
          "schema_version": 1,
          "attributes": {
            "arn": "arn:aws:ec2:eu-west-2:463470963000:security-group/sg-0475110d1b26f2574",
            "description": "Security Group for Redis Cluster",
            "egress": [
              {
                "cidr_blocks": [
                  "0.0.0.0/0"
                ],
                "description": "",
                "from_port": 0,
                "ipv6_cidr_blocks": [],
                "prefix_list_ids": [],
                "protocol": "-1",
                "security_groups": [],
                "self": false,
                "to_port": 0
              }
            ],
            "id": "sg-0475110d1b26f2574",
            "ingress": [
              {
                "cidr_blocks": [
                  "10.1.0.0/16"
                ],
                "description": "",
                "from_port": 6379,
                "ipv6_cidr_blocks": [],
                "prefix_list_ids": [],
                "protocol": "tcp",
                "security_groups": [],
                "self": false,
                "to_port": 6379
              }
            ],
            "name": "redis-sg",
            "name_prefix": "",
            "owner_id": "463470963000",
            "revoke_rules_on_delete": false,
            "tags": {
              "Environment": "Dev",
              "Name": "Redis Security Group",
              "Project": "Global Bank Migration",
              "Terraform": "true"
            },
            "tags_all": {
              "Environment": "Dev",
              "Name": "Redis Security Group",
              "Project": "Global Bank Migration",
              "Terraform": "true"
            },
            "timeouts": null,
            "vpc_id": "vpc-0984e356fe7b3dad1"
          },
          "sensitive_attributes": [],
          "private": "eyJlMmJmYjczMC1lY2FhLTExZTYtOGY4OC0zNDM2M2JjN2M0YzAiOnsiY3JlYXRlIjo2MDAwMDAwMDAwMDAsImRlbGV0ZSI6OTAwMDAwMDAwMDAwfSwic2NoZW1hX3ZlcnNpb24iOiIxIn0=",
          "dependencies": [
            "module.vpcs.aws_vpc.main"
          ]
        }
      ]
    },
    {
      "module": "module.eks",
      "mode": "data",
      "type": "aws_caller_identity",
      "name": "current",
      "provider": "provider[\"registry.terraform.io/hashicorp/aws\"]",
      "instances": [
        {
          "schema_version": 0,
          "attributes": {
            "account_id": "463470963000",
            "arn": "arn:aws:iam::463470963000:root",
            "id": "463470963000",
            "user_id": "463470963000"
          },
          "sensitive_attributes": []
        }
      ]
    },
    {
      "module": "module.eks",
      "mode": "data",
      "type": "aws_iam_policy_document",
      "name": "assume_role_policy",
      "provider": "provider[\"registry.terraform.io/hashicorp/aws\"]",
      "instances": [
        {
          "index_key": 0,
          "schema_version": 0,
          "attributes": {
            "id": "2764486067",
            "json": "{\n  \"Version\": \"2012-10-17\",\n  \"Statement\": [\n    {\n      \"Sid\": \"EKSClusterAssumeRole\",\n      \"Effect\": \"Allow\",\n      \"Action\": \"sts:AssumeRole\",\n      \"Principal\": {\n        \"Service\": \"eks.amazonaws.com\"\n      }\n    }\n  ]\n}",
            "minified_json": "{\"Version\":\"2012-10-17\",\"Statement\":[{\"Sid\":\"EKSClusterAssumeRole\",\"Effect\":\"Allow\",\"Action\":\"sts:AssumeRole\",\"Principal\":{\"Service\":\"eks.amazonaws.com\"}}]}",
            "override_json": null,
            "override_policy_documents": null,
            "policy_id": null,
            "source_json": null,
            "source_policy_documents": null,
            "statement": [
              {
                "actions": [
                  "sts:AssumeRole"
                ],
                "condition": [],
                "effect": "Allow",
                "not_actions": [],
                "not_principals": [],
                "not_resources": [],
                "principals": [
                  {
                    "identifiers": [
                      "eks.amazonaws.com"
                    ],
                    "type": "Service"
                  }
                ],
                "resources": [],
                "sid": "EKSClusterAssumeRole"
              }
            ],
            "version": "2012-10-17"
          },
          "sensitive_attributes": []
        }
      ]
    },
    {
      "module": "module.eks",
      "mode": "data",
      "type": "aws_iam_policy_document",
      "name": "cni_ipv6_policy",
      "provider": "provider[\"registry.terraform.io/hashicorp/aws\"]",
      "instances": []
    },
    {
      "module": "module.eks",
      "mode": "data",
      "type": "aws_iam_session_context",
      "name": "current",
      "provider": "provider[\"registry.terraform.io/hashicorp/aws\"]",
      "instances": [
        {
          "schema_version": 0,
          "attributes": {
            "arn": "arn:aws:iam::463470963000:root",
            "id": "arn:aws:iam::463470963000:root",
            "issuer_arn": "arn:aws:iam::463470963000:root",
            "issuer_id": "",
            "issuer_name": "",
            "session_name": ""
          },
          "sensitive_attributes": []
        }
      ]
    },
    {
      "module": "module.eks",
      "mode": "data",
      "type": "aws_partition",
      "name": "current",
      "provider": "provider[\"registry.terraform.io/hashicorp/aws\"]",
      "instances": [
        {
          "schema_version": 0,
          "attributes": {
            "dns_suffix": "amazonaws.com",
            "id": "aws",
            "partition": "aws",
            "reverse_dns_prefix": "com.amazonaws"
          },
          "sensitive_attributes": []
        }
      ]
    },
    {
      "module": "module.eks",
      "mode": "data",
      "type": "tls_certificate",
      "name": "this",
      "provider": "provider[\"registry.terraform.io/hashicorp/tls\"]",
      "instances": [
        {
          "index_key": 0,
          "schema_version": 0,
          "attributes": {
            "certificates": [
              {
                "cert_pem": "-----BEGIN CERTIFICATE-----\nMIIEdTCCA12gAwIBAgIJAKcOSkw0grd/MA0GCSqGSIb3DQEBCwUAMGgxCzAJBgNV\nBAYTAlVTMSUwIwYDVQQKExxTdGFyZmllbGQgVGVjaG5vbG9naWVzLCBJbmMuMTIw\nMAYDVQQLEylTdGFyZmllbGQgQ2xhc3MgMiBDZXJ0aWZpY2F0aW9uIEF1dGhvcml0\neTAeFw0wOTA5MDIwMDAwMDBaFw0zNDA2MjgxNzM5MTZaMIGYMQswCQYDVQQGEwJV\nUzEQMA4GA1UECBMHQXJpem9uYTETMBEGA1UEBxMKU2NvdHRzZGFsZTElMCMGA1UE\nChMcU3RhcmZpZWxkIFRlY2hub2xvZ2llcywgSW5jLjE7MDkGA1UEAxMyU3RhcmZp\nZWxkIFNlcnZpY2VzIFJvb3QgQ2VydGlmaWNhdGUgQXV0aG9yaXR5IC0gRzIwggEi\nMA0GCSqGSIb3DQEBAQUAA4IBDwAwggEKAoIBAQDVDDrEKvlO4vW+GZdfjohTsR8/\ny8+fIBNtKTrID30892t2OGPZNmCom15cAICyL1l/9of5JUOG52kbUpqQ4XHj2C0N\nTm/2yEnZtvMaVq4rtnQU68/7JuMauh2WLmo7WJSJR1b/JaCTcFOD2oR0FMNnngRo\nOt+OQFodSk7PQ5E751bWAHDLUu57fa4657wx+UX2wmDPE1kCK4DMNEffud6QZW0C\nzyyRpqbn3oUYSXxmTqM6bam17jQuug0DuDPfR+uxa40l2ZvOgdFFRjKWcIfeAg5J\nQ4W2bHO7ZOphQazJ1FTfhy/HIrImzJ9ZVGif/L4qL8RVHHVAYBeFAlU5i38FAgMB\nAAGjgfAwge0wDwYDVR0TAQH/BAUwAwEB/zAOBgNVHQ8BAf8EBAMCAYYwHQYDVR0O\nBBYEFJxfAN+qAdcwKziIorhtSpzyEZGDMB8GA1UdIwQYMBaAFL9ft9HO3R+G9FtV\nrNzXEMIOqYjnME8GCCsGAQUFBwEBBEMwQTAcBggrBgEFBQcwAYYQaHR0cDovL28u\nc3MyLnVzLzAhBggrBgEFBQcwAoYVaHR0cDovL3guc3MyLnVzL3guY2VyMCYGA1Ud\nHwQfMB0wG6AZoBeGFWh0dHA6Ly9zLnNzMi51cy9yLmNybDARBgNVHSAECjAIMAYG\nBFUdIAAwDQYJKoZIhvcNAQELBQADggEBACMd44pXyn3pF3lM8R5V/cxTbj5HD9/G\nVfKyBDbtgB9TxF00KGu+x1X8Z+rLP3+QsjPNG1gQggL4+C/1E2DUBc7xgQjB3ad1\nl08YuW3e95ORCLp+QCztweq7dp4zBncdDQh/U90bZKuCJ/Fp1U1ervShw3WnWEQt\n8jxwmKy6abaVd38PMV4s/KCHOkdp8Hlf9BRUpJVeEXgSYCfOn8J3/yNTd126/+pZ\n59vPr5KW7ySaNRB6nJHGDn2Z9j8Z3/VyVOEVqQdZe4O/Ui5GjLIAZHYcSNPYeehu\nVsyuLAOQ1xk4meTKCRlb/weWsKh/NEnfVqn3sF/tM+2MR7cwA130A4w=\n-----END CERTIFICATE-----\n",
                "is_ca": true,
                "issuer": "OU=Starfield Class 2 Certification Authority,O=Starfield Technologies\\, Inc.,C=US",
                "not_after": "2034-06-28T17:39:16Z",
                "not_before": "2009-09-02T00:00:00Z",
                "public_key_algorithm": "RSA",
                "serial_number": "12037640545166866303",
                "sha1_fingerprint": "9e99a48a9960b14926bb7f3b02e22da2b0ab7280",
                "signature_algorithm": "SHA256-RSA",
                "subject": "CN=Starfield Services Root Certificate Authority - G2,O=Starfield Technologies\\, Inc.,L=Scottsdale,ST=Arizona,C=US",
                "version": 3
              },
              {
                "cert_pem": "-----BEGIN CERTIFICATE-----\nMIIEkjCCA3qgAwIBAgITBn+USionzfP6wq4rAfkI7rnExjANBgkqhkiG9w0BAQsF\nADCBmDELMAkGA1UEBhMCVVMxEDAOBgNVBAgTB0FyaXpvbmExEzARBgNVBAcTClNj\nb3R0c2RhbGUxJTAjBgNVBAoTHFN0YXJmaWVsZCBUZWNobm9sb2dpZXMsIEluYy4x\nOzA5BgNVBAMTMlN0YXJmaWVsZCBTZXJ2aWNlcyBSb290IENlcnRpZmljYXRlIEF1\ndGhvcml0eSAtIEcyMB4XDTE1MDUyNTEyMDAwMFoXDTM3MTIzMTAxMDAwMFowOTEL\nMAkGA1UEBhMCVVMxDzANBgNVBAoTBkFtYXpvbjEZMBcGA1UEAxMQQW1hem9uIFJv\nb3QgQ0EgMTCCASIwDQYJKoZIhvcNAQEBBQADggEPADCCAQoCggEBALJ4gHHKeNXj\nca9HgFB0fW7Y14h29Jlo91ghYPl0hAEvrAIthtOgQ3pOsqTQNroBvo3bSMgHFzZM\n9O6II8c+6zf1tRn4SWiw3te5djgdYZ6k/oI2peVKVuRF4fn9tBb6dNqcmzU5L/qw\nIFAGbHrQgLKm+a/sRxmPUDgH3KKHOVj4utWp+UhnMJbulHheb4mjUcAwhmahRWa6\nVOujw5H5SNz/0egwLX0tdHA114gk957EWW67c4cX8jJGKLhD+rcdqsq08p8kDi1L\n93FcXmn/6pUCyziKrlA4b9v7LWIbxcceVOF34GfID5yHI9Y/QCB/IIDEgEw+OyQm\njgSubJrIqg0CAwEAAaOCATEwggEtMA8GA1UdEwEB/wQFMAMBAf8wDgYDVR0PAQH/\nBAQDAgGGMB0GA1UdDgQWBBSEGMyFNOy8DJSULghZnMeyEE4KCDAfBgNVHSMEGDAW\ngBScXwDfqgHXMCs4iKK4bUqc8hGRgzB4BggrBgEFBQcBAQRsMGowLgYIKwYBBQUH\nMAGGImh0dHA6Ly9vY3NwLnJvb3RnMi5hbWF6b250cnVzdC5jb20wOAYIKwYBBQUH\nMAKGLGh0dHA6Ly9jcnQucm9vdGcyLmFtYXpvbnRydXN0LmNvbS9yb290ZzIuY2Vy\nMD0GA1UdHwQ2MDQwMqAwoC6GLGh0dHA6Ly9jcmwucm9vdGcyLmFtYXpvbnRydXN0\nLmNvbS9yb290ZzIuY3JsMBEGA1UdIAQKMAgwBgYEVR0gADANBgkqhkiG9w0BAQsF\nAAOCAQEAYjdCXLwQtT6LLOkMm2xF4gcAevnFWAu5CIw+7bMlPLVvUOTNNWqnkzSW\nMiGpSESrnO09tKpzbeR/FoCJbM8oAxiDR3mjEH4wW6w7sGDgd9QIpuEdfF7Au/ma\neyKdpwAJfqxGF4PcnCZXmTA5YpaP7dreqsXMGz7KQ2hsVxa81Q4gLv7/wmpdLqBK\nbRRYh5TmOTFffHPLkIhqhBGWJ6bt2YFGpn6jcgAKUj6DiAdjd4lpFw85hdKrCEVN\n0FE6/V1dN2RMfjCyVSRCnTawXZwXgWHxyvkQAiSr6w10kY17RSlQOYiypok1JR4U\nakcjMS9cmvqtmg5iUaQqqcT5NJ0hGA==\n-----END CERTIFICATE-----\n",
                "is_ca": true,
                "issuer": "CN=Starfield Services Root Certificate Authority - G2,O=Starfield Technologies\\, Inc.,L=Scottsdale,ST=Arizona,C=US",
                "not_after": "2037-12-31T01:00:00Z",
                "not_before": "2015-05-25T12:00:00Z",
                "public_key_algorithm": "RSA",
                "serial_number": "144918191876577076464031512351042010504348870",
                "sha1_fingerprint": "06b25927c42a721631c1efd9431e648fa62e1e39",
                "signature_algorithm": "SHA256-RSA",
                "subject": "CN=Amazon Root CA 1,O=Amazon,C=US",
                "version": 3
              },
              {
                "cert_pem": "-----BEGIN CERTIFICATE-----\nMIIEXjCCA0agAwIBAgITB3MSTNQG0mfAmRzdKZqfODF5hTANBgkqhkiG9w0BAQsF\nADA5MQswCQYDVQQGEwJVUzEPMA0GA1UEChMGQW1hem9uMRkwFwYDVQQDExBBbWF6\nb24gUm9vdCBDQSAxMB4XDTIyMDgyMzIyMjYwNFoXDTMwMDgyMzIyMjYwNFowPDEL\nMAkGA1UEBhMCVVMxDzANBgNVBAoTBkFtYXpvbjEcMBoGA1UEAxMTQW1hem9uIFJT\nQSAyMDQ4IE0wMzCCASIwDQYJKoZIhvcNAQEBBQADggEPADCCAQoCggEBALd/pVko\n8vuM475Tf45HV3BbCl/B9Jy89G1CRkFjcPY06WA9lS+7dWbUA7GtWUKoksr69hKM\nwcMsNpxlw7b3jeXFgxB09/nmalcAWtnLzF+LaDKEA5DQmvKzuh1nfIfqEiKCQSmX\nXh09Xs+dO7cm5qbaL2hhNJCSAejciwcvOFgFNgEMR42wm6KIFHsQW28jhA+1u/M0\np6fVwReuEgZfLfdx82Px0LJck3lST3EB/JfbdsdOzzzg5YkY1dfuqf8y5fUeZ7Cz\nWXbTjujwX/TovmeWKA36VLCz75azW6tDNuDn66FOpADZZ9omVaF6BqNJiLMVl6P3\n/c0OiUMC6Z5OfKcCAwEAAaOCAVowggFWMBIGA1UdEwEB/wQIMAYBAf8CAQAwDgYD\nVR0PAQH/BAQDAgGGMB0GA1UdJQQWMBQGCCsGAQUFBwMBBggrBgEFBQcDAjAdBgNV\nHQ4EFgQUVdkYX9IczAHhWLS+q9lVQgHXLgIwHwYDVR0jBBgwFoAUhBjMhTTsvAyU\nlC4IWZzHshBOCggwewYIKwYBBQUHAQEEbzBtMC8GCCsGAQUFBzABhiNodHRwOi8v\nb2NzcC5yb290Y2ExLmFtYXpvbnRydXN0LmNvbTA6BggrBgEFBQcwAoYuaHR0cDov\nL2NydC5yb290Y2ExLmFtYXpvbnRydXN0LmNvbS9yb290Y2ExLmNlcjA/BgNVHR8E\nODA2MDSgMqAwhi5odHRwOi8vY3JsLnJvb3RjYTEuYW1hem9udHJ1c3QuY29tL3Jv\nb3RjYTEuY3JsMBMGA1UdIAQMMAowCAYGZ4EMAQIBMA0GCSqGSIb3DQEBCwUAA4IB\nAQAGjeWm2cC+3z2MzSCnte46/7JZvj3iQZDY7EvODNdZF41n71Lrk9kbfNwerK0d\nVNzW36Wefr7j7ZSwBVg50W5ay65jNSN74TTQV1yt4WnSbVvN6KlMs1hiyOZdoHKs\nKDV2UGNxbdoBYCQNa2GYF8FQIWLugNp35aSOpMy6cFlymFQomIrnOQHwK1nvVY4q\nxDSJMU/gNJz17D8ArPN3ngnyZ2TwepJ0uBINz3G5te2rdFUF4i4Y3Bb7FUlHDYm4\nu8aIRGpk2ZpfXmxaoxnbIBZRvGLPSUuPwnwoUOMsJ8jirI5vs2dvchPb7MtI1rle\ni02f2ivH2vxkjDLltSpe2fiC\n-----END CERTIFICATE-----\n",
                "is_ca": true,
                "issuer": "CN=Amazon Root CA 1,O=Amazon,C=US",
                "not_after": "2030-08-23T22:26:04Z",
                "not_before": "2022-08-23T22:26:04Z",
                "public_key_algorithm": "RSA",
                "serial_number": "166129356476704345391986644047206454194698629",
                "sha1_fingerprint": "d9fe0a65fa00cabf61f5120d373a8135e1461f15",
                "signature_algorithm": "SHA256-RSA",
                "subject": "CN=Amazon RSA 2048 M03,O=Amazon,C=US",
                "version": 3
              },
              {
                "cert_pem": "-----BEGIN CERTIFICATE-----\nMIIF5TCCBM2gAwIBAgIQBOZNZphZKT/NJv5nYmH/KDANBgkqhkiG9w0BAQsFADA8\nMQswCQYDVQQGEwJVUzEPMA0GA1UEChMGQW1hem9uMRwwGgYDVQQDExNBbWF6b24g\nUlNBIDIwNDggTTAzMB4XDTI0MDMyODAwMDAwMFoXDTI1MDQyNjIzNTk1OVowKDEm\nMCQGA1UEAwwdKi5la3MuZXUtd2VzdC0yLmFtYXpvbmF3cy5jb20wggEiMA0GCSqG\nSIb3DQEBAQUAA4IBDwAwggEKAoIBAQC50LL4kInlE7NOhNjz3iY30zBsXZ2oOBLK\n7J481J3uPPaHGrfXMB9lQ6ymLI1nprV8CBSTI2E5S9V/hqBb6+qLcJRDWrYCCZkH\nnRvMUYderQO2/DziCHY63wfuVyVNgm5+XBmxaKTTWsfzKW1oOiiumMeE8WV+fMDS\nbpcJu8bpm5fZ3KUJuTWuOAwvFfy9Dh0A46TrIAg2lFMWXfNZccB4QdFq/Cd2ZWyU\nvxuzXTXfPo7f0hK59PjwrqfGtMNvdAfveydSmlq5fxBgh5PhjrcZqKqBkGG4JMJg\nyf+/y8woPPDNlQ2r+8nQMofXIsQZqzcdIvtfa3YZk1N8lNLdZrGxAgMBAAGjggL1\nMIIC8TAfBgNVHSMEGDAWgBRV2Rhf0hzMAeFYtL6r2VVCAdcuAjAdBgNVHQ4EFgQU\n8M8aSrbULMBz5aLdzh/8my6WcKEwKAYDVR0RBCEwH4IdKi5la3MuZXUtd2VzdC0y\nLmFtYXpvbmF3cy5jb20wEwYDVR0gBAwwCjAIBgZngQwBAgEwDgYDVR0PAQH/BAQD\nAgWgMB0GA1UdJQQWMBQGCCsGAQUFBwMBBggrBgEFBQcDAjA7BgNVHR8ENDAyMDCg\nLqAshipodHRwOi8vY3JsLnIybTAzLmFtYXpvbnRydXN0LmNvbS9yMm0wMy5jcmww\ndQYIKwYBBQUHAQEEaTBnMC0GCCsGAQUFBzABhiFodHRwOi8vb2NzcC5yMm0wMy5h\nbWF6b250cnVzdC5jb20wNgYIKwYBBQUHMAKGKmh0dHA6Ly9jcnQucjJtMDMuYW1h\nem9udHJ1c3QuY29tL3IybTAzLmNlcjAMBgNVHRMBAf8EAjAAMIIBfQYKKwYBBAHW\neQIEAgSCAW0EggFpAWcAdgDPEVbu1S58r/OHW9lpLpvpGnFnSrAX7KwB0lt3zsw7\nCAAAAY6HBDnqAAAEAwBHMEUCIQDLYS6G3LbBwHmHRtw10b7KxsuPnfnGdENM5yP3\ncWpOcQIgbBl9iFx5TAcYbayzqPku47iTk6gtOFYd1ZMC1EXlyocAdgB9WR4S4Xgq\nexxhZ3xe/fjQh1wUoE6VnrkDL9kOjC55uAAAAY6HBDnrAAAEAwBHMEUCIQDRO5Fm\nGiRgknDju2sXfJpKcJL+poeVSTTYx78v92MnLAIgfhGy8K50Ek6gIRh+dTAlBY5J\nooG3cHwb0lej5ARGc1wAdQDm0jFjQHeMwRBBBtdxuc7B0kD2loSG+7qHMh39HjeO\nUAAAAY6HBDoHAAAEAwBGMEQCIHMdTx2ViWmHbZZoh6BL+Pe1q/cWA+7cLK8MrgEb\nsVvZAiB23izX4VkUWPXANcRPSlC5yWSxzKvlp6rmk4v214VIyjANBgkqhkiG9w0B\nAQsFAAOCAQEAmpiMofzjxxujwccWd44UVYLQYDwbfF2M2M3I469m8VMv9mVlMbSG\n9aqkkQusEK1hugt1OKjaIk8K9vDNp087QFi3cTPUv1igbtDBgkwFEQm8YiUpY4WO\n0D28uLi8L78+YTfa39PxzXRKABpwMIKGBEGEc9tXLWFMeTYCGEW6q5LBdFZ7RDvZ\noDIWMB90V6+WudsyBS0PaQQ+QaK4mNRdVV2J209QNMR/LNk7RptnFG1P4CaolePD\ntKkZvyVEIBUG0vYrZUrTnCJhOVbt0XAIK9jcDugrMsS55sIMbdvAvehD89nJTkTR\nWIf8Ay9Nf+E8UspJHmY2C6Gn7zeHGc3ziw==\n-----END CERTIFICATE-----\n",
                "is_ca": false,
                "issuer": "CN=Amazon RSA 2048 M03,O=Amazon,C=US",
                "not_after": "2025-04-26T23:59:59Z",
                "not_before": "2024-03-28T00:00:00Z",
                "public_key_algorithm": "RSA",
                "serial_number": "6512710134564242164505930165420949288",
                "sha1_fingerprint": "344820d663fc5fd780b5ea02d3b62130d2f1948a",
                "signature_algorithm": "SHA256-RSA",
                "subject": "CN=*.eks.eu-west-2.amazonaws.com",
                "version": 3
              }
            ],
            "content": null,
            "id": "7ab4c51825f352254467653ad8251836811f444b",
            "url": "https://oidc.eks.eu-west-2.amazonaws.com/id/F3086B5989BEC1ABC91CB639525FD0E0",
            "verify_chain": true
          },
          "sensitive_attributes": []
        }
      ]
    },
    {
      "module": "module.eks",
      "mode": "managed",
      "type": "aws_cloudwatch_log_group",
      "name": "this",
      "provider": "provider[\"registry.terraform.io/hashicorp/aws\"]",
      "instances": [
        {
          "index_key": 0,
          "schema_version": 0,
          "attributes": {
            "arn": "arn:aws:logs:eu-west-2:463470963000:log-group:/aws/eks/banking-eks/cluster",
            "id": "/aws/eks/banking-eks/cluster",
            "kms_key_id": "",
            "log_group_class": "STANDARD",
            "name": "/aws/eks/banking-eks/cluster",
            "name_prefix": "",
            "retention_in_days": 90,
            "skip_destroy": false,
            "tags": {
              "Environment": "Dev",
              "Name": "/aws/eks/banking-eks/cluster",
              "Project": "Global Bank Migration",
              "Terraform": "true"
            },
            "tags_all": {
              "Environment": "Dev",
              "Name": "/aws/eks/banking-eks/cluster",
              "Project": "Global Bank Migration",
              "Terraform": "true"
            }
          },
          "sensitive_attributes": [],
          "private": "bnVsbA==",
          "create_before_destroy": true
        }
      ]
    },
    {
      "module": "module.eks",
      "mode": "managed",
      "type": "aws_ec2_tag",
      "name": "cluster_primary_security_group",
      "provider": "provider[\"registry.terraform.io/hashicorp/aws\"]",
      "instances": [
        {
          "index_key": "Environment",
          "schema_version": 0,
          "attributes": {
            "id": "sg-0e6b5ae808bacdc7a,Environment",
            "key": "Environment",
            "resource_id": "sg-0e6b5ae808bacdc7a",
            "value": "Dev"
          },
          "sensitive_attributes": [],
          "private": "bnVsbA==",
          "dependencies": [
            "module.eks.aws_cloudwatch_log_group.this",
            "module.eks.aws_eks_cluster.this",
            "module.eks.aws_iam_policy.cni_ipv6_policy",
            "module.eks.aws_iam_role.this",
            "module.eks.aws_iam_role_policy_attachment.this",
            "module.eks.aws_security_group.cluster",
            "module.eks.aws_security_group.node",
            "module.eks.aws_security_group_rule.cluster",
            "module.eks.aws_security_group_rule.node",
            "module.eks.data.aws_caller_identity.current",
            "module.eks.data.aws_iam_policy_document.assume_role_policy",
            "module.eks.data.aws_iam_policy_document.cni_ipv6_policy",
            "module.eks.data.aws_iam_session_context.current",
            "module.eks.data.aws_partition.current",
            "module.eks.module.kms.aws_kms_external_key.this",
            "module.eks.module.kms.aws_kms_key.this",
            "module.eks.module.kms.aws_kms_replica_external_key.this",
            "module.eks.module.kms.aws_kms_replica_key.this",
            "module.eks.module.kms.data.aws_caller_identity.current",
            "module.eks.module.kms.data.aws_iam_policy_document.this",
            "module.eks.module.kms.data.aws_partition.current",
            "module.vpcs.aws_subnet.private",
            "module.vpcs.aws_vpc.main"
          ]
        },
        {
          "index_key": "Project",
          "schema_version": 0,
          "attributes": {
            "id": "sg-0e6b5ae808bacdc7a,Project",
            "key": "Project",
            "resource_id": "sg-0e6b5ae808bacdc7a",
            "value": "Global Bank Migration"
          },
          "sensitive_attributes": [],
          "private": "bnVsbA==",
          "dependencies": [
            "module.eks.aws_cloudwatch_log_group.this",
            "module.eks.aws_eks_cluster.this",
            "module.eks.aws_iam_policy.cni_ipv6_policy",
            "module.eks.aws_iam_role.this",
            "module.eks.aws_iam_role_policy_attachment.this",
            "module.eks.aws_security_group.cluster",
            "module.eks.aws_security_group.node",
            "module.eks.aws_security_group_rule.cluster",
            "module.eks.aws_security_group_rule.node",
            "module.eks.data.aws_caller_identity.current",
            "module.eks.data.aws_iam_policy_document.assume_role_policy",
            "module.eks.data.aws_iam_policy_document.cni_ipv6_policy",
            "module.eks.data.aws_iam_session_context.current",
            "module.eks.data.aws_partition.current",
            "module.eks.module.kms.aws_kms_external_key.this",
            "module.eks.module.kms.aws_kms_key.this",
            "module.eks.module.kms.aws_kms_replica_external_key.this",
            "module.eks.module.kms.aws_kms_replica_key.this",
            "module.eks.module.kms.data.aws_caller_identity.current",
            "module.eks.module.kms.data.aws_iam_policy_document.this",
            "module.eks.module.kms.data.aws_partition.current",
            "module.vpcs.aws_subnet.private",
            "module.vpcs.aws_vpc.main"
          ]
        },
        {
          "index_key": "Terraform",
          "schema_version": 0,
          "attributes": {
            "id": "sg-0e6b5ae808bacdc7a,Terraform",
            "key": "Terraform",
            "resource_id": "sg-0e6b5ae808bacdc7a",
            "value": "true"
          },
          "sensitive_attributes": [],
          "private": "bnVsbA==",
          "dependencies": [
            "module.eks.aws_cloudwatch_log_group.this",
            "module.eks.aws_eks_cluster.this",
            "module.eks.aws_iam_policy.cni_ipv6_policy",
            "module.eks.aws_iam_role.this",
            "module.eks.aws_iam_role_policy_attachment.this",
            "module.eks.aws_security_group.cluster",
            "module.eks.aws_security_group.node",
            "module.eks.aws_security_group_rule.cluster",
            "module.eks.aws_security_group_rule.node",
            "module.eks.data.aws_caller_identity.current",
            "module.eks.data.aws_iam_policy_document.assume_role_policy",
            "module.eks.data.aws_iam_policy_document.cni_ipv6_policy",
            "module.eks.data.aws_iam_session_context.current",
            "module.eks.data.aws_partition.current",
            "module.eks.module.kms.aws_kms_external_key.this",
            "module.eks.module.kms.aws_kms_key.this",
            "module.eks.module.kms.aws_kms_replica_external_key.this",
            "module.eks.module.kms.aws_kms_replica_key.this",
            "module.eks.module.kms.data.aws_caller_identity.current",
            "module.eks.module.kms.data.aws_iam_policy_document.this",
            "module.eks.module.kms.data.aws_partition.current",
            "module.vpcs.aws_subnet.private",
            "module.vpcs.aws_vpc.main"
          ]
        }
      ]
    },
    {
      "module": "module.eks",
      "mode": "managed",
      "type": "aws_eks_cluster",
      "name": "this",
      "provider": "provider[\"registry.terraform.io/hashicorp/aws\"]",
      "instances": [
        {
          "index_key": 0,
          "schema_version": 1,
          "attributes": {
            "access_config": [
              {
                "authentication_mode": "CONFIG_MAP",
                "bootstrap_cluster_creator_admin_permissions": true
              }
            ],
            "arn": "arn:aws:eks:eu-west-2:463470963000:cluster/banking-eks",
            "bootstrap_self_managed_addons": true,
            "certificate_authority": [
              {
                "data": "LS0tLS1CRUdJTiBDRVJUSUZJQ0FURS0tLS0tCk1JSURCVENDQWUyZ0F3SUJBZ0lJRW9IRFEwejZNZU13RFFZSktvWklodmNOQVFFTEJRQXdGVEVUTUJFR0ExVUUKQXhNS2EzVmlaWEp1WlhSbGN6QWVGdzB5TlRBeE1UWXhOekE1TVRGYUZ3MHpOVEF4TVRReE56RTBNVEZhTUJVeApFekFSQmdOVkJBTVRDbXQxWW1WeWJtVjBaWE13Z2dFaU1BMEdDU3FHU0liM0RRRUJBUVVBQTRJQkR3QXdnZ0VLCkFvSUJBUUNrWkJaL0lsMmdLRDJFbVlhYmJ5ZlorM0owd2s3ODJHMTIxYmd4S2hONmljbk5oNVZPbSt1b3RpbG0KR3p6Zko5a2xHM0xJUSsvSktXQjQrSDJmZ3BueVowWjBEUHE3MXhqd2Q1dG90ZDlyVTVyNm5PUkFMNWd6bWVoMgozUW4yRlpyU0xtODlFNTlodjNvelNhTmo5emFLOWxhR0h4TFhtTS9PTlJLU3pJNWhnS0oyNlVkaXFabVphZ0hHCm1Za0Y2dWxDZWpremFoek5jc3FTQWNvR1FWMEo5MEUrNExDSjFraTFYTFdRUW94YmVhYVJOYjhta2kzU0NYYkoKT1ZLYUk0V0VjOUtxNWRPM3d5UUVDendrZGZrTGlDVERPUm13a0pPYWlCS1ZNRnBCZ1hXd2djWHJHZlJpcXZ4ZQpwQmZ4TjhSVmdSMDBUSUtEV2tZUCtrYkxLVzlkQWdNQkFBR2pXVEJYTUE0R0ExVWREd0VCL3dRRUF3SUNwREFQCkJnTlZIUk1CQWY4RUJUQURBUUgvTUIwR0ExVWREZ1FXQkJTd0kvUDFRcldpODdHRDlqU0IrVytObmxpL1BqQVYKQmdOVkhSRUVEakFNZ2dwcmRXSmxjbTVsZEdWek1BMEdDU3FHU0liM0RRRUJDd1VBQTRJQkFRQXhhWUY0UTVNawp4RGRyeVVIYVFMcmE4MHV2a3NKb0JPaUc0WmlkaTFrdjdSZ2pWSFhtQlh6NTUrUktJOWdKcVJGNitOVytHRXNZCk5KRjNRb0ZSTlVkY1U1UCttZGxUK3c4VnpiakRwWGpPeE5xbWdtVENXMVRGcmw3V0VsZ0cxdVBnRkoyeURCSmUKdWE2RjhxVkRhUFpkbVUzVEkwaEN1QnVCUmkvdUU0V1JTRUJrNFNZVFpGT01kVkMvRHJCYWRvK2xLNytPeTErYgpTRjFpWDZ5ODJ1dHRabTBnU01wdlNtR0ptamNZQXlwQy9YUUR5Si9JeWJJK2dIamRhVXIwaWVyR0E4OVhsdkFvCjNaQzVwRHA4RmZIS0dOdlQ4MFpNbCt2MGNLQVZqR2V2MDhpZFplMlpYQ29sbVkxS3NETXVJM2pIdVhmemNBbFcKV0RZd2lVaXJZSk1OCi0tLS0tRU5EIENFUlRJRklDQVRFLS0tLS0K"
              }
            ],
            "cluster_id": null,
            "created_at": "2025-01-16 17:10:26.216 +0000 UTC",
            "enabled_cluster_log_types": [
              "api",
              "audit",
              "authenticator"
            ],
            "encryption_config": [
              {
                "provider": [
                  {
                    "key_arn": "arn:aws:kms:eu-west-2:463470963000:key/ced54b38-8917-4dbc-bc28-e92b6b2ca3fc"
                  }
                ],
                "resources": [
                  "secrets"
                ]
              }
            ],
            "endpoint": "https://F3086B5989BEC1ABC91CB639525FD0E0.gr7.eu-west-2.eks.amazonaws.com",
            "id": "banking-eks",
            "identity": [
              {
                "oidc": [
                  {
                    "issuer": "https://oidc.eks.eu-west-2.amazonaws.com/id/F3086B5989BEC1ABC91CB639525FD0E0"
                  }
                ]
              }
            ],
            "kubernetes_network_config": [
              {
                "ip_family": "ipv4",
                "service_ipv4_cidr": "172.20.0.0/16",
                "service_ipv6_cidr": ""
              }
            ],
            "name": "banking-eks",
            "outpost_config": [],
            "platform_version": "eks.38",
            "role_arn": "arn:aws:iam::463470963000:role/banking-eks-cluster-2025011617013559850000000a",
            "status": "ACTIVE",
            "tags": {
              "Environment": "Dev",
              "Name": "EKS",
              "Project": "Global Bank Migration",
              "Terraform": "true"
            },
            "tags_all": {
              "Environment": "Dev",
              "Name": "EKS",
              "Project": "Global Bank Migration",
              "Terraform": "true"
            },
            "timeouts": {
              "create": null,
              "delete": null,
              "update": null
            },
            "upgrade_policy": [
              {
                "support_type": "EXTENDED"
              }
            ],
            "version": "1.27",
            "vpc_config": [
              {
                "cluster_security_group_id": "sg-0e6b5ae808bacdc7a",
                "endpoint_private_access": true,
                "endpoint_public_access": false,
                "public_access_cidrs": [
                  "0.0.0.0/0"
                ],
                "security_group_ids": [
                  "sg-02807379530a1cab2"
                ],
                "subnet_ids": [
                  "subnet-044eacaab33c9037c",
                  "subnet-07dcf14a9ff36c65f"
                ],
                "vpc_id": "vpc-0761bef65cc2a8335"
              }
            ]
          },
          "sensitive_attributes": [],
          "private": "eyJlMmJmYjczMC1lY2FhLTExZTYtOGY4OC0zNDM2M2JjN2M0YzAiOnsiY3JlYXRlIjoxODAwMDAwMDAwMDAwLCJkZWxldGUiOjkwMDAwMDAwMDAwMCwidXBkYXRlIjozNjAwMDAwMDAwMDAwfSwic2NoZW1hX3ZlcnNpb24iOiIxIn0=",
          "dependencies": [
            "module.eks.aws_cloudwatch_log_group.this",
            "module.eks.aws_iam_policy.cni_ipv6_policy",
            "module.eks.aws_iam_role.this",
            "module.eks.aws_iam_role_policy_attachment.this",
            "module.eks.aws_security_group.cluster",
            "module.eks.aws_security_group.node",
            "module.eks.aws_security_group_rule.cluster",
            "module.eks.aws_security_group_rule.node",
            "module.eks.data.aws_caller_identity.current",
            "module.eks.data.aws_iam_policy_document.assume_role_policy",
            "module.eks.data.aws_iam_policy_document.cni_ipv6_policy",
            "module.eks.data.aws_iam_session_context.current",
            "module.eks.data.aws_partition.current",
            "module.eks.module.kms.aws_kms_external_key.this",
            "module.eks.module.kms.aws_kms_key.this",
            "module.eks.module.kms.aws_kms_replica_external_key.this",
            "module.eks.module.kms.aws_kms_replica_key.this",
            "module.eks.module.kms.data.aws_caller_identity.current",
            "module.eks.module.kms.data.aws_iam_policy_document.this",
            "module.eks.module.kms.data.aws_partition.current",
            "module.vpcs.aws_subnet.private",
            "module.vpcs.aws_vpc.main"
          ],
          "create_before_destroy": true
        }
      ]
    },
    {
      "module": "module.eks",
      "mode": "managed",
      "type": "aws_iam_openid_connect_provider",
      "name": "oidc_provider",
      "provider": "provider[\"registry.terraform.io/hashicorp/aws\"]",
      "instances": [
        {
          "index_key": 0,
          "schema_version": 0,
          "attributes": {
            "arn": "arn:aws:iam::463470963000:oidc-provider/oidc.eks.eu-west-2.amazonaws.com/id/F3086B5989BEC1ABC91CB639525FD0E0",
            "client_id_list": [
              "sts.amazonaws.com"
            ],
            "id": "arn:aws:iam::463470963000:oidc-provider/oidc.eks.eu-west-2.amazonaws.com/id/F3086B5989BEC1ABC91CB639525FD0E0",
            "tags": {
              "Environment": "Dev",
              "Name": "EKS",
              "Project": "Global Bank Migration",
              "Terraform": "true"
            },
            "tags_all": {
              "Environment": "Dev",
              "Name": "EKS",
              "Project": "Global Bank Migration",
              "Terraform": "true"
            },
            "thumbprint_list": [
              "9e99a48a9960b14926bb7f3b02e22da2b0ab7280"
            ],
            "url": "oidc.eks.eu-west-2.amazonaws.com/id/F3086B5989BEC1ABC91CB639525FD0E0"
          },
          "sensitive_attributes": [],
          "private": "bnVsbA==",
          "dependencies": [
            "module.eks.aws_cloudwatch_log_group.this",
            "module.eks.aws_eks_cluster.this",
            "module.eks.aws_iam_policy.cni_ipv6_policy",
            "module.eks.aws_iam_role.this",
            "module.eks.aws_iam_role_policy_attachment.this",
            "module.eks.aws_security_group.cluster",
            "module.eks.aws_security_group.node",
            "module.eks.aws_security_group_rule.cluster",
            "module.eks.aws_security_group_rule.node",
            "module.eks.data.aws_caller_identity.current",
            "module.eks.data.aws_iam_policy_document.assume_role_policy",
            "module.eks.data.aws_iam_policy_document.cni_ipv6_policy",
            "module.eks.data.aws_iam_session_context.current",
            "module.eks.data.aws_partition.current",
            "module.eks.data.tls_certificate.this",
            "module.eks.module.kms.aws_kms_external_key.this",
            "module.eks.module.kms.aws_kms_key.this",
            "module.eks.module.kms.aws_kms_replica_external_key.this",
            "module.eks.module.kms.aws_kms_replica_key.this",
            "module.eks.module.kms.data.aws_caller_identity.current",
            "module.eks.module.kms.data.aws_iam_policy_document.this",
            "module.eks.module.kms.data.aws_partition.current",
            "module.vpcs.aws_subnet.private",
            "module.vpcs.aws_vpc.main"
          ]
        }
      ]
    },
    {
      "module": "module.eks",
      "mode": "managed",
      "type": "aws_iam_policy",
      "name": "cluster_encryption",
      "provider": "provider[\"registry.terraform.io/hashicorp/aws\"]",
      "instances": [
        {
          "index_key": 0,
          "schema_version": 0,
          "attributes": {
            "arn": "arn:aws:iam::463470963000:policy/banking-eks-cluster-ClusterEncryption20250116171020773500000036",
            "attachment_count": 0,
            "description": "Cluster encryption policy to allow cluster role to utilize CMK provided",
            "id": "arn:aws:iam::463470963000:policy/banking-eks-cluster-ClusterEncryption20250116171020773500000036",
            "name": "banking-eks-cluster-ClusterEncryption20250116171020773500000036",
            "name_prefix": "banking-eks-cluster-ClusterEncryption",
            "path": "/",
            "policy": "{\"Statement\":[{\"Action\":[\"kms:Encrypt\",\"kms:Decrypt\",\"kms:ListGrants\",\"kms:DescribeKey\"],\"Effect\":\"Allow\",\"Resource\":\"arn:aws:kms:eu-west-2:463470963000:key/ced54b38-8917-4dbc-bc28-e92b6b2ca3fc\"}],\"Version\":\"2012-10-17\"}",
            "policy_id": "ANPAWX2IFVE4PMJP7TJWE",
            "tags": {
              "Environment": "Dev",
              "Name": "EKS",
              "Project": "Global Bank Migration",
              "Terraform": "true"
            },
            "tags_all": {
              "Environment": "Dev",
              "Name": "EKS",
              "Project": "Global Bank Migration",
              "Terraform": "true"
            }
          },
          "sensitive_attributes": [],
          "private": "bnVsbA==",
          "dependencies": [
            "module.eks.aws_iam_role.this",
            "module.eks.data.aws_caller_identity.current",
            "module.eks.data.aws_iam_policy_document.assume_role_policy",
            "module.eks.data.aws_iam_session_context.current",
            "module.eks.data.aws_partition.current",
            "module.eks.module.kms.aws_kms_external_key.this",
            "module.eks.module.kms.aws_kms_key.this",
            "module.eks.module.kms.aws_kms_replica_external_key.this",
            "module.eks.module.kms.aws_kms_replica_key.this",
            "module.eks.module.kms.data.aws_caller_identity.current",
            "module.eks.module.kms.data.aws_iam_policy_document.this",
            "module.eks.module.kms.data.aws_partition.current"
          ]
        }
      ]
    },
    {
      "module": "module.eks",
      "mode": "managed",
      "type": "aws_iam_policy",
      "name": "cni_ipv6_policy",
      "provider": "provider[\"registry.terraform.io/hashicorp/aws\"]",
      "instances": []
    },
    {
      "module": "module.eks",
      "mode": "managed",
      "type": "aws_iam_role",
      "name": "this",
      "provider": "provider[\"registry.terraform.io/hashicorp/aws\"]",
      "instances": [
        {
          "index_key": 0,
          "schema_version": 0,
          "attributes": {
            "arn": "arn:aws:iam::463470963000:role/banking-eks-cluster-2025011617013559850000000a",
            "assume_role_policy": "{\"Statement\":[{\"Action\":\"sts:AssumeRole\",\"Effect\":\"Allow\",\"Principal\":{\"Service\":\"eks.amazonaws.com\"},\"Sid\":\"EKSClusterAssumeRole\"}],\"Version\":\"2012-10-17\"}",
            "create_date": "2025-01-16T17:01:35Z",
            "description": "",
            "force_detach_policies": true,
            "id": "banking-eks-cluster-2025011617013559850000000a",
            "inline_policy": [
              {
                "name": "banking-eks-cluster",
                "policy": "{\"Version\":\"2012-10-17\",\"Statement\":[{\"Action\":[\"logs:CreateLogGroup\"],\"Effect\":\"Deny\",\"Resource\":\"*\"}]}"
              }
            ],
            "managed_policy_arns": [],
            "max_session_duration": 3600,
            "name": "banking-eks-cluster-2025011617013559850000000a",
            "name_prefix": "banking-eks-cluster-",
            "path": "/",
            "permissions_boundary": "",
            "tags": {
              "Environment": "Dev",
              "Name": "EKS",
              "Project": "Global Bank Migration",
              "Terraform": "true"
            },
            "tags_all": {
              "Environment": "Dev",
              "Name": "EKS",
              "Project": "Global Bank Migration",
              "Terraform": "true"
            },
            "unique_id": "AROAWX2IFVE4BZRBEN6TH"
          },
          "sensitive_attributes": [],
          "private": "bnVsbA==",
          "dependencies": [
            "module.eks.data.aws_iam_policy_document.assume_role_policy",
            "module.eks.data.aws_partition.current"
          ],
          "create_before_destroy": true
        }
      ]
    },
    {
      "module": "module.eks",
      "mode": "managed",
      "type": "aws_iam_role_policy_attachment",
      "name": "cluster_encryption",
      "provider": "provider[\"registry.terraform.io/hashicorp/aws\"]",
      "instances": [
        {
          "index_key": 0,
          "schema_version": 0,
          "attributes": {
            "id": "banking-eks-cluster-2025011617013559850000000a-20250116171028872200000039",
            "policy_arn": "arn:aws:iam::463470963000:policy/banking-eks-cluster-ClusterEncryption20250116171020773500000036",
            "role": "banking-eks-cluster-2025011617013559850000000a"
          },
          "sensitive_attributes": [],
          "private": "bnVsbA==",
          "dependencies": [
            "module.eks.aws_iam_policy.cluster_encryption",
            "module.eks.aws_iam_role.this",
            "module.eks.data.aws_caller_identity.current",
            "module.eks.data.aws_iam_policy_document.assume_role_policy",
            "module.eks.data.aws_iam_session_context.current",
            "module.eks.data.aws_partition.current",
            "module.eks.module.kms.aws_kms_external_key.this",
            "module.eks.module.kms.aws_kms_key.this",
            "module.eks.module.kms.aws_kms_replica_external_key.this",
            "module.eks.module.kms.aws_kms_replica_key.this",
            "module.eks.module.kms.data.aws_caller_identity.current",
            "module.eks.module.kms.data.aws_iam_policy_document.this",
            "module.eks.module.kms.data.aws_partition.current"
          ]
        }
      ]
    },
    {
      "module": "module.eks",
      "mode": "managed",
      "type": "aws_iam_role_policy_attachment",
      "name": "this",
      "provider": "provider[\"registry.terraform.io/hashicorp/aws\"]",
      "instances": [
        {
          "index_key": "AmazonEKSClusterPolicy",
          "schema_version": 0,
          "attributes": {
            "id": "banking-eks-cluster-2025011617013559850000000a-2025011617015985790000001a",
            "policy_arn": "arn:aws:iam::aws:policy/AmazonEKSClusterPolicy",
            "role": "banking-eks-cluster-2025011617013559850000000a"
          },
          "sensitive_attributes": [],
          "private": "bnVsbA==",
          "dependencies": [
            "module.eks.aws_iam_role.this",
            "module.eks.data.aws_iam_policy_document.assume_role_policy",
            "module.eks.data.aws_partition.current"
          ],
          "create_before_destroy": true
        },
        {
          "index_key": "AmazonEKSVPCResourceController",
          "schema_version": 0,
          "attributes": {
            "id": "banking-eks-cluster-2025011617013559850000000a-20250116170159564300000019",
            "policy_arn": "arn:aws:iam::aws:policy/AmazonEKSVPCResourceController",
            "role": "banking-eks-cluster-2025011617013559850000000a"
          },
          "sensitive_attributes": [],
          "private": "bnVsbA==",
          "dependencies": [
            "module.eks.aws_iam_role.this",
            "module.eks.data.aws_iam_policy_document.assume_role_policy",
            "module.eks.data.aws_partition.current"
          ],
          "create_before_destroy": true
        }
      ]
    },
    {
      "module": "module.eks",
      "mode": "managed",
      "type": "aws_security_group",
      "name": "cluster",
      "provider": "provider[\"registry.terraform.io/hashicorp/aws\"]",
      "instances": [
        {
          "index_key": 0,
          "schema_version": 1,
          "attributes": {
            "arn": "arn:aws:ec2:eu-west-2:463470963000:security-group/sg-02807379530a1cab2",
            "description": "EKS cluster security group",
            "egress": [],
            "id": "sg-02807379530a1cab2",
            "ingress": [],
            "name": "banking-eks-cluster-20250116170207309000000022",
            "name_prefix": "banking-eks-cluster-",
            "owner_id": "463470963000",
            "revoke_rules_on_delete": false,
            "tags": {
              "Environment": "Dev",
              "Name": "banking-eks-cluster",
              "Project": "Global Bank Migration",
              "Terraform": "true"
            },
            "tags_all": {
              "Environment": "Dev",
              "Name": "banking-eks-cluster",
              "Project": "Global Bank Migration",
              "Terraform": "true"
            },
            "timeouts": null,
            "vpc_id": "vpc-0761bef65cc2a8335"
          },
          "sensitive_attributes": [],
          "private": "eyJlMmJmYjczMC1lY2FhLTExZTYtOGY4OC0zNDM2M2JjN2M0YzAiOnsiY3JlYXRlIjo2MDAwMDAwMDAwMDAsImRlbGV0ZSI6OTAwMDAwMDAwMDAwfSwic2NoZW1hX3ZlcnNpb24iOiIxIn0=",
          "dependencies": [
            "module.vpcs.aws_vpc.main"
          ],
          "create_before_destroy": true
        }
      ]
    },
    {
      "module": "module.eks",
      "mode": "managed",
      "type": "aws_security_group",
      "name": "node",
      "provider": "provider[\"registry.terraform.io/hashicorp/aws\"]",
      "instances": [
        {
          "index_key": 0,
          "schema_version": 1,
          "attributes": {
            "arn": "arn:aws:ec2:eu-west-2:463470963000:security-group/sg-05fe92722bd82ae25",
            "description": "EKS node shared security group",
            "egress": [],
            "id": "sg-05fe92722bd82ae25",
            "ingress": [],
            "name": "banking-eks-node-20250116170207393500000023",
            "name_prefix": "banking-eks-node-",
            "owner_id": "463470963000",
            "revoke_rules_on_delete": false,
            "tags": {
              "Environment": "Dev",
              "Name": "banking-eks-node",
              "Project": "Global Bank Migration",
              "Terraform": "true",
              "kubernetes.io/cluster/banking-eks": "owned"
            },
            "tags_all": {
              "Environment": "Dev",
              "Name": "banking-eks-node",
              "Project": "Global Bank Migration",
              "Terraform": "true",
              "kubernetes.io/cluster/banking-eks": "owned"
            },
            "timeouts": null,
            "vpc_id": "vpc-0761bef65cc2a8335"
          },
          "sensitive_attributes": [],
          "private": "eyJlMmJmYjczMC1lY2FhLTExZTYtOGY4OC0zNDM2M2JjN2M0YzAiOnsiY3JlYXRlIjo2MDAwMDAwMDAwMDAsImRlbGV0ZSI6OTAwMDAwMDAwMDAwfSwic2NoZW1hX3ZlcnNpb24iOiIxIn0=",
          "dependencies": [
            "module.vpcs.aws_vpc.main"
          ],
          "create_before_destroy": true
        }
      ]
    },
    {
      "module": "module.eks",
      "mode": "managed",
      "type": "aws_security_group_rule",
      "name": "cluster",
      "provider": "provider[\"registry.terraform.io/hashicorp/aws\"]",
      "instances": [
        {
          "index_key": "ingress_nodes_443",
          "schema_version": 2,
          "attributes": {
            "cidr_blocks": null,
            "description": "Node groups to cluster API",
            "from_port": 443,
            "id": "sgrule-3002784103",
            "ipv6_cidr_blocks": null,
            "prefix_list_ids": null,
            "protocol": "tcp",
            "security_group_id": "sg-02807379530a1cab2",
            "security_group_rule_id": "sgr-081440e8fd0274086",
            "self": false,
            "source_security_group_id": "sg-05fe92722bd82ae25",
            "timeouts": null,
            "to_port": 443,
            "type": "ingress"
          },
          "sensitive_attributes": [],
          "private": "eyJlMmJmYjczMC1lY2FhLTExZTYtOGY4OC0zNDM2M2JjN2M0YzAiOnsiY3JlYXRlIjozMDAwMDAwMDAwMDB9LCJzY2hlbWFfdmVyc2lvbiI6IjIifQ==",
          "dependencies": [
            "module.eks.aws_security_group.cluster",
            "module.eks.aws_security_group.node",
            "module.vpcs.aws_vpc.main"
          ],
          "create_before_destroy": true
        }
      ]
    },
    {
      "module": "module.eks",
      "mode": "managed",
      "type": "aws_security_group_rule",
      "name": "node",
      "provider": "provider[\"registry.terraform.io/hashicorp/aws\"]",
      "instances": [
        {
          "index_key": "egress_all",
          "schema_version": 2,
          "attributes": {
            "cidr_blocks": [
              "0.0.0.0/0"
            ],
            "description": "Allow all egress",
            "from_port": 0,
            "id": "sgrule-3740835941",
            "ipv6_cidr_blocks": null,
            "prefix_list_ids": [],
            "protocol": "-1",
            "security_group_id": "sg-05fe92722bd82ae25",
            "security_group_rule_id": "sgr-0c832d67df2131fb9",
            "self": false,
            "source_security_group_id": null,
            "timeouts": null,
            "to_port": 0,
            "type": "egress"
          },
          "sensitive_attributes": [],
          "private": "eyJlMmJmYjczMC1lY2FhLTExZTYtOGY4OC0zNDM2M2JjN2M0YzAiOnsiY3JlYXRlIjozMDAwMDAwMDAwMDB9LCJzY2hlbWFfdmVyc2lvbiI6IjIifQ==",
          "dependencies": [
            "module.eks.aws_security_group.cluster",
            "module.eks.aws_security_group.node",
            "module.vpcs.aws_vpc.main"
          ],
          "create_before_destroy": true
        },
        {
          "index_key": "ingress_cluster_443",
          "schema_version": 2,
          "attributes": {
            "cidr_blocks": null,
            "description": "Cluster API to node groups",
            "from_port": 443,
            "id": "sgrule-265196398",
            "ipv6_cidr_blocks": null,
            "prefix_list_ids": [],
            "protocol": "tcp",
            "security_group_id": "sg-05fe92722bd82ae25",
            "security_group_rule_id": "sgr-0c0f06ad20b6d2243",
            "self": false,
            "source_security_group_id": "sg-02807379530a1cab2",
            "timeouts": null,
            "to_port": 443,
            "type": "ingress"
          },
          "sensitive_attributes": [],
          "private": "eyJlMmJmYjczMC1lY2FhLTExZTYtOGY4OC0zNDM2M2JjN2M0YzAiOnsiY3JlYXRlIjozMDAwMDAwMDAwMDB9LCJzY2hlbWFfdmVyc2lvbiI6IjIifQ==",
          "dependencies": [
            "module.eks.aws_security_group.cluster",
            "module.eks.aws_security_group.node",
            "module.vpcs.aws_vpc.main"
          ],
          "create_before_destroy": true
        },
        {
          "index_key": "ingress_cluster_4443_webhook",
          "schema_version": 2,
          "attributes": {
            "cidr_blocks": null,
            "description": "Cluster API to node 4443/tcp webhook",
            "from_port": 4443,
            "id": "sgrule-4198638313",
            "ipv6_cidr_blocks": null,
            "prefix_list_ids": [],
            "protocol": "tcp",
            "security_group_id": "sg-05fe92722bd82ae25",
            "security_group_rule_id": "sgr-0eb37463e33e86918",
            "self": false,
            "source_security_group_id": "sg-02807379530a1cab2",
            "timeouts": null,
            "to_port": 4443,
            "type": "ingress"
          },
          "sensitive_attributes": [],
          "private": "eyJlMmJmYjczMC1lY2FhLTExZTYtOGY4OC0zNDM2M2JjN2M0YzAiOnsiY3JlYXRlIjozMDAwMDAwMDAwMDB9LCJzY2hlbWFfdmVyc2lvbiI6IjIifQ==",
          "dependencies": [
            "module.eks.aws_security_group.cluster",
            "module.eks.aws_security_group.node",
            "module.vpcs.aws_vpc.main"
          ],
          "create_before_destroy": true
        },
        {
          "index_key": "ingress_cluster_6443_webhook",
          "schema_version": 2,
          "attributes": {
            "cidr_blocks": null,
            "description": "Cluster API to node 6443/tcp webhook",
            "from_port": 6443,
            "id": "sgrule-855655807",
            "ipv6_cidr_blocks": null,
            "prefix_list_ids": [],
            "protocol": "tcp",
            "security_group_id": "sg-05fe92722bd82ae25",
            "security_group_rule_id": "sgr-0f8162b2bd68a99b4",
            "self": false,
            "source_security_group_id": "sg-02807379530a1cab2",
            "timeouts": null,
            "to_port": 6443,
            "type": "ingress"
          },
          "sensitive_attributes": [],
          "private": "eyJlMmJmYjczMC1lY2FhLTExZTYtOGY4OC0zNDM2M2JjN2M0YzAiOnsiY3JlYXRlIjozMDAwMDAwMDAwMDB9LCJzY2hlbWFfdmVyc2lvbiI6IjIifQ==",
          "dependencies": [
            "module.eks.aws_security_group.cluster",
            "module.eks.aws_security_group.node",
            "module.vpcs.aws_vpc.main"
          ],
          "create_before_destroy": true
        },
        {
          "index_key": "ingress_cluster_8443_webhook",
          "schema_version": 2,
          "attributes": {
            "cidr_blocks": null,
            "description": "Cluster API to node 8443/tcp webhook",
            "from_port": 8443,
            "id": "sgrule-542931294",
            "ipv6_cidr_blocks": null,
            "prefix_list_ids": [],
            "protocol": "tcp",
            "security_group_id": "sg-05fe92722bd82ae25",
            "security_group_rule_id": "sgr-05d415df2ce97a413",
            "self": false,
            "source_security_group_id": "sg-02807379530a1cab2",
            "timeouts": null,
            "to_port": 8443,
            "type": "ingress"
          },
          "sensitive_attributes": [],
          "private": "eyJlMmJmYjczMC1lY2FhLTExZTYtOGY4OC0zNDM2M2JjN2M0YzAiOnsiY3JlYXRlIjozMDAwMDAwMDAwMDB9LCJzY2hlbWFfdmVyc2lvbiI6IjIifQ==",
          "dependencies": [
            "module.eks.aws_security_group.cluster",
            "module.eks.aws_security_group.node",
            "module.vpcs.aws_vpc.main"
          ],
          "create_before_destroy": true
        },
        {
          "index_key": "ingress_cluster_9443_webhook",
          "schema_version": 2,
          "attributes": {
            "cidr_blocks": null,
            "description": "Cluster API to node 9443/tcp webhook",
            "from_port": 9443,
            "id": "sgrule-1157450389",
            "ipv6_cidr_blocks": null,
            "prefix_list_ids": [],
            "protocol": "tcp",
            "security_group_id": "sg-05fe92722bd82ae25",
            "security_group_rule_id": "sgr-051bf025c842482f1",
            "self": false,
            "source_security_group_id": "sg-02807379530a1cab2",
            "timeouts": null,
            "to_port": 9443,
            "type": "ingress"
          },
          "sensitive_attributes": [],
          "private": "eyJlMmJmYjczMC1lY2FhLTExZTYtOGY4OC0zNDM2M2JjN2M0YzAiOnsiY3JlYXRlIjozMDAwMDAwMDAwMDB9LCJzY2hlbWFfdmVyc2lvbiI6IjIifQ==",
          "dependencies": [
            "module.eks.aws_security_group.cluster",
            "module.eks.aws_security_group.node",
            "module.vpcs.aws_vpc.main"
          ],
          "create_before_destroy": true
        },
        {
          "index_key": "ingress_cluster_kubelet",
          "schema_version": 2,
          "attributes": {
            "cidr_blocks": null,
            "description": "Cluster API to node kubelets",
            "from_port": 10250,
            "id": "sgrule-2306903421",
            "ipv6_cidr_blocks": null,
            "prefix_list_ids": [],
            "protocol": "tcp",
            "security_group_id": "sg-05fe92722bd82ae25",
            "security_group_rule_id": "sgr-0bb59bc7b2af33fcd",
            "self": false,
            "source_security_group_id": "sg-02807379530a1cab2",
            "timeouts": null,
            "to_port": 10250,
            "type": "ingress"
          },
          "sensitive_attributes": [],
          "private": "eyJlMmJmYjczMC1lY2FhLTExZTYtOGY4OC0zNDM2M2JjN2M0YzAiOnsiY3JlYXRlIjozMDAwMDAwMDAwMDB9LCJzY2hlbWFfdmVyc2lvbiI6IjIifQ==",
          "dependencies": [
            "module.eks.aws_security_group.cluster",
            "module.eks.aws_security_group.node",
            "module.vpcs.aws_vpc.main"
          ],
          "create_before_destroy": true
        },
        {
          "index_key": "ingress_nodes_ephemeral",
          "schema_version": 2,
          "attributes": {
            "cidr_blocks": null,
            "description": "Node to node ingress on ephemeral ports",
            "from_port": 1025,
            "id": "sgrule-4236084402",
            "ipv6_cidr_blocks": null,
            "prefix_list_ids": [],
            "protocol": "tcp",
            "security_group_id": "sg-05fe92722bd82ae25",
            "security_group_rule_id": "sgr-09629b71e2afdf0a5",
            "self": true,
            "source_security_group_id": null,
            "timeouts": null,
            "to_port": 65535,
            "type": "ingress"
          },
          "sensitive_attributes": [],
          "private": "eyJlMmJmYjczMC1lY2FhLTExZTYtOGY4OC0zNDM2M2JjN2M0YzAiOnsiY3JlYXRlIjozMDAwMDAwMDAwMDB9LCJzY2hlbWFfdmVyc2lvbiI6IjIifQ==",
          "dependencies": [
            "module.eks.aws_security_group.cluster",
            "module.eks.aws_security_group.node",
            "module.vpcs.aws_vpc.main"
          ],
          "create_before_destroy": true
        },
        {
          "index_key": "ingress_self_coredns_tcp",
          "schema_version": 2,
          "attributes": {
            "cidr_blocks": null,
            "description": "Node to node CoreDNS",
            "from_port": 53,
            "id": "sgrule-888135589",
            "ipv6_cidr_blocks": null,
            "prefix_list_ids": [],
            "protocol": "tcp",
            "security_group_id": "sg-05fe92722bd82ae25",
            "security_group_rule_id": "sgr-0edf99b8b5029edfe",
            "self": true,
            "source_security_group_id": null,
            "timeouts": null,
            "to_port": 53,
            "type": "ingress"
          },
          "sensitive_attributes": [],
          "private": "eyJlMmJmYjczMC1lY2FhLTExZTYtOGY4OC0zNDM2M2JjN2M0YzAiOnsiY3JlYXRlIjozMDAwMDAwMDAwMDB9LCJzY2hlbWFfdmVyc2lvbiI6IjIifQ==",
          "dependencies": [
            "module.eks.aws_security_group.cluster",
            "module.eks.aws_security_group.node",
            "module.vpcs.aws_vpc.main"
          ],
          "create_before_destroy": true
        },
        {
          "index_key": "ingress_self_coredns_udp",
          "schema_version": 2,
          "attributes": {
            "cidr_blocks": null,
            "description": "Node to node CoreDNS UDP",
            "from_port": 53,
            "id": "sgrule-2427485258",
            "ipv6_cidr_blocks": null,
            "prefix_list_ids": [],
            "protocol": "udp",
            "security_group_id": "sg-05fe92722bd82ae25",
            "security_group_rule_id": "sgr-056f07a1a0254a1f8",
            "self": true,
            "source_security_group_id": null,
            "timeouts": null,
            "to_port": 53,
            "type": "ingress"
          },
          "sensitive_attributes": [],
          "private": "eyJlMmJmYjczMC1lY2FhLTExZTYtOGY4OC0zNDM2M2JjN2M0YzAiOnsiY3JlYXRlIjozMDAwMDAwMDAwMDB9LCJzY2hlbWFfdmVyc2lvbiI6IjIifQ==",
          "dependencies": [
            "module.eks.aws_security_group.cluster",
            "module.eks.aws_security_group.node",
            "module.vpcs.aws_vpc.main"
          ],
          "create_before_destroy": true
        }
      ]
    },
    {
      "module": "module.eks",
      "mode": "managed",
      "type": "time_sleep",
      "name": "this",
      "provider": "provider[\"registry.terraform.io/hashicorp/time\"]",
      "instances": [
        {
          "index_key": 0,
          "schema_version": 0,
          "attributes": {
            "create_duration": "30s",
            "destroy_duration": null,
            "id": "2025-01-16T17:20:07Z",
            "triggers": {
              "cluster_certificate_authority_data": "LS0tLS1CRUdJTiBDRVJUSUZJQ0FURS0tLS0tCk1JSURCVENDQWUyZ0F3SUJBZ0lJRW9IRFEwejZNZU13RFFZSktvWklodmNOQVFFTEJRQXdGVEVUTUJFR0ExVUUKQXhNS2EzVmlaWEp1WlhSbGN6QWVGdzB5TlRBeE1UWXhOekE1TVRGYUZ3MHpOVEF4TVRReE56RTBNVEZhTUJVeApFekFSQmdOVkJBTVRDbXQxWW1WeWJtVjBaWE13Z2dFaU1BMEdDU3FHU0liM0RRRUJBUVVBQTRJQkR3QXdnZ0VLCkFvSUJBUUNrWkJaL0lsMmdLRDJFbVlhYmJ5ZlorM0owd2s3ODJHMTIxYmd4S2hONmljbk5oNVZPbSt1b3RpbG0KR3p6Zko5a2xHM0xJUSsvSktXQjQrSDJmZ3BueVowWjBEUHE3MXhqd2Q1dG90ZDlyVTVyNm5PUkFMNWd6bWVoMgozUW4yRlpyU0xtODlFNTlodjNvelNhTmo5emFLOWxhR0h4TFhtTS9PTlJLU3pJNWhnS0oyNlVkaXFabVphZ0hHCm1Za0Y2dWxDZWpremFoek5jc3FTQWNvR1FWMEo5MEUrNExDSjFraTFYTFdRUW94YmVhYVJOYjhta2kzU0NYYkoKT1ZLYUk0V0VjOUtxNWRPM3d5UUVDendrZGZrTGlDVERPUm13a0pPYWlCS1ZNRnBCZ1hXd2djWHJHZlJpcXZ4ZQpwQmZ4TjhSVmdSMDBUSUtEV2tZUCtrYkxLVzlkQWdNQkFBR2pXVEJYTUE0R0ExVWREd0VCL3dRRUF3SUNwREFQCkJnTlZIUk1CQWY4RUJUQURBUUgvTUIwR0ExVWREZ1FXQkJTd0kvUDFRcldpODdHRDlqU0IrVytObmxpL1BqQVYKQmdOVkhSRUVEakFNZ2dwcmRXSmxjbTVsZEdWek1BMEdDU3FHU0liM0RRRUJDd1VBQTRJQkFRQXhhWUY0UTVNawp4RGRyeVVIYVFMcmE4MHV2a3NKb0JPaUc0WmlkaTFrdjdSZ2pWSFhtQlh6NTUrUktJOWdKcVJGNitOVytHRXNZCk5KRjNRb0ZSTlVkY1U1UCttZGxUK3c4VnpiakRwWGpPeE5xbWdtVENXMVRGcmw3V0VsZ0cxdVBnRkoyeURCSmUKdWE2RjhxVkRhUFpkbVUzVEkwaEN1QnVCUmkvdUU0V1JTRUJrNFNZVFpGT01kVkMvRHJCYWRvK2xLNytPeTErYgpTRjFpWDZ5ODJ1dHRabTBnU01wdlNtR0ptamNZQXlwQy9YUUR5Si9JeWJJK2dIamRhVXIwaWVyR0E4OVhsdkFvCjNaQzVwRHA4RmZIS0dOdlQ4MFpNbCt2MGNLQVZqR2V2MDhpZFplMlpYQ29sbVkxS3NETXVJM2pIdVhmemNBbFcKV0RZd2lVaXJZSk1OCi0tLS0tRU5EIENFUlRJRklDQVRFLS0tLS0K",
              "cluster_endpoint": "https://F3086B5989BEC1ABC91CB639525FD0E0.gr7.eu-west-2.eks.amazonaws.com",
              "cluster_name": "banking-eks",
              "cluster_version": "1.27"
            }
          },
          "sensitive_attributes": [],
          "dependencies": [
            "module.eks.aws_cloudwatch_log_group.this",
            "module.eks.aws_eks_cluster.this",
            "module.eks.aws_iam_policy.cni_ipv6_policy",
            "module.eks.aws_iam_role.this",
            "module.eks.aws_iam_role_policy_attachment.this",
            "module.eks.aws_security_group.cluster",
            "module.eks.aws_security_group.node",
            "module.eks.aws_security_group_rule.cluster",
            "module.eks.aws_security_group_rule.node",
            "module.eks.data.aws_caller_identity.current",
            "module.eks.data.aws_iam_policy_document.assume_role_policy",
            "module.eks.data.aws_iam_policy_document.cni_ipv6_policy",
            "module.eks.data.aws_iam_session_context.current",
            "module.eks.data.aws_partition.current",
            "module.eks.module.kms.aws_kms_external_key.this",
            "module.eks.module.kms.aws_kms_key.this",
            "module.eks.module.kms.aws_kms_replica_external_key.this",
            "module.eks.module.kms.aws_kms_replica_key.this",
            "module.eks.module.kms.data.aws_caller_identity.current",
            "module.eks.module.kms.data.aws_iam_policy_document.this",
            "module.eks.module.kms.data.aws_partition.current",
            "module.vpcs.aws_subnet.private",
            "module.vpcs.aws_vpc.main"
          ],
          "create_before_destroy": true
        }
      ]
    },
    {
      "module": "module.eks.module.eks_managed_node_group[\"general\"]",
      "mode": "data",
      "type": "aws_caller_identity",
      "name": "current",
      "provider": "provider[\"registry.terraform.io/hashicorp/aws\"]",
      "instances": [
        {
          "schema_version": 0,
          "attributes": {
            "account_id": "463470963000",
            "arn": "arn:aws:iam::463470963000:root",
            "id": "463470963000",
            "user_id": "463470963000"
          },
          "sensitive_attributes": []
        }
      ]
    },
    {
      "module": "module.eks.module.eks_managed_node_group[\"general\"]",
      "mode": "data",
      "type": "aws_iam_policy_document",
      "name": "assume_role_policy",
      "provider": "provider[\"registry.terraform.io/hashicorp/aws\"]",
      "instances": [
        {
          "index_key": 0,
          "schema_version": 0,
          "attributes": {
            "id": "2560088296",
            "json": "{\n  \"Version\": \"2012-10-17\",\n  \"Statement\": [\n    {\n      \"Sid\": \"EKSNodeAssumeRole\",\n      \"Effect\": \"Allow\",\n      \"Action\": \"sts:AssumeRole\",\n      \"Principal\": {\n        \"Service\": \"ec2.amazonaws.com\"\n      }\n    }\n  ]\n}",
            "minified_json": "{\"Version\":\"2012-10-17\",\"Statement\":[{\"Sid\":\"EKSNodeAssumeRole\",\"Effect\":\"Allow\",\"Action\":\"sts:AssumeRole\",\"Principal\":{\"Service\":\"ec2.amazonaws.com\"}}]}",
            "override_json": null,
            "override_policy_documents": null,
            "policy_id": null,
            "source_json": null,
            "source_policy_documents": null,
            "statement": [
              {
                "actions": [
                  "sts:AssumeRole"
                ],
                "condition": [],
                "effect": "Allow",
                "not_actions": [],
                "not_principals": [],
                "not_resources": [],
                "principals": [
                  {
                    "identifiers": [
                      "ec2.amazonaws.com"
                    ],
                    "type": "Service"
                  }
                ],
                "resources": [],
                "sid": "EKSNodeAssumeRole"
              }
            ],
            "version": "2012-10-17"
          },
          "sensitive_attributes": []
        }
      ]
    },
    {
      "module": "module.eks.module.eks_managed_node_group[\"general\"]",
      "mode": "data",
      "type": "aws_partition",
      "name": "current",
      "provider": "provider[\"registry.terraform.io/hashicorp/aws\"]",
      "instances": [
        {
          "schema_version": 0,
          "attributes": {
            "dns_suffix": "amazonaws.com",
            "id": "aws",
            "partition": "aws",
            "reverse_dns_prefix": "com.amazonaws"
          },
          "sensitive_attributes": []
        }
      ]
    },
    {
      "module": "module.eks.module.eks_managed_node_group[\"general\"]",
      "mode": "managed",
      "type": "aws_eks_node_group",
      "name": "this",
      "provider": "provider[\"registry.terraform.io/hashicorp/aws\"]",
      "instances": [
        {
          "index_key": 0,
          "status": "tainted",
          "schema_version": 0,
          "attributes": {
            "ami_type": null,
            "arn": null,
            "capacity_type": "ON_DEMAND",
            "cluster_name": "banking-eks",
            "disk_size": null,
            "force_update_version": null,
            "id": "banking-eks:general-2025011617200798500000003e",
            "instance_types": [
              "t3.medium"
            ],
            "labels": null,
            "launch_template": [
              {
                "id": "lt-05718cff0da47473f",
                "name": "",
                "version": "1"
              }
            ],
            "node_group_name": null,
            "node_group_name_prefix": "general-",
            "node_role_arn": "arn:aws:iam::463470963000:role/general-eks-node-group-20250116170134938100000007",
            "release_version": null,
            "remote_access": [],
            "resources": null,
            "scaling_config": [
              {
                "desired_size": 2,
                "max_size": 3,
                "min_size": 1
              }
            ],
            "status": null,
            "subnet_ids": [
              "subnet-044eacaab33c9037c",
              "subnet-07dcf14a9ff36c65f"
            ],
            "tags": {
              "Environment": "Dev",
              "Name": "general",
              "Project": "Global Bank Migration",
              "Terraform": "true"
            },
            "tags_all": {
              "Environment": "Dev",
              "Name": "general",
              "Project": "Global Bank Migration",
              "Terraform": "true"
            },
            "taint": [],
            "timeouts": {
              "create": null,
              "delete": null,
              "update": null
            },
            "update_config": [
              {
                "max_unavailable": 0,
                "max_unavailable_percentage": 33
              }
            ],
            "version": "1.27"
          },
          "sensitive_attributes": [],
          "private": "eyJlMmJmYjczMC1lY2FhLTExZTYtOGY4OC0zNDM2M2JjN2M0YzAiOnsiY3JlYXRlIjozNjAwMDAwMDAwMDAwLCJkZWxldGUiOjM2MDAwMDAwMDAwMDAsInVwZGF0ZSI6MzYwMDAwMDAwMDAwMH19",
          "dependencies": [
            "module.eks.aws_cloudwatch_log_group.this",
            "module.eks.aws_eks_cluster.this",
            "module.eks.aws_iam_policy.cni_ipv6_policy",
            "module.eks.aws_iam_role.this",
            "module.eks.aws_iam_role_policy_attachment.this",
            "module.eks.aws_security_group.cluster",
            "module.eks.aws_security_group.node",
            "module.eks.aws_security_group_rule.cluster",
            "module.eks.aws_security_group_rule.node",
            "module.eks.data.aws_caller_identity.current",
            "module.eks.data.aws_iam_policy_document.assume_role_policy",
            "module.eks.data.aws_iam_policy_document.cni_ipv6_policy",
            "module.eks.data.aws_iam_session_context.current",
            "module.eks.data.aws_partition.current",
            "module.eks.module.eks_managed_node_group.aws_iam_role.this",
            "module.eks.module.eks_managed_node_group.aws_iam_role_policy_attachment.this",
            "module.eks.module.eks_managed_node_group.aws_launch_template.this",
            "module.eks.module.eks_managed_node_group.data.aws_caller_identity.current",
            "module.eks.module.eks_managed_node_group.data.aws_iam_policy_document.assume_role_policy",
            "module.eks.module.eks_managed_node_group.data.aws_partition.current",
            "module.eks.module.eks_managed_node_group.module.user_data.data.cloudinit_config.linux_eks_managed_node_group",
            "module.eks.module.kms.aws_kms_external_key.this",
            "module.eks.module.kms.aws_kms_key.this",
            "module.eks.module.kms.aws_kms_replica_external_key.this",
            "module.eks.module.kms.aws_kms_replica_key.this",
            "module.eks.module.kms.data.aws_caller_identity.current",
            "module.eks.module.kms.data.aws_iam_policy_document.this",
            "module.eks.module.kms.data.aws_partition.current",
            "module.eks.time_sleep.this",
            "module.vpcs.aws_subnet.private",
            "module.vpcs.aws_vpc.main"
          ],
          "create_before_destroy": true
        }
      ]
    },
    {
      "module": "module.eks.module.eks_managed_node_group[\"general\"]",
      "mode": "managed",
      "type": "aws_iam_role",
      "name": "this",
      "provider": "provider[\"registry.terraform.io/hashicorp/aws\"]",
      "instances": [
        {
          "index_key": 0,
          "schema_version": 0,
          "attributes": {
            "arn": "arn:aws:iam::463470963000:role/general-eks-node-group-20250116170134938100000007",
            "assume_role_policy": "{\"Statement\":[{\"Action\":\"sts:AssumeRole\",\"Effect\":\"Allow\",\"Principal\":{\"Service\":\"ec2.amazonaws.com\"},\"Sid\":\"EKSNodeAssumeRole\"}],\"Version\":\"2012-10-17\"}",
            "create_date": "2025-01-16T17:01:35Z",
            "description": "EKS managed node group IAM role",
            "force_detach_policies": true,
            "id": "general-eks-node-group-20250116170134938100000007",
            "inline_policy": [],
            "managed_policy_arns": [],
            "max_session_duration": 3600,
            "name": "general-eks-node-group-20250116170134938100000007",
            "name_prefix": "general-eks-node-group-",
            "path": "/",
            "permissions_boundary": "",
            "tags": {
              "Environment": "Dev",
              "Name": "EKS",
              "Project": "Global Bank Migration",
              "Terraform": "true"
            },
            "tags_all": {
              "Environment": "Dev",
              "Name": "EKS",
              "Project": "Global Bank Migration",
              "Terraform": "true"
            },
            "unique_id": "AROAWX2IFVE4J4TAI4424"
          },
          "sensitive_attributes": [],
          "private": "bnVsbA==",
          "dependencies": [
            "module.eks.module.eks_managed_node_group.data.aws_iam_policy_document.assume_role_policy",
            "module.eks.module.eks_managed_node_group.data.aws_partition.current"
          ],
          "create_before_destroy": true
        }
      ]
    },
    {
      "module": "module.eks.module.eks_managed_node_group[\"general\"]",
      "mode": "managed",
      "type": "aws_iam_role_policy_attachment",
      "name": "this",
      "provider": "provider[\"registry.terraform.io/hashicorp/aws\"]",
      "instances": [
        {
          "index_key": "arn:aws:iam::aws:policy/AmazonEC2ContainerRegistryReadOnly",
          "schema_version": 0,
          "attributes": {
            "id": "general-eks-node-group-20250116170134938100000007-20250116170146774400000015",
            "policy_arn": "arn:aws:iam::aws:policy/AmazonEC2ContainerRegistryReadOnly",
            "role": "general-eks-node-group-20250116170134938100000007"
          },
          "sensitive_attributes": [],
          "private": "bnVsbA==",
          "dependencies": [
            "module.eks.module.eks_managed_node_group.aws_iam_role.this",
            "module.eks.module.eks_managed_node_group.data.aws_caller_identity.current",
            "module.eks.module.eks_managed_node_group.data.aws_iam_policy_document.assume_role_policy",
            "module.eks.module.eks_managed_node_group.data.aws_partition.current"
          ],
          "create_before_destroy": true
        },
        {
          "index_key": "arn:aws:iam::aws:policy/AmazonEKSWorkerNodePolicy",
          "schema_version": 0,
          "attributes": {
            "id": "general-eks-node-group-20250116170134938100000007-20250116170146479800000014",
            "policy_arn": "arn:aws:iam::aws:policy/AmazonEKSWorkerNodePolicy",
            "role": "general-eks-node-group-20250116170134938100000007"
          },
          "sensitive_attributes": [],
          "private": "bnVsbA==",
          "dependencies": [
            "module.eks.module.eks_managed_node_group.aws_iam_role.this",
            "module.eks.module.eks_managed_node_group.data.aws_caller_identity.current",
            "module.eks.module.eks_managed_node_group.data.aws_iam_policy_document.assume_role_policy",
            "module.eks.module.eks_managed_node_group.data.aws_partition.current"
          ],
          "create_before_destroy": true
        },
        {
          "index_key": "arn:aws:iam::aws:policy/AmazonEKS_CNI_Policy",
          "schema_version": 0,
          "attributes": {
            "id": "general-eks-node-group-20250116170134938100000007-20250116170147052000000016",
            "policy_arn": "arn:aws:iam::aws:policy/AmazonEKS_CNI_Policy",
            "role": "general-eks-node-group-20250116170134938100000007"
          },
          "sensitive_attributes": [],
          "private": "bnVsbA==",
          "dependencies": [
            "module.eks.module.eks_managed_node_group.aws_iam_role.this",
            "module.eks.module.eks_managed_node_group.data.aws_caller_identity.current",
            "module.eks.module.eks_managed_node_group.data.aws_iam_policy_document.assume_role_policy",
            "module.eks.module.eks_managed_node_group.data.aws_partition.current"
          ],
          "create_before_destroy": true
        }
      ]
    },
    {
      "module": "module.eks.module.eks_managed_node_group[\"general\"]",
      "mode": "managed",
      "type": "aws_launch_template",
      "name": "this",
      "provider": "provider[\"registry.terraform.io/hashicorp/aws\"]",
      "instances": [
        {
          "index_key": 0,
          "schema_version": 0,
          "attributes": {
            "arn": "arn:aws:ec2:eu-west-2:463470963000:launch-template/lt-05718cff0da47473f",
            "block_device_mappings": [],
            "capacity_reservation_specification": [],
            "cpu_options": [],
            "credit_specification": [],
            "default_version": 1,
            "description": "Custom launch template for general EKS managed node group",
            "disable_api_stop": false,
            "disable_api_termination": false,
            "ebs_optimized": "",
            "elastic_gpu_specifications": [],
            "elastic_inference_accelerator": [],
            "enclave_options": [],
            "hibernation_options": [],
            "iam_instance_profile": [],
            "id": "lt-05718cff0da47473f",
            "image_id": "",
            "instance_initiated_shutdown_behavior": "",
            "instance_market_options": [],
            "instance_requirements": [],
            "instance_type": "",
            "kernel_id": "",
            "key_name": "",
            "latest_version": 1,
            "license_specification": [],
            "maintenance_options": [],
            "metadata_options": [
              {
                "http_endpoint": "enabled",
                "http_protocol_ipv6": "",
                "http_put_response_hop_limit": 2,
                "http_tokens": "required",
                "instance_metadata_tags": ""
              }
            ],
            "monitoring": [
              {
                "enabled": true
              }
            ],
            "name": "general-2025011617200773460000003c",
            "name_prefix": "general-",
            "network_interfaces": [],
            "placement": [],
            "private_dns_name_options": [],
            "ram_disk_id": "",
            "security_group_names": null,
            "tag_specifications": [
              {
                "resource_type": "instance",
                "tags": {
                  "Environment": "Dev",
                  "Name": "general",
                  "Project": "Global Bank Migration",
                  "Terraform": "true"
                }
              },
              {
                "resource_type": "network-interface",
                "tags": {
                  "Environment": "Dev",
                  "Name": "general",
                  "Project": "Global Bank Migration",
                  "Terraform": "true"
                }
              },
              {
                "resource_type": "volume",
                "tags": {
                  "Environment": "Dev",
                  "Name": "general",
                  "Project": "Global Bank Migration",
                  "Terraform": "true"
                }
              }
            ],
            "tags": {
              "Environment": "Dev",
              "Name": "EKS",
              "Project": "Global Bank Migration",
              "Terraform": "true"
            },
            "tags_all": {
              "Environment": "Dev",
              "Name": "EKS",
              "Project": "Global Bank Migration",
              "Terraform": "true"
            },
            "update_default_version": true,
            "user_data": "",
            "vpc_security_group_ids": [
              "sg-05fe92722bd82ae25"
            ]
          },
          "sensitive_attributes": [],
          "private": "bnVsbA==",
          "dependencies": [
            "module.eks.aws_cloudwatch_log_group.this",
            "module.eks.aws_eks_cluster.this",
            "module.eks.aws_iam_policy.cni_ipv6_policy",
            "module.eks.aws_iam_role.this",
            "module.eks.aws_iam_role_policy_attachment.this",
            "module.eks.aws_security_group.cluster",
            "module.eks.aws_security_group.node",
            "module.eks.aws_security_group_rule.cluster",
            "module.eks.aws_security_group_rule.node",
            "module.eks.data.aws_caller_identity.current",
            "module.eks.data.aws_iam_policy_document.assume_role_policy",
            "module.eks.data.aws_iam_policy_document.cni_ipv6_policy",
            "module.eks.data.aws_iam_session_context.current",
            "module.eks.data.aws_partition.current",
            "module.eks.module.eks_managed_node_group.aws_iam_role.this",
            "module.eks.module.eks_managed_node_group.aws_iam_role_policy_attachment.this",
            "module.eks.module.eks_managed_node_group.data.aws_caller_identity.current",
            "module.eks.module.eks_managed_node_group.data.aws_iam_policy_document.assume_role_policy",
            "module.eks.module.eks_managed_node_group.data.aws_partition.current",
            "module.eks.module.eks_managed_node_group.module.user_data.data.cloudinit_config.linux_eks_managed_node_group",
            "module.eks.module.kms.aws_kms_external_key.this",
            "module.eks.module.kms.aws_kms_key.this",
            "module.eks.module.kms.aws_kms_replica_external_key.this",
            "module.eks.module.kms.aws_kms_replica_key.this",
            "module.eks.module.kms.data.aws_caller_identity.current",
            "module.eks.module.kms.data.aws_iam_policy_document.this",
            "module.eks.module.kms.data.aws_partition.current",
            "module.eks.time_sleep.this",
            "module.vpcs.aws_subnet.private",
            "module.vpcs.aws_vpc.main"
          ],
          "create_before_destroy": true
        }
      ]
    },
    {
      "module": "module.eks.module.eks_managed_node_group[\"general\"].module.user_data",
      "mode": "data",
      "type": "cloudinit_config",
      "name": "linux_eks_managed_node_group",
      "provider": "provider[\"registry.terraform.io/hashicorp/cloudinit\"]",
      "instances": []
    },
    {
      "module": "module.eks.module.kms",
      "mode": "data",
      "type": "aws_caller_identity",
      "name": "current",
      "provider": "provider[\"registry.terraform.io/hashicorp/aws\"]",
      "instances": [
        {
          "index_key": 0,
          "schema_version": 0,
          "attributes": {
            "account_id": "463470963000",
            "arn": "arn:aws:iam::463470963000:root",
            "id": "463470963000",
            "user_id": "463470963000"
          },
          "sensitive_attributes": []
        }
      ]
    },
    {
      "module": "module.eks.module.kms",
      "mode": "data",
      "type": "aws_iam_policy_document",
      "name": "this",
      "provider": "provider[\"registry.terraform.io/hashicorp/aws\"]",
      "instances": [
        {
          "index_key": 0,
          "schema_version": 0,
          "attributes": {
            "id": "2927859231",
            "json": "{\n  \"Version\": \"2012-10-17\",\n  \"Statement\": [\n    {\n      \"Sid\": \"KeyAdministration\",\n      \"Effect\": \"Allow\",\n      \"Action\": [\n        \"kms:Update*\",\n        \"kms:UntagResource\",\n        \"kms:TagResource\",\n        \"kms:ScheduleKeyDeletion\",\n        \"kms:Revoke*\",\n        \"kms:ReplicateKey\",\n        \"kms:Put*\",\n        \"kms:List*\",\n        \"kms:ImportKeyMaterial\",\n        \"kms:Get*\",\n        \"kms:Enable*\",\n        \"kms:Disable*\",\n        \"kms:Describe*\",\n        \"kms:Delete*\",\n        \"kms:Create*\",\n        \"kms:CancelKeyDeletion\"\n      ],\n      \"Resource\": \"*\",\n      \"Principal\": {\n        \"AWS\": \"arn:aws:iam::463470963000:root\"\n      }\n    },\n    {\n      \"Sid\": \"KeyUsage\",\n      \"Effect\": \"Allow\",\n      \"Action\": [\n        \"kms:ReEncrypt*\",\n        \"kms:GenerateDataKey*\",\n        \"kms:Encrypt\",\n        \"kms:DescribeKey\",\n        \"kms:Decrypt\"\n      ],\n      \"Resource\": \"*\",\n      \"Principal\": {\n        \"AWS\": \"arn:aws:iam::463470963000:role/banking-eks-cluster-2025011617013559850000000a\"\n      }\n    }\n  ]\n}",
            "minified_json": "{\"Version\":\"2012-10-17\",\"Statement\":[{\"Sid\":\"KeyAdministration\",\"Effect\":\"Allow\",\"Action\":[\"kms:Update*\",\"kms:UntagResource\",\"kms:TagResource\",\"kms:ScheduleKeyDeletion\",\"kms:Revoke*\",\"kms:ReplicateKey\",\"kms:Put*\",\"kms:List*\",\"kms:ImportKeyMaterial\",\"kms:Get*\",\"kms:Enable*\",\"kms:Disable*\",\"kms:Describe*\",\"kms:Delete*\",\"kms:Create*\",\"kms:CancelKeyDeletion\"],\"Resource\":\"*\",\"Principal\":{\"AWS\":\"arn:aws:iam::463470963000:root\"}},{\"Sid\":\"KeyUsage\",\"Effect\":\"Allow\",\"Action\":[\"kms:ReEncrypt*\",\"kms:GenerateDataKey*\",\"kms:Encrypt\",\"kms:DescribeKey\",\"kms:Decrypt\"],\"Resource\":\"*\",\"Principal\":{\"AWS\":\"arn:aws:iam::463470963000:role/banking-eks-cluster-2025011617013559850000000a\"}}]}",
            "override_json": null,
            "override_policy_documents": null,
            "policy_id": null,
            "source_json": null,
            "source_policy_documents": null,
            "statement": [
              {
                "actions": [
                  "kms:CancelKeyDeletion",
                  "kms:Create*",
                  "kms:Delete*",
                  "kms:Describe*",
                  "kms:Disable*",
                  "kms:Enable*",
                  "kms:Get*",
                  "kms:ImportKeyMaterial",
                  "kms:List*",
                  "kms:Put*",
                  "kms:ReplicateKey",
                  "kms:Revoke*",
                  "kms:ScheduleKeyDeletion",
                  "kms:TagResource",
                  "kms:UntagResource",
                  "kms:Update*"
                ],
                "condition": [],
                "effect": "Allow",
                "not_actions": [],
                "not_principals": [],
                "not_resources": [],
                "principals": [
                  {
                    "identifiers": [
                      "arn:aws:iam::463470963000:root"
                    ],
                    "type": "AWS"
                  }
                ],
                "resources": [
                  "*"
                ],
                "sid": "KeyAdministration"
              },
              {
                "actions": [
                  "kms:Decrypt",
                  "kms:DescribeKey",
                  "kms:Encrypt",
                  "kms:GenerateDataKey*",
                  "kms:ReEncrypt*"
                ],
                "condition": [],
                "effect": "Allow",
                "not_actions": [],
                "not_principals": [],
                "not_resources": [],
                "principals": [
                  {
                    "identifiers": [
                      "arn:aws:iam::463470963000:role/banking-eks-cluster-2025011617013559850000000a"
                    ],
                    "type": "AWS"
                  }
                ],
                "resources": [
                  "*"
                ],
                "sid": "KeyUsage"
              }
            ],
            "version": "2012-10-17"
          },
          "sensitive_attributes": []
        }
      ]
    },
    {
      "module": "module.eks.module.kms",
      "mode": "data",
      "type": "aws_partition",
      "name": "current",
      "provider": "provider[\"registry.terraform.io/hashicorp/aws\"]",
      "instances": [
        {
          "index_key": 0,
          "schema_version": 0,
          "attributes": {
            "dns_suffix": "amazonaws.com",
            "id": "aws",
            "partition": "aws",
            "reverse_dns_prefix": "com.amazonaws"
          },
          "sensitive_attributes": []
        }
      ]
    },
    {
      "module": "module.eks.module.kms",
      "mode": "managed",
      "type": "aws_kms_alias",
      "name": "this",
      "provider": "provider[\"registry.terraform.io/hashicorp/aws\"]",
      "instances": [
        {
          "index_key": "cluster",
          "schema_version": 0,
          "attributes": {
            "arn": "arn:aws:kms:eu-west-2:463470963000:alias/eks/banking-eks",
            "id": "alias/eks/banking-eks",
            "name": "alias/eks/banking-eks",
            "name_prefix": "",
            "target_key_arn": "arn:aws:kms:eu-west-2:463470963000:key/ced54b38-8917-4dbc-bc28-e92b6b2ca3fc",
            "target_key_id": "ced54b38-8917-4dbc-bc28-e92b6b2ca3fc"
          },
          "sensitive_attributes": [],
          "private": "bnVsbA==",
          "dependencies": [
            "module.eks.aws_iam_role.this",
            "module.eks.data.aws_caller_identity.current",
            "module.eks.data.aws_iam_policy_document.assume_role_policy",
            "module.eks.data.aws_iam_session_context.current",
            "module.eks.data.aws_partition.current",
            "module.eks.module.kms.aws_kms_external_key.this",
            "module.eks.module.kms.aws_kms_key.this",
            "module.eks.module.kms.aws_kms_replica_external_key.this",
            "module.eks.module.kms.aws_kms_replica_key.this",
            "module.eks.module.kms.data.aws_caller_identity.current",
            "module.eks.module.kms.data.aws_iam_policy_document.this",
            "module.eks.module.kms.data.aws_partition.current"
          ]
        }
      ]
    },
    {
      "module": "module.eks.module.kms",
      "mode": "managed",
      "type": "aws_kms_external_key",
      "name": "this",
      "provider": "provider[\"registry.terraform.io/hashicorp/aws\"]",
      "instances": []
    },
    {
      "module": "module.eks.module.kms",
      "mode": "managed",
      "type": "aws_kms_key",
      "name": "this",
      "provider": "provider[\"registry.terraform.io/hashicorp/aws\"]",
      "instances": [
        {
          "index_key": 0,
          "schema_version": 0,
          "attributes": {
            "arn": "arn:aws:kms:eu-west-2:463470963000:key/ced54b38-8917-4dbc-bc28-e92b6b2ca3fc",
            "bypass_policy_lockout_safety_check": false,
            "custom_key_store_id": "",
            "customer_master_key_spec": "SYMMETRIC_DEFAULT",
            "deletion_window_in_days": null,
            "description": "banking-eks cluster encryption key",
            "enable_key_rotation": true,
            "id": "ced54b38-8917-4dbc-bc28-e92b6b2ca3fc",
            "is_enabled": true,
            "key_id": "ced54b38-8917-4dbc-bc28-e92b6b2ca3fc",
            "key_usage": "ENCRYPT_DECRYPT",
            "multi_region": false,
            "policy": "{\"Statement\":[{\"Action\":[\"kms:Update*\",\"kms:UntagResource\",\"kms:TagResource\",\"kms:ScheduleKeyDeletion\",\"kms:Revoke*\",\"kms:ReplicateKey\",\"kms:Put*\",\"kms:List*\",\"kms:ImportKeyMaterial\",\"kms:Get*\",\"kms:Enable*\",\"kms:Disable*\",\"kms:Describe*\",\"kms:Delete*\",\"kms:Create*\",\"kms:CancelKeyDeletion\"],\"Effect\":\"Allow\",\"Principal\":{\"AWS\":\"arn:aws:iam::463470963000:root\"},\"Resource\":\"*\",\"Sid\":\"KeyAdministration\"},{\"Action\":[\"kms:ReEncrypt*\",\"kms:GenerateDataKey*\",\"kms:Encrypt\",\"kms:DescribeKey\",\"kms:Decrypt\"],\"Effect\":\"Allow\",\"Principal\":{\"AWS\":\"arn:aws:iam::463470963000:role/banking-eks-cluster-2025011617013559850000000a\"},\"Resource\":\"*\",\"Sid\":\"KeyUsage\"}],\"Version\":\"2012-10-17\"}",
            "rotation_period_in_days": 365,
            "tags": {
              "Environment": "Dev",
              "Name": "EKS",
              "Project": "Global Bank Migration",
              "Terraform": "true"
            },
            "tags_all": {
              "Environment": "Dev",
              "Name": "EKS",
              "Project": "Global Bank Migration",
              "Terraform": "true"
            },
            "timeouts": null,
            "xks_key_id": ""
          },
          "sensitive_attributes": [],
          "private": "eyJlMmJmYjczMC1lY2FhLTExZTYtOGY4OC0zNDM2M2JjN2M0YzAiOnsiY3JlYXRlIjoxMjAwMDAwMDAwMDB9fQ==",
          "dependencies": [
            "module.eks.aws_iam_role.this",
            "module.eks.data.aws_caller_identity.current",
            "module.eks.data.aws_iam_policy_document.assume_role_policy",
            "module.eks.data.aws_iam_session_context.current",
            "module.eks.data.aws_partition.current",
            "module.eks.module.kms.data.aws_caller_identity.current",
            "module.eks.module.kms.data.aws_iam_policy_document.this",
            "module.eks.module.kms.data.aws_partition.current"
          ],
          "create_before_destroy": true
        }
      ]
    },
    {
      "module": "module.eks.module.kms",
      "mode": "managed",
      "type": "aws_kms_replica_external_key",
      "name": "this",
      "provider": "provider[\"registry.terraform.io/hashicorp/aws\"]",
      "instances": []
    },
    {
      "module": "module.eks.module.kms",
      "mode": "managed",
      "type": "aws_kms_replica_key",
      "name": "this",
      "provider": "provider[\"registry.terraform.io/hashicorp/aws\"]",
      "instances": []
    },
    {
      "module": "module.monitoring",
      "mode": "managed",
      "type": "aws_cloudwatch_event_rule",
      "name": "config_rules",
      "provider": "provider[\"registry.terraform.io/hashicorp/aws\"]",
      "instances": [
        {
          "schema_version": 1,
          "attributes": {
            "arn": "arn:aws:events:eu-west-2:463470963000:rule/config-rule-changees",
            "description": "Capture Config Rule Security Group Changes",
            "event_bus_name": "default",
            "event_pattern": "{\"detail\":{\"severity\":{\"configRuleEvaluations\":[\"FAILED\"],\"configRuleName\":[\"security-group-changes\"],\"resourceType\":[\"AWS:EC2::SecurityGroup\"]}},\"detail-type\":[\"AWS Config Rule Compliance Change\"],\"source\":[\"aws.config\"]}",
            "force_destroy": false,
            "id": "config-rule-changees",
            "is_enabled": true,
            "name": "config-rule-changees",
            "name_prefix": "",
            "role_arn": "",
            "schedule_expression": "",
            "state": "ENABLED",
            "tags": null,
            "tags_all": {}
          },
          "sensitive_attributes": [],
          "private": "eyJzY2hlbWFfdmVyc2lvbiI6IjEifQ=="
        }
      ]
    },
    {
      "module": "module.monitoring",
      "mode": "managed",
      "type": "aws_cloudwatch_event_rule",
      "name": "macie_findings",
      "provider": "provider[\"registry.terraform.io/hashicorp/aws\"]",
      "instances": [
        {
          "schema_version": 1,
          "attributes": {
            "arn": "arn:aws:events:eu-west-2:463470963000:rule/macie-findings-rule",
            "description": "Capture Macie sensitive data findings",
            "event_bus_name": "default",
            "event_pattern": "{\"detail\":{\"severity\":{\"description\":[\"HIGH\"]},\"type\":[\"SensitiveData:S3Object/Financial\"]},\"detail-type\":[\"Macie Finding\"],\"source\":[\"aws.macie\"]}",
            "force_destroy": false,
            "id": "macie-findings-rule",
            "is_enabled": true,
            "name": "macie-findings-rule",
            "name_prefix": "",
            "role_arn": "",
            "schedule_expression": "",
            "state": "ENABLED",
            "tags": null,
            "tags_all": {}
          },
          "sensitive_attributes": [],
          "private": "eyJzY2hlbWFfdmVyc2lvbiI6IjEifQ=="
        }
      ]
    },
    {
      "module": "module.monitoring",
      "mode": "managed",
      "type": "aws_cloudwatch_event_target",
      "name": "config_lambda",
      "provider": "provider[\"registry.terraform.io/hashicorp/aws\"]",
      "instances": [
        {
          "schema_version": 1,
          "attributes": {
            "arn": "arn:aws:lambda:eu-west-2:463470963000:function:config-rule-changes-blue:prod",
            "batch_target": [],
            "dead_letter_config": [],
            "ecs_target": [],
            "event_bus_name": "default",
            "force_destroy": false,
            "http_target": [],
            "id": "config-rule-changees-ConfigRulesLambda",
            "input": "",
            "input_path": "",
            "input_transformer": [],
            "kinesis_target": [],
            "redshift_target": [],
            "retry_policy": [],
            "role_arn": "",
            "rule": "config-rule-changees",
            "run_command_targets": [],
            "sagemaker_pipeline_target": [],
            "sqs_target": [],
            "target_id": "ConfigRulesLambda"
          },
          "sensitive_attributes": [],
          "private": "eyJzY2hlbWFfdmVyc2lvbiI6IjEifQ==",
          "dependencies": [
            "module.compute.aws_lambda_alias.prod",
            "module.compute.aws_lambda_function.config_rules_blue",
            "module.compute.aws_security_group.alb",
            "module.compute.aws_security_group.lambda",
            "module.eks.aws_security_group.cluster",
            "module.monitoring.aws_cloudwatch_event_rule.config_rules",
            "module.monitoring.aws_sns_topic.banking_alerts",
            "module.security.aws_iam_role.lambda",
            "module.vpcs.aws_subnet.public",
            "module.vpcs.aws_vpc.main"
          ]
        }
      ]
    },
    {
      "module": "module.monitoring",
      "mode": "managed",
      "type": "aws_cloudwatch_event_target",
      "name": "macie_lambda",
      "provider": "provider[\"registry.terraform.io/hashicorp/aws\"]",
      "instances": [
        {
          "schema_version": 1,
          "attributes": {
            "arn": "arn:aws:lambda:eu-west-2:463470963000:function:macie-sensitive-data-findings",
            "batch_target": [],
            "dead_letter_config": [],
            "ecs_target": [],
            "event_bus_name": "default",
            "force_destroy": false,
            "http_target": [],
            "id": "macie-findings-rule-MacieToLambda",
            "input": "",
            "input_path": "",
            "input_transformer": [],
            "kinesis_target": [],
            "redshift_target": [],
            "retry_policy": [],
            "role_arn": "",
            "rule": "macie-findings-rule",
            "run_command_targets": [],
            "sagemaker_pipeline_target": [],
            "sqs_target": [],
            "target_id": "MacieToLambda"
          },
          "sensitive_attributes": [],
          "private": "eyJzY2hlbWFfdmVyc2lvbiI6IjEifQ==",
          "dependencies": [
            "module.compute.aws_lambda_function.macie_findings",
            "module.compute.aws_security_group.lambda",
            "module.monitoring.aws_cloudwatch_event_rule.macie_findings",
            "module.monitoring.aws_sns_topic.banking_alerts",
            "module.security.aws_iam_role.lambda",
            "module.storage.aws_s3_bucket.audit_reports",
            "module.storage.aws_s3_bucket.cloudtrail",
            "module.storage.aws_s3_bucket.vpc_flow_logs",
            "module.vpcs.aws_subnet.public",
            "module.vpcs.aws_vpc.main"
          ]
        }
      ]
    },
    {
      "module": "module.monitoring",
      "mode": "managed",
      "type": "aws_cloudwatch_log_group",
      "name": "Lambda",
      "provider": "provider[\"registry.terraform.io/hashicorp/aws\"]",
      "instances": [
        {
          "schema_version": 0,
          "attributes": {
            "arn": "arn:aws:logs:eu-west-2:463470963000:log-group:/aws/Lambda",
            "id": "/aws/Lambda",
            "kms_key_id": "",
            "log_group_class": "STANDARD",
            "name": "/aws/Lambda",
            "name_prefix": "",
            "retention_in_days": 90,
            "skip_destroy": false,
            "tags": {
              "Environment": "Dev",
              "Project": "Global Bank Migration",
              "Service": "Lambda",
              "Terraform": "true",
              "Type": "Logs"
            },
            "tags_all": {
              "Environment": "Dev",
              "Project": "Global Bank Migration",
              "Service": "Lambda",
              "Terraform": "true",
              "Type": "Logs"
            }
          },
          "sensitive_attributes": [],
          "private": "bnVsbA=="
        }
      ]
    },
    {
      "module": "module.monitoring",
      "mode": "managed",
      "type": "aws_cloudwatch_log_group",
      "name": "alb",
      "provider": "provider[\"registry.terraform.io/hashicorp/aws\"]",
      "instances": [
        {
          "schema_version": 0,
          "attributes": {
            "arn": "arn:aws:logs:eu-west-2:463470963000:log-group:/aws/alb",
            "id": "/aws/alb",
            "kms_key_id": "",
            "log_group_class": "STANDARD",
            "name": "/aws/alb",
            "name_prefix": "",
            "retention_in_days": 90,
            "skip_destroy": false,
            "tags": {
              "Environment": "Dev",
              "Project": "Global Bank Migration",
              "Service": "alb",
              "Terraform": "true",
              "Type": "logs"
            },
            "tags_all": {
              "Environment": "Dev",
              "Project": "Global Bank Migration",
              "Service": "alb",
              "Terraform": "true",
              "Type": "logs"
            }
          },
          "sensitive_attributes": [],
          "private": "bnVsbA=="
        }
      ]
    },
    {
      "module": "module.monitoring",
      "mode": "managed",
      "type": "aws_cloudwatch_log_group",
      "name": "api_gateway",
      "provider": "provider[\"registry.terraform.io/hashicorp/aws\"]",
      "instances": [
        {
          "schema_version": 0,
          "attributes": {
            "arn": "arn:aws:logs:eu-west-2:463470963000:log-group:/aws/apigateway/banking-api",
            "id": "/aws/apigateway/banking-api",
            "kms_key_id": "",
            "log_group_class": "STANDARD",
            "name": "/aws/apigateway/banking-api",
            "name_prefix": "",
            "retention_in_days": 30,
            "skip_destroy": false,
            "tags": {
              "Environment": "Dev",
              "Project": "Global Bank Migration",
              "Service": "API Gateway",
              "Terraform": "true",
              "Type": "Logs"
            },
            "tags_all": {
              "Environment": "Dev",
              "Project": "Global Bank Migration",
              "Service": "API Gateway",
              "Terraform": "true",
              "Type": "Logs"
            }
          },
          "sensitive_attributes": [],
          "private": "bnVsbA=="
        }
      ]
    },
    {
      "module": "module.monitoring",
      "mode": "managed",
      "type": "aws_cloudwatch_log_group",
      "name": "aurora",
      "provider": "provider[\"registry.terraform.io/hashicorp/aws\"]",
      "instances": [
        {
          "schema_version": 0,
          "attributes": {
            "arn": "arn:aws:logs:eu-west-2:463470963000:log-group:/aws/aurora",
            "id": "/aws/aurora",
            "kms_key_id": "",
            "log_group_class": "STANDARD",
            "name": "/aws/aurora",
            "name_prefix": "",
            "retention_in_days": 90,
            "skip_destroy": false,
            "tags": {
              "Environment": "Dev",
              "Project": "Global Bank Migration",
              "Service": "aurora",
              "Terraform": "true",
              "Type": "logs"
            },
            "tags_all": {
              "Environment": "Dev",
              "Project": "Global Bank Migration",
              "Service": "aurora",
              "Terraform": "true",
              "Type": "logs"
            }
          },
          "sensitive_attributes": [],
          "private": "bnVsbA=="
        }
      ]
    },
    {
      "module": "module.monitoring",
      "mode": "managed",
      "type": "aws_cloudwatch_log_group",
      "name": "dynamodb",
      "provider": "provider[\"registry.terraform.io/hashicorp/aws\"]",
      "instances": [
        {
          "schema_version": 0,
          "attributes": {
            "arn": "arn:aws:logs:eu-west-2:463470963000:log-group:/aws/dynamodb",
            "id": "/aws/dynamodb",
            "kms_key_id": "",
            "log_group_class": "STANDARD",
            "name": "/aws/dynamodb",
            "name_prefix": "",
            "retention_in_days": 90,
            "skip_destroy": false,
            "tags": {
              "Environment": "Dev",
              "Project": "Global Bank Migration",
              "Service": "DynamoDB",
              "Terraform": "true",
              "Type": "Logs"
            },
            "tags_all": {
              "Environment": "Dev",
              "Project": "Global Bank Migration",
              "Service": "DynamoDB",
              "Terraform": "true",
              "Type": "Logs"
            }
          },
          "sensitive_attributes": [],
          "private": "bnVsbA=="
        }
      ]
    },
    {
      "module": "module.monitoring",
      "mode": "managed",
      "type": "aws_cloudwatch_log_group",
      "name": "macie",
      "provider": "provider[\"registry.terraform.io/hashicorp/aws\"]",
      "instances": [
        {
          "schema_version": 0,
          "attributes": {
            "arn": "arn:aws:logs:eu-west-2:463470963000:log-group:/aws/macie",
            "id": "/aws/macie",
            "kms_key_id": "",
            "log_group_class": "STANDARD",
            "name": "/aws/macie",
            "name_prefix": "",
            "retention_in_days": 90,
            "skip_destroy": false,
            "tags": {
              "Environment": "Dev",
              "Project": "Global Bank Migration",
              "Service": "Macie",
              "Terraform": "true",
              "Type": "Logs"
            },
            "tags_all": {
              "Environment": "Dev",
              "Project": "Global Bank Migration",
              "Service": "Macie",
              "Terraform": "true",
              "Type": "Logs"
            }
          },
          "sensitive_attributes": [],
          "private": "bnVsbA=="
        }
      ]
    },
    {
      "module": "module.monitoring",
      "mode": "managed",
      "type": "aws_cloudwatch_log_group",
      "name": "network_firewall",
      "provider": "provider[\"registry.terraform.io/hashicorp/aws\"]",
      "instances": [
        {
          "schema_version": 0,
          "attributes": {
            "arn": "arn:aws:logs:eu-west-2:463470963000:log-group:/aws/networkfirewall",
            "id": "/aws/networkfirewall",
            "kms_key_id": "",
            "log_group_class": "STANDARD",
            "name": "/aws/networkfirewall",
            "name_prefix": "",
            "retention_in_days": 90,
            "skip_destroy": false,
            "tags": {
              "Environment": "Dev",
              "Project": "Global Bank Migration",
              "Service": "Network Firewall",
              "Terraform": "true",
              "Type": "Logs"
            },
            "tags_all": {
              "Environment": "Dev",
              "Project": "Global Bank Migration",
              "Service": "Network Firewall",
              "Terraform": "true",
              "Type": "Logs"
            }
          },
          "sensitive_attributes": [],
          "private": "bnVsbA=="
        }
      ]
    },
    {
      "module": "module.monitoring",
      "mode": "managed",
      "type": "aws_cloudwatch_log_group",
      "name": "waf",
      "provider": "provider[\"registry.terraform.io/hashicorp/aws\"]",
      "instances": [
        {
          "schema_version": 0,
          "attributes": {
            "arn": "arn:aws:logs:eu-west-2:463470963000:log-group:/aws/waf",
            "id": "/aws/waf",
            "kms_key_id": "",
            "log_group_class": "STANDARD",
            "name": "/aws/waf",
            "name_prefix": "",
            "retention_in_days": 90,
            "skip_destroy": false,
            "tags": {
              "Environment": "Dev",
              "Project": "Global Bank Migration",
              "Service": "WAF",
              "Terraform": "true",
              "Type": "Logs"
            },
            "tags_all": {
              "Environment": "Dev",
              "Project": "Global Bank Migration",
              "Service": "WAF",
              "Terraform": "true",
              "Type": "Logs"
            }
          },
          "sensitive_attributes": [],
          "private": "bnVsbA=="
        }
      ]
    },
    {
      "module": "module.monitoring",
      "mode": "managed",
      "type": "aws_cloudwatch_metric_alarm",
      "name": "aurora_cpu",
      "provider": "provider[\"registry.terraform.io/hashicorp/aws\"]",
      "instances": [
        {
          "schema_version": 1,
          "attributes": {
            "actions_enabled": true,
            "alarm_actions": [
              "arn:aws:sns:eu-west-2:463470963000:global-banking-alerts"
            ],
            "alarm_description": "Aurora CPU Utilization above 80%",
            "alarm_name": "aurora-high-cpu",
            "arn": "arn:aws:cloudwatch:eu-west-2:463470963000:alarm:aurora-high-cpu",
            "comparison_operator": "GreaterThanThreshold",
            "datapoints_to_alarm": 0,
            "dimensions": {
              "DBClusterIdentifier": "arn:aws:rds:eu-west-2:463470963000:cluster:global-bank-cluster"
            },
            "evaluate_low_sample_count_percentiles": "",
            "evaluation_periods": 2,
            "extended_statistic": "",
            "id": "aurora-high-cpu",
            "insufficient_data_actions": null,
            "metric_name": "CPUUtilization",
            "metric_query": [],
            "namespace": "AWS/RDS",
            "ok_actions": null,
            "period": 300,
            "statistic": "Average",
            "tags": {
              "Environment": "Dev",
              "Project": "Global Bank Migration",
              "Service": "aurora",
              "Terraform": "true",
              "Type": "alarm"
            },
            "tags_all": {
              "Environment": "Dev",
              "Project": "Global Bank Migration",
              "Service": "aurora",
              "Terraform": "true",
              "Type": "alarm"
            },
            "threshold": 80,
            "threshold_metric_id": "",
            "treat_missing_data": "missing",
            "unit": ""
          },
          "sensitive_attributes": [],
          "private": "eyJzY2hlbWFfdmVyc2lvbiI6IjEifQ==",
          "dependencies": [
            "module.database.aws_db_subnet_group.aurora_subnet",
            "module.database.aws_rds_cluster.global_bank_cluster",
            "module.database.aws_rds_cluster_parameter_group.banking",
            "module.database.aws_security_group.aurora_sg",
            "module.monitoring.aws_sns_topic.banking_alerts",
            "module.security.aws_iam_role.github_actions",
            "module.security.aws_kms_key.database",
            "module.security.data.aws_caller_identity.current",
            "module.security.data.aws_iam_policy_document.database_key_policy",
            "module.vpcs.aws_subnet.private",
            "module.vpcs.aws_vpc.main"
          ]
        }
      ]
    },
    {
      "module": "module.monitoring",
      "mode": "managed",
      "type": "aws_cloudwatch_metric_alarm",
      "name": "macie_findings",
      "provider": "provider[\"registry.terraform.io/hashicorp/aws\"]",
      "instances": [
        {
          "schema_version": 1,
          "attributes": {
            "actions_enabled": true,
            "alarm_actions": [
              "arn:aws:sns:eu-west-2:463470963000:global-banking-alerts"
            ],
            "alarm_description": "Macie discovered sensitive data",
            "alarm_name": "macie-sensitive-data-findings",
            "arn": "arn:aws:cloudwatch:eu-west-2:463470963000:alarm:macie-sensitive-data-findings",
            "comparison_operator": "GreaterThanThreshold",
            "datapoints_to_alarm": 0,
            "dimensions": {
              "ClassificationJobId": "328a5e5ac3b7b5035a73759b92e099b2"
            },
            "evaluate_low_sample_count_percentiles": "",
            "evaluation_periods": 1,
            "extended_statistic": "",
            "id": "macie-sensitive-data-findings",
            "insufficient_data_actions": null,
            "metric_name": "SensitiveDataDiscovered",
            "metric_query": [],
            "namespace": "AWS/Macie",
            "ok_actions": null,
            "period": 300,
            "statistic": "Sum",
            "tags": {
              "Environment": "Dev",
              "Project": "Global Bank Migration",
              "Service": "Macie",
              "Terraform": "true",
              "Type": "alarms"
            },
            "tags_all": {
              "Environment": "Dev",
              "Project": "Global Bank Migration",
              "Service": "Macie",
              "Terraform": "true",
              "Type": "alarms"
            },
            "threshold": 0,
            "threshold_metric_id": "",
            "treat_missing_data": "missing",
            "unit": ""
          },
          "sensitive_attributes": [],
          "private": "eyJzY2hlbWFfdmVyc2lvbiI6IjEifQ==",
          "dependencies": [
            "module.monitoring.aws_sns_topic.banking_alerts",
            "module.security.aws_macie2_classification_job.s3_sensitive_data",
            "module.security.data.aws_caller_identity.current"
          ]
        }
      ]
    },
    {
      "module": "module.monitoring",
      "mode": "managed",
      "type": "aws_cloudwatch_metric_alarm",
      "name": "network_firewall",
      "provider": "provider[\"registry.terraform.io/hashicorp/aws\"]",
      "instances": [
        {
          "schema_version": 1,
          "attributes": {
            "actions_enabled": true,
            "alarm_actions": [
              "arn:aws:sns:eu-west-2:463470963000:global-banking-alerts"
            ],
            "alarm_description": "Triffers if incoming traffic exceeds threshold, indicating potential high activity",
            "alarm_name": "high-network-firewall-activity",
            "arn": "arn:aws:cloudwatch:eu-west-2:463470963000:alarm:high-network-firewall-activity",
            "comparison_operator": "GreaterThanThreshold",
            "datapoints_to_alarm": 0,
            "dimensions": {
              "FirewallArn": "arn:aws:network-firewall:eu-west-2:463470963000:firewall/global-banking-network-firewall"
            },
            "evaluate_low_sample_count_percentiles": "",
            "evaluation_periods": 1,
            "extended_statistic": "",
            "id": "high-network-firewall-activity",
            "insufficient_data_actions": null,
            "metric_name": "IncomingBytes",
            "metric_query": [],
            "namespace": "AWS/NetworkFirewall",
            "ok_actions": null,
            "period": 300,
            "statistic": "Sum",
            "tags": {
              "Environment": "Dev",
              "Project": "Global Bank Migration",
              "Service": "Network Firewall",
              "Terraform": "true",
              "Type": "alarms"
            },
            "tags_all": {
              "Environment": "Dev",
              "Project": "Global Bank Migration",
              "Service": "Network Firewall",
              "Terraform": "true",
              "Type": "alarms"
            },
            "threshold": 1000000,
            "threshold_metric_id": "",
            "treat_missing_data": "missing",
            "unit": ""
          },
          "sensitive_attributes": [],
          "private": "eyJzY2hlbWFfdmVyc2lvbiI6IjEifQ==",
          "dependencies": [
            "module.monitoring.aws_sns_topic.banking_alerts",
            "module.security.aws_networkfirewall_firewall.main",
            "module.security.aws_networkfirewall_firewall_policy.main",
            "module.security.aws_networkfirewall_rule_group.banking_protocols",
            "module.security.aws_networkfirewall_rule_group.threat_prevention",
            "module.vpcs.aws_subnet.public",
            "module.vpcs.aws_vpc.main"
          ]
        }
      ]
    },
    {
      "module": "module.monitoring",
      "mode": "managed",
      "type": "aws_cloudwatch_metric_alarm",
      "name": "waf_allowed_requests",
      "provider": "provider[\"registry.terraform.io/hashicorp/aws\"]",
      "instances": [
        {
          "schema_version": 1,
          "attributes": {
            "actions_enabled": true,
            "alarm_actions": [
              "arn:aws:sns:eu-west-2:463470963000:global-banking-alerts"
            ],
            "alarm_description": "Unusual Spike in Allowed Requests",
            "alarm_name": "waf-allowed-requests",
            "arn": "arn:aws:cloudwatch:eu-west-2:463470963000:alarm:waf-allowed-requests",
            "comparison_operator": "GreaterThanThreshold",
            "datapoints_to_alarm": 0,
            "dimensions": {
              "Region": "eu-west-2",
              "Rule": "ALL",
              "WEBACL": "global-banking-web-acl"
            },
            "evaluate_low_sample_count_percentiles": "",
            "evaluation_periods": 2,
            "extended_statistic": "",
            "id": "waf-allowed-requests",
            "insufficient_data_actions": null,
            "metric_name": "AllowedRequests",
            "metric_query": [],
            "namespace": "AWS/WAFV2",
            "ok_actions": null,
            "period": 300,
            "statistic": "Sum",
            "tags": {
              "Environment": "Dev",
              "Project": "Global Bank Migration",
              "Service": "WAF",
              "Terraform": "true",
              "Type": "alarms"
            },
            "tags_all": {
              "Environment": "Dev",
              "Project": "Global Bank Migration",
              "Service": "WAF",
              "Terraform": "true",
              "Type": "alarms"
            },
            "threshold": 100,
            "threshold_metric_id": "",
            "treat_missing_data": "missing",
            "unit": ""
          },
          "sensitive_attributes": [],
          "private": "eyJzY2hlbWFfdmVyc2lvbiI6IjEifQ==",
          "dependencies": [
            "module.monitoring.aws_sns_topic.banking_alerts",
            "module.security.aws_wafv2_web_acl.main"
          ]
        }
      ]
    },
    {
      "module": "module.monitoring",
      "mode": "managed",
      "type": "aws_cloudwatch_metric_alarm",
      "name": "waf_blocked_requests",
      "provider": "provider[\"registry.terraform.io/hashicorp/aws\"]",
      "instances": [
        {
          "schema_version": 1,
          "attributes": {
            "actions_enabled": true,
            "alarm_actions": [
              "arn:aws:sns:eu-west-2:463470963000:global-banking-alerts"
            ],
            "alarm_description": "WAF Blocked Requests exceeded threshold",
            "alarm_name": "waf-blocked-requests",
            "arn": "arn:aws:cloudwatch:eu-west-2:463470963000:alarm:waf-blocked-requests",
            "comparison_operator": "GreaterThanThreshold",
            "datapoints_to_alarm": 0,
            "dimensions": {
              "Region": "eu-west-2",
              "Rule": "ALL",
              "WEBACL": "global-banking-web-acl"
            },
            "evaluate_low_sample_count_percentiles": "",
            "evaluation_periods": 2,
            "extended_statistic": "",
            "id": "waf-blocked-requests",
            "insufficient_data_actions": null,
            "metric_name": "BlockedRequests",
            "metric_query": [],
            "namespace": "AWS/WAFV2",
            "ok_actions": null,
            "period": 300,
            "statistic": "Sum",
            "tags": {
              "Environment": "Dev",
              "Project": "Global Bank Migration",
              "Service": "WAF",
              "Terraform": "true",
              "Type": "alarms"
            },
            "tags_all": {
              "Environment": "Dev",
              "Project": "Global Bank Migration",
              "Service": "WAF",
              "Terraform": "true",
              "Type": "alarms"
            },
            "threshold": 100,
            "threshold_metric_id": "",
            "treat_missing_data": "missing",
            "unit": ""
          },
          "sensitive_attributes": [],
          "private": "eyJzY2hlbWFfdmVyc2lvbiI6IjEifQ==",
          "dependencies": [
            "module.monitoring.aws_sns_topic.banking_alerts",
            "module.security.aws_wafv2_web_acl.main"
          ]
        }
      ]
    },
    {
      "module": "module.monitoring",
      "mode": "managed",
      "type": "aws_sns_topic",
      "name": "banking_alerts",
      "provider": "provider[\"registry.terraform.io/hashicorp/aws\"]",
      "instances": [
        {
          "schema_version": 0,
          "attributes": {
            "application_failure_feedback_role_arn": "",
            "application_success_feedback_role_arn": "",
            "application_success_feedback_sample_rate": 0,
            "archive_policy": "",
            "arn": "arn:aws:sns:eu-west-2:463470963000:global-banking-alerts",
            "beginning_archive_time": "",
            "content_based_deduplication": false,
            "delivery_policy": "",
            "display_name": "",
            "fifo_topic": false,
            "firehose_failure_feedback_role_arn": "",
            "firehose_success_feedback_role_arn": "",
            "firehose_success_feedback_sample_rate": 0,
            "http_failure_feedback_role_arn": "",
            "http_success_feedback_role_arn": "",
            "http_success_feedback_sample_rate": 0,
            "id": "arn:aws:sns:eu-west-2:463470963000:global-banking-alerts",
            "kms_master_key_id": "",
            "lambda_failure_feedback_role_arn": "",
            "lambda_success_feedback_role_arn": "",
            "lambda_success_feedback_sample_rate": 0,
            "name": "global-banking-alerts",
            "name_prefix": "",
            "owner": "463470963000",
            "policy": "{\"Id\":\"__default_policy_ID\",\"Statement\":[{\"Action\":[\"SNS:GetTopicAttributes\",\"SNS:SetTopicAttributes\",\"SNS:AddPermission\",\"SNS:RemovePermission\",\"SNS:DeleteTopic\",\"SNS:Subscribe\",\"SNS:ListSubscriptionsByTopic\",\"SNS:Publish\"],\"Condition\":{\"StringEquals\":{\"AWS:SourceOwner\":\"463470963000\"}},\"Effect\":\"Allow\",\"Principal\":{\"AWS\":\"*\"},\"Resource\":\"arn:aws:sns:eu-west-2:463470963000:global-banking-alerts\",\"Sid\":\"__default_statement_ID\"}],\"Version\":\"2008-10-17\"}",
            "signature_version": 0,
            "sqs_failure_feedback_role_arn": "",
            "sqs_success_feedback_role_arn": "",
            "sqs_success_feedback_sample_rate": 0,
            "tags": {
              "Environment": "Dev",
              "Name": "SNS Topic",
              "Project": "Global Bank Migration",
              "Terraform": "true"
            },
            "tags_all": {
              "Environment": "Dev",
              "Name": "SNS Topic",
              "Project": "Global Bank Migration",
              "Terraform": "true"
            },
            "tracing_config": ""
          },
          "sensitive_attributes": [],
          "private": "bnVsbA==",
          "create_before_destroy": true
        }
      ]
    },
    {
      "module": "module.monitoring",
      "mode": "managed",
      "type": "aws_sns_topic_subscription",
      "name": "email",
      "provider": "provider[\"registry.terraform.io/hashicorp/aws\"]",
      "instances": [
        {
          "schema_version": 0,
          "attributes": {
            "arn": "arn:aws:sns:eu-west-2:463470963000:global-banking-alerts:365246e9-d7ce-4a8d-aa6b-8d5b0ccc42c1",
            "confirmation_timeout_in_minutes": 1,
            "confirmation_was_authenticated": false,
            "delivery_policy": "",
            "endpoint": "mtalhazamanb@gmail.com",
            "endpoint_auto_confirms": false,
            "filter_policy": "",
            "filter_policy_scope": "",
            "id": "arn:aws:sns:eu-west-2:463470963000:global-banking-alerts:365246e9-d7ce-4a8d-aa6b-8d5b0ccc42c1",
            "owner_id": "463470963000",
            "pending_confirmation": true,
            "protocol": "email",
            "raw_message_delivery": false,
            "redrive_policy": "",
            "replay_policy": "",
            "subscription_role_arn": "",
            "topic_arn": "arn:aws:sns:eu-west-2:463470963000:global-banking-alerts"
          },
          "sensitive_attributes": [],
          "private": "bnVsbA==",
          "dependencies": [
            "module.monitoring.aws_sns_topic.banking_alerts"
          ]
        }
      ]
    },
    {
      "module": "module.security",
      "mode": "data",
      "type": "aws_caller_identity",
      "name": "current",
      "provider": "provider[\"registry.terraform.io/hashicorp/aws\"]",
      "instances": [
        {
          "schema_version": 0,
          "attributes": {
            "account_id": "463470963000",
            "arn": "arn:aws:iam::463470963000:root",
            "id": "463470963000",
            "user_id": "463470963000"
          },
          "sensitive_attributes": []
        }
      ]
    },
    {
      "module": "module.security",
      "mode": "data",
      "type": "aws_iam_openid_connect_provider",
      "name": "github_actions",
      "provider": "provider[\"registry.terraform.io/hashicorp/aws\"]",
      "instances": [
        {
          "schema_version": 0,
          "attributes": {
            "arn": "arn:aws:iam::463470963000:oidc-provider/token.actions.githubusercontent.com",
            "client_id_list": [
              "sts.amazonaws.com"
            ],
            "id": "arn:aws:iam::463470963000:oidc-provider/token.actions.githubusercontent.com",
            "tags": {},
            "thumbprint_list": [
              "6938fd4d98bab03faadb97b34396831e3780aea1"
            ],
            "url": "token.actions.githubusercontent.com"
          },
          "sensitive_attributes": []
        }
      ]
    },
    {
      "module": "module.security",
      "mode": "data",
      "type": "aws_iam_policy_document",
      "name": "application_key_policy",
      "provider": "provider[\"registry.terraform.io/hashicorp/aws\"]",
      "instances": [
        {
          "schema_version": 0,
          "attributes": {
            "id": "1074429236",
            "json": "{\n  \"Version\": \"2012-10-17\",\n  \"Statement\": [\n    {\n      \"Sid\": \"Enable IAM User Permissions\",\n      \"Effect\": \"Allow\",\n      \"Action\": \"kms:*\",\n      \"Resource\": \"*\",\n      \"Principal\": {\n        \"AWS\": \"arn:aws:iam::463470963000:root\"\n      }\n    },\n    {\n      \"Sid\": \"Allow EKS Service\",\n      \"Effect\": \"Allow\",\n      \"Action\": \"kms:*\",\n      \"Resource\": \"*\",\n      \"Principal\": {\n        \"Service\": \"eks.amazonaws.com\"\n      }\n    },\n    {\n      \"Sid\": \"Enable Lambda Service\",\n      \"Effect\": \"Allow\",\n      \"Action\": \"kms:*\",\n      \"Resource\": \"*\",\n      \"Principal\": {\n        \"Service\": \"lambda.amazonaws.com\"\n      }\n    }\n  ]\n}",
            "minified_json": "{\"Version\":\"2012-10-17\",\"Statement\":[{\"Sid\":\"Enable IAM User Permissions\",\"Effect\":\"Allow\",\"Action\":\"kms:*\",\"Resource\":\"*\",\"Principal\":{\"AWS\":\"arn:aws:iam::463470963000:root\"}},{\"Sid\":\"Allow EKS Service\",\"Effect\":\"Allow\",\"Action\":\"kms:*\",\"Resource\":\"*\",\"Principal\":{\"Service\":\"eks.amazonaws.com\"}},{\"Sid\":\"Enable Lambda Service\",\"Effect\":\"Allow\",\"Action\":\"kms:*\",\"Resource\":\"*\",\"Principal\":{\"Service\":\"lambda.amazonaws.com\"}}]}",
            "override_json": null,
            "override_policy_documents": null,
            "policy_id": null,
            "source_json": null,
            "source_policy_documents": null,
            "statement": [
              {
                "actions": [
                  "kms:*"
                ],
                "condition": [],
                "effect": "Allow",
                "not_actions": [],
                "not_principals": [],
                "not_resources": [],
                "principals": [
                  {
                    "identifiers": [
                      "arn:aws:iam::463470963000:root"
                    ],
                    "type": "AWS"
                  }
                ],
                "resources": [
                  "*"
                ],
                "sid": "Enable IAM User Permissions"
              },
              {
                "actions": [
                  "kms:*"
                ],
                "condition": [],
                "effect": "Allow",
                "not_actions": [],
                "not_principals": [],
                "not_resources": [],
                "principals": [
                  {
                    "identifiers": [
                      "eks.amazonaws.com"
                    ],
                    "type": "Service"
                  }
                ],
                "resources": [
                  "*"
                ],
                "sid": "Allow EKS Service"
              },
              {
                "actions": [
                  "kms:*"
                ],
                "condition": [],
                "effect": "Allow",
                "not_actions": [],
                "not_principals": [],
                "not_resources": [],
                "principals": [
                  {
                    "identifiers": [
                      "lambda.amazonaws.com"
                    ],
                    "type": "Service"
                  }
                ],
                "resources": [
                  "*"
                ],
                "sid": "Enable Lambda Service"
              }
            ],
            "version": "2012-10-17"
          },
          "sensitive_attributes": []
        }
      ]
    },
    {
      "module": "module.security",
      "mode": "data",
      "type": "aws_iam_policy_document",
      "name": "database_key_policy",
      "provider": "provider[\"registry.terraform.io/hashicorp/aws\"]",
      "instances": [
        {
          "schema_version": 0,
          "attributes": {
            "id": "319159078",
            "json": "{\n  \"Version\": \"2012-10-17\",\n  \"Statement\": [\n    {\n      \"Sid\": \"Enable IAM User Permissions\",\n      \"Effect\": \"Allow\",\n      \"Action\": \"kms:*\",\n      \"Resource\": \"*\",\n      \"Principal\": {\n        \"AWS\": \"arn:aws:iam::463470963000:root\"\n      }\n    },\n    {\n      \"Sid\": \"Allow Aurora Service\",\n      \"Effect\": \"Allow\",\n      \"Action\": [\n        \"kms:ReEncrypt*\",\n        \"kms:GenerateDataKey*\",\n        \"kms:Encrypt\",\n        \"kms:DescribeKey\",\n        \"kms:Decrypt\"\n      ],\n      \"Resource\": \"*\",\n      \"Principal\": {\n        \"Service\": \"rds.amazonaws.com\"\n      }\n    },\n    {\n      \"Sid\": \"Allow Backup Service\",\n      \"Effect\": \"Allow\",\n      \"Action\": [\n        \"kms:ReEncrypt*\",\n        \"kms:GenerateDataKey*\",\n        \"kms:Encrypt\",\n        \"kms:DescribeKey\",\n        \"kms:Decrypt\"\n      ],\n      \"Resource\": \"*\",\n      \"Principal\": {\n        \"Service\": \"backup.amazonaws.com\"\n      }\n    },\n    {\n      \"Sid\": \"Enable S3 Service\",\n      \"Effect\": \"Allow\",\n      \"Action\": [\n        \"kms:ReEncrypt*\",\n        \"kms:GenerateDataKey*\",\n        \"kms:Encrypt\",\n        \"kms:DescribeKey\",\n        \"kms:Decrypt\"\n      ],\n      \"Resource\": \"*\",\n      \"Principal\": {\n        \"Service\": \"s3.amazonaws.com\"\n      }\n    },\n    {\n      \"Sid\": \"Enable DynamoDB Service\",\n      \"Effect\": \"Allow\",\n      \"Action\": [\n        \"kms:ReEncrypt*\",\n        \"kms:GenerateDataKey*\",\n        \"kms:Encrypt\",\n        \"kms:DescribeKey\",\n        \"kms:Decrypt\"\n      ],\n      \"Resource\": \"*\",\n      \"Principal\": {\n        \"Service\": \"dynamodb.amazonaws.com\"\n      }\n    },\n    {\n      \"Sid\": \"Enable CloudTrail Service\",\n      \"Effect\": \"Allow\",\n      \"Action\": [\n        \"kms:ReEncrypt*\",\n        \"kms:GenerateDataKey*\",\n        \"kms:Encrypt\",\n        \"kms:DescribeKey\",\n        \"kms:Decrypt\"\n      ],\n      \"Resource\": \"*\",\n      \"Principal\": {\n        \"Service\": \"cloudtrail.amazonaws.com\"\n      },\n      \"Condition\": {\n        \"StringLike\": {\n          \"kms:EncryptionContext:aws:cloudtrail:arn\": \"arn:aws:cloudtrail:*:463470963000:trail/global-banking-cloudtrail\"\n        }\n      }\n    },\n    {\n      \"Sid\": \"Enable ELB Service\",\n      \"Effect\": \"Allow\",\n      \"Action\": \"kms:*\",\n      \"Resource\": \"*\",\n      \"Principal\": {\n        \"Service\": \"elasticloadbalancing.amazonaws.com\"\n      }\n    },\n    {\n      \"Sid\": \"Allow GitHub Actions\",\n      \"Effect\": \"Allow\",\n      \"Action\": [\n        \"kms:GenerateDataKey*\",\n        \"kms:DescribeKey\",\n        \"kms:Decrypt\"\n      ],\n      \"Resource\": \"*\",\n      \"Principal\": {\n        \"AWS\": \"arn:aws:iam::463470963000:role/github-actions-role\"\n      }\n    }\n  ]\n}",
            "minified_json": "{\"Version\":\"2012-10-17\",\"Statement\":[{\"Sid\":\"Enable IAM User Permissions\",\"Effect\":\"Allow\",\"Action\":\"kms:*\",\"Resource\":\"*\",\"Principal\":{\"AWS\":\"arn:aws:iam::463470963000:root\"}},{\"Sid\":\"Allow Aurora Service\",\"Effect\":\"Allow\",\"Action\":[\"kms:ReEncrypt*\",\"kms:GenerateDataKey*\",\"kms:Encrypt\",\"kms:DescribeKey\",\"kms:Decrypt\"],\"Resource\":\"*\",\"Principal\":{\"Service\":\"rds.amazonaws.com\"}},{\"Sid\":\"Allow Backup Service\",\"Effect\":\"Allow\",\"Action\":[\"kms:ReEncrypt*\",\"kms:GenerateDataKey*\",\"kms:Encrypt\",\"kms:DescribeKey\",\"kms:Decrypt\"],\"Resource\":\"*\",\"Principal\":{\"Service\":\"backup.amazonaws.com\"}},{\"Sid\":\"Enable S3 Service\",\"Effect\":\"Allow\",\"Action\":[\"kms:ReEncrypt*\",\"kms:GenerateDataKey*\",\"kms:Encrypt\",\"kms:DescribeKey\",\"kms:Decrypt\"],\"Resource\":\"*\",\"Principal\":{\"Service\":\"s3.amazonaws.com\"}},{\"Sid\":\"Enable DynamoDB Service\",\"Effect\":\"Allow\",\"Action\":[\"kms:ReEncrypt*\",\"kms:GenerateDataKey*\",\"kms:Encrypt\",\"kms:DescribeKey\",\"kms:Decrypt\"],\"Resource\":\"*\",\"Principal\":{\"Service\":\"dynamodb.amazonaws.com\"}},{\"Sid\":\"Enable CloudTrail Service\",\"Effect\":\"Allow\",\"Action\":[\"kms:ReEncrypt*\",\"kms:GenerateDataKey*\",\"kms:Encrypt\",\"kms:DescribeKey\",\"kms:Decrypt\"],\"Resource\":\"*\",\"Principal\":{\"Service\":\"cloudtrail.amazonaws.com\"},\"Condition\":{\"StringLike\":{\"kms:EncryptionContext:aws:cloudtrail:arn\":\"arn:aws:cloudtrail:*:463470963000:trail/global-banking-cloudtrail\"}}},{\"Sid\":\"Enable ELB Service\",\"Effect\":\"Allow\",\"Action\":\"kms:*\",\"Resource\":\"*\",\"Principal\":{\"Service\":\"elasticloadbalancing.amazonaws.com\"}},{\"Sid\":\"Allow GitHub Actions\",\"Effect\":\"Allow\",\"Action\":[\"kms:GenerateDataKey*\",\"kms:DescribeKey\",\"kms:Decrypt\"],\"Resource\":\"*\",\"Principal\":{\"AWS\":\"arn:aws:iam::463470963000:role/github-actions-role\"}}]}",
            "override_json": null,
            "override_policy_documents": null,
            "policy_id": null,
            "source_json": null,
            "source_policy_documents": null,
            "statement": [
              {
                "actions": [
                  "kms:*"
                ],
                "condition": [],
                "effect": "Allow",
                "not_actions": [],
                "not_principals": [],
                "not_resources": [],
                "principals": [
                  {
                    "identifiers": [
                      "arn:aws:iam::463470963000:root"
                    ],
                    "type": "AWS"
                  }
                ],
                "resources": [
                  "*"
                ],
                "sid": "Enable IAM User Permissions"
              },
              {
                "actions": [
                  "kms:Decrypt",
                  "kms:DescribeKey",
                  "kms:Encrypt",
                  "kms:GenerateDataKey*",
                  "kms:ReEncrypt*"
                ],
                "condition": [],
                "effect": "Allow",
                "not_actions": [],
                "not_principals": [],
                "not_resources": [],
                "principals": [
                  {
                    "identifiers": [
                      "rds.amazonaws.com"
                    ],
                    "type": "Service"
                  }
                ],
                "resources": [
                  "*"
                ],
                "sid": "Allow Aurora Service"
              },
              {
                "actions": [
                  "kms:Decrypt",
                  "kms:DescribeKey",
                  "kms:Encrypt",
                  "kms:GenerateDataKey*",
                  "kms:ReEncrypt*"
                ],
                "condition": [],
                "effect": "Allow",
                "not_actions": [],
                "not_principals": [],
                "not_resources": [],
                "principals": [
                  {
                    "identifiers": [
                      "backup.amazonaws.com"
                    ],
                    "type": "Service"
                  }
                ],
                "resources": [
                  "*"
                ],
                "sid": "Allow Backup Service"
              },
              {
                "actions": [
                  "kms:Decrypt",
                  "kms:DescribeKey",
                  "kms:Encrypt",
                  "kms:GenerateDataKey*",
                  "kms:ReEncrypt*"
                ],
                "condition": [],
                "effect": "Allow",
                "not_actions": [],
                "not_principals": [],
                "not_resources": [],
                "principals": [
                  {
                    "identifiers": [
                      "s3.amazonaws.com"
                    ],
                    "type": "Service"
                  }
                ],
                "resources": [
                  "*"
                ],
                "sid": "Enable S3 Service"
              },
              {
                "actions": [
                  "kms:Decrypt",
                  "kms:DescribeKey",
                  "kms:Encrypt",
                  "kms:GenerateDataKey*",
                  "kms:ReEncrypt*"
                ],
                "condition": [],
                "effect": "Allow",
                "not_actions": [],
                "not_principals": [],
                "not_resources": [],
                "principals": [
                  {
                    "identifiers": [
                      "dynamodb.amazonaws.com"
                    ],
                    "type": "Service"
                  }
                ],
                "resources": [
                  "*"
                ],
                "sid": "Enable DynamoDB Service"
              },
              {
                "actions": [
                  "kms:Decrypt",
                  "kms:DescribeKey",
                  "kms:Encrypt",
                  "kms:GenerateDataKey*",
                  "kms:ReEncrypt*"
                ],
                "condition": [
                  {
                    "test": "StringLike",
                    "values": [
                      "arn:aws:cloudtrail:*:463470963000:trail/global-banking-cloudtrail"
                    ],
                    "variable": "kms:EncryptionContext:aws:cloudtrail:arn"
                  }
                ],
                "effect": "Allow",
                "not_actions": [],
                "not_principals": [],
                "not_resources": [],
                "principals": [
                  {
                    "identifiers": [
                      "cloudtrail.amazonaws.com"
                    ],
                    "type": "Service"
                  }
                ],
                "resources": [
                  "*"
                ],
                "sid": "Enable CloudTrail Service"
              },
              {
                "actions": [
                  "kms:*"
                ],
                "condition": [],
                "effect": "Allow",
                "not_actions": [],
                "not_principals": [],
                "not_resources": [],
                "principals": [
                  {
                    "identifiers": [
                      "elasticloadbalancing.amazonaws.com"
                    ],
                    "type": "Service"
                  }
                ],
                "resources": [
                  "*"
                ],
                "sid": "Enable ELB Service"
              },
              {
                "actions": [
                  "kms:Decrypt",
                  "kms:DescribeKey",
                  "kms:GenerateDataKey*"
                ],
                "condition": [],
                "effect": "Allow",
                "not_actions": [],
                "not_principals": [],
                "not_resources": [],
                "principals": [
                  {
                    "identifiers": [
                      "arn:aws:iam::463470963000:role/github-actions-role"
                    ],
                    "type": "AWS"
                  }
                ],
                "resources": [
                  "*"
                ],
                "sid": "Allow GitHub Actions"
              }
            ],
            "version": "2012-10-17"
          },
          "sensitive_attributes": []
        }
      ]
    },
    {
      "module": "module.security",
      "mode": "data",
      "type": "aws_region",
      "name": "current",
      "provider": "provider[\"registry.terraform.io/hashicorp/aws\"]",
      "instances": [
        {
          "schema_version": 0,
          "attributes": {
            "description": "Europe (London)",
            "endpoint": "ec2.eu-west-2.amazonaws.com",
            "id": "eu-west-2",
            "name": "eu-west-2"
          },
          "sensitive_attributes": []
        }
      ]
    },
    {
      "module": "module.security",
      "mode": "managed",
      "type": "aws_cloudtrail",
      "name": "main",
      "provider": "provider[\"registry.terraform.io/hashicorp/aws\"]",
      "instances": [
        {
          "schema_version": 1,
          "attributes": {
            "advanced_event_selector": [],
            "arn": "arn:aws:cloudtrail:eu-west-2:463470963000:trail/global-banking-cloudtrail",
            "cloud_watch_logs_group_arn": "",
            "cloud_watch_logs_role_arn": "",
            "enable_log_file_validation": false,
            "enable_logging": true,
            "event_selector": [],
            "home_region": "eu-west-2",
            "id": "arn:aws:cloudtrail:eu-west-2:463470963000:trail/global-banking-cloudtrail",
            "include_global_service_events": true,
            "insight_selector": [],
            "is_multi_region_trail": true,
            "is_organization_trail": false,
            "kms_key_id": "arn:aws:kms:eu-west-2:463470963000:key/a8dc691e-6da9-4d60-b909-ea9b4903f9c2",
            "name": "global-banking-cloudtrail",
            "s3_bucket_name": "cloudtrail-bucket-talha",
            "s3_key_prefix": "",
            "sns_topic_name": "",
            "tags": null,
            "tags_all": {}
          },
          "sensitive_attributes": [],
          "private": "eyJzY2hlbWFfdmVyc2lvbiI6IjEifQ==",
          "dependencies": [
            "module.security.aws_iam_role.github_actions",
            "module.security.aws_kms_key.database",
            "module.security.aws_s3_bucket_policy.cloudtrail_policy",
            "module.security.data.aws_caller_identity.current",
            "module.security.data.aws_iam_policy_document.database_key_policy",
            "module.storage.aws_s3_bucket.cloudtrail"
          ]
        }
      ]
    },
    {
      "module": "module.security",
      "mode": "managed",
      "type": "aws_config_configuration_recorder",
      "name": "main",
      "provider": "provider[\"registry.terraform.io/hashicorp/aws\"]",
      "instances": [
        {
          "schema_version": 0,
          "attributes": {
            "id": "global-banking-config-recorder",
            "name": "global-banking-config-recorder",
            "recording_group": [
              {
                "all_supported": true,
                "exclusion_by_resource_types": [
                  {
                    "resource_types": []
                  }
                ],
                "include_global_resource_types": true,
                "recording_strategy": [
                  {
                    "use_only": "ALL_SUPPORTED_RESOURCE_TYPES"
                  }
                ],
                "resource_types": null
              }
            ],
            "recording_mode": [
              {
                "recording_frequency": "CONTINUOUS",
                "recording_mode_override": []
              }
            ],
            "role_arn": "arn:aws:iam::463470963000:role/AWSConfigRole"
          },
          "sensitive_attributes": [],
          "private": "bnVsbA==",
          "dependencies": [
            "module.security.aws_iam_role.config"
          ]
        }
      ]
    },
    {
      "module": "module.security",
      "mode": "managed",
      "type": "aws_guardduty_detector",
      "name": "main",
      "provider": "provider[\"registry.terraform.io/hashicorp/aws\"]",
      "instances": [
        {
          "schema_version": 0,
          "attributes": {
            "account_id": "463470963000",
            "arn": "arn:aws:guardduty:eu-west-2:463470963000:detector/1cca380801c9fe2fd2e9bc882c1700ad",
            "datasources": [
              {
                "kubernetes": [
                  {
                    "audit_logs": [
                      {
                        "enable": true
                      }
                    ]
                  }
                ],
                "malware_protection": [
                  {
                    "scan_ec2_instance_with_findings": [
                      {
                        "ebs_volumes": [
                          {
                            "enable": true
                          }
                        ]
                      }
                    ]
                  }
                ],
                "s3_logs": [
                  {
                    "enable": true
                  }
                ]
              }
            ],
            "enable": true,
            "finding_publishing_frequency": "SIX_HOURS",
            "id": "1cca380801c9fe2fd2e9bc882c1700ad",
            "tags": null,
            "tags_all": {}
          },
          "sensitive_attributes": [],
          "private": "bnVsbA=="
        }
      ]
    },
    {
      "module": "module.security",
      "mode": "managed",
      "type": "aws_iam_policy",
      "name": "alb_controller",
      "provider": "provider[\"registry.terraform.io/hashicorp/aws\"]",
      "instances": [
        {
          "schema_version": 0,
          "attributes": {
            "arn": "arn:aws:iam::463470963000:policy/ALBControllerPolicy",
            "attachment_count": 0,
            "description": "",
            "id": "arn:aws:iam::463470963000:policy/ALBControllerPolicy",
            "name": "ALBControllerPolicy",
            "name_prefix": "",
            "path": "/",
            "policy": "{\"Statement\":[{\"Action\":[\"elasticloadbalancing:CreateLoadBalancer\",\"elasticloadbalancing:DeleteLoadBalancer\",\"elasticloadbalancing:DescribeLoadBalancers\",\"elasticloadbalancing:CreateTargetGroup\",\"elasticloadbalancing:DeleteTargetGroup\",\"elasticloadbalancing:DescribeTargetGroups\",\"elasticloadbalancing:RegisterTargets\",\"elasticloadbalancing:DeregisterTargets\",\"elasticloadbalancing:CreateListener\",\"elasticloadbalancing:DeleteListener\",\"elasticloadbalancing:DescribeListeners\",\"elasticloadbalancing:ModifyListener\"],\"Effect\":\"Allow\",\"Resource\":[\"arn:aws:elasticloadbalancing:eu-west-2:463470963000:loadbalancer/app/*\",\"arn:aws:elasticloadbalancing:eu-west-2:463470963000:targetgroup/*\",\"arn:aws:elasticloadbalancing:eu-west-2:463470963000:listener/*\"]},{\"Action\":[\"ec2:DescribeInstances\",\"ec2:DescribeSecurityGroups\",\"ec2:AuthorizeSecurityGroupIngress\",\"ec2:RevokeSecurityGroupIngress\"],\"Effect\":\"Allow\",\"Resource\":\"*\"},{\"Action\":[\"acm:DescribeCertificate\",\"acm:ListCertificates\",\"acm:GetCertificate\"],\"Effect\":\"Allow\",\"Resource\":[\"arn:aws:acm:eu-west-2:463470963000:certificate/*\"]},{\"Action\":[\"wafv2:GetWebACL\",\"wafv2:AssociateWebACL\",\"wafv2:DisassociateWebACL\"],\"Effect\":\"Allow\",\"Resource\":\"*\"}],\"Version\":\"2012-10-17\"}",
            "policy_id": "ANPAWX2IFVE4KSDRIF4OJ",
            "tags": null,
            "tags_all": {}
          },
          "sensitive_attributes": [],
          "private": "bnVsbA==",
          "dependencies": [
            "module.security.data.aws_caller_identity.current"
          ]
        }
      ]
    },
    {
      "module": "module.security",
      "mode": "managed",
      "type": "aws_iam_policy",
      "name": "api_gateway_policy",
      "provider": "provider[\"registry.terraform.io/hashicorp/aws\"]",
      "instances": [
        {
          "schema_version": 0,
          "attributes": {
            "arn": "arn:aws:iam::463470963000:policy/api-gateway-policy",
            "attachment_count": 0,
            "description": "",
            "id": "arn:aws:iam::463470963000:policy/api-gateway-policy",
            "name": "api-gateway-policy",
            "name_prefix": "",
            "path": "/",
            "policy": "{\"Statement\":[{\"Action\":[\"elasticloadbalancing:DescribeLoadBalancers\",\"elasticloadbalancing:DescribeTargetGroups\",\"elasticloadbalancing:DescribeTargetHealth\"],\"Effect\":\"Allow\",\"Resource\":\"*\"},{\"Action\":[\"logs:CreateLogGroup\",\"logs:CreateLogStream\",\"logs:DescribeLogGroups\",\"logs:DescribeLogStreams\",\"logs:PutLogEvents\",\"logs:GetLogEvents\",\"logs:FilterLogEvents\"],\"Effect\":\"Allow\",\"Resource\":[\"arn:aws:logs:eu-west-2:463470963000:log-group:/aws/apigateway/banking-api\",\"arn:aws:logs:eu-west-2:463470963000:log-group:/aws/apigateway/banking-api:*\"]}],\"Version\":\"2012-10-17\"}",
            "policy_id": "ANPAWX2IFVE4MZIGZHEY2",
            "tags": null,
            "tags_all": {}
          },
          "sensitive_attributes": [],
          "private": "bnVsbA==",
          "dependencies": [
            "module.monitoring.aws_cloudwatch_log_group.api_gateway"
          ]
        }
      ]
    },
    {
      "module": "module.security",
      "mode": "managed",
      "type": "aws_iam_policy",
      "name": "aurora_eks",
      "provider": "provider[\"registry.terraform.io/hashicorp/aws\"]",
      "instances": [
        {
          "schema_version": 0,
          "attributes": {
            "arn": "arn:aws:iam::463470963000:policy/aurora-eks-policy",
            "attachment_count": 0,
            "description": "",
            "id": "arn:aws:iam::463470963000:policy/aurora-eks-policy",
            "name": "aurora-eks-policy",
            "name_prefix": "",
            "path": "/",
            "policy": "{\"Statement\":[{\"Action\":[\"rds-data:ExecuteStatement\",\"rds-data:BatchExecuteStatement\"],\"Effect\":\"Allow\",\"Resource\":\"arn:aws:rds:eu-west-2:463470963000:cluster:global-bank-cluster\"}],\"Version\":\"2012-10-17\"}",
            "policy_id": "ANPAWX2IFVE4O5KPWFSTG",
            "tags": null,
            "tags_all": {}
          },
          "sensitive_attributes": [],
          "private": "bnVsbA==",
          "dependencies": [
            "module.database.aws_db_subnet_group.aurora_subnet",
            "module.database.aws_rds_cluster.global_bank_cluster",
            "module.database.aws_rds_cluster_parameter_group.banking",
            "module.database.aws_security_group.aurora_sg",
            "module.security.aws_iam_role.github_actions",
            "module.security.aws_kms_key.database",
            "module.security.data.aws_caller_identity.current",
            "module.security.data.aws_iam_policy_document.database_key_policy",
            "module.vpcs.aws_subnet.private",
            "module.vpcs.aws_vpc.main"
          ]
        }
      ]
    },
    {
      "module": "module.security",
      "mode": "managed",
      "type": "aws_iam_policy",
      "name": "lambda_config",
      "provider": "provider[\"registry.terraform.io/hashicorp/aws\"]",
      "instances": [
        {
          "schema_version": 0,
          "attributes": {
            "arn": "arn:aws:iam::463470963000:policy/lambda-config-policy",
            "attachment_count": 0,
            "description": "",
            "id": "arn:aws:iam::463470963000:policy/lambda-config-policy",
            "name": "lambda-config-policy",
            "name_prefix": "",
            "path": "/",
            "policy": "{\"Statement\":[{\"Action\":[\"ec2:DescribeSecurityGroups\",\"ec2:RevokeSecurityGroupIngress\",\"ec2:UpdateSecurityGroupRuleDescriptionsIngress\"],\"Effect\":\"Allow\",\"Resource\":\"*\"},{\"Action\":[\"sns:Publish\"],\"Effect\":\"Allow\",\"Resource\":[\"arn:aws:sns:eu-west-2:463470963000:global-banking-alerts\"]},{\"Action\":[\"config:GetResourceConfigHistory\",\"config:GetResourceConfig\"],\"Effect\":\"Allow\",\"Resource\":\"arn:aws:config:eu-west-2:463470963000:config-rule/config-rule-id\"}],\"Version\":\"2012-10-17\"}",
            "policy_id": "ANPAWX2IFVE4EFVMHTQVY",
            "tags": null,
            "tags_all": {}
          },
          "sensitive_attributes": [],
          "private": "bnVsbA==",
          "dependencies": [
            "module.monitoring.aws_sns_topic.banking_alerts"
          ]
        }
      ]
    },
    {
      "module": "module.security",
      "mode": "managed",
      "type": "aws_iam_policy",
      "name": "lambda_macie",
      "provider": "provider[\"registry.terraform.io/hashicorp/aws\"]",
      "instances": [
        {
          "schema_version": 0,
          "attributes": {
            "arn": "arn:aws:iam::463470963000:policy/lambda-macie-policy",
            "attachment_count": 0,
            "description": "",
            "id": "arn:aws:iam::463470963000:policy/lambda-macie-policy",
            "name": "lambda-macie-policy",
            "name_prefix": "",
            "path": "/",
            "policy": "{\"Statement\":[{\"Action\":[\"s3:PutEncryptionConfiguration\",\"s3:GetEncryptionConfiguration\",\"s3:GetBucketEncryption\"],\"Effect\":\"Allow\",\"Resource\":[\"arn:aws:s3:::cloudtrail-bucket-talha\",\"arn:aws:s3:::vpc-flow-logs-talha\",\"arn:aws:s3:::audit-reports-talha\"]},{\"Action\":[\"sns:Publish\"],\"Effect\":\"Allow\",\"Resource\":[\"arn:aws:sns:eu-west-2:463470963000:global-banking-alerts\"]},{\"Action\":[\"securityhub:BatchImportFindings\",\"securityhub:UpdateFindings\"],\"Effect\":\"Allow\",\"Resource\":\"*\"}],\"Version\":\"2012-10-17\"}",
            "policy_id": "ANPAWX2IFVE4KNIDLHCYK",
            "tags": null,
            "tags_all": {}
          },
          "sensitive_attributes": [],
          "private": "bnVsbA==",
          "dependencies": [
            "module.monitoring.aws_sns_topic.banking_alerts",
            "module.storage.aws_s3_bucket.audit_reports",
            "module.storage.aws_s3_bucket.cloudtrail",
            "module.storage.aws_s3_bucket.vpc_flow_logs"
          ]
        }
      ]
    },
    {
      "module": "module.security",
      "mode": "managed",
      "type": "aws_iam_policy",
      "name": "lambda_secrets",
      "provider": "provider[\"registry.terraform.io/hashicorp/aws\"]",
      "instances": [
        {
          "schema_version": 0,
          "attributes": {
            "arn": "arn:aws:iam::463470963000:policy/lambda-secrets-policy",
            "attachment_count": 0,
            "description": "",
            "id": "arn:aws:iam::463470963000:policy/lambda-secrets-policy",
            "name": "lambda-secrets-policy",
            "name_prefix": "",
            "path": "/",
            "policy": "{\"Statement\":[{\"Action\":[\"secretsmanager:GetSecretValue\",\"secretsmanager:DescribeSecret\"],\"Effect\":\"Allow\",\"Resource\":[\"arn:aws:secretsmanager:eu-west-2:463470963000:secret:pipeline-secrets-2YBThz\"]},{\"Action\":[\"kms:Decrypt\",\"kms:DescribeKey\"],\"Effect\":\"Allow\",\"Resource\":[\"arn:aws:kms:eu-west-2:463470963000:key/a8dc691e-6da9-4d60-b909-ea9b4903f9c2\"]}],\"Version\":\"2012-10-17\"}",
            "policy_id": "ANPAWX2IFVE4KYLE33BYX",
            "tags": null,
            "tags_all": {}
          },
          "sensitive_attributes": [],
          "private": "bnVsbA==",
          "dependencies": [
            "module.security.aws_iam_role.github_actions",
            "module.security.aws_kms_key.database",
            "module.security.data.aws_caller_identity.current",
            "module.security.data.aws_iam_policy_document.database_key_policy"
          ]
        }
      ]
    },
    {
      "module": "module.security",
      "mode": "managed",
      "type": "aws_iam_policy",
      "name": "s3_eks",
      "provider": "provider[\"registry.terraform.io/hashicorp/aws\"]",
      "instances": [
        {
          "schema_version": 0,
          "attributes": {
            "arn": "arn:aws:iam::463470963000:policy/s3-eks-policy",
            "attachment_count": 0,
            "description": "",
            "id": "arn:aws:iam::463470963000:policy/s3-eks-policy",
            "name": "s3-eks-policy",
            "name_prefix": "",
            "path": "/",
            "policy": "{\"Statement\":[{\"Action\":[\"s3:GetObject\",\"s3:PutObject\"],\"Effect\":\"Allow\",\"Resource\":[\"arn:aws:s3:::eks-artifacts\",\"arn:aws:s3:::eks-artifacts/*\"]}],\"Version\":\"2012-10-17\"}",
            "policy_id": "ANPAWX2IFVE4GKIBKQQMA",
            "tags": null,
            "tags_all": {}
          },
          "sensitive_attributes": [],
          "private": "bnVsbA==",
          "dependencies": [
            "module.storage.aws_s3_bucket.eks"
          ]
        }
      ]
    },
    {
      "module": "module.security",
      "mode": "managed",
      "type": "aws_iam_role",
      "name": "api_gateway_role",
      "provider": "provider[\"registry.terraform.io/hashicorp/aws\"]",
      "instances": [
        {
          "schema_version": 0,
          "attributes": {
            "arn": "arn:aws:iam::463470963000:role/api-gateway-role",
            "assume_role_policy": "{\"Statement\":[{\"Action\":\"sts:AssumeRole\",\"Effect\":\"Allow\",\"Principal\":{\"Service\":\"apigateway.amazonaws.com\"}}],\"Version\":\"2012-10-17\"}",
            "create_date": "2025-01-16T17:01:27Z",
            "description": "",
            "force_detach_policies": false,
            "id": "api-gateway-role",
            "inline_policy": [],
            "managed_policy_arns": [],
            "max_session_duration": 3600,
            "name": "api-gateway-role",
            "name_prefix": "",
            "path": "/",
            "permissions_boundary": "",
            "tags": null,
            "tags_all": {},
            "unique_id": "AROAWX2IFVE4OIHHFKAGB"
          },
          "sensitive_attributes": [],
          "private": "bnVsbA=="
        }
      ]
    },
    {
      "module": "module.security",
      "mode": "managed",
      "type": "aws_iam_role",
      "name": "backup",
      "provider": "provider[\"registry.terraform.io/hashicorp/aws\"]",
      "instances": [
        {
          "schema_version": 0,
          "attributes": {
            "arn": "arn:aws:iam::463470963000:role/backup-service-role",
            "assume_role_policy": "{\"Statement\":[{\"Action\":\"sts:AssumeRole\",\"Effect\":\"Allow\",\"Principal\":{\"Service\":\"backup.amazonaws.com\"}}],\"Version\":\"2012-10-17\"}",
            "create_date": "2025-01-16T17:01:31Z",
            "description": "",
            "force_detach_policies": false,
            "id": "backup-service-role",
            "inline_policy": [],
            "managed_policy_arns": [],
            "max_session_duration": 3600,
            "name": "backup-service-role",
            "name_prefix": "",
            "path": "/",
            "permissions_boundary": "",
            "tags": null,
            "tags_all": {},
            "unique_id": "AROAWX2IFVE4KEAF3SGBL"
          },
          "sensitive_attributes": [],
          "private": "bnVsbA=="
        }
      ]
    },
    {
      "module": "module.security",
      "mode": "managed",
      "type": "aws_iam_role",
      "name": "bastion",
      "provider": "provider[\"registry.terraform.io/hashicorp/aws\"]",
      "instances": [
        {
          "schema_version": 0,
          "attributes": {
            "arn": "arn:aws:iam::463470963000:role/bastionrole",
            "assume_role_policy": "{\"Statement\":[{\"Action\":\"sts:AssumeRole\",\"Effect\":\"Allow\",\"Principal\":{\"Service\":\"ec2.amazonaws.com\"}}],\"Version\":\"2012-10-17\"}",
            "create_date": "2025-01-16T17:01:24Z",
            "description": "",
            "force_detach_policies": false,
            "id": "bastionrole",
            "inline_policy": [],
            "managed_policy_arns": [],
            "max_session_duration": 3600,
            "name": "bastionrole",
            "name_prefix": "",
            "path": "/",
            "permissions_boundary": "",
            "tags": null,
            "tags_all": {},
            "unique_id": "AROAWX2IFVE4K7N3SS65K"
          },
          "sensitive_attributes": [],
          "private": "bnVsbA=="
        }
      ]
    },
    {
      "module": "module.security",
      "mode": "managed",
      "type": "aws_iam_role",
      "name": "config",
      "provider": "provider[\"registry.terraform.io/hashicorp/aws\"]",
      "instances": [
        {
          "schema_version": 0,
          "attributes": {
            "arn": "arn:aws:iam::463470963000:role/AWSConfigRole",
            "assume_role_policy": "{\"Statement\":[{\"Action\":\"sts:AssumeRole\",\"Effect\":\"Allow\",\"Principal\":{\"Service\":\"config.amazonaws.com\"}}],\"Version\":\"2012-10-17\"}",
            "create_date": "2025-01-16T17:01:24Z",
            "description": "",
            "force_detach_policies": false,
            "id": "AWSConfigRole",
            "inline_policy": [],
            "managed_policy_arns": [],
            "max_session_duration": 3600,
            "name": "AWSConfigRole",
            "name_prefix": "",
            "path": "/",
            "permissions_boundary": "",
            "tags": null,
            "tags_all": {},
            "unique_id": "AROAWX2IFVE4ILDZXCHPO"
          },
          "sensitive_attributes": [],
          "private": "bnVsbA=="
        }
      ]
    },
    {
      "module": "module.security",
      "mode": "managed",
      "type": "aws_iam_role",
      "name": "eks_cluster",
      "provider": "provider[\"registry.terraform.io/hashicorp/aws\"]",
      "instances": [
        {
          "schema_version": 0,
          "attributes": {
            "arn": "arn:aws:iam::463470963000:role/eks-cluster-role",
            "assume_role_policy": "{\"Statement\":[{\"Action\":\"sts:AssumeRole\",\"Effect\":\"Allow\",\"Principal\":{\"Service\":\"eks.amazonaws.com\"}}],\"Version\":\"2012-10-17\"}",
            "create_date": "2025-01-16T17:01:24Z",
            "description": "",
            "force_detach_policies": false,
            "id": "eks-cluster-role",
            "inline_policy": [],
            "managed_policy_arns": [],
            "max_session_duration": 3600,
            "name": "eks-cluster-role",
            "name_prefix": "",
            "path": "/",
            "permissions_boundary": "",
            "tags": null,
            "tags_all": {},
            "unique_id": "AROAWX2IFVE4HRR3FCJEA"
          },
          "sensitive_attributes": [],
          "private": "bnVsbA=="
        }
      ]
    },
    {
      "module": "module.security",
      "mode": "managed",
      "type": "aws_iam_role",
      "name": "eks_node",
      "provider": "provider[\"registry.terraform.io/hashicorp/aws\"]",
      "instances": [
        {
          "schema_version": 0,
          "attributes": {
            "arn": "arn:aws:iam::463470963000:role/eks-node-role",
            "assume_role_policy": "{\"Statement\":[{\"Action\":\"sts:AssumeRole\",\"Effect\":\"Allow\",\"Principal\":{\"Service\":\"ec2.amazonaws.com\"}}],\"Version\":\"2012-10-17\"}",
            "create_date": "2025-01-16T17:01:28Z",
            "description": "",
            "force_detach_policies": false,
            "id": "eks-node-role",
            "inline_policy": [],
            "managed_policy_arns": [],
            "max_session_duration": 3600,
            "name": "eks-node-role",
            "name_prefix": "",
            "path": "/",
            "permissions_boundary": "",
            "tags": null,
            "tags_all": {},
            "unique_id": "AROAWX2IFVE4AFHAG5GAB"
          },
          "sensitive_attributes": [],
          "private": "bnVsbA=="
        }
      ]
    },
    {
      "module": "module.security",
      "mode": "managed",
      "type": "aws_iam_role",
      "name": "eks_service_account",
      "provider": "provider[\"registry.terraform.io/hashicorp/aws\"]",
      "instances": [
        {
          "schema_version": 0,
          "attributes": {
            "arn": "arn:aws:iam::463470963000:role/eks-service-account-role",
            "assume_role_policy": "{\"Statement\":[{\"Action\":\"sts:AssumeRoleWithWebIdentity\",\"Condition\":{\"StringEquals\":{\"https://oidc.eks.eu-west-2.amazonaws.com/id/F3086B5989BEC1ABC91CB639525FD0E0:aud\":\"sts.amazonaws.com\",\"https://oidc.eks.eu-west-2.amazonaws.com/id/F3086B5989BEC1ABC91CB639525FD0E0:sub\":\"system:serviceaccount:default:my-service-account\"}},\"Effect\":\"Allow\",\"Principal\":{\"Federated\":\"arn:aws:iam::463470963000:oidc-provider/oidc.eks.eu-west-2.amazonaws.com/id/F3086B5989BEC1ABC91CB639525FD0E0\"}}],\"Version\":\"2012-10-17\"}",
            "create_date": "2025-01-16T17:19:38Z",
            "description": "",
            "force_detach_policies": false,
            "id": "eks-service-account-role",
            "inline_policy": [],
            "managed_policy_arns": [],
            "max_session_duration": 3600,
            "name": "eks-service-account-role",
            "name_prefix": "",
            "path": "/",
            "permissions_boundary": "",
            "tags": null,
            "tags_all": {},
            "unique_id": "AROAWX2IFVE4CLD5FKYF6"
          },
          "sensitive_attributes": [],
          "private": "bnVsbA==",
          "dependencies": [
            "module.eks.aws_cloudwatch_log_group.this",
            "module.eks.aws_eks_cluster.this",
            "module.eks.aws_iam_openid_connect_provider.oidc_provider",
            "module.eks.aws_iam_policy.cni_ipv6_policy",
            "module.eks.aws_iam_role.this",
            "module.eks.aws_iam_role_policy_attachment.this",
            "module.eks.aws_security_group.cluster",
            "module.eks.aws_security_group.node",
            "module.eks.aws_security_group_rule.cluster",
            "module.eks.aws_security_group_rule.node",
            "module.eks.data.aws_caller_identity.current",
            "module.eks.data.aws_iam_policy_document.assume_role_policy",
            "module.eks.data.aws_iam_policy_document.cni_ipv6_policy",
            "module.eks.data.aws_iam_session_context.current",
            "module.eks.data.aws_partition.current",
            "module.eks.data.tls_certificate.this",
            "module.eks.module.kms.aws_kms_external_key.this",
            "module.eks.module.kms.aws_kms_key.this",
            "module.eks.module.kms.aws_kms_replica_external_key.this",
            "module.eks.module.kms.aws_kms_replica_key.this",
            "module.eks.module.kms.data.aws_caller_identity.current",
            "module.eks.module.kms.data.aws_iam_policy_document.this",
            "module.eks.module.kms.data.aws_partition.current",
            "module.vpcs.aws_subnet.private",
            "module.vpcs.aws_vpc.main"
          ]
        }
      ]
    },
    {
      "module": "module.security",
      "mode": "managed",
      "type": "aws_iam_role",
      "name": "github_actions",
      "provider": "provider[\"registry.terraform.io/hashicorp/aws\"]",
      "instances": [
        {
          "schema_version": 0,
          "attributes": {
            "arn": "arn:aws:iam::463470963000:role/github-actions-role",
            "assume_role_policy": "{\"Statement\":[{\"Action\":\"sts:AssumeRoleWithWebIdentity\",\"Condition\":{\"StringEquals\":{\"token.actions.githubusercontent.com:aud\":\"sts.amazonaws.com\"},\"StringLike\":{\"token.actions.githubusercontent.com:sub\":\"repo:talhazaman2001/global-bank-migration:*\"}},\"Effect\":\"Allow\",\"Principal\":{\"Federated\":\"arn:aws:iam::463470963000:oidc-provider/token.actions.githubusercontent.com\"}}],\"Version\":\"2012-10-17\"}",
            "create_date": "2025-01-16T17:01:31Z",
            "description": "",
            "force_detach_policies": false,
            "id": "github-actions-role",
            "inline_policy": [],
            "managed_policy_arns": [],
            "max_session_duration": 3600,
            "name": "github-actions-role",
            "name_prefix": "",
            "path": "/",
            "permissions_boundary": "",
            "tags": null,
            "tags_all": {},
            "unique_id": "AROAWX2IFVE4E7VKTOU6Y"
          },
          "sensitive_attributes": [],
          "private": "bnVsbA==",
          "create_before_destroy": true
        }
      ]
    },
    {
      "module": "module.security",
      "mode": "managed",
      "type": "aws_iam_role",
      "name": "lambda",
      "provider": "provider[\"registry.terraform.io/hashicorp/aws\"]",
      "instances": [
        {
          "schema_version": 0,
          "attributes": {
            "arn": "arn:aws:iam::463470963000:role/lambda-role",
            "assume_role_policy": "{\"Statement\":[{\"Action\":\"sts:AssumeRole\",\"Effect\":\"Allow\",\"Principal\":{\"Service\":\"lambda.amazonaws.com\"}}],\"Version\":\"2012-10-17\"}",
            "create_date": "2025-01-16T17:01:25Z",
            "description": "",
            "force_detach_policies": false,
            "id": "lambda-role",
            "inline_policy": [],
            "managed_policy_arns": [],
            "max_session_duration": 3600,
            "name": "lambda-role",
            "name_prefix": "",
            "path": "/",
            "permissions_boundary": "",
            "tags": null,
            "tags_all": {},
            "unique_id": "AROAWX2IFVE4ORSB35UQR"
          },
          "sensitive_attributes": [],
          "private": "bnVsbA==",
          "create_before_destroy": true
        }
      ]
    },
    {
      "module": "module.security",
      "mode": "managed",
      "type": "aws_iam_role",
      "name": "monitoring_roles",
      "provider": "provider[\"registry.terraform.io/hashicorp/aws\"]",
      "instances": [
        {
          "index_key": "apigateway",
          "schema_version": 0,
          "attributes": {
            "arn": "arn:aws:iam::463470963000:role/apigateway-cloudwatch-role",
            "assume_role_policy": "{\"Statement\":[{\"Action\":\"sts:AssumeRole\",\"Effect\":\"Allow\",\"Principal\":{\"Service\":\"apigateway.amazonaws.com\"}}],\"Version\":\"2012-10-17\"}",
            "create_date": "2025-01-16T17:01:31Z",
            "description": "",
            "force_detach_policies": false,
            "id": "apigateway-cloudwatch-role",
            "inline_policy": [],
            "managed_policy_arns": [],
            "max_session_duration": 3600,
            "name": "apigateway-cloudwatch-role",
            "name_prefix": "",
            "path": "/",
            "permissions_boundary": "",
            "tags": null,
            "tags_all": {},
            "unique_id": "AROAWX2IFVE4EOGNBW2T4"
          },
          "sensitive_attributes": [],
          "private": "bnVsbA=="
        },
        {
          "index_key": "dynamodb",
          "schema_version": 0,
          "attributes": {
            "arn": "arn:aws:iam::463470963000:role/dynamodb-cloudwatch-role",
            "assume_role_policy": "{\"Statement\":[{\"Action\":\"sts:AssumeRole\",\"Effect\":\"Allow\",\"Principal\":{\"Service\":\"dynamodb.amazonaws.com\"}}],\"Version\":\"2012-10-17\"}",
            "create_date": "2025-01-16T17:01:33Z",
            "description": "",
            "force_detach_policies": false,
            "id": "dynamodb-cloudwatch-role",
            "inline_policy": [],
            "managed_policy_arns": [],
            "max_session_duration": 3600,
            "name": "dynamodb-cloudwatch-role",
            "name_prefix": "",
            "path": "/",
            "permissions_boundary": "",
            "tags": null,
            "tags_all": {},
            "unique_id": "AROAWX2IFVE4NCSRJYTU7"
          },
          "sensitive_attributes": [],
          "private": "bnVsbA=="
        },
        {
          "index_key": "elasticloadbalancing",
          "schema_version": 0,
          "attributes": {
            "arn": "arn:aws:iam::463470963000:role/elasticloadbalancing-cloudwatch-role",
            "assume_role_policy": "{\"Statement\":[{\"Action\":\"sts:AssumeRole\",\"Effect\":\"Allow\",\"Principal\":{\"Service\":\"elasticloadbalancing.amazonaws.com\"}}],\"Version\":\"2012-10-17\"}",
            "create_date": "2025-01-16T17:01:32Z",
            "description": "",
            "force_detach_policies": false,
            "id": "elasticloadbalancing-cloudwatch-role",
            "inline_policy": [],
            "managed_policy_arns": [],
            "max_session_duration": 3600,
            "name": "elasticloadbalancing-cloudwatch-role",
            "name_prefix": "",
            "path": "/",
            "permissions_boundary": "",
            "tags": null,
            "tags_all": {},
            "unique_id": "AROAWX2IFVE4FV3GTRQBN"
          },
          "sensitive_attributes": [],
          "private": "bnVsbA=="
        },
        {
          "index_key": "lambda",
          "schema_version": 0,
          "attributes": {
            "arn": "arn:aws:iam::463470963000:role/lambda-cloudwatch-role",
            "assume_role_policy": "{\"Statement\":[{\"Action\":\"sts:AssumeRole\",\"Effect\":\"Allow\",\"Principal\":{\"Service\":\"lambda.amazonaws.com\"}}],\"Version\":\"2012-10-17\"}",
            "create_date": "2025-01-16T17:01:32Z",
            "description": "",
            "force_detach_policies": false,
            "id": "lambda-cloudwatch-role",
            "inline_policy": [],
            "managed_policy_arns": [],
            "max_session_duration": 3600,
            "name": "lambda-cloudwatch-role",
            "name_prefix": "",
            "path": "/",
            "permissions_boundary": "",
            "tags": null,
            "tags_all": {},
            "unique_id": "AROAWX2IFVE4HW2VNHEHA"
          },
          "sensitive_attributes": [],
          "private": "bnVsbA=="
        },
        {
          "index_key": "macie",
          "schema_version": 0,
          "attributes": {
            "arn": "arn:aws:iam::463470963000:role/macie-cloudwatch-role",
            "assume_role_policy": "{\"Statement\":[{\"Action\":\"sts:AssumeRole\",\"Effect\":\"Allow\",\"Principal\":{\"Service\":\"macie.amazonaws.com\"}}],\"Version\":\"2012-10-17\"}",
            "create_date": "2025-01-16T17:01:32Z",
            "description": "",
            "force_detach_policies": false,
            "id": "macie-cloudwatch-role",
            "inline_policy": [],
            "managed_policy_arns": [],
            "max_session_duration": 3600,
            "name": "macie-cloudwatch-role",
            "name_prefix": "",
            "path": "/",
            "permissions_boundary": "",
            "tags": null,
            "tags_all": {},
            "unique_id": "AROAWX2IFVE4MQ2PEFJ22"
          },
          "sensitive_attributes": [],
          "private": "bnVsbA=="
        },
        {
          "index_key": "network-firewall",
          "schema_version": 0,
          "attributes": {
            "arn": "arn:aws:iam::463470963000:role/network-firewall-cloudwatch-role",
            "assume_role_policy": "{\"Statement\":[{\"Action\":\"sts:AssumeRole\",\"Effect\":\"Allow\",\"Principal\":{\"Service\":\"network-firewall.amazonaws.com\"}}],\"Version\":\"2012-10-17\"}",
            "create_date": "2025-01-16T17:01:33Z",
            "description": "",
            "force_detach_policies": false,
            "id": "network-firewall-cloudwatch-role",
            "inline_policy": [],
            "managed_policy_arns": [],
            "max_session_duration": 3600,
            "name": "network-firewall-cloudwatch-role",
            "name_prefix": "",
            "path": "/",
            "permissions_boundary": "",
            "tags": null,
            "tags_all": {},
            "unique_id": "AROAWX2IFVE4I3I64TQ32"
          },
          "sensitive_attributes": [],
          "private": "bnVsbA=="
        },
        {
          "index_key": "rds",
          "schema_version": 0,
          "attributes": {
            "arn": "arn:aws:iam::463470963000:role/rds-cloudwatch-role",
            "assume_role_policy": "{\"Statement\":[{\"Action\":\"sts:AssumeRole\",\"Effect\":\"Allow\",\"Principal\":{\"Service\":\"rds.amazonaws.com\"}}],\"Version\":\"2012-10-17\"}",
            "create_date": "2025-01-16T17:01:32Z",
            "description": "",
            "force_detach_policies": false,
            "id": "rds-cloudwatch-role",
            "inline_policy": [],
            "managed_policy_arns": [],
            "max_session_duration": 3600,
            "name": "rds-cloudwatch-role",
            "name_prefix": "",
            "path": "/",
            "permissions_boundary": "",
            "tags": null,
            "tags_all": {},
            "unique_id": "AROAWX2IFVE4PNCOZR23L"
          },
          "sensitive_attributes": [],
          "private": "bnVsbA=="
        },
        {
          "index_key": "waf",
          "schema_version": 0,
          "attributes": {
            "arn": "arn:aws:iam::463470963000:role/waf-cloudwatch-role",
            "assume_role_policy": "{\"Statement\":[{\"Action\":\"sts:AssumeRole\",\"Effect\":\"Allow\",\"Principal\":{\"Service\":\"waf.amazonaws.com\"}}],\"Version\":\"2012-10-17\"}",
            "create_date": "2025-01-16T17:01:33Z",
            "description": "",
            "force_detach_policies": false,
            "id": "waf-cloudwatch-role",
            "inline_policy": [],
            "managed_policy_arns": [],
            "max_session_duration": 3600,
            "name": "waf-cloudwatch-role",
            "name_prefix": "",
            "path": "/",
            "permissions_boundary": "",
            "tags": null,
            "tags_all": {},
            "unique_id": "AROAWX2IFVE4ETPFIPM7Y"
          },
          "sensitive_attributes": [],
          "private": "bnVsbA=="
        }
      ]
    },
    {
      "module": "module.security",
      "mode": "managed",
      "type": "aws_iam_role",
      "name": "secrets_access",
      "provider": "provider[\"registry.terraform.io/hashicorp/aws\"]",
      "instances": [
        {
          "schema_version": 0,
          "attributes": {
            "arn": "arn:aws:iam::463470963000:role/eks-secrets-access",
            "assume_role_policy": "{\"Statement\":[{\"Action\":\"sts:AssumeRole\",\"Effect\":\"Allow\",\"Principal\":{\"Service\":\"eks.amazonaws.com\"}}],\"Version\":\"2012-10-17\"}",
            "create_date": "2025-01-16T17:01:26Z",
            "description": "",
            "force_detach_policies": false,
            "id": "eks-secrets-access",
            "inline_policy": [],
            "managed_policy_arns": [],
            "max_session_duration": 3600,
            "name": "eks-secrets-access",
            "name_prefix": "",
            "path": "/",
            "permissions_boundary": "",
            "tags": null,
            "tags_all": {},
            "unique_id": "AROAWX2IFVE4HQSGDWT2H"
          },
          "sensitive_attributes": [],
          "private": "bnVsbA=="
        }
      ]
    },
    {
      "module": "module.security",
      "mode": "managed",
      "type": "aws_iam_role",
      "name": "session_manager",
      "provider": "provider[\"registry.terraform.io/hashicorp/aws\"]",
      "instances": [
        {
          "schema_version": 0,
          "attributes": {
            "arn": "arn:aws:iam::463470963000:role/session-manager-role",
            "assume_role_policy": "{\"Statement\":[{\"Action\":\"sts:AssumeRole\",\"Effect\":\"Allow\",\"Principal\":{\"Service\":\"ec2.amazonaws.com\"}}],\"Version\":\"2012-10-17\"}",
            "create_date": "2025-01-16T17:01:24Z",
            "description": "",
            "force_detach_policies": false,
            "id": "session-manager-role",
            "inline_policy": [],
            "managed_policy_arns": [],
            "max_session_duration": 3600,
            "name": "session-manager-role",
            "name_prefix": "",
            "path": "/",
            "permissions_boundary": "",
            "tags": null,
            "tags_all": {},
            "unique_id": "AROAWX2IFVE4G6SMXZZMF"
          },
          "sensitive_attributes": [],
          "private": "bnVsbA=="
        }
      ]
    },
    {
      "module": "module.security",
      "mode": "managed",
      "type": "aws_iam_role_policy",
      "name": "cloudwatch_policy",
      "provider": "provider[\"registry.terraform.io/hashicorp/aws\"]",
      "instances": [
        {
          "index_key": "apigateway",
          "schema_version": 0,
          "attributes": {
            "id": "apigateway-cloudwatch-role:cloudwatch-policy",
            "name": "cloudwatch-policy",
            "name_prefix": "",
            "policy": "{\"Version\":\"2012-10-17\",\"Statement\":[{\"Action\":[\"cloudwatch:PutMetricData\",\"logs:CreateLogGroup\",\"logs:CreatelogStream\",\"logs:PutLogEvents\"],\"Effect\":\"Allow\",\"Resource\":\"*\"}]}",
            "role": "apigateway-cloudwatch-role"
          },
          "sensitive_attributes": [],
          "private": "bnVsbA==",
          "dependencies": [
            "module.security.aws_iam_role.monitoring_roles"
          ]
        },
        {
          "index_key": "dynamodb",
          "schema_version": 0,
          "attributes": {
            "id": "dynamodb-cloudwatch-role:cloudwatch-policy",
            "name": "cloudwatch-policy",
            "name_prefix": "",
            "policy": "{\"Version\":\"2012-10-17\",\"Statement\":[{\"Action\":[\"cloudwatch:PutMetricData\",\"logs:CreateLogGroup\",\"logs:CreatelogStream\",\"logs:PutLogEvents\"],\"Effect\":\"Allow\",\"Resource\":\"*\"}]}",
            "role": "dynamodb-cloudwatch-role"
          },
          "sensitive_attributes": [],
          "private": "bnVsbA==",
          "dependencies": [
            "module.security.aws_iam_role.monitoring_roles"
          ]
        },
        {
          "index_key": "elasticloadbalancing",
          "schema_version": 0,
          "attributes": {
            "id": "elasticloadbalancing-cloudwatch-role:cloudwatch-policy",
            "name": "cloudwatch-policy",
            "name_prefix": "",
            "policy": "{\"Version\":\"2012-10-17\",\"Statement\":[{\"Action\":[\"cloudwatch:PutMetricData\",\"logs:CreateLogGroup\",\"logs:CreatelogStream\",\"logs:PutLogEvents\"],\"Effect\":\"Allow\",\"Resource\":\"*\"}]}",
            "role": "elasticloadbalancing-cloudwatch-role"
          },
          "sensitive_attributes": [],
          "private": "bnVsbA==",
          "dependencies": [
            "module.security.aws_iam_role.monitoring_roles"
          ]
        },
        {
          "index_key": "lambda",
          "schema_version": 0,
          "attributes": {
            "id": "lambda-cloudwatch-role:cloudwatch-policy",
            "name": "cloudwatch-policy",
            "name_prefix": "",
            "policy": "{\"Version\":\"2012-10-17\",\"Statement\":[{\"Action\":[\"cloudwatch:PutMetricData\",\"logs:CreateLogGroup\",\"logs:CreatelogStream\",\"logs:PutLogEvents\"],\"Effect\":\"Allow\",\"Resource\":\"*\"}]}",
            "role": "lambda-cloudwatch-role"
          },
          "sensitive_attributes": [],
          "private": "bnVsbA==",
          "dependencies": [
            "module.security.aws_iam_role.monitoring_roles"
          ]
        },
        {
          "index_key": "macie",
          "schema_version": 0,
          "attributes": {
            "id": "macie-cloudwatch-role:cloudwatch-policy",
            "name": "cloudwatch-policy",
            "name_prefix": "",
            "policy": "{\"Version\":\"2012-10-17\",\"Statement\":[{\"Action\":[\"cloudwatch:PutMetricData\",\"logs:CreateLogGroup\",\"logs:CreatelogStream\",\"logs:PutLogEvents\"],\"Effect\":\"Allow\",\"Resource\":\"*\"}]}",
            "role": "macie-cloudwatch-role"
          },
          "sensitive_attributes": [],
          "private": "bnVsbA==",
          "dependencies": [
            "module.security.aws_iam_role.monitoring_roles"
          ]
        },
        {
          "index_key": "network-firewall",
          "schema_version": 0,
          "attributes": {
            "id": "network-firewall-cloudwatch-role:cloudwatch-policy",
            "name": "cloudwatch-policy",
            "name_prefix": "",
            "policy": "{\"Version\":\"2012-10-17\",\"Statement\":[{\"Action\":[\"cloudwatch:PutMetricData\",\"logs:CreateLogGroup\",\"logs:CreatelogStream\",\"logs:PutLogEvents\"],\"Effect\":\"Allow\",\"Resource\":\"*\"}]}",
            "role": "network-firewall-cloudwatch-role"
          },
          "sensitive_attributes": [],
          "private": "bnVsbA==",
          "dependencies": [
            "module.security.aws_iam_role.monitoring_roles"
          ]
        },
        {
          "index_key": "rds",
          "schema_version": 0,
          "attributes": {
            "id": "rds-cloudwatch-role:cloudwatch-policy",
            "name": "cloudwatch-policy",
            "name_prefix": "",
            "policy": "{\"Version\":\"2012-10-17\",\"Statement\":[{\"Action\":[\"cloudwatch:PutMetricData\",\"logs:CreateLogGroup\",\"logs:CreatelogStream\",\"logs:PutLogEvents\"],\"Effect\":\"Allow\",\"Resource\":\"*\"}]}",
            "role": "rds-cloudwatch-role"
          },
          "sensitive_attributes": [],
          "private": "bnVsbA==",
          "dependencies": [
            "module.security.aws_iam_role.monitoring_roles"
          ]
        },
        {
          "index_key": "waf",
          "schema_version": 0,
          "attributes": {
            "id": "waf-cloudwatch-role:cloudwatch-policy",
            "name": "cloudwatch-policy",
            "name_prefix": "",
            "policy": "{\"Version\":\"2012-10-17\",\"Statement\":[{\"Action\":[\"cloudwatch:PutMetricData\",\"logs:CreateLogGroup\",\"logs:CreatelogStream\",\"logs:PutLogEvents\"],\"Effect\":\"Allow\",\"Resource\":\"*\"}]}",
            "role": "waf-cloudwatch-role"
          },
          "sensitive_attributes": [],
          "private": "bnVsbA==",
          "dependencies": [
            "module.security.aws_iam_role.monitoring_roles"
          ]
        }
      ]
    },
    {
      "module": "module.security",
      "mode": "managed",
      "type": "aws_iam_role_policy",
      "name": "config_s3_permissions",
      "provider": "provider[\"registry.terraform.io/hashicorp/aws\"]",
      "instances": [
        {
          "schema_version": 0,
          "attributes": {
            "id": "AWSConfigRole:terraform-20250116171010984100000033",
            "name": "terraform-20250116171010984100000033",
            "name_prefix": "terraform-",
            "policy": "{\"Version\":\"2012-10-17\",\"Statement\":[{\"Action\":[\"s3:PutObject\",\"s3:GetBucketLocation\",\"s3:ListBucket\"],\"Effect\":\"Allow\",\"Resource\":[\"arn:aws:s3:::audit-reports-talha\",\"arn:aws:s3:::audit-reports-talha/*\"]},{\"Action\":[\"kms:Encrypt\",\"kms:Decrypt\",\"kms:GenerateDataKey*\",\"kms:DescribeKey\"],\"Effect\":\"Allow\",\"Resource\":\"arn:aws:kms:eu-west-2:463470963000:key/a8dc691e-6da9-4d60-b909-ea9b4903f9c2\"}]}",
            "role": "AWSConfigRole"
          },
          "sensitive_attributes": [],
          "private": "bnVsbA==",
          "dependencies": [
            "module.security.aws_iam_role.config",
            "module.security.aws_iam_role.github_actions",
            "module.security.aws_kms_key.database",
            "module.security.data.aws_caller_identity.current",
            "module.security.data.aws_iam_policy_document.database_key_policy",
            "module.storage.aws_s3_bucket.audit_reports"
          ]
        }
      ]
    },
    {
      "module": "module.security",
      "mode": "managed",
      "type": "aws_iam_role_policy",
      "name": "github_actions_secrets_access",
      "provider": "provider[\"registry.terraform.io/hashicorp/aws\"]",
      "instances": [
        {
          "schema_version": 0,
          "attributes": {
            "id": "github-actions-role:github-actions-secrets-access",
            "name": "github-actions-secrets-access",
            "name_prefix": "",
            "policy": "{\"Version\":\"2012-10-17\",\"Statement\":[{\"Action\":[\"secretsmanager:GetSecretValue\",\"secretsmanager:DescribeSecret\"],\"Effect\":\"Allow\",\"Resource\":[\"arn:aws:secretsmanager:eu-west-2:463470963000:secret:pipeline-secrets-2YBThz\"]},{\"Action\":[\"kms:Decrypt\",\"kms:DescribeKey\",\"kms:GenerateDataKey\"],\"Effect\":\"Allow\",\"Resource\":[\"arn:aws:kms:eu-west-2:463470963000:key/a8dc691e-6da9-4d60-b909-ea9b4903f9c2\"]}]}",
            "role": "github-actions-role"
          },
          "sensitive_attributes": [],
          "private": "bnVsbA==",
          "dependencies": [
            "module.security.aws_iam_role.github_actions",
            "module.security.aws_kms_key.database",
            "module.security.data.aws_caller_identity.current",
            "module.security.data.aws_iam_policy_document.database_key_policy"
          ]
        }
      ]
    },
    {
      "module": "module.security",
      "mode": "managed",
      "type": "aws_iam_role_policy",
      "name": "secrets_access",
      "provider": "provider[\"registry.terraform.io/hashicorp/aws\"]",
      "instances": [
        {
          "schema_version": 0,
          "attributes": {
            "id": "eks-secrets-access:eks-secrets-access",
            "name": "eks-secrets-access",
            "name_prefix": "",
            "policy": "{\"Version\":\"2012-10-17\",\"Statement\":[{\"Action\":[\"secretsmanager:GetSecretValue\"],\"Effect\":\"Allow\",\"Resource\":[\"arn:aws:secretsmanager:eu-west-2:*:secret:banking-secrets*\"]}]}",
            "role": "eks-secrets-access"
          },
          "sensitive_attributes": [],
          "private": "bnVsbA==",
          "dependencies": [
            "module.security.aws_iam_role.secrets_access"
          ]
        }
      ]
    },
    {
      "module": "module.security",
      "mode": "managed",
      "type": "aws_iam_role_policy_attachment",
      "name": "api_gateway_attach",
      "provider": "provider[\"registry.terraform.io/hashicorp/aws\"]",
      "instances": [
        {
          "schema_version": 0,
          "attributes": {
            "id": "api-gateway-role-2025011617020189780000001b",
            "policy_arn": "arn:aws:iam::463470963000:policy/api-gateway-policy",
            "role": "api-gateway-role"
          },
          "sensitive_attributes": [],
          "private": "bnVsbA==",
          "dependencies": [
            "module.monitoring.aws_cloudwatch_log_group.api_gateway",
            "module.security.aws_iam_policy.api_gateway_policy",
            "module.security.aws_iam_role.api_gateway_role"
          ]
        }
      ]
    },
    {
      "module": "module.security",
      "mode": "managed",
      "type": "aws_iam_role_policy_attachment",
      "name": "aurora",
      "provider": "provider[\"registry.terraform.io/hashicorp/aws\"]",
      "instances": [
        {
          "schema_version": 0,
          "attributes": {
            "id": "eks-service-account-role-2025011617193918720000003b",
            "policy_arn": "arn:aws:iam::463470963000:policy/aurora-eks-policy",
            "role": "eks-service-account-role"
          },
          "sensitive_attributes": [],
          "private": "bnVsbA==",
          "dependencies": [
            "module.database.aws_db_subnet_group.aurora_subnet",
            "module.database.aws_rds_cluster.global_bank_cluster",
            "module.database.aws_rds_cluster_parameter_group.banking",
            "module.database.aws_security_group.aurora_sg",
            "module.eks.aws_cloudwatch_log_group.this",
            "module.eks.aws_eks_cluster.this",
            "module.eks.aws_iam_openid_connect_provider.oidc_provider",
            "module.eks.aws_iam_policy.cni_ipv6_policy",
            "module.eks.aws_iam_role.this",
            "module.eks.aws_iam_role_policy_attachment.this",
            "module.eks.aws_security_group.cluster",
            "module.eks.aws_security_group.node",
            "module.eks.aws_security_group_rule.cluster",
            "module.eks.aws_security_group_rule.node",
            "module.eks.data.aws_caller_identity.current",
            "module.eks.data.aws_iam_policy_document.assume_role_policy",
            "module.eks.data.aws_iam_policy_document.cni_ipv6_policy",
            "module.eks.data.aws_iam_session_context.current",
            "module.eks.data.aws_partition.current",
            "module.eks.data.tls_certificate.this",
            "module.eks.module.kms.aws_kms_external_key.this",
            "module.eks.module.kms.aws_kms_key.this",
            "module.eks.module.kms.aws_kms_replica_external_key.this",
            "module.eks.module.kms.aws_kms_replica_key.this",
            "module.eks.module.kms.data.aws_caller_identity.current",
            "module.eks.module.kms.data.aws_iam_policy_document.this",
            "module.eks.module.kms.data.aws_partition.current",
            "module.security.aws_iam_policy.aurora_eks",
            "module.security.aws_iam_role.eks_service_account",
            "module.security.aws_iam_role.github_actions",
            "module.security.aws_kms_key.database",
            "module.security.data.aws_caller_identity.current",
            "module.security.data.aws_iam_policy_document.database_key_policy",
            "module.vpcs.aws_subnet.private",
            "module.vpcs.aws_vpc.main"
          ]
        }
      ]
    },
    {
      "module": "module.security",
      "mode": "managed",
      "type": "aws_iam_role_policy_attachment",
      "name": "backup",
      "provider": "provider[\"registry.terraform.io/hashicorp/aws\"]",
      "instances": [
        {
          "schema_version": 0,
          "attributes": {
            "id": "backup-service-role-20250116170141444200000010",
            "policy_arn": "arn:aws:iam::aws:policy/service-role/AWSBackupServiceRolePolicyForBackup",
            "role": "backup-service-role"
          },
          "sensitive_attributes": [],
          "private": "bnVsbA==",
          "dependencies": [
            "module.security.aws_iam_role.backup"
          ]
        }
      ]
    },
    {
      "module": "module.security",
      "mode": "managed",
      "type": "aws_iam_role_policy_attachment",
      "name": "bastion_cloudwatch",
      "provider": "provider[\"registry.terraform.io/hashicorp/aws\"]",
      "instances": [
        {
          "schema_version": 0,
          "attributes": {
            "id": "bastionrole-20250116170134600900000005",
            "policy_arn": "arn:aws:iam::aws:policy/CloudWatchAgentServerPolicy",
            "role": "bastionrole"
          },
          "sensitive_attributes": [],
          "private": "bnVsbA==",
          "dependencies": [
            "module.security.aws_iam_role.bastion"
          ]
        }
      ]
    },
    {
      "module": "module.security",
      "mode": "managed",
      "type": "aws_iam_role_policy_attachment",
      "name": "bastion_ssm",
      "provider": "provider[\"registry.terraform.io/hashicorp/aws\"]",
      "instances": [
        {
          "schema_version": 0,
          "attributes": {
            "id": "bastionrole-20250116170134737000000006",
            "policy_arn": "arn:aws:iam::aws:policy/AmazonSSMManagedInstanceCore",
            "role": "bastionrole"
          },
          "sensitive_attributes": [],
          "private": "bnVsbA==",
          "dependencies": [
            "module.security.aws_iam_role.bastion"
          ]
        }
      ]
    },
    {
      "module": "module.security",
      "mode": "managed",
      "type": "aws_iam_role_policy_attachment",
      "name": "config_role_policy",
      "provider": "provider[\"registry.terraform.io/hashicorp/aws\"]",
      "instances": [
        {
          "schema_version": 0,
          "attributes": {
            "id": "AWSConfigRole-20250116170135105500000008",
            "policy_arn": "arn:aws:iam::aws:policy/service-role/AWS_ConfigRole",
            "role": "AWSConfigRole"
          },
          "sensitive_attributes": [],
          "private": "bnVsbA==",
          "dependencies": [
            "module.security.aws_iam_role.config"
          ]
        }
      ]
    },
    {
      "module": "module.security",
      "mode": "managed",
      "type": "aws_iam_role_policy_attachment",
      "name": "eks_cluster_policy",
      "provider": "provider[\"registry.terraform.io/hashicorp/aws\"]",
      "instances": [
        {
          "schema_version": 0,
          "attributes": {
            "id": "eks-cluster-role-20250116170135438400000009",
            "policy_arn": "arn:aws:iam::aws:policy/AmazonEKSClusterPolicy",
            "role": "eks-cluster-role"
          },
          "sensitive_attributes": [],
          "private": "bnVsbA==",
          "dependencies": [
            "module.security.aws_iam_role.eks_cluster"
          ]
        }
      ]
    },
    {
      "module": "module.security",
      "mode": "managed",
      "type": "aws_iam_role_policy_attachment",
      "name": "eks_node_policy",
      "provider": "provider[\"registry.terraform.io/hashicorp/aws\"]",
      "instances": [
        {
          "index_key": "arn:aws:iam::aws:policy/AmazonEC2ContainerRegistryReadOnly",
          "schema_version": 0,
          "attributes": {
            "id": "eks-node-role-2025011617013705150000000d",
            "policy_arn": "arn:aws:iam::aws:policy/AmazonEC2ContainerRegistryReadOnly",
            "role": "eks-node-role"
          },
          "sensitive_attributes": [],
          "private": "bnVsbA==",
          "dependencies": [
            "module.security.aws_iam_role.eks_node"
          ]
        },
        {
          "index_key": "arn:aws:iam::aws:policy/AmazonEKSWorkerNodePolicy",
          "schema_version": 0,
          "attributes": {
            "id": "eks-node-role-2025011617013736350000000e",
            "policy_arn": "arn:aws:iam::aws:policy/AmazonEKSWorkerNodePolicy",
            "role": "eks-node-role"
          },
          "sensitive_attributes": [],
          "private": "bnVsbA==",
          "dependencies": [
            "module.security.aws_iam_role.eks_node"
          ]
        },
        {
          "index_key": "arn:aws:iam::aws:policy/AmazonEKS_CNI_Policy",
          "schema_version": 0,
          "attributes": {
            "id": "eks-node-role-2025011617013767120000000f",
            "policy_arn": "arn:aws:iam::aws:policy/AmazonEKS_CNI_Policy",
            "role": "eks-node-role"
          },
          "sensitive_attributes": [],
          "private": "bnVsbA==",
          "dependencies": [
            "module.security.aws_iam_role.eks_node"
          ]
        },
        {
          "index_key": "arn:aws:iam::aws:policy/AmazonSSMManagedInstanceCore",
          "schema_version": 0,
          "attributes": {
            "id": "eks-node-role-2025011617013674720000000c",
            "policy_arn": "arn:aws:iam::aws:policy/AmazonSSMManagedInstanceCore",
            "role": "eks-node-role"
          },
          "sensitive_attributes": [],
          "private": "bnVsbA==",
          "dependencies": [
            "module.security.aws_iam_role.eks_node"
          ]
        }
      ]
    },
    {
      "module": "module.security",
      "mode": "managed",
      "type": "aws_iam_role_policy_attachment",
      "name": "github_actions_ecr",
      "provider": "provider[\"registry.terraform.io/hashicorp/aws\"]",
      "instances": [
        {
          "schema_version": 0,
          "attributes": {
            "id": "github-actions-role-20250116170142096400000013",
            "policy_arn": "arn:aws:iam::aws:policy/AmazonEC2ContainerRegistryPowerUser",
            "role": "github-actions-role"
          },
          "sensitive_attributes": [],
          "private": "bnVsbA==",
          "dependencies": [
            "module.security.aws_iam_role.github_actions"
          ]
        }
      ]
    },
    {
      "module": "module.security",
      "mode": "managed",
      "type": "aws_iam_role_policy_attachment",
      "name": "github_actions_eks",
      "provider": "provider[\"registry.terraform.io/hashicorp/aws\"]",
      "instances": [
        {
          "schema_version": 0,
          "attributes": {
            "id": "github-actions-role-20250116170141836900000012",
            "policy_arn": "arn:aws:iam::aws:policy/AmazonEKSClusterPolicy",
            "role": "github-actions-role"
          },
          "sensitive_attributes": [],
          "private": "bnVsbA==",
          "dependencies": [
            "module.security.aws_iam_role.github_actions"
          ]
        }
      ]
    },
    {
      "module": "module.security",
      "mode": "managed",
      "type": "aws_iam_role_policy_attachment",
      "name": "github_actions_lambda",
      "provider": "provider[\"registry.terraform.io/hashicorp/aws\"]",
      "instances": [
        {
          "schema_version": 0,
          "attributes": {
            "id": "github-actions-role-20250116170141780600000011",
            "policy_arn": "arn:aws:iam::aws:policy/AWSLambda_FullAccess",
            "role": "github-actions-role"
          },
          "sensitive_attributes": [],
          "private": "bnVsbA==",
          "dependencies": [
            "module.security.aws_iam_role.github_actions"
          ]
        }
      ]
    },
    {
      "module": "module.security",
      "mode": "managed",
      "type": "aws_iam_role_policy_attachment",
      "name": "lambda_config",
      "provider": "provider[\"registry.terraform.io/hashicorp/aws\"]",
      "instances": [
        {
          "schema_version": 0,
          "attributes": {
            "id": "lambda-role-20250116170210938000000025",
            "policy_arn": "arn:aws:iam::463470963000:policy/lambda-config-policy",
            "role": "lambda-role"
          },
          "sensitive_attributes": [],
          "private": "bnVsbA==",
          "dependencies": [
            "module.monitoring.aws_sns_topic.banking_alerts",
            "module.security.aws_iam_policy.lambda_config",
            "module.security.aws_iam_role.lambda"
          ]
        }
      ]
    },
    {
      "module": "module.security",
      "mode": "managed",
      "type": "aws_iam_role_policy_attachment",
      "name": "lambda_macie",
      "provider": "provider[\"registry.terraform.io/hashicorp/aws\"]",
      "instances": [
        {
          "schema_version": 0,
          "attributes": {
            "id": "lambda-role-20250116170210653700000024",
            "policy_arn": "arn:aws:iam::463470963000:policy/lambda-macie-policy",
            "role": "lambda-role"
          },
          "sensitive_attributes": [],
          "private": "bnVsbA==",
          "dependencies": [
            "module.monitoring.aws_sns_topic.banking_alerts",
            "module.security.aws_iam_policy.lambda_macie",
            "module.security.aws_iam_role.lambda",
            "module.storage.aws_s3_bucket.audit_reports",
            "module.storage.aws_s3_bucket.cloudtrail",
            "module.storage.aws_s3_bucket.vpc_flow_logs"
          ]
        }
      ]
    },
    {
      "module": "module.security",
      "mode": "managed",
      "type": "aws_iam_role_policy_attachment",
      "name": "lambda_secrets",
      "provider": "provider[\"registry.terraform.io/hashicorp/aws\"]",
      "instances": [
        {
          "schema_version": 0,
          "attributes": {
            "id": "lambda-role-20250116171021235900000038",
            "policy_arn": "arn:aws:iam::463470963000:policy/lambda-secrets-policy",
            "role": "lambda-role"
          },
          "sensitive_attributes": [],
          "private": "bnVsbA==",
          "dependencies": [
            "module.security.aws_iam_policy.lambda_secrets",
            "module.security.aws_iam_role.github_actions",
            "module.security.aws_iam_role.lambda",
            "module.security.aws_kms_key.database",
            "module.security.data.aws_caller_identity.current",
            "module.security.data.aws_iam_policy_document.database_key_policy"
          ]
        }
      ]
    },
    {
      "module": "module.security",
      "mode": "managed",
      "type": "aws_iam_role_policy_attachment",
      "name": "lambda_vpc",
      "provider": "provider[\"registry.terraform.io/hashicorp/aws\"]",
      "instances": [
        {
          "schema_version": 0,
          "attributes": {
            "id": "lambda-role-2025011617013570440000000b",
            "policy_arn": "arn:aws:iam::aws:policy/service-role/AWSLambdaVPCAccessExecutionRole",
            "role": "lambda-role"
          },
          "sensitive_attributes": [],
          "private": "bnVsbA==",
          "dependencies": [
            "module.security.aws_iam_role.lambda"
          ]
        }
      ]
    },
    {
      "module": "module.security",
      "mode": "managed",
      "type": "aws_iam_role_policy_attachment",
      "name": "s3_eks",
      "provider": "provider[\"registry.terraform.io/hashicorp/aws\"]",
      "instances": [
        {
          "schema_version": 0,
          "attributes": {
            "id": "eks-service-account-role-2025011617193900320000003a",
            "policy_arn": "arn:aws:iam::463470963000:policy/s3-eks-policy",
            "role": "eks-service-account-role"
          },
          "sensitive_attributes": [],
          "private": "bnVsbA==",
          "dependencies": [
            "module.eks.aws_cloudwatch_log_group.this",
            "module.eks.aws_eks_cluster.this",
            "module.eks.aws_iam_openid_connect_provider.oidc_provider",
            "module.eks.aws_iam_policy.cni_ipv6_policy",
            "module.eks.aws_iam_role.this",
            "module.eks.aws_iam_role_policy_attachment.this",
            "module.eks.aws_security_group.cluster",
            "module.eks.aws_security_group.node",
            "module.eks.aws_security_group_rule.cluster",
            "module.eks.aws_security_group_rule.node",
            "module.eks.data.aws_caller_identity.current",
            "module.eks.data.aws_iam_policy_document.assume_role_policy",
            "module.eks.data.aws_iam_policy_document.cni_ipv6_policy",
            "module.eks.data.aws_iam_session_context.current",
            "module.eks.data.aws_partition.current",
            "module.eks.data.tls_certificate.this",
            "module.eks.module.kms.aws_kms_external_key.this",
            "module.eks.module.kms.aws_kms_key.this",
            "module.eks.module.kms.aws_kms_replica_external_key.this",
            "module.eks.module.kms.aws_kms_replica_key.this",
            "module.eks.module.kms.data.aws_caller_identity.current",
            "module.eks.module.kms.data.aws_iam_policy_document.this",
            "module.eks.module.kms.data.aws_partition.current",
            "module.security.aws_iam_policy.s3_eks",
            "module.security.aws_iam_role.eks_service_account",
            "module.storage.aws_s3_bucket.eks",
            "module.vpcs.aws_subnet.private",
            "module.vpcs.aws_vpc.main"
          ]
        }
      ]
    },
    {
      "module": "module.security",
      "mode": "managed",
      "type": "aws_iam_role_policy_attachment",
      "name": "session_manager",
      "provider": "provider[\"registry.terraform.io/hashicorp/aws\"]",
      "instances": [
        {
          "schema_version": 0,
          "attributes": {
            "id": "session-manager-role-20250116170134406700000004",
            "policy_arn": "arn:aws:iam::aws:policy/AmazonSSMManagedInstanceCore",
            "role": "session-manager-role"
          },
          "sensitive_attributes": [],
          "private": "bnVsbA==",
          "dependencies": [
            "module.security.aws_iam_role.session_manager"
          ]
        }
      ]
    },
    {
      "module": "module.security",
      "mode": "managed",
      "type": "aws_kms_alias",
      "name": "application",
      "provider": "provider[\"registry.terraform.io/hashicorp/aws\"]",
      "instances": [
        {
          "schema_version": 0,
          "attributes": {
            "arn": "arn:aws:kms:eu-west-2:463470963000:alias/global-banking-application",
            "id": "alias/global-banking-application",
            "name": "alias/global-banking-application",
            "name_prefix": "",
            "target_key_arn": "arn:aws:kms:eu-west-2:463470963000:key/2b74715c-97b8-4467-b7a6-b9c74108c432",
            "target_key_id": "2b74715c-97b8-4467-b7a6-b9c74108c432"
          },
          "sensitive_attributes": [],
          "private": "bnVsbA==",
          "dependencies": [
            "module.security.aws_kms_key.application",
            "module.security.data.aws_caller_identity.current",
            "module.security.data.aws_iam_policy_document.application_key_policy"
          ]
        }
      ]
    },
    {
      "module": "module.security",
      "mode": "managed",
      "type": "aws_kms_alias",
      "name": "database",
      "provider": "provider[\"registry.terraform.io/hashicorp/aws\"]",
      "instances": [
        {
          "schema_version": 0,
          "attributes": {
            "arn": "arn:aws:kms:eu-west-2:463470963000:alias/global-banking-database",
            "id": "alias/global-banking-database",
            "name": "alias/global-banking-database",
            "name_prefix": "",
            "target_key_arn": "arn:aws:kms:eu-west-2:463470963000:key/a8dc691e-6da9-4d60-b909-ea9b4903f9c2",
            "target_key_id": "a8dc691e-6da9-4d60-b909-ea9b4903f9c2"
          },
          "sensitive_attributes": [],
          "private": "bnVsbA==",
          "dependencies": [
            "module.security.aws_iam_role.github_actions",
            "module.security.aws_kms_key.database",
            "module.security.data.aws_caller_identity.current",
            "module.security.data.aws_iam_policy_document.database_key_policy"
          ]
        }
      ]
    },
    {
      "module": "module.security",
      "mode": "managed",
      "type": "aws_kms_key",
      "name": "application",
      "provider": "provider[\"registry.terraform.io/hashicorp/aws\"]",
      "instances": [
        {
          "schema_version": 0,
          "attributes": {
            "arn": "arn:aws:kms:eu-west-2:463470963000:key/2b74715c-97b8-4467-b7a6-b9c74108c432",
            "bypass_policy_lockout_safety_check": false,
            "custom_key_store_id": "",
            "customer_master_key_spec": "SYMMETRIC_DEFAULT",
            "deletion_window_in_days": 7,
            "description": "KMS Keys for Application Encryption",
            "enable_key_rotation": true,
            "id": "2b74715c-97b8-4467-b7a6-b9c74108c432",
            "is_enabled": true,
            "key_id": "2b74715c-97b8-4467-b7a6-b9c74108c432",
            "key_usage": "ENCRYPT_DECRYPT",
            "multi_region": false,
            "policy": "{\"Statement\":[{\"Action\":\"kms:*\",\"Effect\":\"Allow\",\"Principal\":{\"AWS\":\"arn:aws:iam::463470963000:root\"},\"Resource\":\"*\",\"Sid\":\"Enable IAM User Permissions\"},{\"Action\":\"kms:*\",\"Effect\":\"Allow\",\"Principal\":{\"Service\":\"eks.amazonaws.com\"},\"Resource\":\"*\",\"Sid\":\"Allow EKS Service\"},{\"Action\":\"kms:*\",\"Effect\":\"Allow\",\"Principal\":{\"Service\":\"lambda.amazonaws.com\"},\"Resource\":\"*\",\"Sid\":\"Enable Lambda Service\"}],\"Version\":\"2012-10-17\"}",
            "rotation_period_in_days": 365,
            "tags": {
              "Environment": "Dev",
              "Project": "Global Bank Migration",
              "Terraform": "true"
            },
            "tags_all": {
              "Environment": "Dev",
              "Project": "Global Bank Migration",
              "Terraform": "true"
            },
            "timeouts": null,
            "xks_key_id": ""
          },
          "sensitive_attributes": [],
          "private": "eyJlMmJmYjczMC1lY2FhLTExZTYtOGY4OC0zNDM2M2JjN2M0YzAiOnsiY3JlYXRlIjoxMjAwMDAwMDAwMDB9fQ==",
          "dependencies": [
            "module.security.data.aws_caller_identity.current",
            "module.security.data.aws_iam_policy_document.application_key_policy"
          ]
        }
      ]
    },
    {
      "module": "module.security",
      "mode": "managed",
      "type": "aws_kms_key",
      "name": "database",
      "provider": "provider[\"registry.terraform.io/hashicorp/aws\"]",
      "instances": [
        {
          "schema_version": 0,
          "attributes": {
            "arn": "arn:aws:kms:eu-west-2:463470963000:key/a8dc691e-6da9-4d60-b909-ea9b4903f9c2",
            "bypass_policy_lockout_safety_check": false,
            "custom_key_store_id": "",
            "customer_master_key_spec": "SYMMETRIC_DEFAULT",
            "deletion_window_in_days": 7,
            "description": "KMS Keys for Database Encryption",
            "enable_key_rotation": true,
            "id": "a8dc691e-6da9-4d60-b909-ea9b4903f9c2",
            "is_enabled": true,
            "key_id": "a8dc691e-6da9-4d60-b909-ea9b4903f9c2",
            "key_usage": "ENCRYPT_DECRYPT",
            "multi_region": false,
            "policy": "{\"Statement\":[{\"Action\":\"kms:*\",\"Effect\":\"Allow\",\"Principal\":{\"AWS\":\"arn:aws:iam::463470963000:root\"},\"Resource\":\"*\",\"Sid\":\"Enable IAM User Permissions\"},{\"Action\":[\"kms:ReEncrypt*\",\"kms:GenerateDataKey*\",\"kms:Encrypt\",\"kms:DescribeKey\",\"kms:Decrypt\"],\"Effect\":\"Allow\",\"Principal\":{\"Service\":\"rds.amazonaws.com\"},\"Resource\":\"*\",\"Sid\":\"Allow Aurora Service\"},{\"Action\":[\"kms:ReEncrypt*\",\"kms:GenerateDataKey*\",\"kms:Encrypt\",\"kms:DescribeKey\",\"kms:Decrypt\"],\"Effect\":\"Allow\",\"Principal\":{\"Service\":\"backup.amazonaws.com\"},\"Resource\":\"*\",\"Sid\":\"Allow Backup Service\"},{\"Action\":[\"kms:ReEncrypt*\",\"kms:GenerateDataKey*\",\"kms:Encrypt\",\"kms:DescribeKey\",\"kms:Decrypt\"],\"Effect\":\"Allow\",\"Principal\":{\"Service\":\"s3.amazonaws.com\"},\"Resource\":\"*\",\"Sid\":\"Enable S3 Service\"},{\"Action\":[\"kms:ReEncrypt*\",\"kms:GenerateDataKey*\",\"kms:Encrypt\",\"kms:DescribeKey\",\"kms:Decrypt\"],\"Effect\":\"Allow\",\"Principal\":{\"Service\":\"dynamodb.amazonaws.com\"},\"Resource\":\"*\",\"Sid\":\"Enable DynamoDB Service\"},{\"Action\":[\"kms:ReEncrypt*\",\"kms:GenerateDataKey*\",\"kms:Encrypt\",\"kms:DescribeKey\",\"kms:Decrypt\"],\"Condition\":{\"StringLike\":{\"kms:EncryptionContext:aws:cloudtrail:arn\":\"arn:aws:cloudtrail:*:463470963000:trail/global-banking-cloudtrail\"}},\"Effect\":\"Allow\",\"Principal\":{\"Service\":\"cloudtrail.amazonaws.com\"},\"Resource\":\"*\",\"Sid\":\"Enable CloudTrail Service\"},{\"Action\":\"kms:*\",\"Effect\":\"Allow\",\"Principal\":{\"Service\":\"elasticloadbalancing.amazonaws.com\"},\"Resource\":\"*\",\"Sid\":\"Enable ELB Service\"},{\"Action\":[\"kms:GenerateDataKey*\",\"kms:DescribeKey\",\"kms:Decrypt\"],\"Effect\":\"Allow\",\"Principal\":{\"AWS\":\"arn:aws:iam::463470963000:role/github-actions-role\"},\"Resource\":\"*\",\"Sid\":\"Allow GitHub Actions\"}],\"Version\":\"2012-10-17\"}",
            "rotation_period_in_days": 365,
            "tags": {
              "Environment": "Dev",
              "Project": "Global Bank Migration",
              "Terraform": "true"
            },
            "tags_all": {
              "Environment": "Dev",
              "Project": "Global Bank Migration",
              "Terraform": "true"
            },
            "timeouts": null,
            "xks_key_id": ""
          },
          "sensitive_attributes": [],
          "private": "eyJlMmJmYjczMC1lY2FhLTExZTYtOGY4OC0zNDM2M2JjN2M0YzAiOnsiY3JlYXRlIjoxMjAwMDAwMDAwMDB9fQ==",
          "dependencies": [
            "module.security.aws_iam_role.github_actions",
            "module.security.data.aws_caller_identity.current",
            "module.security.data.aws_iam_policy_document.database_key_policy"
          ],
          "create_before_destroy": true
        }
      ]
    },
    {
      "module": "module.security",
      "mode": "managed",
      "type": "aws_macie2_account",
      "name": "global_bank",
      "provider": "provider[\"registry.terraform.io/hashicorp/aws\"]",
      "instances": [
        {
          "schema_version": 0,
          "attributes": {
            "created_at": "2025-01-16T17:01:24Z",
            "finding_publishing_frequency": "FIFTEEN_MINUTES",
            "id": "463470963000",
            "service_role": "arn:aws:iam::463470963000:role/aws-service-role/macie.amazonaws.com/AWSServiceRoleForAmazonMacie",
            "status": "ENABLED",
            "updated_at": "2025-01-16T17:01:24Z"
          },
          "sensitive_attributes": [],
          "private": "bnVsbA=="
        }
      ]
    },
    {
      "module": "module.security",
      "mode": "managed",
      "type": "aws_macie2_classification_job",
      "name": "s3_sensitive_data",
      "provider": "provider[\"registry.terraform.io/hashicorp/aws\"]",
      "instances": [
        {
          "schema_version": 0,
          "attributes": {
            "created_at": "2025-01-16T17:01:34Z",
            "custom_data_identifier_ids": [],
            "description": "",
            "id": "328a5e5ac3b7b5035a73759b92e099b2",
            "initial_run": false,
            "job_arn": "arn:aws:macie2:eu-west-2:463470963000:classification-job/328a5e5ac3b7b5035a73759b92e099b2",
            "job_id": "328a5e5ac3b7b5035a73759b92e099b2",
            "job_status": "RUNNING",
            "job_type": "SCHEDULED",
            "name": "insurance-data-classifcation",
            "name_prefix": "",
            "s3_job_definition": [
              {
                "bucket_criteria": [],
                "bucket_definitions": [
                  {
                    "account_id": "463470963000",
                    "buckets": [
                      "cloudtrail-bucket-talha",
                      "vpc-flow-logs-talha",
                      "audit-reports-talha"
                    ]
                  }
                ],
                "scoping": [
                  {
                    "excludes": [],
                    "includes": []
                  }
                ]
              }
            ],
            "sampling_percentage": 100,
            "schedule_frequency": [
              {
                "daily_schedule": false,
                "monthly_schedule": 0,
                "weekly_schedule": "MONDAY"
              }
            ],
            "tags": {
              "Environment": "Dev",
              "Project": "Global Bank Migration",
              "Service": "Macie",
              "Terraform": "true",
              "Type": "classification-job"
            },
            "tags_all": {
              "Environment": "Dev",
              "Project": "Global Bank Migration",
              "Service": "Macie",
              "Terraform": "true",
              "Type": "classification-job"
            },
            "user_paused_details": []
          },
          "sensitive_attributes": [],
          "private": "bnVsbA==",
          "dependencies": [
            "module.security.data.aws_caller_identity.current"
          ]
        }
      ]
    },
    {
      "module": "module.security",
      "mode": "managed",
      "type": "aws_networkfirewall_firewall",
      "name": "main",
      "provider": "provider[\"registry.terraform.io/hashicorp/aws\"]",
      "instances": [
        {
          "schema_version": 0,
          "attributes": {
            "arn": "arn:aws:network-firewall:eu-west-2:463470963000:firewall/global-banking-network-firewall",
            "delete_protection": false,
            "description": "",
            "encryption_configuration": [],
            "firewall_policy_arn": "arn:aws:network-firewall:eu-west-2:463470963000:firewall-policy/global-banking-firewall-policy",
            "firewall_policy_change_protection": false,
            "firewall_status": [
              {
                "sync_states": [
                  {
                    "attachment": [
                      {
                        "endpoint_id": "vpce-01a1ced13803f7162",
                        "subnet_id": "subnet-0e4660247f1b5a5ed"
                      }
                    ],
                    "availability_zone": "eu-west-2b"
                  },
                  {
                    "attachment": [
                      {
                        "endpoint_id": "vpce-099745a66737de453",
                        "subnet_id": "subnet-08d14db1eaae5389a"
                      }
                    ],
                    "availability_zone": "eu-west-2a"
                  }
                ]
              }
            ],
            "id": "arn:aws:network-firewall:eu-west-2:463470963000:firewall/global-banking-network-firewall",
            "name": "global-banking-network-firewall",
            "subnet_change_protection": false,
            "subnet_mapping": [
              {
                "ip_address_type": "IPV4",
                "subnet_id": "subnet-08d14db1eaae5389a"
              },
              {
                "ip_address_type": "IPV4",
                "subnet_id": "subnet-0e4660247f1b5a5ed"
              }
            ],
            "tags": {
              "Environment": "Dev",
              "Name": "Network Firewall",
              "Project": "Global Bank Migration",
              "Terraform": "true"
            },
            "tags_all": {
              "Environment": "Dev",
              "Name": "Network Firewall",
              "Project": "Global Bank Migration",
              "Terraform": "true"
            },
            "timeouts": null,
            "update_token": "d16280f0-764d-4b3d-a178-d572d74bde97",
            "vpc_id": "vpc-0dc1645b2c34b96c8"
          },
          "sensitive_attributes": [],
          "private": "eyJlMmJmYjczMC1lY2FhLTExZTYtOGY4OC0zNDM2M2JjN2M0YzAiOnsiY3JlYXRlIjoxODAwMDAwMDAwMDAwLCJkZWxldGUiOjE4MDAwMDAwMDAwMDAsInVwZGF0ZSI6MTgwMDAwMDAwMDAwMH19",
          "dependencies": [
            "module.security.aws_networkfirewall_firewall_policy.main",
            "module.security.aws_networkfirewall_rule_group.banking_protocols",
            "module.security.aws_networkfirewall_rule_group.threat_prevention",
            "module.vpcs.aws_subnet.public",
            "module.vpcs.aws_vpc.main"
          ]
        }
      ]
    },
    {
      "module": "module.security",
      "mode": "managed",
      "type": "aws_networkfirewall_firewall_policy",
      "name": "main",
      "provider": "provider[\"registry.terraform.io/hashicorp/aws\"]",
      "instances": [
        {
          "schema_version": 0,
          "attributes": {
            "arn": "arn:aws:network-firewall:eu-west-2:463470963000:firewall-policy/global-banking-firewall-policy",
            "description": "",
            "encryption_configuration": [],
            "firewall_policy": [
              {
                "policy_variables": [],
                "stateful_default_actions": null,
                "stateful_engine_options": [],
                "stateful_rule_group_reference": [
                  {
                    "override": [],
                    "priority": null,
                    "resource_arn": "arn:aws:network-firewall:eu-west-2:463470963000:stateful-rulegroup/banking-protocols"
                  },
                  {
                    "override": [],
                    "priority": null,
                    "resource_arn": "arn:aws:network-firewall:eu-west-2:463470963000:stateful-rulegroup/threat-prevention"
                  }
                ],
                "stateless_custom_action": [],
                "stateless_default_actions": [
                  "aws:forward_to_sfe"
                ],
                "stateless_fragment_default_actions": [
                  "aws:forward_to_sfe"
                ],
                "stateless_rule_group_reference": [],
                "tls_inspection_configuration_arn": ""
              }
            ],
            "id": "arn:aws:network-firewall:eu-west-2:463470963000:firewall-policy/global-banking-firewall-policy",
            "name": "global-banking-firewall-policy",
            "tags": {
              "Environment": "Dev",
              "Project": "Global Bank Migration",
              "Terraform": "true"
            },
            "tags_all": {
              "Environment": "Dev",
              "Project": "Global Bank Migration",
              "Terraform": "true"
            },
            "update_token": "6fff1528-bd4e-467e-ae22-2e4da9c29a70"
          },
          "sensitive_attributes": [],
          "private": "bnVsbA==",
          "dependencies": [
            "module.security.aws_networkfirewall_rule_group.banking_protocols",
            "module.security.aws_networkfirewall_rule_group.threat_prevention",
            "module.vpcs.aws_vpc.main"
          ]
        }
      ]
    },
    {
      "module": "module.security",
      "mode": "managed",
      "type": "aws_networkfirewall_logging_configuration",
      "name": "main",
      "provider": "provider[\"registry.terraform.io/hashicorp/aws\"]",
      "instances": [
        {
          "schema_version": 0,
          "attributes": {
            "firewall_arn": "arn:aws:network-firewall:eu-west-2:463470963000:firewall/global-banking-network-firewall",
            "id": "arn:aws:network-firewall:eu-west-2:463470963000:firewall/global-banking-network-firewall",
            "logging_configuration": [
              {
                "log_destination_config": [
                  {
                    "log_destination": {
                      "logGroup": "/aws/networkfirewall"
                    },
                    "log_destination_type": "CloudWatchLogs",
                    "log_type": "ALERT"
                  }
                ]
              }
            ]
          },
          "sensitive_attributes": [],
          "private": "bnVsbA==",
          "dependencies": [
            "module.monitoring.aws_cloudwatch_log_group.network_firewall",
            "module.security.aws_networkfirewall_firewall.main",
            "module.security.aws_networkfirewall_firewall_policy.main",
            "module.security.aws_networkfirewall_rule_group.banking_protocols",
            "module.security.aws_networkfirewall_rule_group.threat_prevention",
            "module.vpcs.aws_subnet.public",
            "module.vpcs.aws_vpc.main"
          ]
        }
      ]
    },
    {
      "module": "module.security",
      "mode": "managed",
      "type": "aws_networkfirewall_rule_group",
      "name": "banking_protocols",
      "provider": "provider[\"registry.terraform.io/hashicorp/aws\"]",
      "instances": [
        {
          "schema_version": 0,
          "attributes": {
            "arn": "arn:aws:network-firewall:eu-west-2:463470963000:stateful-rulegroup/banking-protocols",
            "capacity": 100,
            "description": "",
            "encryption_configuration": [],
            "id": "arn:aws:network-firewall:eu-west-2:463470963000:stateful-rulegroup/banking-protocols",
            "name": "banking-protocols",
            "rule_group": [
              {
                "reference_sets": [],
                "rule_variables": [],
                "rules_source": [
                  {
                    "rules_source_list": [],
                    "rules_string": "",
                    "stateful_rule": [
                      {
                        "action": "PASS",
                        "header": [
                          {
                            "destination": "192.168.1.0/24",
                            "destination_port": "443",
                            "direction": "FORWARD",
                            "protocol": "TCP",
                            "source": "10.1.0.0/16",
                            "source_port": "ANY"
                          }
                        ],
                        "rule_option": [
                          {
                            "keyword": "sid:1",
                            "settings": []
                          }
                        ]
                      },
                      {
                        "action": "PASS",
                        "header": [
                          {
                            "destination": "192.168.2.0/24",
                            "destination_port": "443",
                            "direction": "FORWARD",
                            "protocol": "TCP",
                            "source": "10.1.0.0/16",
                            "source_port": "ANY"
                          }
                        ],
                        "rule_option": [
                          {
                            "keyword": "sid:2",
                            "settings": []
                          }
                        ]
                      }
                    ],
                    "stateless_rules_and_custom_actions": []
                  }
                ],
                "stateful_rule_options": []
              }
            ],
            "rules": null,
            "tags": {
              "Environment": "Dev",
              "Project": "Global Bank Migration",
              "Terraform": "true"
            },
            "tags_all": {
              "Environment": "Dev",
              "Project": "Global Bank Migration",
              "Terraform": "true"
            },
            "type": "STATEFUL",
            "update_token": "a781e67e-43a4-4cd6-8a49-6969218b94b7"
          },
          "sensitive_attributes": [],
          "private": "bnVsbA==",
          "dependencies": [
            "module.vpcs.aws_vpc.main"
          ]
        }
      ]
    },
    {
      "module": "module.security",
      "mode": "managed",
      "type": "aws_networkfirewall_rule_group",
      "name": "threat_prevention",
      "provider": "provider[\"registry.terraform.io/hashicorp/aws\"]",
      "instances": [
        {
          "schema_version": 0,
          "attributes": {
            "arn": "arn:aws:network-firewall:eu-west-2:463470963000:stateful-rulegroup/threat-prevention",
            "capacity": 100,
            "description": "",
            "encryption_configuration": [],
            "id": "arn:aws:network-firewall:eu-west-2:463470963000:stateful-rulegroup/threat-prevention",
            "name": "threat-prevention",
            "rule_group": [
              {
                "reference_sets": [],
                "rule_variables": [],
                "rules_source": [
                  {
                    "rules_source_list": [],
                    "rules_string": "\t\t\t# Block known malicious IPs\n\t\t\tdrop tcp $EXTERNAL_NET any -\u003e $HOME_NET any (msg:\"Suspicious Banking Transaction Pattern\"; flow:established; content:\"POST\"; http_uri; pcre:\"/amount=[0-9]{6,}/\"; sid: 1000001;)\n\n\t\t\t# Detect SQL Injection\n            alert tcp $EXTERNAL_NET any -\u003e $HOME_NET any (msg:\"SQL Injection Attempt\"; flow:established; content:\"UNION\"; nocase; content:\"SELECT\"; nocase; sid:1000002;)\n        \n            # Detect Unusual Access Patterns\n            alert tcp any any -\u003e $HOME_NET any (msg:\"Multiple Failed Login Attempts\"; flow:established; threshold:type both,track by_src,count 5,seconds 30; sid:1000003;)\n",
                    "stateful_rule": [],
                    "stateless_rules_and_custom_actions": []
                  }
                ],
                "stateful_rule_options": []
              }
            ],
            "rules": null,
            "tags": null,
            "tags_all": {},
            "type": "STATEFUL",
            "update_token": "5d1c4946-3912-4646-83c0-a039c1887b58"
          },
          "sensitive_attributes": [],
          "private": "bnVsbA=="
        }
      ]
    },
    {
      "module": "module.security",
      "mode": "managed",
      "type": "aws_s3_bucket_policy",
      "name": "cloudtrail_policy",
      "provider": "provider[\"registry.terraform.io/hashicorp/aws\"]",
      "instances": [
        {
          "schema_version": 0,
          "attributes": {
            "bucket": "cloudtrail-bucket-talha",
            "id": "cloudtrail-bucket-talha",
            "policy": "{\"Statement\":[{\"Action\":\"s3:PutObject\",\"Condition\":{\"StringEquals\":{\"aws:SourceArn\":\"arn:aws:cloudtrail:eu-west-2:463470963000:trail/global-banking-cloudtrail\",\"s3:x-amz-acl\":\"bucket-owner-full-control\"}},\"Effect\":\"Allow\",\"Principal\":{\"Service\":\"cloudtrail.amazonaws.com\"},\"Resource\":\"arn:aws:s3:::cloudtrail-bucket-talha/AWSLogs/463470963000/*\"},{\"Action\":\"s3:GetBucketAcl\",\"Condition\":{\"StringEquals\":{\"aws:SourceArn\":\"arn:aws:cloudtrail:eu-west-2:463470963000:trail/global-banking-cloudtrail\"}},\"Effect\":\"Allow\",\"Principal\":{\"Service\":\"cloudtrail.amazonaws.com\"},\"Resource\":\"arn:aws:s3:::cloudtrail-bucket-talha\"}],\"Version\":\"2012-10-17\"}"
          },
          "sensitive_attributes": [],
          "private": "bnVsbA==",
          "dependencies": [
            "module.security.data.aws_caller_identity.current",
            "module.storage.aws_s3_bucket.cloudtrail"
          ]
        }
      ]
    },
    {
      "module": "module.security",
      "mode": "managed",
      "type": "aws_secretsmanager_secret",
      "name": "pipeline_secrets",
      "provider": "provider[\"registry.terraform.io/hashicorp/aws\"]",
      "instances": [
        {
          "schema_version": 0,
          "attributes": {
            "arn": "arn:aws:secretsmanager:eu-west-2:463470963000:secret:pipeline-secrets-AY3p3y",
            "description": "",
            "force_overwrite_replica_secret": false,
            "id": "arn:aws:secretsmanager:eu-west-2:463470963000:secret:pipeline-secrets-AY3p3y",
            "kms_key_id": "a8dc691e-6da9-4d60-b909-ea9b4903f9c2",
            "name": "pipeline-secrets",
            "name_prefix": "",
            "policy": "",
            "recovery_window_in_days": 30,
            "replica": [],
            "tags": null,
            "tags_all": {}
          },
          "sensitive_attributes": [],
          "private": "bnVsbA==",
          "dependencies": [
            "module.security.aws_iam_role.github_actions",
            "module.security.aws_kms_key.database",
            "module.security.data.aws_caller_identity.current",
            "module.security.data.aws_iam_policy_document.database_key_policy"
          ]
        }
      ]
    },
    {
      "module": "module.security",
      "mode": "managed",
      "type": "aws_secretsmanager_secret_version",
      "name": "pipeline_secrets",
      "provider": "provider[\"registry.terraform.io/hashicorp/aws\"]",
      "instances": [
        {
          "schema_version": 0,
          "attributes": {
            "arn": "arn:aws:secretsmanager:eu-west-2:463470963000:secret:pipeline-secrets-AY3p3y",
            "id": "arn:aws:secretsmanager:eu-west-2:463470963000:secret:pipeline-secrets-AY3p3y|terraform-20250116171020853500000037",
            "secret_binary": "",
            "secret_id": "arn:aws:secretsmanager:eu-west-2:463470963000:secret:pipeline-secrets-AY3p3y",
            "secret_string": "{\"servicenow\":{\"instance_url\":\"dev252032.service-now.com\",\"password\":\"iu9Db0PV%g^V\",\"username\":\"admin\"}}",
            "version_id": "terraform-20250116171020853500000037",
            "version_stages": [
              "AWSCURRENT"
            ]
          },
          "sensitive_attributes": [
            [
              {
                "type": "get_attr",
                "value": "secret_binary"
              }
            ],
            [
              {
                "type": "get_attr",
                "value": "secret_string"
              }
            ]
          ],
          "private": "bnVsbA==",
          "dependencies": [
            "module.security.aws_iam_role.github_actions",
            "module.security.aws_kms_key.database",
            "module.security.aws_secretsmanager_secret.pipeline_secrets",
            "module.security.data.aws_caller_identity.current",
            "module.security.data.aws_iam_policy_document.database_key_policy"
          ]
        }
      ]
    },
    {
      "module": "module.security",
      "mode": "managed",
      "type": "aws_securityhub_account",
      "name": "main",
      "provider": "provider[\"registry.terraform.io/hashicorp/aws\"]",
      "instances": [
        {
          "schema_version": 1,
          "attributes": {
            "arn": "arn:aws:securityhub:eu-west-2:463470963000:hub/default",
            "auto_enable_controls": true,
            "control_finding_generator": "SECURITY_CONTROL",
            "enable_default_standards": true,
            "id": "463470963000"
          },
          "sensitive_attributes": [],
          "private": "eyJzY2hlbWFfdmVyc2lvbiI6IjEifQ=="
        }
      ]
    },
    {
      "module": "module.security",
      "mode": "managed",
      "type": "aws_securityhub_standards_subscription",
      "name": "cis",
      "provider": "provider[\"registry.terraform.io/hashicorp/aws\"]",
      "instances": [
        {
          "schema_version": 0,
          "attributes": {
            "id": "arn:aws:securityhub:eu-west-2:463470963000:subscription/cis-aws-foundations-benchmark/v/3.0.0",
            "standards_arn": "arn:aws:securityhub:eu-west-2::standards/cis-aws-foundations-benchmark/v/3.0.0"
          },
          "sensitive_attributes": [],
          "private": "bnVsbA==",
          "dependencies": [
            "module.security.aws_securityhub_account.main"
          ]
        }
      ]
    },
    {
      "module": "module.security",
      "mode": "managed",
      "type": "aws_securityhub_standards_subscription",
      "name": "pci",
      "provider": "provider[\"registry.terraform.io/hashicorp/aws\"]",
      "instances": [
        {
          "schema_version": 0,
          "attributes": {
            "id": "arn:aws:securityhub:eu-west-2:463470963000:subscription/pci-dss/v/3.2.1",
            "standards_arn": "arn:aws:securityhub:eu-west-2::standards/pci-dss/v/3.2.1"
          },
          "sensitive_attributes": [],
          "private": "bnVsbA==",
          "dependencies": [
            "module.security.aws_securityhub_account.main"
          ]
        }
      ]
    },
    {
      "module": "module.security",
      "mode": "managed",
      "type": "aws_wafv2_web_acl",
      "name": "main",
      "provider": "provider[\"registry.terraform.io/hashicorp/aws\"]",
      "instances": [
        {
          "schema_version": 0,
          "attributes": {
            "application_integration_url": "",
            "arn": "arn:aws:wafv2:eu-west-2:463470963000:regional/webacl/global-banking-web-acl/438545dd-4858-48b9-baa3-2ac30127676a",
            "association_config": [],
            "capacity": 43,
            "captcha_config": [],
            "challenge_config": [],
            "custom_response_body": [],
            "default_action": [
              {
                "allow": [
                  {
                    "custom_request_handling": []
                  }
                ],
                "block": []
              }
            ],
            "description": "Web ACL for Banking Application",
            "id": "438545dd-4858-48b9-baa3-2ac30127676a",
            "lock_token": "9576f7f2-b505-470a-a183-45e8e82bee7b",
            "name": "global-banking-web-acl",
            "rule": [
              {
                "action": [
                  {
                    "allow": [],
                    "block": [
                      {
                        "custom_response": []
                      }
                    ],
                    "captcha": [],
                    "challenge": [],
                    "count": []
                  }
                ],
                "captcha_config": [],
                "name": "GeoBlockRule",
                "override_action": [],
                "priority": 3,
                "rule_label": [],
                "statement": [
                  {
                    "and_statement": [],
                    "byte_match_statement": [],
                    "geo_match_statement": [
                      {
                        "country_codes": [
                          "BD",
                          "IR",
                          "CU"
                        ],
                        "forwarded_ip_config": []
                      }
                    ],
                    "ip_set_reference_statement": [],
                    "label_match_statement": [],
                    "managed_rule_group_statement": [],
                    "not_statement": [],
                    "or_statement": [],
                    "rate_based_statement": [],
                    "regex_match_statement": [],
                    "regex_pattern_set_reference_statement": [],
                    "rule_group_reference_statement": [],
                    "size_constraint_statement": [],
                    "sqli_match_statement": [],
                    "xss_match_statement": []
                  }
                ],
                "visibility_config": [
                  {
                    "cloudwatch_metrics_enabled": true,
                    "metric_name": "GeoBlockMetric",
                    "sampled_requests_enabled": true
                  }
                ]
              },
              {
                "action": [
                  {
                    "allow": [],
                    "block": [
                      {
                        "custom_response": []
                      }
                    ],
                    "captcha": [],
                    "challenge": [],
                    "count": []
                  }
                ],
                "captcha_config": [],
                "name": "RateLimit",
                "override_action": [],
                "priority": 1,
                "rule_label": [],
                "statement": [
                  {
                    "and_statement": [],
                    "byte_match_statement": [],
                    "geo_match_statement": [],
                    "ip_set_reference_statement": [],
                    "label_match_statement": [],
                    "managed_rule_group_statement": [],
                    "not_statement": [],
                    "or_statement": [],
                    "rate_based_statement": [
                      {
                        "aggregate_key_type": "IP",
                        "custom_key": [],
                        "evaluation_window_sec": 300,
                        "forwarded_ip_config": [],
                        "limit": 2000,
                        "scope_down_statement": []
                      }
                    ],
                    "regex_match_statement": [],
                    "regex_pattern_set_reference_statement": [],
                    "rule_group_reference_statement": [],
                    "size_constraint_statement": [],
                    "sqli_match_statement": [],
                    "xss_match_statement": []
                  }
                ],
                "visibility_config": [
                  {
                    "cloudwatch_metrics_enabled": true,
                    "metric_name": "RateLimitMetric",
                    "sampled_requests_enabled": true
                  }
                ]
              },
              {
                "action": [
                  {
                    "allow": [],
                    "block": [
                      {
                        "custom_response": []
                      }
                    ],
                    "captcha": [],
                    "challenge": [],
                    "count": []
                  }
                ],
                "captcha_config": [],
                "name": "SQLInjectionRule",
                "override_action": [],
                "priority": 2,
                "rule_label": [],
                "statement": [
                  {
                    "and_statement": [],
                    "byte_match_statement": [],
                    "geo_match_statement": [],
                    "ip_set_reference_statement": [],
                    "label_match_statement": [],
                    "managed_rule_group_statement": [],
                    "not_statement": [],
                    "or_statement": [],
                    "rate_based_statement": [],
                    "regex_match_statement": [],
                    "regex_pattern_set_reference_statement": [],
                    "rule_group_reference_statement": [],
                    "size_constraint_statement": [],
                    "sqli_match_statement": [
                      {
                        "field_to_match": [
                          {
                            "all_query_arguments": [],
                            "body": [],
                            "cookies": [],
                            "header_order": [],
                            "headers": [],
                            "ja3_fingerprint": [],
                            "json_body": [],
                            "method": [],
                            "query_string": [],
                            "single_header": [],
                            "single_query_argument": [],
                            "uri_path": [
                              {}
                            ]
                          }
                        ],
                        "sensitivity_level": "",
                        "text_transformation": [
                          {
                            "priority": 1,
                            "type": "URL_DECODE"
                          },
                          {
                            "priority": 2,
                            "type": "HTML_ENTITY_DECODE"
                          }
                        ]
                      }
                    ],
                    "xss_match_statement": []
                  }
                ],
                "visibility_config": [
                  {
                    "cloudwatch_metrics_enabled": true,
                    "metric_name": "SQLInjectionMetric",
                    "sampled_requests_enabled": true
                  }
                ]
              }
            ],
            "rule_json": "",
            "scope": "REGIONAL",
            "tags": null,
            "tags_all": {},
            "token_domains": null,
            "visibility_config": [
              {
                "cloudwatch_metrics_enabled": true,
                "metric_name": "GlobalInsuranceWAFMetrics",
                "sampled_requests_enabled": true
              }
            ]
          },
          "sensitive_attributes": [],
          "private": "bnVsbA=="
        }
      ]
    },
    {
      "module": "module.storage",
      "mode": "managed",
      "type": "aws_ecr_lifecycle_policy",
      "name": "cleanup",
      "provider": "provider[\"registry.terraform.io/hashicorp/aws\"]",
      "instances": [
        {
          "index_key": "account_service",
          "schema_version": 0,
          "attributes": {
            "id": "account-service",
            "policy": "{\"rules\":[{\"action\":{\"type\":\"expire\"},\"description\":\"Keep last 5 images\",\"rulePriority\":1,\"selection\":{\"countNumber\":5,\"countType\":\"imageCountMoreThan\",\"tagStatus\":\"any\"}}]}",
            "registry_id": "463470963000",
            "repository": "account-service"
          },
          "sensitive_attributes": [],
          "private": "bnVsbA==",
          "dependencies": [
            "module.storage.aws_ecr_repository.account_service",
            "module.storage.aws_ecr_repository.auth_service",
            "module.storage.aws_ecr_repository.transaction_service"
          ]
        },
        {
          "index_key": "auth_service",
          "schema_version": 0,
          "attributes": {
            "id": "auth-service",
            "policy": "{\"rules\":[{\"action\":{\"type\":\"expire\"},\"description\":\"Keep last 5 images\",\"rulePriority\":1,\"selection\":{\"countNumber\":5,\"countType\":\"imageCountMoreThan\",\"tagStatus\":\"any\"}}]}",
            "registry_id": "463470963000",
            "repository": "auth-service"
          },
          "sensitive_attributes": [],
          "private": "bnVsbA==",
          "dependencies": [
            "module.storage.aws_ecr_repository.account_service",
            "module.storage.aws_ecr_repository.auth_service",
            "module.storage.aws_ecr_repository.transaction_service"
          ]
        },
        {
          "index_key": "transaction_service",
          "schema_version": 0,
          "attributes": {
            "id": "transaction-service",
            "policy": "{\"rules\":[{\"action\":{\"type\":\"expire\"},\"description\":\"Keep last 5 images\",\"rulePriority\":1,\"selection\":{\"countNumber\":5,\"countType\":\"imageCountMoreThan\",\"tagStatus\":\"any\"}}]}",
            "registry_id": "463470963000",
            "repository": "transaction-service"
          },
          "sensitive_attributes": [],
          "private": "bnVsbA==",
          "dependencies": [
            "module.storage.aws_ecr_repository.account_service",
            "module.storage.aws_ecr_repository.auth_service",
            "module.storage.aws_ecr_repository.transaction_service"
          ]
        }
      ]
    },
    {
      "module": "module.storage",
      "mode": "managed",
      "type": "aws_ecr_repository",
      "name": "account_service",
      "provider": "provider[\"registry.terraform.io/hashicorp/aws\"]",
      "instances": [
        {
          "schema_version": 0,
          "attributes": {
            "arn": "arn:aws:ecr:eu-west-2:463470963000:repository/account-service",
            "encryption_configuration": [
              {
                "encryption_type": "AES256",
                "kms_key": ""
              }
            ],
            "force_delete": null,
            "id": "account-service",
            "image_scanning_configuration": [
              {
                "scan_on_push": true
              }
            ],
            "image_tag_mutability": "MUTABLE",
            "name": "account-service",
            "registry_id": "463470963000",
            "repository_url": "463470963000.dkr.ecr.eu-west-2.amazonaws.com/account-service",
            "tags": null,
            "tags_all": {},
            "timeouts": null
          },
          "sensitive_attributes": [],
          "private": "eyJlMmJmYjczMC1lY2FhLTExZTYtOGY4OC0zNDM2M2JjN2M0YzAiOnsiZGVsZXRlIjoxMjAwMDAwMDAwMDAwfX0="
        }
      ]
    },
    {
      "module": "module.storage",
      "mode": "managed",
      "type": "aws_ecr_repository",
      "name": "auth_service",
      "provider": "provider[\"registry.terraform.io/hashicorp/aws\"]",
      "instances": [
        {
          "schema_version": 0,
          "attributes": {
            "arn": "arn:aws:ecr:eu-west-2:463470963000:repository/auth-service",
            "encryption_configuration": [
              {
                "encryption_type": "AES256",
                "kms_key": ""
              }
            ],
            "force_delete": null,
            "id": "auth-service",
            "image_scanning_configuration": [
              {
                "scan_on_push": true
              }
            ],
            "image_tag_mutability": "MUTABLE",
            "name": "auth-service",
            "registry_id": "463470963000",
            "repository_url": "463470963000.dkr.ecr.eu-west-2.amazonaws.com/auth-service",
            "tags": null,
            "tags_all": {},
            "timeouts": null
          },
          "sensitive_attributes": [],
          "private": "eyJlMmJmYjczMC1lY2FhLTExZTYtOGY4OC0zNDM2M2JjN2M0YzAiOnsiZGVsZXRlIjoxMjAwMDAwMDAwMDAwfX0="
        }
      ]
    },
    {
      "module": "module.storage",
      "mode": "managed",
      "type": "aws_ecr_repository",
      "name": "transaction_service",
      "provider": "provider[\"registry.terraform.io/hashicorp/aws\"]",
      "instances": [
        {
          "schema_version": 0,
          "attributes": {
            "arn": "arn:aws:ecr:eu-west-2:463470963000:repository/transaction-service",
            "encryption_configuration": [
              {
                "encryption_type": "AES256",
                "kms_key": ""
              }
            ],
            "force_delete": null,
            "id": "transaction-service",
            "image_scanning_configuration": [
              {
                "scan_on_push": true
              }
            ],
            "image_tag_mutability": "MUTABLE",
            "name": "transaction-service",
            "registry_id": "463470963000",
            "repository_url": "463470963000.dkr.ecr.eu-west-2.amazonaws.com/transaction-service",
            "tags": null,
            "tags_all": {},
            "timeouts": null
          },
          "sensitive_attributes": [],
          "private": "eyJlMmJmYjczMC1lY2FhLTExZTYtOGY4OC0zNDM2M2JjN2M0YzAiOnsiZGVsZXRlIjoxMjAwMDAwMDAwMDAwfX0="
        }
      ]
    },
    {
      "module": "module.storage",
      "mode": "managed",
      "type": "aws_flow_log",
      "name": "vpcs",
      "provider": "provider[\"registry.terraform.io/hashicorp/aws\"]",
      "instances": [
        {
          "index_key": "data",
          "schema_version": 0,
          "attributes": {
            "arn": "arn:aws:ec2:eu-west-2:463470963000:vpc-flow-log/fl-0a998a72125acc1e7",
            "deliver_cross_account_role": "",
            "destination_options": [
              {
                "file_format": "parquet",
                "hive_compatible_partitions": false,
                "per_hour_partition": true
              }
            ],
            "eni_id": null,
            "iam_role_arn": "",
            "id": "fl-0a998a72125acc1e7",
            "log_destination": "arn:aws:s3:::vpc-flow-logs-talha",
            "log_destination_type": "s3",
            "log_format": "${version} ${account-id} ${interface-id} ${srcaddr} ${dstaddr} ${srcport} ${dstport} ${protocol} ${packets} ${bytes} ${start} ${end} ${action} ${log-status}",
            "log_group_name": "",
            "max_aggregation_interval": 600,
            "subnet_id": null,
            "tags": null,
            "tags_all": {},
            "traffic_type": "ALL",
            "transit_gateway_attachment_id": null,
            "transit_gateway_id": null,
            "vpc_id": "vpc-0984e356fe7b3dad1"
          },
          "sensitive_attributes": [],
          "private": "bnVsbA==",
          "dependencies": [
            "module.storage.aws_s3_bucket.vpc_flow_logs",
            "module.vpcs.aws_vpc.main"
          ]
        },
        {
          "index_key": "management",
          "schema_version": 0,
          "attributes": {
            "arn": "arn:aws:ec2:eu-west-2:463470963000:vpc-flow-log/fl-0bab3fe34cadfe4dc",
            "deliver_cross_account_role": "",
            "destination_options": [
              {
                "file_format": "parquet",
                "hive_compatible_partitions": false,
                "per_hour_partition": true
              }
            ],
            "eni_id": null,
            "iam_role_arn": "",
            "id": "fl-0bab3fe34cadfe4dc",
            "log_destination": "arn:aws:s3:::vpc-flow-logs-talha",
            "log_destination_type": "s3",
            "log_format": "${version} ${account-id} ${interface-id} ${srcaddr} ${dstaddr} ${srcport} ${dstport} ${protocol} ${packets} ${bytes} ${start} ${end} ${action} ${log-status}",
            "log_group_name": "",
            "max_aggregation_interval": 600,
            "subnet_id": null,
            "tags": null,
            "tags_all": {},
            "traffic_type": "ALL",
            "transit_gateway_attachment_id": null,
            "transit_gateway_id": null,
            "vpc_id": "vpc-0de9e1300615f699e"
          },
          "sensitive_attributes": [],
          "private": "bnVsbA==",
          "dependencies": [
            "module.storage.aws_s3_bucket.vpc_flow_logs",
            "module.vpcs.aws_vpc.main"
          ]
        },
        {
          "index_key": "production",
          "schema_version": 0,
          "attributes": {
            "arn": "arn:aws:ec2:eu-west-2:463470963000:vpc-flow-log/fl-0b72934c8851e8526",
            "deliver_cross_account_role": "",
            "destination_options": [
              {
                "file_format": "parquet",
                "hive_compatible_partitions": false,
                "per_hour_partition": true
              }
            ],
            "eni_id": null,
            "iam_role_arn": "",
            "id": "fl-0b72934c8851e8526",
            "log_destination": "arn:aws:s3:::vpc-flow-logs-talha",
            "log_destination_type": "s3",
            "log_format": "${version} ${account-id} ${interface-id} ${srcaddr} ${dstaddr} ${srcport} ${dstport} ${protocol} ${packets} ${bytes} ${start} ${end} ${action} ${log-status}",
            "log_group_name": "",
            "max_aggregation_interval": 600,
            "subnet_id": null,
            "tags": null,
            "tags_all": {},
            "traffic_type": "ALL",
            "transit_gateway_attachment_id": null,
            "transit_gateway_id": null,
            "vpc_id": "vpc-0761bef65cc2a8335"
          },
          "sensitive_attributes": [],
          "private": "bnVsbA==",
          "dependencies": [
            "module.storage.aws_s3_bucket.vpc_flow_logs",
            "module.vpcs.aws_vpc.main"
          ]
        },
        {
          "index_key": "security",
          "schema_version": 0,
          "attributes": {
            "arn": "arn:aws:ec2:eu-west-2:463470963000:vpc-flow-log/fl-083b5dd0d30bf8964",
            "deliver_cross_account_role": "",
            "destination_options": [
              {
                "file_format": "parquet",
                "hive_compatible_partitions": false,
                "per_hour_partition": true
              }
            ],
            "eni_id": null,
            "iam_role_arn": "",
            "id": "fl-083b5dd0d30bf8964",
            "log_destination": "arn:aws:s3:::vpc-flow-logs-talha",
            "log_destination_type": "s3",
            "log_format": "${version} ${account-id} ${interface-id} ${srcaddr} ${dstaddr} ${srcport} ${dstport} ${protocol} ${packets} ${bytes} ${start} ${end} ${action} ${log-status}",
            "log_group_name": "",
            "max_aggregation_interval": 600,
            "subnet_id": null,
            "tags": null,
            "tags_all": {},
            "traffic_type": "ALL",
            "transit_gateway_attachment_id": null,
            "transit_gateway_id": null,
            "vpc_id": "vpc-0dc1645b2c34b96c8"
          },
          "sensitive_attributes": [],
          "private": "bnVsbA==",
          "dependencies": [
            "module.storage.aws_s3_bucket.vpc_flow_logs",
            "module.vpcs.aws_vpc.main"
          ]
        }
      ]
    },
    {
      "module": "module.storage",
      "mode": "managed",
      "type": "aws_s3_bucket",
      "name": "alb",
      "provider": "provider[\"registry.terraform.io/hashicorp/aws\"]",
      "instances": [
        {
          "schema_version": 0,
          "attributes": {
            "acceleration_status": "",
            "acl": null,
            "arn": "arn:aws:s3:::alb-logs-talha",
            "bucket": "alb-logs-talha",
            "bucket_domain_name": "alb-logs-talha.s3.amazonaws.com",
            "bucket_prefix": "",
            "bucket_regional_domain_name": "alb-logs-talha.s3.eu-west-2.amazonaws.com",
            "cors_rule": [],
            "force_destroy": false,
            "grant": [
              {
                "id": "193045ede8fd12b3c9de406994d7702f872e2eebebca247b2f5db220a8fb4d63",
                "permissions": [
                  "FULL_CONTROL"
                ],
                "type": "CanonicalUser",
                "uri": ""
              }
            ],
            "hosted_zone_id": "Z3GKZC51ZF0DB4",
            "id": "alb-logs-talha",
            "lifecycle_rule": [],
            "logging": [],
            "object_lock_configuration": [],
            "object_lock_enabled": false,
            "policy": "",
            "region": "eu-west-2",
            "replication_configuration": [],
            "request_payer": "BucketOwner",
            "server_side_encryption_configuration": [
              {
                "rule": [
                  {
                    "apply_server_side_encryption_by_default": [
                      {
                        "kms_master_key_id": "",
                        "sse_algorithm": "AES256"
                      }
                    ],
                    "bucket_key_enabled": false
                  }
                ]
              }
            ],
            "tags": null,
            "tags_all": {},
            "timeouts": null,
            "versioning": [
              {
                "enabled": false,
                "mfa_delete": false
              }
            ],
            "website": [],
            "website_domain": null,
            "website_endpoint": null
          },
          "sensitive_attributes": [],
          "private": "eyJlMmJmYjczMC1lY2FhLTExZTYtOGY4OC0zNDM2M2JjN2M0YzAiOnsiY3JlYXRlIjoxMjAwMDAwMDAwMDAwLCJkZWxldGUiOjM2MDAwMDAwMDAwMDAsInJlYWQiOjEyMDAwMDAwMDAwMDAsInVwZGF0ZSI6MTIwMDAwMDAwMDAwMH19"
        }
      ]
    },
    {
      "module": "module.storage",
      "mode": "managed",
      "type": "aws_s3_bucket",
      "name": "audit_reports",
      "provider": "provider[\"registry.terraform.io/hashicorp/aws\"]",
      "instances": [
        {
          "schema_version": 0,
          "attributes": {
            "acceleration_status": "",
            "acl": null,
            "arn": "arn:aws:s3:::audit-reports-talha",
            "bucket": "audit-reports-talha",
            "bucket_domain_name": "audit-reports-talha.s3.amazonaws.com",
            "bucket_prefix": "",
            "bucket_regional_domain_name": "audit-reports-talha.s3.eu-west-2.amazonaws.com",
            "cors_rule": [],
            "force_destroy": false,
            "grant": [
              {
                "id": "193045ede8fd12b3c9de406994d7702f872e2eebebca247b2f5db220a8fb4d63",
                "permissions": [
                  "FULL_CONTROL"
                ],
                "type": "CanonicalUser",
                "uri": ""
              }
            ],
            "hosted_zone_id": "Z3GKZC51ZF0DB4",
            "id": "audit-reports-talha",
            "lifecycle_rule": [],
            "logging": [],
            "object_lock_configuration": [],
            "object_lock_enabled": false,
            "policy": "",
            "region": "eu-west-2",
            "replication_configuration": [],
            "request_payer": "BucketOwner",
            "server_side_encryption_configuration": [
              {
                "rule": [
                  {
                    "apply_server_side_encryption_by_default": [
                      {
                        "kms_master_key_id": "",
                        "sse_algorithm": "AES256"
                      }
                    ],
                    "bucket_key_enabled": false
                  }
                ]
              }
            ],
            "tags": {},
            "tags_all": {},
            "timeouts": null,
            "versioning": [
              {
                "enabled": false,
                "mfa_delete": false
              }
            ],
            "website": [],
            "website_domain": null,
            "website_endpoint": null
          },
          "sensitive_attributes": [],
          "private": "eyJlMmJmYjczMC1lY2FhLTExZTYtOGY4OC0zNDM2M2JjN2M0YzAiOnsiY3JlYXRlIjoxMjAwMDAwMDAwMDAwLCJkZWxldGUiOjM2MDAwMDAwMDAwMDAsInJlYWQiOjEyMDAwMDAwMDAwMDAsInVwZGF0ZSI6MTIwMDAwMDAwMDAwMH19"
        }
      ]
    },
    {
      "module": "module.storage",
      "mode": "managed",
      "type": "aws_s3_bucket",
      "name": "cloudtrail",
      "provider": "provider[\"registry.terraform.io/hashicorp/aws\"]",
      "instances": [
        {
          "schema_version": 0,
          "attributes": {
            "acceleration_status": "",
            "acl": null,
            "arn": "arn:aws:s3:::cloudtrail-bucket-talha",
            "bucket": "cloudtrail-bucket-talha",
            "bucket_domain_name": "cloudtrail-bucket-talha.s3.amazonaws.com",
            "bucket_prefix": "",
            "bucket_regional_domain_name": "cloudtrail-bucket-talha.s3.eu-west-2.amazonaws.com",
            "cors_rule": [],
            "force_destroy": false,
            "grant": [
              {
                "id": "193045ede8fd12b3c9de406994d7702f872e2eebebca247b2f5db220a8fb4d63",
                "permissions": [
                  "FULL_CONTROL"
                ],
                "type": "CanonicalUser",
                "uri": ""
              }
            ],
            "hosted_zone_id": "Z3GKZC51ZF0DB4",
            "id": "cloudtrail-bucket-talha",
            "lifecycle_rule": [],
            "logging": [],
            "object_lock_configuration": [],
            "object_lock_enabled": false,
            "policy": "",
            "region": "eu-west-2",
            "replication_configuration": [],
            "request_payer": "BucketOwner",
            "server_side_encryption_configuration": [
              {
                "rule": [
                  {
                    "apply_server_side_encryption_by_default": [
                      {
                        "kms_master_key_id": "",
                        "sse_algorithm": "AES256"
                      }
                    ],
                    "bucket_key_enabled": false
                  }
                ]
              }
            ],
            "tags": {
              "Environment": "Dev",
              "Name": "CloudTrail Bucket",
              "Project": "Global Bank Migration",
              "Terraform": "true"
            },
            "tags_all": {
              "Environment": "Dev",
              "Name": "CloudTrail Bucket",
              "Project": "Global Bank Migration",
              "Terraform": "true"
            },
            "timeouts": null,
            "versioning": [
              {
                "enabled": false,
                "mfa_delete": false
              }
            ],
            "website": [],
            "website_domain": null,
            "website_endpoint": null
          },
          "sensitive_attributes": [],
          "private": "eyJlMmJmYjczMC1lY2FhLTExZTYtOGY4OC0zNDM2M2JjN2M0YzAiOnsiY3JlYXRlIjoxMjAwMDAwMDAwMDAwLCJkZWxldGUiOjM2MDAwMDAwMDAwMDAsInJlYWQiOjEyMDAwMDAwMDAwMDAsInVwZGF0ZSI6MTIwMDAwMDAwMDAwMH19"
        }
      ]
    },
    {
      "module": "module.storage",
      "mode": "managed",
      "type": "aws_s3_bucket",
      "name": "eks",
      "provider": "provider[\"registry.terraform.io/hashicorp/aws\"]",
      "instances": [
        {
          "schema_version": 0,
          "attributes": {
            "acceleration_status": "",
            "acl": null,
            "arn": "arn:aws:s3:::eks-artifacts",
            "bucket": "eks-artifacts",
            "bucket_domain_name": "eks-artifacts.s3.amazonaws.com",
            "bucket_prefix": "",
            "bucket_regional_domain_name": "eks-artifacts.s3.eu-west-2.amazonaws.com",
            "cors_rule": [],
            "force_destroy": false,
            "grant": [
              {
                "id": "193045ede8fd12b3c9de406994d7702f872e2eebebca247b2f5db220a8fb4d63",
                "permissions": [
                  "FULL_CONTROL"
                ],
                "type": "CanonicalUser",
                "uri": ""
              }
            ],
            "hosted_zone_id": "Z3GKZC51ZF0DB4",
            "id": "eks-artifacts",
            "lifecycle_rule": [],
            "logging": [],
            "object_lock_configuration": [],
            "object_lock_enabled": false,
            "policy": "",
            "region": "eu-west-2",
            "replication_configuration": [],
            "request_payer": "BucketOwner",
            "server_side_encryption_configuration": [
              {
                "rule": [
                  {
                    "apply_server_side_encryption_by_default": [
                      {
                        "kms_master_key_id": "",
                        "sse_algorithm": "AES256"
                      }
                    ],
                    "bucket_key_enabled": false
                  }
                ]
              }
            ],
            "tags": null,
            "tags_all": {},
            "timeouts": null,
            "versioning": [
              {
                "enabled": false,
                "mfa_delete": false
              }
            ],
            "website": [],
            "website_domain": null,
            "website_endpoint": null
          },
          "sensitive_attributes": [],
          "private": "eyJlMmJmYjczMC1lY2FhLTExZTYtOGY4OC0zNDM2M2JjN2M0YzAiOnsiY3JlYXRlIjoxMjAwMDAwMDAwMDAwLCJkZWxldGUiOjM2MDAwMDAwMDAwMDAsInJlYWQiOjEyMDAwMDAwMDAwMDAsInVwZGF0ZSI6MTIwMDAwMDAwMDAwMH19"
        }
      ]
    },
    {
      "module": "module.storage",
      "mode": "managed",
      "type": "aws_s3_bucket",
      "name": "lambda",
      "provider": "provider[\"registry.terraform.io/hashicorp/aws\"]",
      "instances": [
        {
          "schema_version": 0,
          "attributes": {
            "acceleration_status": "",
            "acl": null,
            "arn": "arn:aws:s3:::lambda-artifacts-talha",
            "bucket": "lambda-artifacts-talha",
            "bucket_domain_name": "lambda-artifacts-talha.s3.amazonaws.com",
            "bucket_prefix": "",
            "bucket_regional_domain_name": "lambda-artifacts-talha.s3.eu-west-2.amazonaws.com",
            "cors_rule": [],
            "force_destroy": false,
            "grant": [
              {
                "id": "193045ede8fd12b3c9de406994d7702f872e2eebebca247b2f5db220a8fb4d63",
                "permissions": [
                  "FULL_CONTROL"
                ],
                "type": "CanonicalUser",
                "uri": ""
              }
            ],
            "hosted_zone_id": "Z3GKZC51ZF0DB4",
            "id": "lambda-artifacts-talha",
            "lifecycle_rule": [],
            "logging": [],
            "object_lock_configuration": [],
            "object_lock_enabled": false,
            "policy": "",
            "region": "eu-west-2",
            "replication_configuration": [],
            "request_payer": "BucketOwner",
            "server_side_encryption_configuration": [
              {
                "rule": [
                  {
                    "apply_server_side_encryption_by_default": [
                      {
                        "kms_master_key_id": "",
                        "sse_algorithm": "AES256"
                      }
                    ],
                    "bucket_key_enabled": false
                  }
                ]
              }
            ],
            "tags": null,
            "tags_all": {},
            "timeouts": null,
            "versioning": [
              {
                "enabled": false,
                "mfa_delete": false
              }
            ],
            "website": [],
            "website_domain": null,
            "website_endpoint": null
          },
          "sensitive_attributes": [],
          "private": "eyJlMmJmYjczMC1lY2FhLTExZTYtOGY4OC0zNDM2M2JjN2M0YzAiOnsiY3JlYXRlIjoxMjAwMDAwMDAwMDAwLCJkZWxldGUiOjM2MDAwMDAwMDAwMDAsInJlYWQiOjEyMDAwMDAwMDAwMDAsInVwZGF0ZSI6MTIwMDAwMDAwMDAwMH19"
        }
      ]
    },
    {
      "module": "module.storage",
      "mode": "managed",
      "type": "aws_s3_bucket",
      "name": "vpc_flow_logs",
      "provider": "provider[\"registry.terraform.io/hashicorp/aws\"]",
      "instances": [
        {
          "schema_version": 0,
          "attributes": {
            "acceleration_status": "",
            "acl": null,
            "arn": "arn:aws:s3:::vpc-flow-logs-talha",
            "bucket": "vpc-flow-logs-talha",
            "bucket_domain_name": "vpc-flow-logs-talha.s3.amazonaws.com",
            "bucket_prefix": "",
            "bucket_regional_domain_name": "vpc-flow-logs-talha.s3.eu-west-2.amazonaws.com",
            "cors_rule": [],
            "force_destroy": false,
            "grant": [
              {
                "id": "193045ede8fd12b3c9de406994d7702f872e2eebebca247b2f5db220a8fb4d63",
                "permissions": [
                  "FULL_CONTROL"
                ],
                "type": "CanonicalUser",
                "uri": ""
              }
            ],
            "hosted_zone_id": "Z3GKZC51ZF0DB4",
            "id": "vpc-flow-logs-talha",
            "lifecycle_rule": [],
            "logging": [],
            "object_lock_configuration": [],
            "object_lock_enabled": false,
            "policy": "{\"Id\":\"AWSLogDeliveryWrite20150319\",\"Statement\":[{\"Action\":\"s3:PutObject\",\"Condition\":{\"ArnLike\":{\"aws:SourceArn\":\"arn:aws:logs:eu-west-2:463470963000:*\"},\"StringEquals\":{\"aws:SourceAccount\":\"463470963000\",\"s3:x-amz-acl\":\"bucket-owner-full-control\"}},\"Effect\":\"Allow\",\"Principal\":{\"Service\":\"delivery.logs.amazonaws.com\"},\"Resource\":\"arn:aws:s3:::vpc-flow-logs-talha/AWSLogs/463470963000/*\",\"Sid\":\"AWSLogDeliveryWrite\"},{\"Action\":\"s3:GetBucketAcl\",\"Condition\":{\"ArnLike\":{\"aws:SourceArn\":\"arn:aws:logs:eu-west-2:463470963000:*\"},\"StringEquals\":{\"aws:SourceAccount\":\"463470963000\"}},\"Effect\":\"Allow\",\"Principal\":{\"Service\":\"delivery.logs.amazonaws.com\"},\"Resource\":\"arn:aws:s3:::vpc-flow-logs-talha\",\"Sid\":\"AWSLogDeliveryAclCheck\"}],\"Version\":\"2012-10-17\"}",
            "region": "eu-west-2",
            "replication_configuration": [],
            "request_payer": "BucketOwner",
            "server_side_encryption_configuration": [
              {
                "rule": [
                  {
                    "apply_server_side_encryption_by_default": [
                      {
                        "kms_master_key_id": "",
                        "sse_algorithm": "AES256"
                      }
                    ],
                    "bucket_key_enabled": false
                  }
                ]
              }
            ],
            "tags": {},
            "tags_all": {},
            "timeouts": null,
            "versioning": [
              {
                "enabled": false,
                "mfa_delete": false
              }
            ],
            "website": [],
            "website_domain": null,
            "website_endpoint": null
          },
          "sensitive_attributes": [],
          "private": "eyJlMmJmYjczMC1lY2FhLTExZTYtOGY4OC0zNDM2M2JjN2M0YzAiOnsiY3JlYXRlIjoxMjAwMDAwMDAwMDAwLCJkZWxldGUiOjM2MDAwMDAwMDAwMDAsInJlYWQiOjEyMDAwMDAwMDAwMDAsInVwZGF0ZSI6MTIwMDAwMDAwMDAwMH19"
        }
      ]
    },
    {
      "module": "module.storage",
      "mode": "managed",
      "type": "aws_s3_bucket_lifecycle_configuration",
      "name": "alb_config",
      "provider": "provider[\"registry.terraform.io/hashicorp/aws\"]",
      "instances": [
        {
          "schema_version": 0,
          "attributes": {
            "bucket": "alb-logs-talha",
            "expected_bucket_owner": "",
            "id": "alb-logs-talha",
            "rule": [
              {
                "abort_incomplete_multipart_upload": [],
                "expiration": [
                  {
                    "date": "",
                    "days": 2555,
                    "expired_object_delete_marker": false
                  }
                ],
                "filter": [
                  {
                    "and": [],
                    "object_size_greater_than": "",
                    "object_size_less_than": "",
                    "prefix": "",
                    "tag": []
                  }
                ],
                "id": "alb-logs",
                "noncurrent_version_expiration": [],
                "noncurrent_version_transition": [],
                "prefix": "",
                "status": "Enabled",
                "transition": [
                  {
                    "date": "",
                    "days": 365,
                    "storage_class": "DEEP_ARCHIVE"
                  },
                  {
                    "date": "",
                    "days": 90,
                    "storage_class": "GLACIER_IR"
                  }
                ]
              }
            ],
            "timeouts": null
          },
          "sensitive_attributes": [],
          "private": "eyJlMmJmYjczMC1lY2FhLTExZTYtOGY4OC0zNDM2M2JjN2M0YzAiOnsiY3JlYXRlIjoxODAwMDAwMDAwMDAsInVwZGF0ZSI6MTgwMDAwMDAwMDAwfX0=",
          "dependencies": [
            "module.storage.aws_s3_bucket.alb"
          ]
        }
      ]
    },
    {
      "module": "module.storage",
      "mode": "managed",
      "type": "aws_s3_bucket_lifecycle_configuration",
      "name": "audit_config",
      "provider": "provider[\"registry.terraform.io/hashicorp/aws\"]",
      "instances": [
        {
          "schema_version": 0,
          "attributes": {
            "bucket": "audit-reports-talha",
            "expected_bucket_owner": "",
            "id": "audit-reports-talha",
            "rule": [
              {
                "abort_incomplete_multipart_upload": [],
                "expiration": [
                  {
                    "date": "",
                    "days": 2555,
                    "expired_object_delete_marker": false
                  }
                ],
                "filter": [
                  {
                    "and": [],
                    "object_size_greater_than": "",
                    "object_size_less_than": "",
                    "prefix": "",
                    "tag": []
                  }
                ],
                "id": "lambda-artifacts",
                "noncurrent_version_expiration": [],
                "noncurrent_version_transition": [],
                "prefix": "",
                "status": "Enabled",
                "transition": [
                  {
                    "date": "",
                    "days": 365,
                    "storage_class": "DEEP_ARCHIVE"
                  },
                  {
                    "date": "",
                    "days": 90,
                    "storage_class": "GLACIER_IR"
                  }
                ]
              }
            ],
            "timeouts": null
          },
          "sensitive_attributes": [],
          "private": "eyJlMmJmYjczMC1lY2FhLTExZTYtOGY4OC0zNDM2M2JjN2M0YzAiOnsiY3JlYXRlIjoxODAwMDAwMDAwMDAsInVwZGF0ZSI6MTgwMDAwMDAwMDAwfX0=",
          "dependencies": [
            "module.storage.aws_s3_bucket.audit_reports"
          ]
        }
      ]
    },
    {
      "module": "module.storage",
      "mode": "managed",
      "type": "aws_s3_bucket_lifecycle_configuration",
      "name": "cloudtrail_config",
      "provider": "provider[\"registry.terraform.io/hashicorp/aws\"]",
      "instances": [
        {
          "schema_version": 0,
          "attributes": {
            "bucket": "cloudtrail-bucket-talha",
            "expected_bucket_owner": "",
            "id": "cloudtrail-bucket-talha",
            "rule": [
              {
                "abort_incomplete_multipart_upload": [],
                "expiration": [
                  {
                    "date": "",
                    "days": 2555,
                    "expired_object_delete_marker": false
                  }
                ],
                "filter": [
                  {
                    "and": [
                      {
                        "object_size_greater_than": 0,
                        "object_size_less_than": 0,
                        "prefix": "cloudtrail-api-calls/",
                        "tags": {
                          "archive": "true",
                          "datalife": "long"
                        }
                      }
                    ],
                    "object_size_greater_than": "",
                    "object_size_less_than": "",
                    "prefix": "",
                    "tag": []
                  }
                ],
                "id": "cloudtrail-logs-archiving",
                "noncurrent_version_expiration": [
                  {
                    "newer_noncurrent_versions": "",
                    "noncurrent_days": 2555
                  }
                ],
                "noncurrent_version_transition": [
                  {
                    "newer_noncurrent_versions": "",
                    "noncurrent_days": 365,
                    "storage_class": "DEEP_ARCHIVE"
                  },
                  {
                    "newer_noncurrent_versions": "",
                    "noncurrent_days": 90,
                    "storage_class": "GLACIER_IR"
                  }
                ],
                "prefix": "",
                "status": "Enabled",
                "transition": [
                  {
                    "date": "",
                    "days": 365,
                    "storage_class": "DEEP_ARCHIVE"
                  },
                  {
                    "date": "",
                    "days": 90,
                    "storage_class": "GLACIER_IR"
                  }
                ]
              }
            ],
            "timeouts": null
          },
          "sensitive_attributes": [],
          "private": "eyJlMmJmYjczMC1lY2FhLTExZTYtOGY4OC0zNDM2M2JjN2M0YzAiOnsiY3JlYXRlIjoxODAwMDAwMDAwMDAsInVwZGF0ZSI6MTgwMDAwMDAwMDAwfX0=",
          "dependencies": [
            "module.storage.aws_s3_bucket.cloudtrail"
          ]
        }
      ]
    },
    {
      "module": "module.storage",
      "mode": "managed",
      "type": "aws_s3_bucket_lifecycle_configuration",
      "name": "eks_config",
      "provider": "provider[\"registry.terraform.io/hashicorp/aws\"]",
      "instances": [
        {
          "schema_version": 0,
          "attributes": {
            "bucket": "eks-artifacts",
            "expected_bucket_owner": "",
            "id": "eks-artifacts",
            "rule": [
              {
                "abort_incomplete_multipart_upload": [],
                "expiration": [
                  {
                    "date": "",
                    "days": 365,
                    "expired_object_delete_marker": false
                  }
                ],
                "filter": [
                  {
                    "and": [],
                    "object_size_greater_than": "",
                    "object_size_less_than": "",
                    "prefix": "",
                    "tag": []
                  }
                ],
                "id": "eks-artifacts",
                "noncurrent_version_expiration": [],
                "noncurrent_version_transition": [],
                "prefix": "",
                "status": "Enabled",
                "transition": [
                  {
                    "date": "",
                    "days": 180,
                    "storage_class": "GLACIER"
                  },
                  {
                    "date": "",
                    "days": 60,
                    "storage_class": "STANDARD_IA"
                  }
                ]
              }
            ],
            "timeouts": null
          },
          "sensitive_attributes": [],
          "private": "eyJlMmJmYjczMC1lY2FhLTExZTYtOGY4OC0zNDM2M2JjN2M0YzAiOnsiY3JlYXRlIjoxODAwMDAwMDAwMDAsInVwZGF0ZSI6MTgwMDAwMDAwMDAwfX0=",
          "dependencies": [
            "module.storage.aws_s3_bucket.eks"
          ]
        }
      ]
    },
    {
      "module": "module.storage",
      "mode": "managed",
      "type": "aws_s3_bucket_lifecycle_configuration",
      "name": "lambda_config",
      "provider": "provider[\"registry.terraform.io/hashicorp/aws\"]",
      "instances": [
        {
          "schema_version": 0,
          "attributes": {
            "bucket": "lambda-artifacts-talha",
            "expected_bucket_owner": "",
            "id": "lambda-artifacts-talha",
            "rule": [
              {
                "abort_incomplete_multipart_upload": [],
                "expiration": [
                  {
                    "date": "",
                    "days": 180,
                    "expired_object_delete_marker": false
                  }
                ],
                "filter": [
                  {
                    "and": [],
                    "object_size_greater_than": "",
                    "object_size_less_than": "",
                    "prefix": "",
                    "tag": []
                  }
                ],
                "id": "lambda-artifacts",
                "noncurrent_version_expiration": [],
                "noncurrent_version_transition": [],
                "prefix": "",
                "status": "Enabled",
                "transition": [
                  {
                    "date": "",
                    "days": 30,
                    "storage_class": "STANDARD_IA"
                  },
                  {
                    "date": "",
                    "days": 90,
                    "storage_class": "GLACIER"
                  }
                ]
              }
            ],
            "timeouts": null
          },
          "sensitive_attributes": [],
          "private": "eyJlMmJmYjczMC1lY2FhLTExZTYtOGY4OC0zNDM2M2JjN2M0YzAiOnsiY3JlYXRlIjoxODAwMDAwMDAwMDAsInVwZGF0ZSI6MTgwMDAwMDAwMDAwfX0=",
          "dependencies": [
            "module.storage.aws_s3_bucket.lambda"
          ]
        }
      ]
    },
    {
      "module": "module.storage",
      "mode": "managed",
      "type": "aws_s3_bucket_lifecycle_configuration",
      "name": "vpcflowlogs_config",
      "provider": "provider[\"registry.terraform.io/hashicorp/aws\"]",
      "instances": [
        {
          "schema_version": 0,
          "attributes": {
            "bucket": "vpc-flow-logs-talha",
            "expected_bucket_owner": "",
            "id": "vpc-flow-logs-talha",
            "rule": [
              {
                "abort_incomplete_multipart_upload": [],
                "expiration": [
                  {
                    "date": "",
                    "days": 2555,
                    "expired_object_delete_marker": false
                  }
                ],
                "filter": [
                  {
                    "and": [],
                    "object_size_greater_than": "",
                    "object_size_less_than": "",
                    "prefix": "",
                    "tag": []
                  }
                ],
                "id": "vpc-flow-logs",
                "noncurrent_version_expiration": [],
                "noncurrent_version_transition": [],
                "prefix": "",
                "status": "Enabled",
                "transition": [
                  {
                    "date": "",
                    "days": 365,
                    "storage_class": "DEEP_ARCHIVE"
                  },
                  {
                    "date": "",
                    "days": 90,
                    "storage_class": "GLACIER_IR"
                  }
                ]
              }
            ],
            "timeouts": null
          },
          "sensitive_attributes": [],
          "private": "eyJlMmJmYjczMC1lY2FhLTExZTYtOGY4OC0zNDM2M2JjN2M0YzAiOnsiY3JlYXRlIjoxODAwMDAwMDAwMDAsInVwZGF0ZSI6MTgwMDAwMDAwMDAwfX0=",
          "dependencies": [
            "module.storage.aws_s3_bucket.vpc_flow_logs"
          ]
        }
      ]
    },
    {
      "module": "module.storage",
      "mode": "managed",
      "type": "aws_s3_bucket_public_access_block",
      "name": "alb",
      "provider": "provider[\"registry.terraform.io/hashicorp/aws\"]",
      "instances": [
        {
          "schema_version": 0,
          "attributes": {
            "block_public_acls": true,
            "block_public_policy": true,
            "bucket": "alb-logs-talha",
            "id": "alb-logs-talha",
            "ignore_public_acls": true,
            "restrict_public_buckets": true
          },
          "sensitive_attributes": [],
          "private": "bnVsbA==",
          "dependencies": [
            "module.storage.aws_s3_bucket.alb"
          ]
        }
      ]
    },
    {
      "module": "module.storage",
      "mode": "managed",
      "type": "aws_s3_bucket_public_access_block",
      "name": "audit",
      "provider": "provider[\"registry.terraform.io/hashicorp/aws\"]",
      "instances": [
        {
          "schema_version": 0,
          "attributes": {
            "block_public_acls": true,
            "block_public_policy": true,
            "bucket": "audit-reports-talha",
            "id": "audit-reports-talha",
            "ignore_public_acls": true,
            "restrict_public_buckets": true
          },
          "sensitive_attributes": [],
          "private": "bnVsbA==",
          "dependencies": [
            "module.storage.aws_s3_bucket.audit_reports"
          ]
        }
      ]
    },
    {
      "module": "module.storage",
      "mode": "managed",
      "type": "aws_s3_bucket_public_access_block",
      "name": "cloudtrail",
      "provider": "provider[\"registry.terraform.io/hashicorp/aws\"]",
      "instances": [
        {
          "schema_version": 0,
          "attributes": {
            "block_public_acls": true,
            "block_public_policy": true,
            "bucket": "cloudtrail-bucket-talha",
            "id": "cloudtrail-bucket-talha",
            "ignore_public_acls": true,
            "restrict_public_buckets": true
          },
          "sensitive_attributes": [],
          "private": "bnVsbA==",
          "dependencies": [
            "module.storage.aws_s3_bucket.cloudtrail"
          ]
        }
      ]
    },
    {
      "module": "module.storage",
      "mode": "managed",
      "type": "aws_s3_bucket_public_access_block",
      "name": "eks",
      "provider": "provider[\"registry.terraform.io/hashicorp/aws\"]",
      "instances": [
        {
          "schema_version": 0,
          "attributes": {
            "block_public_acls": true,
            "block_public_policy": true,
            "bucket": "eks-artifacts",
            "id": "eks-artifacts",
            "ignore_public_acls": true,
            "restrict_public_buckets": true
          },
          "sensitive_attributes": [],
          "private": "bnVsbA==",
          "dependencies": [
            "module.storage.aws_s3_bucket.eks"
          ]
        }
      ]
    },
    {
      "module": "module.storage",
      "mode": "managed",
      "type": "aws_s3_bucket_public_access_block",
      "name": "lambda",
      "provider": "provider[\"registry.terraform.io/hashicorp/aws\"]",
      "instances": [
        {
          "schema_version": 0,
          "attributes": {
            "block_public_acls": true,
            "block_public_policy": true,
            "bucket": "lambda-artifacts-talha",
            "id": "lambda-artifacts-talha",
            "ignore_public_acls": true,
            "restrict_public_buckets": true
          },
          "sensitive_attributes": [],
          "private": "bnVsbA==",
          "dependencies": [
            "module.storage.aws_s3_bucket.lambda"
          ]
        }
      ]
    },
    {
      "module": "module.storage",
      "mode": "managed",
      "type": "aws_s3_bucket_public_access_block",
      "name": "vpc_flow_logs",
      "provider": "provider[\"registry.terraform.io/hashicorp/aws\"]",
      "instances": [
        {
          "schema_version": 0,
          "attributes": {
            "block_public_acls": true,
            "block_public_policy": true,
            "bucket": "vpc-flow-logs-talha",
            "id": "vpc-flow-logs-talha",
            "ignore_public_acls": true,
            "restrict_public_buckets": true
          },
          "sensitive_attributes": [],
          "private": "bnVsbA==",
          "dependencies": [
            "module.storage.aws_s3_bucket.vpc_flow_logs"
          ]
        }
      ]
    },
    {
      "module": "module.storage",
      "mode": "managed",
      "type": "aws_s3_bucket_server_side_encryption_configuration",
      "name": "alb_key",
      "provider": "provider[\"registry.terraform.io/hashicorp/aws\"]",
      "instances": [
        {
          "schema_version": 0,
          "attributes": {
            "bucket": "alb-logs-talha",
            "expected_bucket_owner": "",
            "id": "alb-logs-talha",
            "rule": [
              {
                "apply_server_side_encryption_by_default": [
                  {
                    "kms_master_key_id": "arn:aws:kms:eu-west-2:463470963000:key/a8dc691e-6da9-4d60-b909-ea9b4903f9c2",
                    "sse_algorithm": "aws:kms"
                  }
                ],
                "bucket_key_enabled": true
              }
            ]
          },
          "sensitive_attributes": [],
          "private": "bnVsbA==",
          "dependencies": [
            "module.security.aws_iam_role.github_actions",
            "module.security.aws_kms_key.database",
            "module.security.data.aws_caller_identity.current",
            "module.security.data.aws_iam_policy_document.database_key_policy",
            "module.storage.aws_s3_bucket.alb"
          ]
        }
      ]
    },
    {
      "module": "module.storage",
      "mode": "managed",
      "type": "aws_s3_bucket_server_side_encryption_configuration",
      "name": "audit_key",
      "provider": "provider[\"registry.terraform.io/hashicorp/aws\"]",
      "instances": [
        {
          "schema_version": 0,
          "attributes": {
            "bucket": "audit-reports-talha",
            "expected_bucket_owner": "",
            "id": "audit-reports-talha",
            "rule": [
              {
                "apply_server_side_encryption_by_default": [
                  {
                    "kms_master_key_id": "arn:aws:kms:eu-west-2:463470963000:key/a8dc691e-6da9-4d60-b909-ea9b4903f9c2",
                    "sse_algorithm": "aws:kms"
                  }
                ],
                "bucket_key_enabled": true
              }
            ]
          },
          "sensitive_attributes": [],
          "private": "bnVsbA==",
          "dependencies": [
            "module.security.aws_iam_role.github_actions",
            "module.security.aws_kms_key.database",
            "module.security.data.aws_caller_identity.current",
            "module.security.data.aws_iam_policy_document.database_key_policy",
            "module.storage.aws_s3_bucket.audit_reports"
          ]
        }
      ]
    },
    {
      "module": "module.storage",
      "mode": "managed",
      "type": "aws_s3_bucket_server_side_encryption_configuration",
      "name": "cloudtrail_key",
      "provider": "provider[\"registry.terraform.io/hashicorp/aws\"]",
      "instances": [
        {
          "schema_version": 0,
          "attributes": {
            "bucket": "cloudtrail-bucket-talha",
            "expected_bucket_owner": "",
            "id": "cloudtrail-bucket-talha",
            "rule": [
              {
                "apply_server_side_encryption_by_default": [
                  {
                    "kms_master_key_id": "arn:aws:kms:eu-west-2:463470963000:key/a8dc691e-6da9-4d60-b909-ea9b4903f9c2",
                    "sse_algorithm": "aws:kms"
                  }
                ],
                "bucket_key_enabled": true
              }
            ]
          },
          "sensitive_attributes": [],
          "private": "bnVsbA==",
          "dependencies": [
            "module.security.aws_iam_role.github_actions",
            "module.security.aws_kms_key.database",
            "module.security.data.aws_caller_identity.current",
            "module.security.data.aws_iam_policy_document.database_key_policy",
            "module.storage.aws_s3_bucket.cloudtrail"
          ]
        }
      ]
    },
    {
      "module": "module.storage",
      "mode": "managed",
      "type": "aws_s3_bucket_server_side_encryption_configuration",
      "name": "eks_key",
      "provider": "provider[\"registry.terraform.io/hashicorp/aws\"]",
      "instances": [
        {
          "schema_version": 0,
          "attributes": {
            "bucket": "eks-artifacts",
            "expected_bucket_owner": "",
            "id": "eks-artifacts",
            "rule": [
              {
                "apply_server_side_encryption_by_default": [
                  {
                    "kms_master_key_id": "arn:aws:kms:eu-west-2:463470963000:key/a8dc691e-6da9-4d60-b909-ea9b4903f9c2",
                    "sse_algorithm": "aws:kms"
                  }
                ],
                "bucket_key_enabled": true
              }
            ]
          },
          "sensitive_attributes": [],
          "private": "bnVsbA==",
          "dependencies": [
            "module.security.aws_iam_role.github_actions",
            "module.security.aws_kms_key.database",
            "module.security.data.aws_caller_identity.current",
            "module.security.data.aws_iam_policy_document.database_key_policy",
            "module.storage.aws_s3_bucket.eks"
          ]
        }
      ]
    },
    {
      "module": "module.storage",
      "mode": "managed",
      "type": "aws_s3_bucket_server_side_encryption_configuration",
      "name": "lambda_key",
      "provider": "provider[\"registry.terraform.io/hashicorp/aws\"]",
      "instances": [
        {
          "schema_version": 0,
          "attributes": {
            "bucket": "lambda-artifacts-talha",
            "expected_bucket_owner": "",
            "id": "lambda-artifacts-talha",
            "rule": [
              {
                "apply_server_side_encryption_by_default": [
                  {
                    "kms_master_key_id": "arn:aws:kms:eu-west-2:463470963000:key/a8dc691e-6da9-4d60-b909-ea9b4903f9c2",
                    "sse_algorithm": "aws:kms"
                  }
                ],
                "bucket_key_enabled": true
              }
            ]
          },
          "sensitive_attributes": [],
          "private": "bnVsbA==",
          "dependencies": [
            "module.security.aws_iam_role.github_actions",
            "module.security.aws_kms_key.database",
            "module.security.data.aws_caller_identity.current",
            "module.security.data.aws_iam_policy_document.database_key_policy",
            "module.storage.aws_s3_bucket.lambda"
          ]
        }
      ]
    },
    {
      "module": "module.storage",
      "mode": "managed",
      "type": "aws_s3_bucket_server_side_encryption_configuration",
      "name": "vpcflowlogs_key",
      "provider": "provider[\"registry.terraform.io/hashicorp/aws\"]",
      "instances": [
        {
          "schema_version": 0,
          "attributes": {
            "bucket": "vpc-flow-logs-talha",
            "expected_bucket_owner": "",
            "id": "vpc-flow-logs-talha",
            "rule": [
              {
                "apply_server_side_encryption_by_default": [
                  {
                    "kms_master_key_id": "arn:aws:kms:eu-west-2:463470963000:key/a8dc691e-6da9-4d60-b909-ea9b4903f9c2",
                    "sse_algorithm": "aws:kms"
                  }
                ],
                "bucket_key_enabled": true
              }
            ]
          },
          "sensitive_attributes": [],
          "private": "bnVsbA==",
          "dependencies": [
            "module.security.aws_iam_role.github_actions",
            "module.security.aws_kms_key.database",
            "module.security.data.aws_caller_identity.current",
            "module.security.data.aws_iam_policy_document.database_key_policy",
            "module.storage.aws_s3_bucket.vpc_flow_logs"
          ]
        }
      ]
    },
    {
      "module": "module.storage",
      "mode": "managed",
      "type": "aws_s3_bucket_versioning",
      "name": "cloudtrail_versioning",
      "provider": "provider[\"registry.terraform.io/hashicorp/aws\"]",
      "instances": [
        {
          "schema_version": 0,
          "attributes": {
            "bucket": "cloudtrail-bucket-talha",
            "expected_bucket_owner": "",
            "id": "cloudtrail-bucket-talha",
            "mfa": null,
            "versioning_configuration": [
              {
                "mfa_delete": "",
                "status": "Enabled"
              }
            ]
          },
          "sensitive_attributes": [],
          "private": "bnVsbA==",
          "dependencies": [
            "module.storage.aws_s3_bucket.cloudtrail"
          ]
        }
      ]
    },
    {
      "module": "module.storage",
      "mode": "managed",
      "type": "aws_security_group",
      "name": "interface_endpoints_sg",
      "provider": "provider[\"registry.terraform.io/hashicorp/aws\"]",
      "instances": [
        {
          "index_key": 0,
          "schema_version": 1,
          "attributes": {
            "arn": "arn:aws:ec2:eu-west-2:463470963000:security-group/sg-0df40b450d678a63a",
            "description": "Managed by Terraform",
            "egress": [
              {
                "cidr_blocks": [
                  "0.0.0.0/0"
                ],
                "description": "",
                "from_port": 0,
                "ipv6_cidr_blocks": [],
                "prefix_list_ids": [],
                "protocol": "-1",
                "security_groups": [],
                "self": false,
                "to_port": 0
              }
            ],
            "id": "sg-0df40b450d678a63a",
            "ingress": [
              {
                "cidr_blocks": [
                  "10.1.0.0/16"
                ],
                "description": "",
                "from_port": 443,
                "ipv6_cidr_blocks": [],
                "prefix_list_ids": [],
                "protocol": "tcp",
                "security_groups": [],
                "self": false,
                "to_port": 443
              }
            ],
            "name": "production-interface-endpoint-sg",
            "name_prefix": "",
            "owner_id": "463470963000",
            "revoke_rules_on_delete": false,
            "tags": {
              "Environment": "Dev",
              "Name": "production-ecr-interface-endpoint-sg",
              "Project": "Global Bank Migration",
              "Terraform": "true"
            },
            "tags_all": {
              "Environment": "Dev",
              "Name": "production-ecr-interface-endpoint-sg",
              "Project": "Global Bank Migration",
              "Terraform": "true"
            },
            "timeouts": null,
            "vpc_id": "vpc-0761bef65cc2a8335"
          },
          "sensitive_attributes": [],
          "private": "eyJlMmJmYjczMC1lY2FhLTExZTYtOGY4OC0zNDM2M2JjN2M0YzAiOnsiY3JlYXRlIjo2MDAwMDAwMDAwMDAsImRlbGV0ZSI6OTAwMDAwMDAwMDAwfSwic2NoZW1hX3ZlcnNpb24iOiIxIn0=",
          "dependencies": [
            "module.vpcs.aws_vpc.main"
          ]
        }
      ]
    },
    {
      "module": "module.storage",
      "mode": "managed",
      "type": "aws_vpc_endpoint",
      "name": "ecr_api_endpoint",
      "provider": "provider[\"registry.terraform.io/hashicorp/aws\"]",
      "instances": [
        {
          "schema_version": 0,
          "attributes": {
            "arn": "arn:aws:ec2:eu-west-2:463470963000:vpc-endpoint/vpce-03d8b4ba6dad62f8e",
            "auto_accept": null,
            "cidr_blocks": [],
            "dns_entry": [
              {
                "dns_name": "vpce-03d8b4ba6dad62f8e-mtxlebx6.api.ecr.eu-west-2.vpce.amazonaws.com",
                "hosted_zone_id": "Z7K1066E3PUKB"
              },
              {
                "dns_name": "vpce-03d8b4ba6dad62f8e-mtxlebx6-eu-west-2b.api.ecr.eu-west-2.vpce.amazonaws.com",
                "hosted_zone_id": "Z7K1066E3PUKB"
              },
              {
                "dns_name": "vpce-03d8b4ba6dad62f8e-mtxlebx6-eu-west-2a.api.ecr.eu-west-2.vpce.amazonaws.com",
                "hosted_zone_id": "Z7K1066E3PUKB"
              }
            ],
            "dns_options": [
              {
                "dns_record_ip_type": "ipv4",
                "private_dns_only_for_inbound_resolver_endpoint": false
              }
            ],
            "id": "vpce-03d8b4ba6dad62f8e",
            "ip_address_type": "ipv4",
            "network_interface_ids": [
              "eni-018af98680cf4d683",
              "eni-03af9038b6f1d6e3f"
            ],
            "owner_id": "463470963000",
            "policy": "{\"Statement\":[{\"Action\":\"*\",\"Effect\":\"Allow\",\"Principal\":\"*\",\"Resource\":\"*\"}]}",
            "prefix_list_id": null,
            "private_dns_enabled": false,
            "requester_managed": false,
            "route_table_ids": [],
            "security_group_ids": [
              "sg-0df40b450d678a63a"
            ],
            "service_name": "com.amazonaws.eu-west-2.ecr.api",
            "state": "available",
            "subnet_configuration": [
              {
                "ipv4": "10.1.2.7",
                "ipv6": "",
                "subnet_id": "subnet-044eacaab33c9037c"
              },
              {
                "ipv4": "10.1.4.199",
                "ipv6": "",
                "subnet_id": "subnet-07dcf14a9ff36c65f"
              }
            ],
            "subnet_ids": [
              "subnet-044eacaab33c9037c",
              "subnet-07dcf14a9ff36c65f"
            ],
            "tags": null,
            "tags_all": {},
            "timeouts": null,
            "vpc_endpoint_type": "Interface",
            "vpc_id": "vpc-0761bef65cc2a8335"
          },
          "sensitive_attributes": [],
          "private": "eyJlMmJmYjczMC1lY2FhLTExZTYtOGY4OC0zNDM2M2JjN2M0YzAiOnsiY3JlYXRlIjo2MDAwMDAwMDAwMDAsImRlbGV0ZSI6NjAwMDAwMDAwMDAwLCJ1cGRhdGUiOjYwMDAwMDAwMDAwMH19",
          "dependencies": [
            "module.storage.aws_security_group.interface_endpoints_sg",
            "module.vpcs.aws_subnet.private",
            "module.vpcs.aws_vpc.main"
          ]
        }
      ]
    },
    {
      "module": "module.storage",
      "mode": "managed",
      "type": "aws_vpc_endpoint",
      "name": "ecr_dkr_endpoint",
      "provider": "provider[\"registry.terraform.io/hashicorp/aws\"]",
      "instances": [
        {
          "schema_version": 0,
          "attributes": {
            "arn": "arn:aws:ec2:eu-west-2:463470963000:vpc-endpoint/vpce-0de2aac603a27f46a",
            "auto_accept": null,
            "cidr_blocks": [],
            "dns_entry": [
              {
                "dns_name": "vpce-0de2aac603a27f46a-d3zfdot1.dkr.ecr.eu-west-2.vpce.amazonaws.com",
                "hosted_zone_id": "Z7K1066E3PUKB"
              },
              {
                "dns_name": "vpce-0de2aac603a27f46a-d3zfdot1-eu-west-2b.dkr.ecr.eu-west-2.vpce.amazonaws.com",
                "hosted_zone_id": "Z7K1066E3PUKB"
              },
              {
                "dns_name": "vpce-0de2aac603a27f46a-d3zfdot1-eu-west-2a.dkr.ecr.eu-west-2.vpce.amazonaws.com",
                "hosted_zone_id": "Z7K1066E3PUKB"
              }
            ],
            "dns_options": [
              {
                "dns_record_ip_type": "ipv4",
                "private_dns_only_for_inbound_resolver_endpoint": false
              }
            ],
            "id": "vpce-0de2aac603a27f46a",
            "ip_address_type": "ipv4",
            "network_interface_ids": [
              "eni-03da220afbf06aa46",
              "eni-08de27e796240d29c"
            ],
            "owner_id": "463470963000",
            "policy": "{\"Statement\":[{\"Action\":\"*\",\"Effect\":\"Allow\",\"Principal\":\"*\",\"Resource\":\"*\"}]}",
            "prefix_list_id": null,
            "private_dns_enabled": false,
            "requester_managed": false,
            "route_table_ids": [],
            "security_group_ids": [
              "sg-0df40b450d678a63a"
            ],
            "service_name": "com.amazonaws.eu-west-2.ecr.dkr",
            "state": "available",
            "subnet_configuration": [
              {
                "ipv4": "10.1.2.31",
                "ipv6": "",
                "subnet_id": "subnet-044eacaab33c9037c"
              },
              {
                "ipv4": "10.1.4.193",
                "ipv6": "",
                "subnet_id": "subnet-07dcf14a9ff36c65f"
              }
            ],
            "subnet_ids": [
              "subnet-044eacaab33c9037c",
              "subnet-07dcf14a9ff36c65f"
            ],
            "tags": null,
            "tags_all": {},
            "timeouts": null,
            "vpc_endpoint_type": "Interface",
            "vpc_id": "vpc-0761bef65cc2a8335"
          },
          "sensitive_attributes": [],
          "private": "eyJlMmJmYjczMC1lY2FhLTExZTYtOGY4OC0zNDM2M2JjN2M0YzAiOnsiY3JlYXRlIjo2MDAwMDAwMDAwMDAsImRlbGV0ZSI6NjAwMDAwMDAwMDAwLCJ1cGRhdGUiOjYwMDAwMDAwMDAwMH19",
          "dependencies": [
            "module.storage.aws_security_group.interface_endpoints_sg",
            "module.vpcs.aws_subnet.private",
            "module.vpcs.aws_vpc.main"
          ]
        }
      ]
    },
    {
      "module": "module.storage",
      "mode": "managed",
      "type": "aws_vpc_endpoint",
      "name": "interface_endpoints",
      "provider": "provider[\"registry.terraform.io/hashicorp/aws\"]",
      "instances": [
        {
          "index_key": "ecr",
          "schema_version": 0,
          "attributes": {
            "arn": "arn:aws:ec2:eu-west-2:463470963000:vpc-endpoint/vpce-03a3a978f6aa28453",
            "auto_accept": null,
            "cidr_blocks": [],
            "dns_entry": [
              {
                "dns_name": "vpce-03a3a978f6aa28453-v8mzpjak.dkr.ecr.eu-west-2.vpce.amazonaws.com",
                "hosted_zone_id": "Z7K1066E3PUKB"
              },
              {
                "dns_name": "vpce-03a3a978f6aa28453-v8mzpjak-eu-west-2a.dkr.ecr.eu-west-2.vpce.amazonaws.com",
                "hosted_zone_id": "Z7K1066E3PUKB"
              },
              {
                "dns_name": "vpce-03a3a978f6aa28453-v8mzpjak-eu-west-2b.dkr.ecr.eu-west-2.vpce.amazonaws.com",
                "hosted_zone_id": "Z7K1066E3PUKB"
              },
              {
                "dns_name": "dkr.ecr.eu-west-2.amazonaws.com",
                "hosted_zone_id": "Z04022664R7REH8BGX1S"
              },
              {
                "dns_name": "*.dkr.ecr.eu-west-2.amazonaws.com",
                "hosted_zone_id": "Z04022664R7REH8BGX1S"
              },
              {
                "dns_name": "dkr-ecr.eu-west-2.on.aws",
                "hosted_zone_id": "Z04045982QTAOZKR2GG89"
              },
              {
                "dns_name": "*.dkr-ecr.eu-west-2.on.aws",
                "hosted_zone_id": "Z04045982QTAOZKR2GG89"
              }
            ],
            "dns_options": [
              {
                "dns_record_ip_type": "ipv4",
                "private_dns_only_for_inbound_resolver_endpoint": false
              }
            ],
            "id": "vpce-03a3a978f6aa28453",
            "ip_address_type": "ipv4",
            "network_interface_ids": [
              "eni-02933a88e2fd3f9da",
              "eni-0d9cb23a44fd8a350"
            ],
            "owner_id": "463470963000",
            "policy": "{\"Statement\":[{\"Action\":\"*\",\"Effect\":\"Allow\",\"Principal\":\"*\",\"Resource\":\"*\"}]}",
            "prefix_list_id": null,
            "private_dns_enabled": true,
            "requester_managed": false,
            "route_table_ids": [],
            "security_group_ids": [
              "sg-0df40b450d678a63a"
            ],
            "service_name": "com.amazonaws.eu-west-2.ecr.dkr",
            "state": "available",
            "subnet_configuration": [
              {
                "ipv4": "10.1.2.201",
                "ipv6": "",
                "subnet_id": "subnet-044eacaab33c9037c"
              },
              {
                "ipv4": "10.1.4.129",
                "ipv6": "",
                "subnet_id": "subnet-07dcf14a9ff36c65f"
              }
            ],
            "subnet_ids": [
              "subnet-044eacaab33c9037c",
              "subnet-07dcf14a9ff36c65f"
            ],
            "tags": {
              "Environment": "Dev",
              "Name": "production-ecr-endpoint",
              "Project": "Global Bank Migration",
              "Terraform": "true"
            },
            "tags_all": {
              "Environment": "Dev",
              "Name": "production-ecr-endpoint",
              "Project": "Global Bank Migration",
              "Terraform": "true"
            },
            "timeouts": null,
            "vpc_endpoint_type": "Interface",
            "vpc_id": "vpc-0761bef65cc2a8335"
          },
          "sensitive_attributes": [],
          "private": "eyJlMmJmYjczMC1lY2FhLTExZTYtOGY4OC0zNDM2M2JjN2M0YzAiOnsiY3JlYXRlIjo2MDAwMDAwMDAwMDAsImRlbGV0ZSI6NjAwMDAwMDAwMDAwLCJ1cGRhdGUiOjYwMDAwMDAwMDAwMH19",
          "dependencies": [
            "module.storage.aws_security_group.interface_endpoints_sg",
            "module.vpcs.aws_subnet.private",
            "module.vpcs.aws_vpc.main"
          ]
        }
      ]
    },
    {
      "module": "module.vpcs[\"data\"]",
      "mode": "managed",
      "type": "aws_dx_gateway",
      "name": "main",
      "provider": "provider[\"registry.terraform.io/hashicorp/aws\"]",
      "instances": [
        {
          "schema_version": 0,
          "attributes": {
            "amazon_side_asn": "64512",
            "id": "271c6ae6-6994-48d6-8d8b-145df6f3ec42",
            "name": "main-dxgw",
            "owner_account_id": "463470963000",
            "timeouts": null
          },
          "sensitive_attributes": [],
          "private": "eyJlMmJmYjczMC1lY2FhLTExZTYtOGY4OC0zNDM2M2JjN2M0YzAiOnsiY3JlYXRlIjo2MDAwMDAwMDAwMDAsImRlbGV0ZSI6NjAwMDAwMDAwMDAwfX0="
        }
      ]
    },
    {
      "module": "module.vpcs[\"data\"]",
      "mode": "managed",
      "type": "aws_dx_gateway_association",
      "name": "main",
      "provider": "provider[\"registry.terraform.io/hashicorp/aws\"]",
      "instances": [
        {
          "schema_version": 1,
          "attributes": {
            "allowed_prefixes": [
              "192.132.0.0/16",
              "192.168.1.0/24"
            ],
            "associated_gateway_id": "tgw-04057019b89b535d3",
            "associated_gateway_owner_account_id": "463470963000",
            "associated_gateway_type": "transitGateway",
            "dx_gateway_association_id": "b1a7055c-570d-433b-813d-49030825499f",
            "dx_gateway_id": "271c6ae6-6994-48d6-8d8b-145df6f3ec42",
            "dx_gateway_owner_account_id": "463470963000",
            "id": "ga-271c6ae6-6994-48d6-8d8b-145df6f3ec42tgw-04057019b89b535d3",
            "proposal_id": null,
            "timeouts": null,
            "vpn_gateway_id": null
          },
          "sensitive_attributes": [],
          "private": "eyJlMmJmYjczMC1lY2FhLTExZTYtOGY4OC0zNDM2M2JjN2M0YzAiOnsiY3JlYXRlIjoxODAwMDAwMDAwMDAwLCJkZWxldGUiOjE4MDAwMDAwMDAwMDAsInVwZGF0ZSI6MTgwMDAwMDAwMDAwMH0sInNjaGVtYV92ZXJzaW9uIjoiMSJ9",
          "dependencies": [
            "aws_ec2_transit_gateway.main",
            "module.vpcs.aws_dx_gateway.main"
          ]
        }
      ]
    },
    {
      "module": "module.vpcs[\"data\"]",
      "mode": "managed",
      "type": "aws_ec2_transit_gateway_vpc_attachment",
      "name": "vpc_attachment",
      "provider": "provider[\"registry.terraform.io/hashicorp/aws\"]",
      "instances": [
        {
          "schema_version": 0,
          "attributes": {
            "appliance_mode_support": "disable",
            "dns_support": "enable",
            "id": "tgw-attach-0cb5bc3129fe9719f",
            "ipv6_support": "disable",
            "subnet_ids": [
              "subnet-04424fb7bef4428b3",
              "subnet-0592ffc3b3fd71ce2"
            ],
            "tags": {
              "Environment": "Dev",
              "Name": "data-tgw-attachment",
              "Project": "Global Bank Migration",
              "Terraform": "true"
            },
            "tags_all": {
              "Environment": "Dev",
              "Name": "data-tgw-attachment",
              "Project": "Global Bank Migration",
              "Terraform": "true"
            },
            "transit_gateway_default_route_table_association": true,
            "transit_gateway_default_route_table_propagation": true,
            "transit_gateway_id": "tgw-04057019b89b535d3",
            "vpc_id": "vpc-0984e356fe7b3dad1",
            "vpc_owner_id": "463470963000"
          },
          "sensitive_attributes": [],
          "private": "bnVsbA==",
          "dependencies": [
            "aws_ec2_transit_gateway.main",
            "module.vpcs.aws_subnet.private",
            "module.vpcs.aws_subnet.public",
            "module.vpcs.aws_vpc.main"
          ]
        }
      ]
    },
    {
      "module": "module.vpcs[\"data\"]",
      "mode": "managed",
      "type": "aws_eip",
      "name": "nat",
      "provider": "provider[\"registry.terraform.io/hashicorp/aws\"]",
      "instances": []
    },
    {
      "module": "module.vpcs[\"data\"]",
      "mode": "managed",
      "type": "aws_internet_gateway",
      "name": "igw",
      "provider": "provider[\"registry.terraform.io/hashicorp/aws\"]",
      "instances": []
    },
    {
      "module": "module.vpcs[\"data\"]",
      "mode": "managed",
      "type": "aws_nat_gateway",
      "name": "nat",
      "provider": "provider[\"registry.terraform.io/hashicorp/aws\"]",
      "instances": []
    },
    {
      "module": "module.vpcs[\"data\"]",
      "mode": "managed",
      "type": "aws_route_table",
      "name": "private_nat",
      "provider": "provider[\"registry.terraform.io/hashicorp/aws\"]",
      "instances": []
    },
    {
      "module": "module.vpcs[\"data\"]",
      "mode": "managed",
      "type": "aws_route_table",
      "name": "private_no_internet",
      "provider": "provider[\"registry.terraform.io/hashicorp/aws\"]",
      "instances": [
        {
          "index_key": 0,
          "schema_version": 0,
          "attributes": {
            "arn": "arn:aws:ec2:eu-west-2:463470963000:route-table/rtb-04b6d3540a09fe49f",
            "id": "rtb-04b6d3540a09fe49f",
            "owner_id": "463470963000",
            "propagating_vgws": [],
            "route": [
              {
                "carrier_gateway_id": "",
                "cidr_block": "10.0.0.0/8",
                "core_network_arn": "",
                "destination_prefix_list_id": "",
                "egress_only_gateway_id": "",
                "gateway_id": "",
                "ipv6_cidr_block": "",
                "local_gateway_id": "",
                "nat_gateway_id": "",
                "network_interface_id": "",
                "transit_gateway_id": "tgw-04057019b89b535d3",
                "vpc_endpoint_id": "",
                "vpc_peering_connection_id": ""
              },
              {
                "carrier_gateway_id": "",
                "cidr_block": "172.16.0.0/12",
                "core_network_arn": "",
                "destination_prefix_list_id": "",
                "egress_only_gateway_id": "",
                "gateway_id": "",
                "ipv6_cidr_block": "",
                "local_gateway_id": "",
                "nat_gateway_id": "",
                "network_interface_id": "",
                "transit_gateway_id": "tgw-04057019b89b535d3",
                "vpc_endpoint_id": "",
                "vpc_peering_connection_id": ""
              }
            ],
            "tags": {
              "Environment": "Dev",
              "Name": "data-private-no-internet",
              "Project": "Global Bank Migration",
              "Terraform": "true"
            },
            "tags_all": {
              "Environment": "Dev",
              "Name": "data-private-no-internet",
              "Project": "Global Bank Migration",
              "Terraform": "true"
            },
            "timeouts": null,
            "vpc_id": "vpc-0984e356fe7b3dad1"
          },
          "sensitive_attributes": [],
          "private": "eyJlMmJmYjczMC1lY2FhLTExZTYtOGY4OC0zNDM2M2JjN2M0YzAiOnsiY3JlYXRlIjozMDAwMDAwMDAwMDAsImRlbGV0ZSI6MzAwMDAwMDAwMDAwLCJ1cGRhdGUiOjEyMDAwMDAwMDAwMH19",
          "dependencies": [
            "aws_ec2_transit_gateway.main",
            "module.vpcs.aws_vpc.main"
          ]
        }
      ]
    },
    {
      "module": "module.vpcs[\"data\"]",
      "mode": "managed",
      "type": "aws_route_table",
      "name": "public",
      "provider": "provider[\"registry.terraform.io/hashicorp/aws\"]",
      "instances": []
    },
    {
      "module": "module.vpcs[\"data\"]",
      "mode": "managed",
      "type": "aws_route_table_association",
      "name": "private",
      "provider": "provider[\"registry.terraform.io/hashicorp/aws\"]",
      "instances": [
        {
          "index_key": "10.2.1.0/24",
          "schema_version": 0,
          "attributes": {
            "gateway_id": "",
            "id": "rtbassoc-0461a469e3bacb965",
            "route_table_id": "rtb-04b6d3540a09fe49f",
            "subnet_id": "subnet-0592ffc3b3fd71ce2",
            "timeouts": null
          },
          "sensitive_attributes": [],
          "private": "eyJlMmJmYjczMC1lY2FhLTExZTYtOGY4OC0zNDM2M2JjN2M0YzAiOnsiY3JlYXRlIjozMDAwMDAwMDAwMDAsImRlbGV0ZSI6MzAwMDAwMDAwMDAwLCJ1cGRhdGUiOjEyMDAwMDAwMDAwMH19",
          "dependencies": [
            "aws_ec2_transit_gateway.main",
            "module.vpcs.aws_eip.nat",
            "module.vpcs.aws_nat_gateway.nat",
            "module.vpcs.aws_route_table.private_nat",
            "module.vpcs.aws_route_table.private_no_internet",
            "module.vpcs.aws_subnet.private",
            "module.vpcs.aws_subnet.public",
            "module.vpcs.aws_vpc.main"
          ]
        },
        {
          "index_key": "10.2.2.0/24",
          "schema_version": 0,
          "attributes": {
            "gateway_id": "",
            "id": "rtbassoc-0b598b4f009b8a111",
            "route_table_id": "rtb-04b6d3540a09fe49f",
            "subnet_id": "subnet-04424fb7bef4428b3",
            "timeouts": null
          },
          "sensitive_attributes": [],
          "private": "eyJlMmJmYjczMC1lY2FhLTExZTYtOGY4OC0zNDM2M2JjN2M0YzAiOnsiY3JlYXRlIjozMDAwMDAwMDAwMDAsImRlbGV0ZSI6MzAwMDAwMDAwMDAwLCJ1cGRhdGUiOjEyMDAwMDAwMDAwMH19",
          "dependencies": [
            "aws_ec2_transit_gateway.main",
            "module.vpcs.aws_eip.nat",
            "module.vpcs.aws_nat_gateway.nat",
            "module.vpcs.aws_route_table.private_nat",
            "module.vpcs.aws_route_table.private_no_internet",
            "module.vpcs.aws_subnet.private",
            "module.vpcs.aws_subnet.public",
            "module.vpcs.aws_vpc.main"
          ]
        }
      ]
    },
    {
      "module": "module.vpcs[\"data\"]",
      "mode": "managed",
      "type": "aws_security_group",
      "name": "data_db",
      "provider": "provider[\"registry.terraform.io/hashicorp/aws\"]",
      "instances": [
        {
          "index_key": 0,
          "schema_version": 1,
          "attributes": {
            "arn": "arn:aws:ec2:eu-west-2:463470963000:security-group/sg-0118c69b7c215cc31",
            "description": "Managed by Terraform",
            "egress": [],
            "id": "sg-0118c69b7c215cc31",
            "ingress": [
              {
                "cidr_blocks": [
                  "10.1.0.0/16"
                ],
                "description": "",
                "from_port": 5432,
                "ipv6_cidr_blocks": [],
                "prefix_list_ids": [],
                "protocol": "tcp",
                "security_groups": [],
                "self": false,
                "to_port": 5432
              }
            ],
            "name": "data-db-sg",
            "name_prefix": "",
            "owner_id": "463470963000",
            "revoke_rules_on_delete": false,
            "tags": {
              "Environment": "Dev",
              "Name": "data-db-sg",
              "Project": "Global Bank Migration",
              "Terraform": "true"
            },
            "tags_all": {
              "Environment": "Dev",
              "Name": "data-db-sg",
              "Project": "Global Bank Migration",
              "Terraform": "true"
            },
            "timeouts": null,
            "vpc_id": "vpc-0984e356fe7b3dad1"
          },
          "sensitive_attributes": [],
          "private": "eyJlMmJmYjczMC1lY2FhLTExZTYtOGY4OC0zNDM2M2JjN2M0YzAiOnsiY3JlYXRlIjo2MDAwMDAwMDAwMDAsImRlbGV0ZSI6OTAwMDAwMDAwMDAwfSwic2NoZW1hX3ZlcnNpb24iOiIxIn0=",
          "dependencies": [
            "module.vpcs.aws_vpc.main"
          ]
        }
      ]
    },
    {
      "module": "module.vpcs[\"data\"]",
      "mode": "managed",
      "type": "aws_security_group",
      "name": "mgmt_admin",
      "provider": "provider[\"registry.terraform.io/hashicorp/aws\"]",
      "instances": []
    },
    {
      "module": "module.vpcs[\"data\"]",
      "mode": "managed",
      "type": "aws_security_group",
      "name": "mgmt_bastion",
      "provider": "provider[\"registry.terraform.io/hashicorp/aws\"]",
      "instances": []
    },
    {
      "module": "module.vpcs[\"data\"]",
      "mode": "managed",
      "type": "aws_security_group",
      "name": "prod_app",
      "provider": "provider[\"registry.terraform.io/hashicorp/aws\"]",
      "instances": []
    },
    {
      "module": "module.vpcs[\"data\"]",
      "mode": "managed",
      "type": "aws_security_group",
      "name": "prod_web",
      "provider": "provider[\"registry.terraform.io/hashicorp/aws\"]",
      "instances": []
    },
    {
      "module": "module.vpcs[\"data\"]",
      "mode": "managed",
      "type": "aws_security_group",
      "name": "sec_logging",
      "provider": "provider[\"registry.terraform.io/hashicorp/aws\"]",
      "instances": []
    },
    {
      "module": "module.vpcs[\"data\"]",
      "mode": "managed",
      "type": "aws_security_group",
      "name": "sec_monitoring",
      "provider": "provider[\"registry.terraform.io/hashicorp/aws\"]",
      "instances": []
    },
    {
      "module": "module.vpcs[\"data\"]",
      "mode": "managed",
      "type": "aws_subnet",
      "name": "private",
      "provider": "provider[\"registry.terraform.io/hashicorp/aws\"]",
      "instances": [
        {
          "index_key": "10.2.1.0/24",
          "schema_version": 1,
          "attributes": {
            "arn": "arn:aws:ec2:eu-west-2:463470963000:subnet/subnet-0592ffc3b3fd71ce2",
            "assign_ipv6_address_on_creation": false,
            "availability_zone": "eu-west-2a",
            "availability_zone_id": "euw2-az2",
            "cidr_block": "10.2.1.0/24",
            "customer_owned_ipv4_pool": "",
            "enable_dns64": false,
            "enable_lni_at_device_index": 0,
            "enable_resource_name_dns_a_record_on_launch": false,
            "enable_resource_name_dns_aaaa_record_on_launch": false,
            "id": "subnet-0592ffc3b3fd71ce2",
            "ipv6_cidr_block": "",
            "ipv6_cidr_block_association_id": "",
            "ipv6_native": false,
            "map_customer_owned_ip_on_launch": false,
            "map_public_ip_on_launch": false,
            "outpost_arn": "",
            "owner_id": "463470963000",
            "private_dns_hostname_type_on_launch": "ip-name",
            "tags": {
              "Environment": "Dev",
              "Name": "data-private-10.2.1.0/24",
              "Project": "Global Bank Migration",
              "Terraform": "true"
            },
            "tags_all": {
              "Environment": "Dev",
              "Name": "data-private-10.2.1.0/24",
              "Project": "Global Bank Migration",
              "Terraform": "true"
            },
            "timeouts": null,
            "vpc_id": "vpc-0984e356fe7b3dad1"
          },
          "sensitive_attributes": [],
          "private": "eyJlMmJmYjczMC1lY2FhLTExZTYtOGY4OC0zNDM2M2JjN2M0YzAiOnsiY3JlYXRlIjo2MDAwMDAwMDAwMDAsImRlbGV0ZSI6MTIwMDAwMDAwMDAwMH0sInNjaGVtYV92ZXJzaW9uIjoiMSJ9",
          "dependencies": [
            "module.vpcs.aws_vpc.main"
          ],
          "create_before_destroy": true
        },
        {
          "index_key": "10.2.2.0/24",
          "schema_version": 1,
          "attributes": {
            "arn": "arn:aws:ec2:eu-west-2:463470963000:subnet/subnet-04424fb7bef4428b3",
            "assign_ipv6_address_on_creation": false,
            "availability_zone": "eu-west-2b",
            "availability_zone_id": "euw2-az3",
            "cidr_block": "10.2.2.0/24",
            "customer_owned_ipv4_pool": "",
            "enable_dns64": false,
            "enable_lni_at_device_index": 0,
            "enable_resource_name_dns_a_record_on_launch": false,
            "enable_resource_name_dns_aaaa_record_on_launch": false,
            "id": "subnet-04424fb7bef4428b3",
            "ipv6_cidr_block": "",
            "ipv6_cidr_block_association_id": "",
            "ipv6_native": false,
            "map_customer_owned_ip_on_launch": false,
            "map_public_ip_on_launch": false,
            "outpost_arn": "",
            "owner_id": "463470963000",
            "private_dns_hostname_type_on_launch": "ip-name",
            "tags": {
              "Environment": "Dev",
              "Name": "data-private-10.2.2.0/24",
              "Project": "Global Bank Migration",
              "Terraform": "true"
            },
            "tags_all": {
              "Environment": "Dev",
              "Name": "data-private-10.2.2.0/24",
              "Project": "Global Bank Migration",
              "Terraform": "true"
            },
            "timeouts": null,
            "vpc_id": "vpc-0984e356fe7b3dad1"
          },
          "sensitive_attributes": [],
          "private": "eyJlMmJmYjczMC1lY2FhLTExZTYtOGY4OC0zNDM2M2JjN2M0YzAiOnsiY3JlYXRlIjo2MDAwMDAwMDAwMDAsImRlbGV0ZSI6MTIwMDAwMDAwMDAwMH0sInNjaGVtYV92ZXJzaW9uIjoiMSJ9",
          "dependencies": [
            "module.vpcs.aws_vpc.main"
          ],
          "create_before_destroy": true
        }
      ]
    },
    {
      "module": "module.vpcs[\"data\"]",
      "mode": "managed",
      "type": "aws_subnet",
      "name": "public",
      "provider": "provider[\"registry.terraform.io/hashicorp/aws\"]",
      "instances": []
    },
    {
      "module": "module.vpcs[\"data\"]",
      "mode": "managed",
      "type": "aws_vpc",
      "name": "main",
      "provider": "provider[\"registry.terraform.io/hashicorp/aws\"]",
      "instances": [
        {
          "schema_version": 1,
          "attributes": {
            "arn": "arn:aws:ec2:eu-west-2:463470963000:vpc/vpc-0984e356fe7b3dad1",
            "assign_generated_ipv6_cidr_block": false,
            "cidr_block": "10.2.0.0/16",
            "default_network_acl_id": "acl-08e3f452e26dc4ced",
            "default_route_table_id": "rtb-0290ea014b67fc967",
            "default_security_group_id": "sg-06c30c9e172a77694",
            "dhcp_options_id": "dopt-0ff17d7f379be5815",
            "enable_dns_hostnames": true,
            "enable_dns_support": true,
            "enable_network_address_usage_metrics": false,
            "id": "vpc-0984e356fe7b3dad1",
            "instance_tenancy": "default",
            "ipv4_ipam_pool_id": null,
            "ipv4_netmask_length": null,
            "ipv6_association_id": "",
            "ipv6_cidr_block": "",
            "ipv6_cidr_block_network_border_group": "",
            "ipv6_ipam_pool_id": "",
            "ipv6_netmask_length": 0,
            "main_route_table_id": "rtb-0290ea014b67fc967",
            "owner_id": "463470963000",
            "tags": {
              "Environment": "Dev",
              "Project": "Global Bank Migration",
              "Terraform": "true"
            },
            "tags_all": {
              "Environment": "Dev",
              "Project": "Global Bank Migration",
              "Terraform": "true"
            }
          },
          "sensitive_attributes": [],
          "private": "eyJzY2hlbWFfdmVyc2lvbiI6IjEifQ==",
          "create_before_destroy": true
        }
      ]
    },
    {
      "module": "module.vpcs[\"data\"]",
      "mode": "managed",
      "type": "aws_vpc_endpoint",
      "name": "dynamodb",
      "provider": "provider[\"registry.terraform.io/hashicorp/aws\"]",
      "instances": [
        {
          "index_key": 0,
          "schema_version": 0,
          "attributes": {
            "arn": "arn:aws:ec2:eu-west-2:463470963000:vpc-endpoint/vpce-0089a0910ff703cb0",
            "auto_accept": null,
            "cidr_blocks": [
              "35.71.111.0/25",
              "52.94.15.0/24",
              "35.71.111.128/26"
            ],
            "dns_entry": [],
            "dns_options": [],
            "id": "vpce-0089a0910ff703cb0",
            "ip_address_type": "",
            "network_interface_ids": [],
            "owner_id": "463470963000",
            "policy": "{\"Statement\":[{\"Action\":\"*\",\"Effect\":\"Allow\",\"Principal\":\"*\",\"Resource\":\"*\"}],\"Version\":\"2008-10-17\"}",
            "prefix_list_id": "pl-b3a742da",
            "private_dns_enabled": false,
            "requester_managed": false,
            "route_table_ids": [],
            "security_group_ids": [],
            "service_name": "com.amazonaws.eu-west-2.dynamodb",
            "state": "available",
            "subnet_configuration": [],
            "subnet_ids": [],
            "tags": {
              "Environment": "Dev",
              "Name": "data-dynamodb-endpoint",
              "Project": "Global Bank Migration",
              "Terraform": "true"
            },
            "tags_all": {
              "Environment": "Dev",
              "Name": "data-dynamodb-endpoint",
              "Project": "Global Bank Migration",
              "Terraform": "true"
            },
            "timeouts": null,
            "vpc_endpoint_type": "Gateway",
            "vpc_id": "vpc-0984e356fe7b3dad1"
          },
          "sensitive_attributes": [],
          "private": "eyJlMmJmYjczMC1lY2FhLTExZTYtOGY4OC0zNDM2M2JjN2M0YzAiOnsiY3JlYXRlIjo2MDAwMDAwMDAwMDAsImRlbGV0ZSI6NjAwMDAwMDAwMDAwLCJ1cGRhdGUiOjYwMDAwMDAwMDAwMH19",
          "dependencies": [
            "module.vpcs.aws_vpc.main"
          ]
        }
      ]
    },
    {
      "module": "module.vpcs[\"data\"]",
      "mode": "managed",
      "type": "aws_vpc_endpoint",
      "name": "s3",
      "provider": "provider[\"registry.terraform.io/hashicorp/aws\"]",
      "instances": [
        {
          "index_key": 0,
          "schema_version": 0,
          "attributes": {
            "arn": "arn:aws:ec2:eu-west-2:463470963000:vpc-endpoint/vpce-0beea1d733604c91f",
            "auto_accept": null,
            "cidr_blocks": [
              "52.95.150.0/24",
              "52.95.191.0/24",
              "52.95.142.0/23",
              "16.12.16.0/23",
              "3.5.244.0/22",
              "52.219.219.0/24",
              "52.95.144.0/24",
              "52.95.148.0/23",
              "16.12.15.0/24"
            ],
            "dns_entry": [],
            "dns_options": [],
            "id": "vpce-0beea1d733604c91f",
            "ip_address_type": "",
            "network_interface_ids": [],
            "owner_id": "463470963000",
            "policy": "{\"Statement\":[{\"Action\":\"*\",\"Effect\":\"Allow\",\"Principal\":\"*\",\"Resource\":\"*\"}],\"Version\":\"2008-10-17\"}",
            "prefix_list_id": "pl-7ca54015",
            "private_dns_enabled": false,
            "requester_managed": false,
            "route_table_ids": [],
            "security_group_ids": [],
            "service_name": "com.amazonaws.eu-west-2.s3",
            "state": "available",
            "subnet_configuration": [],
            "subnet_ids": [],
            "tags": {
              "Environment": "Dev",
              "Name": "data-s3-endpoint",
              "Project": "Global Bank Migration",
              "Terraform": "true"
            },
            "tags_all": {
              "Environment": "Dev",
              "Name": "data-s3-endpoint",
              "Project": "Global Bank Migration",
              "Terraform": "true"
            },
            "timeouts": null,
            "vpc_endpoint_type": "Gateway",
            "vpc_id": "vpc-0984e356fe7b3dad1"
          },
          "sensitive_attributes": [],
          "private": "eyJlMmJmYjczMC1lY2FhLTExZTYtOGY4OC0zNDM2M2JjN2M0YzAiOnsiY3JlYXRlIjo2MDAwMDAwMDAwMDAsImRlbGV0ZSI6NjAwMDAwMDAwMDAwLCJ1cGRhdGUiOjYwMDAwMDAwMDAwMH19",
          "dependencies": [
            "module.vpcs.aws_vpc.main"
          ]
        }
      ]
    },
    {
      "module": "module.vpcs[\"management\"]",
      "mode": "managed",
      "type": "aws_dx_gateway",
      "name": "main",
      "provider": "provider[\"registry.terraform.io/hashicorp/aws\"]",
      "instances": [
        {
          "schema_version": 0,
          "attributes": {
            "amazon_side_asn": "64512",
            "id": "5d480f19-b009-446d-af0a-43b08fbc078e",
            "name": "main-dxgw",
            "owner_account_id": "463470963000",
            "timeouts": null
          },
          "sensitive_attributes": [],
          "private": "eyJlMmJmYjczMC1lY2FhLTExZTYtOGY4OC0zNDM2M2JjN2M0YzAiOnsiY3JlYXRlIjo2MDAwMDAwMDAwMDAsImRlbGV0ZSI6NjAwMDAwMDAwMDAwfX0="
        }
      ]
    },
    {
      "module": "module.vpcs[\"management\"]",
      "mode": "managed",
      "type": "aws_dx_gateway_association",
      "name": "main",
      "provider": "provider[\"registry.terraform.io/hashicorp/aws\"]",
      "instances": [
        {
          "schema_version": 1,
          "attributes": {
            "allowed_prefixes": [
              "192.132.0.0/16",
              "192.168.1.0/24"
            ],
            "associated_gateway_id": "tgw-04057019b89b535d3",
            "associated_gateway_owner_account_id": "463470963000",
            "associated_gateway_type": "transitGateway",
            "dx_gateway_association_id": "b7003ffb-da11-41fd-83c4-13e2852e21f6",
            "dx_gateway_id": "5d480f19-b009-446d-af0a-43b08fbc078e",
            "dx_gateway_owner_account_id": "463470963000",
            "id": "ga-5d480f19-b009-446d-af0a-43b08fbc078etgw-04057019b89b535d3",
            "proposal_id": null,
            "timeouts": null,
            "vpn_gateway_id": null
          },
          "sensitive_attributes": [],
          "private": "eyJlMmJmYjczMC1lY2FhLTExZTYtOGY4OC0zNDM2M2JjN2M0YzAiOnsiY3JlYXRlIjoxODAwMDAwMDAwMDAwLCJkZWxldGUiOjE4MDAwMDAwMDAwMDAsInVwZGF0ZSI6MTgwMDAwMDAwMDAwMH0sInNjaGVtYV92ZXJzaW9uIjoiMSJ9",
          "dependencies": [
            "aws_ec2_transit_gateway.main",
            "module.vpcs.aws_dx_gateway.main"
          ]
        }
      ]
    },
    {
      "module": "module.vpcs[\"management\"]",
      "mode": "managed",
      "type": "aws_ec2_transit_gateway_vpc_attachment",
      "name": "vpc_attachment",
      "provider": "provider[\"registry.terraform.io/hashicorp/aws\"]",
      "instances": [
        {
          "schema_version": 0,
          "attributes": {
            "appliance_mode_support": "disable",
            "dns_support": "enable",
            "id": "tgw-attach-07f239d64d1d6ad7b",
            "ipv6_support": "disable",
            "subnet_ids": [
              "subnet-03c81cfc96f31a7eb",
              "subnet-03dbfa0feb15915ac"
            ],
            "tags": {
              "Environment": "Dev",
              "Name": "management-tgw-attachment",
              "Project": "Global Bank Migration",
              "Terraform": "true"
            },
            "tags_all": {
              "Environment": "Dev",
              "Name": "management-tgw-attachment",
              "Project": "Global Bank Migration",
              "Terraform": "true"
            },
            "transit_gateway_default_route_table_association": true,
            "transit_gateway_default_route_table_propagation": true,
            "transit_gateway_id": "tgw-04057019b89b535d3",
            "vpc_id": "vpc-0de9e1300615f699e",
            "vpc_owner_id": "463470963000"
          },
          "sensitive_attributes": [],
          "private": "bnVsbA==",
          "dependencies": [
            "aws_ec2_transit_gateway.main",
            "module.vpcs.aws_subnet.private",
            "module.vpcs.aws_subnet.public",
            "module.vpcs.aws_vpc.main"
          ]
        }
      ]
    },
    {
      "module": "module.vpcs[\"management\"]",
      "mode": "managed",
      "type": "aws_eip",
      "name": "nat",
      "provider": "provider[\"registry.terraform.io/hashicorp/aws\"]",
      "instances": []
    },
    {
      "module": "module.vpcs[\"management\"]",
      "mode": "managed",
      "type": "aws_internet_gateway",
      "name": "igw",
      "provider": "provider[\"registry.terraform.io/hashicorp/aws\"]",
      "instances": [
        {
          "index_key": 0,
          "schema_version": 0,
          "attributes": {
            "arn": "arn:aws:ec2:eu-west-2:463470963000:internet-gateway/igw-0d848b89ad26365a6",
            "id": "igw-0d848b89ad26365a6",
            "owner_id": "463470963000",
            "tags": {
              "Environment": "Dev",
              "Name": "management-igw",
              "Project": "Global Bank Migration",
              "Terraform": "true"
            },
            "tags_all": {
              "Environment": "Dev",
              "Name": "management-igw",
              "Project": "Global Bank Migration",
              "Terraform": "true"
            },
            "timeouts": null,
            "vpc_id": "vpc-0de9e1300615f699e"
          },
          "sensitive_attributes": [],
          "private": "eyJlMmJmYjczMC1lY2FhLTExZTYtOGY4OC0zNDM2M2JjN2M0YzAiOnsiY3JlYXRlIjoxMjAwMDAwMDAwMDAwLCJkZWxldGUiOjEyMDAwMDAwMDAwMDAsInVwZGF0ZSI6MTIwMDAwMDAwMDAwMH19",
          "dependencies": [
            "module.vpcs.aws_vpc.main"
          ]
        }
      ]
    },
    {
      "module": "module.vpcs[\"management\"]",
      "mode": "managed",
      "type": "aws_nat_gateway",
      "name": "nat",
      "provider": "provider[\"registry.terraform.io/hashicorp/aws\"]",
      "instances": []
    },
    {
      "module": "module.vpcs[\"management\"]",
      "mode": "managed",
      "type": "aws_route_table",
      "name": "private_nat",
      "provider": "provider[\"registry.terraform.io/hashicorp/aws\"]",
      "instances": []
    },
    {
      "module": "module.vpcs[\"management\"]",
      "mode": "managed",
      "type": "aws_route_table",
      "name": "private_no_internet",
      "provider": "provider[\"registry.terraform.io/hashicorp/aws\"]",
      "instances": []
    },
    {
      "module": "module.vpcs[\"management\"]",
      "mode": "managed",
      "type": "aws_route_table",
      "name": "public",
      "provider": "provider[\"registry.terraform.io/hashicorp/aws\"]",
      "instances": [
        {
          "index_key": "10.3.1.0/24",
          "status": "tainted",
          "schema_version": 0,
          "attributes": {
            "arn": null,
            "id": "rtb-075bbe4eca912e9f4",
            "owner_id": null,
            "propagating_vgws": [],
            "route": [
              {
                "carrier_gateway_id": "",
                "cidr_block": "0.0.0.0/0",
                "core_network_arn": "",
                "destination_prefix_list_id": "",
                "egress_only_gateway_id": "",
                "gateway_id": "igw-0d848b89ad26365a6",
                "ipv6_cidr_block": "",
                "local_gateway_id": "",
                "nat_gateway_id": "",
                "network_interface_id": "",
                "transit_gateway_id": "",
                "vpc_endpoint_id": "",
                "vpc_peering_connection_id": ""
              },
              {
                "carrier_gateway_id": "",
                "cidr_block": "10.0.0.0/8",
                "core_network_arn": "",
                "destination_prefix_list_id": "",
                "egress_only_gateway_id": "",
                "gateway_id": "",
                "ipv6_cidr_block": "",
                "local_gateway_id": "",
                "nat_gateway_id": "",
                "network_interface_id": "",
                "transit_gateway_id": "tgw-04057019b89b535d3",
                "vpc_endpoint_id": "",
                "vpc_peering_connection_id": ""
              }
            ],
            "tags": {
              "Environment": "Dev",
              "Name": "management-public-10.3.1.0/24",
              "Project": "Global Bank Migration",
              "Terraform": "true"
            },
            "tags_all": {
              "Environment": "Dev",
              "Name": "management-public-10.3.1.0/24",
              "Project": "Global Bank Migration",
              "Terraform": "true"
            },
            "timeouts": null,
            "vpc_id": "vpc-0de9e1300615f699e"
          },
          "sensitive_attributes": [],
          "private": "eyJlMmJmYjczMC1lY2FhLTExZTYtOGY4OC0zNDM2M2JjN2M0YzAiOnsiY3JlYXRlIjozMDAwMDAwMDAwMDAsImRlbGV0ZSI6MzAwMDAwMDAwMDAwLCJ1cGRhdGUiOjEyMDAwMDAwMDAwMH19",
          "dependencies": [
            "aws_ec2_transit_gateway.main",
            "module.vpcs.aws_internet_gateway.igw",
            "module.vpcs.aws_vpc.main"
          ]
        },
        {
          "index_key": "10.3.3.0/24",
          "status": "tainted",
          "schema_version": 0,
          "attributes": {
            "arn": null,
            "id": "rtb-0924f0cf9c2ac803a",
            "owner_id": null,
            "propagating_vgws": [],
            "route": [
              {
                "carrier_gateway_id": "",
                "cidr_block": "0.0.0.0/0",
                "core_network_arn": "",
                "destination_prefix_list_id": "",
                "egress_only_gateway_id": "",
                "gateway_id": "igw-0d848b89ad26365a6",
                "ipv6_cidr_block": "",
                "local_gateway_id": "",
                "nat_gateway_id": "",
                "network_interface_id": "",
                "transit_gateway_id": "",
                "vpc_endpoint_id": "",
                "vpc_peering_connection_id": ""
              },
              {
                "carrier_gateway_id": "",
                "cidr_block": "10.0.0.0/8",
                "core_network_arn": "",
                "destination_prefix_list_id": "",
                "egress_only_gateway_id": "",
                "gateway_id": "",
                "ipv6_cidr_block": "",
                "local_gateway_id": "",
                "nat_gateway_id": "",
                "network_interface_id": "",
                "transit_gateway_id": "tgw-04057019b89b535d3",
                "vpc_endpoint_id": "",
                "vpc_peering_connection_id": ""
              }
            ],
            "tags": {
              "Environment": "Dev",
              "Name": "management-public-10.3.3.0/24",
              "Project": "Global Bank Migration",
              "Terraform": "true"
            },
            "tags_all": {
              "Environment": "Dev",
              "Name": "management-public-10.3.3.0/24",
              "Project": "Global Bank Migration",
              "Terraform": "true"
            },
            "timeouts": null,
            "vpc_id": "vpc-0de9e1300615f699e"
          },
          "sensitive_attributes": [],
          "private": "eyJlMmJmYjczMC1lY2FhLTExZTYtOGY4OC0zNDM2M2JjN2M0YzAiOnsiY3JlYXRlIjozMDAwMDAwMDAwMDAsImRlbGV0ZSI6MzAwMDAwMDAwMDAwLCJ1cGRhdGUiOjEyMDAwMDAwMDAwMH19",
          "dependencies": [
            "aws_ec2_transit_gateway.main",
            "module.vpcs.aws_internet_gateway.igw",
            "module.vpcs.aws_vpc.main"
          ]
        }
      ]
    },
    {
      "module": "module.vpcs[\"management\"]",
      "mode": "managed",
      "type": "aws_route_table_association",
      "name": "private",
      "provider": "provider[\"registry.terraform.io/hashicorp/aws\"]",
      "instances": []
    },
    {
      "module": "module.vpcs[\"management\"]",
      "mode": "managed",
      "type": "aws_security_group",
      "name": "data_db",
      "provider": "provider[\"registry.terraform.io/hashicorp/aws\"]",
      "instances": []
    },
    {
      "module": "module.vpcs[\"management\"]",
      "mode": "managed",
      "type": "aws_security_group",
      "name": "mgmt_admin",
      "provider": "provider[\"registry.terraform.io/hashicorp/aws\"]",
      "instances": [
        {
          "index_key": 0,
          "schema_version": 1,
          "attributes": {
            "arn": "arn:aws:ec2:eu-west-2:463470963000:security-group/sg-049025168296d1c13",
            "description": "Managed by Terraform",
            "egress": [],
            "id": "sg-049025168296d1c13",
            "ingress": [
              {
                "cidr_blocks": [],
                "description": "",
                "from_port": 22,
                "ipv6_cidr_blocks": [],
                "prefix_list_ids": [],
                "protocol": "tcp",
                "security_groups": [
                  "sg-0aef9eb4e58fb9f9a"
                ],
                "self": false,
                "to_port": 22
              }
            ],
            "name": "management-admin-sg",
            "name_prefix": "",
            "owner_id": "463470963000",
            "revoke_rules_on_delete": false,
            "tags": {
              "Environment": "Dev",
              "Name": "management-admin-sg",
              "Project": "Global Bank Migration",
              "Terraform": "true"
            },
            "tags_all": {
              "Environment": "Dev",
              "Name": "management-admin-sg",
              "Project": "Global Bank Migration",
              "Terraform": "true"
            },
            "timeouts": null,
            "vpc_id": "vpc-0de9e1300615f699e"
          },
          "sensitive_attributes": [],
          "private": "eyJlMmJmYjczMC1lY2FhLTExZTYtOGY4OC0zNDM2M2JjN2M0YzAiOnsiY3JlYXRlIjo2MDAwMDAwMDAwMDAsImRlbGV0ZSI6OTAwMDAwMDAwMDAwfSwic2NoZW1hX3ZlcnNpb24iOiIxIn0=",
          "dependencies": [
            "module.vpcs.aws_security_group.mgmt_bastion",
            "module.vpcs.aws_vpc.main"
          ]
        }
      ]
    },
    {
      "module": "module.vpcs[\"management\"]",
      "mode": "managed",
      "type": "aws_security_group",
      "name": "mgmt_bastion",
      "provider": "provider[\"registry.terraform.io/hashicorp/aws\"]",
      "instances": [
        {
          "index_key": 0,
          "schema_version": 1,
          "attributes": {
            "arn": "arn:aws:ec2:eu-west-2:463470963000:security-group/sg-0aef9eb4e58fb9f9a",
            "description": "Managed by Terraform",
            "egress": [
              {
                "cidr_blocks": [
                  "0.0.0.0/0"
                ],
                "description": "",
                "from_port": 0,
                "ipv6_cidr_blocks": [],
                "prefix_list_ids": [],
                "protocol": "-1",
                "security_groups": [],
                "self": false,
                "to_port": 0
              }
            ],
            "id": "sg-0aef9eb4e58fb9f9a",
            "ingress": [
              {
                "cidr_blocks": [
                  "89.242.83.136/32"
                ],
                "description": "",
                "from_port": 22,
                "ipv6_cidr_blocks": [],
                "prefix_list_ids": [],
                "protocol": "tcp",
                "security_groups": [],
                "self": false,
                "to_port": 22
              }
            ],
            "name": "management-bastion-sg",
            "name_prefix": "",
            "owner_id": "463470963000",
            "revoke_rules_on_delete": false,
            "tags": {
              "Environment": "Dev",
              "Name": "management-bastion-sg",
              "Project": "Global Bank Migration",
              "Terraform": "true"
            },
            "tags_all": {
              "Environment": "Dev",
              "Name": "management-bastion-sg",
              "Project": "Global Bank Migration",
              "Terraform": "true"
            },
            "timeouts": null,
            "vpc_id": "vpc-0de9e1300615f699e"
          },
          "sensitive_attributes": [],
          "private": "eyJlMmJmYjczMC1lY2FhLTExZTYtOGY4OC0zNDM2M2JjN2M0YzAiOnsiY3JlYXRlIjo2MDAwMDAwMDAwMDAsImRlbGV0ZSI6OTAwMDAwMDAwMDAwfSwic2NoZW1hX3ZlcnNpb24iOiIxIn0=",
          "dependencies": [
            "module.vpcs.aws_vpc.main"
          ]
        }
      ]
    },
    {
      "module": "module.vpcs[\"management\"]",
      "mode": "managed",
      "type": "aws_security_group",
      "name": "prod_app",
      "provider": "provider[\"registry.terraform.io/hashicorp/aws\"]",
      "instances": []
    },
    {
      "module": "module.vpcs[\"management\"]",
      "mode": "managed",
      "type": "aws_security_group",
      "name": "prod_web",
      "provider": "provider[\"registry.terraform.io/hashicorp/aws\"]",
      "instances": []
    },
    {
      "module": "module.vpcs[\"management\"]",
      "mode": "managed",
      "type": "aws_security_group",
      "name": "sec_logging",
      "provider": "provider[\"registry.terraform.io/hashicorp/aws\"]",
      "instances": []
    },
    {
      "module": "module.vpcs[\"management\"]",
      "mode": "managed",
      "type": "aws_security_group",
      "name": "sec_monitoring",
      "provider": "provider[\"registry.terraform.io/hashicorp/aws\"]",
      "instances": []
    },
    {
      "module": "module.vpcs[\"management\"]",
      "mode": "managed",
      "type": "aws_subnet",
      "name": "private",
      "provider": "provider[\"registry.terraform.io/hashicorp/aws\"]",
      "instances": []
    },
    {
      "module": "module.vpcs[\"management\"]",
      "mode": "managed",
      "type": "aws_subnet",
      "name": "public",
      "provider": "provider[\"registry.terraform.io/hashicorp/aws\"]",
      "instances": [
        {
          "index_key": "10.3.1.0/24",
          "schema_version": 1,
          "attributes": {
            "arn": "arn:aws:ec2:eu-west-2:463470963000:subnet/subnet-03c81cfc96f31a7eb",
            "assign_ipv6_address_on_creation": false,
            "availability_zone": "eu-west-2a",
            "availability_zone_id": "euw2-az2",
            "cidr_block": "10.3.1.0/24",
            "customer_owned_ipv4_pool": "",
            "enable_dns64": false,
            "enable_lni_at_device_index": 0,
            "enable_resource_name_dns_a_record_on_launch": false,
            "enable_resource_name_dns_aaaa_record_on_launch": false,
            "id": "subnet-03c81cfc96f31a7eb",
            "ipv6_cidr_block": "",
            "ipv6_cidr_block_association_id": "",
            "ipv6_native": false,
            "map_customer_owned_ip_on_launch": false,
            "map_public_ip_on_launch": false,
            "outpost_arn": "",
            "owner_id": "463470963000",
            "private_dns_hostname_type_on_launch": "ip-name",
            "tags": {
              "Environment": "Dev",
              "Name": "management-public-10.3.1.0/24",
              "Project": "Global Bank Migration",
              "Terraform": "true"
            },
            "tags_all": {
              "Environment": "Dev",
              "Name": "management-public-10.3.1.0/24",
              "Project": "Global Bank Migration",
              "Terraform": "true"
            },
            "timeouts": null,
            "vpc_id": "vpc-0de9e1300615f699e"
          },
          "sensitive_attributes": [],
          "private": "eyJlMmJmYjczMC1lY2FhLTExZTYtOGY4OC0zNDM2M2JjN2M0YzAiOnsiY3JlYXRlIjo2MDAwMDAwMDAwMDAsImRlbGV0ZSI6MTIwMDAwMDAwMDAwMH0sInNjaGVtYV92ZXJzaW9uIjoiMSJ9",
          "dependencies": [
            "module.vpcs.aws_vpc.main"
          ],
          "create_before_destroy": true
        },
        {
          "index_key": "10.3.3.0/24",
          "schema_version": 1,
          "attributes": {
            "arn": "arn:aws:ec2:eu-west-2:463470963000:subnet/subnet-03dbfa0feb15915ac",
            "assign_ipv6_address_on_creation": false,
            "availability_zone": "eu-west-2b",
            "availability_zone_id": "euw2-az3",
            "cidr_block": "10.3.3.0/24",
            "customer_owned_ipv4_pool": "",
            "enable_dns64": false,
            "enable_lni_at_device_index": 0,
            "enable_resource_name_dns_a_record_on_launch": false,
            "enable_resource_name_dns_aaaa_record_on_launch": false,
            "id": "subnet-03dbfa0feb15915ac",
            "ipv6_cidr_block": "",
            "ipv6_cidr_block_association_id": "",
            "ipv6_native": false,
            "map_customer_owned_ip_on_launch": false,
            "map_public_ip_on_launch": false,
            "outpost_arn": "",
            "owner_id": "463470963000",
            "private_dns_hostname_type_on_launch": "ip-name",
            "tags": {
              "Environment": "Dev",
              "Name": "management-public-10.3.3.0/24",
              "Project": "Global Bank Migration",
              "Terraform": "true"
            },
            "tags_all": {
              "Environment": "Dev",
              "Name": "management-public-10.3.3.0/24",
              "Project": "Global Bank Migration",
              "Terraform": "true"
            },
            "timeouts": null,
            "vpc_id": "vpc-0de9e1300615f699e"
          },
          "sensitive_attributes": [],
          "private": "eyJlMmJmYjczMC1lY2FhLTExZTYtOGY4OC0zNDM2M2JjN2M0YzAiOnsiY3JlYXRlIjo2MDAwMDAwMDAwMDAsImRlbGV0ZSI6MTIwMDAwMDAwMDAwMH0sInNjaGVtYV92ZXJzaW9uIjoiMSJ9",
          "dependencies": [
            "module.vpcs.aws_vpc.main"
          ],
          "create_before_destroy": true
        }
      ]
    },
    {
      "module": "module.vpcs[\"management\"]",
      "mode": "managed",
      "type": "aws_vpc",
      "name": "main",
      "provider": "provider[\"registry.terraform.io/hashicorp/aws\"]",
      "instances": [
        {
          "schema_version": 1,
          "attributes": {
            "arn": "arn:aws:ec2:eu-west-2:463470963000:vpc/vpc-0de9e1300615f699e",
            "assign_generated_ipv6_cidr_block": false,
            "cidr_block": "10.3.0.0/16",
            "default_network_acl_id": "acl-020e050100c3b4516",
            "default_route_table_id": "rtb-0a356431c2dad8365",
            "default_security_group_id": "sg-0c8284491c73e64b3",
            "dhcp_options_id": "dopt-0ff17d7f379be5815",
            "enable_dns_hostnames": true,
            "enable_dns_support": true,
            "enable_network_address_usage_metrics": false,
            "id": "vpc-0de9e1300615f699e",
            "instance_tenancy": "default",
            "ipv4_ipam_pool_id": null,
            "ipv4_netmask_length": null,
            "ipv6_association_id": "",
            "ipv6_cidr_block": "",
            "ipv6_cidr_block_network_border_group": "",
            "ipv6_ipam_pool_id": "",
            "ipv6_netmask_length": 0,
            "main_route_table_id": "rtb-0a356431c2dad8365",
            "owner_id": "463470963000",
            "tags": {
              "Environment": "Dev",
              "Project": "Global Bank Migration",
              "Terraform": "true"
            },
            "tags_all": {
              "Environment": "Dev",
              "Project": "Global Bank Migration",
              "Terraform": "true"
            }
          },
          "sensitive_attributes": [],
          "private": "eyJzY2hlbWFfdmVyc2lvbiI6IjEifQ==",
          "create_before_destroy": true
        }
      ]
    },
    {
      "module": "module.vpcs[\"management\"]",
      "mode": "managed",
      "type": "aws_vpc_endpoint",
      "name": "dynamodb",
      "provider": "provider[\"registry.terraform.io/hashicorp/aws\"]",
      "instances": []
    },
    {
      "module": "module.vpcs[\"management\"]",
      "mode": "managed",
      "type": "aws_vpc_endpoint",
      "name": "s3",
      "provider": "provider[\"registry.terraform.io/hashicorp/aws\"]",
      "instances": []
    },
    {
      "module": "module.vpcs[\"production\"]",
      "mode": "managed",
      "type": "aws_dx_gateway",
      "name": "main",
      "provider": "provider[\"registry.terraform.io/hashicorp/aws\"]",
      "instances": [
        {
          "schema_version": 0,
          "attributes": {
            "amazon_side_asn": "64512",
            "id": "6096e467-212d-4103-af29-dfb3d3e2f640",
            "name": "main-dxgw",
            "owner_account_id": "463470963000",
            "timeouts": null
          },
          "sensitive_attributes": [],
          "private": "eyJlMmJmYjczMC1lY2FhLTExZTYtOGY4OC0zNDM2M2JjN2M0YzAiOnsiY3JlYXRlIjo2MDAwMDAwMDAwMDAsImRlbGV0ZSI6NjAwMDAwMDAwMDAwfX0="
        }
      ]
    },
    {
      "module": "module.vpcs[\"production\"]",
      "mode": "managed",
      "type": "aws_dx_gateway_association",
      "name": "main",
      "provider": "provider[\"registry.terraform.io/hashicorp/aws\"]",
      "instances": [
        {
          "schema_version": 1,
          "attributes": {
            "allowed_prefixes": [
              "192.132.0.0/16",
              "192.168.1.0/24"
            ],
            "associated_gateway_id": "tgw-04057019b89b535d3",
            "associated_gateway_owner_account_id": "463470963000",
            "associated_gateway_type": "transitGateway",
            "dx_gateway_association_id": "32d33c27-6a41-4137-9dce-b111e3dec6a0",
            "dx_gateway_id": "6096e467-212d-4103-af29-dfb3d3e2f640",
            "dx_gateway_owner_account_id": "463470963000",
            "id": "ga-6096e467-212d-4103-af29-dfb3d3e2f640tgw-04057019b89b535d3",
            "proposal_id": null,
            "timeouts": null,
            "vpn_gateway_id": null
          },
          "sensitive_attributes": [],
          "private": "eyJlMmJmYjczMC1lY2FhLTExZTYtOGY4OC0zNDM2M2JjN2M0YzAiOnsiY3JlYXRlIjoxODAwMDAwMDAwMDAwLCJkZWxldGUiOjE4MDAwMDAwMDAwMDAsInVwZGF0ZSI6MTgwMDAwMDAwMDAwMH0sInNjaGVtYV92ZXJzaW9uIjoiMSJ9",
          "dependencies": [
            "aws_ec2_transit_gateway.main",
            "module.vpcs.aws_dx_gateway.main"
          ]
        }
      ]
    },
    {
      "module": "module.vpcs[\"production\"]",
      "mode": "managed",
      "type": "aws_ec2_transit_gateway_vpc_attachment",
      "name": "vpc_attachment",
      "provider": "provider[\"registry.terraform.io/hashicorp/aws\"]",
      "instances": [
        {
          "schema_version": 0,
          "attributes": {
            "appliance_mode_support": "disable",
            "dns_support": "enable",
            "id": "tgw-attach-0eae1e0ef4798288a",
            "ipv6_support": "disable",
            "subnet_ids": [
              "subnet-044eacaab33c9037c",
              "subnet-07dcf14a9ff36c65f"
            ],
            "tags": {
              "Environment": "Dev",
              "Name": "production-tgw-attachment",
              "Project": "Global Bank Migration",
              "Terraform": "true"
            },
            "tags_all": {
              "Environment": "Dev",
              "Name": "production-tgw-attachment",
              "Project": "Global Bank Migration",
              "Terraform": "true"
            },
            "transit_gateway_default_route_table_association": true,
            "transit_gateway_default_route_table_propagation": true,
            "transit_gateway_id": "tgw-04057019b89b535d3",
            "vpc_id": "vpc-0761bef65cc2a8335",
            "vpc_owner_id": "463470963000"
          },
          "sensitive_attributes": [],
          "private": "bnVsbA==",
          "dependencies": [
            "aws_ec2_transit_gateway.main",
            "module.vpcs.aws_subnet.private",
            "module.vpcs.aws_subnet.public",
            "module.vpcs.aws_vpc.main"
          ]
        }
      ]
    },
    {
      "module": "module.vpcs[\"production\"]",
      "mode": "managed",
      "type": "aws_eip",
      "name": "nat",
      "provider": "provider[\"registry.terraform.io/hashicorp/aws\"]",
      "instances": [
        {
          "index_key": "10.1.1.0/24",
          "schema_version": 0,
          "attributes": {
            "address": null,
            "allocation_id": "eipalloc-024ab3addeac0aead",
            "arn": "arn:aws:ec2:eu-west-2:463470963000:elastic-ip/eipalloc-024ab3addeac0aead",
            "associate_with_private_ip": null,
            "association_id": "",
            "carrier_ip": "",
            "customer_owned_ip": "",
            "customer_owned_ipv4_pool": "",
            "domain": "vpc",
            "id": "eipalloc-024ab3addeac0aead",
            "instance": "",
            "network_border_group": "eu-west-2",
            "network_interface": "",
            "private_dns": null,
            "private_ip": "",
            "ptr_record": "",
            "public_dns": "ec2-35-178-233-40.eu-west-2.compute.amazonaws.com",
            "public_ip": "35.178.233.40",
            "public_ipv4_pool": "amazon",
            "tags": null,
            "tags_all": {},
            "timeouts": null,
            "vpc": true
          },
          "sensitive_attributes": [],
          "private": "eyJlMmJmYjczMC1lY2FhLTExZTYtOGY4OC0zNDM2M2JjN2M0YzAiOnsiZGVsZXRlIjoxODAwMDAwMDAwMDAsInJlYWQiOjkwMDAwMDAwMDAwMCwidXBkYXRlIjozMDAwMDAwMDAwMDB9fQ=="
        },
        {
          "index_key": "10.1.3.0/24",
          "schema_version": 0,
          "attributes": {
            "address": null,
            "allocation_id": "eipalloc-0cb3d39305a5c15ed",
            "arn": "arn:aws:ec2:eu-west-2:463470963000:elastic-ip/eipalloc-0cb3d39305a5c15ed",
            "associate_with_private_ip": null,
            "association_id": "",
            "carrier_ip": "",
            "customer_owned_ip": "",
            "customer_owned_ipv4_pool": "",
            "domain": "vpc",
            "id": "eipalloc-0cb3d39305a5c15ed",
            "instance": "",
            "network_border_group": "eu-west-2",
            "network_interface": "",
            "private_dns": null,
            "private_ip": "",
            "ptr_record": "",
            "public_dns": "ec2-18-169-231-40.eu-west-2.compute.amazonaws.com",
            "public_ip": "18.169.231.40",
            "public_ipv4_pool": "amazon",
            "tags": null,
            "tags_all": {},
            "timeouts": null,
            "vpc": true
          },
          "sensitive_attributes": [],
          "private": "eyJlMmJmYjczMC1lY2FhLTExZTYtOGY4OC0zNDM2M2JjN2M0YzAiOnsiZGVsZXRlIjoxODAwMDAwMDAwMDAsInJlYWQiOjkwMDAwMDAwMDAwMCwidXBkYXRlIjozMDAwMDAwMDAwMDB9fQ=="
        }
      ]
    },
    {
      "module": "module.vpcs[\"production\"]",
      "mode": "managed",
      "type": "aws_internet_gateway",
      "name": "igw",
      "provider": "provider[\"registry.terraform.io/hashicorp/aws\"]",
      "instances": [
        {
          "index_key": 0,
          "schema_version": 0,
          "attributes": {
            "arn": "arn:aws:ec2:eu-west-2:463470963000:internet-gateway/igw-031db2bcd23435b99",
            "id": "igw-031db2bcd23435b99",
            "owner_id": "463470963000",
            "tags": {
              "Environment": "Dev",
              "Name": "production-igw",
              "Project": "Global Bank Migration",
              "Terraform": "true"
            },
            "tags_all": {
              "Environment": "Dev",
              "Name": "production-igw",
              "Project": "Global Bank Migration",
              "Terraform": "true"
            },
            "timeouts": null,
            "vpc_id": "vpc-0761bef65cc2a8335"
          },
          "sensitive_attributes": [],
          "private": "eyJlMmJmYjczMC1lY2FhLTExZTYtOGY4OC0zNDM2M2JjN2M0YzAiOnsiY3JlYXRlIjoxMjAwMDAwMDAwMDAwLCJkZWxldGUiOjEyMDAwMDAwMDAwMDAsInVwZGF0ZSI6MTIwMDAwMDAwMDAwMH19",
          "dependencies": [
            "module.vpcs.aws_vpc.main"
          ]
        }
      ]
    },
    {
      "module": "module.vpcs[\"production\"]",
      "mode": "managed",
      "type": "aws_nat_gateway",
      "name": "nat",
      "provider": "provider[\"registry.terraform.io/hashicorp/aws\"]",
      "instances": [
        {
          "index_key": "10.1.1.0/24",
          "schema_version": 0,
          "attributes": {
            "allocation_id": "eipalloc-024ab3addeac0aead",
            "association_id": "eipassoc-0ebc5d094397e8710",
            "connectivity_type": "public",
            "id": "nat-01a062f5c1bd4b4b2",
            "network_interface_id": "eni-0acbad62225c4791b",
            "private_ip": "10.1.1.8",
            "public_ip": "35.178.233.40",
            "secondary_allocation_ids": null,
            "secondary_private_ip_address_count": 0,
            "secondary_private_ip_addresses": [],
            "subnet_id": "subnet-0b4c5c4c2852f94a1",
            "tags": null,
            "tags_all": {},
            "timeouts": null
          },
          "sensitive_attributes": [],
          "private": "eyJlMmJmYjczMC1lY2FhLTExZTYtOGY4OC0zNDM2M2JjN2M0YzAiOnsiY3JlYXRlIjo2MDAwMDAwMDAwMDAsImRlbGV0ZSI6MTgwMDAwMDAwMDAwMCwidXBkYXRlIjo2MDAwMDAwMDAwMDB9fQ==",
          "dependencies": [
            "module.vpcs.aws_eip.nat",
            "module.vpcs.aws_subnet.public",
            "module.vpcs.aws_vpc.main"
          ]
        },
        {
          "index_key": "10.1.3.0/24",
          "schema_version": 0,
          "attributes": {
            "allocation_id": "eipalloc-0cb3d39305a5c15ed",
            "association_id": "eipassoc-0052e7bc6e7d3b4c2",
            "connectivity_type": "public",
            "id": "nat-00591b4081ca97de9",
            "network_interface_id": "eni-092fe85d45537d08b",
            "private_ip": "10.1.3.215",
            "public_ip": "18.169.231.40",
            "secondary_allocation_ids": null,
            "secondary_private_ip_address_count": 0,
            "secondary_private_ip_addresses": [],
            "subnet_id": "subnet-0abf33a3274973b35",
            "tags": null,
            "tags_all": {},
            "timeouts": null
          },
          "sensitive_attributes": [],
          "private": "eyJlMmJmYjczMC1lY2FhLTExZTYtOGY4OC0zNDM2M2JjN2M0YzAiOnsiY3JlYXRlIjo2MDAwMDAwMDAwMDAsImRlbGV0ZSI6MTgwMDAwMDAwMDAwMCwidXBkYXRlIjo2MDAwMDAwMDAwMDB9fQ==",
          "dependencies": [
            "module.vpcs.aws_eip.nat",
            "module.vpcs.aws_subnet.public",
            "module.vpcs.aws_vpc.main"
          ]
        }
      ]
    },
    {
      "module": "module.vpcs[\"production\"]",
      "mode": "managed",
      "type": "aws_route_table",
      "name": "private_nat",
      "provider": "provider[\"registry.terraform.io/hashicorp/aws\"]",
      "instances": [
        {
          "index_key": "10.1.2.0/24",
          "schema_version": 0,
          "attributes": {
            "arn": "arn:aws:ec2:eu-west-2:463470963000:route-table/rtb-00f4154eff07bcf48",
            "id": "rtb-00f4154eff07bcf48",
            "owner_id": "463470963000",
            "propagating_vgws": [],
            "route": [
              {
                "carrier_gateway_id": "",
                "cidr_block": "0.0.0.0/0",
                "core_network_arn": "",
                "destination_prefix_list_id": "",
                "egress_only_gateway_id": "",
                "gateway_id": "",
                "ipv6_cidr_block": "",
                "local_gateway_id": "",
                "nat_gateway_id": "nat-01a062f5c1bd4b4b2",
                "network_interface_id": "",
                "transit_gateway_id": "",
                "vpc_endpoint_id": "",
                "vpc_peering_connection_id": ""
              },
              {
                "carrier_gateway_id": "",
                "cidr_block": "10.0.0.0/8",
                "core_network_arn": "",
                "destination_prefix_list_id": "",
                "egress_only_gateway_id": "",
                "gateway_id": "",
                "ipv6_cidr_block": "",
                "local_gateway_id": "",
                "nat_gateway_id": "",
                "network_interface_id": "",
                "transit_gateway_id": "tgw-04057019b89b535d3",
                "vpc_endpoint_id": "",
                "vpc_peering_connection_id": ""
              },
              {
                "carrier_gateway_id": "",
                "cidr_block": "172.16.0.0/12",
                "core_network_arn": "",
                "destination_prefix_list_id": "",
                "egress_only_gateway_id": "",
                "gateway_id": "",
                "ipv6_cidr_block": "",
                "local_gateway_id": "",
                "nat_gateway_id": "",
                "network_interface_id": "",
                "transit_gateway_id": "tgw-04057019b89b535d3",
                "vpc_endpoint_id": "",
                "vpc_peering_connection_id": ""
              }
            ],
            "tags": {
              "Environment": "Dev",
              "Name": "production-private-nat-10.1.2.0/24",
              "Project": "Global Bank Migration",
              "Terraform": "true"
            },
            "tags_all": {
              "Environment": "Dev",
              "Name": "production-private-nat-10.1.2.0/24",
              "Project": "Global Bank Migration",
              "Terraform": "true"
            },
            "timeouts": null,
            "vpc_id": "vpc-0761bef65cc2a8335"
          },
          "sensitive_attributes": [],
          "private": "eyJlMmJmYjczMC1lY2FhLTExZTYtOGY4OC0zNDM2M2JjN2M0YzAiOnsiY3JlYXRlIjozMDAwMDAwMDAwMDAsImRlbGV0ZSI6MzAwMDAwMDAwMDAwLCJ1cGRhdGUiOjEyMDAwMDAwMDAwMH19",
          "dependencies": [
            "aws_ec2_transit_gateway.main",
            "module.vpcs.aws_eip.nat",
            "module.vpcs.aws_nat_gateway.nat",
            "module.vpcs.aws_subnet.public",
            "module.vpcs.aws_vpc.main"
          ]
        },
        {
          "index_key": "10.1.4.0/24",
          "schema_version": 0,
          "attributes": {
            "arn": "arn:aws:ec2:eu-west-2:463470963000:route-table/rtb-0b27c59a6816a5825",
            "id": "rtb-0b27c59a6816a5825",
            "owner_id": "463470963000",
            "propagating_vgws": [],
            "route": [
              {
                "carrier_gateway_id": "",
                "cidr_block": "0.0.0.0/0",
                "core_network_arn": "",
                "destination_prefix_list_id": "",
                "egress_only_gateway_id": "",
                "gateway_id": "",
                "ipv6_cidr_block": "",
                "local_gateway_id": "",
                "nat_gateway_id": "nat-01a062f5c1bd4b4b2",
                "network_interface_id": "",
                "transit_gateway_id": "",
                "vpc_endpoint_id": "",
                "vpc_peering_connection_id": ""
              },
              {
                "carrier_gateway_id": "",
                "cidr_block": "10.0.0.0/8",
                "core_network_arn": "",
                "destination_prefix_list_id": "",
                "egress_only_gateway_id": "",
                "gateway_id": "",
                "ipv6_cidr_block": "",
                "local_gateway_id": "",
                "nat_gateway_id": "",
                "network_interface_id": "",
                "transit_gateway_id": "tgw-04057019b89b535d3",
                "vpc_endpoint_id": "",
                "vpc_peering_connection_id": ""
              },
              {
                "carrier_gateway_id": "",
                "cidr_block": "172.16.0.0/12",
                "core_network_arn": "",
                "destination_prefix_list_id": "",
                "egress_only_gateway_id": "",
                "gateway_id": "",
                "ipv6_cidr_block": "",
                "local_gateway_id": "",
                "nat_gateway_id": "",
                "network_interface_id": "",
                "transit_gateway_id": "tgw-04057019b89b535d3",
                "vpc_endpoint_id": "",
                "vpc_peering_connection_id": ""
              }
            ],
            "tags": {
              "Environment": "Dev",
              "Name": "production-private-nat-10.1.4.0/24",
              "Project": "Global Bank Migration",
              "Terraform": "true"
            },
            "tags_all": {
              "Environment": "Dev",
              "Name": "production-private-nat-10.1.4.0/24",
              "Project": "Global Bank Migration",
              "Terraform": "true"
            },
            "timeouts": null,
            "vpc_id": "vpc-0761bef65cc2a8335"
          },
          "sensitive_attributes": [],
          "private": "eyJlMmJmYjczMC1lY2FhLTExZTYtOGY4OC0zNDM2M2JjN2M0YzAiOnsiY3JlYXRlIjozMDAwMDAwMDAwMDAsImRlbGV0ZSI6MzAwMDAwMDAwMDAwLCJ1cGRhdGUiOjEyMDAwMDAwMDAwMH19",
          "dependencies": [
            "aws_ec2_transit_gateway.main",
            "module.vpcs.aws_eip.nat",
            "module.vpcs.aws_nat_gateway.nat",
            "module.vpcs.aws_subnet.public",
            "module.vpcs.aws_vpc.main"
          ]
        }
      ]
    },
    {
      "module": "module.vpcs[\"production\"]",
      "mode": "managed",
      "type": "aws_route_table",
      "name": "private_no_internet",
      "provider": "provider[\"registry.terraform.io/hashicorp/aws\"]",
      "instances": []
    },
    {
      "module": "module.vpcs[\"production\"]",
      "mode": "managed",
      "type": "aws_route_table",
      "name": "public",
      "provider": "provider[\"registry.terraform.io/hashicorp/aws\"]",
      "instances": [
        {
          "index_key": "10.1.1.0/24",
          "status": "tainted",
          "schema_version": 0,
          "attributes": {
            "arn": null,
            "id": "rtb-0452584951089ea4d",
            "owner_id": null,
            "propagating_vgws": [],
            "route": [
              {
                "carrier_gateway_id": "",
                "cidr_block": "0.0.0.0/0",
                "core_network_arn": "",
                "destination_prefix_list_id": "",
                "egress_only_gateway_id": "",
                "gateway_id": "igw-031db2bcd23435b99",
                "ipv6_cidr_block": "",
                "local_gateway_id": "",
                "nat_gateway_id": "",
                "network_interface_id": "",
                "transit_gateway_id": "",
                "vpc_endpoint_id": "",
                "vpc_peering_connection_id": ""
              },
              {
                "carrier_gateway_id": "",
                "cidr_block": "10.0.0.0/8",
                "core_network_arn": "",
                "destination_prefix_list_id": "",
                "egress_only_gateway_id": "",
                "gateway_id": "",
                "ipv6_cidr_block": "",
                "local_gateway_id": "",
                "nat_gateway_id": "",
                "network_interface_id": "",
                "transit_gateway_id": "tgw-04057019b89b535d3",
                "vpc_endpoint_id": "",
                "vpc_peering_connection_id": ""
              }
            ],
            "tags": {
              "Environment": "Dev",
              "Name": "production-public-10.1.1.0/24",
              "Project": "Global Bank Migration",
              "Terraform": "true"
            },
            "tags_all": {
              "Environment": "Dev",
              "Name": "production-public-10.1.1.0/24",
              "Project": "Global Bank Migration",
              "Terraform": "true"
            },
            "timeouts": null,
            "vpc_id": "vpc-0761bef65cc2a8335"
          },
          "sensitive_attributes": [],
          "private": "eyJlMmJmYjczMC1lY2FhLTExZTYtOGY4OC0zNDM2M2JjN2M0YzAiOnsiY3JlYXRlIjozMDAwMDAwMDAwMDAsImRlbGV0ZSI6MzAwMDAwMDAwMDAwLCJ1cGRhdGUiOjEyMDAwMDAwMDAwMH19",
          "dependencies": [
            "aws_ec2_transit_gateway.main",
            "module.vpcs.aws_internet_gateway.igw",
            "module.vpcs.aws_vpc.main"
          ]
        },
        {
          "index_key": "10.1.3.0/24",
          "status": "tainted",
          "schema_version": 0,
          "attributes": {
            "arn": null,
            "id": "rtb-00d83f41e55aae801",
            "owner_id": null,
            "propagating_vgws": [],
            "route": [
              {
                "carrier_gateway_id": "",
                "cidr_block": "0.0.0.0/0",
                "core_network_arn": "",
                "destination_prefix_list_id": "",
                "egress_only_gateway_id": "",
                "gateway_id": "igw-031db2bcd23435b99",
                "ipv6_cidr_block": "",
                "local_gateway_id": "",
                "nat_gateway_id": "",
                "network_interface_id": "",
                "transit_gateway_id": "",
                "vpc_endpoint_id": "",
                "vpc_peering_connection_id": ""
              },
              {
                "carrier_gateway_id": "",
                "cidr_block": "10.0.0.0/8",
                "core_network_arn": "",
                "destination_prefix_list_id": "",
                "egress_only_gateway_id": "",
                "gateway_id": "",
                "ipv6_cidr_block": "",
                "local_gateway_id": "",
                "nat_gateway_id": "",
                "network_interface_id": "",
                "transit_gateway_id": "tgw-04057019b89b535d3",
                "vpc_endpoint_id": "",
                "vpc_peering_connection_id": ""
              }
            ],
            "tags": {
              "Environment": "Dev",
              "Name": "production-public-10.1.3.0/24",
              "Project": "Global Bank Migration",
              "Terraform": "true"
            },
            "tags_all": {
              "Environment": "Dev",
              "Name": "production-public-10.1.3.0/24",
              "Project": "Global Bank Migration",
              "Terraform": "true"
            },
            "timeouts": null,
            "vpc_id": "vpc-0761bef65cc2a8335"
          },
          "sensitive_attributes": [],
          "private": "eyJlMmJmYjczMC1lY2FhLTExZTYtOGY4OC0zNDM2M2JjN2M0YzAiOnsiY3JlYXRlIjozMDAwMDAwMDAwMDAsImRlbGV0ZSI6MzAwMDAwMDAwMDAwLCJ1cGRhdGUiOjEyMDAwMDAwMDAwMH19",
          "dependencies": [
            "aws_ec2_transit_gateway.main",
            "module.vpcs.aws_internet_gateway.igw",
            "module.vpcs.aws_vpc.main"
          ]
        }
      ]
    },
    {
      "module": "module.vpcs[\"production\"]",
      "mode": "managed",
      "type": "aws_route_table_association",
      "name": "private",
      "provider": "provider[\"registry.terraform.io/hashicorp/aws\"]",
      "instances": [
        {
          "index_key": "10.1.2.0/24",
          "schema_version": 0,
          "attributes": {
            "gateway_id": "",
            "id": "rtbassoc-08e4abda52d983c51",
            "route_table_id": "rtb-00f4154eff07bcf48",
            "subnet_id": "subnet-044eacaab33c9037c",
            "timeouts": null
          },
          "sensitive_attributes": [],
          "private": "eyJlMmJmYjczMC1lY2FhLTExZTYtOGY4OC0zNDM2M2JjN2M0YzAiOnsiY3JlYXRlIjozMDAwMDAwMDAwMDAsImRlbGV0ZSI6MzAwMDAwMDAwMDAwLCJ1cGRhdGUiOjEyMDAwMDAwMDAwMH19",
          "dependencies": [
            "aws_ec2_transit_gateway.main",
            "module.vpcs.aws_eip.nat",
            "module.vpcs.aws_nat_gateway.nat",
            "module.vpcs.aws_route_table.private_nat",
            "module.vpcs.aws_route_table.private_no_internet",
            "module.vpcs.aws_subnet.private",
            "module.vpcs.aws_subnet.public",
            "module.vpcs.aws_vpc.main"
          ]
        },
        {
          "index_key": "10.1.4.0/24",
          "schema_version": 0,
          "attributes": {
            "gateway_id": "",
            "id": "rtbassoc-067cc99b5fac75247",
            "route_table_id": "rtb-0b27c59a6816a5825",
            "subnet_id": "subnet-07dcf14a9ff36c65f",
            "timeouts": null
          },
          "sensitive_attributes": [],
          "private": "eyJlMmJmYjczMC1lY2FhLTExZTYtOGY4OC0zNDM2M2JjN2M0YzAiOnsiY3JlYXRlIjozMDAwMDAwMDAwMDAsImRlbGV0ZSI6MzAwMDAwMDAwMDAwLCJ1cGRhdGUiOjEyMDAwMDAwMDAwMH19",
          "dependencies": [
            "aws_ec2_transit_gateway.main",
            "module.vpcs.aws_eip.nat",
            "module.vpcs.aws_nat_gateway.nat",
            "module.vpcs.aws_route_table.private_nat",
            "module.vpcs.aws_route_table.private_no_internet",
            "module.vpcs.aws_subnet.private",
            "module.vpcs.aws_subnet.public",
            "module.vpcs.aws_vpc.main"
          ]
        }
      ]
    },
    {
      "module": "module.vpcs[\"production\"]",
      "mode": "managed",
      "type": "aws_security_group",
      "name": "data_db",
      "provider": "provider[\"registry.terraform.io/hashicorp/aws\"]",
      "instances": []
    },
    {
      "module": "module.vpcs[\"production\"]",
      "mode": "managed",
      "type": "aws_security_group",
      "name": "mgmt_admin",
      "provider": "provider[\"registry.terraform.io/hashicorp/aws\"]",
      "instances": []
    },
    {
      "module": "module.vpcs[\"production\"]",
      "mode": "managed",
      "type": "aws_security_group",
      "name": "mgmt_bastion",
      "provider": "provider[\"registry.terraform.io/hashicorp/aws\"]",
      "instances": []
    },
    {
      "module": "module.vpcs[\"production\"]",
      "mode": "managed",
      "type": "aws_security_group",
      "name": "prod_app",
      "provider": "provider[\"registry.terraform.io/hashicorp/aws\"]",
      "instances": [
        {
          "index_key": 0,
          "schema_version": 1,
          "attributes": {
            "arn": "arn:aws:ec2:eu-west-2:463470963000:security-group/sg-09f06f5aba857f3cd",
            "description": "Managed by Terraform",
            "egress": [
              {
                "cidr_blocks": [
                  "0.0.0.0/0"
                ],
                "description": "",
                "from_port": 0,
                "ipv6_cidr_blocks": [],
                "prefix_list_ids": [],
                "protocol": "-1",
                "security_groups": [],
                "self": false,
                "to_port": 0
              }
            ],
            "id": "sg-09f06f5aba857f3cd",
            "ingress": [
              {
                "cidr_blocks": [],
                "description": "",
                "from_port": 8080,
                "ipv6_cidr_blocks": [],
                "prefix_list_ids": [],
                "protocol": "tcp",
                "security_groups": [
                  "sg-0cb103ad12cacccf5"
                ],
                "self": false,
                "to_port": 8080
              }
            ],
            "name": "production-app-sg",
            "name_prefix": "",
            "owner_id": "463470963000",
            "revoke_rules_on_delete": false,
            "tags": {
              "Environment": "Dev",
              "Name": "production-app-sg",
              "Project": "Global Bank Migration",
              "Terraform": "true"
            },
            "tags_all": {
              "Environment": "Dev",
              "Name": "production-app-sg",
              "Project": "Global Bank Migration",
              "Terraform": "true"
            },
            "timeouts": null,
            "vpc_id": "vpc-0761bef65cc2a8335"
          },
          "sensitive_attributes": [],
          "private": "eyJlMmJmYjczMC1lY2FhLTExZTYtOGY4OC0zNDM2M2JjN2M0YzAiOnsiY3JlYXRlIjo2MDAwMDAwMDAwMDAsImRlbGV0ZSI6OTAwMDAwMDAwMDAwfSwic2NoZW1hX3ZlcnNpb24iOiIxIn0=",
          "dependencies": [
            "module.vpcs.aws_security_group.prod_web",
            "module.vpcs.aws_vpc.main"
          ]
        }
      ]
    },
    {
      "module": "module.vpcs[\"production\"]",
      "mode": "managed",
      "type": "aws_security_group",
      "name": "prod_web",
      "provider": "provider[\"registry.terraform.io/hashicorp/aws\"]",
      "instances": [
        {
          "index_key": 0,
          "schema_version": 1,
          "attributes": {
            "arn": "arn:aws:ec2:eu-west-2:463470963000:security-group/sg-0cb103ad12cacccf5",
            "description": "Managed by Terraform",
            "egress": [
              {
                "cidr_blocks": [
                  "0.0.0.0/0"
                ],
                "description": "",
                "from_port": 0,
                "ipv6_cidr_blocks": [],
                "prefix_list_ids": [],
                "protocol": "-1",
                "security_groups": [],
                "self": false,
                "to_port": 0
              }
            ],
            "id": "sg-0cb103ad12cacccf5",
            "ingress": [
              {
                "cidr_blocks": [
                  "0.0.0.0/0"
                ],
                "description": "",
                "from_port": 443,
                "ipv6_cidr_blocks": [],
                "prefix_list_ids": [],
                "protocol": "tcp",
                "security_groups": [],
                "self": false,
                "to_port": 443
              },
              {
                "cidr_blocks": [
                  "0.0.0.0/0"
                ],
                "description": "",
                "from_port": 80,
                "ipv6_cidr_blocks": [],
                "prefix_list_ids": [],
                "protocol": "tcp",
                "security_groups": [],
                "self": false,
                "to_port": 80
              }
            ],
            "name": "production-web-sg",
            "name_prefix": "",
            "owner_id": "463470963000",
            "revoke_rules_on_delete": false,
            "tags": {
              "Environment": "Dev",
              "Name": "production-web-sg",
              "Project": "Global Bank Migration",
              "Terraform": "true"
            },
            "tags_all": {
              "Environment": "Dev",
              "Name": "production-web-sg",
              "Project": "Global Bank Migration",
              "Terraform": "true"
            },
            "timeouts": null,
            "vpc_id": "vpc-0761bef65cc2a8335"
          },
          "sensitive_attributes": [],
          "private": "eyJlMmJmYjczMC1lY2FhLTExZTYtOGY4OC0zNDM2M2JjN2M0YzAiOnsiY3JlYXRlIjo2MDAwMDAwMDAwMDAsImRlbGV0ZSI6OTAwMDAwMDAwMDAwfSwic2NoZW1hX3ZlcnNpb24iOiIxIn0=",
          "dependencies": [
            "module.vpcs.aws_vpc.main"
          ]
        }
      ]
    },
    {
      "module": "module.vpcs[\"production\"]",
      "mode": "managed",
      "type": "aws_security_group",
      "name": "sec_logging",
      "provider": "provider[\"registry.terraform.io/hashicorp/aws\"]",
      "instances": []
    },
    {
      "module": "module.vpcs[\"production\"]",
      "mode": "managed",
      "type": "aws_security_group",
      "name": "sec_monitoring",
      "provider": "provider[\"registry.terraform.io/hashicorp/aws\"]",
      "instances": []
    },
    {
      "module": "module.vpcs[\"production\"]",
      "mode": "managed",
      "type": "aws_subnet",
      "name": "private",
      "provider": "provider[\"registry.terraform.io/hashicorp/aws\"]",
      "instances": [
        {
          "index_key": "10.1.2.0/24",
          "schema_version": 1,
          "attributes": {
            "arn": "arn:aws:ec2:eu-west-2:463470963000:subnet/subnet-044eacaab33c9037c",
            "assign_ipv6_address_on_creation": false,
            "availability_zone": "eu-west-2a",
            "availability_zone_id": "euw2-az2",
            "cidr_block": "10.1.2.0/24",
            "customer_owned_ipv4_pool": "",
            "enable_dns64": false,
            "enable_lni_at_device_index": 0,
            "enable_resource_name_dns_a_record_on_launch": false,
            "enable_resource_name_dns_aaaa_record_on_launch": false,
            "id": "subnet-044eacaab33c9037c",
            "ipv6_cidr_block": "",
            "ipv6_cidr_block_association_id": "",
            "ipv6_native": false,
            "map_customer_owned_ip_on_launch": false,
            "map_public_ip_on_launch": false,
            "outpost_arn": "",
            "owner_id": "463470963000",
            "private_dns_hostname_type_on_launch": "ip-name",
            "tags": {
              "Environment": "Dev",
              "Name": "production-private-10.1.2.0/24",
              "Project": "Global Bank Migration",
              "Terraform": "true"
            },
            "tags_all": {
              "Environment": "Dev",
              "Name": "production-private-10.1.2.0/24",
              "Project": "Global Bank Migration",
              "Terraform": "true"
            },
            "timeouts": null,
            "vpc_id": "vpc-0761bef65cc2a8335"
          },
          "sensitive_attributes": [],
          "private": "eyJlMmJmYjczMC1lY2FhLTExZTYtOGY4OC0zNDM2M2JjN2M0YzAiOnsiY3JlYXRlIjo2MDAwMDAwMDAwMDAsImRlbGV0ZSI6MTIwMDAwMDAwMDAwMH0sInNjaGVtYV92ZXJzaW9uIjoiMSJ9",
          "dependencies": [
            "module.vpcs.aws_vpc.main"
          ],
          "create_before_destroy": true
        },
        {
          "index_key": "10.1.4.0/24",
          "schema_version": 1,
          "attributes": {
            "arn": "arn:aws:ec2:eu-west-2:463470963000:subnet/subnet-07dcf14a9ff36c65f",
            "assign_ipv6_address_on_creation": false,
            "availability_zone": "eu-west-2b",
            "availability_zone_id": "euw2-az3",
            "cidr_block": "10.1.4.0/24",
            "customer_owned_ipv4_pool": "",
            "enable_dns64": false,
            "enable_lni_at_device_index": 0,
            "enable_resource_name_dns_a_record_on_launch": false,
            "enable_resource_name_dns_aaaa_record_on_launch": false,
            "id": "subnet-07dcf14a9ff36c65f",
            "ipv6_cidr_block": "",
            "ipv6_cidr_block_association_id": "",
            "ipv6_native": false,
            "map_customer_owned_ip_on_launch": false,
            "map_public_ip_on_launch": false,
            "outpost_arn": "",
            "owner_id": "463470963000",
            "private_dns_hostname_type_on_launch": "ip-name",
            "tags": {
              "Environment": "Dev",
              "Name": "production-private-10.1.4.0/24",
              "Project": "Global Bank Migration",
              "Terraform": "true"
            },
            "tags_all": {
              "Environment": "Dev",
              "Name": "production-private-10.1.4.0/24",
              "Project": "Global Bank Migration",
              "Terraform": "true"
            },
            "timeouts": null,
            "vpc_id": "vpc-0761bef65cc2a8335"
          },
          "sensitive_attributes": [],
          "private": "eyJlMmJmYjczMC1lY2FhLTExZTYtOGY4OC0zNDM2M2JjN2M0YzAiOnsiY3JlYXRlIjo2MDAwMDAwMDAwMDAsImRlbGV0ZSI6MTIwMDAwMDAwMDAwMH0sInNjaGVtYV92ZXJzaW9uIjoiMSJ9",
          "dependencies": [
            "module.vpcs.aws_vpc.main"
          ],
          "create_before_destroy": true
        }
      ]
    },
    {
      "module": "module.vpcs[\"production\"]",
      "mode": "managed",
      "type": "aws_subnet",
      "name": "public",
      "provider": "provider[\"registry.terraform.io/hashicorp/aws\"]",
      "instances": [
        {
          "index_key": "10.1.1.0/24",
          "schema_version": 1,
          "attributes": {
            "arn": "arn:aws:ec2:eu-west-2:463470963000:subnet/subnet-0b4c5c4c2852f94a1",
            "assign_ipv6_address_on_creation": false,
            "availability_zone": "eu-west-2a",
            "availability_zone_id": "euw2-az2",
            "cidr_block": "10.1.1.0/24",
            "customer_owned_ipv4_pool": "",
            "enable_dns64": false,
            "enable_lni_at_device_index": 0,
            "enable_resource_name_dns_a_record_on_launch": false,
            "enable_resource_name_dns_aaaa_record_on_launch": false,
            "id": "subnet-0b4c5c4c2852f94a1",
            "ipv6_cidr_block": "",
            "ipv6_cidr_block_association_id": "",
            "ipv6_native": false,
            "map_customer_owned_ip_on_launch": false,
            "map_public_ip_on_launch": false,
            "outpost_arn": "",
            "owner_id": "463470963000",
            "private_dns_hostname_type_on_launch": "ip-name",
            "tags": {
              "Environment": "Dev",
              "Name": "production-public-10.1.1.0/24",
              "Project": "Global Bank Migration",
              "Terraform": "true"
            },
            "tags_all": {
              "Environment": "Dev",
              "Name": "production-public-10.1.1.0/24",
              "Project": "Global Bank Migration",
              "Terraform": "true"
            },
            "timeouts": null,
            "vpc_id": "vpc-0761bef65cc2a8335"
          },
          "sensitive_attributes": [],
          "private": "eyJlMmJmYjczMC1lY2FhLTExZTYtOGY4OC0zNDM2M2JjN2M0YzAiOnsiY3JlYXRlIjo2MDAwMDAwMDAwMDAsImRlbGV0ZSI6MTIwMDAwMDAwMDAwMH0sInNjaGVtYV92ZXJzaW9uIjoiMSJ9",
          "dependencies": [
            "module.vpcs.aws_vpc.main"
          ],
          "create_before_destroy": true
        },
        {
          "index_key": "10.1.3.0/24",
          "schema_version": 1,
          "attributes": {
            "arn": "arn:aws:ec2:eu-west-2:463470963000:subnet/subnet-0abf33a3274973b35",
            "assign_ipv6_address_on_creation": false,
            "availability_zone": "eu-west-2b",
            "availability_zone_id": "euw2-az3",
            "cidr_block": "10.1.3.0/24",
            "customer_owned_ipv4_pool": "",
            "enable_dns64": false,
            "enable_lni_at_device_index": 0,
            "enable_resource_name_dns_a_record_on_launch": false,
            "enable_resource_name_dns_aaaa_record_on_launch": false,
            "id": "subnet-0abf33a3274973b35",
            "ipv6_cidr_block": "",
            "ipv6_cidr_block_association_id": "",
            "ipv6_native": false,
            "map_customer_owned_ip_on_launch": false,
            "map_public_ip_on_launch": false,
            "outpost_arn": "",
            "owner_id": "463470963000",
            "private_dns_hostname_type_on_launch": "ip-name",
            "tags": {
              "Environment": "Dev",
              "Name": "production-public-10.1.3.0/24",
              "Project": "Global Bank Migration",
              "Terraform": "true"
            },
            "tags_all": {
              "Environment": "Dev",
              "Name": "production-public-10.1.3.0/24",
              "Project": "Global Bank Migration",
              "Terraform": "true"
            },
            "timeouts": null,
            "vpc_id": "vpc-0761bef65cc2a8335"
          },
          "sensitive_attributes": [],
          "private": "eyJlMmJmYjczMC1lY2FhLTExZTYtOGY4OC0zNDM2M2JjN2M0YzAiOnsiY3JlYXRlIjo2MDAwMDAwMDAwMDAsImRlbGV0ZSI6MTIwMDAwMDAwMDAwMH0sInNjaGVtYV92ZXJzaW9uIjoiMSJ9",
          "dependencies": [
            "module.vpcs.aws_vpc.main"
          ],
          "create_before_destroy": true
        }
      ]
    },
    {
      "module": "module.vpcs[\"production\"]",
      "mode": "managed",
      "type": "aws_vpc",
      "name": "main",
      "provider": "provider[\"registry.terraform.io/hashicorp/aws\"]",
      "instances": [
        {
          "schema_version": 1,
          "attributes": {
            "arn": "arn:aws:ec2:eu-west-2:463470963000:vpc/vpc-0761bef65cc2a8335",
            "assign_generated_ipv6_cidr_block": false,
            "cidr_block": "10.1.0.0/16",
            "default_network_acl_id": "acl-02cde32b341b7c536",
            "default_route_table_id": "rtb-0561f451defc518b9",
            "default_security_group_id": "sg-00412a0eb1ea271b8",
            "dhcp_options_id": "dopt-0ff17d7f379be5815",
            "enable_dns_hostnames": true,
            "enable_dns_support": true,
            "enable_network_address_usage_metrics": false,
            "id": "vpc-0761bef65cc2a8335",
            "instance_tenancy": "default",
            "ipv4_ipam_pool_id": null,
            "ipv4_netmask_length": null,
            "ipv6_association_id": "",
            "ipv6_cidr_block": "",
            "ipv6_cidr_block_network_border_group": "",
            "ipv6_ipam_pool_id": "",
            "ipv6_netmask_length": 0,
            "main_route_table_id": "rtb-0561f451defc518b9",
            "owner_id": "463470963000",
            "tags": {
              "Environment": "Dev",
              "Project": "Global Bank Migration",
              "Terraform": "true"
            },
            "tags_all": {
              "Environment": "Dev",
              "Project": "Global Bank Migration",
              "Terraform": "true"
            }
          },
          "sensitive_attributes": [],
          "private": "eyJzY2hlbWFfdmVyc2lvbiI6IjEifQ==",
          "create_before_destroy": true
        }
      ]
    },
    {
      "module": "module.vpcs[\"production\"]",
      "mode": "managed",
      "type": "aws_vpc_endpoint",
      "name": "dynamodb",
      "provider": "provider[\"registry.terraform.io/hashicorp/aws\"]",
      "instances": []
    },
    {
      "module": "module.vpcs[\"production\"]",
      "mode": "managed",
      "type": "aws_vpc_endpoint",
      "name": "s3",
      "provider": "provider[\"registry.terraform.io/hashicorp/aws\"]",
      "instances": []
    },
    {
      "module": "module.vpcs[\"security\"]",
      "mode": "managed",
      "type": "aws_dx_gateway",
      "name": "main",
      "provider": "provider[\"registry.terraform.io/hashicorp/aws\"]",
      "instances": [
        {
          "schema_version": 0,
          "attributes": {
            "amazon_side_asn": "64512",
            "id": "c9971422-7a0c-41ff-9643-188cfdef609b",
            "name": "main-dxgw",
            "owner_account_id": "463470963000",
            "timeouts": null
          },
          "sensitive_attributes": [],
          "private": "eyJlMmJmYjczMC1lY2FhLTExZTYtOGY4OC0zNDM2M2JjN2M0YzAiOnsiY3JlYXRlIjo2MDAwMDAwMDAwMDAsImRlbGV0ZSI6NjAwMDAwMDAwMDAwfX0="
        }
      ]
    },
    {
      "module": "module.vpcs[\"security\"]",
      "mode": "managed",
      "type": "aws_dx_gateway_association",
      "name": "main",
      "provider": "provider[\"registry.terraform.io/hashicorp/aws\"]",
      "instances": [
        {
          "schema_version": 1,
          "attributes": {
            "allowed_prefixes": [
              "192.132.0.0/16",
              "192.168.1.0/24"
            ],
            "associated_gateway_id": "tgw-04057019b89b535d3",
            "associated_gateway_owner_account_id": "463470963000",
            "associated_gateway_type": "transitGateway",
            "dx_gateway_association_id": "80f596a2-2568-460d-b961-d2fafc8438a5",
            "dx_gateway_id": "c9971422-7a0c-41ff-9643-188cfdef609b",
            "dx_gateway_owner_account_id": "463470963000",
            "id": "ga-c9971422-7a0c-41ff-9643-188cfdef609btgw-04057019b89b535d3",
            "proposal_id": null,
            "timeouts": null,
            "vpn_gateway_id": null
          },
          "sensitive_attributes": [],
          "private": "eyJlMmJmYjczMC1lY2FhLTExZTYtOGY4OC0zNDM2M2JjN2M0YzAiOnsiY3JlYXRlIjoxODAwMDAwMDAwMDAwLCJkZWxldGUiOjE4MDAwMDAwMDAwMDAsInVwZGF0ZSI6MTgwMDAwMDAwMDAwMH0sInNjaGVtYV92ZXJzaW9uIjoiMSJ9",
          "dependencies": [
            "aws_ec2_transit_gateway.main",
            "module.vpcs.aws_dx_gateway.main"
          ]
        }
      ]
    },
    {
      "module": "module.vpcs[\"security\"]",
      "mode": "managed",
      "type": "aws_ec2_transit_gateway_vpc_attachment",
      "name": "vpc_attachment",
      "provider": "provider[\"registry.terraform.io/hashicorp/aws\"]",
      "instances": [
        {
          "schema_version": 0,
          "attributes": {
            "appliance_mode_support": "disable",
            "dns_support": "enable",
            "id": "tgw-attach-0beecad65c7cdfbea",
            "ipv6_support": "disable",
            "subnet_ids": [
              "subnet-08d14db1eaae5389a",
              "subnet-0e4660247f1b5a5ed"
            ],
            "tags": {
              "Environment": "Dev",
              "Name": "security-tgw-attachment",
              "Project": "Global Bank Migration",
              "Terraform": "true"
            },
            "tags_all": {
              "Environment": "Dev",
              "Name": "security-tgw-attachment",
              "Project": "Global Bank Migration",
              "Terraform": "true"
            },
            "transit_gateway_default_route_table_association": true,
            "transit_gateway_default_route_table_propagation": true,
            "transit_gateway_id": "tgw-04057019b89b535d3",
            "vpc_id": "vpc-0dc1645b2c34b96c8",
            "vpc_owner_id": "463470963000"
          },
          "sensitive_attributes": [],
          "private": "bnVsbA==",
          "dependencies": [
            "aws_ec2_transit_gateway.main",
            "module.vpcs.aws_subnet.private",
            "module.vpcs.aws_subnet.public",
            "module.vpcs.aws_vpc.main"
          ]
        }
      ]
    },
    {
      "module": "module.vpcs[\"security\"]",
      "mode": "managed",
      "type": "aws_eip",
      "name": "nat",
      "provider": "provider[\"registry.terraform.io/hashicorp/aws\"]",
      "instances": []
    },
    {
      "module": "module.vpcs[\"security\"]",
      "mode": "managed",
      "type": "aws_internet_gateway",
      "name": "igw",
      "provider": "provider[\"registry.terraform.io/hashicorp/aws\"]",
      "instances": [
        {
          "index_key": 0,
          "schema_version": 0,
          "attributes": {
            "arn": "arn:aws:ec2:eu-west-2:463470963000:internet-gateway/igw-0cb7c9c9165a12f76",
            "id": "igw-0cb7c9c9165a12f76",
            "owner_id": "463470963000",
            "tags": {
              "Environment": "Dev",
              "Name": "security-igw",
              "Project": "Global Bank Migration",
              "Terraform": "true"
            },
            "tags_all": {
              "Environment": "Dev",
              "Name": "security-igw",
              "Project": "Global Bank Migration",
              "Terraform": "true"
            },
            "timeouts": null,
            "vpc_id": "vpc-0dc1645b2c34b96c8"
          },
          "sensitive_attributes": [],
          "private": "eyJlMmJmYjczMC1lY2FhLTExZTYtOGY4OC0zNDM2M2JjN2M0YzAiOnsiY3JlYXRlIjoxMjAwMDAwMDAwMDAwLCJkZWxldGUiOjEyMDAwMDAwMDAwMDAsInVwZGF0ZSI6MTIwMDAwMDAwMDAwMH19",
          "dependencies": [
            "module.vpcs.aws_vpc.main"
          ]
        }
      ]
    },
    {
      "module": "module.vpcs[\"security\"]",
      "mode": "managed",
      "type": "aws_nat_gateway",
      "name": "nat",
      "provider": "provider[\"registry.terraform.io/hashicorp/aws\"]",
      "instances": []
    },
    {
      "module": "module.vpcs[\"security\"]",
      "mode": "managed",
      "type": "aws_route_table",
      "name": "private_nat",
      "provider": "provider[\"registry.terraform.io/hashicorp/aws\"]",
      "instances": []
    },
    {
      "module": "module.vpcs[\"security\"]",
      "mode": "managed",
      "type": "aws_route_table",
      "name": "private_no_internet",
      "provider": "provider[\"registry.terraform.io/hashicorp/aws\"]",
      "instances": []
    },
    {
      "module": "module.vpcs[\"security\"]",
      "mode": "managed",
      "type": "aws_route_table",
      "name": "public",
      "provider": "provider[\"registry.terraform.io/hashicorp/aws\"]",
      "instances": [
        {
          "index_key": "10.4.1.0/24",
          "status": "tainted",
          "schema_version": 0,
          "attributes": {
            "arn": null,
            "id": "rtb-0ac5f02fa2be9dfb1",
            "owner_id": null,
            "propagating_vgws": [],
            "route": [
              {
                "carrier_gateway_id": "",
                "cidr_block": "0.0.0.0/0",
                "core_network_arn": "",
                "destination_prefix_list_id": "",
                "egress_only_gateway_id": "",
                "gateway_id": "igw-0cb7c9c9165a12f76",
                "ipv6_cidr_block": "",
                "local_gateway_id": "",
                "nat_gateway_id": "",
                "network_interface_id": "",
                "transit_gateway_id": "",
                "vpc_endpoint_id": "",
                "vpc_peering_connection_id": ""
              },
              {
                "carrier_gateway_id": "",
                "cidr_block": "10.0.0.0/8",
                "core_network_arn": "",
                "destination_prefix_list_id": "",
                "egress_only_gateway_id": "",
                "gateway_id": "",
                "ipv6_cidr_block": "",
                "local_gateway_id": "",
                "nat_gateway_id": "",
                "network_interface_id": "",
                "transit_gateway_id": "tgw-04057019b89b535d3",
                "vpc_endpoint_id": "",
                "vpc_peering_connection_id": ""
              }
            ],
            "tags": {
              "Environment": "Dev",
              "Name": "security-public-10.4.1.0/24",
              "Project": "Global Bank Migration",
              "Terraform": "true"
            },
            "tags_all": {
              "Environment": "Dev",
              "Name": "security-public-10.4.1.0/24",
              "Project": "Global Bank Migration",
              "Terraform": "true"
            },
            "timeouts": null,
            "vpc_id": "vpc-0dc1645b2c34b96c8"
          },
          "sensitive_attributes": [],
          "private": "eyJlMmJmYjczMC1lY2FhLTExZTYtOGY4OC0zNDM2M2JjN2M0YzAiOnsiY3JlYXRlIjozMDAwMDAwMDAwMDAsImRlbGV0ZSI6MzAwMDAwMDAwMDAwLCJ1cGRhdGUiOjEyMDAwMDAwMDAwMH19",
          "dependencies": [
            "aws_ec2_transit_gateway.main",
            "module.vpcs.aws_internet_gateway.igw",
            "module.vpcs.aws_vpc.main"
          ]
        },
        {
          "index_key": "10.4.3.0/24",
          "status": "tainted",
          "schema_version": 0,
          "attributes": {
            "arn": null,
            "id": "rtb-04c491d6be151503c",
            "owner_id": null,
            "propagating_vgws": [],
            "route": [
              {
                "carrier_gateway_id": "",
                "cidr_block": "0.0.0.0/0",
                "core_network_arn": "",
                "destination_prefix_list_id": "",
                "egress_only_gateway_id": "",
                "gateway_id": "igw-0cb7c9c9165a12f76",
                "ipv6_cidr_block": "",
                "local_gateway_id": "",
                "nat_gateway_id": "",
                "network_interface_id": "",
                "transit_gateway_id": "",
                "vpc_endpoint_id": "",
                "vpc_peering_connection_id": ""
              },
              {
                "carrier_gateway_id": "",
                "cidr_block": "10.0.0.0/8",
                "core_network_arn": "",
                "destination_prefix_list_id": "",
                "egress_only_gateway_id": "",
                "gateway_id": "",
                "ipv6_cidr_block": "",
                "local_gateway_id": "",
                "nat_gateway_id": "",
                "network_interface_id": "",
                "transit_gateway_id": "tgw-04057019b89b535d3",
                "vpc_endpoint_id": "",
                "vpc_peering_connection_id": ""
              }
            ],
            "tags": {
              "Environment": "Dev",
              "Name": "security-public-10.4.3.0/24",
              "Project": "Global Bank Migration",
              "Terraform": "true"
            },
            "tags_all": {
              "Environment": "Dev",
              "Name": "security-public-10.4.3.0/24",
              "Project": "Global Bank Migration",
              "Terraform": "true"
            },
            "timeouts": null,
            "vpc_id": "vpc-0dc1645b2c34b96c8"
          },
          "sensitive_attributes": [],
          "private": "eyJlMmJmYjczMC1lY2FhLTExZTYtOGY4OC0zNDM2M2JjN2M0YzAiOnsiY3JlYXRlIjozMDAwMDAwMDAwMDAsImRlbGV0ZSI6MzAwMDAwMDAwMDAwLCJ1cGRhdGUiOjEyMDAwMDAwMDAwMH19",
          "dependencies": [
            "aws_ec2_transit_gateway.main",
            "module.vpcs.aws_internet_gateway.igw",
            "module.vpcs.aws_vpc.main"
          ]
        }
      ]
    },
    {
      "module": "module.vpcs[\"security\"]",
      "mode": "managed",
      "type": "aws_route_table_association",
      "name": "private",
      "provider": "provider[\"registry.terraform.io/hashicorp/aws\"]",
      "instances": []
    },
    {
      "module": "module.vpcs[\"security\"]",
      "mode": "managed",
      "type": "aws_security_group",
      "name": "data_db",
      "provider": "provider[\"registry.terraform.io/hashicorp/aws\"]",
      "instances": []
    },
    {
      "module": "module.vpcs[\"security\"]",
      "mode": "managed",
      "type": "aws_security_group",
      "name": "mgmt_admin",
      "provider": "provider[\"registry.terraform.io/hashicorp/aws\"]",
      "instances": []
    },
    {
      "module": "module.vpcs[\"security\"]",
      "mode": "managed",
      "type": "aws_security_group",
      "name": "mgmt_bastion",
      "provider": "provider[\"registry.terraform.io/hashicorp/aws\"]",
      "instances": []
    },
    {
      "module": "module.vpcs[\"security\"]",
      "mode": "managed",
      "type": "aws_security_group",
      "name": "prod_app",
      "provider": "provider[\"registry.terraform.io/hashicorp/aws\"]",
      "instances": []
    },
    {
      "module": "module.vpcs[\"security\"]",
      "mode": "managed",
      "type": "aws_security_group",
      "name": "prod_web",
      "provider": "provider[\"registry.terraform.io/hashicorp/aws\"]",
      "instances": []
    },
    {
      "module": "module.vpcs[\"security\"]",
      "mode": "managed",
      "type": "aws_security_group",
      "name": "sec_logging",
      "provider": "provider[\"registry.terraform.io/hashicorp/aws\"]",
      "instances": [
        {
          "index_key": 0,
          "schema_version": 1,
          "attributes": {
            "arn": "arn:aws:ec2:eu-west-2:463470963000:security-group/sg-02d39d7de0750610b",
            "description": "Managed by Terraform",
            "egress": [
              {
                "cidr_blocks": [
                  "0.0.0.0/0"
                ],
                "description": "",
                "from_port": 0,
                "ipv6_cidr_blocks": [],
                "prefix_list_ids": [],
                "protocol": "-1",
                "security_groups": [],
                "self": false,
                "to_port": 0
              }
            ],
            "id": "sg-02d39d7de0750610b",
            "ingress": [
              {
                "cidr_blocks": [
                  "10.0.0.0/8"
                ],
                "description": "",
                "from_port": 514,
                "ipv6_cidr_blocks": [],
                "prefix_list_ids": [],
                "protocol": "udp",
                "security_groups": [],
                "self": false,
                "to_port": 514
              }
            ],
            "name": "security-logging-sg",
            "name_prefix": "",
            "owner_id": "463470963000",
            "revoke_rules_on_delete": false,
            "tags": {
              "Environment": "Dev",
              "Name": "security-logging-sg",
              "Project": "Global Bank Migration",
              "Terraform": "true"
            },
            "tags_all": {
              "Environment": "Dev",
              "Name": "security-logging-sg",
              "Project": "Global Bank Migration",
              "Terraform": "true"
            },
            "timeouts": null,
            "vpc_id": "vpc-0dc1645b2c34b96c8"
          },
          "sensitive_attributes": [],
          "private": "eyJlMmJmYjczMC1lY2FhLTExZTYtOGY4OC0zNDM2M2JjN2M0YzAiOnsiY3JlYXRlIjo2MDAwMDAwMDAwMDAsImRlbGV0ZSI6OTAwMDAwMDAwMDAwfSwic2NoZW1hX3ZlcnNpb24iOiIxIn0=",
          "dependencies": [
            "module.vpcs.aws_vpc.main"
          ]
        }
      ]
    },
    {
      "module": "module.vpcs[\"security\"]",
      "mode": "managed",
      "type": "aws_security_group",
      "name": "sec_monitoring",
      "provider": "provider[\"registry.terraform.io/hashicorp/aws\"]",
      "instances": [
        {
          "index_key": 0,
          "schema_version": 1,
          "attributes": {
            "arn": "arn:aws:ec2:eu-west-2:463470963000:security-group/sg-0b368bfcfc15b537a",
            "description": "Managed by Terraform",
            "egress": [
              {
                "cidr_blocks": [
                  "0.0.0.0/0"
                ],
                "description": "",
                "from_port": 0,
                "ipv6_cidr_blocks": [],
                "prefix_list_ids": [],
                "protocol": "-1",
                "security_groups": [],
                "self": false,
                "to_port": 0
              }
            ],
            "id": "sg-0b368bfcfc15b537a",
            "ingress": [
              {
                "cidr_blocks": [
                  "10.0.0.0/8"
                ],
                "description": "",
                "from_port": 9090,
                "ipv6_cidr_blocks": [],
                "prefix_list_ids": [],
                "protocol": "tcp",
                "security_groups": [],
                "self": false,
                "to_port": 9090
              }
            ],
            "name": "security-monitoring-sg",
            "name_prefix": "",
            "owner_id": "463470963000",
            "revoke_rules_on_delete": false,
            "tags": {
              "Environment": "Dev",
              "Name": "security-monitoring-sg",
              "Project": "Global Bank Migration",
              "Terraform": "true"
            },
            "tags_all": {
              "Environment": "Dev",
              "Name": "security-monitoring-sg",
              "Project": "Global Bank Migration",
              "Terraform": "true"
            },
            "timeouts": null,
            "vpc_id": "vpc-0dc1645b2c34b96c8"
          },
          "sensitive_attributes": [],
          "private": "eyJlMmJmYjczMC1lY2FhLTExZTYtOGY4OC0zNDM2M2JjN2M0YzAiOnsiY3JlYXRlIjo2MDAwMDAwMDAwMDAsImRlbGV0ZSI6OTAwMDAwMDAwMDAwfSwic2NoZW1hX3ZlcnNpb24iOiIxIn0=",
          "dependencies": [
            "module.vpcs.aws_vpc.main"
          ]
        }
      ]
    },
    {
      "module": "module.vpcs[\"security\"]",
      "mode": "managed",
      "type": "aws_subnet",
      "name": "private",
      "provider": "provider[\"registry.terraform.io/hashicorp/aws\"]",
      "instances": []
    },
    {
      "module": "module.vpcs[\"security\"]",
      "mode": "managed",
      "type": "aws_subnet",
      "name": "public",
      "provider": "provider[\"registry.terraform.io/hashicorp/aws\"]",
      "instances": [
        {
          "index_key": "10.4.1.0/24",
          "schema_version": 1,
          "attributes": {
            "arn": "arn:aws:ec2:eu-west-2:463470963000:subnet/subnet-08d14db1eaae5389a",
            "assign_ipv6_address_on_creation": false,
            "availability_zone": "eu-west-2a",
            "availability_zone_id": "euw2-az2",
            "cidr_block": "10.4.1.0/24",
            "customer_owned_ipv4_pool": "",
            "enable_dns64": false,
            "enable_lni_at_device_index": 0,
            "enable_resource_name_dns_a_record_on_launch": false,
            "enable_resource_name_dns_aaaa_record_on_launch": false,
            "id": "subnet-08d14db1eaae5389a",
            "ipv6_cidr_block": "",
            "ipv6_cidr_block_association_id": "",
            "ipv6_native": false,
            "map_customer_owned_ip_on_launch": false,
            "map_public_ip_on_launch": false,
            "outpost_arn": "",
            "owner_id": "463470963000",
            "private_dns_hostname_type_on_launch": "ip-name",
            "tags": {
              "Environment": "Dev",
              "Name": "security-public-10.4.1.0/24",
              "Project": "Global Bank Migration",
              "Terraform": "true"
            },
            "tags_all": {
              "Environment": "Dev",
              "Name": "security-public-10.4.1.0/24",
              "Project": "Global Bank Migration",
              "Terraform": "true"
            },
            "timeouts": null,
            "vpc_id": "vpc-0dc1645b2c34b96c8"
          },
          "sensitive_attributes": [],
          "private": "eyJlMmJmYjczMC1lY2FhLTExZTYtOGY4OC0zNDM2M2JjN2M0YzAiOnsiY3JlYXRlIjo2MDAwMDAwMDAwMDAsImRlbGV0ZSI6MTIwMDAwMDAwMDAwMH0sInNjaGVtYV92ZXJzaW9uIjoiMSJ9",
          "dependencies": [
            "module.vpcs.aws_vpc.main"
          ],
          "create_before_destroy": true
        },
        {
          "index_key": "10.4.3.0/24",
          "schema_version": 1,
          "attributes": {
            "arn": "arn:aws:ec2:eu-west-2:463470963000:subnet/subnet-0e4660247f1b5a5ed",
            "assign_ipv6_address_on_creation": false,
            "availability_zone": "eu-west-2b",
            "availability_zone_id": "euw2-az3",
            "cidr_block": "10.4.3.0/24",
            "customer_owned_ipv4_pool": "",
            "enable_dns64": false,
            "enable_lni_at_device_index": 0,
            "enable_resource_name_dns_a_record_on_launch": false,
            "enable_resource_name_dns_aaaa_record_on_launch": false,
            "id": "subnet-0e4660247f1b5a5ed",
            "ipv6_cidr_block": "",
            "ipv6_cidr_block_association_id": "",
            "ipv6_native": false,
            "map_customer_owned_ip_on_launch": false,
            "map_public_ip_on_launch": false,
            "outpost_arn": "",
            "owner_id": "463470963000",
            "private_dns_hostname_type_on_launch": "ip-name",
            "tags": {
              "Environment": "Dev",
              "Name": "security-public-10.4.3.0/24",
              "Project": "Global Bank Migration",
              "Terraform": "true"
            },
            "tags_all": {
              "Environment": "Dev",
              "Name": "security-public-10.4.3.0/24",
              "Project": "Global Bank Migration",
              "Terraform": "true"
            },
            "timeouts": null,
            "vpc_id": "vpc-0dc1645b2c34b96c8"
          },
          "sensitive_attributes": [],
          "private": "eyJlMmJmYjczMC1lY2FhLTExZTYtOGY4OC0zNDM2M2JjN2M0YzAiOnsiY3JlYXRlIjo2MDAwMDAwMDAwMDAsImRlbGV0ZSI6MTIwMDAwMDAwMDAwMH0sInNjaGVtYV92ZXJzaW9uIjoiMSJ9",
          "dependencies": [
            "module.vpcs.aws_vpc.main"
          ],
          "create_before_destroy": true
        }
      ]
    },
    {
      "module": "module.vpcs[\"security\"]",
      "mode": "managed",
      "type": "aws_vpc",
      "name": "main",
      "provider": "provider[\"registry.terraform.io/hashicorp/aws\"]",
      "instances": [
        {
          "schema_version": 1,
          "attributes": {
            "arn": "arn:aws:ec2:eu-west-2:463470963000:vpc/vpc-0dc1645b2c34b96c8",
            "assign_generated_ipv6_cidr_block": false,
            "cidr_block": "10.4.0.0/16",
            "default_network_acl_id": "acl-00aa0c01f9bde0a4a",
            "default_route_table_id": "rtb-085225113a89dd8fb",
            "default_security_group_id": "sg-09040af3df6cad798",
            "dhcp_options_id": "dopt-0ff17d7f379be5815",
            "enable_dns_hostnames": true,
            "enable_dns_support": true,
            "enable_network_address_usage_metrics": false,
            "id": "vpc-0dc1645b2c34b96c8",
            "instance_tenancy": "default",
            "ipv4_ipam_pool_id": null,
            "ipv4_netmask_length": null,
            "ipv6_association_id": "",
            "ipv6_cidr_block": "",
            "ipv6_cidr_block_network_border_group": "",
            "ipv6_ipam_pool_id": "",
            "ipv6_netmask_length": 0,
            "main_route_table_id": "rtb-085225113a89dd8fb",
            "owner_id": "463470963000",
            "tags": {
              "Environment": "Dev",
              "Project": "Global Bank Migration",
              "Terraform": "true"
            },
            "tags_all": {
              "Environment": "Dev",
              "Project": "Global Bank Migration",
              "Terraform": "true"
            }
          },
          "sensitive_attributes": [],
          "private": "eyJzY2hlbWFfdmVyc2lvbiI6IjEifQ==",
          "create_before_destroy": true
        }
      ]
    },
    {
      "module": "module.vpcs[\"security\"]",
      "mode": "managed",
      "type": "aws_vpc_endpoint",
      "name": "dynamodb",
      "provider": "provider[\"registry.terraform.io/hashicorp/aws\"]",
      "instances": []
    },
    {
      "module": "module.vpcs[\"security\"]",
      "mode": "managed",
      "type": "aws_vpc_endpoint",
      "name": "s3",
      "provider": "provider[\"registry.terraform.io/hashicorp/aws\"]",
      "instances": []
    }
  ],
  "check_results": null
}
