{
  "version": 4,
  "terraform_version": "1.9.5",
  "serial": 4148,
  "lineage": "c1f75dd7-541c-e6cd-b33b-90b1be84a54d",
  "outputs": {
    "cluster_endpoint": {
      "value": "https://FB46CAB9C7894FB8F4F0DB4CAD39D2A8.yl4.eu-west-2.eks.amazonaws.com",
      "type": "string"
    },
    "cluster_name": {
      "value": "banking-eks",
      "type": "string"
    },
    "cluster_oidc_issuer_url": {
      "value": "https://oidc.eks.eu-west-2.amazonaws.com/id/FB46CAB9C7894FB8F4F0DB4CAD39D2A8",
      "type": "string"
    },
    "eks_oidc_provider_arn": {
      "value": "arn:aws:iam::463470963000:oidc-provider/oidc.eks.eu-west-2.amazonaws.com/id/FB46CAB9C7894FB8F4F0DB4CAD39D2A8",
      "type": "string"
    },
    "private_subnet_ids": {
      "value": {
        "data": [
          "subnet-037baaa07eb24a25a",
          "subnet-0711fdba8c4b27425"
        ],
        "management": [],
        "production": [
          "subnet-0a17621573cb7594e",
          "subnet-0d7f9144a58eddf7a"
        ],
        "security": []
      },
      "type": [
        "object",
        {
          "data": [
            "tuple",
            [
              "string",
              "string"
            ]
          ],
          "management": [
            "tuple",
            []
          ],
          "production": [
            "tuple",
            [
              "string",
              "string"
            ]
          ],
          "security": [
            "tuple",
            []
          ]
        }
      ]
    },
    "public_subnet_ids": {
      "value": {
        "data": [],
        "management": [
          "subnet-0c3af30b443f245a1",
          "subnet-0e34beab86f929435"
        ],
        "production": [
          "subnet-028c5566eda7198ba",
          "subnet-0f87937c93b4ae5c8"
        ],
        "security": [
          "subnet-01686007236f9c244",
          "subnet-02fd51bbdcd23af0f"
        ]
      },
      "type": [
        "object",
        {
          "data": [
            "tuple",
            []
          ],
          "management": [
            "tuple",
            [
              "string",
              "string"
            ]
          ],
          "production": [
            "tuple",
            [
              "string",
              "string"
            ]
          ],
          "security": [
            "tuple",
            [
              "string",
              "string"
            ]
          ]
        }
      ]
    },
    "vpc_cidr_blocks": {
      "value": [
        "10.2.0.0/16",
        "10.3.0.0/16",
        "10.1.0.0/16",
        "10.4.0.0/16"
      ],
      "type": [
        "tuple",
        [
          "string",
          "string",
          "string",
          "string"
        ]
      ]
    },
    "vpc_cidrs": {
      "value": {
        "data": "10.2.0.0/16",
        "management": "10.3.0.0/16",
        "production": "10.1.0.0/16",
        "security": "10.4.0.0/16"
      },
      "type": [
        "object",
        {
          "data": "string",
          "management": "string",
          "production": "string",
          "security": "string"
        }
      ]
    },
    "vpc_ids": {
      "value": {
        "data": "vpc-0350f314d62fdb9fd",
        "management": "vpc-07e605cbb0bf496d2",
        "production": "vpc-0e7125758c70e0a93",
        "security": "vpc-08a593e8d7f06aa75"
      },
      "type": [
        "object",
        {
          "data": "string",
          "management": "string",
          "production": "string",
          "security": "string"
        }
      ]
    },
    "vpc_names": {
      "value": {
        "data": "data",
        "management": "management",
        "production": "production",
        "security": "security"
      },
      "type": [
        "object",
        {
          "data": "string",
          "management": "string",
          "production": "string",
          "security": "string"
        }
      ]
    }
  },
  "resources": [
    {
      "mode": "managed",
      "type": "aws_ec2_transit_gateway",
      "name": "main",
      "provider": "provider[\"registry.terraform.io/hashicorp/aws\"]",
      "instances": [
        {
          "schema_version": 0,
          "attributes": {
            "amazon_side_asn": 64514,
            "arn": "arn:aws:ec2:eu-west-2:463470963000:transit-gateway/tgw-00aa32a334720d8ed",
            "association_default_route_table_id": "tgw-rtb-053f39f51a35934da",
            "auto_accept_shared_attachments": "disable",
            "default_route_table_association": "enable",
            "default_route_table_propagation": "enable",
            "description": "Main Transit Gateway",
            "dns_support": "enable",
            "id": "tgw-00aa32a334720d8ed",
            "multicast_support": "disable",
            "owner_id": "463470963000",
            "propagation_default_route_table_id": "tgw-rtb-053f39f51a35934da",
            "tags": {
              "Environment": "Dev",
              "Name": "main-tgw",
              "Project": "Global Bank Migration",
              "Terraform": "true"
            },
            "tags_all": {
              "Environment": "Dev",
              "Name": "main-tgw",
              "Project": "Global Bank Migration",
              "Terraform": "true"
            },
            "timeouts": null,
            "transit_gateway_cidr_blocks": null,
            "vpn_ecmp_support": "enable"
          },
          "sensitive_attributes": [],
          "private": "eyJlMmJmYjczMC1lY2FhLTExZTYtOGY4OC0zNDM2M2JjN2M0YzAiOnsiY3JlYXRlIjo2MDAwMDAwMDAwMDAsImRlbGV0ZSI6NjAwMDAwMDAwMDAwLCJ1cGRhdGUiOjYwMDAwMDAwMDAwMH19"
        }
      ]
    },
    {
      "module": "module.api",
      "mode": "managed",
      "type": "aws_acm_certificate",
      "name": "api_certificate",
      "provider": "provider[\"registry.terraform.io/hashicorp/aws\"]",
      "instances": [
        {
          "schema_version": 0,
          "attributes": {
            "arn": "arn:aws:acm:eu-west-2:463470963000:certificate/475b494b-b808-4af8-bcd6-52ca74d1e4ab",
            "certificate_authority_arn": "",
            "certificate_body": null,
            "certificate_chain": null,
            "domain_name": "api.banking-domain.com",
            "domain_validation_options": [
              {
                "domain_name": "api.banking-domain.com",
                "resource_record_name": "_10dff9e7ce1831703d037850bf9335c7.api.banking-domain.com.",
                "resource_record_type": "CNAME",
                "resource_record_value": "_e1a0dd947355e19ddde13d612a41562b.djqtsrsxkq.acm-validations.aws."
              }
            ],
            "early_renewal_duration": "",
            "id": "arn:aws:acm:eu-west-2:463470963000:certificate/475b494b-b808-4af8-bcd6-52ca74d1e4ab",
            "key_algorithm": "RSA_2048",
            "not_after": "",
            "not_before": "",
            "options": [
              {
                "certificate_transparency_logging_preference": "ENABLED"
              }
            ],
            "pending_renewal": false,
            "private_key": null,
            "renewal_eligibility": "INELIGIBLE",
            "renewal_summary": [],
            "status": "PENDING_VALIDATION",
            "subject_alternative_names": [
              "api.banking-domain.com"
            ],
            "tags": null,
            "tags_all": {},
            "type": "AMAZON_ISSUED",
            "validation_emails": [],
            "validation_method": "DNS",
            "validation_option": []
          },
          "sensitive_attributes": [
            [
              {
                "type": "get_attr",
                "value": "private_key"
              }
            ]
          ],
          "private": "bnVsbA=="
        }
      ]
    },
    {
      "module": "module.api",
      "mode": "managed",
      "type": "aws_api_gateway_api_key",
      "name": "partner",
      "provider": "provider[\"registry.terraform.io/hashicorp/aws\"]",
      "instances": [
        {
          "schema_version": 0,
          "attributes": {
            "arn": "arn:aws:apigateway:eu-west-2::/apikeys/52gc2yaw6e",
            "created_date": "2024-12-04T09:43:48Z",
            "customer_id": "",
            "description": "Managed by Terraform",
            "enabled": true,
            "id": "52gc2yaw6e",
            "last_updated_date": "2024-12-04T09:43:48Z",
            "name": "partner-api-key",
            "tags": null,
            "tags_all": {},
            "value": "MYoNMkieFy9LFsv3vw82d5I1WV3nypV7jVrEn2j0"
          },
          "sensitive_attributes": [
            [
              {
                "type": "get_attr",
                "value": "value"
              }
            ]
          ],
          "private": "bnVsbA=="
        }
      ]
    },
    {
      "module": "module.api",
      "mode": "managed",
      "type": "aws_api_gateway_method",
      "name": "fraud_post",
      "provider": "provider[\"registry.terraform.io/hashicorp/aws\"]",
      "instances": [
        {
          "schema_version": 0,
          "attributes": {
            "api_key_required": true,
            "authorization": "AWS_IAM",
            "authorization_scopes": null,
            "authorizer_id": null,
            "http_method": "POST",
            "id": "agm-843gs2dezi-o4ow6j-POST",
            "operation_name": null,
            "request_models": null,
            "request_parameters": null,
            "request_validator_id": null,
            "resource_id": "o4ow6j",
            "rest_api_id": "843gs2dezi"
          },
          "sensitive_attributes": [],
          "private": "bnVsbA==",
          "dependencies": [
            "module.api.aws_api_gateway_resource.fraud",
            "module.api.aws_api_gateway_rest_api.banking"
          ],
          "create_before_destroy": true
        }
      ]
    },
    {
      "module": "module.api",
      "mode": "managed",
      "type": "aws_api_gateway_resource",
      "name": "fraud",
      "provider": "provider[\"registry.terraform.io/hashicorp/aws\"]",
      "instances": [
        {
          "schema_version": 0,
          "attributes": {
            "id": "o4ow6j",
            "parent_id": "tbyn8qwwab",
            "path": "/fraud-check",
            "path_part": "fraud-check",
            "rest_api_id": "843gs2dezi"
          },
          "sensitive_attributes": [],
          "private": "bnVsbA==",
          "dependencies": [
            "module.api.aws_api_gateway_rest_api.banking"
          ],
          "create_before_destroy": true
        }
      ]
    },
    {
      "module": "module.api",
      "mode": "managed",
      "type": "aws_api_gateway_rest_api",
      "name": "banking",
      "provider": "provider[\"registry.terraform.io/hashicorp/aws\"]",
      "instances": [
        {
          "schema_version": 0,
          "attributes": {
            "api_key_source": "HEADER",
            "arn": "arn:aws:apigateway:eu-west-2::/restapis/843gs2dezi",
            "binary_media_types": [],
            "body": null,
            "created_date": "2024-12-04T09:43:51Z",
            "description": "Banking System API",
            "disable_execute_api_endpoint": false,
            "endpoint_configuration": [
              {
                "types": [
                  "REGIONAL"
                ],
                "vpc_endpoint_ids": []
              }
            ],
            "execution_arn": "arn:aws:execute-api:eu-west-2:463470963000:843gs2dezi",
            "fail_on_warnings": null,
            "id": "843gs2dezi",
            "minimum_compression_size": "",
            "name": "banking-api",
            "parameters": null,
            "policy": "",
            "put_rest_api_mode": null,
            "root_resource_id": "tbyn8qwwab",
            "tags": null,
            "tags_all": {}
          },
          "sensitive_attributes": [],
          "private": "bnVsbA==",
          "create_before_destroy": true
        }
      ]
    },
    {
      "module": "module.compute",
      "mode": "data",
      "type": "aws_ami",
      "name": "amazon_linux_2",
      "provider": "provider[\"registry.terraform.io/hashicorp/aws\"]",
      "instances": [
        {
          "schema_version": 0,
          "attributes": {
            "architecture": "x86_64",
            "arn": "arn:aws:ec2:eu-west-2::image/ami-05a565b66a3d7955a",
            "block_device_mappings": [
              {
                "device_name": "/dev/xvda",
                "ebs": {
                  "delete_on_termination": "true",
                  "encrypted": "false",
                  "iops": "3000",
                  "snapshot_id": "snap-061685424cc034be0",
                  "throughput": "125",
                  "volume_size": "2",
                  "volume_type": "gp3"
                },
                "no_device": "",
                "virtual_name": ""
              }
            ],
            "boot_mode": "uefi-preferred",
            "creation_date": "2024-11-22T05:31:06.000Z",
            "deprecation_time": "2025-02-20T05:31:00.000Z",
            "description": "Amazon Linux 2023 AMI 2023.6.20241121.0 x86_64 Minimal HVM kernel-6.1",
            "ena_support": true,
            "executable_users": null,
            "filter": [
              {
                "name": "name",
                "values": [
                  "al2023-ami-*-x86_64"
                ]
              }
            ],
            "hypervisor": "xen",
            "id": "ami-05a565b66a3d7955a",
            "image_id": "ami-05a565b66a3d7955a",
            "image_location": "amazon/al2023-ami-minimal-2023.6.20241121.0-kernel-6.1-x86_64",
            "image_owner_alias": "amazon",
            "image_type": "machine",
            "imds_support": "v2.0",
            "include_deprecated": false,
            "kernel_id": "",
            "most_recent": true,
            "name": "al2023-ami-minimal-2023.6.20241121.0-kernel-6.1-x86_64",
            "name_regex": null,
            "owner_id": "137112412989",
            "owners": [
              "amazon"
            ],
            "platform": "",
            "platform_details": "Linux/UNIX",
            "product_codes": [],
            "public": true,
            "ramdisk_id": "",
            "root_device_name": "/dev/xvda",
            "root_device_type": "ebs",
            "root_snapshot_id": "snap-061685424cc034be0",
            "sriov_net_support": "simple",
            "state": "available",
            "state_reason": {
              "code": "UNSET",
              "message": "UNSET"
            },
            "tags": {},
            "timeouts": null,
            "tpm_support": "",
            "usage_operation": "RunInstances",
            "virtualization_type": "hvm"
          },
          "sensitive_attributes": []
        }
      ]
    },
    {
      "module": "module.compute",
      "mode": "data",
      "type": "aws_caller_identity",
      "name": "current",
      "provider": "provider[\"registry.terraform.io/hashicorp/aws\"]",
      "instances": [
        {
          "schema_version": 0,
          "attributes": {
            "account_id": "463470963000",
            "arn": "arn:aws:iam::463470963000:root",
            "id": "463470963000",
            "user_id": "463470963000"
          },
          "sensitive_attributes": []
        }
      ]
    },
    {
      "module": "module.compute",
      "mode": "data",
      "type": "aws_region",
      "name": "current",
      "provider": "provider[\"registry.terraform.io/hashicorp/aws\"]",
      "instances": [
        {
          "schema_version": 0,
          "attributes": {
            "description": "Europe (London)",
            "endpoint": "ec2.eu-west-2.amazonaws.com",
            "id": "eu-west-2",
            "name": "eu-west-2"
          },
          "sensitive_attributes": []
        }
      ]
    },
    {
      "module": "module.compute",
      "mode": "managed",
      "type": "aws_autoscaling_group",
      "name": "bastion",
      "provider": "provider[\"registry.terraform.io/hashicorp/aws\"]",
      "instances": [
        {
          "schema_version": 1,
          "attributes": {
            "arn": "arn:aws:autoscaling:eu-west-2:463470963000:autoScalingGroup:092bd9b5-fb1d-4f7f-8c16-9a61f514f8fd:autoScalingGroupName/bastion-asg",
            "availability_zones": [
              "eu-west-2a",
              "eu-west-2b"
            ],
            "capacity_rebalance": false,
            "context": "",
            "default_cooldown": 300,
            "default_instance_warmup": 0,
            "desired_capacity": 2,
            "desired_capacity_type": "",
            "enabled_metrics": null,
            "force_delete": false,
            "force_delete_warm_pool": false,
            "health_check_grace_period": 300,
            "health_check_type": "ELB",
            "id": "bastion-asg",
            "ignore_failed_scaling_activities": false,
            "initial_lifecycle_hook": [],
            "instance_maintenance_policy": [],
            "instance_refresh": [],
            "launch_configuration": "",
            "launch_template": [
              {
                "id": "lt-0ca98b85e7e412a5b",
                "name": "bastion20241204094440426900000027",
                "version": "$Latest"
              }
            ],
            "load_balancers": [],
            "max_instance_lifetime": 0,
            "max_size": 2,
            "metrics_granularity": "1Minute",
            "min_elb_capacity": null,
            "min_size": 1,
            "mixed_instances_policy": [],
            "name": "bastion-asg",
            "name_prefix": "",
            "placement_group": "",
            "predicted_capacity": 0,
            "protect_from_scale_in": false,
            "service_linked_role_arn": "arn:aws:iam::463470963000:role/aws-service-role/autoscaling.amazonaws.com/AWSServiceRoleForAutoScaling",
            "suspended_processes": null,
            "tag": [],
            "target_group_arns": [
              "arn:aws:elasticloadbalancing:eu-west-2:463470963000:targetgroup/bastion-tg/8dba3b8e5b249c87"
            ],
            "termination_policies": null,
            "timeouts": null,
            "traffic_source": [
              {
                "identifier": "arn:aws:elasticloadbalancing:eu-west-2:463470963000:targetgroup/bastion-tg/8dba3b8e5b249c87",
                "type": "elbv2"
              }
            ],
            "vpc_zone_identifier": [
              "subnet-0c3af30b443f245a1",
              "subnet-0e34beab86f929435"
            ],
            "wait_for_capacity_timeout": "10m",
            "wait_for_elb_capacity": null,
            "warm_pool": [],
            "warm_pool_size": 0
          },
          "sensitive_attributes": [],
          "private": "eyJlMmJmYjczMC1lY2FhLTExZTYtOGY4OC0zNDM2M2JjN2M0YzAiOnsiZGVsZXRlIjo2MDAwMDAwMDAwMDAsInVwZGF0ZSI6NjAwMDAwMDAwMDAwfSwic2NoZW1hX3ZlcnNpb24iOiIxIn0=",
          "dependencies": [
            "module.compute.aws_iam_instance_profile.bastion",
            "module.compute.aws_launch_template.bastion",
            "module.compute.aws_lb_target_group.bastion",
            "module.compute.aws_security_group.bastion",
            "module.compute.data.aws_ami.amazon_linux_2",
            "module.security.aws_iam_role.bastion",
            "module.vpcs.aws_subnet.public",
            "module.vpcs.aws_vpc.main"
          ]
        }
      ]
    },
    {
      "module": "module.compute",
      "mode": "managed",
      "type": "aws_iam_instance_profile",
      "name": "bastion",
      "provider": "provider[\"registry.terraform.io/hashicorp/aws\"]",
      "instances": [
        {
          "schema_version": 0,
          "attributes": {
            "arn": "arn:aws:iam::463470963000:instance-profile/bastion-profile",
            "create_date": "2024-12-04T09:44:24Z",
            "id": "bastion-profile",
            "name": "bastion-profile",
            "name_prefix": "",
            "path": "/",
            "role": "bastionrole",
            "tags": null,
            "tags_all": {},
            "unique_id": "AIPAWX2IFVE4P2UA3TQZT"
          },
          "sensitive_attributes": [],
          "private": "bnVsbA==",
          "dependencies": [
            "module.security.aws_iam_role.bastion"
          ]
        }
      ]
    },
    {
      "module": "module.compute",
      "mode": "managed",
      "type": "aws_lambda_function",
      "name": "config_rules",
      "provider": "provider[\"registry.terraform.io/hashicorp/aws\"]",
      "instances": [
        {
          "schema_version": 0,
          "attributes": {
            "architectures": [
              "x86_64"
            ],
            "arn": "arn:aws:lambda:eu-west-2:463470963000:function:config-rule-changes",
            "code_sha256": "7L4UKH/OguqcK0pV9+cBEjkgCC3H+3XMKxabVSS23i4=",
            "code_signing_config_arn": "",
            "dead_letter_config": [],
            "description": "",
            "environment": [
              {
                "variables": {
                  "APPROVED_PORTS": "80,443,22",
                  "ENVIRONMENT": "production",
                  "SECURITY_GROUP_IDS": "sg-0f7033fe3e0f968d5,sg-0af5d26e75108ae34",
                  "SNS_TOPIC_ARN": "arn:aws:sns:eu-west-2:463470963000:global-banking-alerts",
                  "VPC_ID": "vpc-0e7125758c70e0a93"
                }
              }
            ],
            "ephemeral_storage": [
              {
                "size": 512
              }
            ],
            "file_system_config": [],
            "filename": "modules/compute/../../../lambda/config-rule-changes/config-rule-changes.zip",
            "function_name": "config-rule-changes",
            "handler": "app.lambda_handler",
            "id": "config-rule-changes",
            "image_config": [],
            "image_uri": "",
            "invoke_arn": "arn:aws:apigateway:eu-west-2:lambda:path/2015-03-31/functions/arn:aws:lambda:eu-west-2:463470963000:function:config-rule-changes/invocations",
            "kms_key_arn": "",
            "last_modified": "2024-12-04T09:46:51.437+0000",
            "layers": null,
            "logging_config": [
              {
                "application_log_level": "",
                "log_format": "Text",
                "log_group": "/aws/lambda/config-rule-changes",
                "system_log_level": ""
              }
            ],
            "memory_size": 256,
            "package_type": "Zip",
            "publish": false,
            "qualified_arn": "arn:aws:lambda:eu-west-2:463470963000:function:config-rule-changes:$LATEST",
            "qualified_invoke_arn": "arn:aws:apigateway:eu-west-2:lambda:path/2015-03-31/functions/arn:aws:lambda:eu-west-2:463470963000:function:config-rule-changes:$LATEST/invocations",
            "replace_security_groups_on_destroy": null,
            "replacement_security_group_ids": null,
            "reserved_concurrent_executions": -1,
            "role": "arn:aws:iam::463470963000:role/lambda-role",
            "runtime": "python3.12",
            "s3_bucket": null,
            "s3_key": null,
            "s3_object_version": null,
            "signing_job_arn": "",
            "signing_profile_version_arn": "",
            "skip_destroy": false,
            "snap_start": [],
            "source_code_hash": "",
            "source_code_size": 1071,
            "tags": null,
            "tags_all": {},
            "timeout": 30,
            "timeouts": null,
            "tracing_config": [
              {
                "mode": "PassThrough"
              }
            ],
            "version": "$LATEST",
            "vpc_config": [
              {
                "ipv6_allowed_for_dual_stack": false,
                "security_group_ids": [
                  "sg-0701fb4fd2b150c7f"
                ],
                "subnet_ids": [
                  "subnet-028c5566eda7198ba",
                  "subnet-0f87937c93b4ae5c8"
                ],
                "vpc_id": "vpc-0e7125758c70e0a93"
              }
            ]
          },
          "sensitive_attributes": [],
          "private": "eyJlMmJmYjczMC1lY2FhLTExZTYtOGY4OC0zNDM2M2JjN2M0YzAiOnsiY3JlYXRlIjo2MDAwMDAwMDAwMDAsImRlbGV0ZSI6NjAwMDAwMDAwMDAwLCJ1cGRhdGUiOjYwMDAwMDAwMDAwMH19",
          "dependencies": [
            "module.compute.aws_security_group.alb",
            "module.compute.aws_security_group.lambda",
            "module.eks.aws_security_group.cluster",
            "module.monitoring.aws_sns_topic.banking_alerts",
            "module.security.aws_iam_role.lambda",
            "module.vpcs.aws_subnet.public",
            "module.vpcs.aws_vpc.main"
          ]
        }
      ]
    },
    {
      "module": "module.compute",
      "mode": "managed",
      "type": "aws_lambda_function",
      "name": "macie_findings",
      "provider": "provider[\"registry.terraform.io/hashicorp/aws\"]",
      "instances": [
        {
          "schema_version": 0,
          "attributes": {
            "architectures": [
              "x86_64"
            ],
            "arn": "arn:aws:lambda:eu-west-2:463470963000:function:macie-sensitive-data-findings",
            "code_sha256": "Z+0j/i9HBIylpyW0Avp2jXJ1AE75lac4kikmetiS34g=",
            "code_signing_config_arn": "",
            "dead_letter_config": [],
            "description": "",
            "environment": [
              {
                "variables": {
                  "S3_BUCKET_ARNS": "arn:aws:s3:::audit-reports-talha,arn:aws:s3:::vpc-flow-logs-talha,arn:aws:s3:::cloudtrail-bucket-talha",
                  "SNS_TOPIC_ARN": "arn:aws:sns:eu-west-2:463470963000:global-banking-alerts"
                }
              }
            ],
            "ephemeral_storage": [
              {
                "size": 512
              }
            ],
            "file_system_config": [],
            "filename": "modules/compute/../../../lambda/macie-findings/macie-findings.zip",
            "function_name": "macie-sensitive-data-findings",
            "handler": "app.lambda_handler",
            "id": "macie-sensitive-data-findings",
            "image_config": [],
            "image_uri": "",
            "invoke_arn": "arn:aws:apigateway:eu-west-2:lambda:path/2015-03-31/functions/arn:aws:lambda:eu-west-2:463470963000:function:macie-sensitive-data-findings/invocations",
            "kms_key_arn": "",
            "last_modified": "2024-12-04T09:44:41.118+0000",
            "layers": null,
            "logging_config": [
              {
                "application_log_level": "",
                "log_format": "Text",
                "log_group": "/aws/lambda/macie-sensitive-data-findings",
                "system_log_level": ""
              }
            ],
            "memory_size": 256,
            "package_type": "Zip",
            "publish": false,
            "qualified_arn": "arn:aws:lambda:eu-west-2:463470963000:function:macie-sensitive-data-findings:$LATEST",
            "qualified_invoke_arn": "arn:aws:apigateway:eu-west-2:lambda:path/2015-03-31/functions/arn:aws:lambda:eu-west-2:463470963000:function:macie-sensitive-data-findings:$LATEST/invocations",
            "replace_security_groups_on_destroy": null,
            "replacement_security_group_ids": null,
            "reserved_concurrent_executions": -1,
            "role": "arn:aws:iam::463470963000:role/lambda-role",
            "runtime": "python3.12",
            "s3_bucket": null,
            "s3_key": null,
            "s3_object_version": null,
            "signing_job_arn": "",
            "signing_profile_version_arn": "",
            "skip_destroy": false,
            "snap_start": [],
            "source_code_hash": "",
            "source_code_size": 1284,
            "tags": null,
            "tags_all": {},
            "timeout": 30,
            "timeouts": null,
            "tracing_config": [
              {
                "mode": "PassThrough"
              }
            ],
            "version": "$LATEST",
            "vpc_config": [
              {
                "ipv6_allowed_for_dual_stack": false,
                "security_group_ids": [
                  "sg-0701fb4fd2b150c7f"
                ],
                "subnet_ids": [
                  "subnet-028c5566eda7198ba",
                  "subnet-0f87937c93b4ae5c8"
                ],
                "vpc_id": "vpc-0e7125758c70e0a93"
              }
            ]
          },
          "sensitive_attributes": [],
          "private": "eyJlMmJmYjczMC1lY2FhLTExZTYtOGY4OC0zNDM2M2JjN2M0YzAiOnsiY3JlYXRlIjo2MDAwMDAwMDAwMDAsImRlbGV0ZSI6NjAwMDAwMDAwMDAwLCJ1cGRhdGUiOjYwMDAwMDAwMDAwMH19",
          "dependencies": [
            "module.compute.aws_security_group.lambda",
            "module.monitoring.aws_sns_topic.banking_alerts",
            "module.security.aws_iam_role.lambda",
            "module.storage.aws_s3_bucket.audit_reports",
            "module.storage.aws_s3_bucket.cloudtrail",
            "module.storage.aws_s3_bucket.vpc_flow_logs",
            "module.vpcs.aws_subnet.public",
            "module.vpcs.aws_vpc.main"
          ]
        }
      ]
    },
    {
      "module": "module.compute",
      "mode": "managed",
      "type": "aws_lambda_permission",
      "name": "allow_eventbridge",
      "provider": "provider[\"registry.terraform.io/hashicorp/aws\"]",
      "instances": [
        {
          "index_key": "config",
          "schema_version": 0,
          "attributes": {
            "action": "lambda:InvokeFunction",
            "event_source_token": null,
            "function_name": "config-rule-changes",
            "function_url_auth_type": null,
            "id": "AllowEventBridgeInvokeconfig",
            "principal": "events.amazonaws.com",
            "principal_org_id": null,
            "qualifier": "",
            "source_account": null,
            "source_arn": "arn:aws:events:eu-west-2:463470963000:rule/config-rule-changees",
            "statement_id": "AllowEventBridgeInvokeconfig",
            "statement_id_prefix": ""
          },
          "sensitive_attributes": [],
          "private": "bnVsbA==",
          "dependencies": [
            "module.compute.aws_lambda_function.config_rules",
            "module.compute.aws_lambda_function.macie_findings",
            "module.compute.aws_security_group.alb",
            "module.compute.aws_security_group.lambda",
            "module.eks.aws_security_group.cluster",
            "module.monitoring.aws_cloudwatch_event_rule.config_rules",
            "module.monitoring.aws_cloudwatch_event_rule.macie_findings",
            "module.monitoring.aws_sns_topic.banking_alerts",
            "module.security.aws_iam_role.lambda",
            "module.storage.aws_s3_bucket.audit_reports",
            "module.storage.aws_s3_bucket.cloudtrail",
            "module.storage.aws_s3_bucket.vpc_flow_logs",
            "module.vpcs.aws_subnet.public",
            "module.vpcs.aws_vpc.main"
          ]
        },
        {
          "index_key": "macie",
          "schema_version": 0,
          "attributes": {
            "action": "lambda:InvokeFunction",
            "event_source_token": null,
            "function_name": "macie-sensitive-data-findings",
            "function_url_auth_type": null,
            "id": "AllowEventBridgeInvokemacie",
            "principal": "events.amazonaws.com",
            "principal_org_id": null,
            "qualifier": "",
            "source_account": null,
            "source_arn": "arn:aws:events:eu-west-2:463470963000:rule/macie-findings-rule",
            "statement_id": "AllowEventBridgeInvokemacie",
            "statement_id_prefix": ""
          },
          "sensitive_attributes": [],
          "private": "bnVsbA==",
          "dependencies": [
            "module.compute.aws_lambda_function.config_rules",
            "module.compute.aws_lambda_function.macie_findings",
            "module.compute.aws_security_group.alb",
            "module.compute.aws_security_group.lambda",
            "module.eks.aws_security_group.cluster",
            "module.monitoring.aws_cloudwatch_event_rule.config_rules",
            "module.monitoring.aws_cloudwatch_event_rule.macie_findings",
            "module.monitoring.aws_sns_topic.banking_alerts",
            "module.security.aws_iam_role.lambda",
            "module.storage.aws_s3_bucket.audit_reports",
            "module.storage.aws_s3_bucket.cloudtrail",
            "module.storage.aws_s3_bucket.vpc_flow_logs",
            "module.vpcs.aws_subnet.public",
            "module.vpcs.aws_vpc.main"
          ]
        }
      ]
    },
    {
      "module": "module.compute",
      "mode": "managed",
      "type": "aws_launch_template",
      "name": "bastion",
      "provider": "provider[\"registry.terraform.io/hashicorp/aws\"]",
      "instances": [
        {
          "schema_version": 0,
          "attributes": {
            "arn": "arn:aws:ec2:eu-west-2:463470963000:launch-template/lt-0ca98b85e7e412a5b",
            "block_device_mappings": [],
            "capacity_reservation_specification": [],
            "cpu_options": [],
            "credit_specification": [],
            "default_version": 1,
            "description": "",
            "disable_api_stop": false,
            "disable_api_termination": false,
            "ebs_optimized": "",
            "elastic_gpu_specifications": [],
            "elastic_inference_accelerator": [],
            "enclave_options": [],
            "hibernation_options": [],
            "iam_instance_profile": [
              {
                "arn": "",
                "name": "bastion-profile"
              }
            ],
            "id": "lt-0ca98b85e7e412a5b",
            "image_id": "ami-05a565b66a3d7955a",
            "instance_initiated_shutdown_behavior": "",
            "instance_market_options": [],
            "instance_requirements": [],
            "instance_type": "t3.micro",
            "kernel_id": "",
            "key_name": "",
            "latest_version": 1,
            "license_specification": [],
            "maintenance_options": [],
            "metadata_options": [],
            "monitoring": [],
            "name": "bastion20241204094440426900000027",
            "name_prefix": "bastion",
            "network_interfaces": [
              {
                "associate_carrier_ip_address": "",
                "associate_public_ip_address": "true",
                "delete_on_termination": "",
                "description": "",
                "device_index": 0,
                "interface_type": "",
                "ipv4_address_count": 0,
                "ipv4_addresses": null,
                "ipv4_prefix_count": 0,
                "ipv4_prefixes": null,
                "ipv6_address_count": 0,
                "ipv6_addresses": null,
                "ipv6_prefix_count": 0,
                "ipv6_prefixes": null,
                "network_card_index": 0,
                "network_interface_id": "",
                "primary_ipv6": "",
                "private_ip_address": "",
                "security_groups": [
                  "sg-08774686daf7f9040"
                ],
                "subnet_id": ""
              }
            ],
            "placement": [],
            "private_dns_name_options": [],
            "ram_disk_id": "",
            "security_group_names": null,
            "tag_specifications": [],
            "tags": null,
            "tags_all": {},
            "update_default_version": null,
            "user_data": "IyEvYmluL2Jhc2gKeXVtIGluc3RhbGwgLXkgcG9zdGdyZXNxbC1jbGllbnQgbXlzcWwtY2xpZW50Cnl1bSB1cGRhdGUgLXkK",
            "vpc_security_group_ids": null
          },
          "sensitive_attributes": [],
          "private": "bnVsbA==",
          "dependencies": [
            "module.compute.aws_iam_instance_profile.bastion",
            "module.compute.aws_security_group.bastion",
            "module.compute.data.aws_ami.amazon_linux_2",
            "module.security.aws_iam_role.bastion",
            "module.vpcs.aws_vpc.main"
          ]
        }
      ]
    },
    {
      "module": "module.compute",
      "mode": "managed",
      "type": "aws_lb_target_group",
      "name": "account_service",
      "provider": "provider[\"registry.terraform.io/hashicorp/aws\"]",
      "instances": [
        {
          "schema_version": 0,
          "attributes": {
            "arn": "arn:aws:elasticloadbalancing:eu-west-2:463470963000:targetgroup/account-service-tg/0476bcc353c47484",
            "arn_suffix": "targetgroup/account-service-tg/0476bcc353c47484",
            "connection_termination": null,
            "deregistration_delay": "300",
            "health_check": [
              {
                "enabled": true,
                "healthy_threshold": 2,
                "interval": 15,
                "matcher": "200",
                "path": "/health",
                "port": "traffic-port",
                "protocol": "HTTP",
                "timeout": 5,
                "unhealthy_threshold": 2
              }
            ],
            "id": "arn:aws:elasticloadbalancing:eu-west-2:463470963000:targetgroup/account-service-tg/0476bcc353c47484",
            "ip_address_type": "ipv4",
            "lambda_multi_value_headers_enabled": false,
            "load_balancer_arns": [],
            "load_balancing_algorithm_type": "round_robin",
            "load_balancing_anomaly_mitigation": "off",
            "load_balancing_cross_zone_enabled": "use_load_balancer_configuration",
            "name": "account-service-tg",
            "name_prefix": "",
            "port": 80,
            "preserve_client_ip": null,
            "protocol": "HTTP",
            "protocol_version": "HTTP1",
            "proxy_protocol_v2": false,
            "slow_start": 0,
            "stickiness": [
              {
                "cookie_duration": 86400,
                "cookie_name": "",
                "enabled": false,
                "type": "lb_cookie"
              }
            ],
            "tags": null,
            "tags_all": {},
            "target_failover": [
              {
                "on_deregistration": null,
                "on_unhealthy": null
              }
            ],
            "target_group_health": [
              {
                "dns_failover": [
                  {
                    "minimum_healthy_targets_count": "1",
                    "minimum_healthy_targets_percentage": "off"
                  }
                ],
                "unhealthy_state_routing": [
                  {
                    "minimum_healthy_targets_count": 1,
                    "minimum_healthy_targets_percentage": "off"
                  }
                ]
              }
            ],
            "target_health_state": [
              {
                "enable_unhealthy_connection_termination": null,
                "unhealthy_draining_interval": null
              }
            ],
            "target_type": "ip",
            "vpc_id": "vpc-0e7125758c70e0a93"
          },
          "sensitive_attributes": [],
          "private": "bnVsbA==",
          "dependencies": [
            "module.vpcs.aws_vpc.main"
          ]
        }
      ]
    },
    {
      "module": "module.compute",
      "mode": "managed",
      "type": "aws_lb_target_group",
      "name": "auth_service",
      "provider": "provider[\"registry.terraform.io/hashicorp/aws\"]",
      "instances": [
        {
          "schema_version": 0,
          "attributes": {
            "arn": "arn:aws:elasticloadbalancing:eu-west-2:463470963000:targetgroup/auth-service-tg/c70f876539b2f7c4",
            "arn_suffix": "targetgroup/auth-service-tg/c70f876539b2f7c4",
            "connection_termination": null,
            "deregistration_delay": "300",
            "health_check": [
              {
                "enabled": true,
                "healthy_threshold": 2,
                "interval": 15,
                "matcher": "200",
                "path": "/health",
                "port": "traffic-port",
                "protocol": "HTTP",
                "timeout": 5,
                "unhealthy_threshold": 2
              }
            ],
            "id": "arn:aws:elasticloadbalancing:eu-west-2:463470963000:targetgroup/auth-service-tg/c70f876539b2f7c4",
            "ip_address_type": "ipv4",
            "lambda_multi_value_headers_enabled": false,
            "load_balancer_arns": [],
            "load_balancing_algorithm_type": "round_robin",
            "load_balancing_anomaly_mitigation": "off",
            "load_balancing_cross_zone_enabled": "use_load_balancer_configuration",
            "name": "auth-service-tg",
            "name_prefix": "",
            "port": 80,
            "preserve_client_ip": null,
            "protocol": "HTTP",
            "protocol_version": "HTTP1",
            "proxy_protocol_v2": false,
            "slow_start": 0,
            "stickiness": [
              {
                "cookie_duration": 86400,
                "cookie_name": "",
                "enabled": false,
                "type": "lb_cookie"
              }
            ],
            "tags": null,
            "tags_all": {},
            "target_failover": [
              {
                "on_deregistration": null,
                "on_unhealthy": null
              }
            ],
            "target_group_health": [
              {
                "dns_failover": [
                  {
                    "minimum_healthy_targets_count": "1",
                    "minimum_healthy_targets_percentage": "off"
                  }
                ],
                "unhealthy_state_routing": [
                  {
                    "minimum_healthy_targets_count": 1,
                    "minimum_healthy_targets_percentage": "off"
                  }
                ]
              }
            ],
            "target_health_state": [
              {
                "enable_unhealthy_connection_termination": null,
                "unhealthy_draining_interval": null
              }
            ],
            "target_type": "ip",
            "vpc_id": "vpc-0e7125758c70e0a93"
          },
          "sensitive_attributes": [],
          "private": "bnVsbA==",
          "dependencies": [
            "module.vpcs.aws_vpc.main"
          ]
        }
      ]
    },
    {
      "module": "module.compute",
      "mode": "managed",
      "type": "aws_lb_target_group",
      "name": "bastion",
      "provider": "provider[\"registry.terraform.io/hashicorp/aws\"]",
      "instances": [
        {
          "schema_version": 0,
          "attributes": {
            "arn": "arn:aws:elasticloadbalancing:eu-west-2:463470963000:targetgroup/bastion-tg/8dba3b8e5b249c87",
            "arn_suffix": "targetgroup/bastion-tg/8dba3b8e5b249c87",
            "connection_termination": false,
            "deregistration_delay": "300",
            "health_check": [
              {
                "enabled": true,
                "healthy_threshold": 5,
                "interval": 30,
                "matcher": "",
                "path": "",
                "port": "traffic-port",
                "protocol": "TCP",
                "timeout": 10,
                "unhealthy_threshold": 2
              }
            ],
            "id": "arn:aws:elasticloadbalancing:eu-west-2:463470963000:targetgroup/bastion-tg/8dba3b8e5b249c87",
            "ip_address_type": "ipv4",
            "lambda_multi_value_headers_enabled": false,
            "load_balancer_arns": [],
            "load_balancing_algorithm_type": null,
            "load_balancing_anomaly_mitigation": null,
            "load_balancing_cross_zone_enabled": "use_load_balancer_configuration",
            "name": "bastion-tg",
            "name_prefix": "",
            "port": 22,
            "preserve_client_ip": "true",
            "protocol": "TCP",
            "protocol_version": null,
            "proxy_protocol_v2": false,
            "slow_start": 0,
            "stickiness": [
              {
                "cookie_duration": 0,
                "cookie_name": "",
                "enabled": false,
                "type": "source_ip"
              }
            ],
            "tags": null,
            "tags_all": {},
            "target_failover": [
              {
                "on_deregistration": null,
                "on_unhealthy": null
              }
            ],
            "target_group_health": [
              {
                "dns_failover": [
                  {
                    "minimum_healthy_targets_count": "1",
                    "minimum_healthy_targets_percentage": "off"
                  }
                ],
                "unhealthy_state_routing": [
                  {
                    "minimum_healthy_targets_count": 1,
                    "minimum_healthy_targets_percentage": "off"
                  }
                ]
              }
            ],
            "target_health_state": [
              {
                "enable_unhealthy_connection_termination": true,
                "unhealthy_draining_interval": 0
              }
            ],
            "target_type": "instance",
            "vpc_id": "vpc-07e605cbb0bf496d2"
          },
          "sensitive_attributes": [],
          "private": "bnVsbA==",
          "dependencies": [
            "module.vpcs.aws_vpc.main"
          ]
        }
      ]
    },
    {
      "module": "module.compute",
      "mode": "managed",
      "type": "aws_lb_target_group",
      "name": "transaction_service",
      "provider": "provider[\"registry.terraform.io/hashicorp/aws\"]",
      "instances": [
        {
          "schema_version": 0,
          "attributes": {
            "arn": "arn:aws:elasticloadbalancing:eu-west-2:463470963000:targetgroup/transaction-service-tg/ed322cd4caf58778",
            "arn_suffix": "targetgroup/transaction-service-tg/ed322cd4caf58778",
            "connection_termination": null,
            "deregistration_delay": "300",
            "health_check": [
              {
                "enabled": true,
                "healthy_threshold": 2,
                "interval": 15,
                "matcher": "200",
                "path": "/health",
                "port": "traffic-port",
                "protocol": "HTTP",
                "timeout": 5,
                "unhealthy_threshold": 2
              }
            ],
            "id": "arn:aws:elasticloadbalancing:eu-west-2:463470963000:targetgroup/transaction-service-tg/ed322cd4caf58778",
            "ip_address_type": "ipv4",
            "lambda_multi_value_headers_enabled": false,
            "load_balancer_arns": [],
            "load_balancing_algorithm_type": "round_robin",
            "load_balancing_anomaly_mitigation": "off",
            "load_balancing_cross_zone_enabled": "use_load_balancer_configuration",
            "name": "transaction-service-tg",
            "name_prefix": "",
            "port": 80,
            "preserve_client_ip": null,
            "protocol": "HTTP",
            "protocol_version": "HTTP1",
            "proxy_protocol_v2": false,
            "slow_start": 0,
            "stickiness": [
              {
                "cookie_duration": 86400,
                "cookie_name": "",
                "enabled": false,
                "type": "lb_cookie"
              }
            ],
            "tags": null,
            "tags_all": {},
            "target_failover": [
              {
                "on_deregistration": null,
                "on_unhealthy": null
              }
            ],
            "target_group_health": [
              {
                "dns_failover": [
                  {
                    "minimum_healthy_targets_count": "1",
                    "minimum_healthy_targets_percentage": "off"
                  }
                ],
                "unhealthy_state_routing": [
                  {
                    "minimum_healthy_targets_count": 1,
                    "minimum_healthy_targets_percentage": "off"
                  }
                ]
              }
            ],
            "target_health_state": [
              {
                "enable_unhealthy_connection_termination": null,
                "unhealthy_draining_interval": null
              }
            ],
            "target_type": "ip",
            "vpc_id": "vpc-0e7125758c70e0a93"
          },
          "sensitive_attributes": [],
          "private": "bnVsbA==",
          "dependencies": [
            "module.vpcs.aws_vpc.main"
          ]
        }
      ]
    },
    {
      "module": "module.compute",
      "mode": "managed",
      "type": "aws_security_group",
      "name": "alb",
      "provider": "provider[\"registry.terraform.io/hashicorp/aws\"]",
      "instances": [
        {
          "schema_version": 1,
          "attributes": {
            "arn": "arn:aws:ec2:eu-west-2:463470963000:security-group/sg-0af5d26e75108ae34",
            "description": "Security Group for Banking ALB",
            "egress": [
              {
                "cidr_blocks": [
                  "0.0.0.0/0"
                ],
                "description": "",
                "from_port": 0,
                "ipv6_cidr_blocks": [],
                "prefix_list_ids": [],
                "protocol": "-1",
                "security_groups": [],
                "self": false,
                "to_port": 0
              }
            ],
            "id": "sg-0af5d26e75108ae34",
            "ingress": [
              {
                "cidr_blocks": [
                  "0.0.0.0/0"
                ],
                "description": "HTTP from anywhere (redirect)",
                "from_port": 80,
                "ipv6_cidr_blocks": [],
                "prefix_list_ids": [],
                "protocol": "tcp",
                "security_groups": [],
                "self": false,
                "to_port": 80
              },
              {
                "cidr_blocks": [
                  "0.0.0.0/0"
                ],
                "description": "HTTPS from anywhere",
                "from_port": 443,
                "ipv6_cidr_blocks": [],
                "prefix_list_ids": [],
                "protocol": "tcp",
                "security_groups": [],
                "self": false,
                "to_port": 443
              }
            ],
            "name": "banking-alb-sg",
            "name_prefix": "",
            "owner_id": "463470963000",
            "revoke_rules_on_delete": false,
            "tags": null,
            "tags_all": {},
            "timeouts": null,
            "vpc_id": "vpc-0e7125758c70e0a93"
          },
          "sensitive_attributes": [],
          "private": "eyJlMmJmYjczMC1lY2FhLTExZTYtOGY4OC0zNDM2M2JjN2M0YzAiOnsiY3JlYXRlIjo2MDAwMDAwMDAwMDAsImRlbGV0ZSI6OTAwMDAwMDAwMDAwfSwic2NoZW1hX3ZlcnNpb24iOiIxIn0=",
          "dependencies": [
            "module.vpcs.aws_vpc.main"
          ]
        }
      ]
    },
    {
      "module": "module.compute",
      "mode": "managed",
      "type": "aws_security_group",
      "name": "bastion",
      "provider": "provider[\"registry.terraform.io/hashicorp/aws\"]",
      "instances": [
        {
          "schema_version": 1,
          "attributes": {
            "arn": "arn:aws:ec2:eu-west-2:463470963000:security-group/sg-08774686daf7f9040",
            "description": "Managed by Terraform",
            "egress": [],
            "id": "sg-08774686daf7f9040",
            "ingress": [
              {
                "cidr_blocks": [
                  "10.255.0.0/16"
                ],
                "description": "",
                "from_port": 22,
                "ipv6_cidr_blocks": [],
                "prefix_list_ids": [],
                "protocol": "tcp",
                "security_groups": [],
                "self": false,
                "to_port": 22
              }
            ],
            "name": "bastion-sg",
            "name_prefix": "",
            "owner_id": "463470963000",
            "revoke_rules_on_delete": false,
            "tags": null,
            "tags_all": {},
            "timeouts": null,
            "vpc_id": "vpc-07e605cbb0bf496d2"
          },
          "sensitive_attributes": [],
          "private": "eyJlMmJmYjczMC1lY2FhLTExZTYtOGY4OC0zNDM2M2JjN2M0YzAiOnsiY3JlYXRlIjo2MDAwMDAwMDAwMDAsImRlbGV0ZSI6OTAwMDAwMDAwMDAwfSwic2NoZW1hX3ZlcnNpb24iOiIxIn0=",
          "dependencies": [
            "module.vpcs.aws_vpc.main"
          ]
        }
      ]
    },
    {
      "module": "module.compute",
      "mode": "managed",
      "type": "aws_security_group",
      "name": "lambda",
      "provider": "provider[\"registry.terraform.io/hashicorp/aws\"]",
      "instances": [
        {
          "schema_version": 1,
          "attributes": {
            "arn": "arn:aws:ec2:eu-west-2:463470963000:security-group/sg-0701fb4fd2b150c7f",
            "description": "Security Group for Fraud Detection Lambda",
            "egress": [
              {
                "cidr_blocks": [
                  "0.0.0.0/0"
                ],
                "description": "",
                "from_port": 0,
                "ipv6_cidr_blocks": [],
                "prefix_list_ids": [],
                "protocol": "-1",
                "security_groups": [],
                "self": false,
                "to_port": 0
              }
            ],
            "id": "sg-0701fb4fd2b150c7f",
            "ingress": [],
            "name": "lambda-sg",
            "name_prefix": "",
            "owner_id": "463470963000",
            "revoke_rules_on_delete": false,
            "tags": {
              "Environment": "Dev",
              "Name": "Lambda Security Group",
              "Project": "Global Bank Migration",
              "Terraform": "true"
            },
            "tags_all": {
              "Environment": "Dev",
              "Name": "Lambda Security Group",
              "Project": "Global Bank Migration",
              "Terraform": "true"
            },
            "timeouts": null,
            "vpc_id": "vpc-0e7125758c70e0a93"
          },
          "sensitive_attributes": [],
          "private": "eyJlMmJmYjczMC1lY2FhLTExZTYtOGY4OC0zNDM2M2JjN2M0YzAiOnsiY3JlYXRlIjo2MDAwMDAwMDAwMDAsImRlbGV0ZSI6OTAwMDAwMDAwMDAwfSwic2NoZW1hX3ZlcnNpb24iOiIxIn0=",
          "dependencies": [
            "module.vpcs.aws_vpc.main"
          ],
          "create_before_destroy": true
        }
      ]
    },
    {
      "module": "module.database",
      "mode": "managed",
      "type": "aws_backup_plan",
      "name": "cross_region",
      "provider": "provider[\"registry.terraform.io/hashicorp/aws\"]",
      "instances": [
        {
          "schema_version": 0,
          "attributes": {
            "advanced_backup_setting": [
              {
                "backup_options": {
                  "WindowsVSS": "enabled"
                },
                "resource_type": "EC2"
              }
            ],
            "arn": "arn:aws:backup:eu-west-2:463470963000:backup-plan:e661cbff-4ae7-4442-ace6-5a2d63016136",
            "id": "e661cbff-4ae7-4442-ace6-5a2d63016136",
            "name": "banking-backup-plan-cross-region",
            "rule": [
              {
                "completion_window": 180,
                "copy_action": [
                  {
                    "destination_vault_arn": "arn:aws:backup:eu-west-2:463470963000:backup-vault:banking-backup-vault-dr",
                    "lifecycle": [
                      {
                        "cold_storage_after": 0,
                        "delete_after": 90,
                        "opt_in_to_archive_for_supported_resources": false
                      }
                    ]
                  }
                ],
                "enable_continuous_backup": false,
                "lifecycle": [
                  {
                    "cold_storage_after": 0,
                    "delete_after": 90,
                    "opt_in_to_archive_for_supported_resources": false
                  }
                ],
                "recovery_point_tags": {},
                "rule_name": "daily_backup_with_replication",
                "schedule": "cron(0 5 ? * * *)",
                "start_window": 60,
                "target_vault_name": "banking-backup-vault-primary"
              },
              {
                "completion_window": 180,
                "copy_action": [],
                "enable_continuous_backup": false,
                "lifecycle": [
                  {
                    "cold_storage_after": 0,
                    "delete_after": 365,
                    "opt_in_to_archive_for_supported_resources": false
                  }
                ],
                "recovery_point_tags": {},
                "rule_name": "weekly_backup",
                "schedule": "cron(0 5 ? * 1 *)",
                "start_window": 60,
                "target_vault_name": "banking-backup-vault-primary"
              }
            ],
            "tags": null,
            "tags_all": {},
            "version": "ODdkODU5YTktYWI1YS00MzVjLTlhMWItOGM3ZjU3MWNhYTYx"
          },
          "sensitive_attributes": [],
          "private": "bnVsbA==",
          "dependencies": [
            "module.database.aws_backup_vault.primary",
            "module.database.aws_backup_vault.secondary",
            "module.security.aws_kms_key.database",
            "module.security.data.aws_caller_identity.current",
            "module.security.data.aws_iam_policy_document.database_key_policy"
          ]
        }
      ]
    },
    {
      "module": "module.database",
      "mode": "managed",
      "type": "aws_backup_vault",
      "name": "primary",
      "provider": "provider[\"registry.terraform.io/hashicorp/aws\"]",
      "instances": [
        {
          "schema_version": 0,
          "attributes": {
            "arn": "arn:aws:backup:eu-west-2:463470963000:backup-vault:banking-backup-vault-primary",
            "force_destroy": false,
            "id": "banking-backup-vault-primary",
            "kms_key_arn": "arn:aws:kms:eu-west-2:463470963000:key/a7f2883f-276c-4522-a1e2-c406fd5e1708",
            "name": "banking-backup-vault-primary",
            "recovery_points": 0,
            "tags": {
              "Environment": "Dev",
              "Project": "Global Bank Migration",
              "Service": "Backup Primary",
              "Terraform": "true"
            },
            "tags_all": {
              "Environment": "Dev",
              "Project": "Global Bank Migration",
              "Service": "Backup Primary",
              "Terraform": "true"
            },
            "timeouts": null
          },
          "sensitive_attributes": [],
          "private": "eyJlMmJmYjczMC1lY2FhLTExZTYtOGY4OC0zNDM2M2JjN2M0YzAiOnsiZGVsZXRlIjo2MDAwMDAwMDAwMDB9fQ==",
          "dependencies": [
            "module.security.aws_kms_key.database",
            "module.security.data.aws_caller_identity.current",
            "module.security.data.aws_iam_policy_document.database_key_policy"
          ]
        }
      ]
    },
    {
      "module": "module.database",
      "mode": "managed",
      "type": "aws_backup_vault",
      "name": "secondary",
      "provider": "provider[\"registry.terraform.io/hashicorp/aws\"]",
      "instances": [
        {
          "schema_version": 0,
          "attributes": {
            "arn": "arn:aws:backup:eu-west-2:463470963000:backup-vault:banking-backup-vault-dr",
            "force_destroy": false,
            "id": "banking-backup-vault-dr",
            "kms_key_arn": "arn:aws:kms:eu-west-2:463470963000:key/a7f2883f-276c-4522-a1e2-c406fd5e1708",
            "name": "banking-backup-vault-dr",
            "recovery_points": 0,
            "tags": {
              "Environment": "Dev",
              "Project": "Global Bank Migration",
              "Service": "Backup DR",
              "Terraform": "true"
            },
            "tags_all": {
              "Environment": "Dev",
              "Project": "Global Bank Migration",
              "Service": "Backup DR",
              "Terraform": "true"
            },
            "timeouts": null
          },
          "sensitive_attributes": [],
          "private": "eyJlMmJmYjczMC1lY2FhLTExZTYtOGY4OC0zNDM2M2JjN2M0YzAiOnsiZGVsZXRlIjo2MDAwMDAwMDAwMDB9fQ==",
          "dependencies": [
            "module.security.aws_kms_key.database",
            "module.security.data.aws_caller_identity.current",
            "module.security.data.aws_iam_policy_document.database_key_policy"
          ]
        }
      ]
    },
    {
      "module": "module.database",
      "mode": "managed",
      "type": "aws_db_subnet_group",
      "name": "aurora_subnet",
      "provider": "provider[\"registry.terraform.io/hashicorp/aws\"]",
      "instances": [
        {
          "schema_version": 0,
          "attributes": {
            "arn": "arn:aws:rds:eu-west-2:463470963000:subgrp:bank-aurora-subnet-group",
            "description": "Managed by Terraform",
            "id": "bank-aurora-subnet-group",
            "name": "bank-aurora-subnet-group",
            "name_prefix": "",
            "subnet_ids": [
              "subnet-037baaa07eb24a25a",
              "subnet-0711fdba8c4b27425"
            ],
            "supported_network_types": [
              "IPV4"
            ],
            "tags": {
              "Environment": "Dev",
              "Name": "Aurora Subnet Group",
              "Project": "Global Bank Migration",
              "Terraform": "true"
            },
            "tags_all": {
              "Environment": "Dev",
              "Name": "Aurora Subnet Group",
              "Project": "Global Bank Migration",
              "Terraform": "true"
            },
            "vpc_id": "vpc-0350f314d62fdb9fd"
          },
          "sensitive_attributes": [],
          "private": "bnVsbA==",
          "dependencies": [
            "module.vpcs.aws_subnet.private",
            "module.vpcs.aws_vpc.main"
          ]
        }
      ]
    },
    {
      "module": "module.database",
      "mode": "managed",
      "type": "aws_dynamodb_table",
      "name": "banking",
      "provider": "provider[\"registry.terraform.io/hashicorp/aws\"]",
      "instances": [
        {
          "status": "tainted",
          "schema_version": 1,
          "attributes": {
            "arn": null,
            "attribute": [
              {
                "name": "pk",
                "type": "S"
              },
              {
                "name": "session_id",
                "type": "S"
              },
              {
                "name": "sk",
                "type": "S"
              },
              {
                "name": "timestamp",
                "type": "N"
              },
              {
                "name": "transaction_id",
                "type": "S"
              },
              {
                "name": "user_id",
                "type": "S"
              }
            ],
            "billing_mode": "PAY_PER_REQUEST",
            "deletion_protection_enabled": null,
            "global_secondary_index": [
              {
                "hash_key": "session_id",
                "name": "session_id_index",
                "non_key_attributes": [],
                "projection_type": "ALL",
                "range_key": "",
                "read_capacity": null,
                "write_capacity": null
              },
              {
                "hash_key": "timestamp",
                "name": "timestamp_index",
                "non_key_attributes": [],
                "projection_type": "ALL",
                "range_key": "",
                "read_capacity": null,
                "write_capacity": null
              },
              {
                "hash_key": "transaction_id",
                "name": "transaction_id_index",
                "non_key_attributes": [],
                "projection_type": "ALL",
                "range_key": "",
                "read_capacity": null,
                "write_capacity": null
              },
              {
                "hash_key": "user_id",
                "name": "user_id_index",
                "non_key_attributes": [],
                "projection_type": "ALL",
                "range_key": "",
                "read_capacity": null,
                "write_capacity": null
              }
            ],
            "hash_key": "pk",
            "id": "banking-global-table-talha",
            "import_table": [],
            "local_secondary_index": [],
            "name": "banking-global-table-talha",
            "point_in_time_recovery": null,
            "range_key": "sk",
            "read_capacity": null,
            "replica": [
              {
                "arn": "",
                "kms_key_arn": "arn:aws:kms:eu-west-2:463470963000:key/a7f2883f-276c-4522-a1e2-c406fd5e1708",
                "point_in_time_recovery": false,
                "propagate_tags": false,
                "region_name": "eu-west-1",
                "stream_arn": "",
                "stream_label": ""
              },
              {
                "arn": "",
                "kms_key_arn": "arn:aws:kms:eu-west-2:463470963000:key/a7f2883f-276c-4522-a1e2-c406fd5e1708",
                "point_in_time_recovery": false,
                "propagate_tags": false,
                "region_name": "eu-west-2",
                "stream_arn": "",
                "stream_label": ""
              }
            ],
            "restore_date_time": null,
            "restore_source_name": null,
            "restore_source_table_arn": null,
            "restore_to_latest_time": null,
            "server_side_encryption": [
              {
                "enabled": true,
                "kms_key_arn": "arn:aws:kms:eu-west-2:463470963000:key/a7f2883f-276c-4522-a1e2-c406fd5e1708"
              }
            ],
            "stream_arn": null,
            "stream_enabled": true,
            "stream_label": null,
            "stream_view_type": "NEW_AND_OLD_IMAGES",
            "table_class": null,
            "tags": {
              "Environment": "Dev",
              "Name": "DynamoDB Global Tables",
              "Project": "Global Bank Migration",
              "Terraform": "true"
            },
            "tags_all": {
              "Environment": "Dev",
              "Name": "DynamoDB Global Tables",
              "Project": "Global Bank Migration",
              "Terraform": "true"
            },
            "timeouts": null,
            "ttl": null,
            "write_capacity": null
          },
          "sensitive_attributes": [],
          "private": "eyJlMmJmYjczMC1lY2FhLTExZTYtOGY4OC0zNDM2M2JjN2M0YzAiOnsiY3JlYXRlIjoxODAwMDAwMDAwMDAwLCJkZWxldGUiOjYwMDAwMDAwMDAwMCwidXBkYXRlIjozNjAwMDAwMDAwMDAwfSwic2NoZW1hX3ZlcnNpb24iOiIxIn0=",
          "dependencies": [
            "module.security.aws_kms_key.database",
            "module.security.data.aws_caller_identity.current",
            "module.security.data.aws_iam_policy_document.database_key_policy"
          ],
          "create_before_destroy": true
        }
      ]
    },
    {
      "module": "module.database",
      "mode": "managed",
      "type": "aws_elasticache_global_replication_group",
      "name": "global",
      "provider": "provider[\"registry.terraform.io/hashicorp/aws\"]",
      "instances": [
        {
          "schema_version": 0,
          "attributes": {
            "arn": "arn:aws:elasticache::463470963000:globalreplicationgroup:okuqm-global-banking",
            "at_rest_encryption_enabled": true,
            "auth_token_enabled": false,
            "automatic_failover_enabled": true,
            "cache_node_type": "cache.r6g.xlarge",
            "cluster_enabled": false,
            "engine": "redis",
            "engine_version": "7.1",
            "engine_version_actual": "7.1.0",
            "global_node_groups": [],
            "global_replication_group_description": " ",
            "global_replication_group_id": "okuqm-global-banking",
            "global_replication_group_id_suffix": "global-banking",
            "id": "okuqm-global-banking",
            "num_node_groups": 0,
            "parameter_group_name": null,
            "primary_replication_group_id": "redis-global-banking-primary",
            "timeouts": null,
            "transit_encryption_enabled": true
          },
          "sensitive_attributes": [],
          "private": "eyJlMmJmYjczMC1lY2FhLTExZTYtOGY4OC0zNDM2M2JjN2M0YzAiOnsiY3JlYXRlIjozNjAwMDAwMDAwMDAwLCJkZWxldGUiOjEyMDAwMDAwMDAwMDAsInVwZGF0ZSI6MzYwMDAwMDAwMDAwMH19",
          "dependencies": [
            "module.database.aws_elasticache_parameter_group.redis",
            "module.database.aws_elasticache_replication_group.primary",
            "module.database.aws_elasticache_subnet_group.redis",
            "module.database.aws_security_group.redis",
            "module.security.aws_kms_key.database",
            "module.security.data.aws_caller_identity.current",
            "module.security.data.aws_iam_policy_document.database_key_policy",
            "module.vpcs.aws_subnet.private",
            "module.vpcs.aws_vpc.main"
          ]
        }
      ]
    },
    {
      "module": "module.database",
      "mode": "managed",
      "type": "aws_elasticache_parameter_group",
      "name": "redis",
      "provider": "provider[\"registry.terraform.io/hashicorp/aws\"]",
      "instances": [
        {
          "schema_version": 0,
          "attributes": {
            "arn": "arn:aws:elasticache:eu-west-2:463470963000:parametergroup:redis-parameter-group",
            "description": "Redis Parameter Group for Global Banking",
            "family": "redis7",
            "id": "redis-parameter-group",
            "name": "redis-parameter-group",
            "parameter": [
              {
                "name": "maxmemory-policy",
                "value": "volatile-lru"
              },
              {
                "name": "notify-keyspace-events",
                "value": "AKE"
              }
            ],
            "tags": null,
            "tags_all": {}
          },
          "sensitive_attributes": [],
          "private": "bnVsbA=="
        }
      ]
    },
    {
      "module": "module.database",
      "mode": "managed",
      "type": "aws_elasticache_replication_group",
      "name": "primary",
      "provider": "provider[\"registry.terraform.io/hashicorp/aws\"]",
      "instances": [
        {
          "schema_version": 2,
          "attributes": {
            "apply_immediately": null,
            "arn": "arn:aws:elasticache:eu-west-2:463470963000:replicationgroup:redis-global-banking-primary",
            "at_rest_encryption_enabled": true,
            "auth_token": "",
            "auth_token_update_strategy": "ROTATE",
            "auto_minor_version_upgrade": "true",
            "automatic_failover_enabled": true,
            "cluster_enabled": false,
            "cluster_mode": "disabled",
            "configuration_endpoint_address": null,
            "data_tiering_enabled": false,
            "description": "Redis Primary Replication Group for Global Banking",
            "engine": "redis",
            "engine_version": "7.1",
            "engine_version_actual": "7.1.0",
            "final_snapshot_identifier": null,
            "global_replication_group_id": null,
            "id": "redis-global-banking-primary",
            "ip_discovery": "ipv4",
            "kms_key_id": "arn:aws:kms:eu-west-2:463470963000:key/a7f2883f-276c-4522-a1e2-c406fd5e1708",
            "log_delivery_configuration": [],
            "maintenance_window": "mon:05:00-mon:09:00",
            "member_clusters": [
              "redis-global-banking-primary-001",
              "redis-global-banking-primary-002",
              "redis-global-banking-primary-003"
            ],
            "multi_az_enabled": true,
            "network_type": "ipv4",
            "node_type": "cache.r6g.xlarge",
            "notification_topic_arn": null,
            "num_cache_clusters": 3,
            "num_node_groups": 1,
            "parameter_group_name": "redis-parameter-group",
            "port": 6379,
            "preferred_cache_cluster_azs": null,
            "primary_endpoint_address": "master.redis-global-banking-primary.pmwpkk.euw2.cache.amazonaws.com",
            "reader_endpoint_address": "replica.redis-global-banking-primary.pmwpkk.euw2.cache.amazonaws.com",
            "replicas_per_node_group": 2,
            "replication_group_id": "redis-global-banking-primary",
            "security_group_ids": [
              "sg-0cffcc683f9ea4509"
            ],
            "security_group_names": [],
            "snapshot_arns": null,
            "snapshot_name": null,
            "snapshot_retention_limit": 7,
            "snapshot_window": "00:00-05:00",
            "subnet_group_name": "redis-subnet-group",
            "tags": {
              "Environment": "Dev",
              "Name": "Redis Primary Replication Group",
              "Project": "Global Bank Migration",
              "Terraform": "true"
            },
            "tags_all": {
              "Environment": "Dev",
              "Name": "Redis Primary Replication Group",
              "Project": "Global Bank Migration",
              "Terraform": "true"
            },
            "timeouts": null,
            "transit_encryption_enabled": true,
            "transit_encryption_mode": "required",
            "user_group_ids": null
          },
          "sensitive_attributes": [
            [
              {
                "type": "get_attr",
                "value": "auth_token"
              }
            ]
          ],
          "private": "eyJlMmJmYjczMC1lY2FhLTExZTYtOGY4OC0zNDM2M2JjN2M0YzAiOnsiY3JlYXRlIjozNjAwMDAwMDAwMDAwLCJkZWxldGUiOjI3MDAwMDAwMDAwMDAsInVwZGF0ZSI6MjQwMDAwMDAwMDAwMH0sInNjaGVtYV92ZXJzaW9uIjoiMiJ9",
          "dependencies": [
            "module.database.aws_elasticache_parameter_group.redis",
            "module.database.aws_elasticache_subnet_group.redis",
            "module.database.aws_security_group.redis",
            "module.security.aws_kms_key.database",
            "module.security.data.aws_caller_identity.current",
            "module.security.data.aws_iam_policy_document.database_key_policy",
            "module.vpcs.aws_subnet.private",
            "module.vpcs.aws_vpc.main"
          ]
        }
      ]
    },
    {
      "module": "module.database",
      "mode": "managed",
      "type": "aws_elasticache_replication_group",
      "name": "secondary",
      "provider": "provider[\"registry.terraform.io/hashicorp/aws\"]",
      "instances": [
        {
          "schema_version": 2,
          "attributes": {
            "apply_immediately": null,
            "arn": "arn:aws:elasticache:eu-west-2:463470963000:replicationgroup:redis-global-banking-secondary",
            "at_rest_encryption_enabled": true,
            "auth_token": "",
            "auth_token_update_strategy": "ROTATE",
            "auto_minor_version_upgrade": "true",
            "automatic_failover_enabled": true,
            "cluster_enabled": false,
            "cluster_mode": "disabled",
            "configuration_endpoint_address": null,
            "data_tiering_enabled": false,
            "description": "Redis Secondary Replication Group for Global Banking",
            "engine": "redis",
            "engine_version": "7.0",
            "engine_version_actual": "7.0.7",
            "final_snapshot_identifier": null,
            "global_replication_group_id": null,
            "id": "redis-global-banking-secondary",
            "ip_discovery": "ipv4",
            "kms_key_id": "arn:aws:kms:eu-west-2:463470963000:key/a7f2883f-276c-4522-a1e2-c406fd5e1708",
            "log_delivery_configuration": [],
            "maintenance_window": "mon:05:00-mon:09:00",
            "member_clusters": [
              "redis-global-banking-secondary-001",
              "redis-global-banking-secondary-002",
              "redis-global-banking-secondary-003"
            ],
            "multi_az_enabled": true,
            "network_type": "ipv4",
            "node_type": "cache.r6g.xlarge",
            "notification_topic_arn": null,
            "num_cache_clusters": 3,
            "num_node_groups": 1,
            "parameter_group_name": "redis-parameter-group",
            "port": 6379,
            "preferred_cache_cluster_azs": null,
            "primary_endpoint_address": "master.redis-global-banking-secondary.pmwpkk.euw2.cache.amazonaws.com",
            "reader_endpoint_address": "replica.redis-global-banking-secondary.pmwpkk.euw2.cache.amazonaws.com",
            "replicas_per_node_group": 2,
            "replication_group_id": "redis-global-banking-secondary",
            "security_group_ids": [
              "sg-0cffcc683f9ea4509"
            ],
            "security_group_names": [],
            "snapshot_arns": null,
            "snapshot_name": null,
            "snapshot_retention_limit": 7,
            "snapshot_window": "00:00-05:00",
            "subnet_group_name": "redis-subnet-group",
            "tags": {
              "Environment": "Dev",
              "Name": "Redis Secondary Replication Group",
              "Project": "Global Bank Migration",
              "Terraform": "true"
            },
            "tags_all": {
              "Environment": "Dev",
              "Name": "Redis Secondary Replication Group",
              "Project": "Global Bank Migration",
              "Terraform": "true"
            },
            "timeouts": null,
            "transit_encryption_enabled": true,
            "transit_encryption_mode": "required",
            "user_group_ids": null
          },
          "sensitive_attributes": [
            [
              {
                "type": "get_attr",
                "value": "auth_token"
              }
            ]
          ],
          "private": "eyJlMmJmYjczMC1lY2FhLTExZTYtOGY4OC0zNDM2M2JjN2M0YzAiOnsiY3JlYXRlIjozNjAwMDAwMDAwMDAwLCJkZWxldGUiOjI3MDAwMDAwMDAwMDAsInVwZGF0ZSI6MjQwMDAwMDAwMDAwMH0sInNjaGVtYV92ZXJzaW9uIjoiMiJ9",
          "dependencies": [
            "module.database.aws_elasticache_parameter_group.redis",
            "module.database.aws_elasticache_subnet_group.redis",
            "module.database.aws_security_group.redis",
            "module.security.aws_kms_key.database",
            "module.security.data.aws_caller_identity.current",
            "module.security.data.aws_iam_policy_document.database_key_policy",
            "module.vpcs.aws_subnet.private",
            "module.vpcs.aws_vpc.main"
          ]
        }
      ]
    },
    {
      "module": "module.database",
      "mode": "managed",
      "type": "aws_elasticache_subnet_group",
      "name": "redis",
      "provider": "provider[\"registry.terraform.io/hashicorp/aws\"]",
      "instances": [
        {
          "schema_version": 0,
          "attributes": {
            "arn": "arn:aws:elasticache:eu-west-2:463470963000:subnetgroup:redis-subnet-group",
            "description": "Managed by Terraform",
            "id": "redis-subnet-group",
            "name": "redis-subnet-group",
            "subnet_ids": [
              "subnet-037baaa07eb24a25a",
              "subnet-0711fdba8c4b27425"
            ],
            "tags": null,
            "tags_all": {},
            "vpc_id": "vpc-0350f314d62fdb9fd"
          },
          "sensitive_attributes": [],
          "private": "bnVsbA==",
          "dependencies": [
            "module.vpcs.aws_subnet.private",
            "module.vpcs.aws_vpc.main"
          ]
        }
      ]
    },
    {
      "module": "module.database",
      "mode": "managed",
      "type": "aws_rds_cluster",
      "name": "global_bank_cluster",
      "provider": "provider[\"registry.terraform.io/hashicorp/aws\"]",
      "instances": [
        {
          "schema_version": 1,
          "attributes": {
            "allocated_storage": 1,
            "allow_major_version_upgrade": null,
            "apply_immediately": null,
            "arn": "arn:aws:rds:eu-west-2:463470963000:cluster:global-bank-cluster",
            "availability_zones": [
              "eu-west-2a",
              "eu-west-2b",
              "eu-west-2c"
            ],
            "backtrack_window": 0,
            "backup_retention_period": 7,
            "ca_certificate_identifier": null,
            "ca_certificate_valid_till": null,
            "cluster_identifier": "global-bank-cluster",
            "cluster_identifier_prefix": "",
            "cluster_members": [],
            "cluster_resource_id": "cluster-IDGRURR5NHN6ZJ4EQUXDZRE3DI",
            "copy_tags_to_snapshot": false,
            "database_name": "bankdatabase",
            "db_cluster_instance_class": "",
            "db_cluster_parameter_group_name": "bank-parameters-talha2",
            "db_instance_parameter_group_name": null,
            "db_subnet_group_name": "bank-aurora-subnet-group",
            "db_system_id": "",
            "delete_automated_backups": true,
            "deletion_protection": false,
            "domain": "",
            "domain_iam_role_name": "",
            "enable_global_write_forwarding": false,
            "enable_http_endpoint": false,
            "enable_local_write_forwarding": false,
            "enabled_cloudwatch_logs_exports": [
              "postgresql"
            ],
            "endpoint": "global-bank-cluster.cluster-cneaey2wmr8r.eu-west-2.rds.amazonaws.com",
            "engine": "aurora-postgresql",
            "engine_lifecycle_support": "open-source-rds-extended-support",
            "engine_mode": "provisioned",
            "engine_version": "15.3",
            "engine_version_actual": "15.3",
            "final_snapshot_identifier": null,
            "global_cluster_identifier": "",
            "hosted_zone_id": "Z1TTGA775OQIYO",
            "iam_database_authentication_enabled": false,
            "iam_roles": [],
            "id": "global-bank-cluster",
            "iops": 0,
            "kms_key_id": "arn:aws:kms:eu-west-2:463470963000:key/a7f2883f-276c-4522-a1e2-c406fd5e1708",
            "manage_master_user_password": null,
            "master_password": "password",
            "master_user_secret": [],
            "master_user_secret_kms_key_id": null,
            "master_username": "username",
            "network_type": "IPV4",
            "performance_insights_enabled": false,
            "performance_insights_kms_key_id": "",
            "performance_insights_retention_period": 0,
            "port": 5432,
            "preferred_backup_window": "03:00-04:00",
            "preferred_maintenance_window": "wed:02:29-wed:02:59",
            "reader_endpoint": "global-bank-cluster.cluster-ro-cneaey2wmr8r.eu-west-2.rds.amazonaws.com",
            "replication_source_identifier": "",
            "restore_to_point_in_time": [],
            "s3_import": [],
            "scaling_configuration": [],
            "serverlessv2_scaling_configuration": [],
            "skip_final_snapshot": true,
            "snapshot_identifier": null,
            "source_region": null,
            "storage_encrypted": true,
            "storage_type": "",
            "tags": {
              "Environment": "Dev",
              "Name": "Aurora Cluster",
              "Project": "Global Bank Migration",
              "Terraform": "true"
            },
            "tags_all": {
              "Environment": "Dev",
              "Name": "Aurora Cluster",
              "Project": "Global Bank Migration",
              "Terraform": "true"
            },
            "timeouts": null,
            "vpc_security_group_ids": [
              "sg-0e68ad58cf6fdb4db"
            ]
          },
          "sensitive_attributes": [
            [
              {
                "type": "get_attr",
                "value": "master_password"
              }
            ]
          ],
          "private": "eyJlMmJmYjczMC1lY2FhLTExZTYtOGY4OC0zNDM2M2JjN2M0YzAiOnsiY3JlYXRlIjo3MjAwMDAwMDAwMDAwLCJkZWxldGUiOjcyMDAwMDAwMDAwMDAsInVwZGF0ZSI6NzIwMDAwMDAwMDAwMH0sInNjaGVtYV92ZXJzaW9uIjoiMSJ9",
          "dependencies": [
            "module.database.aws_db_subnet_group.aurora_subnet",
            "module.database.aws_rds_cluster_parameter_group.banking",
            "module.database.aws_security_group.aurora_sg",
            "module.security.aws_kms_key.database",
            "module.security.data.aws_caller_identity.current",
            "module.security.data.aws_iam_policy_document.database_key_policy",
            "module.vpcs.aws_subnet.private",
            "module.vpcs.aws_vpc.main"
          ]
        }
      ]
    },
    {
      "module": "module.database",
      "mode": "managed",
      "type": "aws_rds_cluster_instance",
      "name": "global_bank_instance",
      "provider": "provider[\"registry.terraform.io/hashicorp/aws\"]",
      "instances": [
        {
          "index_key": 0,
          "schema_version": 0,
          "attributes": {
            "apply_immediately": null,
            "arn": "arn:aws:rds:eu-west-2:463470963000:db:global-bank-write-0",
            "auto_minor_version_upgrade": true,
            "availability_zone": "eu-west-2b",
            "ca_cert_identifier": "rds-ca-rsa2048-g1",
            "cluster_identifier": "global-bank-cluster",
            "copy_tags_to_snapshot": false,
            "custom_iam_instance_profile": "",
            "db_parameter_group_name": "default.aurora-postgresql15",
            "db_subnet_group_name": "bank-aurora-subnet-group",
            "dbi_resource_id": "db-ILCYVB3KSH6GWVRT344TOES3Q4",
            "endpoint": "global-bank-write-0.cneaey2wmr8r.eu-west-2.rds.amazonaws.com",
            "engine": "aurora-postgresql",
            "engine_version": "15.3",
            "engine_version_actual": "15.3",
            "id": "global-bank-write-0",
            "identifier": "global-bank-write-0",
            "identifier_prefix": "",
            "instance_class": "db.r6g.large",
            "kms_key_id": "arn:aws:kms:eu-west-2:463470963000:key/a7f2883f-276c-4522-a1e2-c406fd5e1708",
            "monitoring_interval": 0,
            "monitoring_role_arn": "",
            "network_type": "IPV4",
            "performance_insights_enabled": false,
            "performance_insights_kms_key_id": "",
            "performance_insights_retention_period": 0,
            "port": 5432,
            "preferred_backup_window": "03:00-04:00",
            "preferred_maintenance_window": "sat:03:18-sat:03:48",
            "promotion_tier": 0,
            "publicly_accessible": false,
            "storage_encrypted": true,
            "tags": {
              "Environment": "Dev",
              "Name": "Aurora Instance",
              "Project": "Global Bank Migration",
              "Terraform": "true"
            },
            "tags_all": {
              "Environment": "Dev",
              "Name": "Aurora Instance",
              "Project": "Global Bank Migration",
              "Terraform": "true"
            },
            "timeouts": null,
            "writer": false
          },
          "sensitive_attributes": [],
          "private": "eyJlMmJmYjczMC1lY2FhLTExZTYtOGY4OC0zNDM2M2JjN2M0YzAiOnsiY3JlYXRlIjo1NDAwMDAwMDAwMDAwLCJkZWxldGUiOjU0MDAwMDAwMDAwMDAsInVwZGF0ZSI6NTQwMDAwMDAwMDAwMH19",
          "dependencies": [
            "module.database.aws_db_subnet_group.aurora_subnet",
            "module.database.aws_rds_cluster.global_bank_cluster",
            "module.database.aws_rds_cluster_parameter_group.banking",
            "module.database.aws_security_group.aurora_sg",
            "module.security.aws_kms_key.database",
            "module.security.data.aws_caller_identity.current",
            "module.security.data.aws_iam_policy_document.database_key_policy",
            "module.vpcs.aws_subnet.private",
            "module.vpcs.aws_vpc.main"
          ]
        },
        {
          "index_key": 1,
          "schema_version": 0,
          "attributes": {
            "apply_immediately": null,
            "arn": "arn:aws:rds:eu-west-2:463470963000:db:global-bank-write-1",
            "auto_minor_version_upgrade": true,
            "availability_zone": "eu-west-2b",
            "ca_cert_identifier": "rds-ca-rsa2048-g1",
            "cluster_identifier": "global-bank-cluster",
            "copy_tags_to_snapshot": false,
            "custom_iam_instance_profile": "",
            "db_parameter_group_name": "default.aurora-postgresql15",
            "db_subnet_group_name": "bank-aurora-subnet-group",
            "dbi_resource_id": "db-GSCMUTSPTFGBASCJ2ZCGMDSK7A",
            "endpoint": "global-bank-write-1.cneaey2wmr8r.eu-west-2.rds.amazonaws.com",
            "engine": "aurora-postgresql",
            "engine_version": "15.3",
            "engine_version_actual": "15.3",
            "id": "global-bank-write-1",
            "identifier": "global-bank-write-1",
            "identifier_prefix": "",
            "instance_class": "db.r6g.large",
            "kms_key_id": "arn:aws:kms:eu-west-2:463470963000:key/a7f2883f-276c-4522-a1e2-c406fd5e1708",
            "monitoring_interval": 0,
            "monitoring_role_arn": "",
            "network_type": "IPV4",
            "performance_insights_enabled": false,
            "performance_insights_kms_key_id": "",
            "performance_insights_retention_period": 0,
            "port": 5432,
            "preferred_backup_window": "03:00-04:00",
            "preferred_maintenance_window": "sat:00:20-sat:00:50",
            "promotion_tier": 0,
            "publicly_accessible": false,
            "storage_encrypted": true,
            "tags": {
              "Environment": "Dev",
              "Name": "Aurora Instance",
              "Project": "Global Bank Migration",
              "Terraform": "true"
            },
            "tags_all": {
              "Environment": "Dev",
              "Name": "Aurora Instance",
              "Project": "Global Bank Migration",
              "Terraform": "true"
            },
            "timeouts": null,
            "writer": true
          },
          "sensitive_attributes": [],
          "private": "eyJlMmJmYjczMC1lY2FhLTExZTYtOGY4OC0zNDM2M2JjN2M0YzAiOnsiY3JlYXRlIjo1NDAwMDAwMDAwMDAwLCJkZWxldGUiOjU0MDAwMDAwMDAwMDAsInVwZGF0ZSI6NTQwMDAwMDAwMDAwMH19",
          "dependencies": [
            "module.database.aws_db_subnet_group.aurora_subnet",
            "module.database.aws_rds_cluster.global_bank_cluster",
            "module.database.aws_rds_cluster_parameter_group.banking",
            "module.database.aws_security_group.aurora_sg",
            "module.security.aws_kms_key.database",
            "module.security.data.aws_caller_identity.current",
            "module.security.data.aws_iam_policy_document.database_key_policy",
            "module.vpcs.aws_subnet.private",
            "module.vpcs.aws_vpc.main"
          ]
        }
      ]
    },
    {
      "module": "module.database",
      "mode": "managed",
      "type": "aws_rds_cluster_instance",
      "name": "global_bank_read_replica",
      "provider": "provider[\"registry.terraform.io/hashicorp/aws\"]",
      "instances": [
        {
          "index_key": 0,
          "schema_version": 0,
          "attributes": {
            "apply_immediately": null,
            "arn": "arn:aws:rds:eu-west-2:463470963000:db:global-bank-read-0",
            "auto_minor_version_upgrade": true,
            "availability_zone": "eu-west-2a",
            "ca_cert_identifier": "rds-ca-rsa2048-g1",
            "cluster_identifier": "global-bank-cluster",
            "copy_tags_to_snapshot": false,
            "custom_iam_instance_profile": "",
            "db_parameter_group_name": "default.aurora-postgresql15",
            "db_subnet_group_name": "bank-aurora-subnet-group",
            "dbi_resource_id": "db-TRC42AMHKVKGTBRG6HMMX2UKHE",
            "endpoint": "global-bank-read-0.cneaey2wmr8r.eu-west-2.rds.amazonaws.com",
            "engine": "aurora-postgresql",
            "engine_version": "15.3",
            "engine_version_actual": "15.3",
            "id": "global-bank-read-0",
            "identifier": "global-bank-read-0",
            "identifier_prefix": "",
            "instance_class": "db.r6g.large",
            "kms_key_id": "arn:aws:kms:eu-west-2:463470963000:key/a7f2883f-276c-4522-a1e2-c406fd5e1708",
            "monitoring_interval": 0,
            "monitoring_role_arn": "",
            "network_type": "IPV4",
            "performance_insights_enabled": true,
            "performance_insights_kms_key_id": "arn:aws:kms:eu-west-2:463470963000:key/5d6e54cf-e7a7-4893-8c5c-83cd07046e05",
            "performance_insights_retention_period": 7,
            "port": 5432,
            "preferred_backup_window": "03:00-04:00",
            "preferred_maintenance_window": "mon:22:04-mon:22:34",
            "promotion_tier": 1,
            "publicly_accessible": false,
            "storage_encrypted": true,
            "tags": {
              "Environment": "Dev",
              "Name": "Aurora Read Replica",
              "Project": "Global Bank Migration",
              "Role": "ReadReplica",
              "Terraform": "true"
            },
            "tags_all": {
              "Environment": "Dev",
              "Name": "Aurora Read Replica",
              "Project": "Global Bank Migration",
              "Role": "ReadReplica",
              "Terraform": "true"
            },
            "timeouts": null,
            "writer": false
          },
          "sensitive_attributes": [],
          "private": "eyJlMmJmYjczMC1lY2FhLTExZTYtOGY4OC0zNDM2M2JjN2M0YzAiOnsiY3JlYXRlIjo1NDAwMDAwMDAwMDAwLCJkZWxldGUiOjU0MDAwMDAwMDAwMDAsInVwZGF0ZSI6NTQwMDAwMDAwMDAwMH19",
          "dependencies": [
            "module.database.aws_db_subnet_group.aurora_subnet",
            "module.database.aws_rds_cluster.global_bank_cluster",
            "module.database.aws_rds_cluster_parameter_group.banking",
            "module.database.aws_security_group.aurora_sg",
            "module.security.aws_kms_key.database",
            "module.security.data.aws_caller_identity.current",
            "module.security.data.aws_iam_policy_document.database_key_policy",
            "module.vpcs.aws_subnet.private",
            "module.vpcs.aws_vpc.main"
          ]
        },
        {
          "index_key": 1,
          "schema_version": 0,
          "attributes": {
            "apply_immediately": null,
            "arn": "arn:aws:rds:eu-west-2:463470963000:db:global-bank-read-1",
            "auto_minor_version_upgrade": true,
            "availability_zone": "eu-west-2a",
            "ca_cert_identifier": "rds-ca-rsa2048-g1",
            "cluster_identifier": "global-bank-cluster",
            "copy_tags_to_snapshot": false,
            "custom_iam_instance_profile": "",
            "db_parameter_group_name": "default.aurora-postgresql15",
            "db_subnet_group_name": "bank-aurora-subnet-group",
            "dbi_resource_id": "db-JO6F42THZJIRDEFWKLWS3FMH6E",
            "endpoint": "global-bank-read-1.cneaey2wmr8r.eu-west-2.rds.amazonaws.com",
            "engine": "aurora-postgresql",
            "engine_version": "15.3",
            "engine_version_actual": "15.3",
            "id": "global-bank-read-1",
            "identifier": "global-bank-read-1",
            "identifier_prefix": "",
            "instance_class": "db.r6g.large",
            "kms_key_id": "arn:aws:kms:eu-west-2:463470963000:key/a7f2883f-276c-4522-a1e2-c406fd5e1708",
            "monitoring_interval": 0,
            "monitoring_role_arn": "",
            "network_type": "IPV4",
            "performance_insights_enabled": true,
            "performance_insights_kms_key_id": "arn:aws:kms:eu-west-2:463470963000:key/5d6e54cf-e7a7-4893-8c5c-83cd07046e05",
            "performance_insights_retention_period": 7,
            "port": 5432,
            "preferred_backup_window": "03:00-04:00",
            "preferred_maintenance_window": "tue:01:12-tue:01:42",
            "promotion_tier": 1,
            "publicly_accessible": false,
            "storage_encrypted": true,
            "tags": {
              "Environment": "Dev",
              "Name": "Aurora Read Replica",
              "Project": "Global Bank Migration",
              "Role": "ReadReplica",
              "Terraform": "true"
            },
            "tags_all": {
              "Environment": "Dev",
              "Name": "Aurora Read Replica",
              "Project": "Global Bank Migration",
              "Role": "ReadReplica",
              "Terraform": "true"
            },
            "timeouts": null,
            "writer": false
          },
          "sensitive_attributes": [],
          "private": "eyJlMmJmYjczMC1lY2FhLTExZTYtOGY4OC0zNDM2M2JjN2M0YzAiOnsiY3JlYXRlIjo1NDAwMDAwMDAwMDAwLCJkZWxldGUiOjU0MDAwMDAwMDAwMDAsInVwZGF0ZSI6NTQwMDAwMDAwMDAwMH19",
          "dependencies": [
            "module.database.aws_db_subnet_group.aurora_subnet",
            "module.database.aws_rds_cluster.global_bank_cluster",
            "module.database.aws_rds_cluster_parameter_group.banking",
            "module.database.aws_security_group.aurora_sg",
            "module.security.aws_kms_key.database",
            "module.security.data.aws_caller_identity.current",
            "module.security.data.aws_iam_policy_document.database_key_policy",
            "module.vpcs.aws_subnet.private",
            "module.vpcs.aws_vpc.main"
          ]
        }
      ]
    },
    {
      "module": "module.database",
      "mode": "managed",
      "type": "aws_rds_cluster_parameter_group",
      "name": "banking",
      "provider": "provider[\"registry.terraform.io/hashicorp/aws\"]",
      "instances": [
        {
          "schema_version": 0,
          "attributes": {
            "arn": "arn:aws:rds:eu-west-2:463470963000:cluster-pg:bank-parameters-talha2",
            "description": "Managed by Terraform",
            "family": "aurora-postgresql15",
            "id": "bank-parameters-talha2",
            "name": "bank-parameters-talha2",
            "name_prefix": "",
            "parameter": [
              {
                "apply_method": "immediate",
                "name": "idle_in_transaction_session_timeout",
                "value": "7200000"
              },
              {
                "apply_method": "immediate",
                "name": "log_connections",
                "value": "1"
              },
              {
                "apply_method": "immediate",
                "name": "log_disconnections",
                "value": "1"
              },
              {
                "apply_method": "immediate",
                "name": "log_min_duration_statement",
                "value": "1000"
              },
              {
                "apply_method": "immediate",
                "name": "log_statement",
                "value": "all"
              },
              {
                "apply_method": "immediate",
                "name": "maintenance_work_mem",
                "value": "262144"
              },
              {
                "apply_method": "immediate",
                "name": "rds.force_ssl",
                "value": "1"
              },
              {
                "apply_method": "immediate",
                "name": "ssl_min_protocol_version",
                "value": "TLSv1.2"
              },
              {
                "apply_method": "immediate",
                "name": "statement_timeout",
                "value": "600000"
              },
              {
                "apply_method": "immediate",
                "name": "work_mem",
                "value": "32768"
              },
              {
                "apply_method": "pending-reboot",
                "name": "max_connections",
                "value": "GREATEST({DBInstanceClassMemory/95313392}, 5000)"
              },
              {
                "apply_method": "pending-reboot",
                "name": "shared_buffers",
                "value": "{DBInstanceClassMemory/32768}"
              }
            ],
            "tags": {
              "Environment": "Dev",
              "Name": "Aurora Banking Parameter Group",
              "Project": "Global Bank Migration",
              "Terraform": "true"
            },
            "tags_all": {
              "Environment": "Dev",
              "Name": "Aurora Banking Parameter Group",
              "Project": "Global Bank Migration",
              "Terraform": "true"
            }
          },
          "sensitive_attributes": [],
          "private": "bnVsbA==",
          "create_before_destroy": true
        }
      ]
    },
    {
      "module": "module.database",
      "mode": "managed",
      "type": "aws_security_group",
      "name": "aurora_sg",
      "provider": "provider[\"registry.terraform.io/hashicorp/aws\"]",
      "instances": [
        {
          "schema_version": 1,
          "attributes": {
            "arn": "arn:aws:ec2:eu-west-2:463470963000:security-group/sg-0e68ad58cf6fdb4db",
            "description": "Security Group for Aurora Cluster",
            "egress": [],
            "id": "sg-0e68ad58cf6fdb4db",
            "ingress": [
              {
                "cidr_blocks": [
                  "10.1.0.0/16"
                ],
                "description": "",
                "from_port": 5432,
                "ipv6_cidr_blocks": [],
                "prefix_list_ids": [],
                "protocol": "tcp",
                "security_groups": [],
                "self": false,
                "to_port": 5432
              }
            ],
            "name": "aurora-sg",
            "name_prefix": "",
            "owner_id": "463470963000",
            "revoke_rules_on_delete": false,
            "tags": {
              "Environment": "Dev",
              "Name": "Aurora Security Group",
              "Project": "Global Bank Migration",
              "Terraform": "true"
            },
            "tags_all": {
              "Environment": "Dev",
              "Name": "Aurora Security Group",
              "Project": "Global Bank Migration",
              "Terraform": "true"
            },
            "timeouts": null,
            "vpc_id": "vpc-0350f314d62fdb9fd"
          },
          "sensitive_attributes": [],
          "private": "eyJlMmJmYjczMC1lY2FhLTExZTYtOGY4OC0zNDM2M2JjN2M0YzAiOnsiY3JlYXRlIjo2MDAwMDAwMDAwMDAsImRlbGV0ZSI6OTAwMDAwMDAwMDAwfSwic2NoZW1hX3ZlcnNpb24iOiIxIn0=",
          "dependencies": [
            "module.vpcs.aws_vpc.main"
          ]
        }
      ]
    },
    {
      "module": "module.database",
      "mode": "managed",
      "type": "aws_security_group",
      "name": "redis",
      "provider": "provider[\"registry.terraform.io/hashicorp/aws\"]",
      "instances": [
        {
          "schema_version": 1,
          "attributes": {
            "arn": "arn:aws:ec2:eu-west-2:463470963000:security-group/sg-0cffcc683f9ea4509",
            "description": "Security Group for Redis Cluster",
            "egress": [
              {
                "cidr_blocks": [
                  "0.0.0.0/0"
                ],
                "description": "",
                "from_port": 0,
                "ipv6_cidr_blocks": [],
                "prefix_list_ids": [],
                "protocol": "-1",
                "security_groups": [],
                "self": false,
                "to_port": 0
              }
            ],
            "id": "sg-0cffcc683f9ea4509",
            "ingress": [
              {
                "cidr_blocks": [
                  "10.1.0.0/16"
                ],
                "description": "",
                "from_port": 6379,
                "ipv6_cidr_blocks": [],
                "prefix_list_ids": [],
                "protocol": "tcp",
                "security_groups": [],
                "self": false,
                "to_port": 6379
              }
            ],
            "name": "redis-sg",
            "name_prefix": "",
            "owner_id": "463470963000",
            "revoke_rules_on_delete": false,
            "tags": {
              "Environment": "Dev",
              "Name": "Redis Security Group",
              "Project": "Global Bank Migration",
              "Terraform": "true"
            },
            "tags_all": {
              "Environment": "Dev",
              "Name": "Redis Security Group",
              "Project": "Global Bank Migration",
              "Terraform": "true"
            },
            "timeouts": null,
            "vpc_id": "vpc-0350f314d62fdb9fd"
          },
          "sensitive_attributes": [],
          "private": "eyJlMmJmYjczMC1lY2FhLTExZTYtOGY4OC0zNDM2M2JjN2M0YzAiOnsiY3JlYXRlIjo2MDAwMDAwMDAwMDAsImRlbGV0ZSI6OTAwMDAwMDAwMDAwfSwic2NoZW1hX3ZlcnNpb24iOiIxIn0=",
          "dependencies": [
            "module.vpcs.aws_vpc.main"
          ]
        }
      ]
    },
    {
      "module": "module.eks",
      "mode": "data",
      "type": "aws_caller_identity",
      "name": "current",
      "provider": "provider[\"registry.terraform.io/hashicorp/aws\"]",
      "instances": [
        {
          "schema_version": 0,
          "attributes": {
            "account_id": "463470963000",
            "arn": "arn:aws:iam::463470963000:root",
            "id": "463470963000",
            "user_id": "463470963000"
          },
          "sensitive_attributes": []
        }
      ]
    },
    {
      "module": "module.eks",
      "mode": "data",
      "type": "aws_iam_policy_document",
      "name": "assume_role_policy",
      "provider": "provider[\"registry.terraform.io/hashicorp/aws\"]",
      "instances": [
        {
          "index_key": 0,
          "schema_version": 0,
          "attributes": {
            "id": "2764486067",
            "json": "{\n  \"Version\": \"2012-10-17\",\n  \"Statement\": [\n    {\n      \"Sid\": \"EKSClusterAssumeRole\",\n      \"Effect\": \"Allow\",\n      \"Action\": \"sts:AssumeRole\",\n      \"Principal\": {\n        \"Service\": \"eks.amazonaws.com\"\n      }\n    }\n  ]\n}",
            "minified_json": "{\"Version\":\"2012-10-17\",\"Statement\":[{\"Sid\":\"EKSClusterAssumeRole\",\"Effect\":\"Allow\",\"Action\":\"sts:AssumeRole\",\"Principal\":{\"Service\":\"eks.amazonaws.com\"}}]}",
            "override_json": null,
            "override_policy_documents": null,
            "policy_id": null,
            "source_json": null,
            "source_policy_documents": null,
            "statement": [
              {
                "actions": [
                  "sts:AssumeRole"
                ],
                "condition": [],
                "effect": "Allow",
                "not_actions": [],
                "not_principals": [],
                "not_resources": [],
                "principals": [
                  {
                    "identifiers": [
                      "eks.amazonaws.com"
                    ],
                    "type": "Service"
                  }
                ],
                "resources": [],
                "sid": "EKSClusterAssumeRole"
              }
            ],
            "version": "2012-10-17"
          },
          "sensitive_attributes": []
        }
      ]
    },
    {
      "module": "module.eks",
      "mode": "data",
      "type": "aws_iam_policy_document",
      "name": "cni_ipv6_policy",
      "provider": "provider[\"registry.terraform.io/hashicorp/aws\"]",
      "instances": []
    },
    {
      "module": "module.eks",
      "mode": "data",
      "type": "aws_iam_session_context",
      "name": "current",
      "provider": "provider[\"registry.terraform.io/hashicorp/aws\"]",
      "instances": [
        {
          "schema_version": 0,
          "attributes": {
            "arn": "arn:aws:iam::463470963000:root",
            "id": "arn:aws:iam::463470963000:root",
            "issuer_arn": "arn:aws:iam::463470963000:root",
            "issuer_id": "",
            "issuer_name": "",
            "session_name": ""
          },
          "sensitive_attributes": []
        }
      ]
    },
    {
      "module": "module.eks",
      "mode": "data",
      "type": "aws_partition",
      "name": "current",
      "provider": "provider[\"registry.terraform.io/hashicorp/aws\"]",
      "instances": [
        {
          "schema_version": 0,
          "attributes": {
            "dns_suffix": "amazonaws.com",
            "id": "aws",
            "partition": "aws",
            "reverse_dns_prefix": "com.amazonaws"
          },
          "sensitive_attributes": []
        }
      ]
    },
    {
      "module": "module.eks",
      "mode": "data",
      "type": "tls_certificate",
      "name": "this",
      "provider": "provider[\"registry.terraform.io/hashicorp/tls\"]",
      "instances": [
        {
          "index_key": 0,
          "schema_version": 0,
          "attributes": {
            "certificates": [
              {
                "cert_pem": "-----BEGIN CERTIFICATE-----\nMIIEdTCCA12gAwIBAgIJAKcOSkw0grd/MA0GCSqGSIb3DQEBCwUAMGgxCzAJBgNV\nBAYTAlVTMSUwIwYDVQQKExxTdGFyZmllbGQgVGVjaG5vbG9naWVzLCBJbmMuMTIw\nMAYDVQQLEylTdGFyZmllbGQgQ2xhc3MgMiBDZXJ0aWZpY2F0aW9uIEF1dGhvcml0\neTAeFw0wOTA5MDIwMDAwMDBaFw0zNDA2MjgxNzM5MTZaMIGYMQswCQYDVQQGEwJV\nUzEQMA4GA1UECBMHQXJpem9uYTETMBEGA1UEBxMKU2NvdHRzZGFsZTElMCMGA1UE\nChMcU3RhcmZpZWxkIFRlY2hub2xvZ2llcywgSW5jLjE7MDkGA1UEAxMyU3RhcmZp\nZWxkIFNlcnZpY2VzIFJvb3QgQ2VydGlmaWNhdGUgQXV0aG9yaXR5IC0gRzIwggEi\nMA0GCSqGSIb3DQEBAQUAA4IBDwAwggEKAoIBAQDVDDrEKvlO4vW+GZdfjohTsR8/\ny8+fIBNtKTrID30892t2OGPZNmCom15cAICyL1l/9of5JUOG52kbUpqQ4XHj2C0N\nTm/2yEnZtvMaVq4rtnQU68/7JuMauh2WLmo7WJSJR1b/JaCTcFOD2oR0FMNnngRo\nOt+OQFodSk7PQ5E751bWAHDLUu57fa4657wx+UX2wmDPE1kCK4DMNEffud6QZW0C\nzyyRpqbn3oUYSXxmTqM6bam17jQuug0DuDPfR+uxa40l2ZvOgdFFRjKWcIfeAg5J\nQ4W2bHO7ZOphQazJ1FTfhy/HIrImzJ9ZVGif/L4qL8RVHHVAYBeFAlU5i38FAgMB\nAAGjgfAwge0wDwYDVR0TAQH/BAUwAwEB/zAOBgNVHQ8BAf8EBAMCAYYwHQYDVR0O\nBBYEFJxfAN+qAdcwKziIorhtSpzyEZGDMB8GA1UdIwQYMBaAFL9ft9HO3R+G9FtV\nrNzXEMIOqYjnME8GCCsGAQUFBwEBBEMwQTAcBggrBgEFBQcwAYYQaHR0cDovL28u\nc3MyLnVzLzAhBggrBgEFBQcwAoYVaHR0cDovL3guc3MyLnVzL3guY2VyMCYGA1Ud\nHwQfMB0wG6AZoBeGFWh0dHA6Ly9zLnNzMi51cy9yLmNybDARBgNVHSAECjAIMAYG\nBFUdIAAwDQYJKoZIhvcNAQELBQADggEBACMd44pXyn3pF3lM8R5V/cxTbj5HD9/G\nVfKyBDbtgB9TxF00KGu+x1X8Z+rLP3+QsjPNG1gQggL4+C/1E2DUBc7xgQjB3ad1\nl08YuW3e95ORCLp+QCztweq7dp4zBncdDQh/U90bZKuCJ/Fp1U1ervShw3WnWEQt\n8jxwmKy6abaVd38PMV4s/KCHOkdp8Hlf9BRUpJVeEXgSYCfOn8J3/yNTd126/+pZ\n59vPr5KW7ySaNRB6nJHGDn2Z9j8Z3/VyVOEVqQdZe4O/Ui5GjLIAZHYcSNPYeehu\nVsyuLAOQ1xk4meTKCRlb/weWsKh/NEnfVqn3sF/tM+2MR7cwA130A4w=\n-----END CERTIFICATE-----\n",
                "is_ca": true,
                "issuer": "OU=Starfield Class 2 Certification Authority,O=Starfield Technologies\\, Inc.,C=US",
                "not_after": "2034-06-28T17:39:16Z",
                "not_before": "2009-09-02T00:00:00Z",
                "public_key_algorithm": "RSA",
                "serial_number": "12037640545166866303",
                "sha1_fingerprint": "9e99a48a9960b14926bb7f3b02e22da2b0ab7280",
                "signature_algorithm": "SHA256-RSA",
                "subject": "CN=Starfield Services Root Certificate Authority - G2,O=Starfield Technologies\\, Inc.,L=Scottsdale,ST=Arizona,C=US",
                "version": 3
              },
              {
                "cert_pem": "-----BEGIN CERTIFICATE-----\nMIIEkjCCA3qgAwIBAgITBn+USionzfP6wq4rAfkI7rnExjANBgkqhkiG9w0BAQsF\nADCBmDELMAkGA1UEBhMCVVMxEDAOBgNVBAgTB0FyaXpvbmExEzARBgNVBAcTClNj\nb3R0c2RhbGUxJTAjBgNVBAoTHFN0YXJmaWVsZCBUZWNobm9sb2dpZXMsIEluYy4x\nOzA5BgNVBAMTMlN0YXJmaWVsZCBTZXJ2aWNlcyBSb290IENlcnRpZmljYXRlIEF1\ndGhvcml0eSAtIEcyMB4XDTE1MDUyNTEyMDAwMFoXDTM3MTIzMTAxMDAwMFowOTEL\nMAkGA1UEBhMCVVMxDzANBgNVBAoTBkFtYXpvbjEZMBcGA1UEAxMQQW1hem9uIFJv\nb3QgQ0EgMTCCASIwDQYJKoZIhvcNAQEBBQADggEPADCCAQoCggEBALJ4gHHKeNXj\nca9HgFB0fW7Y14h29Jlo91ghYPl0hAEvrAIthtOgQ3pOsqTQNroBvo3bSMgHFzZM\n9O6II8c+6zf1tRn4SWiw3te5djgdYZ6k/oI2peVKVuRF4fn9tBb6dNqcmzU5L/qw\nIFAGbHrQgLKm+a/sRxmPUDgH3KKHOVj4utWp+UhnMJbulHheb4mjUcAwhmahRWa6\nVOujw5H5SNz/0egwLX0tdHA114gk957EWW67c4cX8jJGKLhD+rcdqsq08p8kDi1L\n93FcXmn/6pUCyziKrlA4b9v7LWIbxcceVOF34GfID5yHI9Y/QCB/IIDEgEw+OyQm\njgSubJrIqg0CAwEAAaOCATEwggEtMA8GA1UdEwEB/wQFMAMBAf8wDgYDVR0PAQH/\nBAQDAgGGMB0GA1UdDgQWBBSEGMyFNOy8DJSULghZnMeyEE4KCDAfBgNVHSMEGDAW\ngBScXwDfqgHXMCs4iKK4bUqc8hGRgzB4BggrBgEFBQcBAQRsMGowLgYIKwYBBQUH\nMAGGImh0dHA6Ly9vY3NwLnJvb3RnMi5hbWF6b250cnVzdC5jb20wOAYIKwYBBQUH\nMAKGLGh0dHA6Ly9jcnQucm9vdGcyLmFtYXpvbnRydXN0LmNvbS9yb290ZzIuY2Vy\nMD0GA1UdHwQ2MDQwMqAwoC6GLGh0dHA6Ly9jcmwucm9vdGcyLmFtYXpvbnRydXN0\nLmNvbS9yb290ZzIuY3JsMBEGA1UdIAQKMAgwBgYEVR0gADANBgkqhkiG9w0BAQsF\nAAOCAQEAYjdCXLwQtT6LLOkMm2xF4gcAevnFWAu5CIw+7bMlPLVvUOTNNWqnkzSW\nMiGpSESrnO09tKpzbeR/FoCJbM8oAxiDR3mjEH4wW6w7sGDgd9QIpuEdfF7Au/ma\neyKdpwAJfqxGF4PcnCZXmTA5YpaP7dreqsXMGz7KQ2hsVxa81Q4gLv7/wmpdLqBK\nbRRYh5TmOTFffHPLkIhqhBGWJ6bt2YFGpn6jcgAKUj6DiAdjd4lpFw85hdKrCEVN\n0FE6/V1dN2RMfjCyVSRCnTawXZwXgWHxyvkQAiSr6w10kY17RSlQOYiypok1JR4U\nakcjMS9cmvqtmg5iUaQqqcT5NJ0hGA==\n-----END CERTIFICATE-----\n",
                "is_ca": true,
                "issuer": "CN=Starfield Services Root Certificate Authority - G2,O=Starfield Technologies\\, Inc.,L=Scottsdale,ST=Arizona,C=US",
                "not_after": "2037-12-31T01:00:00Z",
                "not_before": "2015-05-25T12:00:00Z",
                "public_key_algorithm": "RSA",
                "serial_number": "144918191876577076464031512351042010504348870",
                "sha1_fingerprint": "06b25927c42a721631c1efd9431e648fa62e1e39",
                "signature_algorithm": "SHA256-RSA",
                "subject": "CN=Amazon Root CA 1,O=Amazon,C=US",
                "version": 3
              },
              {
                "cert_pem": "-----BEGIN CERTIFICATE-----\nMIIEXjCCA0agAwIBAgITB3MSTNQG0mfAmRzdKZqfODF5hTANBgkqhkiG9w0BAQsF\nADA5MQswCQYDVQQGEwJVUzEPMA0GA1UEChMGQW1hem9uMRkwFwYDVQQDExBBbWF6\nb24gUm9vdCBDQSAxMB4XDTIyMDgyMzIyMjYwNFoXDTMwMDgyMzIyMjYwNFowPDEL\nMAkGA1UEBhMCVVMxDzANBgNVBAoTBkFtYXpvbjEcMBoGA1UEAxMTQW1hem9uIFJT\nQSAyMDQ4IE0wMzCCASIwDQYJKoZIhvcNAQEBBQADggEPADCCAQoCggEBALd/pVko\n8vuM475Tf45HV3BbCl/B9Jy89G1CRkFjcPY06WA9lS+7dWbUA7GtWUKoksr69hKM\nwcMsNpxlw7b3jeXFgxB09/nmalcAWtnLzF+LaDKEA5DQmvKzuh1nfIfqEiKCQSmX\nXh09Xs+dO7cm5qbaL2hhNJCSAejciwcvOFgFNgEMR42wm6KIFHsQW28jhA+1u/M0\np6fVwReuEgZfLfdx82Px0LJck3lST3EB/JfbdsdOzzzg5YkY1dfuqf8y5fUeZ7Cz\nWXbTjujwX/TovmeWKA36VLCz75azW6tDNuDn66FOpADZZ9omVaF6BqNJiLMVl6P3\n/c0OiUMC6Z5OfKcCAwEAAaOCAVowggFWMBIGA1UdEwEB/wQIMAYBAf8CAQAwDgYD\nVR0PAQH/BAQDAgGGMB0GA1UdJQQWMBQGCCsGAQUFBwMBBggrBgEFBQcDAjAdBgNV\nHQ4EFgQUVdkYX9IczAHhWLS+q9lVQgHXLgIwHwYDVR0jBBgwFoAUhBjMhTTsvAyU\nlC4IWZzHshBOCggwewYIKwYBBQUHAQEEbzBtMC8GCCsGAQUFBzABhiNodHRwOi8v\nb2NzcC5yb290Y2ExLmFtYXpvbnRydXN0LmNvbTA6BggrBgEFBQcwAoYuaHR0cDov\nL2NydC5yb290Y2ExLmFtYXpvbnRydXN0LmNvbS9yb290Y2ExLmNlcjA/BgNVHR8E\nODA2MDSgMqAwhi5odHRwOi8vY3JsLnJvb3RjYTEuYW1hem9udHJ1c3QuY29tL3Jv\nb3RjYTEuY3JsMBMGA1UdIAQMMAowCAYGZ4EMAQIBMA0GCSqGSIb3DQEBCwUAA4IB\nAQAGjeWm2cC+3z2MzSCnte46/7JZvj3iQZDY7EvODNdZF41n71Lrk9kbfNwerK0d\nVNzW36Wefr7j7ZSwBVg50W5ay65jNSN74TTQV1yt4WnSbVvN6KlMs1hiyOZdoHKs\nKDV2UGNxbdoBYCQNa2GYF8FQIWLugNp35aSOpMy6cFlymFQomIrnOQHwK1nvVY4q\nxDSJMU/gNJz17D8ArPN3ngnyZ2TwepJ0uBINz3G5te2rdFUF4i4Y3Bb7FUlHDYm4\nu8aIRGpk2ZpfXmxaoxnbIBZRvGLPSUuPwnwoUOMsJ8jirI5vs2dvchPb7MtI1rle\ni02f2ivH2vxkjDLltSpe2fiC\n-----END CERTIFICATE-----\n",
                "is_ca": true,
                "issuer": "CN=Amazon Root CA 1,O=Amazon,C=US",
                "not_after": "2030-08-23T22:26:04Z",
                "not_before": "2022-08-23T22:26:04Z",
                "public_key_algorithm": "RSA",
                "serial_number": "166129356476704345391986644047206454194698629",
                "sha1_fingerprint": "d9fe0a65fa00cabf61f5120d373a8135e1461f15",
                "signature_algorithm": "SHA256-RSA",
                "subject": "CN=Amazon RSA 2048 M03,O=Amazon,C=US",
                "version": 3
              },
              {
                "cert_pem": "-----BEGIN CERTIFICATE-----\nMIIF5TCCBM2gAwIBAgIQBOZNZphZKT/NJv5nYmH/KDANBgkqhkiG9w0BAQsFADA8\nMQswCQYDVQQGEwJVUzEPMA0GA1UEChMGQW1hem9uMRwwGgYDVQQDExNBbWF6b24g\nUlNBIDIwNDggTTAzMB4XDTI0MDMyODAwMDAwMFoXDTI1MDQyNjIzNTk1OVowKDEm\nMCQGA1UEAwwdKi5la3MuZXUtd2VzdC0yLmFtYXpvbmF3cy5jb20wggEiMA0GCSqG\nSIb3DQEBAQUAA4IBDwAwggEKAoIBAQC50LL4kInlE7NOhNjz3iY30zBsXZ2oOBLK\n7J481J3uPPaHGrfXMB9lQ6ymLI1nprV8CBSTI2E5S9V/hqBb6+qLcJRDWrYCCZkH\nnRvMUYderQO2/DziCHY63wfuVyVNgm5+XBmxaKTTWsfzKW1oOiiumMeE8WV+fMDS\nbpcJu8bpm5fZ3KUJuTWuOAwvFfy9Dh0A46TrIAg2lFMWXfNZccB4QdFq/Cd2ZWyU\nvxuzXTXfPo7f0hK59PjwrqfGtMNvdAfveydSmlq5fxBgh5PhjrcZqKqBkGG4JMJg\nyf+/y8woPPDNlQ2r+8nQMofXIsQZqzcdIvtfa3YZk1N8lNLdZrGxAgMBAAGjggL1\nMIIC8TAfBgNVHSMEGDAWgBRV2Rhf0hzMAeFYtL6r2VVCAdcuAjAdBgNVHQ4EFgQU\n8M8aSrbULMBz5aLdzh/8my6WcKEwKAYDVR0RBCEwH4IdKi5la3MuZXUtd2VzdC0y\nLmFtYXpvbmF3cy5jb20wEwYDVR0gBAwwCjAIBgZngQwBAgEwDgYDVR0PAQH/BAQD\nAgWgMB0GA1UdJQQWMBQGCCsGAQUFBwMBBggrBgEFBQcDAjA7BgNVHR8ENDAyMDCg\nLqAshipodHRwOi8vY3JsLnIybTAzLmFtYXpvbnRydXN0LmNvbS9yMm0wMy5jcmww\ndQYIKwYBBQUHAQEEaTBnMC0GCCsGAQUFBzABhiFodHRwOi8vb2NzcC5yMm0wMy5h\nbWF6b250cnVzdC5jb20wNgYIKwYBBQUHMAKGKmh0dHA6Ly9jcnQucjJtMDMuYW1h\nem9udHJ1c3QuY29tL3IybTAzLmNlcjAMBgNVHRMBAf8EAjAAMIIBfQYKKwYBBAHW\neQIEAgSCAW0EggFpAWcAdgDPEVbu1S58r/OHW9lpLpvpGnFnSrAX7KwB0lt3zsw7\nCAAAAY6HBDnqAAAEAwBHMEUCIQDLYS6G3LbBwHmHRtw10b7KxsuPnfnGdENM5yP3\ncWpOcQIgbBl9iFx5TAcYbayzqPku47iTk6gtOFYd1ZMC1EXlyocAdgB9WR4S4Xgq\nexxhZ3xe/fjQh1wUoE6VnrkDL9kOjC55uAAAAY6HBDnrAAAEAwBHMEUCIQDRO5Fm\nGiRgknDju2sXfJpKcJL+poeVSTTYx78v92MnLAIgfhGy8K50Ek6gIRh+dTAlBY5J\nooG3cHwb0lej5ARGc1wAdQDm0jFjQHeMwRBBBtdxuc7B0kD2loSG+7qHMh39HjeO\nUAAAAY6HBDoHAAAEAwBGMEQCIHMdTx2ViWmHbZZoh6BL+Pe1q/cWA+7cLK8MrgEb\nsVvZAiB23izX4VkUWPXANcRPSlC5yWSxzKvlp6rmk4v214VIyjANBgkqhkiG9w0B\nAQsFAAOCAQEAmpiMofzjxxujwccWd44UVYLQYDwbfF2M2M3I469m8VMv9mVlMbSG\n9aqkkQusEK1hugt1OKjaIk8K9vDNp087QFi3cTPUv1igbtDBgkwFEQm8YiUpY4WO\n0D28uLi8L78+YTfa39PxzXRKABpwMIKGBEGEc9tXLWFMeTYCGEW6q5LBdFZ7RDvZ\noDIWMB90V6+WudsyBS0PaQQ+QaK4mNRdVV2J209QNMR/LNk7RptnFG1P4CaolePD\ntKkZvyVEIBUG0vYrZUrTnCJhOVbt0XAIK9jcDugrMsS55sIMbdvAvehD89nJTkTR\nWIf8Ay9Nf+E8UspJHmY2C6Gn7zeHGc3ziw==\n-----END CERTIFICATE-----\n",
                "is_ca": false,
                "issuer": "CN=Amazon RSA 2048 M03,O=Amazon,C=US",
                "not_after": "2025-04-26T23:59:59Z",
                "not_before": "2024-03-28T00:00:00Z",
                "public_key_algorithm": "RSA",
                "serial_number": "6512710134564242164505930165420949288",
                "sha1_fingerprint": "344820d663fc5fd780b5ea02d3b62130d2f1948a",
                "signature_algorithm": "SHA256-RSA",
                "subject": "CN=*.eks.eu-west-2.amazonaws.com",
                "version": 3
              }
            ],
            "content": null,
            "id": "7ab4c51825f352254467653ad8251836811f444b",
            "url": "https://oidc.eks.eu-west-2.amazonaws.com/id/FB46CAB9C7894FB8F4F0DB4CAD39D2A8",
            "verify_chain": true
          },
          "sensitive_attributes": []
        }
      ]
    },
    {
      "module": "module.eks",
      "mode": "managed",
      "type": "aws_cloudwatch_log_group",
      "name": "this",
      "provider": "provider[\"registry.terraform.io/hashicorp/aws\"]",
      "instances": [
        {
          "index_key": 0,
          "schema_version": 0,
          "attributes": {
            "arn": "arn:aws:logs:eu-west-2:463470963000:log-group:/aws/eks/banking-eks/cluster",
            "id": "/aws/eks/banking-eks/cluster",
            "kms_key_id": "",
            "log_group_class": "STANDARD",
            "name": "/aws/eks/banking-eks/cluster",
            "name_prefix": "",
            "retention_in_days": 90,
            "skip_destroy": false,
            "tags": {
              "Environment": "Dev",
              "Name": "/aws/eks/banking-eks/cluster",
              "Project": "Global Bank Migration",
              "Terraform": "true"
            },
            "tags_all": {
              "Environment": "Dev",
              "Name": "/aws/eks/banking-eks/cluster",
              "Project": "Global Bank Migration",
              "Terraform": "true"
            }
          },
          "sensitive_attributes": [],
          "private": "bnVsbA==",
          "create_before_destroy": true
        }
      ]
    },
    {
      "module": "module.eks",
      "mode": "managed",
      "type": "aws_ec2_tag",
      "name": "cluster_primary_security_group",
      "provider": "provider[\"registry.terraform.io/hashicorp/aws\"]",
      "instances": [
        {
          "index_key": "Environment",
          "schema_version": 0,
          "attributes": {
            "id": "sg-01a09c8b5f80d3d8c,Environment",
            "key": "Environment",
            "resource_id": "sg-01a09c8b5f80d3d8c",
            "value": "Dev"
          },
          "sensitive_attributes": [],
          "private": "bnVsbA==",
          "dependencies": [
            "module.eks.aws_cloudwatch_log_group.this",
            "module.eks.aws_eks_cluster.this",
            "module.eks.aws_iam_policy.cni_ipv6_policy",
            "module.eks.aws_iam_role.this",
            "module.eks.aws_iam_role_policy_attachment.this",
            "module.eks.aws_security_group.cluster",
            "module.eks.aws_security_group.node",
            "module.eks.aws_security_group_rule.cluster",
            "module.eks.aws_security_group_rule.node",
            "module.eks.data.aws_caller_identity.current",
            "module.eks.data.aws_iam_policy_document.assume_role_policy",
            "module.eks.data.aws_iam_policy_document.cni_ipv6_policy",
            "module.eks.data.aws_iam_session_context.current",
            "module.eks.data.aws_partition.current",
            "module.eks.module.kms.aws_kms_external_key.this",
            "module.eks.module.kms.aws_kms_key.this",
            "module.eks.module.kms.aws_kms_replica_external_key.this",
            "module.eks.module.kms.aws_kms_replica_key.this",
            "module.eks.module.kms.data.aws_caller_identity.current",
            "module.eks.module.kms.data.aws_iam_policy_document.this",
            "module.eks.module.kms.data.aws_partition.current",
            "module.vpcs.aws_subnet.private",
            "module.vpcs.aws_vpc.main"
          ]
        },
        {
          "index_key": "Project",
          "schema_version": 0,
          "attributes": {
            "id": "sg-01a09c8b5f80d3d8c,Project",
            "key": "Project",
            "resource_id": "sg-01a09c8b5f80d3d8c",
            "value": "Global Bank Migration"
          },
          "sensitive_attributes": [],
          "private": "bnVsbA==",
          "dependencies": [
            "module.eks.aws_cloudwatch_log_group.this",
            "module.eks.aws_eks_cluster.this",
            "module.eks.aws_iam_policy.cni_ipv6_policy",
            "module.eks.aws_iam_role.this",
            "module.eks.aws_iam_role_policy_attachment.this",
            "module.eks.aws_security_group.cluster",
            "module.eks.aws_security_group.node",
            "module.eks.aws_security_group_rule.cluster",
            "module.eks.aws_security_group_rule.node",
            "module.eks.data.aws_caller_identity.current",
            "module.eks.data.aws_iam_policy_document.assume_role_policy",
            "module.eks.data.aws_iam_policy_document.cni_ipv6_policy",
            "module.eks.data.aws_iam_session_context.current",
            "module.eks.data.aws_partition.current",
            "module.eks.module.kms.aws_kms_external_key.this",
            "module.eks.module.kms.aws_kms_key.this",
            "module.eks.module.kms.aws_kms_replica_external_key.this",
            "module.eks.module.kms.aws_kms_replica_key.this",
            "module.eks.module.kms.data.aws_caller_identity.current",
            "module.eks.module.kms.data.aws_iam_policy_document.this",
            "module.eks.module.kms.data.aws_partition.current",
            "module.vpcs.aws_subnet.private",
            "module.vpcs.aws_vpc.main"
          ]
        },
        {
          "index_key": "Terraform",
          "schema_version": 0,
          "attributes": {
            "id": "sg-01a09c8b5f80d3d8c,Terraform",
            "key": "Terraform",
            "resource_id": "sg-01a09c8b5f80d3d8c",
            "value": "true"
          },
          "sensitive_attributes": [],
          "private": "bnVsbA==",
          "dependencies": [
            "module.eks.aws_cloudwatch_log_group.this",
            "module.eks.aws_eks_cluster.this",
            "module.eks.aws_iam_policy.cni_ipv6_policy",
            "module.eks.aws_iam_role.this",
            "module.eks.aws_iam_role_policy_attachment.this",
            "module.eks.aws_security_group.cluster",
            "module.eks.aws_security_group.node",
            "module.eks.aws_security_group_rule.cluster",
            "module.eks.aws_security_group_rule.node",
            "module.eks.data.aws_caller_identity.current",
            "module.eks.data.aws_iam_policy_document.assume_role_policy",
            "module.eks.data.aws_iam_policy_document.cni_ipv6_policy",
            "module.eks.data.aws_iam_session_context.current",
            "module.eks.data.aws_partition.current",
            "module.eks.module.kms.aws_kms_external_key.this",
            "module.eks.module.kms.aws_kms_key.this",
            "module.eks.module.kms.aws_kms_replica_external_key.this",
            "module.eks.module.kms.aws_kms_replica_key.this",
            "module.eks.module.kms.data.aws_caller_identity.current",
            "module.eks.module.kms.data.aws_iam_policy_document.this",
            "module.eks.module.kms.data.aws_partition.current",
            "module.vpcs.aws_subnet.private",
            "module.vpcs.aws_vpc.main"
          ]
        }
      ]
    },
    {
      "module": "module.eks",
      "mode": "managed",
      "type": "aws_eks_cluster",
      "name": "this",
      "provider": "provider[\"registry.terraform.io/hashicorp/aws\"]",
      "instances": [
        {
          "index_key": 0,
          "schema_version": 1,
          "attributes": {
            "access_config": [
              {
                "authentication_mode": "CONFIG_MAP",
                "bootstrap_cluster_creator_admin_permissions": true
              }
            ],
            "arn": "arn:aws:eks:eu-west-2:463470963000:cluster/banking-eks",
            "bootstrap_self_managed_addons": true,
            "certificate_authority": [
              {
                "data": "LS0tLS1CRUdJTiBDRVJUSUZJQ0FURS0tLS0tCk1JSURCVENDQWUyZ0F3SUJBZ0lJZXJpMllod3ljaUl3RFFZSktvWklodmNOQVFFTEJRQXdGVEVUTUJFR0ExVUUKQXhNS2EzVmlaWEp1WlhSbGN6QWVGdzB5TkRFeU1EUXdPVFExTkRsYUZ3MHpOREV5TURJd09UVXdORGxhTUJVeApFekFSQmdOVkJBTVRDbXQxWW1WeWJtVjBaWE13Z2dFaU1BMEdDU3FHU0liM0RRRUJBUVVBQTRJQkR3QXdnZ0VLCkFvSUJBUUM1bW01VFNwc2NJRy9FUUp6MDlHNHZHNjVIZlcxV2RNcWtXbmxJQW1ORVFzckJTTGRmYThqNmNoNlkKbzZtWHgxTm53RnM0a1d3cEltNFRZNWxDNDFZQjJhN0NaWjkxa1drcVBRTnRBVTFIRmtwV3hXMUhaUmF3bFgxQQpsVnZnUSt4NkhhVllrU2Jpb3l1dS9VUUlMYVB6UG03a0NTVHBPRmpGeitBRWxqWDBhZFkyYmNvY01qTWpUTDlXCjNuZ0k3VnQ3V0FoLzZKSTZ1eFZtajMwcytXRmpNT2NXSjVGVWxRQ0VJL2kwVVI5YXR2Q1hzOVpscXRjMDRKRW0KYWgzVFgyaGt4WS9CYUpnckxzMkNLbGNJbjl3RzF1cWpsV0EyQ3ZTZEF4KysrUzlpOHlFNlBVblYxNXYwOE1UUQozSDZtU0RCbUxFSzhiSXFmWVNsbU1rLzB0Nit2QWdNQkFBR2pXVEJYTUE0R0ExVWREd0VCL3dRRUF3SUNwREFQCkJnTlZIUk1CQWY4RUJUQURBUUgvTUIwR0ExVWREZ1FXQkJUV3h6Q3NmTXovOVhlRHlQcGtaUnFraHgyd2VEQVYKQmdOVkhSRUVEakFNZ2dwcmRXSmxjbTVsZEdWek1BMEdDU3FHU0liM0RRRUJDd1VBQTRJQkFRQ0cxdDZzWU9oTwpYWWthY2t0SnlSc1NtTWV0RGVxQjMxRzg1NExNUWpmdTRxVFI1YXlPNHZxeldKODNwZWtRVjVtc2lzY2pJcTQ5CjUzeGlWWFZ5bHZJSmFKV2t4Myt4RVUram42Si83TTNFYmpDb0xJUnhhbDdoZk5nTGUrWmRSL2g0MTZvc1dXVjIKVFBQdFhSRFhrVWZkRlkvVXliYnUzTG5LdzFXazdzSGJvZHJPbm1tWnJsNHpmSzFIYjJVYUNFT09qbDRQaFdjWQp4cGdZQlZrN2RlbmtGU1dvU0RUOUwwSi9VeFRzSXhDU1IySkxmd1d6OWJBUkdDZzZsakNDZFpKZlBFUmcwN3FlCjYwaWNjWm45cWJHOS83R2tGdzZQcGdHTmtNUTlGWlhSRU1VejZCYTRLL09tenpDUkRMd1NvcHRheFc5c1pVWHkKN2k1a0FHNUZ0cUhkCi0tLS0tRU5EIENFUlRJRklDQVRFLS0tLS0K"
              }
            ],
            "cluster_id": null,
            "created_at": "2024-12-04 09:47:14.296 +0000 UTC",
            "enabled_cluster_log_types": [
              "api",
              "audit",
              "authenticator"
            ],
            "encryption_config": [
              {
                "provider": [
                  {
                    "key_arn": "arn:aws:kms:eu-west-2:463470963000:key/68f96f31-4daf-4e4d-bbfb-10bbcca2c7dd"
                  }
                ],
                "resources": [
                  "secrets"
                ]
              }
            ],
            "endpoint": "https://FB46CAB9C7894FB8F4F0DB4CAD39D2A8.yl4.eu-west-2.eks.amazonaws.com",
            "id": "banking-eks",
            "identity": [
              {
                "oidc": [
                  {
                    "issuer": "https://oidc.eks.eu-west-2.amazonaws.com/id/FB46CAB9C7894FB8F4F0DB4CAD39D2A8"
                  }
                ]
              }
            ],
            "kubernetes_network_config": [
              {
                "ip_family": "ipv4",
                "service_ipv4_cidr": "172.20.0.0/16",
                "service_ipv6_cidr": ""
              }
            ],
            "name": "banking-eks",
            "outpost_config": [],
            "platform_version": "eks.33",
            "role_arn": "arn:aws:iam::463470963000:role/banking-eks-cluster-20241204094406098600000010",
            "status": "ACTIVE",
            "tags": {
              "Environment": "Dev",
              "Name": "EKS",
              "Project": "Global Bank Migration",
              "Terraform": "true"
            },
            "tags_all": {
              "Environment": "Dev",
              "Name": "EKS",
              "Project": "Global Bank Migration",
              "Terraform": "true"
            },
            "timeouts": {
              "create": null,
              "delete": null,
              "update": null
            },
            "upgrade_policy": [
              {
                "support_type": "EXTENDED"
              }
            ],
            "version": "1.27",
            "vpc_config": [
              {
                "cluster_security_group_id": "sg-01a09c8b5f80d3d8c",
                "endpoint_private_access": true,
                "endpoint_public_access": false,
                "public_access_cidrs": [
                  "0.0.0.0/0"
                ],
                "security_group_ids": [
                  "sg-0f7033fe3e0f968d5"
                ],
                "subnet_ids": [
                  "subnet-0a17621573cb7594e",
                  "subnet-0d7f9144a58eddf7a"
                ],
                "vpc_id": "vpc-0e7125758c70e0a93"
              }
            ]
          },
          "sensitive_attributes": [],
          "private": "eyJlMmJmYjczMC1lY2FhLTExZTYtOGY4OC0zNDM2M2JjN2M0YzAiOnsiY3JlYXRlIjoxODAwMDAwMDAwMDAwLCJkZWxldGUiOjkwMDAwMDAwMDAwMCwidXBkYXRlIjozNjAwMDAwMDAwMDAwfSwic2NoZW1hX3ZlcnNpb24iOiIxIn0=",
          "dependencies": [
            "module.eks.aws_cloudwatch_log_group.this",
            "module.eks.aws_iam_policy.cni_ipv6_policy",
            "module.eks.aws_iam_role.this",
            "module.eks.aws_iam_role_policy_attachment.this",
            "module.eks.aws_security_group.cluster",
            "module.eks.aws_security_group.node",
            "module.eks.aws_security_group_rule.cluster",
            "module.eks.aws_security_group_rule.node",
            "module.eks.data.aws_caller_identity.current",
            "module.eks.data.aws_iam_policy_document.assume_role_policy",
            "module.eks.data.aws_iam_policy_document.cni_ipv6_policy",
            "module.eks.data.aws_iam_session_context.current",
            "module.eks.data.aws_partition.current",
            "module.eks.module.kms.aws_kms_external_key.this",
            "module.eks.module.kms.aws_kms_key.this",
            "module.eks.module.kms.aws_kms_replica_external_key.this",
            "module.eks.module.kms.aws_kms_replica_key.this",
            "module.eks.module.kms.data.aws_caller_identity.current",
            "module.eks.module.kms.data.aws_iam_policy_document.this",
            "module.eks.module.kms.data.aws_partition.current",
            "module.vpcs.aws_subnet.private",
            "module.vpcs.aws_vpc.main"
          ],
          "create_before_destroy": true
        }
      ]
    },
    {
      "module": "module.eks",
      "mode": "managed",
      "type": "aws_iam_openid_connect_provider",
      "name": "oidc_provider",
      "provider": "provider[\"registry.terraform.io/hashicorp/aws\"]",
      "instances": [
        {
          "index_key": 0,
          "schema_version": 0,
          "attributes": {
            "arn": "arn:aws:iam::463470963000:oidc-provider/oidc.eks.eu-west-2.amazonaws.com/id/FB46CAB9C7894FB8F4F0DB4CAD39D2A8",
            "client_id_list": [
              "sts.amazonaws.com"
            ],
            "id": "arn:aws:iam::463470963000:oidc-provider/oidc.eks.eu-west-2.amazonaws.com/id/FB46CAB9C7894FB8F4F0DB4CAD39D2A8",
            "tags": {
              "Environment": "Dev",
              "Name": "EKS",
              "Project": "Global Bank Migration",
              "Terraform": "true"
            },
            "tags_all": {
              "Environment": "Dev",
              "Name": "EKS",
              "Project": "Global Bank Migration",
              "Terraform": "true"
            },
            "thumbprint_list": [
              "9e99a48a9960b14926bb7f3b02e22da2b0ab7280"
            ],
            "url": "oidc.eks.eu-west-2.amazonaws.com/id/FB46CAB9C7894FB8F4F0DB4CAD39D2A8"
          },
          "sensitive_attributes": [],
          "private": "bnVsbA==",
          "dependencies": [
            "module.eks.aws_cloudwatch_log_group.this",
            "module.eks.aws_eks_cluster.this",
            "module.eks.aws_iam_policy.cni_ipv6_policy",
            "module.eks.aws_iam_role.this",
            "module.eks.aws_iam_role_policy_attachment.this",
            "module.eks.aws_security_group.cluster",
            "module.eks.aws_security_group.node",
            "module.eks.aws_security_group_rule.cluster",
            "module.eks.aws_security_group_rule.node",
            "module.eks.data.aws_caller_identity.current",
            "module.eks.data.aws_iam_policy_document.assume_role_policy",
            "module.eks.data.aws_iam_policy_document.cni_ipv6_policy",
            "module.eks.data.aws_iam_session_context.current",
            "module.eks.data.aws_partition.current",
            "module.eks.data.tls_certificate.this",
            "module.eks.module.kms.aws_kms_external_key.this",
            "module.eks.module.kms.aws_kms_key.this",
            "module.eks.module.kms.aws_kms_replica_external_key.this",
            "module.eks.module.kms.aws_kms_replica_key.this",
            "module.eks.module.kms.data.aws_caller_identity.current",
            "module.eks.module.kms.data.aws_iam_policy_document.this",
            "module.eks.module.kms.data.aws_partition.current",
            "module.vpcs.aws_subnet.private",
            "module.vpcs.aws_vpc.main"
          ]
        }
      ]
    },
    {
      "module": "module.eks",
      "mode": "managed",
      "type": "aws_iam_policy",
      "name": "cluster_encryption",
      "provider": "provider[\"registry.terraform.io/hashicorp/aws\"]",
      "instances": [
        {
          "index_key": 0,
          "schema_version": 0,
          "attributes": {
            "arn": "arn:aws:iam::463470963000:policy/banking-eks-cluster-ClusterEncryption20241204094711529500000030",
            "attachment_count": 0,
            "description": "Cluster encryption policy to allow cluster role to utilize CMK provided",
            "id": "arn:aws:iam::463470963000:policy/banking-eks-cluster-ClusterEncryption20241204094711529500000030",
            "name": "banking-eks-cluster-ClusterEncryption20241204094711529500000030",
            "name_prefix": "banking-eks-cluster-ClusterEncryption",
            "path": "/",
            "policy": "{\"Statement\":[{\"Action\":[\"kms:Encrypt\",\"kms:Decrypt\",\"kms:ListGrants\",\"kms:DescribeKey\"],\"Effect\":\"Allow\",\"Resource\":\"arn:aws:kms:eu-west-2:463470963000:key/68f96f31-4daf-4e4d-bbfb-10bbcca2c7dd\"}],\"Version\":\"2012-10-17\"}",
            "policy_id": "ANPAWX2IFVE4IVJHJOMR2",
            "tags": {
              "Environment": "Dev",
              "Name": "EKS",
              "Project": "Global Bank Migration",
              "Terraform": "true"
            },
            "tags_all": {
              "Environment": "Dev",
              "Name": "EKS",
              "Project": "Global Bank Migration",
              "Terraform": "true"
            }
          },
          "sensitive_attributes": [],
          "private": "bnVsbA==",
          "dependencies": [
            "module.eks.aws_iam_role.this",
            "module.eks.data.aws_caller_identity.current",
            "module.eks.data.aws_iam_policy_document.assume_role_policy",
            "module.eks.data.aws_iam_session_context.current",
            "module.eks.data.aws_partition.current",
            "module.eks.module.kms.aws_kms_external_key.this",
            "module.eks.module.kms.aws_kms_key.this",
            "module.eks.module.kms.aws_kms_replica_external_key.this",
            "module.eks.module.kms.aws_kms_replica_key.this",
            "module.eks.module.kms.data.aws_caller_identity.current",
            "module.eks.module.kms.data.aws_iam_policy_document.this",
            "module.eks.module.kms.data.aws_partition.current"
          ]
        }
      ]
    },
    {
      "module": "module.eks",
      "mode": "managed",
      "type": "aws_iam_policy",
      "name": "cni_ipv6_policy",
      "provider": "provider[\"registry.terraform.io/hashicorp/aws\"]",
      "instances": []
    },
    {
      "module": "module.eks",
      "mode": "managed",
      "type": "aws_iam_role",
      "name": "this",
      "provider": "provider[\"registry.terraform.io/hashicorp/aws\"]",
      "instances": [
        {
          "index_key": 0,
          "schema_version": 0,
          "attributes": {
            "arn": "arn:aws:iam::463470963000:role/banking-eks-cluster-20241204094406098600000010",
            "assume_role_policy": "{\"Statement\":[{\"Action\":\"sts:AssumeRole\",\"Effect\":\"Allow\",\"Principal\":{\"Service\":\"eks.amazonaws.com\"},\"Sid\":\"EKSClusterAssumeRole\"}],\"Version\":\"2012-10-17\"}",
            "create_date": "2024-12-04T09:44:06Z",
            "description": "",
            "force_detach_policies": true,
            "id": "banking-eks-cluster-20241204094406098600000010",
            "inline_policy": [
              {
                "name": "banking-eks-cluster",
                "policy": "{\"Version\":\"2012-10-17\",\"Statement\":[{\"Action\":[\"logs:CreateLogGroup\"],\"Effect\":\"Deny\",\"Resource\":\"*\"}]}"
              }
            ],
            "managed_policy_arns": [],
            "max_session_duration": 3600,
            "name": "banking-eks-cluster-20241204094406098600000010",
            "name_prefix": "banking-eks-cluster-",
            "path": "/",
            "permissions_boundary": "",
            "tags": {
              "Environment": "Dev",
              "Name": "EKS",
              "Project": "Global Bank Migration",
              "Terraform": "true"
            },
            "tags_all": {
              "Environment": "Dev",
              "Name": "EKS",
              "Project": "Global Bank Migration",
              "Terraform": "true"
            },
            "unique_id": "AROAWX2IFVE4FYERUZZP4"
          },
          "sensitive_attributes": [],
          "private": "bnVsbA==",
          "dependencies": [
            "module.eks.data.aws_iam_policy_document.assume_role_policy",
            "module.eks.data.aws_partition.current"
          ],
          "create_before_destroy": true
        }
      ]
    },
    {
      "module": "module.eks",
      "mode": "managed",
      "type": "aws_iam_role_policy_attachment",
      "name": "cluster_encryption",
      "provider": "provider[\"registry.terraform.io/hashicorp/aws\"]",
      "instances": [
        {
          "index_key": 0,
          "schema_version": 0,
          "attributes": {
            "id": "banking-eks-cluster-20241204094406098600000010-20241204095632533100000033",
            "policy_arn": "arn:aws:iam::463470963000:policy/banking-eks-cluster-ClusterEncryption20241204094711529500000030",
            "role": "banking-eks-cluster-20241204094406098600000010"
          },
          "sensitive_attributes": [],
          "private": "bnVsbA==",
          "dependencies": [
            "module.eks.aws_iam_policy.cluster_encryption",
            "module.eks.aws_iam_role.this",
            "module.eks.data.aws_caller_identity.current",
            "module.eks.data.aws_iam_policy_document.assume_role_policy",
            "module.eks.data.aws_iam_session_context.current",
            "module.eks.data.aws_partition.current",
            "module.eks.module.kms.aws_kms_external_key.this",
            "module.eks.module.kms.aws_kms_key.this",
            "module.eks.module.kms.aws_kms_replica_external_key.this",
            "module.eks.module.kms.aws_kms_replica_key.this",
            "module.eks.module.kms.data.aws_caller_identity.current",
            "module.eks.module.kms.data.aws_iam_policy_document.this",
            "module.eks.module.kms.data.aws_partition.current"
          ]
        }
      ]
    },
    {
      "module": "module.eks",
      "mode": "managed",
      "type": "aws_iam_role_policy_attachment",
      "name": "this",
      "provider": "provider[\"registry.terraform.io/hashicorp/aws\"]",
      "instances": [
        {
          "index_key": "AmazonEKSClusterPolicy",
          "schema_version": 0,
          "attributes": {
            "id": "banking-eks-cluster-20241204094406098600000010-20241204094428440600000017",
            "policy_arn": "arn:aws:iam::aws:policy/AmazonEKSClusterPolicy",
            "role": "banking-eks-cluster-20241204094406098600000010"
          },
          "sensitive_attributes": [],
          "private": "bnVsbA==",
          "dependencies": [
            "module.eks.aws_iam_role.this",
            "module.eks.data.aws_iam_policy_document.assume_role_policy",
            "module.eks.data.aws_partition.current"
          ],
          "create_before_destroy": true
        },
        {
          "index_key": "AmazonEKSVPCResourceController",
          "schema_version": 0,
          "attributes": {
            "id": "banking-eks-cluster-20241204094406098600000010-20241204094428517400000018",
            "policy_arn": "arn:aws:iam::aws:policy/AmazonEKSVPCResourceController",
            "role": "banking-eks-cluster-20241204094406098600000010"
          },
          "sensitive_attributes": [],
          "private": "bnVsbA==",
          "dependencies": [
            "module.eks.aws_iam_role.this",
            "module.eks.data.aws_iam_policy_document.assume_role_policy",
            "module.eks.data.aws_partition.current"
          ],
          "create_before_destroy": true
        }
      ]
    },
    {
      "module": "module.eks",
      "mode": "managed",
      "type": "aws_security_group",
      "name": "cluster",
      "provider": "provider[\"registry.terraform.io/hashicorp/aws\"]",
      "instances": [
        {
          "index_key": 0,
          "schema_version": 1,
          "attributes": {
            "arn": "arn:aws:ec2:eu-west-2:463470963000:security-group/sg-0f7033fe3e0f968d5",
            "description": "EKS cluster security group",
            "egress": [],
            "id": "sg-0f7033fe3e0f968d5",
            "ingress": [],
            "name": "banking-eks-cluster-20241204094436725500000023",
            "name_prefix": "banking-eks-cluster-",
            "owner_id": "463470963000",
            "revoke_rules_on_delete": false,
            "tags": {
              "Environment": "Dev",
              "Name": "banking-eks-cluster",
              "Project": "Global Bank Migration",
              "Terraform": "true"
            },
            "tags_all": {
              "Environment": "Dev",
              "Name": "banking-eks-cluster",
              "Project": "Global Bank Migration",
              "Terraform": "true"
            },
            "timeouts": null,
            "vpc_id": "vpc-0e7125758c70e0a93"
          },
          "sensitive_attributes": [],
          "private": "eyJlMmJmYjczMC1lY2FhLTExZTYtOGY4OC0zNDM2M2JjN2M0YzAiOnsiY3JlYXRlIjo2MDAwMDAwMDAwMDAsImRlbGV0ZSI6OTAwMDAwMDAwMDAwfSwic2NoZW1hX3ZlcnNpb24iOiIxIn0=",
          "dependencies": [
            "module.vpcs.aws_vpc.main"
          ],
          "create_before_destroy": true
        }
      ]
    },
    {
      "module": "module.eks",
      "mode": "managed",
      "type": "aws_security_group",
      "name": "node",
      "provider": "provider[\"registry.terraform.io/hashicorp/aws\"]",
      "instances": [
        {
          "index_key": 0,
          "schema_version": 1,
          "attributes": {
            "arn": "arn:aws:ec2:eu-west-2:463470963000:security-group/sg-0eae585866d41266c",
            "description": "EKS node shared security group",
            "egress": [],
            "id": "sg-0eae585866d41266c",
            "ingress": [],
            "name": "banking-eks-node-20241204094436211800000022",
            "name_prefix": "banking-eks-node-",
            "owner_id": "463470963000",
            "revoke_rules_on_delete": false,
            "tags": {
              "Environment": "Dev",
              "Name": "banking-eks-node",
              "Project": "Global Bank Migration",
              "Terraform": "true",
              "kubernetes.io/cluster/banking-eks": "owned"
            },
            "tags_all": {
              "Environment": "Dev",
              "Name": "banking-eks-node",
              "Project": "Global Bank Migration",
              "Terraform": "true",
              "kubernetes.io/cluster/banking-eks": "owned"
            },
            "timeouts": null,
            "vpc_id": "vpc-0e7125758c70e0a93"
          },
          "sensitive_attributes": [],
          "private": "eyJlMmJmYjczMC1lY2FhLTExZTYtOGY4OC0zNDM2M2JjN2M0YzAiOnsiY3JlYXRlIjo2MDAwMDAwMDAwMDAsImRlbGV0ZSI6OTAwMDAwMDAwMDAwfSwic2NoZW1hX3ZlcnNpb24iOiIxIn0=",
          "dependencies": [
            "module.vpcs.aws_vpc.main"
          ],
          "create_before_destroy": true
        }
      ]
    },
    {
      "module": "module.eks",
      "mode": "managed",
      "type": "aws_security_group_rule",
      "name": "cluster",
      "provider": "provider[\"registry.terraform.io/hashicorp/aws\"]",
      "instances": [
        {
          "index_key": "ingress_nodes_443",
          "schema_version": 2,
          "attributes": {
            "cidr_blocks": null,
            "description": "Node groups to cluster API",
            "from_port": 443,
            "id": "sgrule-2747224449",
            "ipv6_cidr_blocks": null,
            "prefix_list_ids": null,
            "protocol": "tcp",
            "security_group_id": "sg-0f7033fe3e0f968d5",
            "security_group_rule_id": "sgr-062723b89e0607ca9",
            "self": false,
            "source_security_group_id": "sg-0eae585866d41266c",
            "timeouts": null,
            "to_port": 443,
            "type": "ingress"
          },
          "sensitive_attributes": [],
          "private": "eyJlMmJmYjczMC1lY2FhLTExZTYtOGY4OC0zNDM2M2JjN2M0YzAiOnsiY3JlYXRlIjozMDAwMDAwMDAwMDB9LCJzY2hlbWFfdmVyc2lvbiI6IjIifQ==",
          "dependencies": [
            "module.eks.aws_security_group.cluster",
            "module.eks.aws_security_group.node",
            "module.vpcs.aws_vpc.main"
          ],
          "create_before_destroy": true
        }
      ]
    },
    {
      "module": "module.eks",
      "mode": "managed",
      "type": "aws_security_group_rule",
      "name": "node",
      "provider": "provider[\"registry.terraform.io/hashicorp/aws\"]",
      "instances": [
        {
          "index_key": "egress_all",
          "schema_version": 2,
          "attributes": {
            "cidr_blocks": [
              "0.0.0.0/0"
            ],
            "description": "Allow all egress",
            "from_port": 0,
            "id": "sgrule-1287775176",
            "ipv6_cidr_blocks": null,
            "prefix_list_ids": [],
            "protocol": "-1",
            "security_group_id": "sg-0eae585866d41266c",
            "security_group_rule_id": "sgr-09fe5721d00e31f41",
            "self": false,
            "source_security_group_id": null,
            "timeouts": null,
            "to_port": 0,
            "type": "egress"
          },
          "sensitive_attributes": [],
          "private": "eyJlMmJmYjczMC1lY2FhLTExZTYtOGY4OC0zNDM2M2JjN2M0YzAiOnsiY3JlYXRlIjozMDAwMDAwMDAwMDB9LCJzY2hlbWFfdmVyc2lvbiI6IjIifQ==",
          "dependencies": [
            "module.eks.aws_security_group.cluster",
            "module.eks.aws_security_group.node",
            "module.vpcs.aws_vpc.main"
          ],
          "create_before_destroy": true
        },
        {
          "index_key": "ingress_cluster_443",
          "schema_version": 2,
          "attributes": {
            "cidr_blocks": null,
            "description": "Cluster API to node groups",
            "from_port": 443,
            "id": "sgrule-1477246949",
            "ipv6_cidr_blocks": null,
            "prefix_list_ids": [],
            "protocol": "tcp",
            "security_group_id": "sg-0eae585866d41266c",
            "security_group_rule_id": "sgr-089c90ae45232230d",
            "self": false,
            "source_security_group_id": "sg-0f7033fe3e0f968d5",
            "timeouts": null,
            "to_port": 443,
            "type": "ingress"
          },
          "sensitive_attributes": [],
          "private": "eyJlMmJmYjczMC1lY2FhLTExZTYtOGY4OC0zNDM2M2JjN2M0YzAiOnsiY3JlYXRlIjozMDAwMDAwMDAwMDB9LCJzY2hlbWFfdmVyc2lvbiI6IjIifQ==",
          "dependencies": [
            "module.eks.aws_security_group.cluster",
            "module.eks.aws_security_group.node",
            "module.vpcs.aws_vpc.main"
          ],
          "create_before_destroy": true
        },
        {
          "index_key": "ingress_cluster_4443_webhook",
          "schema_version": 2,
          "attributes": {
            "cidr_blocks": null,
            "description": "Cluster API to node 4443/tcp webhook",
            "from_port": 4443,
            "id": "sgrule-5802086",
            "ipv6_cidr_blocks": null,
            "prefix_list_ids": [],
            "protocol": "tcp",
            "security_group_id": "sg-0eae585866d41266c",
            "security_group_rule_id": "sgr-008944d52b70c23e6",
            "self": false,
            "source_security_group_id": "sg-0f7033fe3e0f968d5",
            "timeouts": null,
            "to_port": 4443,
            "type": "ingress"
          },
          "sensitive_attributes": [],
          "private": "eyJlMmJmYjczMC1lY2FhLTExZTYtOGY4OC0zNDM2M2JjN2M0YzAiOnsiY3JlYXRlIjozMDAwMDAwMDAwMDB9LCJzY2hlbWFfdmVyc2lvbiI6IjIifQ==",
          "dependencies": [
            "module.eks.aws_security_group.cluster",
            "module.eks.aws_security_group.node",
            "module.vpcs.aws_vpc.main"
          ],
          "create_before_destroy": true
        },
        {
          "index_key": "ingress_cluster_6443_webhook",
          "schema_version": 2,
          "attributes": {
            "cidr_blocks": null,
            "description": "Cluster API to node 6443/tcp webhook",
            "from_port": 6443,
            "id": "sgrule-3373985776",
            "ipv6_cidr_blocks": null,
            "prefix_list_ids": [],
            "protocol": "tcp",
            "security_group_id": "sg-0eae585866d41266c",
            "security_group_rule_id": "sgr-0cf9bbd848c3ce477",
            "self": false,
            "source_security_group_id": "sg-0f7033fe3e0f968d5",
            "timeouts": null,
            "to_port": 6443,
            "type": "ingress"
          },
          "sensitive_attributes": [],
          "private": "eyJlMmJmYjczMC1lY2FhLTExZTYtOGY4OC0zNDM2M2JjN2M0YzAiOnsiY3JlYXRlIjozMDAwMDAwMDAwMDB9LCJzY2hlbWFfdmVyc2lvbiI6IjIifQ==",
          "dependencies": [
            "module.eks.aws_security_group.cluster",
            "module.eks.aws_security_group.node",
            "module.vpcs.aws_vpc.main"
          ],
          "create_before_destroy": true
        },
        {
          "index_key": "ingress_cluster_8443_webhook",
          "schema_version": 2,
          "attributes": {
            "cidr_blocks": null,
            "description": "Cluster API to node 8443/tcp webhook",
            "from_port": 8443,
            "id": "sgrule-3662074833",
            "ipv6_cidr_blocks": null,
            "prefix_list_ids": [],
            "protocol": "tcp",
            "security_group_id": "sg-0eae585866d41266c",
            "security_group_rule_id": "sgr-048758926667e47bb",
            "self": false,
            "source_security_group_id": "sg-0f7033fe3e0f968d5",
            "timeouts": null,
            "to_port": 8443,
            "type": "ingress"
          },
          "sensitive_attributes": [],
          "private": "eyJlMmJmYjczMC1lY2FhLTExZTYtOGY4OC0zNDM2M2JjN2M0YzAiOnsiY3JlYXRlIjozMDAwMDAwMDAwMDB9LCJzY2hlbWFfdmVyc2lvbiI6IjIifQ==",
          "dependencies": [
            "module.eks.aws_security_group.cluster",
            "module.eks.aws_security_group.node",
            "module.vpcs.aws_vpc.main"
          ],
          "create_before_destroy": true
        },
        {
          "index_key": "ingress_cluster_9443_webhook",
          "schema_version": 2,
          "attributes": {
            "cidr_blocks": null,
            "description": "Cluster API to node 9443/tcp webhook",
            "from_port": 9443,
            "id": "sgrule-3202867226",
            "ipv6_cidr_blocks": null,
            "prefix_list_ids": [],
            "protocol": "tcp",
            "security_group_id": "sg-0eae585866d41266c",
            "security_group_rule_id": "sgr-0eef94a234f2195b6",
            "self": false,
            "source_security_group_id": "sg-0f7033fe3e0f968d5",
            "timeouts": null,
            "to_port": 9443,
            "type": "ingress"
          },
          "sensitive_attributes": [],
          "private": "eyJlMmJmYjczMC1lY2FhLTExZTYtOGY4OC0zNDM2M2JjN2M0YzAiOnsiY3JlYXRlIjozMDAwMDAwMDAwMDB9LCJzY2hlbWFfdmVyc2lvbiI6IjIifQ==",
          "dependencies": [
            "module.eks.aws_security_group.cluster",
            "module.eks.aws_security_group.node",
            "module.vpcs.aws_vpc.main"
          ],
          "create_before_destroy": true
        },
        {
          "index_key": "ingress_cluster_kubelet",
          "schema_version": 2,
          "attributes": {
            "cidr_blocks": null,
            "description": "Cluster API to node kubelets",
            "from_port": 10250,
            "id": "sgrule-1710303403",
            "ipv6_cidr_blocks": null,
            "prefix_list_ids": [],
            "protocol": "tcp",
            "security_group_id": "sg-0eae585866d41266c",
            "security_group_rule_id": "sgr-048e445b14773f3a7",
            "self": false,
            "source_security_group_id": "sg-0f7033fe3e0f968d5",
            "timeouts": null,
            "to_port": 10250,
            "type": "ingress"
          },
          "sensitive_attributes": [],
          "private": "eyJlMmJmYjczMC1lY2FhLTExZTYtOGY4OC0zNDM2M2JjN2M0YzAiOnsiY3JlYXRlIjozMDAwMDAwMDAwMDB9LCJzY2hlbWFfdmVyc2lvbiI6IjIifQ==",
          "dependencies": [
            "module.eks.aws_security_group.cluster",
            "module.eks.aws_security_group.node",
            "module.vpcs.aws_vpc.main"
          ],
          "create_before_destroy": true
        },
        {
          "index_key": "ingress_nodes_ephemeral",
          "schema_version": 2,
          "attributes": {
            "cidr_blocks": null,
            "description": "Node to node ingress on ephemeral ports",
            "from_port": 1025,
            "id": "sgrule-1612656185",
            "ipv6_cidr_blocks": null,
            "prefix_list_ids": [],
            "protocol": "tcp",
            "security_group_id": "sg-0eae585866d41266c",
            "security_group_rule_id": "sgr-050e966ccfa6561e5",
            "self": true,
            "source_security_group_id": null,
            "timeouts": null,
            "to_port": 65535,
            "type": "ingress"
          },
          "sensitive_attributes": [],
          "private": "eyJlMmJmYjczMC1lY2FhLTExZTYtOGY4OC0zNDM2M2JjN2M0YzAiOnsiY3JlYXRlIjozMDAwMDAwMDAwMDB9LCJzY2hlbWFfdmVyc2lvbiI6IjIifQ==",
          "dependencies": [
            "module.eks.aws_security_group.cluster",
            "module.eks.aws_security_group.node",
            "module.vpcs.aws_vpc.main"
          ],
          "create_before_destroy": true
        },
        {
          "index_key": "ingress_self_coredns_tcp",
          "schema_version": 2,
          "attributes": {
            "cidr_blocks": null,
            "description": "Node to node CoreDNS",
            "from_port": 53,
            "id": "sgrule-845460266",
            "ipv6_cidr_blocks": null,
            "prefix_list_ids": [],
            "protocol": "tcp",
            "security_group_id": "sg-0eae585866d41266c",
            "security_group_rule_id": "sgr-07d07a26b5b526e02",
            "self": true,
            "source_security_group_id": null,
            "timeouts": null,
            "to_port": 53,
            "type": "ingress"
          },
          "sensitive_attributes": [],
          "private": "eyJlMmJmYjczMC1lY2FhLTExZTYtOGY4OC0zNDM2M2JjN2M0YzAiOnsiY3JlYXRlIjozMDAwMDAwMDAwMDB9LCJzY2hlbWFfdmVyc2lvbiI6IjIifQ==",
          "dependencies": [
            "module.eks.aws_security_group.cluster",
            "module.eks.aws_security_group.node",
            "module.vpcs.aws_vpc.main"
          ],
          "create_before_destroy": true
        },
        {
          "index_key": "ingress_self_coredns_udp",
          "schema_version": 2,
          "attributes": {
            "cidr_blocks": null,
            "description": "Node to node CoreDNS UDP",
            "from_port": 53,
            "id": "sgrule-2520453317",
            "ipv6_cidr_blocks": null,
            "prefix_list_ids": [],
            "protocol": "udp",
            "security_group_id": "sg-0eae585866d41266c",
            "security_group_rule_id": "sgr-03f3ffd5fcbcabbda",
            "self": true,
            "source_security_group_id": null,
            "timeouts": null,
            "to_port": 53,
            "type": "ingress"
          },
          "sensitive_attributes": [],
          "private": "eyJlMmJmYjczMC1lY2FhLTExZTYtOGY4OC0zNDM2M2JjN2M0YzAiOnsiY3JlYXRlIjozMDAwMDAwMDAwMDB9LCJzY2hlbWFfdmVyc2lvbiI6IjIifQ==",
          "dependencies": [
            "module.eks.aws_security_group.cluster",
            "module.eks.aws_security_group.node",
            "module.vpcs.aws_vpc.main"
          ],
          "create_before_destroy": true
        }
      ]
    },
    {
      "module": "module.eks",
      "mode": "managed",
      "type": "time_sleep",
      "name": "this",
      "provider": "provider[\"registry.terraform.io/hashicorp/time\"]",
      "instances": [
        {
          "index_key": 0,
          "schema_version": 0,
          "attributes": {
            "create_duration": "30s",
            "destroy_duration": null,
            "id": "2024-12-04T09:57:03Z",
            "triggers": {
              "cluster_certificate_authority_data": "LS0tLS1CRUdJTiBDRVJUSUZJQ0FURS0tLS0tCk1JSURCVENDQWUyZ0F3SUJBZ0lJZXJpMllod3ljaUl3RFFZSktvWklodmNOQVFFTEJRQXdGVEVUTUJFR0ExVUUKQXhNS2EzVmlaWEp1WlhSbGN6QWVGdzB5TkRFeU1EUXdPVFExTkRsYUZ3MHpOREV5TURJd09UVXdORGxhTUJVeApFekFSQmdOVkJBTVRDbXQxWW1WeWJtVjBaWE13Z2dFaU1BMEdDU3FHU0liM0RRRUJBUVVBQTRJQkR3QXdnZ0VLCkFvSUJBUUM1bW01VFNwc2NJRy9FUUp6MDlHNHZHNjVIZlcxV2RNcWtXbmxJQW1ORVFzckJTTGRmYThqNmNoNlkKbzZtWHgxTm53RnM0a1d3cEltNFRZNWxDNDFZQjJhN0NaWjkxa1drcVBRTnRBVTFIRmtwV3hXMUhaUmF3bFgxQQpsVnZnUSt4NkhhVllrU2Jpb3l1dS9VUUlMYVB6UG03a0NTVHBPRmpGeitBRWxqWDBhZFkyYmNvY01qTWpUTDlXCjNuZ0k3VnQ3V0FoLzZKSTZ1eFZtajMwcytXRmpNT2NXSjVGVWxRQ0VJL2kwVVI5YXR2Q1hzOVpscXRjMDRKRW0KYWgzVFgyaGt4WS9CYUpnckxzMkNLbGNJbjl3RzF1cWpsV0EyQ3ZTZEF4KysrUzlpOHlFNlBVblYxNXYwOE1UUQozSDZtU0RCbUxFSzhiSXFmWVNsbU1rLzB0Nit2QWdNQkFBR2pXVEJYTUE0R0ExVWREd0VCL3dRRUF3SUNwREFQCkJnTlZIUk1CQWY4RUJUQURBUUgvTUIwR0ExVWREZ1FXQkJUV3h6Q3NmTXovOVhlRHlQcGtaUnFraHgyd2VEQVYKQmdOVkhSRUVEakFNZ2dwcmRXSmxjbTVsZEdWek1BMEdDU3FHU0liM0RRRUJDd1VBQTRJQkFRQ0cxdDZzWU9oTwpYWWthY2t0SnlSc1NtTWV0RGVxQjMxRzg1NExNUWpmdTRxVFI1YXlPNHZxeldKODNwZWtRVjVtc2lzY2pJcTQ5CjUzeGlWWFZ5bHZJSmFKV2t4Myt4RVUram42Si83TTNFYmpDb0xJUnhhbDdoZk5nTGUrWmRSL2g0MTZvc1dXVjIKVFBQdFhSRFhrVWZkRlkvVXliYnUzTG5LdzFXazdzSGJvZHJPbm1tWnJsNHpmSzFIYjJVYUNFT09qbDRQaFdjWQp4cGdZQlZrN2RlbmtGU1dvU0RUOUwwSi9VeFRzSXhDU1IySkxmd1d6OWJBUkdDZzZsakNDZFpKZlBFUmcwN3FlCjYwaWNjWm45cWJHOS83R2tGdzZQcGdHTmtNUTlGWlhSRU1VejZCYTRLL09tenpDUkRMd1NvcHRheFc5c1pVWHkKN2k1a0FHNUZ0cUhkCi0tLS0tRU5EIENFUlRJRklDQVRFLS0tLS0K",
              "cluster_endpoint": "https://FB46CAB9C7894FB8F4F0DB4CAD39D2A8.yl4.eu-west-2.eks.amazonaws.com",
              "cluster_name": "banking-eks",
              "cluster_version": "1.27"
            }
          },
          "sensitive_attributes": [],
          "dependencies": [
            "module.eks.aws_cloudwatch_log_group.this",
            "module.eks.aws_eks_cluster.this",
            "module.eks.aws_iam_policy.cni_ipv6_policy",
            "module.eks.aws_iam_role.this",
            "module.eks.aws_iam_role_policy_attachment.this",
            "module.eks.aws_security_group.cluster",
            "module.eks.aws_security_group.node",
            "module.eks.aws_security_group_rule.cluster",
            "module.eks.aws_security_group_rule.node",
            "module.eks.data.aws_caller_identity.current",
            "module.eks.data.aws_iam_policy_document.assume_role_policy",
            "module.eks.data.aws_iam_policy_document.cni_ipv6_policy",
            "module.eks.data.aws_iam_session_context.current",
            "module.eks.data.aws_partition.current",
            "module.eks.module.kms.aws_kms_external_key.this",
            "module.eks.module.kms.aws_kms_key.this",
            "module.eks.module.kms.aws_kms_replica_external_key.this",
            "module.eks.module.kms.aws_kms_replica_key.this",
            "module.eks.module.kms.data.aws_caller_identity.current",
            "module.eks.module.kms.data.aws_iam_policy_document.this",
            "module.eks.module.kms.data.aws_partition.current",
            "module.vpcs.aws_subnet.private",
            "module.vpcs.aws_vpc.main"
          ],
          "create_before_destroy": true
        }
      ]
    },
    {
      "module": "module.eks.module.eks_managed_node_group[\"general\"]",
      "mode": "data",
      "type": "aws_caller_identity",
      "name": "current",
      "provider": "provider[\"registry.terraform.io/hashicorp/aws\"]",
      "instances": [
        {
          "schema_version": 0,
          "attributes": {
            "account_id": "463470963000",
            "arn": "arn:aws:iam::463470963000:root",
            "id": "463470963000",
            "user_id": "463470963000"
          },
          "sensitive_attributes": []
        }
      ]
    },
    {
      "module": "module.eks.module.eks_managed_node_group[\"general\"]",
      "mode": "data",
      "type": "aws_iam_policy_document",
      "name": "assume_role_policy",
      "provider": "provider[\"registry.terraform.io/hashicorp/aws\"]",
      "instances": [
        {
          "index_key": 0,
          "schema_version": 0,
          "attributes": {
            "id": "2560088296",
            "json": "{\n  \"Version\": \"2012-10-17\",\n  \"Statement\": [\n    {\n      \"Sid\": \"EKSNodeAssumeRole\",\n      \"Effect\": \"Allow\",\n      \"Action\": \"sts:AssumeRole\",\n      \"Principal\": {\n        \"Service\": \"ec2.amazonaws.com\"\n      }\n    }\n  ]\n}",
            "minified_json": "{\"Version\":\"2012-10-17\",\"Statement\":[{\"Sid\":\"EKSNodeAssumeRole\",\"Effect\":\"Allow\",\"Action\":\"sts:AssumeRole\",\"Principal\":{\"Service\":\"ec2.amazonaws.com\"}}]}",
            "override_json": null,
            "override_policy_documents": null,
            "policy_id": null,
            "source_json": null,
            "source_policy_documents": null,
            "statement": [
              {
                "actions": [
                  "sts:AssumeRole"
                ],
                "condition": [],
                "effect": "Allow",
                "not_actions": [],
                "not_principals": [],
                "not_resources": [],
                "principals": [
                  {
                    "identifiers": [
                      "ec2.amazonaws.com"
                    ],
                    "type": "Service"
                  }
                ],
                "resources": [],
                "sid": "EKSNodeAssumeRole"
              }
            ],
            "version": "2012-10-17"
          },
          "sensitive_attributes": []
        }
      ]
    },
    {
      "module": "module.eks.module.eks_managed_node_group[\"general\"]",
      "mode": "data",
      "type": "aws_partition",
      "name": "current",
      "provider": "provider[\"registry.terraform.io/hashicorp/aws\"]",
      "instances": [
        {
          "schema_version": 0,
          "attributes": {
            "dns_suffix": "amazonaws.com",
            "id": "aws",
            "partition": "aws",
            "reverse_dns_prefix": "com.amazonaws"
          },
          "sensitive_attributes": []
        }
      ]
    },
    {
      "module": "module.eks.module.eks_managed_node_group[\"general\"]",
      "mode": "managed",
      "type": "aws_eks_node_group",
      "name": "this",
      "provider": "provider[\"registry.terraform.io/hashicorp/aws\"]",
      "instances": [
        {
          "index_key": 0,
          "schema_version": 0,
          "attributes": {
            "ami_type": "AL2_x86_64",
            "arn": "arn:aws:eks:eu-west-2:463470963000:nodegroup/banking-eks/general-20241204095703852100000038/2cc9c88d-06a5-422b-a0dd-9a519a83e157",
            "capacity_type": "ON_DEMAND",
            "cluster_name": "banking-eks",
            "disk_size": 0,
            "force_update_version": null,
            "id": "banking-eks:general-20241204095703852100000038",
            "instance_types": [
              "t3.medium"
            ],
            "labels": null,
            "launch_template": [
              {
                "id": "lt-06c04d192cb354dc6",
                "name": "general-20241204095703496400000036",
                "version": "1"
              }
            ],
            "node_group_name": "general-20241204095703852100000038",
            "node_group_name_prefix": "general-",
            "node_role_arn": "arn:aws:iam::463470963000:role/general-eks-node-group-2024120409440439440000000f",
            "release_version": "1.27.16-20241121",
            "remote_access": [],
            "resources": [
              {
                "autoscaling_groups": [
                  {
                    "name": "eks-general-20241204095703852100000038-2cc9c88d-06a5-422b-a0dd-9a519a83e157"
                  }
                ],
                "remote_access_security_group_id": ""
              }
            ],
            "scaling_config": [
              {
                "desired_size": 2,
                "max_size": 3,
                "min_size": 1
              }
            ],
            "status": "ACTIVE",
            "subnet_ids": [
              "subnet-0a17621573cb7594e",
              "subnet-0d7f9144a58eddf7a"
            ],
            "tags": {
              "Environment": "Dev",
              "Name": "general",
              "Project": "Global Bank Migration",
              "Terraform": "true"
            },
            "tags_all": {
              "Environment": "Dev",
              "Name": "general",
              "Project": "Global Bank Migration",
              "Terraform": "true"
            },
            "taint": [],
            "timeouts": {
              "create": null,
              "delete": null,
              "update": null
            },
            "update_config": [
              {
                "max_unavailable": 0,
                "max_unavailable_percentage": 33
              }
            ],
            "version": "1.27"
          },
          "sensitive_attributes": [],
          "private": "eyJlMmJmYjczMC1lY2FhLTExZTYtOGY4OC0zNDM2M2JjN2M0YzAiOnsiY3JlYXRlIjozNjAwMDAwMDAwMDAwLCJkZWxldGUiOjM2MDAwMDAwMDAwMDAsInVwZGF0ZSI6MzYwMDAwMDAwMDAwMH19",
          "dependencies": [
            "module.eks.aws_cloudwatch_log_group.this",
            "module.eks.aws_eks_cluster.this",
            "module.eks.aws_iam_policy.cni_ipv6_policy",
            "module.eks.aws_iam_role.this",
            "module.eks.aws_iam_role_policy_attachment.this",
            "module.eks.aws_security_group.cluster",
            "module.eks.aws_security_group.node",
            "module.eks.aws_security_group_rule.cluster",
            "module.eks.aws_security_group_rule.node",
            "module.eks.data.aws_caller_identity.current",
            "module.eks.data.aws_iam_policy_document.assume_role_policy",
            "module.eks.data.aws_iam_policy_document.cni_ipv6_policy",
            "module.eks.data.aws_iam_session_context.current",
            "module.eks.data.aws_partition.current",
            "module.eks.module.eks_managed_node_group.aws_iam_role.this",
            "module.eks.module.eks_managed_node_group.aws_iam_role_policy_attachment.this",
            "module.eks.module.eks_managed_node_group.aws_launch_template.this",
            "module.eks.module.eks_managed_node_group.data.aws_caller_identity.current",
            "module.eks.module.eks_managed_node_group.data.aws_iam_policy_document.assume_role_policy",
            "module.eks.module.eks_managed_node_group.data.aws_partition.current",
            "module.eks.module.eks_managed_node_group.module.user_data.data.cloudinit_config.linux_eks_managed_node_group",
            "module.eks.module.kms.aws_kms_external_key.this",
            "module.eks.module.kms.aws_kms_key.this",
            "module.eks.module.kms.aws_kms_replica_external_key.this",
            "module.eks.module.kms.aws_kms_replica_key.this",
            "module.eks.module.kms.data.aws_caller_identity.current",
            "module.eks.module.kms.data.aws_iam_policy_document.this",
            "module.eks.module.kms.data.aws_partition.current",
            "module.eks.time_sleep.this",
            "module.vpcs.aws_subnet.private",
            "module.vpcs.aws_vpc.main"
          ],
          "create_before_destroy": true
        }
      ]
    },
    {
      "module": "module.eks.module.eks_managed_node_group[\"general\"]",
      "mode": "managed",
      "type": "aws_iam_role",
      "name": "this",
      "provider": "provider[\"registry.terraform.io/hashicorp/aws\"]",
      "instances": [
        {
          "index_key": 0,
          "schema_version": 0,
          "attributes": {
            "arn": "arn:aws:iam::463470963000:role/general-eks-node-group-2024120409440439440000000f",
            "assume_role_policy": "{\"Statement\":[{\"Action\":\"sts:AssumeRole\",\"Effect\":\"Allow\",\"Principal\":{\"Service\":\"ec2.amazonaws.com\"},\"Sid\":\"EKSNodeAssumeRole\"}],\"Version\":\"2012-10-17\"}",
            "create_date": "2024-12-04T09:44:04Z",
            "description": "EKS managed node group IAM role",
            "force_detach_policies": true,
            "id": "general-eks-node-group-2024120409440439440000000f",
            "inline_policy": [],
            "managed_policy_arns": [],
            "max_session_duration": 3600,
            "name": "general-eks-node-group-2024120409440439440000000f",
            "name_prefix": "general-eks-node-group-",
            "path": "/",
            "permissions_boundary": "",
            "tags": {
              "Environment": "Dev",
              "Name": "EKS",
              "Project": "Global Bank Migration",
              "Terraform": "true"
            },
            "tags_all": {
              "Environment": "Dev",
              "Name": "EKS",
              "Project": "Global Bank Migration",
              "Terraform": "true"
            },
            "unique_id": "AROAWX2IFVE4GSMFY2LC6"
          },
          "sensitive_attributes": [],
          "private": "bnVsbA==",
          "dependencies": [
            "module.eks.module.eks_managed_node_group.data.aws_iam_policy_document.assume_role_policy",
            "module.eks.module.eks_managed_node_group.data.aws_partition.current"
          ],
          "create_before_destroy": true
        }
      ]
    },
    {
      "module": "module.eks.module.eks_managed_node_group[\"general\"]",
      "mode": "managed",
      "type": "aws_iam_role_policy_attachment",
      "name": "this",
      "provider": "provider[\"registry.terraform.io/hashicorp/aws\"]",
      "instances": [
        {
          "index_key": "arn:aws:iam::aws:policy/AmazonEC2ContainerRegistryReadOnly",
          "schema_version": 0,
          "attributes": {
            "id": "general-eks-node-group-2024120409440439440000000f-20241204094425119600000015",
            "policy_arn": "arn:aws:iam::aws:policy/AmazonEC2ContainerRegistryReadOnly",
            "role": "general-eks-node-group-2024120409440439440000000f"
          },
          "sensitive_attributes": [],
          "private": "bnVsbA==",
          "dependencies": [
            "module.eks.module.eks_managed_node_group.aws_iam_role.this",
            "module.eks.module.eks_managed_node_group.data.aws_caller_identity.current",
            "module.eks.module.eks_managed_node_group.data.aws_iam_policy_document.assume_role_policy",
            "module.eks.module.eks_managed_node_group.data.aws_partition.current"
          ],
          "create_before_destroy": true
        },
        {
          "index_key": "arn:aws:iam::aws:policy/AmazonEKSWorkerNodePolicy",
          "schema_version": 0,
          "attributes": {
            "id": "general-eks-node-group-2024120409440439440000000f-20241204094424847300000014",
            "policy_arn": "arn:aws:iam::aws:policy/AmazonEKSWorkerNodePolicy",
            "role": "general-eks-node-group-2024120409440439440000000f"
          },
          "sensitive_attributes": [],
          "private": "bnVsbA==",
          "dependencies": [
            "module.eks.module.eks_managed_node_group.aws_iam_role.this",
            "module.eks.module.eks_managed_node_group.data.aws_caller_identity.current",
            "module.eks.module.eks_managed_node_group.data.aws_iam_policy_document.assume_role_policy",
            "module.eks.module.eks_managed_node_group.data.aws_partition.current"
          ],
          "create_before_destroy": true
        },
        {
          "index_key": "arn:aws:iam::aws:policy/AmazonEKS_CNI_Policy",
          "schema_version": 0,
          "attributes": {
            "id": "general-eks-node-group-2024120409440439440000000f-20241204094424588600000013",
            "policy_arn": "arn:aws:iam::aws:policy/AmazonEKS_CNI_Policy",
            "role": "general-eks-node-group-2024120409440439440000000f"
          },
          "sensitive_attributes": [],
          "private": "bnVsbA==",
          "dependencies": [
            "module.eks.module.eks_managed_node_group.aws_iam_role.this",
            "module.eks.module.eks_managed_node_group.data.aws_caller_identity.current",
            "module.eks.module.eks_managed_node_group.data.aws_iam_policy_document.assume_role_policy",
            "module.eks.module.eks_managed_node_group.data.aws_partition.current"
          ],
          "create_before_destroy": true
        }
      ]
    },
    {
      "module": "module.eks.module.eks_managed_node_group[\"general\"]",
      "mode": "managed",
      "type": "aws_launch_template",
      "name": "this",
      "provider": "provider[\"registry.terraform.io/hashicorp/aws\"]",
      "instances": [
        {
          "index_key": 0,
          "schema_version": 0,
          "attributes": {
            "arn": "arn:aws:ec2:eu-west-2:463470963000:launch-template/lt-06c04d192cb354dc6",
            "block_device_mappings": [],
            "capacity_reservation_specification": [],
            "cpu_options": [],
            "credit_specification": [],
            "default_version": 1,
            "description": "Custom launch template for general EKS managed node group",
            "disable_api_stop": false,
            "disable_api_termination": false,
            "ebs_optimized": "",
            "elastic_gpu_specifications": [],
            "elastic_inference_accelerator": [],
            "enclave_options": [],
            "hibernation_options": [],
            "iam_instance_profile": [],
            "id": "lt-06c04d192cb354dc6",
            "image_id": "",
            "instance_initiated_shutdown_behavior": "",
            "instance_market_options": [],
            "instance_requirements": [],
            "instance_type": "",
            "kernel_id": "",
            "key_name": "",
            "latest_version": 1,
            "license_specification": [],
            "maintenance_options": [],
            "metadata_options": [
              {
                "http_endpoint": "enabled",
                "http_protocol_ipv6": "",
                "http_put_response_hop_limit": 2,
                "http_tokens": "required",
                "instance_metadata_tags": ""
              }
            ],
            "monitoring": [
              {
                "enabled": true
              }
            ],
            "name": "general-20241204095703496400000036",
            "name_prefix": "general-",
            "network_interfaces": [],
            "placement": [],
            "private_dns_name_options": [],
            "ram_disk_id": "",
            "security_group_names": null,
            "tag_specifications": [
              {
                "resource_type": "instance",
                "tags": {
                  "Environment": "Dev",
                  "Name": "general",
                  "Project": "Global Bank Migration",
                  "Terraform": "true"
                }
              },
              {
                "resource_type": "network-interface",
                "tags": {
                  "Environment": "Dev",
                  "Name": "general",
                  "Project": "Global Bank Migration",
                  "Terraform": "true"
                }
              },
              {
                "resource_type": "volume",
                "tags": {
                  "Environment": "Dev",
                  "Name": "general",
                  "Project": "Global Bank Migration",
                  "Terraform": "true"
                }
              }
            ],
            "tags": {
              "Environment": "Dev",
              "Name": "EKS",
              "Project": "Global Bank Migration",
              "Terraform": "true"
            },
            "tags_all": {
              "Environment": "Dev",
              "Name": "EKS",
              "Project": "Global Bank Migration",
              "Terraform": "true"
            },
            "update_default_version": true,
            "user_data": "",
            "vpc_security_group_ids": [
              "sg-0eae585866d41266c"
            ]
          },
          "sensitive_attributes": [],
          "private": "bnVsbA==",
          "dependencies": [
            "module.eks.aws_cloudwatch_log_group.this",
            "module.eks.aws_eks_cluster.this",
            "module.eks.aws_iam_policy.cni_ipv6_policy",
            "module.eks.aws_iam_role.this",
            "module.eks.aws_iam_role_policy_attachment.this",
            "module.eks.aws_security_group.cluster",
            "module.eks.aws_security_group.node",
            "module.eks.aws_security_group_rule.cluster",
            "module.eks.aws_security_group_rule.node",
            "module.eks.data.aws_caller_identity.current",
            "module.eks.data.aws_iam_policy_document.assume_role_policy",
            "module.eks.data.aws_iam_policy_document.cni_ipv6_policy",
            "module.eks.data.aws_iam_session_context.current",
            "module.eks.data.aws_partition.current",
            "module.eks.module.eks_managed_node_group.aws_iam_role.this",
            "module.eks.module.eks_managed_node_group.aws_iam_role_policy_attachment.this",
            "module.eks.module.eks_managed_node_group.data.aws_caller_identity.current",
            "module.eks.module.eks_managed_node_group.data.aws_iam_policy_document.assume_role_policy",
            "module.eks.module.eks_managed_node_group.data.aws_partition.current",
            "module.eks.module.eks_managed_node_group.module.user_data.data.cloudinit_config.linux_eks_managed_node_group",
            "module.eks.module.kms.aws_kms_external_key.this",
            "module.eks.module.kms.aws_kms_key.this",
            "module.eks.module.kms.aws_kms_replica_external_key.this",
            "module.eks.module.kms.aws_kms_replica_key.this",
            "module.eks.module.kms.data.aws_caller_identity.current",
            "module.eks.module.kms.data.aws_iam_policy_document.this",
            "module.eks.module.kms.data.aws_partition.current",
            "module.eks.time_sleep.this",
            "module.vpcs.aws_subnet.private",
            "module.vpcs.aws_vpc.main"
          ],
          "create_before_destroy": true
        }
      ]
    },
    {
      "module": "module.eks.module.eks_managed_node_group[\"general\"].module.user_data",
      "mode": "data",
      "type": "cloudinit_config",
      "name": "linux_eks_managed_node_group",
      "provider": "provider[\"registry.terraform.io/hashicorp/cloudinit\"]",
      "instances": []
    },
    {
      "module": "module.eks.module.kms",
      "mode": "data",
      "type": "aws_caller_identity",
      "name": "current",
      "provider": "provider[\"registry.terraform.io/hashicorp/aws\"]",
      "instances": [
        {
          "index_key": 0,
          "schema_version": 0,
          "attributes": {
            "account_id": "463470963000",
            "arn": "arn:aws:iam::463470963000:root",
            "id": "463470963000",
            "user_id": "463470963000"
          },
          "sensitive_attributes": []
        }
      ]
    },
    {
      "module": "module.eks.module.kms",
      "mode": "data",
      "type": "aws_iam_policy_document",
      "name": "this",
      "provider": "provider[\"registry.terraform.io/hashicorp/aws\"]",
      "instances": [
        {
          "index_key": 0,
          "schema_version": 0,
          "attributes": {
            "id": "2533987873",
            "json": "{\n  \"Version\": \"2012-10-17\",\n  \"Statement\": [\n    {\n      \"Sid\": \"KeyAdministration\",\n      \"Effect\": \"Allow\",\n      \"Action\": [\n        \"kms:Update*\",\n        \"kms:UntagResource\",\n        \"kms:TagResource\",\n        \"kms:ScheduleKeyDeletion\",\n        \"kms:Revoke*\",\n        \"kms:ReplicateKey\",\n        \"kms:Put*\",\n        \"kms:List*\",\n        \"kms:ImportKeyMaterial\",\n        \"kms:Get*\",\n        \"kms:Enable*\",\n        \"kms:Disable*\",\n        \"kms:Describe*\",\n        \"kms:Delete*\",\n        \"kms:Create*\",\n        \"kms:CancelKeyDeletion\"\n      ],\n      \"Resource\": \"*\",\n      \"Principal\": {\n        \"AWS\": \"arn:aws:iam::463470963000:root\"\n      }\n    },\n    {\n      \"Sid\": \"KeyUsage\",\n      \"Effect\": \"Allow\",\n      \"Action\": [\n        \"kms:ReEncrypt*\",\n        \"kms:GenerateDataKey*\",\n        \"kms:Encrypt\",\n        \"kms:DescribeKey\",\n        \"kms:Decrypt\"\n      ],\n      \"Resource\": \"*\",\n      \"Principal\": {\n        \"AWS\": \"arn:aws:iam::463470963000:role/banking-eks-cluster-20241204094406098600000010\"\n      }\n    }\n  ]\n}",
            "minified_json": "{\"Version\":\"2012-10-17\",\"Statement\":[{\"Sid\":\"KeyAdministration\",\"Effect\":\"Allow\",\"Action\":[\"kms:Update*\",\"kms:UntagResource\",\"kms:TagResource\",\"kms:ScheduleKeyDeletion\",\"kms:Revoke*\",\"kms:ReplicateKey\",\"kms:Put*\",\"kms:List*\",\"kms:ImportKeyMaterial\",\"kms:Get*\",\"kms:Enable*\",\"kms:Disable*\",\"kms:Describe*\",\"kms:Delete*\",\"kms:Create*\",\"kms:CancelKeyDeletion\"],\"Resource\":\"*\",\"Principal\":{\"AWS\":\"arn:aws:iam::463470963000:root\"}},{\"Sid\":\"KeyUsage\",\"Effect\":\"Allow\",\"Action\":[\"kms:ReEncrypt*\",\"kms:GenerateDataKey*\",\"kms:Encrypt\",\"kms:DescribeKey\",\"kms:Decrypt\"],\"Resource\":\"*\",\"Principal\":{\"AWS\":\"arn:aws:iam::463470963000:role/banking-eks-cluster-20241204094406098600000010\"}}]}",
            "override_json": null,
            "override_policy_documents": null,
            "policy_id": null,
            "source_json": null,
            "source_policy_documents": null,
            "statement": [
              {
                "actions": [
                  "kms:CancelKeyDeletion",
                  "kms:Create*",
                  "kms:Delete*",
                  "kms:Describe*",
                  "kms:Disable*",
                  "kms:Enable*",
                  "kms:Get*",
                  "kms:ImportKeyMaterial",
                  "kms:List*",
                  "kms:Put*",
                  "kms:ReplicateKey",
                  "kms:Revoke*",
                  "kms:ScheduleKeyDeletion",
                  "kms:TagResource",
                  "kms:UntagResource",
                  "kms:Update*"
                ],
                "condition": [],
                "effect": "Allow",
                "not_actions": [],
                "not_principals": [],
                "not_resources": [],
                "principals": [
                  {
                    "identifiers": [
                      "arn:aws:iam::463470963000:root"
                    ],
                    "type": "AWS"
                  }
                ],
                "resources": [
                  "*"
                ],
                "sid": "KeyAdministration"
              },
              {
                "actions": [
                  "kms:Decrypt",
                  "kms:DescribeKey",
                  "kms:Encrypt",
                  "kms:GenerateDataKey*",
                  "kms:ReEncrypt*"
                ],
                "condition": [],
                "effect": "Allow",
                "not_actions": [],
                "not_principals": [],
                "not_resources": [],
                "principals": [
                  {
                    "identifiers": [
                      "arn:aws:iam::463470963000:role/banking-eks-cluster-20241204094406098600000010"
                    ],
                    "type": "AWS"
                  }
                ],
                "resources": [
                  "*"
                ],
                "sid": "KeyUsage"
              }
            ],
            "version": "2012-10-17"
          },
          "sensitive_attributes": []
        }
      ]
    },
    {
      "module": "module.eks.module.kms",
      "mode": "data",
      "type": "aws_partition",
      "name": "current",
      "provider": "provider[\"registry.terraform.io/hashicorp/aws\"]",
      "instances": [
        {
          "index_key": 0,
          "schema_version": 0,
          "attributes": {
            "dns_suffix": "amazonaws.com",
            "id": "aws",
            "partition": "aws",
            "reverse_dns_prefix": "com.amazonaws"
          },
          "sensitive_attributes": []
        }
      ]
    },
    {
      "module": "module.eks.module.kms",
      "mode": "managed",
      "type": "aws_kms_alias",
      "name": "this",
      "provider": "provider[\"registry.terraform.io/hashicorp/aws\"]",
      "instances": [
        {
          "index_key": "cluster",
          "schema_version": 0,
          "attributes": {
            "arn": "arn:aws:kms:eu-west-2:463470963000:alias/eks/banking-eks",
            "id": "alias/eks/banking-eks",
            "name": "alias/eks/banking-eks",
            "name_prefix": "",
            "target_key_arn": "arn:aws:kms:eu-west-2:463470963000:key/68f96f31-4daf-4e4d-bbfb-10bbcca2c7dd",
            "target_key_id": "68f96f31-4daf-4e4d-bbfb-10bbcca2c7dd"
          },
          "sensitive_attributes": [],
          "private": "bnVsbA==",
          "dependencies": [
            "module.eks.aws_iam_role.this",
            "module.eks.data.aws_caller_identity.current",
            "module.eks.data.aws_iam_policy_document.assume_role_policy",
            "module.eks.data.aws_iam_session_context.current",
            "module.eks.data.aws_partition.current",
            "module.eks.module.kms.aws_kms_external_key.this",
            "module.eks.module.kms.aws_kms_key.this",
            "module.eks.module.kms.aws_kms_replica_external_key.this",
            "module.eks.module.kms.aws_kms_replica_key.this",
            "module.eks.module.kms.data.aws_caller_identity.current",
            "module.eks.module.kms.data.aws_iam_policy_document.this",
            "module.eks.module.kms.data.aws_partition.current"
          ]
        }
      ]
    },
    {
      "module": "module.eks.module.kms",
      "mode": "managed",
      "type": "aws_kms_external_key",
      "name": "this",
      "provider": "provider[\"registry.terraform.io/hashicorp/aws\"]",
      "instances": []
    },
    {
      "module": "module.eks.module.kms",
      "mode": "managed",
      "type": "aws_kms_key",
      "name": "this",
      "provider": "provider[\"registry.terraform.io/hashicorp/aws\"]",
      "instances": [
        {
          "index_key": 0,
          "schema_version": 0,
          "attributes": {
            "arn": "arn:aws:kms:eu-west-2:463470963000:key/68f96f31-4daf-4e4d-bbfb-10bbcca2c7dd",
            "bypass_policy_lockout_safety_check": false,
            "custom_key_store_id": "",
            "customer_master_key_spec": "SYMMETRIC_DEFAULT",
            "deletion_window_in_days": null,
            "description": "banking-eks cluster encryption key",
            "enable_key_rotation": true,
            "id": "68f96f31-4daf-4e4d-bbfb-10bbcca2c7dd",
            "is_enabled": true,
            "key_id": "68f96f31-4daf-4e4d-bbfb-10bbcca2c7dd",
            "key_usage": "ENCRYPT_DECRYPT",
            "multi_region": false,
            "policy": "{\"Statement\":[{\"Action\":[\"kms:Update*\",\"kms:UntagResource\",\"kms:TagResource\",\"kms:ScheduleKeyDeletion\",\"kms:Revoke*\",\"kms:ReplicateKey\",\"kms:Put*\",\"kms:List*\",\"kms:ImportKeyMaterial\",\"kms:Get*\",\"kms:Enable*\",\"kms:Disable*\",\"kms:Describe*\",\"kms:Delete*\",\"kms:Create*\",\"kms:CancelKeyDeletion\"],\"Effect\":\"Allow\",\"Principal\":{\"AWS\":\"arn:aws:iam::463470963000:root\"},\"Resource\":\"*\",\"Sid\":\"KeyAdministration\"},{\"Action\":[\"kms:ReEncrypt*\",\"kms:GenerateDataKey*\",\"kms:Encrypt\",\"kms:DescribeKey\",\"kms:Decrypt\"],\"Effect\":\"Allow\",\"Principal\":{\"AWS\":\"arn:aws:iam::463470963000:role/banking-eks-cluster-20241204094406098600000010\"},\"Resource\":\"*\",\"Sid\":\"KeyUsage\"}],\"Version\":\"2012-10-17\"}",
            "rotation_period_in_days": 365,
            "tags": {
              "Environment": "Dev",
              "Name": "EKS",
              "Project": "Global Bank Migration",
              "Terraform": "true"
            },
            "tags_all": {
              "Environment": "Dev",
              "Name": "EKS",
              "Project": "Global Bank Migration",
              "Terraform": "true"
            },
            "timeouts": null,
            "xks_key_id": ""
          },
          "sensitive_attributes": [],
          "private": "eyJlMmJmYjczMC1lY2FhLTExZTYtOGY4OC0zNDM2M2JjN2M0YzAiOnsiY3JlYXRlIjoxMjAwMDAwMDAwMDB9fQ==",
          "dependencies": [
            "module.eks.aws_iam_role.this",
            "module.eks.data.aws_caller_identity.current",
            "module.eks.data.aws_iam_policy_document.assume_role_policy",
            "module.eks.data.aws_iam_session_context.current",
            "module.eks.data.aws_partition.current",
            "module.eks.module.kms.data.aws_caller_identity.current",
            "module.eks.module.kms.data.aws_iam_policy_document.this",
            "module.eks.module.kms.data.aws_partition.current"
          ],
          "create_before_destroy": true
        }
      ]
    },
    {
      "module": "module.eks.module.kms",
      "mode": "managed",
      "type": "aws_kms_replica_external_key",
      "name": "this",
      "provider": "provider[\"registry.terraform.io/hashicorp/aws\"]",
      "instances": []
    },
    {
      "module": "module.eks.module.kms",
      "mode": "managed",
      "type": "aws_kms_replica_key",
      "name": "this",
      "provider": "provider[\"registry.terraform.io/hashicorp/aws\"]",
      "instances": []
    },
    {
      "module": "module.monitoring",
      "mode": "managed",
      "type": "aws_cloudwatch_event_rule",
      "name": "config_rules",
      "provider": "provider[\"registry.terraform.io/hashicorp/aws\"]",
      "instances": [
        {
          "schema_version": 1,
          "attributes": {
            "arn": "arn:aws:events:eu-west-2:463470963000:rule/config-rule-changees",
            "description": "Capture Config Rule Security Group Changes",
            "event_bus_name": "default",
            "event_pattern": "{\"detail\":{\"severity\":{\"configRuleEvaluations\":[\"FAILED\"],\"configRuleName\":[\"security-group-changes\"],\"resourceType\":[\"AWS:EC2::SecurityGroup\"]}},\"detail-type\":[\"AWS Config Rule Compliance Change\"],\"source\":[\"aws.config\"]}",
            "force_destroy": false,
            "id": "config-rule-changees",
            "is_enabled": true,
            "name": "config-rule-changees",
            "name_prefix": "",
            "role_arn": "",
            "schedule_expression": "",
            "state": "ENABLED",
            "tags": null,
            "tags_all": {}
          },
          "sensitive_attributes": [],
          "private": "eyJzY2hlbWFfdmVyc2lvbiI6IjEifQ=="
        }
      ]
    },
    {
      "module": "module.monitoring",
      "mode": "managed",
      "type": "aws_cloudwatch_event_rule",
      "name": "macie_findings",
      "provider": "provider[\"registry.terraform.io/hashicorp/aws\"]",
      "instances": [
        {
          "schema_version": 1,
          "attributes": {
            "arn": "arn:aws:events:eu-west-2:463470963000:rule/macie-findings-rule",
            "description": "Capture Macie sensitive data findings",
            "event_bus_name": "default",
            "event_pattern": "{\"detail\":{\"severity\":{\"description\":[\"HIGH\"]},\"type\":[\"SensitiveData:S3Object/Financial\"]},\"detail-type\":[\"Macie Finding\"],\"source\":[\"aws.macie\"]}",
            "force_destroy": false,
            "id": "macie-findings-rule",
            "is_enabled": true,
            "name": "macie-findings-rule",
            "name_prefix": "",
            "role_arn": "",
            "schedule_expression": "",
            "state": "ENABLED",
            "tags": null,
            "tags_all": {}
          },
          "sensitive_attributes": [],
          "private": "eyJzY2hlbWFfdmVyc2lvbiI6IjEifQ=="
        }
      ]
    },
    {
      "module": "module.monitoring",
      "mode": "managed",
      "type": "aws_cloudwatch_event_target",
      "name": "config_lambda",
      "provider": "provider[\"registry.terraform.io/hashicorp/aws\"]",
      "instances": [
        {
          "schema_version": 1,
          "attributes": {
            "arn": "arn:aws:lambda:eu-west-2:463470963000:function:config-rule-changes",
            "batch_target": [],
            "dead_letter_config": [],
            "ecs_target": [],
            "event_bus_name": "default",
            "force_destroy": false,
            "http_target": [],
            "id": "config-rule-changees-ConfigRulesLambda",
            "input": "",
            "input_path": "",
            "input_transformer": [],
            "kinesis_target": [],
            "redshift_target": [],
            "retry_policy": [],
            "role_arn": "",
            "rule": "config-rule-changees",
            "run_command_targets": [],
            "sagemaker_pipeline_target": [],
            "sqs_target": [],
            "target_id": "ConfigRulesLambda"
          },
          "sensitive_attributes": [],
          "private": "eyJzY2hlbWFfdmVyc2lvbiI6IjEifQ==",
          "dependencies": [
            "module.compute.aws_lambda_function.config_rules",
            "module.compute.aws_security_group.alb",
            "module.compute.aws_security_group.lambda",
            "module.eks.aws_security_group.cluster",
            "module.monitoring.aws_cloudwatch_event_rule.config_rules",
            "module.monitoring.aws_sns_topic.banking_alerts",
            "module.security.aws_iam_role.lambda",
            "module.vpcs.aws_subnet.public",
            "module.vpcs.aws_vpc.main"
          ]
        }
      ]
    },
    {
      "module": "module.monitoring",
      "mode": "managed",
      "type": "aws_cloudwatch_event_target",
      "name": "macie_lambda",
      "provider": "provider[\"registry.terraform.io/hashicorp/aws\"]",
      "instances": [
        {
          "schema_version": 1,
          "attributes": {
            "arn": "arn:aws:lambda:eu-west-2:463470963000:function:macie-sensitive-data-findings",
            "batch_target": [],
            "dead_letter_config": [],
            "ecs_target": [],
            "event_bus_name": "default",
            "force_destroy": false,
            "http_target": [],
            "id": "macie-findings-rule-MacieToLambda",
            "input": "",
            "input_path": "",
            "input_transformer": [],
            "kinesis_target": [],
            "redshift_target": [],
            "retry_policy": [],
            "role_arn": "",
            "rule": "macie-findings-rule",
            "run_command_targets": [],
            "sagemaker_pipeline_target": [],
            "sqs_target": [],
            "target_id": "MacieToLambda"
          },
          "sensitive_attributes": [],
          "private": "eyJzY2hlbWFfdmVyc2lvbiI6IjEifQ==",
          "dependencies": [
            "module.compute.aws_lambda_function.macie_findings",
            "module.compute.aws_security_group.lambda",
            "module.monitoring.aws_cloudwatch_event_rule.macie_findings",
            "module.monitoring.aws_sns_topic.banking_alerts",
            "module.security.aws_iam_role.lambda",
            "module.storage.aws_s3_bucket.audit_reports",
            "module.storage.aws_s3_bucket.cloudtrail",
            "module.storage.aws_s3_bucket.vpc_flow_logs",
            "module.vpcs.aws_subnet.public",
            "module.vpcs.aws_vpc.main"
          ]
        }
      ]
    },
    {
      "module": "module.monitoring",
      "mode": "managed",
      "type": "aws_cloudwatch_log_group",
      "name": "Lambda",
      "provider": "provider[\"registry.terraform.io/hashicorp/aws\"]",
      "instances": [
        {
          "schema_version": 0,
          "attributes": {
            "arn": "arn:aws:logs:eu-west-2:463470963000:log-group:/aws/Lambda",
            "id": "/aws/Lambda",
            "kms_key_id": "",
            "log_group_class": "STANDARD",
            "name": "/aws/Lambda",
            "name_prefix": "",
            "retention_in_days": 90,
            "skip_destroy": false,
            "tags": {
              "Environment": "Dev",
              "Project": "Global Bank Migration",
              "Service": "Lambda",
              "Terraform": "true",
              "Type": "Logs"
            },
            "tags_all": {
              "Environment": "Dev",
              "Project": "Global Bank Migration",
              "Service": "Lambda",
              "Terraform": "true",
              "Type": "Logs"
            }
          },
          "sensitive_attributes": [],
          "private": "bnVsbA=="
        }
      ]
    },
    {
      "module": "module.monitoring",
      "mode": "managed",
      "type": "aws_cloudwatch_log_group",
      "name": "alb",
      "provider": "provider[\"registry.terraform.io/hashicorp/aws\"]",
      "instances": [
        {
          "schema_version": 0,
          "attributes": {
            "arn": "arn:aws:logs:eu-west-2:463470963000:log-group:/aws/alb",
            "id": "/aws/alb",
            "kms_key_id": "",
            "log_group_class": "STANDARD",
            "name": "/aws/alb",
            "name_prefix": "",
            "retention_in_days": 90,
            "skip_destroy": false,
            "tags": {
              "Environment": "Dev",
              "Project": "Global Bank Migration",
              "Service": "alb",
              "Terraform": "true",
              "Type": "logs"
            },
            "tags_all": {
              "Environment": "Dev",
              "Project": "Global Bank Migration",
              "Service": "alb",
              "Terraform": "true",
              "Type": "logs"
            }
          },
          "sensitive_attributes": [],
          "private": "bnVsbA=="
        }
      ]
    },
    {
      "module": "module.monitoring",
      "mode": "managed",
      "type": "aws_cloudwatch_log_group",
      "name": "api_gateway",
      "provider": "provider[\"registry.terraform.io/hashicorp/aws\"]",
      "instances": [
        {
          "schema_version": 0,
          "attributes": {
            "arn": "arn:aws:logs:eu-west-2:463470963000:log-group:/aws/apigateway/banking-api",
            "id": "/aws/apigateway/banking-api",
            "kms_key_id": "",
            "log_group_class": "STANDARD",
            "name": "/aws/apigateway/banking-api",
            "name_prefix": "",
            "retention_in_days": 30,
            "skip_destroy": false,
            "tags": {
              "Environment": "Dev",
              "Project": "Global Bank Migration",
              "Service": "API Gateway",
              "Terraform": "true",
              "Type": "Logs"
            },
            "tags_all": {
              "Environment": "Dev",
              "Project": "Global Bank Migration",
              "Service": "API Gateway",
              "Terraform": "true",
              "Type": "Logs"
            }
          },
          "sensitive_attributes": [],
          "private": "bnVsbA=="
        }
      ]
    },
    {
      "module": "module.monitoring",
      "mode": "managed",
      "type": "aws_cloudwatch_log_group",
      "name": "aurora",
      "provider": "provider[\"registry.terraform.io/hashicorp/aws\"]",
      "instances": [
        {
          "schema_version": 0,
          "attributes": {
            "arn": "arn:aws:logs:eu-west-2:463470963000:log-group:/aws/aurora",
            "id": "/aws/aurora",
            "kms_key_id": "",
            "log_group_class": "STANDARD",
            "name": "/aws/aurora",
            "name_prefix": "",
            "retention_in_days": 90,
            "skip_destroy": false,
            "tags": {
              "Environment": "Dev",
              "Project": "Global Bank Migration",
              "Service": "aurora",
              "Terraform": "true",
              "Type": "logs"
            },
            "tags_all": {
              "Environment": "Dev",
              "Project": "Global Bank Migration",
              "Service": "aurora",
              "Terraform": "true",
              "Type": "logs"
            }
          },
          "sensitive_attributes": [],
          "private": "bnVsbA=="
        }
      ]
    },
    {
      "module": "module.monitoring",
      "mode": "managed",
      "type": "aws_cloudwatch_log_group",
      "name": "dynamodb",
      "provider": "provider[\"registry.terraform.io/hashicorp/aws\"]",
      "instances": [
        {
          "schema_version": 0,
          "attributes": {
            "arn": "arn:aws:logs:eu-west-2:463470963000:log-group:/aws/dynamodb",
            "id": "/aws/dynamodb",
            "kms_key_id": "",
            "log_group_class": "STANDARD",
            "name": "/aws/dynamodb",
            "name_prefix": "",
            "retention_in_days": 90,
            "skip_destroy": false,
            "tags": {
              "Environment": "Dev",
              "Project": "Global Bank Migration",
              "Service": "DynamoDB",
              "Terraform": "true",
              "Type": "Logs"
            },
            "tags_all": {
              "Environment": "Dev",
              "Project": "Global Bank Migration",
              "Service": "DynamoDB",
              "Terraform": "true",
              "Type": "Logs"
            }
          },
          "sensitive_attributes": [],
          "private": "bnVsbA=="
        }
      ]
    },
    {
      "module": "module.monitoring",
      "mode": "managed",
      "type": "aws_cloudwatch_log_group",
      "name": "macie",
      "provider": "provider[\"registry.terraform.io/hashicorp/aws\"]",
      "instances": [
        {
          "schema_version": 0,
          "attributes": {
            "arn": "arn:aws:logs:eu-west-2:463470963000:log-group:/aws/macie",
            "id": "/aws/macie",
            "kms_key_id": "",
            "log_group_class": "STANDARD",
            "name": "/aws/macie",
            "name_prefix": "",
            "retention_in_days": 90,
            "skip_destroy": false,
            "tags": {
              "Environment": "Dev",
              "Project": "Global Bank Migration",
              "Service": "Macie",
              "Terraform": "true",
              "Type": "Logs"
            },
            "tags_all": {
              "Environment": "Dev",
              "Project": "Global Bank Migration",
              "Service": "Macie",
              "Terraform": "true",
              "Type": "Logs"
            }
          },
          "sensitive_attributes": [],
          "private": "bnVsbA=="
        }
      ]
    },
    {
      "module": "module.monitoring",
      "mode": "managed",
      "type": "aws_cloudwatch_log_group",
      "name": "network_firewall",
      "provider": "provider[\"registry.terraform.io/hashicorp/aws\"]",
      "instances": [
        {
          "schema_version": 0,
          "attributes": {
            "arn": "arn:aws:logs:eu-west-2:463470963000:log-group:/aws/networkfirewall",
            "id": "/aws/networkfirewall",
            "kms_key_id": "",
            "log_group_class": "STANDARD",
            "name": "/aws/networkfirewall",
            "name_prefix": "",
            "retention_in_days": 90,
            "skip_destroy": false,
            "tags": {
              "Environment": "Dev",
              "Project": "Global Bank Migration",
              "Service": "Network Firewall",
              "Terraform": "true",
              "Type": "Logs"
            },
            "tags_all": {
              "Environment": "Dev",
              "Project": "Global Bank Migration",
              "Service": "Network Firewall",
              "Terraform": "true",
              "Type": "Logs"
            }
          },
          "sensitive_attributes": [],
          "private": "bnVsbA=="
        }
      ]
    },
    {
      "module": "module.monitoring",
      "mode": "managed",
      "type": "aws_cloudwatch_log_group",
      "name": "waf",
      "provider": "provider[\"registry.terraform.io/hashicorp/aws\"]",
      "instances": [
        {
          "schema_version": 0,
          "attributes": {
            "arn": "arn:aws:logs:eu-west-2:463470963000:log-group:/aws/waf",
            "id": "/aws/waf",
            "kms_key_id": "",
            "log_group_class": "STANDARD",
            "name": "/aws/waf",
            "name_prefix": "",
            "retention_in_days": 90,
            "skip_destroy": false,
            "tags": {
              "Environment": "Dev",
              "Project": "Global Bank Migration",
              "Service": "WAF",
              "Terraform": "true",
              "Type": "Logs"
            },
            "tags_all": {
              "Environment": "Dev",
              "Project": "Global Bank Migration",
              "Service": "WAF",
              "Terraform": "true",
              "Type": "Logs"
            }
          },
          "sensitive_attributes": [],
          "private": "bnVsbA=="
        }
      ]
    },
    {
      "module": "module.monitoring",
      "mode": "managed",
      "type": "aws_cloudwatch_metric_alarm",
      "name": "aurora_cpu",
      "provider": "provider[\"registry.terraform.io/hashicorp/aws\"]",
      "instances": [
        {
          "schema_version": 1,
          "attributes": {
            "actions_enabled": true,
            "alarm_actions": [
              "arn:aws:sns:eu-west-2:463470963000:global-banking-alerts"
            ],
            "alarm_description": "Aurora CPU Utilization above 80%",
            "alarm_name": "aurora-high-cpu",
            "arn": "arn:aws:cloudwatch:eu-west-2:463470963000:alarm:aurora-high-cpu",
            "comparison_operator": "GreaterThanThreshold",
            "datapoints_to_alarm": 0,
            "dimensions": {
              "DBClusterIdentifier": "arn:aws:rds:eu-west-2:463470963000:cluster:global-bank-cluster"
            },
            "evaluate_low_sample_count_percentiles": "",
            "evaluation_periods": 2,
            "extended_statistic": "",
            "id": "aurora-high-cpu",
            "insufficient_data_actions": null,
            "metric_name": "CPUUtilization",
            "metric_query": [],
            "namespace": "AWS/RDS",
            "ok_actions": null,
            "period": 300,
            "statistic": "Average",
            "tags": {
              "Environment": "Dev",
              "Project": "Global Bank Migration",
              "Service": "aurora",
              "Terraform": "true",
              "Type": "alarm"
            },
            "tags_all": {
              "Environment": "Dev",
              "Project": "Global Bank Migration",
              "Service": "aurora",
              "Terraform": "true",
              "Type": "alarm"
            },
            "threshold": 80,
            "threshold_metric_id": "",
            "treat_missing_data": "missing",
            "unit": ""
          },
          "sensitive_attributes": [],
          "private": "eyJzY2hlbWFfdmVyc2lvbiI6IjEifQ==",
          "dependencies": [
            "module.database.aws_db_subnet_group.aurora_subnet",
            "module.database.aws_rds_cluster.global_bank_cluster",
            "module.database.aws_rds_cluster_parameter_group.banking",
            "module.database.aws_security_group.aurora_sg",
            "module.monitoring.aws_sns_topic.banking_alerts",
            "module.security.aws_kms_key.database",
            "module.security.data.aws_caller_identity.current",
            "module.security.data.aws_iam_policy_document.database_key_policy",
            "module.vpcs.aws_subnet.private",
            "module.vpcs.aws_vpc.main"
          ]
        }
      ]
    },
    {
      "module": "module.monitoring",
      "mode": "managed",
      "type": "aws_cloudwatch_metric_alarm",
      "name": "macie_findings",
      "provider": "provider[\"registry.terraform.io/hashicorp/aws\"]",
      "instances": [
        {
          "schema_version": 1,
          "attributes": {
            "actions_enabled": true,
            "alarm_actions": [
              "arn:aws:sns:eu-west-2:463470963000:global-banking-alerts"
            ],
            "alarm_description": "Macie discovered sensitive data",
            "alarm_name": "macie-sensitive-data-findings",
            "arn": "arn:aws:cloudwatch:eu-west-2:463470963000:alarm:macie-sensitive-data-findings",
            "comparison_operator": "GreaterThanThreshold",
            "datapoints_to_alarm": 0,
            "dimensions": {
              "ClassificationJobId": "a3d09787bf723a3072b781bab84fb3a9"
            },
            "evaluate_low_sample_count_percentiles": "",
            "evaluation_periods": 1,
            "extended_statistic": "",
            "id": "macie-sensitive-data-findings",
            "insufficient_data_actions": null,
            "metric_name": "SensitiveDataDiscovered",
            "metric_query": [],
            "namespace": "AWS/Macie",
            "ok_actions": null,
            "period": 300,
            "statistic": "Sum",
            "tags": {
              "Environment": "Dev",
              "Project": "Global Bank Migration",
              "Service": "Macie",
              "Terraform": "true",
              "Type": "alarms"
            },
            "tags_all": {
              "Environment": "Dev",
              "Project": "Global Bank Migration",
              "Service": "Macie",
              "Terraform": "true",
              "Type": "alarms"
            },
            "threshold": 0,
            "threshold_metric_id": "",
            "treat_missing_data": "missing",
            "unit": ""
          },
          "sensitive_attributes": [],
          "private": "eyJzY2hlbWFfdmVyc2lvbiI6IjEifQ==",
          "dependencies": [
            "module.monitoring.aws_sns_topic.banking_alerts",
            "module.security.aws_macie2_classification_job.s3_sensitive_data",
            "module.security.data.aws_caller_identity.current"
          ]
        }
      ]
    },
    {
      "module": "module.monitoring",
      "mode": "managed",
      "type": "aws_cloudwatch_metric_alarm",
      "name": "network_firewall",
      "provider": "provider[\"registry.terraform.io/hashicorp/aws\"]",
      "instances": [
        {
          "schema_version": 1,
          "attributes": {
            "actions_enabled": true,
            "alarm_actions": [
              "arn:aws:sns:eu-west-2:463470963000:global-banking-alerts"
            ],
            "alarm_description": "Triffers if incoming traffic exceeds threshold, indicating potential high activity",
            "alarm_name": "high-network-firewall-activity",
            "arn": "arn:aws:cloudwatch:eu-west-2:463470963000:alarm:high-network-firewall-activity",
            "comparison_operator": "GreaterThanThreshold",
            "datapoints_to_alarm": 0,
            "dimensions": {
              "FirewallArn": "arn:aws:network-firewall:eu-west-2:463470963000:firewall/global-banking-network-firewall"
            },
            "evaluate_low_sample_count_percentiles": "",
            "evaluation_periods": 1,
            "extended_statistic": "",
            "id": "high-network-firewall-activity",
            "insufficient_data_actions": null,
            "metric_name": "IncomingBytes",
            "metric_query": [],
            "namespace": "AWS/NetworkFirewall",
            "ok_actions": null,
            "period": 300,
            "statistic": "Sum",
            "tags": {
              "Environment": "Dev",
              "Project": "Global Bank Migration",
              "Service": "Network Firewall",
              "Terraform": "true",
              "Type": "alarms"
            },
            "tags_all": {
              "Environment": "Dev",
              "Project": "Global Bank Migration",
              "Service": "Network Firewall",
              "Terraform": "true",
              "Type": "alarms"
            },
            "threshold": 1000000,
            "threshold_metric_id": "",
            "treat_missing_data": "missing",
            "unit": ""
          },
          "sensitive_attributes": [],
          "private": "eyJzY2hlbWFfdmVyc2lvbiI6IjEifQ==",
          "dependencies": [
            "module.monitoring.aws_sns_topic.banking_alerts",
            "module.security.aws_networkfirewall_firewall.main",
            "module.security.aws_networkfirewall_firewall_policy.main",
            "module.security.aws_networkfirewall_rule_group.banking_protocols",
            "module.security.aws_networkfirewall_rule_group.threat_prevention",
            "module.vpcs.aws_subnet.public",
            "module.vpcs.aws_vpc.main"
          ]
        }
      ]
    },
    {
      "module": "module.monitoring",
      "mode": "managed",
      "type": "aws_cloudwatch_metric_alarm",
      "name": "waf_allowed_requests",
      "provider": "provider[\"registry.terraform.io/hashicorp/aws\"]",
      "instances": [
        {
          "schema_version": 1,
          "attributes": {
            "actions_enabled": true,
            "alarm_actions": [
              "arn:aws:sns:eu-west-2:463470963000:global-banking-alerts"
            ],
            "alarm_description": "Unusual Spike in Allowed Requests",
            "alarm_name": "waf-allowed-requests",
            "arn": "arn:aws:cloudwatch:eu-west-2:463470963000:alarm:waf-allowed-requests",
            "comparison_operator": "GreaterThanThreshold",
            "datapoints_to_alarm": 0,
            "dimensions": {
              "Region": "eu-west-2",
              "Rule": "ALL",
              "WEBACL": "global-banking-web-acl"
            },
            "evaluate_low_sample_count_percentiles": "",
            "evaluation_periods": 2,
            "extended_statistic": "",
            "id": "waf-allowed-requests",
            "insufficient_data_actions": null,
            "metric_name": "AllowedRequests",
            "metric_query": [],
            "namespace": "AWS/WAFV2",
            "ok_actions": null,
            "period": 300,
            "statistic": "Sum",
            "tags": {
              "Environment": "Dev",
              "Project": "Global Bank Migration",
              "Service": "WAF",
              "Terraform": "true",
              "Type": "alarms"
            },
            "tags_all": {
              "Environment": "Dev",
              "Project": "Global Bank Migration",
              "Service": "WAF",
              "Terraform": "true",
              "Type": "alarms"
            },
            "threshold": 100,
            "threshold_metric_id": "",
            "treat_missing_data": "missing",
            "unit": ""
          },
          "sensitive_attributes": [],
          "private": "eyJzY2hlbWFfdmVyc2lvbiI6IjEifQ==",
          "dependencies": [
            "module.monitoring.aws_sns_topic.banking_alerts",
            "module.security.aws_wafv2_web_acl.main"
          ]
        }
      ]
    },
    {
      "module": "module.monitoring",
      "mode": "managed",
      "type": "aws_cloudwatch_metric_alarm",
      "name": "waf_blocked_requests",
      "provider": "provider[\"registry.terraform.io/hashicorp/aws\"]",
      "instances": [
        {
          "schema_version": 1,
          "attributes": {
            "actions_enabled": true,
            "alarm_actions": [
              "arn:aws:sns:eu-west-2:463470963000:global-banking-alerts"
            ],
            "alarm_description": "WAF Blocked Requests exceeded threshold",
            "alarm_name": "waf-blocked-requests",
            "arn": "arn:aws:cloudwatch:eu-west-2:463470963000:alarm:waf-blocked-requests",
            "comparison_operator": "GreaterThanThreshold",
            "datapoints_to_alarm": 0,
            "dimensions": {
              "Region": "eu-west-2",
              "Rule": "ALL",
              "WEBACL": "global-banking-web-acl"
            },
            "evaluate_low_sample_count_percentiles": "",
            "evaluation_periods": 2,
            "extended_statistic": "",
            "id": "waf-blocked-requests",
            "insufficient_data_actions": null,
            "metric_name": "BlockedRequests",
            "metric_query": [],
            "namespace": "AWS/WAFV2",
            "ok_actions": null,
            "period": 300,
            "statistic": "Sum",
            "tags": {
              "Environment": "Dev",
              "Project": "Global Bank Migration",
              "Service": "WAF",
              "Terraform": "true",
              "Type": "alarms"
            },
            "tags_all": {
              "Environment": "Dev",
              "Project": "Global Bank Migration",
              "Service": "WAF",
              "Terraform": "true",
              "Type": "alarms"
            },
            "threshold": 100,
            "threshold_metric_id": "",
            "treat_missing_data": "missing",
            "unit": ""
          },
          "sensitive_attributes": [],
          "private": "eyJzY2hlbWFfdmVyc2lvbiI6IjEifQ==",
          "dependencies": [
            "module.monitoring.aws_sns_topic.banking_alerts",
            "module.security.aws_wafv2_web_acl.main"
          ]
        }
      ]
    },
    {
      "module": "module.monitoring",
      "mode": "managed",
      "type": "aws_sns_topic",
      "name": "banking_alerts",
      "provider": "provider[\"registry.terraform.io/hashicorp/aws\"]",
      "instances": [
        {
          "schema_version": 0,
          "attributes": {
            "application_failure_feedback_role_arn": "",
            "application_success_feedback_role_arn": "",
            "application_success_feedback_sample_rate": 0,
            "archive_policy": "",
            "arn": "arn:aws:sns:eu-west-2:463470963000:global-banking-alerts",
            "beginning_archive_time": "",
            "content_based_deduplication": false,
            "delivery_policy": "",
            "display_name": "",
            "fifo_topic": false,
            "firehose_failure_feedback_role_arn": "",
            "firehose_success_feedback_role_arn": "",
            "firehose_success_feedback_sample_rate": 0,
            "http_failure_feedback_role_arn": "",
            "http_success_feedback_role_arn": "",
            "http_success_feedback_sample_rate": 0,
            "id": "arn:aws:sns:eu-west-2:463470963000:global-banking-alerts",
            "kms_master_key_id": "",
            "lambda_failure_feedback_role_arn": "",
            "lambda_success_feedback_role_arn": "",
            "lambda_success_feedback_sample_rate": 0,
            "name": "global-banking-alerts",
            "name_prefix": "",
            "owner": "463470963000",
            "policy": "{\"Id\":\"__default_policy_ID\",\"Statement\":[{\"Action\":[\"SNS:GetTopicAttributes\",\"SNS:SetTopicAttributes\",\"SNS:AddPermission\",\"SNS:RemovePermission\",\"SNS:DeleteTopic\",\"SNS:Subscribe\",\"SNS:ListSubscriptionsByTopic\",\"SNS:Publish\"],\"Condition\":{\"StringEquals\":{\"AWS:SourceOwner\":\"463470963000\"}},\"Effect\":\"Allow\",\"Principal\":{\"AWS\":\"*\"},\"Resource\":\"arn:aws:sns:eu-west-2:463470963000:global-banking-alerts\",\"Sid\":\"__default_statement_ID\"}],\"Version\":\"2008-10-17\"}",
            "signature_version": 0,
            "sqs_failure_feedback_role_arn": "",
            "sqs_success_feedback_role_arn": "",
            "sqs_success_feedback_sample_rate": 0,
            "tags": {
              "Environment": "Dev",
              "Name": "SNS Topic",
              "Project": "Global Bank Migration",
              "Terraform": "true"
            },
            "tags_all": {
              "Environment": "Dev",
              "Name": "SNS Topic",
              "Project": "Global Bank Migration",
              "Terraform": "true"
            },
            "tracing_config": ""
          },
          "sensitive_attributes": [],
          "private": "bnVsbA==",
          "create_before_destroy": true
        }
      ]
    },
    {
      "module": "module.monitoring",
      "mode": "managed",
      "type": "aws_sns_topic_subscription",
      "name": "email",
      "provider": "provider[\"registry.terraform.io/hashicorp/aws\"]",
      "instances": [
        {
          "schema_version": 0,
          "attributes": {
            "arn": "arn:aws:sns:eu-west-2:463470963000:global-banking-alerts:4f0ea916-3ee9-4b92-9460-af8f5ca9a34b",
            "confirmation_timeout_in_minutes": 1,
            "confirmation_was_authenticated": false,
            "delivery_policy": "",
            "endpoint": "mtalhazamanb@gmail.com",
            "endpoint_auto_confirms": false,
            "filter_policy": "",
            "filter_policy_scope": "",
            "id": "arn:aws:sns:eu-west-2:463470963000:global-banking-alerts:4f0ea916-3ee9-4b92-9460-af8f5ca9a34b",
            "owner_id": "463470963000",
            "pending_confirmation": true,
            "protocol": "email",
            "raw_message_delivery": false,
            "redrive_policy": "",
            "replay_policy": "",
            "subscription_role_arn": "",
            "topic_arn": "arn:aws:sns:eu-west-2:463470963000:global-banking-alerts"
          },
          "sensitive_attributes": [],
          "private": "bnVsbA==",
          "dependencies": [
            "module.monitoring.aws_sns_topic.banking_alerts"
          ]
        }
      ]
    },
    {
      "module": "module.security",
      "mode": "data",
      "type": "aws_caller_identity",
      "name": "current",
      "provider": "provider[\"registry.terraform.io/hashicorp/aws\"]",
      "instances": [
        {
          "schema_version": 0,
          "attributes": {
            "account_id": "463470963000",
            "arn": "arn:aws:iam::463470963000:root",
            "id": "463470963000",
            "user_id": "463470963000"
          },
          "sensitive_attributes": []
        }
      ]
    },
    {
      "module": "module.security",
      "mode": "data",
      "type": "aws_iam_policy_document",
      "name": "application_key_policy",
      "provider": "provider[\"registry.terraform.io/hashicorp/aws\"]",
      "instances": [
        {
          "schema_version": 0,
          "attributes": {
            "id": "1074429236",
            "json": "{\n  \"Version\": \"2012-10-17\",\n  \"Statement\": [\n    {\n      \"Sid\": \"Enable IAM User Permissions\",\n      \"Effect\": \"Allow\",\n      \"Action\": \"kms:*\",\n      \"Resource\": \"*\",\n      \"Principal\": {\n        \"AWS\": \"arn:aws:iam::463470963000:root\"\n      }\n    },\n    {\n      \"Sid\": \"Allow EKS Service\",\n      \"Effect\": \"Allow\",\n      \"Action\": \"kms:*\",\n      \"Resource\": \"*\",\n      \"Principal\": {\n        \"Service\": \"eks.amazonaws.com\"\n      }\n    },\n    {\n      \"Sid\": \"Enable Lambda Service\",\n      \"Effect\": \"Allow\",\n      \"Action\": \"kms:*\",\n      \"Resource\": \"*\",\n      \"Principal\": {\n        \"Service\": \"lambda.amazonaws.com\"\n      }\n    }\n  ]\n}",
            "minified_json": "{\"Version\":\"2012-10-17\",\"Statement\":[{\"Sid\":\"Enable IAM User Permissions\",\"Effect\":\"Allow\",\"Action\":\"kms:*\",\"Resource\":\"*\",\"Principal\":{\"AWS\":\"arn:aws:iam::463470963000:root\"}},{\"Sid\":\"Allow EKS Service\",\"Effect\":\"Allow\",\"Action\":\"kms:*\",\"Resource\":\"*\",\"Principal\":{\"Service\":\"eks.amazonaws.com\"}},{\"Sid\":\"Enable Lambda Service\",\"Effect\":\"Allow\",\"Action\":\"kms:*\",\"Resource\":\"*\",\"Principal\":{\"Service\":\"lambda.amazonaws.com\"}}]}",
            "override_json": null,
            "override_policy_documents": null,
            "policy_id": null,
            "source_json": null,
            "source_policy_documents": null,
            "statement": [
              {
                "actions": [
                  "kms:*"
                ],
                "condition": [],
                "effect": "Allow",
                "not_actions": [],
                "not_principals": [],
                "not_resources": [],
                "principals": [
                  {
                    "identifiers": [
                      "arn:aws:iam::463470963000:root"
                    ],
                    "type": "AWS"
                  }
                ],
                "resources": [
                  "*"
                ],
                "sid": "Enable IAM User Permissions"
              },
              {
                "actions": [
                  "kms:*"
                ],
                "condition": [],
                "effect": "Allow",
                "not_actions": [],
                "not_principals": [],
                "not_resources": [],
                "principals": [
                  {
                    "identifiers": [
                      "eks.amazonaws.com"
                    ],
                    "type": "Service"
                  }
                ],
                "resources": [
                  "*"
                ],
                "sid": "Allow EKS Service"
              },
              {
                "actions": [
                  "kms:*"
                ],
                "condition": [],
                "effect": "Allow",
                "not_actions": [],
                "not_principals": [],
                "not_resources": [],
                "principals": [
                  {
                    "identifiers": [
                      "lambda.amazonaws.com"
                    ],
                    "type": "Service"
                  }
                ],
                "resources": [
                  "*"
                ],
                "sid": "Enable Lambda Service"
              }
            ],
            "version": "2012-10-17"
          },
          "sensitive_attributes": []
        }
      ]
    },
    {
      "module": "module.security",
      "mode": "data",
      "type": "aws_iam_policy_document",
      "name": "database_key_policy",
      "provider": "provider[\"registry.terraform.io/hashicorp/aws\"]",
      "instances": [
        {
          "schema_version": 0,
          "attributes": {
            "id": "3709021708",
            "json": "{\n  \"Version\": \"2012-10-17\",\n  \"Statement\": [\n    {\n      \"Sid\": \"Enable IAM User Permissions\",\n      \"Effect\": \"Allow\",\n      \"Action\": \"kms:*\",\n      \"Resource\": \"*\",\n      \"Principal\": {\n        \"AWS\": \"arn:aws:iam::463470963000:root\"\n      }\n    },\n    {\n      \"Sid\": \"Allow Aurora Service\",\n      \"Effect\": \"Allow\",\n      \"Action\": [\n        \"kms:ReEncrypt*\",\n        \"kms:GenerateDataKey*\",\n        \"kms:Encrypt\",\n        \"kms:DescribeKey\",\n        \"kms:Decrypt\"\n      ],\n      \"Resource\": \"*\",\n      \"Principal\": {\n        \"Service\": \"rds.amazonaws.com\"\n      }\n    },\n    {\n      \"Sid\": \"Allow Backup Service\",\n      \"Effect\": \"Allow\",\n      \"Action\": [\n        \"kms:ReEncrypt*\",\n        \"kms:GenerateDataKey*\",\n        \"kms:Encrypt\",\n        \"kms:DescribeKey\",\n        \"kms:Decrypt\"\n      ],\n      \"Resource\": \"*\",\n      \"Principal\": {\n        \"Service\": \"backup.amazonaws.com\"\n      }\n    },\n    {\n      \"Sid\": \"Enable S3 Service\",\n      \"Effect\": \"Allow\",\n      \"Action\": [\n        \"kms:ReEncrypt*\",\n        \"kms:GenerateDataKey*\",\n        \"kms:Encrypt\",\n        \"kms:DescribeKey\",\n        \"kms:Decrypt\"\n      ],\n      \"Resource\": \"*\",\n      \"Principal\": {\n        \"Service\": \"s3.amazonaws.com\"\n      }\n    },\n    {\n      \"Sid\": \"Enable DynamoDB Service\",\n      \"Effect\": \"Allow\",\n      \"Action\": [\n        \"kms:ReEncrypt*\",\n        \"kms:GenerateDataKey*\",\n        \"kms:Encrypt\",\n        \"kms:DescribeKey\",\n        \"kms:Decrypt\"\n      ],\n      \"Resource\": \"*\",\n      \"Principal\": {\n        \"Service\": \"dynamodb.amazonaws.com\"\n      }\n    },\n    {\n      \"Sid\": \"Enable CloudTrail Service\",\n      \"Effect\": \"Allow\",\n      \"Action\": [\n        \"kms:ReEncrypt*\",\n        \"kms:GenerateDataKey*\",\n        \"kms:Encrypt\",\n        \"kms:DescribeKey\",\n        \"kms:Decrypt\"\n      ],\n      \"Resource\": \"*\",\n      \"Principal\": {\n        \"Service\": \"cloudtrail.amazonaws.com\"\n      },\n      \"Condition\": {\n        \"StringLike\": {\n          \"kms:EncryptionContext:aws:cloudtrail:arn\": \"arn:aws:cloudtrail:*:463470963000:trail/global-banking-cloudtrail\"\n        }\n      }\n    },\n    {\n      \"Sid\": \"Enable ELB Service\",\n      \"Effect\": \"Allow\",\n      \"Action\": \"kms:*\",\n      \"Resource\": \"*\",\n      \"Principal\": {\n        \"Service\": \"elasticloadbalancing.amazonaws.com\"\n      }\n    }\n  ]\n}",
            "minified_json": "{\"Version\":\"2012-10-17\",\"Statement\":[{\"Sid\":\"Enable IAM User Permissions\",\"Effect\":\"Allow\",\"Action\":\"kms:*\",\"Resource\":\"*\",\"Principal\":{\"AWS\":\"arn:aws:iam::463470963000:root\"}},{\"Sid\":\"Allow Aurora Service\",\"Effect\":\"Allow\",\"Action\":[\"kms:ReEncrypt*\",\"kms:GenerateDataKey*\",\"kms:Encrypt\",\"kms:DescribeKey\",\"kms:Decrypt\"],\"Resource\":\"*\",\"Principal\":{\"Service\":\"rds.amazonaws.com\"}},{\"Sid\":\"Allow Backup Service\",\"Effect\":\"Allow\",\"Action\":[\"kms:ReEncrypt*\",\"kms:GenerateDataKey*\",\"kms:Encrypt\",\"kms:DescribeKey\",\"kms:Decrypt\"],\"Resource\":\"*\",\"Principal\":{\"Service\":\"backup.amazonaws.com\"}},{\"Sid\":\"Enable S3 Service\",\"Effect\":\"Allow\",\"Action\":[\"kms:ReEncrypt*\",\"kms:GenerateDataKey*\",\"kms:Encrypt\",\"kms:DescribeKey\",\"kms:Decrypt\"],\"Resource\":\"*\",\"Principal\":{\"Service\":\"s3.amazonaws.com\"}},{\"Sid\":\"Enable DynamoDB Service\",\"Effect\":\"Allow\",\"Action\":[\"kms:ReEncrypt*\",\"kms:GenerateDataKey*\",\"kms:Encrypt\",\"kms:DescribeKey\",\"kms:Decrypt\"],\"Resource\":\"*\",\"Principal\":{\"Service\":\"dynamodb.amazonaws.com\"}},{\"Sid\":\"Enable CloudTrail Service\",\"Effect\":\"Allow\",\"Action\":[\"kms:ReEncrypt*\",\"kms:GenerateDataKey*\",\"kms:Encrypt\",\"kms:DescribeKey\",\"kms:Decrypt\"],\"Resource\":\"*\",\"Principal\":{\"Service\":\"cloudtrail.amazonaws.com\"},\"Condition\":{\"StringLike\":{\"kms:EncryptionContext:aws:cloudtrail:arn\":\"arn:aws:cloudtrail:*:463470963000:trail/global-banking-cloudtrail\"}}},{\"Sid\":\"Enable ELB Service\",\"Effect\":\"Allow\",\"Action\":\"kms:*\",\"Resource\":\"*\",\"Principal\":{\"Service\":\"elasticloadbalancing.amazonaws.com\"}}]}",
            "override_json": null,
            "override_policy_documents": null,
            "policy_id": null,
            "source_json": null,
            "source_policy_documents": null,
            "statement": [
              {
                "actions": [
                  "kms:*"
                ],
                "condition": [],
                "effect": "Allow",
                "not_actions": [],
                "not_principals": [],
                "not_resources": [],
                "principals": [
                  {
                    "identifiers": [
                      "arn:aws:iam::463470963000:root"
                    ],
                    "type": "AWS"
                  }
                ],
                "resources": [
                  "*"
                ],
                "sid": "Enable IAM User Permissions"
              },
              {
                "actions": [
                  "kms:Decrypt",
                  "kms:DescribeKey",
                  "kms:Encrypt",
                  "kms:GenerateDataKey*",
                  "kms:ReEncrypt*"
                ],
                "condition": [],
                "effect": "Allow",
                "not_actions": [],
                "not_principals": [],
                "not_resources": [],
                "principals": [
                  {
                    "identifiers": [
                      "rds.amazonaws.com"
                    ],
                    "type": "Service"
                  }
                ],
                "resources": [
                  "*"
                ],
                "sid": "Allow Aurora Service"
              },
              {
                "actions": [
                  "kms:Decrypt",
                  "kms:DescribeKey",
                  "kms:Encrypt",
                  "kms:GenerateDataKey*",
                  "kms:ReEncrypt*"
                ],
                "condition": [],
                "effect": "Allow",
                "not_actions": [],
                "not_principals": [],
                "not_resources": [],
                "principals": [
                  {
                    "identifiers": [
                      "backup.amazonaws.com"
                    ],
                    "type": "Service"
                  }
                ],
                "resources": [
                  "*"
                ],
                "sid": "Allow Backup Service"
              },
              {
                "actions": [
                  "kms:Decrypt",
                  "kms:DescribeKey",
                  "kms:Encrypt",
                  "kms:GenerateDataKey*",
                  "kms:ReEncrypt*"
                ],
                "condition": [],
                "effect": "Allow",
                "not_actions": [],
                "not_principals": [],
                "not_resources": [],
                "principals": [
                  {
                    "identifiers": [
                      "s3.amazonaws.com"
                    ],
                    "type": "Service"
                  }
                ],
                "resources": [
                  "*"
                ],
                "sid": "Enable S3 Service"
              },
              {
                "actions": [
                  "kms:Decrypt",
                  "kms:DescribeKey",
                  "kms:Encrypt",
                  "kms:GenerateDataKey*",
                  "kms:ReEncrypt*"
                ],
                "condition": [],
                "effect": "Allow",
                "not_actions": [],
                "not_principals": [],
                "not_resources": [],
                "principals": [
                  {
                    "identifiers": [
                      "dynamodb.amazonaws.com"
                    ],
                    "type": "Service"
                  }
                ],
                "resources": [
                  "*"
                ],
                "sid": "Enable DynamoDB Service"
              },
              {
                "actions": [
                  "kms:Decrypt",
                  "kms:DescribeKey",
                  "kms:Encrypt",
                  "kms:GenerateDataKey*",
                  "kms:ReEncrypt*"
                ],
                "condition": [
                  {
                    "test": "StringLike",
                    "values": [
                      "arn:aws:cloudtrail:*:463470963000:trail/global-banking-cloudtrail"
                    ],
                    "variable": "kms:EncryptionContext:aws:cloudtrail:arn"
                  }
                ],
                "effect": "Allow",
                "not_actions": [],
                "not_principals": [],
                "not_resources": [],
                "principals": [
                  {
                    "identifiers": [
                      "cloudtrail.amazonaws.com"
                    ],
                    "type": "Service"
                  }
                ],
                "resources": [
                  "*"
                ],
                "sid": "Enable CloudTrail Service"
              },
              {
                "actions": [
                  "kms:*"
                ],
                "condition": [],
                "effect": "Allow",
                "not_actions": [],
                "not_principals": [],
                "not_resources": [],
                "principals": [
                  {
                    "identifiers": [
                      "elasticloadbalancing.amazonaws.com"
                    ],
                    "type": "Service"
                  }
                ],
                "resources": [
                  "*"
                ],
                "sid": "Enable ELB Service"
              }
            ],
            "version": "2012-10-17"
          },
          "sensitive_attributes": []
        }
      ]
    },
    {
      "module": "module.security",
      "mode": "data",
      "type": "aws_region",
      "name": "current",
      "provider": "provider[\"registry.terraform.io/hashicorp/aws\"]",
      "instances": [
        {
          "schema_version": 0,
          "attributes": {
            "description": "Europe (London)",
            "endpoint": "ec2.eu-west-2.amazonaws.com",
            "id": "eu-west-2",
            "name": "eu-west-2"
          },
          "sensitive_attributes": []
        }
      ]
    },
    {
      "module": "module.security",
      "mode": "managed",
      "type": "aws_cloudtrail",
      "name": "main",
      "provider": "provider[\"registry.terraform.io/hashicorp/aws\"]",
      "instances": [
        {
          "schema_version": 1,
          "attributes": {
            "advanced_event_selector": [],
            "arn": "arn:aws:cloudtrail:eu-west-2:463470963000:trail/global-banking-cloudtrail",
            "cloud_watch_logs_group_arn": "",
            "cloud_watch_logs_role_arn": "",
            "enable_log_file_validation": false,
            "enable_logging": true,
            "event_selector": [],
            "home_region": "eu-west-2",
            "id": "arn:aws:cloudtrail:eu-west-2:463470963000:trail/global-banking-cloudtrail",
            "include_global_service_events": true,
            "insight_selector": [],
            "is_multi_region_trail": true,
            "is_organization_trail": false,
            "kms_key_id": "arn:aws:kms:eu-west-2:463470963000:key/a7f2883f-276c-4522-a1e2-c406fd5e1708",
            "name": "global-banking-cloudtrail",
            "s3_bucket_name": "cloudtrail-bucket-talha",
            "s3_key_prefix": "",
            "sns_topic_name": "",
            "tags": null,
            "tags_all": {}
          },
          "sensitive_attributes": [],
          "private": "eyJzY2hlbWFfdmVyc2lvbiI6IjEifQ==",
          "dependencies": [
            "module.security.aws_kms_key.database",
            "module.security.aws_s3_bucket_policy.cloudtrail_policy",
            "module.security.data.aws_caller_identity.current",
            "module.security.data.aws_iam_policy_document.database_key_policy",
            "module.storage.aws_s3_bucket.cloudtrail"
          ]
        }
      ]
    },
    {
      "module": "module.security",
      "mode": "managed",
      "type": "aws_config_config_rule",
      "name": "sg_changes",
      "provider": "provider[\"registry.terraform.io/hashicorp/aws\"]",
      "instances": [
        {
          "schema_version": 0,
          "attributes": {
            "arn": "arn:aws:config:eu-west-2:463470963000:config-rule/config-rule-y0n3ll",
            "description": "",
            "evaluation_mode": [
              {
                "mode": "DETECTIVE"
              }
            ],
            "id": "sg-changes",
            "input_parameters": "",
            "maximum_execution_frequency": "",
            "name": "sg-changes",
            "rule_id": "config-rule-y0n3ll",
            "scope": [
              {
                "compliance_resource_id": "",
                "compliance_resource_types": [
                  "AWS::EC2::SecurityGroup"
                ],
                "tag_key": "",
                "tag_value": ""
              }
            ],
            "source": [
              {
                "custom_policy_details": [],
                "owner": "AWS",
                "source_detail": [],
                "source_identifier": "INCOMING_SSH_DISABLED"
              }
            ],
            "tags": null,
            "tags_all": {}
          },
          "sensitive_attributes": [],
          "private": "bnVsbA==",
          "dependencies": [
            "module.security.aws_config_configuration_recorder.main",
            "module.security.aws_config_configuration_recorder_status.main",
            "module.security.aws_config_delivery_channel.main",
            "module.security.aws_iam_role.config",
            "module.storage.aws_s3_bucket.audit_reports"
          ]
        }
      ]
    },
    {
      "module": "module.security",
      "mode": "managed",
      "type": "aws_config_configuration_recorder",
      "name": "main",
      "provider": "provider[\"registry.terraform.io/hashicorp/aws\"]",
      "instances": [
        {
          "schema_version": 0,
          "attributes": {
            "id": "global-banking-config-recorder",
            "name": "global-banking-config-recorder",
            "recording_group": [
              {
                "all_supported": true,
                "exclusion_by_resource_types": [
                  {
                    "resource_types": []
                  }
                ],
                "include_global_resource_types": true,
                "recording_strategy": [
                  {
                    "use_only": "ALL_SUPPORTED_RESOURCE_TYPES"
                  }
                ],
                "resource_types": null
              }
            ],
            "recording_mode": [
              {
                "recording_frequency": "CONTINUOUS",
                "recording_mode_override": []
              }
            ],
            "role_arn": "arn:aws:iam::463470963000:role/AWSConfigRole"
          },
          "sensitive_attributes": [],
          "private": "bnVsbA==",
          "dependencies": [
            "module.security.aws_iam_role.config"
          ]
        }
      ]
    },
    {
      "module": "module.security",
      "mode": "managed",
      "type": "aws_config_configuration_recorder_status",
      "name": "main",
      "provider": "provider[\"registry.terraform.io/hashicorp/aws\"]",
      "instances": [
        {
          "schema_version": 0,
          "attributes": {
            "id": "global-banking-config-recorder",
            "is_enabled": true,
            "name": "global-banking-config-recorder"
          },
          "sensitive_attributes": [],
          "private": "bnVsbA==",
          "dependencies": [
            "module.security.aws_config_configuration_recorder.main",
            "module.security.aws_config_delivery_channel.main",
            "module.security.aws_iam_role.config",
            "module.storage.aws_s3_bucket.audit_reports"
          ]
        }
      ]
    },
    {
      "module": "module.security",
      "mode": "managed",
      "type": "aws_config_delivery_channel",
      "name": "main",
      "provider": "provider[\"registry.terraform.io/hashicorp/aws\"]",
      "instances": [
        {
          "schema_version": 0,
          "attributes": {
            "id": "global-banking-delivery-channel",
            "name": "global-banking-delivery-channel",
            "s3_bucket_name": "audit-reports-talha",
            "s3_key_prefix": "",
            "s3_kms_key_arn": "",
            "snapshot_delivery_properties": [],
            "sns_topic_arn": ""
          },
          "sensitive_attributes": [],
          "private": "bnVsbA==",
          "dependencies": [
            "module.storage.aws_s3_bucket.audit_reports"
          ]
        }
      ]
    },
    {
      "module": "module.security",
      "mode": "managed",
      "type": "aws_guardduty_detector",
      "name": "main",
      "provider": "provider[\"registry.terraform.io/hashicorp/aws\"]",
      "instances": [
        {
          "schema_version": 0,
          "attributes": {
            "account_id": "463470963000",
            "arn": "arn:aws:guardduty:eu-west-2:463470963000:detector/62c9c886f90b8f254d6f3639c5aada4b",
            "datasources": [
              {
                "kubernetes": [
                  {
                    "audit_logs": [
                      {
                        "enable": true
                      }
                    ]
                  }
                ],
                "malware_protection": [
                  {
                    "scan_ec2_instance_with_findings": [
                      {
                        "ebs_volumes": [
                          {
                            "enable": true
                          }
                        ]
                      }
                    ]
                  }
                ],
                "s3_logs": [
                  {
                    "enable": true
                  }
                ]
              }
            ],
            "enable": true,
            "finding_publishing_frequency": "SIX_HOURS",
            "id": "62c9c886f90b8f254d6f3639c5aada4b",
            "tags": null,
            "tags_all": {}
          },
          "sensitive_attributes": [],
          "private": "bnVsbA=="
        }
      ]
    },
    {
      "module": "module.security",
      "mode": "managed",
      "type": "aws_iam_policy",
      "name": "alb_controller",
      "provider": "provider[\"registry.terraform.io/hashicorp/aws\"]",
      "instances": [
        {
          "schema_version": 0,
          "attributes": {
            "arn": "arn:aws:iam::463470963000:policy/ALBControllerPolicy",
            "attachment_count": 0,
            "description": "",
            "id": "arn:aws:iam::463470963000:policy/ALBControllerPolicy",
            "name": "ALBControllerPolicy",
            "name_prefix": "",
            "path": "/",
            "policy": "{\"Statement\":[{\"Action\":[\"elasticloadbalancing:CreateLoadBalancer\",\"elasticloadbalancing:DeleteLoadBalancer\",\"elasticloadbalancing:DescribeLoadBalancers\",\"elasticloadbalancing:CreateTargetGroup\",\"elasticloadbalancing:DeleteTargetGroup\",\"elasticloadbalancing:DescribeTargetGroups\",\"elasticloadbalancing:RegisterTargets\",\"elasticloadbalancing:DeregisterTargets\",\"elasticloadbalancing:CreateListener\",\"elasticloadbalancing:DeleteListener\",\"elasticloadbalancing:DescribeListeners\",\"elasticloadbalancing:ModifyListener\"],\"Effect\":\"Allow\",\"Resource\":[\"arn:aws:elasticloadbalancing:eu-west-2:463470963000:loadbalancer/app/*\",\"arn:aws:elasticloadbalancing:eu-west-2:463470963000:targetgroup/*\",\"arn:aws:elasticloadbalancing:eu-west-2:463470963000:listener/*\"]},{\"Action\":[\"ec2:DescribeInstances\",\"ec2:DescribeSecurityGroups\",\"ec2:AuthorizeSecurityGroupIngress\",\"ec2:RevokeSecurityGroupIngress\"],\"Effect\":\"Allow\",\"Resource\":\"*\"},{\"Action\":[\"acm:DescribeCertificate\",\"acm:ListCertificates\",\"acm:GetCertificate\"],\"Effect\":\"Allow\",\"Resource\":[\"arn:aws:acm:eu-west-2:463470963000:certificate/*\"]},{\"Action\":[\"wafv2:GetWebACL\",\"wafv2:AssociateWebACL\",\"wafv2:DisassociateWebACL\"],\"Effect\":\"Allow\",\"Resource\":\"*\"}],\"Version\":\"2012-10-17\"}",
            "policy_id": "ANPAWX2IFVE4IAFRP7MU2",
            "tags": null,
            "tags_all": {}
          },
          "sensitive_attributes": [],
          "private": "bnVsbA==",
          "dependencies": [
            "module.security.data.aws_caller_identity.current"
          ]
        }
      ]
    },
    {
      "module": "module.security",
      "mode": "managed",
      "type": "aws_iam_policy",
      "name": "api_gateway_policy",
      "provider": "provider[\"registry.terraform.io/hashicorp/aws\"]",
      "instances": [
        {
          "schema_version": 0,
          "attributes": {
            "arn": "arn:aws:iam::463470963000:policy/api-gateway-policy",
            "attachment_count": 0,
            "description": "",
            "id": "arn:aws:iam::463470963000:policy/api-gateway-policy",
            "name": "api-gateway-policy",
            "name_prefix": "",
            "path": "/",
            "policy": "{\"Statement\":[{\"Action\":[\"elasticloadbalancing:DescribeLoadBalancers\",\"elasticloadbalancing:DescribeTargetGroups\",\"elasticloadbalancing:DescribeTargetHealth\"],\"Effect\":\"Allow\",\"Resource\":\"*\"},{\"Action\":[\"logs:CreateLogGroup\",\"logs:CreateLogStream\",\"logs:DescribeLogGroups\",\"logs:DescribeLogStreams\",\"logs:PutLogEvents\",\"logs:GetLogEvents\",\"logs:FilterLogEvents\"],\"Effect\":\"Allow\",\"Resource\":[\"arn:aws:logs:eu-west-2:463470963000:log-group:/aws/apigateway/banking-api\",\"arn:aws:logs:eu-west-2:463470963000:log-group:/aws/apigateway/banking-api:*\"]}],\"Version\":\"2012-10-17\"}",
            "policy_id": "ANPAWX2IFVE4IOHYPAQGZ",
            "tags": null,
            "tags_all": {}
          },
          "sensitive_attributes": [],
          "private": "bnVsbA==",
          "dependencies": [
            "module.monitoring.aws_cloudwatch_log_group.api_gateway"
          ]
        }
      ]
    },
    {
      "module": "module.security",
      "mode": "managed",
      "type": "aws_iam_policy",
      "name": "aurora_eks",
      "provider": "provider[\"registry.terraform.io/hashicorp/aws\"]",
      "instances": [
        {
          "schema_version": 0,
          "attributes": {
            "arn": "arn:aws:iam::463470963000:policy/aurora-eks-policy",
            "attachment_count": 0,
            "description": "",
            "id": "arn:aws:iam::463470963000:policy/aurora-eks-policy",
            "name": "aurora-eks-policy",
            "name_prefix": "",
            "path": "/",
            "policy": "{\"Statement\":[{\"Action\":[\"rds-data:ExecuteStatement\",\"rds-data:BatchExecuteStatement\"],\"Effect\":\"Allow\",\"Resource\":\"arn:aws:rds:eu-west-2:463470963000:cluster:global-bank-cluster\"}],\"Version\":\"2012-10-17\"}",
            "policy_id": "ANPAWX2IFVE4M5JDSVZ3D",
            "tags": null,
            "tags_all": {}
          },
          "sensitive_attributes": [],
          "private": "bnVsbA==",
          "dependencies": [
            "module.database.aws_db_subnet_group.aurora_subnet",
            "module.database.aws_rds_cluster.global_bank_cluster",
            "module.database.aws_rds_cluster_parameter_group.banking",
            "module.database.aws_security_group.aurora_sg",
            "module.security.aws_kms_key.database",
            "module.security.data.aws_caller_identity.current",
            "module.security.data.aws_iam_policy_document.database_key_policy",
            "module.vpcs.aws_subnet.private",
            "module.vpcs.aws_vpc.main"
          ]
        }
      ]
    },
    {
      "module": "module.security",
      "mode": "managed",
      "type": "aws_iam_policy",
      "name": "lambda_config",
      "provider": "provider[\"registry.terraform.io/hashicorp/aws\"]",
      "instances": [
        {
          "schema_version": 0,
          "attributes": {
            "arn": "arn:aws:iam::463470963000:policy/lambda-config-policy",
            "attachment_count": 0,
            "description": "",
            "id": "arn:aws:iam::463470963000:policy/lambda-config-policy",
            "name": "lambda-config-policy",
            "name_prefix": "",
            "path": "/",
            "policy": "{\"Statement\":[{\"Action\":[\"ec2:DescribeSecurityGroups\",\"ec2:RevokeSecurityGroupIngress\",\"ec2:UpdateSecurityGroupRuleDescriptionsIngress\"],\"Effect\":\"Allow\",\"Resource\":\"*\"},{\"Action\":[\"sns:Publish\"],\"Effect\":\"Allow\",\"Resource\":[\"arn:aws:sns:eu-west-2:463470963000:global-banking-alerts\"]},{\"Action\":[\"config:GetResourceConfigHistory\",\"config:GetResourceConfig\"],\"Effect\":\"Allow\",\"Resource\":\"arn:aws:config:eu-west-2:463470963000:config-rule/config-rule-id\"}],\"Version\":\"2012-10-17\"}",
            "policy_id": "ANPAWX2IFVE4HJLVYKNMN",
            "tags": null,
            "tags_all": {}
          },
          "sensitive_attributes": [],
          "private": "bnVsbA==",
          "dependencies": [
            "module.monitoring.aws_sns_topic.banking_alerts"
          ]
        }
      ]
    },
    {
      "module": "module.security",
      "mode": "managed",
      "type": "aws_iam_policy",
      "name": "lambda_macie",
      "provider": "provider[\"registry.terraform.io/hashicorp/aws\"]",
      "instances": [
        {
          "schema_version": 0,
          "attributes": {
            "arn": "arn:aws:iam::463470963000:policy/lambda-macie-policy",
            "attachment_count": 0,
            "description": "",
            "id": "arn:aws:iam::463470963000:policy/lambda-macie-policy",
            "name": "lambda-macie-policy",
            "name_prefix": "",
            "path": "/",
            "policy": "{\"Statement\":[{\"Action\":[\"s3:PutEncryptionConfiguration\",\"s3:GetEncryptionConfiguration\",\"s3:GetBucketEncryption\"],\"Effect\":\"Allow\",\"Resource\":[\"arn:aws:s3:::cloudtrail-bucket-talha\",\"arn:aws:s3:::vpc-flow-logs-talha\",\"arn:aws:s3:::audit-reports-talha\"]},{\"Action\":[\"sns:Publish\"],\"Effect\":\"Allow\",\"Resource\":[\"arn:aws:sns:eu-west-2:463470963000:global-banking-alerts\"]},{\"Action\":[\"securityhub:BatchImportFindings\",\"securityhub:UpdateFindings\"],\"Effect\":\"Allow\",\"Resource\":\"*\"}],\"Version\":\"2012-10-17\"}",
            "policy_id": "ANPAWX2IFVE4EXK5HBP2R",
            "tags": null,
            "tags_all": {}
          },
          "sensitive_attributes": [],
          "private": "bnVsbA==",
          "dependencies": [
            "module.monitoring.aws_sns_topic.banking_alerts",
            "module.storage.aws_s3_bucket.audit_reports",
            "module.storage.aws_s3_bucket.cloudtrail",
            "module.storage.aws_s3_bucket.vpc_flow_logs"
          ]
        }
      ]
    },
    {
      "module": "module.security",
      "mode": "managed",
      "type": "aws_iam_policy",
      "name": "s3_eks",
      "provider": "provider[\"registry.terraform.io/hashicorp/aws\"]",
      "instances": [
        {
          "schema_version": 0,
          "attributes": {
            "arn": "arn:aws:iam::463470963000:policy/s3-eks-policy",
            "attachment_count": 0,
            "description": "",
            "id": "arn:aws:iam::463470963000:policy/s3-eks-policy",
            "name": "s3-eks-policy",
            "name_prefix": "",
            "path": "/",
            "policy": "{\"Statement\":[{\"Action\":[\"s3:GetObject\",\"s3:PutObject\"],\"Effect\":\"Allow\",\"Resource\":[\"arn:aws:s3:::eks-artifacts\",\"arn:aws:s3:::eks-artifacts/*\"]}],\"Version\":\"2012-10-17\"}",
            "policy_id": "ANPAWX2IFVE4L7QMDWKFT",
            "tags": null,
            "tags_all": {}
          },
          "sensitive_attributes": [],
          "private": "bnVsbA==",
          "dependencies": [
            "module.storage.aws_s3_bucket.eks"
          ]
        }
      ]
    },
    {
      "module": "module.security",
      "mode": "managed",
      "type": "aws_iam_role",
      "name": "api_gateway_role",
      "provider": "provider[\"registry.terraform.io/hashicorp/aws\"]",
      "instances": [
        {
          "schema_version": 0,
          "attributes": {
            "arn": "arn:aws:iam::463470963000:role/api-gateway-role",
            "assume_role_policy": "{\"Statement\":[{\"Action\":\"sts:AssumeRole\",\"Effect\":\"Allow\",\"Principal\":{\"Service\":\"apigateway.amazonaws.com\"}}],\"Version\":\"2012-10-17\"}",
            "create_date": "2024-12-04T09:43:49Z",
            "description": "",
            "force_detach_policies": false,
            "id": "api-gateway-role",
            "inline_policy": [],
            "managed_policy_arns": [],
            "max_session_duration": 3600,
            "name": "api-gateway-role",
            "name_prefix": "",
            "path": "/",
            "permissions_boundary": "",
            "tags": null,
            "tags_all": {},
            "unique_id": "AROAWX2IFVE4MJEA2W5VW"
          },
          "sensitive_attributes": [],
          "private": "bnVsbA=="
        }
      ]
    },
    {
      "module": "module.security",
      "mode": "managed",
      "type": "aws_iam_role",
      "name": "backup",
      "provider": "provider[\"registry.terraform.io/hashicorp/aws\"]",
      "instances": [
        {
          "schema_version": 0,
          "attributes": {
            "arn": "arn:aws:iam::463470963000:role/backup-service-role",
            "assume_role_policy": "{\"Statement\":[{\"Action\":\"sts:AssumeRole\",\"Effect\":\"Allow\",\"Principal\":{\"Service\":\"backup.amazonaws.com\"}}],\"Version\":\"2012-10-17\"}",
            "create_date": "2024-12-04T09:43:49Z",
            "description": "",
            "force_detach_policies": false,
            "id": "backup-service-role",
            "inline_policy": [],
            "managed_policy_arns": [],
            "max_session_duration": 3600,
            "name": "backup-service-role",
            "name_prefix": "",
            "path": "/",
            "permissions_boundary": "",
            "tags": null,
            "tags_all": {},
            "unique_id": "AROAWX2IFVE4DGE4ZRNO5"
          },
          "sensitive_attributes": [],
          "private": "bnVsbA=="
        }
      ]
    },
    {
      "module": "module.security",
      "mode": "managed",
      "type": "aws_iam_role",
      "name": "bastion",
      "provider": "provider[\"registry.terraform.io/hashicorp/aws\"]",
      "instances": [
        {
          "schema_version": 0,
          "attributes": {
            "arn": "arn:aws:iam::463470963000:role/bastionrole",
            "assume_role_policy": "{\"Statement\":[{\"Action\":\"sts:AssumeRole\",\"Effect\":\"Allow\",\"Principal\":{\"Service\":\"ec2.amazonaws.com\"}}],\"Version\":\"2012-10-17\"}",
            "create_date": "2024-12-04T09:43:51Z",
            "description": "",
            "force_detach_policies": false,
            "id": "bastionrole",
            "inline_policy": [],
            "managed_policy_arns": [],
            "max_session_duration": 3600,
            "name": "bastionrole",
            "name_prefix": "",
            "path": "/",
            "permissions_boundary": "",
            "tags": null,
            "tags_all": {},
            "unique_id": "AROAWX2IFVE4LEZF5SHWF"
          },
          "sensitive_attributes": [],
          "private": "bnVsbA=="
        }
      ]
    },
    {
      "module": "module.security",
      "mode": "managed",
      "type": "aws_iam_role",
      "name": "config",
      "provider": "provider[\"registry.terraform.io/hashicorp/aws\"]",
      "instances": [
        {
          "schema_version": 0,
          "attributes": {
            "arn": "arn:aws:iam::463470963000:role/AWSConfigRole",
            "assume_role_policy": "{\"Statement\":[{\"Action\":\"sts:AssumeRole\",\"Effect\":\"Allow\",\"Principal\":{\"Service\":\"config.amazonaws.com\"}}],\"Version\":\"2012-10-17\"}",
            "create_date": "2024-12-04T09:43:49Z",
            "description": "",
            "force_detach_policies": false,
            "id": "AWSConfigRole",
            "inline_policy": [],
            "managed_policy_arns": [],
            "max_session_duration": 3600,
            "name": "AWSConfigRole",
            "name_prefix": "",
            "path": "/",
            "permissions_boundary": "",
            "tags": null,
            "tags_all": {},
            "unique_id": "AROAWX2IFVE4PYSIMZN6J"
          },
          "sensitive_attributes": [],
          "private": "bnVsbA=="
        }
      ]
    },
    {
      "module": "module.security",
      "mode": "managed",
      "type": "aws_iam_role",
      "name": "eks_cluster",
      "provider": "provider[\"registry.terraform.io/hashicorp/aws\"]",
      "instances": [
        {
          "schema_version": 0,
          "attributes": {
            "arn": "arn:aws:iam::463470963000:role/eks-cluster-role",
            "assume_role_policy": "{\"Statement\":[{\"Action\":\"sts:AssumeRole\",\"Effect\":\"Allow\",\"Principal\":{\"Service\":\"eks.amazonaws.com\"}}],\"Version\":\"2012-10-17\"}",
            "create_date": "2024-12-04T09:43:50Z",
            "description": "",
            "force_detach_policies": false,
            "id": "eks-cluster-role",
            "inline_policy": [],
            "managed_policy_arns": [],
            "max_session_duration": 3600,
            "name": "eks-cluster-role",
            "name_prefix": "",
            "path": "/",
            "permissions_boundary": "",
            "tags": null,
            "tags_all": {},
            "unique_id": "AROAWX2IFVE4IP4X5PWDE"
          },
          "sensitive_attributes": [],
          "private": "bnVsbA=="
        }
      ]
    },
    {
      "module": "module.security",
      "mode": "managed",
      "type": "aws_iam_role",
      "name": "eks_node",
      "provider": "provider[\"registry.terraform.io/hashicorp/aws\"]",
      "instances": [
        {
          "schema_version": 0,
          "attributes": {
            "arn": "arn:aws:iam::463470963000:role/eks-node-role",
            "assume_role_policy": "{\"Statement\":[{\"Action\":\"sts:AssumeRole\",\"Effect\":\"Allow\",\"Principal\":{\"Service\":\"ec2.amazonaws.com\"}}],\"Version\":\"2012-10-17\"}",
            "create_date": "2024-12-04T09:43:50Z",
            "description": "",
            "force_detach_policies": false,
            "id": "eks-node-role",
            "inline_policy": [],
            "managed_policy_arns": [],
            "max_session_duration": 3600,
            "name": "eks-node-role",
            "name_prefix": "",
            "path": "/",
            "permissions_boundary": "",
            "tags": null,
            "tags_all": {},
            "unique_id": "AROAWX2IFVE4M3PHRHISF"
          },
          "sensitive_attributes": [],
          "private": "bnVsbA=="
        }
      ]
    },
    {
      "module": "module.security",
      "mode": "managed",
      "type": "aws_iam_role",
      "name": "eks_service_account",
      "provider": "provider[\"registry.terraform.io/hashicorp/aws\"]",
      "instances": [
        {
          "schema_version": 0,
          "attributes": {
            "arn": "arn:aws:iam::463470963000:role/eks-service-account-role",
            "assume_role_policy": "{\"Statement\":[{\"Action\":\"sts:AssumeRoleWithWebIdentity\",\"Condition\":{\"StringEquals\":{\"https://oidc.eks.eu-west-2.amazonaws.com/id/FB46CAB9C7894FB8F4F0DB4CAD39D2A8:aud\":\"sts.amazonaws.com\",\"https://oidc.eks.eu-west-2.amazonaws.com/id/FB46CAB9C7894FB8F4F0DB4CAD39D2A8:sub\":\"system:serviceaccount:default:my-service-account\"}},\"Effect\":\"Allow\",\"Principal\":{\"Federated\":\"arn:aws:iam::463470963000:oidc-provider/oidc.eks.eu-west-2.amazonaws.com/id/FB46CAB9C7894FB8F4F0DB4CAD39D2A8\"}}],\"Version\":\"2012-10-17\"}",
            "create_date": "2024-12-04T09:56:43Z",
            "description": "",
            "force_detach_policies": false,
            "id": "eks-service-account-role",
            "inline_policy": [],
            "managed_policy_arns": [],
            "max_session_duration": 3600,
            "name": "eks-service-account-role",
            "name_prefix": "",
            "path": "/",
            "permissions_boundary": "",
            "tags": null,
            "tags_all": {},
            "unique_id": "AROAWX2IFVE4JMPA6LTL5"
          },
          "sensitive_attributes": [],
          "private": "bnVsbA==",
          "dependencies": [
            "module.eks.aws_cloudwatch_log_group.this",
            "module.eks.aws_eks_cluster.this",
            "module.eks.aws_iam_openid_connect_provider.oidc_provider",
            "module.eks.aws_iam_policy.cni_ipv6_policy",
            "module.eks.aws_iam_role.this",
            "module.eks.aws_iam_role_policy_attachment.this",
            "module.eks.aws_security_group.cluster",
            "module.eks.aws_security_group.node",
            "module.eks.aws_security_group_rule.cluster",
            "module.eks.aws_security_group_rule.node",
            "module.eks.data.aws_caller_identity.current",
            "module.eks.data.aws_iam_policy_document.assume_role_policy",
            "module.eks.data.aws_iam_policy_document.cni_ipv6_policy",
            "module.eks.data.aws_iam_session_context.current",
            "module.eks.data.aws_partition.current",
            "module.eks.data.tls_certificate.this",
            "module.eks.module.kms.aws_kms_external_key.this",
            "module.eks.module.kms.aws_kms_key.this",
            "module.eks.module.kms.aws_kms_replica_external_key.this",
            "module.eks.module.kms.aws_kms_replica_key.this",
            "module.eks.module.kms.data.aws_caller_identity.current",
            "module.eks.module.kms.data.aws_iam_policy_document.this",
            "module.eks.module.kms.data.aws_partition.current",
            "module.vpcs.aws_subnet.private",
            "module.vpcs.aws_vpc.main"
          ]
        }
      ]
    },
    {
      "module": "module.security",
      "mode": "managed",
      "type": "aws_iam_role",
      "name": "lambda",
      "provider": "provider[\"registry.terraform.io/hashicorp/aws\"]",
      "instances": [
        {
          "schema_version": 0,
          "attributes": {
            "arn": "arn:aws:iam::463470963000:role/lambda-role",
            "assume_role_policy": "{\"Statement\":[{\"Action\":\"sts:AssumeRole\",\"Effect\":\"Allow\",\"Principal\":{\"Service\":\"lambda.amazonaws.com\"}}],\"Version\":\"2012-10-17\"}",
            "create_date": "2024-12-04T09:43:49Z",
            "description": "",
            "force_detach_policies": false,
            "id": "lambda-role",
            "inline_policy": [],
            "managed_policy_arns": [],
            "max_session_duration": 3600,
            "name": "lambda-role",
            "name_prefix": "",
            "path": "/",
            "permissions_boundary": "",
            "tags": null,
            "tags_all": {},
            "unique_id": "AROAWX2IFVE4G4N7BXAQR"
          },
          "sensitive_attributes": [],
          "private": "bnVsbA==",
          "create_before_destroy": true
        }
      ]
    },
    {
      "module": "module.security",
      "mode": "managed",
      "type": "aws_iam_role",
      "name": "monitoring_roles",
      "provider": "provider[\"registry.terraform.io/hashicorp/aws\"]",
      "instances": [
        {
          "index_key": "apigateway",
          "schema_version": 0,
          "attributes": {
            "arn": "arn:aws:iam::463470963000:role/apigateway-cloudwatch-role",
            "assume_role_policy": "{\"Statement\":[{\"Action\":\"sts:AssumeRole\",\"Effect\":\"Allow\",\"Principal\":{\"Service\":\"apigateway.amazonaws.com\"}}],\"Version\":\"2012-10-17\"}",
            "create_date": "2024-12-04T09:43:49Z",
            "description": "",
            "force_detach_policies": false,
            "id": "apigateway-cloudwatch-role",
            "inline_policy": [],
            "managed_policy_arns": [],
            "max_session_duration": 3600,
            "name": "apigateway-cloudwatch-role",
            "name_prefix": "",
            "path": "/",
            "permissions_boundary": "",
            "tags": null,
            "tags_all": {},
            "unique_id": "AROAWX2IFVE4DE5XZHN27"
          },
          "sensitive_attributes": [],
          "private": "bnVsbA=="
        },
        {
          "index_key": "dynamodb",
          "schema_version": 0,
          "attributes": {
            "arn": "arn:aws:iam::463470963000:role/dynamodb-cloudwatch-role",
            "assume_role_policy": "{\"Statement\":[{\"Action\":\"sts:AssumeRole\",\"Effect\":\"Allow\",\"Principal\":{\"Service\":\"dynamodb.amazonaws.com\"}}],\"Version\":\"2012-10-17\"}",
            "create_date": "2024-12-04T09:43:49Z",
            "description": "",
            "force_detach_policies": false,
            "id": "dynamodb-cloudwatch-role",
            "inline_policy": [],
            "managed_policy_arns": [],
            "max_session_duration": 3600,
            "name": "dynamodb-cloudwatch-role",
            "name_prefix": "",
            "path": "/",
            "permissions_boundary": "",
            "tags": null,
            "tags_all": {},
            "unique_id": "AROAWX2IFVE4KELD7KSUU"
          },
          "sensitive_attributes": [],
          "private": "bnVsbA=="
        },
        {
          "index_key": "elasticloadbalancing",
          "schema_version": 0,
          "attributes": {
            "arn": "arn:aws:iam::463470963000:role/elasticloadbalancing-cloudwatch-role",
            "assume_role_policy": "{\"Statement\":[{\"Action\":\"sts:AssumeRole\",\"Effect\":\"Allow\",\"Principal\":{\"Service\":\"elasticloadbalancing.amazonaws.com\"}}],\"Version\":\"2012-10-17\"}",
            "create_date": "2024-12-04T09:43:49Z",
            "description": "",
            "force_detach_policies": false,
            "id": "elasticloadbalancing-cloudwatch-role",
            "inline_policy": [],
            "managed_policy_arns": [],
            "max_session_duration": 3600,
            "name": "elasticloadbalancing-cloudwatch-role",
            "name_prefix": "",
            "path": "/",
            "permissions_boundary": "",
            "tags": null,
            "tags_all": {},
            "unique_id": "AROAWX2IFVE4AJQ2AKGNF"
          },
          "sensitive_attributes": [],
          "private": "bnVsbA=="
        },
        {
          "index_key": "lambda",
          "schema_version": 0,
          "attributes": {
            "arn": "arn:aws:iam::463470963000:role/lambda-cloudwatch-role",
            "assume_role_policy": "{\"Statement\":[{\"Action\":\"sts:AssumeRole\",\"Effect\":\"Allow\",\"Principal\":{\"Service\":\"lambda.amazonaws.com\"}}],\"Version\":\"2012-10-17\"}",
            "create_date": "2024-12-04T09:43:49Z",
            "description": "",
            "force_detach_policies": false,
            "id": "lambda-cloudwatch-role",
            "inline_policy": [],
            "managed_policy_arns": [],
            "max_session_duration": 3600,
            "name": "lambda-cloudwatch-role",
            "name_prefix": "",
            "path": "/",
            "permissions_boundary": "",
            "tags": null,
            "tags_all": {},
            "unique_id": "AROAWX2IFVE4K6E6BWAYS"
          },
          "sensitive_attributes": [],
          "private": "bnVsbA=="
        },
        {
          "index_key": "macie",
          "schema_version": 0,
          "attributes": {
            "arn": "arn:aws:iam::463470963000:role/macie-cloudwatch-role",
            "assume_role_policy": "{\"Statement\":[{\"Action\":\"sts:AssumeRole\",\"Effect\":\"Allow\",\"Principal\":{\"Service\":\"macie.amazonaws.com\"}}],\"Version\":\"2012-10-17\"}",
            "create_date": "2024-12-04T09:43:49Z",
            "description": "",
            "force_detach_policies": false,
            "id": "macie-cloudwatch-role",
            "inline_policy": [],
            "managed_policy_arns": [],
            "max_session_duration": 3600,
            "name": "macie-cloudwatch-role",
            "name_prefix": "",
            "path": "/",
            "permissions_boundary": "",
            "tags": null,
            "tags_all": {},
            "unique_id": "AROAWX2IFVE4DHE3VUB5H"
          },
          "sensitive_attributes": [],
          "private": "bnVsbA=="
        },
        {
          "index_key": "network-firewall",
          "schema_version": 0,
          "attributes": {
            "arn": "arn:aws:iam::463470963000:role/network-firewall-cloudwatch-role",
            "assume_role_policy": "{\"Statement\":[{\"Action\":\"sts:AssumeRole\",\"Effect\":\"Allow\",\"Principal\":{\"Service\":\"network-firewall.amazonaws.com\"}}],\"Version\":\"2012-10-17\"}",
            "create_date": "2024-12-04T09:43:49Z",
            "description": "",
            "force_detach_policies": false,
            "id": "network-firewall-cloudwatch-role",
            "inline_policy": [],
            "managed_policy_arns": [],
            "max_session_duration": 3600,
            "name": "network-firewall-cloudwatch-role",
            "name_prefix": "",
            "path": "/",
            "permissions_boundary": "",
            "tags": null,
            "tags_all": {},
            "unique_id": "AROAWX2IFVE4GBODUQIIM"
          },
          "sensitive_attributes": [],
          "private": "bnVsbA=="
        },
        {
          "index_key": "rds",
          "schema_version": 0,
          "attributes": {
            "arn": "arn:aws:iam::463470963000:role/rds-cloudwatch-role",
            "assume_role_policy": "{\"Statement\":[{\"Action\":\"sts:AssumeRole\",\"Effect\":\"Allow\",\"Principal\":{\"Service\":\"rds.amazonaws.com\"}}],\"Version\":\"2012-10-17\"}",
            "create_date": "2024-12-04T09:43:49Z",
            "description": "",
            "force_detach_policies": false,
            "id": "rds-cloudwatch-role",
            "inline_policy": [],
            "managed_policy_arns": [],
            "max_session_duration": 3600,
            "name": "rds-cloudwatch-role",
            "name_prefix": "",
            "path": "/",
            "permissions_boundary": "",
            "tags": null,
            "tags_all": {},
            "unique_id": "AROAWX2IFVE4BJEYYIMBS"
          },
          "sensitive_attributes": [],
          "private": "bnVsbA=="
        },
        {
          "index_key": "waf",
          "schema_version": 0,
          "attributes": {
            "arn": "arn:aws:iam::463470963000:role/waf-cloudwatch-role",
            "assume_role_policy": "{\"Statement\":[{\"Action\":\"sts:AssumeRole\",\"Effect\":\"Allow\",\"Principal\":{\"Service\":\"waf.amazonaws.com\"}}],\"Version\":\"2012-10-17\"}",
            "create_date": "2024-12-04T09:43:50Z",
            "description": "",
            "force_detach_policies": false,
            "id": "waf-cloudwatch-role",
            "inline_policy": [],
            "managed_policy_arns": [],
            "max_session_duration": 3600,
            "name": "waf-cloudwatch-role",
            "name_prefix": "",
            "path": "/",
            "permissions_boundary": "",
            "tags": null,
            "tags_all": {},
            "unique_id": "AROAWX2IFVE4C3C7TTSON"
          },
          "sensitive_attributes": [],
          "private": "bnVsbA=="
        }
      ]
    },
    {
      "module": "module.security",
      "mode": "managed",
      "type": "aws_iam_role",
      "name": "secrets_access",
      "provider": "provider[\"registry.terraform.io/hashicorp/aws\"]",
      "instances": [
        {
          "schema_version": 0,
          "attributes": {
            "arn": "arn:aws:iam::463470963000:role/eks-secrets-access",
            "assume_role_policy": "{\"Statement\":[{\"Action\":\"sts:AssumeRole\",\"Effect\":\"Allow\",\"Principal\":{\"Service\":\"eks.amazonaws.com\"}}],\"Version\":\"2012-10-17\"}",
            "create_date": "2024-12-04T09:43:49Z",
            "description": "",
            "force_detach_policies": false,
            "id": "eks-secrets-access",
            "inline_policy": [],
            "managed_policy_arns": [],
            "max_session_duration": 3600,
            "name": "eks-secrets-access",
            "name_prefix": "",
            "path": "/",
            "permissions_boundary": "",
            "tags": null,
            "tags_all": {},
            "unique_id": "AROAWX2IFVE4J63MG4CW5"
          },
          "sensitive_attributes": [],
          "private": "bnVsbA=="
        }
      ]
    },
    {
      "module": "module.security",
      "mode": "managed",
      "type": "aws_iam_role",
      "name": "session_manager",
      "provider": "provider[\"registry.terraform.io/hashicorp/aws\"]",
      "instances": [
        {
          "schema_version": 0,
          "attributes": {
            "arn": "arn:aws:iam::463470963000:role/session-manager-role",
            "assume_role_policy": "{\"Statement\":[{\"Action\":\"sts:AssumeRole\",\"Effect\":\"Allow\",\"Principal\":{\"Service\":\"ec2.amazonaws.com\"}}],\"Version\":\"2012-10-17\"}",
            "create_date": "2024-12-04T09:43:51Z",
            "description": "",
            "force_detach_policies": false,
            "id": "session-manager-role",
            "inline_policy": [],
            "managed_policy_arns": [],
            "max_session_duration": 3600,
            "name": "session-manager-role",
            "name_prefix": "",
            "path": "/",
            "permissions_boundary": "",
            "tags": null,
            "tags_all": {},
            "unique_id": "AROAWX2IFVE4ALDS3CNU4"
          },
          "sensitive_attributes": [],
          "private": "bnVsbA=="
        }
      ]
    },
    {
      "module": "module.security",
      "mode": "managed",
      "type": "aws_iam_role_policy",
      "name": "cloudwatch_policy",
      "provider": "provider[\"registry.terraform.io/hashicorp/aws\"]",
      "instances": [
        {
          "index_key": "apigateway",
          "schema_version": 0,
          "attributes": {
            "id": "apigateway-cloudwatch-role:cloudwatch-policy",
            "name": "cloudwatch-policy",
            "name_prefix": "",
            "policy": "{\"Version\":\"2012-10-17\",\"Statement\":[{\"Action\":[\"cloudwatch:PutMetricData\",\"logs:CreateLogGroup\",\"logs:CreatelogStream\",\"logs:PutLogEvents\"],\"Effect\":\"Allow\",\"Resource\":\"*\"}]}",
            "role": "apigateway-cloudwatch-role"
          },
          "sensitive_attributes": [],
          "private": "bnVsbA==",
          "dependencies": [
            "module.security.aws_iam_role.monitoring_roles"
          ]
        },
        {
          "index_key": "dynamodb",
          "schema_version": 0,
          "attributes": {
            "id": "dynamodb-cloudwatch-role:cloudwatch-policy",
            "name": "cloudwatch-policy",
            "name_prefix": "",
            "policy": "{\"Version\":\"2012-10-17\",\"Statement\":[{\"Action\":[\"cloudwatch:PutMetricData\",\"logs:CreateLogGroup\",\"logs:CreatelogStream\",\"logs:PutLogEvents\"],\"Effect\":\"Allow\",\"Resource\":\"*\"}]}",
            "role": "dynamodb-cloudwatch-role"
          },
          "sensitive_attributes": [],
          "private": "bnVsbA==",
          "dependencies": [
            "module.security.aws_iam_role.monitoring_roles"
          ]
        },
        {
          "index_key": "elasticloadbalancing",
          "schema_version": 0,
          "attributes": {
            "id": "elasticloadbalancing-cloudwatch-role:cloudwatch-policy",
            "name": "cloudwatch-policy",
            "name_prefix": "",
            "policy": "{\"Version\":\"2012-10-17\",\"Statement\":[{\"Action\":[\"cloudwatch:PutMetricData\",\"logs:CreateLogGroup\",\"logs:CreatelogStream\",\"logs:PutLogEvents\"],\"Effect\":\"Allow\",\"Resource\":\"*\"}]}",
            "role": "elasticloadbalancing-cloudwatch-role"
          },
          "sensitive_attributes": [],
          "private": "bnVsbA==",
          "dependencies": [
            "module.security.aws_iam_role.monitoring_roles"
          ]
        },
        {
          "index_key": "lambda",
          "schema_version": 0,
          "attributes": {
            "id": "lambda-cloudwatch-role:cloudwatch-policy",
            "name": "cloudwatch-policy",
            "name_prefix": "",
            "policy": "{\"Version\":\"2012-10-17\",\"Statement\":[{\"Action\":[\"cloudwatch:PutMetricData\",\"logs:CreateLogGroup\",\"logs:CreatelogStream\",\"logs:PutLogEvents\"],\"Effect\":\"Allow\",\"Resource\":\"*\"}]}",
            "role": "lambda-cloudwatch-role"
          },
          "sensitive_attributes": [],
          "private": "bnVsbA==",
          "dependencies": [
            "module.security.aws_iam_role.monitoring_roles"
          ]
        },
        {
          "index_key": "macie",
          "schema_version": 0,
          "attributes": {
            "id": "macie-cloudwatch-role:cloudwatch-policy",
            "name": "cloudwatch-policy",
            "name_prefix": "",
            "policy": "{\"Version\":\"2012-10-17\",\"Statement\":[{\"Action\":[\"cloudwatch:PutMetricData\",\"logs:CreateLogGroup\",\"logs:CreatelogStream\",\"logs:PutLogEvents\"],\"Effect\":\"Allow\",\"Resource\":\"*\"}]}",
            "role": "macie-cloudwatch-role"
          },
          "sensitive_attributes": [],
          "private": "bnVsbA==",
          "dependencies": [
            "module.security.aws_iam_role.monitoring_roles"
          ]
        },
        {
          "index_key": "network-firewall",
          "schema_version": 0,
          "attributes": {
            "id": "network-firewall-cloudwatch-role:cloudwatch-policy",
            "name": "cloudwatch-policy",
            "name_prefix": "",
            "policy": "{\"Version\":\"2012-10-17\",\"Statement\":[{\"Action\":[\"cloudwatch:PutMetricData\",\"logs:CreateLogGroup\",\"logs:CreatelogStream\",\"logs:PutLogEvents\"],\"Effect\":\"Allow\",\"Resource\":\"*\"}]}",
            "role": "network-firewall-cloudwatch-role"
          },
          "sensitive_attributes": [],
          "private": "bnVsbA==",
          "dependencies": [
            "module.security.aws_iam_role.monitoring_roles"
          ]
        },
        {
          "index_key": "rds",
          "schema_version": 0,
          "attributes": {
            "id": "rds-cloudwatch-role:cloudwatch-policy",
            "name": "cloudwatch-policy",
            "name_prefix": "",
            "policy": "{\"Version\":\"2012-10-17\",\"Statement\":[{\"Action\":[\"cloudwatch:PutMetricData\",\"logs:CreateLogGroup\",\"logs:CreatelogStream\",\"logs:PutLogEvents\"],\"Effect\":\"Allow\",\"Resource\":\"*\"}]}",
            "role": "rds-cloudwatch-role"
          },
          "sensitive_attributes": [],
          "private": "bnVsbA==",
          "dependencies": [
            "module.security.aws_iam_role.monitoring_roles"
          ]
        },
        {
          "index_key": "waf",
          "schema_version": 0,
          "attributes": {
            "id": "waf-cloudwatch-role:cloudwatch-policy",
            "name": "cloudwatch-policy",
            "name_prefix": "",
            "policy": "{\"Version\":\"2012-10-17\",\"Statement\":[{\"Action\":[\"cloudwatch:PutMetricData\",\"logs:CreateLogGroup\",\"logs:CreatelogStream\",\"logs:PutLogEvents\"],\"Effect\":\"Allow\",\"Resource\":\"*\"}]}",
            "role": "waf-cloudwatch-role"
          },
          "sensitive_attributes": [],
          "private": "bnVsbA==",
          "dependencies": [
            "module.security.aws_iam_role.monitoring_roles"
          ]
        }
      ]
    },
    {
      "module": "module.security",
      "mode": "managed",
      "type": "aws_iam_role_policy",
      "name": "config_s3_permissions",
      "provider": "provider[\"registry.terraform.io/hashicorp/aws\"]",
      "instances": [
        {
          "schema_version": 0,
          "attributes": {
            "id": "AWSConfigRole:terraform-20241204094427913300000016",
            "name": "terraform-20241204094427913300000016",
            "name_prefix": "terraform-",
            "policy": "{\"Version\":\"2012-10-17\",\"Statement\":[{\"Action\":[\"s3:PutObject\",\"s3:GetBucketLocation\",\"s3:ListBucket\"],\"Effect\":\"Allow\",\"Resource\":[\"arn:aws:s3:::audit-reports-talha\",\"arn:aws:s3:::audit-reports-talha/*\"]},{\"Action\":[\"kms:Encrypt\",\"kms:Decrypt\",\"kms:GenerateDataKey*\",\"kms:DescribeKey\"],\"Effect\":\"Allow\",\"Resource\":\"arn:aws:kms:eu-west-2:463470963000:key/a7f2883f-276c-4522-a1e2-c406fd5e1708\"}]}",
            "role": "AWSConfigRole"
          },
          "sensitive_attributes": [],
          "private": "bnVsbA==",
          "dependencies": [
            "module.security.aws_iam_role.config",
            "module.security.aws_kms_key.database",
            "module.security.data.aws_caller_identity.current",
            "module.security.data.aws_iam_policy_document.database_key_policy",
            "module.storage.aws_s3_bucket.audit_reports"
          ]
        }
      ]
    },
    {
      "module": "module.security",
      "mode": "managed",
      "type": "aws_iam_role_policy",
      "name": "secrets_access",
      "provider": "provider[\"registry.terraform.io/hashicorp/aws\"]",
      "instances": [
        {
          "schema_version": 0,
          "attributes": {
            "id": "eks-secrets-access:eks-secrets-access",
            "name": "eks-secrets-access",
            "name_prefix": "",
            "policy": "{\"Version\":\"2012-10-17\",\"Statement\":[{\"Action\":[\"secretsmanager:GetSecretValue\"],\"Effect\":\"Allow\",\"Resource\":[\"arn:aws:secretsmanager:eu-west-2:*:secret:banking-secrets*\"]}]}",
            "role": "eks-secrets-access"
          },
          "sensitive_attributes": [],
          "private": "bnVsbA==",
          "dependencies": [
            "module.security.aws_iam_role.secrets_access"
          ]
        }
      ]
    },
    {
      "module": "module.security",
      "mode": "managed",
      "type": "aws_iam_role_policy_attachment",
      "name": "api_gateway_attach",
      "provider": "provider[\"registry.terraform.io/hashicorp/aws\"]",
      "instances": [
        {
          "schema_version": 0,
          "attributes": {
            "id": "api-gateway-role-20241204094434005500000020",
            "policy_arn": "arn:aws:iam::463470963000:policy/api-gateway-policy",
            "role": "api-gateway-role"
          },
          "sensitive_attributes": [],
          "private": "bnVsbA==",
          "dependencies": [
            "module.monitoring.aws_cloudwatch_log_group.api_gateway",
            "module.security.aws_iam_policy.api_gateway_policy",
            "module.security.aws_iam_role.api_gateway_role"
          ]
        }
      ]
    },
    {
      "module": "module.security",
      "mode": "managed",
      "type": "aws_iam_role_policy_attachment",
      "name": "aurora",
      "provider": "provider[\"registry.terraform.io/hashicorp/aws\"]",
      "instances": [
        {
          "schema_version": 0,
          "attributes": {
            "id": "eks-service-account-role-20241204095644736800000035",
            "policy_arn": "arn:aws:iam::463470963000:policy/aurora-eks-policy",
            "role": "eks-service-account-role"
          },
          "sensitive_attributes": [],
          "private": "bnVsbA==",
          "dependencies": [
            "module.database.aws_db_subnet_group.aurora_subnet",
            "module.database.aws_rds_cluster.global_bank_cluster",
            "module.database.aws_rds_cluster_parameter_group.banking",
            "module.database.aws_security_group.aurora_sg",
            "module.eks.aws_cloudwatch_log_group.this",
            "module.eks.aws_eks_cluster.this",
            "module.eks.aws_iam_openid_connect_provider.oidc_provider",
            "module.eks.aws_iam_policy.cni_ipv6_policy",
            "module.eks.aws_iam_role.this",
            "module.eks.aws_iam_role_policy_attachment.this",
            "module.eks.aws_security_group.cluster",
            "module.eks.aws_security_group.node",
            "module.eks.aws_security_group_rule.cluster",
            "module.eks.aws_security_group_rule.node",
            "module.eks.data.aws_caller_identity.current",
            "module.eks.data.aws_iam_policy_document.assume_role_policy",
            "module.eks.data.aws_iam_policy_document.cni_ipv6_policy",
            "module.eks.data.aws_iam_session_context.current",
            "module.eks.data.aws_partition.current",
            "module.eks.data.tls_certificate.this",
            "module.eks.module.kms.aws_kms_external_key.this",
            "module.eks.module.kms.aws_kms_key.this",
            "module.eks.module.kms.aws_kms_replica_external_key.this",
            "module.eks.module.kms.aws_kms_replica_key.this",
            "module.eks.module.kms.data.aws_caller_identity.current",
            "module.eks.module.kms.data.aws_iam_policy_document.this",
            "module.eks.module.kms.data.aws_partition.current",
            "module.security.aws_iam_policy.aurora_eks",
            "module.security.aws_iam_role.eks_service_account",
            "module.security.aws_kms_key.database",
            "module.security.data.aws_caller_identity.current",
            "module.security.data.aws_iam_policy_document.database_key_policy",
            "module.vpcs.aws_subnet.private",
            "module.vpcs.aws_vpc.main"
          ]
        }
      ]
    },
    {
      "module": "module.security",
      "mode": "managed",
      "type": "aws_iam_role_policy_attachment",
      "name": "backup",
      "provider": "provider[\"registry.terraform.io/hashicorp/aws\"]",
      "instances": [
        {
          "schema_version": 0,
          "attributes": {
            "id": "backup-service-role-20241204094352838000000004",
            "policy_arn": "arn:aws:iam::aws:policy/service-role/AWSBackupServiceRolePolicyForBackup",
            "role": "backup-service-role"
          },
          "sensitive_attributes": [],
          "private": "bnVsbA==",
          "dependencies": [
            "module.security.aws_iam_role.backup"
          ]
        }
      ]
    },
    {
      "module": "module.security",
      "mode": "managed",
      "type": "aws_iam_role_policy_attachment",
      "name": "bastion_cloudwatch",
      "provider": "provider[\"registry.terraform.io/hashicorp/aws\"]",
      "instances": [
        {
          "schema_version": 0,
          "attributes": {
            "id": "bastionrole-2024120409440367620000000c",
            "policy_arn": "arn:aws:iam::aws:policy/CloudWatchAgentServerPolicy",
            "role": "bastionrole"
          },
          "sensitive_attributes": [],
          "private": "bnVsbA==",
          "dependencies": [
            "module.security.aws_iam_role.bastion"
          ]
        }
      ]
    },
    {
      "module": "module.security",
      "mode": "managed",
      "type": "aws_iam_role_policy_attachment",
      "name": "bastion_ssm",
      "provider": "provider[\"registry.terraform.io/hashicorp/aws\"]",
      "instances": [
        {
          "schema_version": 0,
          "attributes": {
            "id": "bastionrole-2024120409440397160000000d",
            "policy_arn": "arn:aws:iam::aws:policy/AmazonSSMManagedInstanceCore",
            "role": "bastionrole"
          },
          "sensitive_attributes": [],
          "private": "bnVsbA==",
          "dependencies": [
            "module.security.aws_iam_role.bastion"
          ]
        }
      ]
    },
    {
      "module": "module.security",
      "mode": "managed",
      "type": "aws_iam_role_policy_attachment",
      "name": "config_role_policy",
      "provider": "provider[\"registry.terraform.io/hashicorp/aws\"]",
      "instances": [
        {
          "schema_version": 0,
          "attributes": {
            "id": "AWSConfigRole-20241204094353092400000005",
            "policy_arn": "arn:aws:iam::aws:policy/service-role/AWS_ConfigRole",
            "role": "AWSConfigRole"
          },
          "sensitive_attributes": [],
          "private": "bnVsbA==",
          "dependencies": [
            "module.security.aws_iam_role.config"
          ]
        }
      ]
    },
    {
      "module": "module.security",
      "mode": "managed",
      "type": "aws_iam_role_policy_attachment",
      "name": "eks_cluster_policy",
      "provider": "provider[\"registry.terraform.io/hashicorp/aws\"]",
      "instances": [
        {
          "schema_version": 0,
          "attributes": {
            "id": "eks-cluster-role-2024120409440175160000000b",
            "policy_arn": "arn:aws:iam::aws:policy/AmazonEKSClusterPolicy",
            "role": "eks-cluster-role"
          },
          "sensitive_attributes": [],
          "private": "bnVsbA==",
          "dependencies": [
            "module.security.aws_iam_role.eks_cluster"
          ]
        }
      ]
    },
    {
      "module": "module.security",
      "mode": "managed",
      "type": "aws_iam_role_policy_attachment",
      "name": "eks_node_policy",
      "provider": "provider[\"registry.terraform.io/hashicorp/aws\"]",
      "instances": [
        {
          "index_key": "arn:aws:iam::aws:policy/AmazonEC2ContainerRegistryReadOnly",
          "schema_version": 0,
          "attributes": {
            "id": "eks-node-role-20241204094355462900000008",
            "policy_arn": "arn:aws:iam::aws:policy/AmazonEC2ContainerRegistryReadOnly",
            "role": "eks-node-role"
          },
          "sensitive_attributes": [],
          "private": "bnVsbA==",
          "dependencies": [
            "module.security.aws_iam_role.eks_node"
          ]
        },
        {
          "index_key": "arn:aws:iam::aws:policy/AmazonEKSWorkerNodePolicy",
          "schema_version": 0,
          "attributes": {
            "id": "eks-node-role-20241204094355765800000009",
            "policy_arn": "arn:aws:iam::aws:policy/AmazonEKSWorkerNodePolicy",
            "role": "eks-node-role"
          },
          "sensitive_attributes": [],
          "private": "bnVsbA==",
          "dependencies": [
            "module.security.aws_iam_role.eks_node"
          ]
        },
        {
          "index_key": "arn:aws:iam::aws:policy/AmazonEKS_CNI_Policy",
          "schema_version": 0,
          "attributes": {
            "id": "eks-node-role-2024120409435606660000000a",
            "policy_arn": "arn:aws:iam::aws:policy/AmazonEKS_CNI_Policy",
            "role": "eks-node-role"
          },
          "sensitive_attributes": [],
          "private": "bnVsbA==",
          "dependencies": [
            "module.security.aws_iam_role.eks_node"
          ]
        },
        {
          "index_key": "arn:aws:iam::aws:policy/AmazonSSMManagedInstanceCore",
          "schema_version": 0,
          "attributes": {
            "id": "eks-node-role-20241204094355160500000007",
            "policy_arn": "arn:aws:iam::aws:policy/AmazonSSMManagedInstanceCore",
            "role": "eks-node-role"
          },
          "sensitive_attributes": [],
          "private": "bnVsbA==",
          "dependencies": [
            "module.security.aws_iam_role.eks_node"
          ]
        }
      ]
    },
    {
      "module": "module.security",
      "mode": "managed",
      "type": "aws_iam_role_policy_attachment",
      "name": "lambda_config",
      "provider": "provider[\"registry.terraform.io/hashicorp/aws\"]",
      "instances": [
        {
          "schema_version": 0,
          "attributes": {
            "id": "lambda-role-20241204094428548200000019",
            "policy_arn": "arn:aws:iam::463470963000:policy/lambda-config-policy",
            "role": "lambda-role"
          },
          "sensitive_attributes": [],
          "private": "bnVsbA==",
          "dependencies": [
            "module.monitoring.aws_sns_topic.banking_alerts",
            "module.security.aws_iam_policy.lambda_config",
            "module.security.aws_iam_role.lambda"
          ]
        }
      ]
    },
    {
      "module": "module.security",
      "mode": "managed",
      "type": "aws_iam_role_policy_attachment",
      "name": "lambda_macie",
      "provider": "provider[\"registry.terraform.io/hashicorp/aws\"]",
      "instances": [
        {
          "schema_version": 0,
          "attributes": {
            "id": "lambda-role-20241204094434267500000021",
            "policy_arn": "arn:aws:iam::463470963000:policy/lambda-macie-policy",
            "role": "lambda-role"
          },
          "sensitive_attributes": [],
          "private": "bnVsbA==",
          "dependencies": [
            "module.monitoring.aws_sns_topic.banking_alerts",
            "module.security.aws_iam_policy.lambda_macie",
            "module.security.aws_iam_role.lambda",
            "module.storage.aws_s3_bucket.audit_reports",
            "module.storage.aws_s3_bucket.cloudtrail",
            "module.storage.aws_s3_bucket.vpc_flow_logs"
          ]
        }
      ]
    },
    {
      "module": "module.security",
      "mode": "managed",
      "type": "aws_iam_role_policy_attachment",
      "name": "lambda_vpc",
      "provider": "provider[\"registry.terraform.io/hashicorp/aws\"]",
      "instances": [
        {
          "schema_version": 0,
          "attributes": {
            "id": "lambda-role-20241204094354860100000006",
            "policy_arn": "arn:aws:iam::aws:policy/service-role/AWSLambdaVPCAccessExecutionRole",
            "role": "lambda-role"
          },
          "sensitive_attributes": [],
          "private": "bnVsbA==",
          "dependencies": [
            "module.security.aws_iam_role.lambda"
          ]
        }
      ]
    },
    {
      "module": "module.security",
      "mode": "managed",
      "type": "aws_iam_role_policy_attachment",
      "name": "s3_eks",
      "provider": "provider[\"registry.terraform.io/hashicorp/aws\"]",
      "instances": [
        {
          "schema_version": 0,
          "attributes": {
            "id": "eks-service-account-role-20241204095644565200000034",
            "policy_arn": "arn:aws:iam::463470963000:policy/s3-eks-policy",
            "role": "eks-service-account-role"
          },
          "sensitive_attributes": [],
          "private": "bnVsbA==",
          "dependencies": [
            "module.eks.aws_cloudwatch_log_group.this",
            "module.eks.aws_eks_cluster.this",
            "module.eks.aws_iam_openid_connect_provider.oidc_provider",
            "module.eks.aws_iam_policy.cni_ipv6_policy",
            "module.eks.aws_iam_role.this",
            "module.eks.aws_iam_role_policy_attachment.this",
            "module.eks.aws_security_group.cluster",
            "module.eks.aws_security_group.node",
            "module.eks.aws_security_group_rule.cluster",
            "module.eks.aws_security_group_rule.node",
            "module.eks.data.aws_caller_identity.current",
            "module.eks.data.aws_iam_policy_document.assume_role_policy",
            "module.eks.data.aws_iam_policy_document.cni_ipv6_policy",
            "module.eks.data.aws_iam_session_context.current",
            "module.eks.data.aws_partition.current",
            "module.eks.data.tls_certificate.this",
            "module.eks.module.kms.aws_kms_external_key.this",
            "module.eks.module.kms.aws_kms_key.this",
            "module.eks.module.kms.aws_kms_replica_external_key.this",
            "module.eks.module.kms.aws_kms_replica_key.this",
            "module.eks.module.kms.data.aws_caller_identity.current",
            "module.eks.module.kms.data.aws_iam_policy_document.this",
            "module.eks.module.kms.data.aws_partition.current",
            "module.security.aws_iam_policy.s3_eks",
            "module.security.aws_iam_role.eks_service_account",
            "module.storage.aws_s3_bucket.eks",
            "module.vpcs.aws_subnet.private",
            "module.vpcs.aws_vpc.main"
          ]
        }
      ]
    },
    {
      "module": "module.security",
      "mode": "managed",
      "type": "aws_iam_role_policy_attachment",
      "name": "session_manager",
      "provider": "provider[\"registry.terraform.io/hashicorp/aws\"]",
      "instances": [
        {
          "schema_version": 0,
          "attributes": {
            "id": "session-manager-role-2024120409440425300000000e",
            "policy_arn": "arn:aws:iam::aws:policy/AmazonSSMManagedInstanceCore",
            "role": "session-manager-role"
          },
          "sensitive_attributes": [],
          "private": "bnVsbA==",
          "dependencies": [
            "module.security.aws_iam_role.session_manager"
          ]
        }
      ]
    },
    {
      "module": "module.security",
      "mode": "managed",
      "type": "aws_kms_alias",
      "name": "application",
      "provider": "provider[\"registry.terraform.io/hashicorp/aws\"]",
      "instances": [
        {
          "schema_version": 0,
          "attributes": {
            "arn": "arn:aws:kms:eu-west-2:463470963000:alias/global-banking-application",
            "id": "alias/global-banking-application",
            "name": "alias/global-banking-application",
            "name_prefix": "",
            "target_key_arn": "arn:aws:kms:eu-west-2:463470963000:key/3346e8db-44c5-4dbf-aeef-da7ae901ef24",
            "target_key_id": "3346e8db-44c5-4dbf-aeef-da7ae901ef24"
          },
          "sensitive_attributes": [],
          "private": "bnVsbA==",
          "dependencies": [
            "module.security.aws_kms_key.application",
            "module.security.data.aws_caller_identity.current",
            "module.security.data.aws_iam_policy_document.application_key_policy"
          ]
        }
      ]
    },
    {
      "module": "module.security",
      "mode": "managed",
      "type": "aws_kms_alias",
      "name": "database",
      "provider": "provider[\"registry.terraform.io/hashicorp/aws\"]",
      "instances": [
        {
          "schema_version": 0,
          "attributes": {
            "arn": "arn:aws:kms:eu-west-2:463470963000:alias/global-banking-database",
            "id": "alias/global-banking-database",
            "name": "alias/global-banking-database",
            "name_prefix": "",
            "target_key_arn": "arn:aws:kms:eu-west-2:463470963000:key/a7f2883f-276c-4522-a1e2-c406fd5e1708",
            "target_key_id": "a7f2883f-276c-4522-a1e2-c406fd5e1708"
          },
          "sensitive_attributes": [],
          "private": "bnVsbA==",
          "dependencies": [
            "module.security.aws_kms_key.database",
            "module.security.data.aws_caller_identity.current",
            "module.security.data.aws_iam_policy_document.database_key_policy"
          ]
        }
      ]
    },
    {
      "module": "module.security",
      "mode": "managed",
      "type": "aws_kms_key",
      "name": "application",
      "provider": "provider[\"registry.terraform.io/hashicorp/aws\"]",
      "instances": [
        {
          "schema_version": 0,
          "attributes": {
            "arn": "arn:aws:kms:eu-west-2:463470963000:key/3346e8db-44c5-4dbf-aeef-da7ae901ef24",
            "bypass_policy_lockout_safety_check": false,
            "custom_key_store_id": "",
            "customer_master_key_spec": "SYMMETRIC_DEFAULT",
            "deletion_window_in_days": 7,
            "description": "KMS Keys for Application Encryption",
            "enable_key_rotation": true,
            "id": "3346e8db-44c5-4dbf-aeef-da7ae901ef24",
            "is_enabled": true,
            "key_id": "3346e8db-44c5-4dbf-aeef-da7ae901ef24",
            "key_usage": "ENCRYPT_DECRYPT",
            "multi_region": false,
            "policy": "{\"Statement\":[{\"Action\":\"kms:*\",\"Effect\":\"Allow\",\"Principal\":{\"AWS\":\"arn:aws:iam::463470963000:root\"},\"Resource\":\"*\",\"Sid\":\"Enable IAM User Permissions\"},{\"Action\":\"kms:*\",\"Effect\":\"Allow\",\"Principal\":{\"Service\":\"eks.amazonaws.com\"},\"Resource\":\"*\",\"Sid\":\"Allow EKS Service\"},{\"Action\":\"kms:*\",\"Effect\":\"Allow\",\"Principal\":{\"Service\":\"lambda.amazonaws.com\"},\"Resource\":\"*\",\"Sid\":\"Enable Lambda Service\"}],\"Version\":\"2012-10-17\"}",
            "rotation_period_in_days": 365,
            "tags": {
              "Environment": "Dev",
              "Project": "Global Bank Migration",
              "Terraform": "true"
            },
            "tags_all": {
              "Environment": "Dev",
              "Project": "Global Bank Migration",
              "Terraform": "true"
            },
            "timeouts": null,
            "xks_key_id": ""
          },
          "sensitive_attributes": [],
          "private": "eyJlMmJmYjczMC1lY2FhLTExZTYtOGY4OC0zNDM2M2JjN2M0YzAiOnsiY3JlYXRlIjoxMjAwMDAwMDAwMDB9fQ==",
          "dependencies": [
            "module.security.data.aws_caller_identity.current",
            "module.security.data.aws_iam_policy_document.application_key_policy"
          ]
        }
      ]
    },
    {
      "module": "module.security",
      "mode": "managed",
      "type": "aws_kms_key",
      "name": "database",
      "provider": "provider[\"registry.terraform.io/hashicorp/aws\"]",
      "instances": [
        {
          "schema_version": 0,
          "attributes": {
            "arn": "arn:aws:kms:eu-west-2:463470963000:key/a7f2883f-276c-4522-a1e2-c406fd5e1708",
            "bypass_policy_lockout_safety_check": false,
            "custom_key_store_id": "",
            "customer_master_key_spec": "SYMMETRIC_DEFAULT",
            "deletion_window_in_days": 7,
            "description": "KMS Keys for Database Encryption",
            "enable_key_rotation": true,
            "id": "a7f2883f-276c-4522-a1e2-c406fd5e1708",
            "is_enabled": true,
            "key_id": "a7f2883f-276c-4522-a1e2-c406fd5e1708",
            "key_usage": "ENCRYPT_DECRYPT",
            "multi_region": false,
            "policy": "{\"Statement\":[{\"Action\":\"kms:*\",\"Effect\":\"Allow\",\"Principal\":{\"AWS\":\"arn:aws:iam::463470963000:root\"},\"Resource\":\"*\",\"Sid\":\"Enable IAM User Permissions\"},{\"Action\":[\"kms:ReEncrypt*\",\"kms:GenerateDataKey*\",\"kms:Encrypt\",\"kms:DescribeKey\",\"kms:Decrypt\"],\"Effect\":\"Allow\",\"Principal\":{\"Service\":\"rds.amazonaws.com\"},\"Resource\":\"*\",\"Sid\":\"Allow Aurora Service\"},{\"Action\":[\"kms:ReEncrypt*\",\"kms:GenerateDataKey*\",\"kms:Encrypt\",\"kms:DescribeKey\",\"kms:Decrypt\"],\"Effect\":\"Allow\",\"Principal\":{\"Service\":\"backup.amazonaws.com\"},\"Resource\":\"*\",\"Sid\":\"Allow Backup Service\"},{\"Action\":[\"kms:ReEncrypt*\",\"kms:GenerateDataKey*\",\"kms:Encrypt\",\"kms:DescribeKey\",\"kms:Decrypt\"],\"Effect\":\"Allow\",\"Principal\":{\"Service\":\"s3.amazonaws.com\"},\"Resource\":\"*\",\"Sid\":\"Enable S3 Service\"},{\"Action\":[\"kms:ReEncrypt*\",\"kms:GenerateDataKey*\",\"kms:Encrypt\",\"kms:DescribeKey\",\"kms:Decrypt\"],\"Effect\":\"Allow\",\"Principal\":{\"Service\":\"dynamodb.amazonaws.com\"},\"Resource\":\"*\",\"Sid\":\"Enable DynamoDB Service\"},{\"Action\":[\"kms:ReEncrypt*\",\"kms:GenerateDataKey*\",\"kms:Encrypt\",\"kms:DescribeKey\",\"kms:Decrypt\"],\"Condition\":{\"StringLike\":{\"kms:EncryptionContext:aws:cloudtrail:arn\":\"arn:aws:cloudtrail:*:463470963000:trail/global-banking-cloudtrail\"}},\"Effect\":\"Allow\",\"Principal\":{\"Service\":\"cloudtrail.amazonaws.com\"},\"Resource\":\"*\",\"Sid\":\"Enable CloudTrail Service\"},{\"Action\":\"kms:*\",\"Effect\":\"Allow\",\"Principal\":{\"Service\":\"elasticloadbalancing.amazonaws.com\"},\"Resource\":\"*\",\"Sid\":\"Enable ELB Service\"}],\"Version\":\"2012-10-17\"}",
            "rotation_period_in_days": 365,
            "tags": {
              "Environment": "Dev",
              "Project": "Global Bank Migration",
              "Terraform": "true"
            },
            "tags_all": {
              "Environment": "Dev",
              "Project": "Global Bank Migration",
              "Terraform": "true"
            },
            "timeouts": null,
            "xks_key_id": ""
          },
          "sensitive_attributes": [],
          "private": "eyJlMmJmYjczMC1lY2FhLTExZTYtOGY4OC0zNDM2M2JjN2M0YzAiOnsiY3JlYXRlIjoxMjAwMDAwMDAwMDB9fQ==",
          "dependencies": [
            "module.security.data.aws_caller_identity.current",
            "module.security.data.aws_iam_policy_document.database_key_policy"
          ],
          "create_before_destroy": true
        }
      ]
    },
    {
      "module": "module.security",
      "mode": "managed",
      "type": "aws_macie2_account",
      "name": "global_bank",
      "provider": "provider[\"registry.terraform.io/hashicorp/aws\"]",
      "instances": [
        {
          "schema_version": 0,
          "attributes": {
            "created_at": "2024-12-04T09:43:48Z",
            "finding_publishing_frequency": "FIFTEEN_MINUTES",
            "id": "463470963000",
            "service_role": "arn:aws:iam::463470963000:role/aws-service-role/macie.amazonaws.com/AWSServiceRoleForAmazonMacie",
            "status": "ENABLED",
            "updated_at": "2024-12-04T09:43:48Z"
          },
          "sensitive_attributes": [],
          "private": "bnVsbA=="
        }
      ]
    },
    {
      "module": "module.security",
      "mode": "managed",
      "type": "aws_macie2_classification_job",
      "name": "s3_sensitive_data",
      "provider": "provider[\"registry.terraform.io/hashicorp/aws\"]",
      "instances": [
        {
          "schema_version": 0,
          "attributes": {
            "created_at": "2024-12-04T09:43:52Z",
            "custom_data_identifier_ids": [],
            "description": "",
            "id": "a3d09787bf723a3072b781bab84fb3a9",
            "initial_run": false,
            "job_arn": "arn:aws:macie2:eu-west-2:463470963000:classification-job/a3d09787bf723a3072b781bab84fb3a9",
            "job_id": "a3d09787bf723a3072b781bab84fb3a9",
            "job_status": "RUNNING",
            "job_type": "SCHEDULED",
            "name": "insurance-data-classifcation",
            "name_prefix": "",
            "s3_job_definition": [
              {
                "bucket_criteria": [],
                "bucket_definitions": [
                  {
                    "account_id": "463470963000",
                    "buckets": [
                      "cloudtrail-bucket-talha",
                      "vpc-flow-logs-talha",
                      "audit-reports-talha"
                    ]
                  }
                ],
                "scoping": [
                  {
                    "excludes": [],
                    "includes": []
                  }
                ]
              }
            ],
            "sampling_percentage": 100,
            "schedule_frequency": [
              {
                "daily_schedule": false,
                "monthly_schedule": 0,
                "weekly_schedule": "MONDAY"
              }
            ],
            "tags": {
              "Environment": "Dev",
              "Project": "Global Bank Migration",
              "Service": "Macie",
              "Terraform": "true",
              "Type": "classification-job"
            },
            "tags_all": {
              "Environment": "Dev",
              "Project": "Global Bank Migration",
              "Service": "Macie",
              "Terraform": "true",
              "Type": "classification-job"
            },
            "user_paused_details": []
          },
          "sensitive_attributes": [],
          "private": "bnVsbA==",
          "dependencies": [
            "module.security.data.aws_caller_identity.current"
          ]
        }
      ]
    },
    {
      "module": "module.security",
      "mode": "managed",
      "type": "aws_networkfirewall_firewall",
      "name": "main",
      "provider": "provider[\"registry.terraform.io/hashicorp/aws\"]",
      "instances": [
        {
          "schema_version": 0,
          "attributes": {
            "arn": "arn:aws:network-firewall:eu-west-2:463470963000:firewall/global-banking-network-firewall",
            "delete_protection": false,
            "description": "",
            "encryption_configuration": [],
            "firewall_policy_arn": "arn:aws:network-firewall:eu-west-2:463470963000:firewall-policy/global-banking-firewall-policy",
            "firewall_policy_change_protection": false,
            "firewall_status": [
              {
                "sync_states": [
                  {
                    "attachment": [
                      {
                        "endpoint_id": "vpce-0734c361849cb5977",
                        "subnet_id": "subnet-01686007236f9c244"
                      }
                    ],
                    "availability_zone": "eu-west-2a"
                  },
                  {
                    "attachment": [
                      {
                        "endpoint_id": "vpce-0d54f607f36ea18e2",
                        "subnet_id": "subnet-02fd51bbdcd23af0f"
                      }
                    ],
                    "availability_zone": "eu-west-2b"
                  }
                ]
              }
            ],
            "id": "arn:aws:network-firewall:eu-west-2:463470963000:firewall/global-banking-network-firewall",
            "name": "global-banking-network-firewall",
            "subnet_change_protection": false,
            "subnet_mapping": [
              {
                "ip_address_type": "IPV4",
                "subnet_id": "subnet-01686007236f9c244"
              },
              {
                "ip_address_type": "IPV4",
                "subnet_id": "subnet-02fd51bbdcd23af0f"
              }
            ],
            "tags": {
              "Environment": "Dev",
              "Name": "Network Firewall",
              "Project": "Global Bank Migration",
              "Terraform": "true"
            },
            "tags_all": {
              "Environment": "Dev",
              "Name": "Network Firewall",
              "Project": "Global Bank Migration",
              "Terraform": "true"
            },
            "timeouts": null,
            "update_token": "95061703-bcac-4dbf-8728-382cacd3931e",
            "vpc_id": "vpc-08a593e8d7f06aa75"
          },
          "sensitive_attributes": [],
          "private": "eyJlMmJmYjczMC1lY2FhLTExZTYtOGY4OC0zNDM2M2JjN2M0YzAiOnsiY3JlYXRlIjoxODAwMDAwMDAwMDAwLCJkZWxldGUiOjE4MDAwMDAwMDAwMDAsInVwZGF0ZSI6MTgwMDAwMDAwMDAwMH19",
          "dependencies": [
            "module.security.aws_networkfirewall_firewall_policy.main",
            "module.security.aws_networkfirewall_rule_group.banking_protocols",
            "module.security.aws_networkfirewall_rule_group.threat_prevention",
            "module.vpcs.aws_subnet.public",
            "module.vpcs.aws_vpc.main"
          ]
        }
      ]
    },
    {
      "module": "module.security",
      "mode": "managed",
      "type": "aws_networkfirewall_firewall_policy",
      "name": "main",
      "provider": "provider[\"registry.terraform.io/hashicorp/aws\"]",
      "instances": [
        {
          "schema_version": 0,
          "attributes": {
            "arn": "arn:aws:network-firewall:eu-west-2:463470963000:firewall-policy/global-banking-firewall-policy",
            "description": "",
            "encryption_configuration": [],
            "firewall_policy": [
              {
                "policy_variables": [],
                "stateful_default_actions": null,
                "stateful_engine_options": [],
                "stateful_rule_group_reference": [
                  {
                    "override": [],
                    "priority": null,
                    "resource_arn": "arn:aws:network-firewall:eu-west-2:463470963000:stateful-rulegroup/banking-protocols"
                  },
                  {
                    "override": [],
                    "priority": null,
                    "resource_arn": "arn:aws:network-firewall:eu-west-2:463470963000:stateful-rulegroup/threat-prevention"
                  }
                ],
                "stateless_custom_action": [],
                "stateless_default_actions": [
                  "aws:forward_to_sfe"
                ],
                "stateless_fragment_default_actions": [
                  "aws:forward_to_sfe"
                ],
                "stateless_rule_group_reference": [],
                "tls_inspection_configuration_arn": ""
              }
            ],
            "id": "arn:aws:network-firewall:eu-west-2:463470963000:firewall-policy/global-banking-firewall-policy",
            "name": "global-banking-firewall-policy",
            "tags": {
              "Environment": "Dev",
              "Project": "Global Bank Migration",
              "Terraform": "true"
            },
            "tags_all": {
              "Environment": "Dev",
              "Project": "Global Bank Migration",
              "Terraform": "true"
            },
            "update_token": "cb31d3ac-7efc-458d-a869-1716c186a320"
          },
          "sensitive_attributes": [],
          "private": "bnVsbA==",
          "dependencies": [
            "module.security.aws_networkfirewall_rule_group.banking_protocols",
            "module.security.aws_networkfirewall_rule_group.threat_prevention",
            "module.vpcs.aws_vpc.main"
          ]
        }
      ]
    },
    {
      "module": "module.security",
      "mode": "managed",
      "type": "aws_networkfirewall_logging_configuration",
      "name": "main",
      "provider": "provider[\"registry.terraform.io/hashicorp/aws\"]",
      "instances": [
        {
          "schema_version": 0,
          "attributes": {
            "firewall_arn": "arn:aws:network-firewall:eu-west-2:463470963000:firewall/global-banking-network-firewall",
            "id": "arn:aws:network-firewall:eu-west-2:463470963000:firewall/global-banking-network-firewall",
            "logging_configuration": [
              {
                "log_destination_config": [
                  {
                    "log_destination": {
                      "logGroup": "/aws/networkfirewall"
                    },
                    "log_destination_type": "CloudWatchLogs",
                    "log_type": "ALERT"
                  }
                ]
              }
            ]
          },
          "sensitive_attributes": [],
          "private": "bnVsbA==",
          "dependencies": [
            "module.monitoring.aws_cloudwatch_log_group.network_firewall",
            "module.security.aws_networkfirewall_firewall.main",
            "module.security.aws_networkfirewall_firewall_policy.main",
            "module.security.aws_networkfirewall_rule_group.banking_protocols",
            "module.security.aws_networkfirewall_rule_group.threat_prevention",
            "module.vpcs.aws_subnet.public",
            "module.vpcs.aws_vpc.main"
          ]
        }
      ]
    },
    {
      "module": "module.security",
      "mode": "managed",
      "type": "aws_networkfirewall_rule_group",
      "name": "banking_protocols",
      "provider": "provider[\"registry.terraform.io/hashicorp/aws\"]",
      "instances": [
        {
          "schema_version": 0,
          "attributes": {
            "arn": "arn:aws:network-firewall:eu-west-2:463470963000:stateful-rulegroup/banking-protocols",
            "capacity": 100,
            "description": "",
            "encryption_configuration": [],
            "id": "arn:aws:network-firewall:eu-west-2:463470963000:stateful-rulegroup/banking-protocols",
            "name": "banking-protocols",
            "rule_group": [
              {
                "reference_sets": [],
                "rule_variables": [],
                "rules_source": [
                  {
                    "rules_source_list": [],
                    "rules_string": "",
                    "stateful_rule": [
                      {
                        "action": "PASS",
                        "header": [
                          {
                            "destination": "192.168.1.0/24",
                            "destination_port": "443",
                            "direction": "FORWARD",
                            "protocol": "TCP",
                            "source": "10.1.0.0/16",
                            "source_port": "ANY"
                          }
                        ],
                        "rule_option": [
                          {
                            "keyword": "sid:1",
                            "settings": []
                          }
                        ]
                      },
                      {
                        "action": "PASS",
                        "header": [
                          {
                            "destination": "192.168.2.0/24",
                            "destination_port": "443",
                            "direction": "FORWARD",
                            "protocol": "TCP",
                            "source": "10.1.0.0/16",
                            "source_port": "ANY"
                          }
                        ],
                        "rule_option": [
                          {
                            "keyword": "sid:2",
                            "settings": []
                          }
                        ]
                      }
                    ],
                    "stateless_rules_and_custom_actions": []
                  }
                ],
                "stateful_rule_options": []
              }
            ],
            "rules": null,
            "tags": {
              "Environment": "Dev",
              "Project": "Global Bank Migration",
              "Terraform": "true"
            },
            "tags_all": {
              "Environment": "Dev",
              "Project": "Global Bank Migration",
              "Terraform": "true"
            },
            "type": "STATEFUL",
            "update_token": "23e94d86-a5f6-4afe-ba8f-904b27ce3212"
          },
          "sensitive_attributes": [],
          "private": "bnVsbA==",
          "dependencies": [
            "module.vpcs.aws_vpc.main"
          ]
        }
      ]
    },
    {
      "module": "module.security",
      "mode": "managed",
      "type": "aws_networkfirewall_rule_group",
      "name": "threat_prevention",
      "provider": "provider[\"registry.terraform.io/hashicorp/aws\"]",
      "instances": [
        {
          "schema_version": 0,
          "attributes": {
            "arn": "arn:aws:network-firewall:eu-west-2:463470963000:stateful-rulegroup/threat-prevention",
            "capacity": 100,
            "description": "",
            "encryption_configuration": [],
            "id": "arn:aws:network-firewall:eu-west-2:463470963000:stateful-rulegroup/threat-prevention",
            "name": "threat-prevention",
            "rule_group": [
              {
                "reference_sets": [],
                "rule_variables": [],
                "rules_source": [
                  {
                    "rules_source_list": [],
                    "rules_string": "\t\t\t# Block known malicious IPs\n\t\t\tdrop tcp $EXTERNAL_NET any -\u003e $HOME_NET any (msg:\"Suspicious Banking Transaction Pattern\"; flow:established; content:\"POST\"; http_uri; pcre:\"/amount=[0-9]{6,}/\"; sid: 1000001;)\n\n\t\t\t# Detect SQL Injection\n            alert tcp $EXTERNAL_NET any -\u003e $HOME_NET any (msg:\"SQL Injection Attempt\"; flow:established; content:\"UNION\"; nocase; content:\"SELECT\"; nocase; sid:1000002;)\n        \n            # Detect Unusual Access Patterns\n            alert tcp any any -\u003e $HOME_NET any (msg:\"Multiple Failed Login Attempts\"; flow:established; threshold:type both,track by_src,count 5,seconds 30; sid:1000003;)\n",
                    "stateful_rule": [],
                    "stateless_rules_and_custom_actions": []
                  }
                ],
                "stateful_rule_options": []
              }
            ],
            "rules": null,
            "tags": null,
            "tags_all": {},
            "type": "STATEFUL",
            "update_token": "3fc0a9ec-e738-4606-898f-cedfa6be0254"
          },
          "sensitive_attributes": [],
          "private": "bnVsbA=="
        }
      ]
    },
    {
      "module": "module.security",
      "mode": "managed",
      "type": "aws_s3_bucket_policy",
      "name": "cloudtrail_policy",
      "provider": "provider[\"registry.terraform.io/hashicorp/aws\"]",
      "instances": [
        {
          "schema_version": 0,
          "attributes": {
            "bucket": "cloudtrail-bucket-talha",
            "id": "cloudtrail-bucket-talha",
            "policy": "{\"Statement\":[{\"Action\":\"s3:PutObject\",\"Condition\":{\"StringEquals\":{\"aws:SourceArn\":\"arn:aws:cloudtrail:eu-west-2:463470963000:trail/global-banking-cloudtrail\",\"s3:x-amz-acl\":\"bucket-owner-full-control\"}},\"Effect\":\"Allow\",\"Principal\":{\"Service\":\"cloudtrail.amazonaws.com\"},\"Resource\":\"arn:aws:s3:::cloudtrail-bucket-talha/AWSLogs/463470963000/*\"},{\"Action\":\"s3:GetBucketAcl\",\"Condition\":{\"StringEquals\":{\"aws:SourceArn\":\"arn:aws:cloudtrail:eu-west-2:463470963000:trail/global-banking-cloudtrail\"}},\"Effect\":\"Allow\",\"Principal\":{\"Service\":\"cloudtrail.amazonaws.com\"},\"Resource\":\"arn:aws:s3:::cloudtrail-bucket-talha\"}],\"Version\":\"2012-10-17\"}"
          },
          "sensitive_attributes": [],
          "private": "bnVsbA==",
          "dependencies": [
            "module.security.data.aws_caller_identity.current",
            "module.storage.aws_s3_bucket.cloudtrail"
          ]
        }
      ]
    },
    {
      "module": "module.security",
      "mode": "managed",
      "type": "aws_securityhub_account",
      "name": "main",
      "provider": "provider[\"registry.terraform.io/hashicorp/aws\"]",
      "instances": [
        {
          "schema_version": 1,
          "attributes": {
            "arn": "arn:aws:securityhub:eu-west-2:463470963000:hub/default",
            "auto_enable_controls": true,
            "control_finding_generator": "SECURITY_CONTROL",
            "enable_default_standards": true,
            "id": "463470963000"
          },
          "sensitive_attributes": [],
          "private": "eyJzY2hlbWFfdmVyc2lvbiI6IjEifQ=="
        }
      ]
    },
    {
      "module": "module.security",
      "mode": "managed",
      "type": "aws_securityhub_standards_subscription",
      "name": "cis",
      "provider": "provider[\"registry.terraform.io/hashicorp/aws\"]",
      "instances": [
        {
          "schema_version": 0,
          "attributes": {
            "id": "arn:aws:securityhub:eu-west-2:463470963000:subscription/cis-aws-foundations-benchmark/v/3.0.0",
            "standards_arn": "arn:aws:securityhub:eu-west-2::standards/cis-aws-foundations-benchmark/v/3.0.0"
          },
          "sensitive_attributes": [],
          "private": "bnVsbA==",
          "dependencies": [
            "module.security.aws_securityhub_account.main"
          ]
        }
      ]
    },
    {
      "module": "module.security",
      "mode": "managed",
      "type": "aws_securityhub_standards_subscription",
      "name": "pci",
      "provider": "provider[\"registry.terraform.io/hashicorp/aws\"]",
      "instances": [
        {
          "schema_version": 0,
          "attributes": {
            "id": "arn:aws:securityhub:eu-west-2:463470963000:subscription/pci-dss/v/3.2.1",
            "standards_arn": "arn:aws:securityhub:eu-west-2::standards/pci-dss/v/3.2.1"
          },
          "sensitive_attributes": [],
          "private": "bnVsbA==",
          "dependencies": [
            "module.security.aws_securityhub_account.main"
          ]
        }
      ]
    },
    {
      "module": "module.security",
      "mode": "managed",
      "type": "aws_wafv2_web_acl",
      "name": "main",
      "provider": "provider[\"registry.terraform.io/hashicorp/aws\"]",
      "instances": [
        {
          "schema_version": 0,
          "attributes": {
            "application_integration_url": "",
            "arn": "arn:aws:wafv2:eu-west-2:463470963000:regional/webacl/global-banking-web-acl/d89814a9-afa3-4776-bcc8-783e4809efbc",
            "association_config": [],
            "capacity": 43,
            "captcha_config": [],
            "challenge_config": [],
            "custom_response_body": [],
            "default_action": [
              {
                "allow": [
                  {
                    "custom_request_handling": []
                  }
                ],
                "block": []
              }
            ],
            "description": "Web ACL for Banking Application",
            "id": "d89814a9-afa3-4776-bcc8-783e4809efbc",
            "lock_token": "e2505ffb-0859-445a-b051-b2a797169853",
            "name": "global-banking-web-acl",
            "rule": [
              {
                "action": [
                  {
                    "allow": [],
                    "block": [
                      {
                        "custom_response": []
                      }
                    ],
                    "captcha": [],
                    "challenge": [],
                    "count": []
                  }
                ],
                "captcha_config": [],
                "name": "GeoBlockRule",
                "override_action": [],
                "priority": 3,
                "rule_label": [],
                "statement": [
                  {
                    "and_statement": [],
                    "byte_match_statement": [],
                    "geo_match_statement": [
                      {
                        "country_codes": [
                          "BD",
                          "IR",
                          "CU"
                        ],
                        "forwarded_ip_config": []
                      }
                    ],
                    "ip_set_reference_statement": [],
                    "label_match_statement": [],
                    "managed_rule_group_statement": [],
                    "not_statement": [],
                    "or_statement": [],
                    "rate_based_statement": [],
                    "regex_match_statement": [],
                    "regex_pattern_set_reference_statement": [],
                    "rule_group_reference_statement": [],
                    "size_constraint_statement": [],
                    "sqli_match_statement": [],
                    "xss_match_statement": []
                  }
                ],
                "visibility_config": [
                  {
                    "cloudwatch_metrics_enabled": true,
                    "metric_name": "GeoBlockMetric",
                    "sampled_requests_enabled": true
                  }
                ]
              },
              {
                "action": [
                  {
                    "allow": [],
                    "block": [
                      {
                        "custom_response": []
                      }
                    ],
                    "captcha": [],
                    "challenge": [],
                    "count": []
                  }
                ],
                "captcha_config": [],
                "name": "RateLimit",
                "override_action": [],
                "priority": 1,
                "rule_label": [],
                "statement": [
                  {
                    "and_statement": [],
                    "byte_match_statement": [],
                    "geo_match_statement": [],
                    "ip_set_reference_statement": [],
                    "label_match_statement": [],
                    "managed_rule_group_statement": [],
                    "not_statement": [],
                    "or_statement": [],
                    "rate_based_statement": [
                      {
                        "aggregate_key_type": "IP",
                        "custom_key": [],
                        "evaluation_window_sec": 300,
                        "forwarded_ip_config": [],
                        "limit": 2000,
                        "scope_down_statement": []
                      }
                    ],
                    "regex_match_statement": [],
                    "regex_pattern_set_reference_statement": [],
                    "rule_group_reference_statement": [],
                    "size_constraint_statement": [],
                    "sqli_match_statement": [],
                    "xss_match_statement": []
                  }
                ],
                "visibility_config": [
                  {
                    "cloudwatch_metrics_enabled": true,
                    "metric_name": "RateLimitMetric",
                    "sampled_requests_enabled": true
                  }
                ]
              },
              {
                "action": [
                  {
                    "allow": [],
                    "block": [
                      {
                        "custom_response": []
                      }
                    ],
                    "captcha": [],
                    "challenge": [],
                    "count": []
                  }
                ],
                "captcha_config": [],
                "name": "SQLInjectionRule",
                "override_action": [],
                "priority": 2,
                "rule_label": [],
                "statement": [
                  {
                    "and_statement": [],
                    "byte_match_statement": [],
                    "geo_match_statement": [],
                    "ip_set_reference_statement": [],
                    "label_match_statement": [],
                    "managed_rule_group_statement": [],
                    "not_statement": [],
                    "or_statement": [],
                    "rate_based_statement": [],
                    "regex_match_statement": [],
                    "regex_pattern_set_reference_statement": [],
                    "rule_group_reference_statement": [],
                    "size_constraint_statement": [],
                    "sqli_match_statement": [
                      {
                        "field_to_match": [
                          {
                            "all_query_arguments": [],
                            "body": [],
                            "cookies": [],
                            "header_order": [],
                            "headers": [],
                            "ja3_fingerprint": [],
                            "json_body": [],
                            "method": [],
                            "query_string": [],
                            "single_header": [],
                            "single_query_argument": [],
                            "uri_path": [
                              {}
                            ]
                          }
                        ],
                        "sensitivity_level": "",
                        "text_transformation": [
                          {
                            "priority": 1,
                            "type": "URL_DECODE"
                          },
                          {
                            "priority": 2,
                            "type": "HTML_ENTITY_DECODE"
                          }
                        ]
                      }
                    ],
                    "xss_match_statement": []
                  }
                ],
                "visibility_config": [
                  {
                    "cloudwatch_metrics_enabled": true,
                    "metric_name": "SQLInjectionMetric",
                    "sampled_requests_enabled": true
                  }
                ]
              }
            ],
            "rule_json": "",
            "scope": "REGIONAL",
            "tags": null,
            "tags_all": {},
            "token_domains": null,
            "visibility_config": [
              {
                "cloudwatch_metrics_enabled": true,
                "metric_name": "GlobalInsuranceWAFMetrics",
                "sampled_requests_enabled": true
              }
            ]
          },
          "sensitive_attributes": [],
          "private": "bnVsbA=="
        }
      ]
    },
    {
      "module": "module.storage",
      "mode": "managed",
      "type": "aws_ecr_lifecycle_policy",
      "name": "cleanup",
      "provider": "provider[\"registry.terraform.io/hashicorp/aws\"]",
      "instances": [
        {
          "index_key": "account_service",
          "schema_version": 0,
          "attributes": {
            "id": "account-service",
            "policy": "{\"rules\":[{\"action\":{\"type\":\"expire\"},\"description\":\"Keep last 5 images\",\"rulePriority\":1,\"selection\":{\"countNumber\":5,\"countType\":\"imageCountMoreThan\",\"tagStatus\":\"any\"}}]}",
            "registry_id": "463470963000",
            "repository": "account-service"
          },
          "sensitive_attributes": [],
          "private": "bnVsbA==",
          "dependencies": [
            "module.storage.aws_ecr_repository.account_service",
            "module.storage.aws_ecr_repository.auth_service",
            "module.storage.aws_ecr_repository.transaction_service"
          ]
        },
        {
          "index_key": "auth_service",
          "schema_version": 0,
          "attributes": {
            "id": "auth-service",
            "policy": "{\"rules\":[{\"action\":{\"type\":\"expire\"},\"description\":\"Keep last 5 images\",\"rulePriority\":1,\"selection\":{\"countNumber\":5,\"countType\":\"imageCountMoreThan\",\"tagStatus\":\"any\"}}]}",
            "registry_id": "463470963000",
            "repository": "auth-service"
          },
          "sensitive_attributes": [],
          "private": "bnVsbA==",
          "dependencies": [
            "module.storage.aws_ecr_repository.account_service",
            "module.storage.aws_ecr_repository.auth_service",
            "module.storage.aws_ecr_repository.transaction_service"
          ]
        },
        {
          "index_key": "transaction_service",
          "schema_version": 0,
          "attributes": {
            "id": "transaction-service",
            "policy": "{\"rules\":[{\"action\":{\"type\":\"expire\"},\"description\":\"Keep last 5 images\",\"rulePriority\":1,\"selection\":{\"countNumber\":5,\"countType\":\"imageCountMoreThan\",\"tagStatus\":\"any\"}}]}",
            "registry_id": "463470963000",
            "repository": "transaction-service"
          },
          "sensitive_attributes": [],
          "private": "bnVsbA==",
          "dependencies": [
            "module.storage.aws_ecr_repository.account_service",
            "module.storage.aws_ecr_repository.auth_service",
            "module.storage.aws_ecr_repository.transaction_service"
          ]
        }
      ]
    },
    {
      "module": "module.storage",
      "mode": "managed",
      "type": "aws_ecr_repository",
      "name": "account_service",
      "provider": "provider[\"registry.terraform.io/hashicorp/aws\"]",
      "instances": [
        {
          "schema_version": 0,
          "attributes": {
            "arn": "arn:aws:ecr:eu-west-2:463470963000:repository/account-service",
            "encryption_configuration": [
              {
                "encryption_type": "AES256",
                "kms_key": ""
              }
            ],
            "force_delete": null,
            "id": "account-service",
            "image_scanning_configuration": [
              {
                "scan_on_push": true
              }
            ],
            "image_tag_mutability": "MUTABLE",
            "name": "account-service",
            "registry_id": "463470963000",
            "repository_url": "463470963000.dkr.ecr.eu-west-2.amazonaws.com/account-service",
            "tags": null,
            "tags_all": {},
            "timeouts": null
          },
          "sensitive_attributes": [],
          "private": "eyJlMmJmYjczMC1lY2FhLTExZTYtOGY4OC0zNDM2M2JjN2M0YzAiOnsiZGVsZXRlIjoxMjAwMDAwMDAwMDAwfX0="
        }
      ]
    },
    {
      "module": "module.storage",
      "mode": "managed",
      "type": "aws_ecr_repository",
      "name": "auth_service",
      "provider": "provider[\"registry.terraform.io/hashicorp/aws\"]",
      "instances": [
        {
          "schema_version": 0,
          "attributes": {
            "arn": "arn:aws:ecr:eu-west-2:463470963000:repository/auth-service",
            "encryption_configuration": [
              {
                "encryption_type": "AES256",
                "kms_key": ""
              }
            ],
            "force_delete": null,
            "id": "auth-service",
            "image_scanning_configuration": [
              {
                "scan_on_push": true
              }
            ],
            "image_tag_mutability": "MUTABLE",
            "name": "auth-service",
            "registry_id": "463470963000",
            "repository_url": "463470963000.dkr.ecr.eu-west-2.amazonaws.com/auth-service",
            "tags": null,
            "tags_all": {},
            "timeouts": null
          },
          "sensitive_attributes": [],
          "private": "eyJlMmJmYjczMC1lY2FhLTExZTYtOGY4OC0zNDM2M2JjN2M0YzAiOnsiZGVsZXRlIjoxMjAwMDAwMDAwMDAwfX0="
        }
      ]
    },
    {
      "module": "module.storage",
      "mode": "managed",
      "type": "aws_ecr_repository",
      "name": "transaction_service",
      "provider": "provider[\"registry.terraform.io/hashicorp/aws\"]",
      "instances": [
        {
          "schema_version": 0,
          "attributes": {
            "arn": "arn:aws:ecr:eu-west-2:463470963000:repository/transaction-service",
            "encryption_configuration": [
              {
                "encryption_type": "AES256",
                "kms_key": ""
              }
            ],
            "force_delete": null,
            "id": "transaction-service",
            "image_scanning_configuration": [
              {
                "scan_on_push": true
              }
            ],
            "image_tag_mutability": "MUTABLE",
            "name": "transaction-service",
            "registry_id": "463470963000",
            "repository_url": "463470963000.dkr.ecr.eu-west-2.amazonaws.com/transaction-service",
            "tags": null,
            "tags_all": {},
            "timeouts": null
          },
          "sensitive_attributes": [],
          "private": "eyJlMmJmYjczMC1lY2FhLTExZTYtOGY4OC0zNDM2M2JjN2M0YzAiOnsiZGVsZXRlIjoxMjAwMDAwMDAwMDAwfX0="
        }
      ]
    },
    {
      "module": "module.storage",
      "mode": "managed",
      "type": "aws_flow_log",
      "name": "vpcs",
      "provider": "provider[\"registry.terraform.io/hashicorp/aws\"]",
      "instances": [
        {
          "index_key": "data",
          "schema_version": 0,
          "attributes": {
            "arn": "arn:aws:ec2:eu-west-2:463470963000:vpc-flow-log/fl-09366a8e748ff613d",
            "deliver_cross_account_role": "",
            "destination_options": [
              {
                "file_format": "parquet",
                "hive_compatible_partitions": false,
                "per_hour_partition": true
              }
            ],
            "eni_id": null,
            "iam_role_arn": "",
            "id": "fl-09366a8e748ff613d",
            "log_destination": "arn:aws:s3:::vpc-flow-logs-talha",
            "log_destination_type": "s3",
            "log_format": "${version} ${account-id} ${interface-id} ${srcaddr} ${dstaddr} ${srcport} ${dstport} ${protocol} ${packets} ${bytes} ${start} ${end} ${action} ${log-status}",
            "log_group_name": "",
            "max_aggregation_interval": 600,
            "subnet_id": null,
            "tags": null,
            "tags_all": {},
            "traffic_type": "ALL",
            "transit_gateway_attachment_id": null,
            "transit_gateway_id": null,
            "vpc_id": "vpc-0350f314d62fdb9fd"
          },
          "sensitive_attributes": [],
          "private": "bnVsbA==",
          "dependencies": [
            "module.storage.aws_s3_bucket.vpc_flow_logs",
            "module.vpcs.aws_vpc.main"
          ]
        },
        {
          "index_key": "management",
          "schema_version": 0,
          "attributes": {
            "arn": "arn:aws:ec2:eu-west-2:463470963000:vpc-flow-log/fl-008705cf1f9f1d9a1",
            "deliver_cross_account_role": "",
            "destination_options": [
              {
                "file_format": "parquet",
                "hive_compatible_partitions": false,
                "per_hour_partition": true
              }
            ],
            "eni_id": null,
            "iam_role_arn": "",
            "id": "fl-008705cf1f9f1d9a1",
            "log_destination": "arn:aws:s3:::vpc-flow-logs-talha",
            "log_destination_type": "s3",
            "log_format": "${version} ${account-id} ${interface-id} ${srcaddr} ${dstaddr} ${srcport} ${dstport} ${protocol} ${packets} ${bytes} ${start} ${end} ${action} ${log-status}",
            "log_group_name": "",
            "max_aggregation_interval": 600,
            "subnet_id": null,
            "tags": null,
            "tags_all": {},
            "traffic_type": "ALL",
            "transit_gateway_attachment_id": null,
            "transit_gateway_id": null,
            "vpc_id": "vpc-07e605cbb0bf496d2"
          },
          "sensitive_attributes": [],
          "private": "bnVsbA==",
          "dependencies": [
            "module.storage.aws_s3_bucket.vpc_flow_logs",
            "module.vpcs.aws_vpc.main"
          ]
        },
        {
          "index_key": "production",
          "schema_version": 0,
          "attributes": {
            "arn": "arn:aws:ec2:eu-west-2:463470963000:vpc-flow-log/fl-05cad01fee9150951",
            "deliver_cross_account_role": "",
            "destination_options": [
              {
                "file_format": "parquet",
                "hive_compatible_partitions": false,
                "per_hour_partition": true
              }
            ],
            "eni_id": null,
            "iam_role_arn": "",
            "id": "fl-05cad01fee9150951",
            "log_destination": "arn:aws:s3:::vpc-flow-logs-talha",
            "log_destination_type": "s3",
            "log_format": "${version} ${account-id} ${interface-id} ${srcaddr} ${dstaddr} ${srcport} ${dstport} ${protocol} ${packets} ${bytes} ${start} ${end} ${action} ${log-status}",
            "log_group_name": "",
            "max_aggregation_interval": 600,
            "subnet_id": null,
            "tags": null,
            "tags_all": {},
            "traffic_type": "ALL",
            "transit_gateway_attachment_id": null,
            "transit_gateway_id": null,
            "vpc_id": "vpc-0e7125758c70e0a93"
          },
          "sensitive_attributes": [],
          "private": "bnVsbA==",
          "dependencies": [
            "module.storage.aws_s3_bucket.vpc_flow_logs",
            "module.vpcs.aws_vpc.main"
          ]
        },
        {
          "index_key": "security",
          "schema_version": 0,
          "attributes": {
            "arn": "arn:aws:ec2:eu-west-2:463470963000:vpc-flow-log/fl-0159f5d9a8a8ec6a8",
            "deliver_cross_account_role": "",
            "destination_options": [
              {
                "file_format": "parquet",
                "hive_compatible_partitions": false,
                "per_hour_partition": true
              }
            ],
            "eni_id": null,
            "iam_role_arn": "",
            "id": "fl-0159f5d9a8a8ec6a8",
            "log_destination": "arn:aws:s3:::vpc-flow-logs-talha",
            "log_destination_type": "s3",
            "log_format": "${version} ${account-id} ${interface-id} ${srcaddr} ${dstaddr} ${srcport} ${dstport} ${protocol} ${packets} ${bytes} ${start} ${end} ${action} ${log-status}",
            "log_group_name": "",
            "max_aggregation_interval": 600,
            "subnet_id": null,
            "tags": null,
            "tags_all": {},
            "traffic_type": "ALL",
            "transit_gateway_attachment_id": null,
            "transit_gateway_id": null,
            "vpc_id": "vpc-08a593e8d7f06aa75"
          },
          "sensitive_attributes": [],
          "private": "bnVsbA==",
          "dependencies": [
            "module.storage.aws_s3_bucket.vpc_flow_logs",
            "module.vpcs.aws_vpc.main"
          ]
        }
      ]
    },
    {
      "module": "module.storage",
      "mode": "managed",
      "type": "aws_s3_bucket",
      "name": "alb",
      "provider": "provider[\"registry.terraform.io/hashicorp/aws\"]",
      "instances": [
        {
          "schema_version": 0,
          "attributes": {
            "acceleration_status": "",
            "acl": null,
            "arn": "arn:aws:s3:::alb-logs-talha",
            "bucket": "alb-logs-talha",
            "bucket_domain_name": "alb-logs-talha.s3.amazonaws.com",
            "bucket_prefix": "",
            "bucket_regional_domain_name": "alb-logs-talha.s3.eu-west-2.amazonaws.com",
            "cors_rule": [],
            "force_destroy": false,
            "grant": [
              {
                "id": "193045ede8fd12b3c9de406994d7702f872e2eebebca247b2f5db220a8fb4d63",
                "permissions": [
                  "FULL_CONTROL"
                ],
                "type": "CanonicalUser",
                "uri": ""
              }
            ],
            "hosted_zone_id": "Z3GKZC51ZF0DB4",
            "id": "alb-logs-talha",
            "lifecycle_rule": [],
            "logging": [],
            "object_lock_configuration": [],
            "object_lock_enabled": false,
            "policy": "",
            "region": "eu-west-2",
            "replication_configuration": [],
            "request_payer": "BucketOwner",
            "server_side_encryption_configuration": [
              {
                "rule": [
                  {
                    "apply_server_side_encryption_by_default": [
                      {
                        "kms_master_key_id": "",
                        "sse_algorithm": "AES256"
                      }
                    ],
                    "bucket_key_enabled": false
                  }
                ]
              }
            ],
            "tags": null,
            "tags_all": {},
            "timeouts": null,
            "versioning": [
              {
                "enabled": false,
                "mfa_delete": false
              }
            ],
            "website": [],
            "website_domain": null,
            "website_endpoint": null
          },
          "sensitive_attributes": [],
          "private": "eyJlMmJmYjczMC1lY2FhLTExZTYtOGY4OC0zNDM2M2JjN2M0YzAiOnsiY3JlYXRlIjoxMjAwMDAwMDAwMDAwLCJkZWxldGUiOjM2MDAwMDAwMDAwMDAsInJlYWQiOjEyMDAwMDAwMDAwMDAsInVwZGF0ZSI6MTIwMDAwMDAwMDAwMH19"
        }
      ]
    },
    {
      "module": "module.storage",
      "mode": "managed",
      "type": "aws_s3_bucket",
      "name": "audit_reports",
      "provider": "provider[\"registry.terraform.io/hashicorp/aws\"]",
      "instances": [
        {
          "schema_version": 0,
          "attributes": {
            "acceleration_status": "",
            "acl": null,
            "arn": "arn:aws:s3:::audit-reports-talha",
            "bucket": "audit-reports-talha",
            "bucket_domain_name": "audit-reports-talha.s3.amazonaws.com",
            "bucket_prefix": "",
            "bucket_regional_domain_name": "audit-reports-talha.s3.eu-west-2.amazonaws.com",
            "cors_rule": [],
            "force_destroy": false,
            "grant": [
              {
                "id": "193045ede8fd12b3c9de406994d7702f872e2eebebca247b2f5db220a8fb4d63",
                "permissions": [
                  "FULL_CONTROL"
                ],
                "type": "CanonicalUser",
                "uri": ""
              }
            ],
            "hosted_zone_id": "Z3GKZC51ZF0DB4",
            "id": "audit-reports-talha",
            "lifecycle_rule": [],
            "logging": [],
            "object_lock_configuration": [],
            "object_lock_enabled": false,
            "policy": "",
            "region": "eu-west-2",
            "replication_configuration": [],
            "request_payer": "BucketOwner",
            "server_side_encryption_configuration": [
              {
                "rule": [
                  {
                    "apply_server_side_encryption_by_default": [
                      {
                        "kms_master_key_id": "",
                        "sse_algorithm": "AES256"
                      }
                    ],
                    "bucket_key_enabled": false
                  }
                ]
              }
            ],
            "tags": null,
            "tags_all": {},
            "timeouts": null,
            "versioning": [
              {
                "enabled": false,
                "mfa_delete": false
              }
            ],
            "website": [],
            "website_domain": null,
            "website_endpoint": null
          },
          "sensitive_attributes": [],
          "private": "eyJlMmJmYjczMC1lY2FhLTExZTYtOGY4OC0zNDM2M2JjN2M0YzAiOnsiY3JlYXRlIjoxMjAwMDAwMDAwMDAwLCJkZWxldGUiOjM2MDAwMDAwMDAwMDAsInJlYWQiOjEyMDAwMDAwMDAwMDAsInVwZGF0ZSI6MTIwMDAwMDAwMDAwMH19"
        }
      ]
    },
    {
      "module": "module.storage",
      "mode": "managed",
      "type": "aws_s3_bucket",
      "name": "cloudtrail",
      "provider": "provider[\"registry.terraform.io/hashicorp/aws\"]",
      "instances": [
        {
          "schema_version": 0,
          "attributes": {
            "acceleration_status": "",
            "acl": null,
            "arn": "arn:aws:s3:::cloudtrail-bucket-talha",
            "bucket": "cloudtrail-bucket-talha",
            "bucket_domain_name": "cloudtrail-bucket-talha.s3.amazonaws.com",
            "bucket_prefix": "",
            "bucket_regional_domain_name": "cloudtrail-bucket-talha.s3.eu-west-2.amazonaws.com",
            "cors_rule": [],
            "force_destroy": false,
            "grant": [
              {
                "id": "193045ede8fd12b3c9de406994d7702f872e2eebebca247b2f5db220a8fb4d63",
                "permissions": [
                  "FULL_CONTROL"
                ],
                "type": "CanonicalUser",
                "uri": ""
              }
            ],
            "hosted_zone_id": "Z3GKZC51ZF0DB4",
            "id": "cloudtrail-bucket-talha",
            "lifecycle_rule": [],
            "logging": [],
            "object_lock_configuration": [],
            "object_lock_enabled": false,
            "policy": "",
            "region": "eu-west-2",
            "replication_configuration": [],
            "request_payer": "BucketOwner",
            "server_side_encryption_configuration": [
              {
                "rule": [
                  {
                    "apply_server_side_encryption_by_default": [
                      {
                        "kms_master_key_id": "",
                        "sse_algorithm": "AES256"
                      }
                    ],
                    "bucket_key_enabled": false
                  }
                ]
              }
            ],
            "tags": {
              "Environment": "Dev",
              "Name": "CloudTrail Bucket",
              "Project": "Global Bank Migration",
              "Terraform": "true"
            },
            "tags_all": {
              "Environment": "Dev",
              "Name": "CloudTrail Bucket",
              "Project": "Global Bank Migration",
              "Terraform": "true"
            },
            "timeouts": null,
            "versioning": [
              {
                "enabled": false,
                "mfa_delete": false
              }
            ],
            "website": [],
            "website_domain": null,
            "website_endpoint": null
          },
          "sensitive_attributes": [],
          "private": "eyJlMmJmYjczMC1lY2FhLTExZTYtOGY4OC0zNDM2M2JjN2M0YzAiOnsiY3JlYXRlIjoxMjAwMDAwMDAwMDAwLCJkZWxldGUiOjM2MDAwMDAwMDAwMDAsInJlYWQiOjEyMDAwMDAwMDAwMDAsInVwZGF0ZSI6MTIwMDAwMDAwMDAwMH19"
        }
      ]
    },
    {
      "module": "module.storage",
      "mode": "managed",
      "type": "aws_s3_bucket",
      "name": "eks",
      "provider": "provider[\"registry.terraform.io/hashicorp/aws\"]",
      "instances": [
        {
          "schema_version": 0,
          "attributes": {
            "acceleration_status": "",
            "acl": null,
            "arn": "arn:aws:s3:::eks-artifacts",
            "bucket": "eks-artifacts",
            "bucket_domain_name": "eks-artifacts.s3.amazonaws.com",
            "bucket_prefix": "",
            "bucket_regional_domain_name": "eks-artifacts.s3.eu-west-2.amazonaws.com",
            "cors_rule": [],
            "force_destroy": false,
            "grant": [
              {
                "id": "193045ede8fd12b3c9de406994d7702f872e2eebebca247b2f5db220a8fb4d63",
                "permissions": [
                  "FULL_CONTROL"
                ],
                "type": "CanonicalUser",
                "uri": ""
              }
            ],
            "hosted_zone_id": "Z3GKZC51ZF0DB4",
            "id": "eks-artifacts",
            "lifecycle_rule": [],
            "logging": [],
            "object_lock_configuration": [],
            "object_lock_enabled": false,
            "policy": "",
            "region": "eu-west-2",
            "replication_configuration": [],
            "request_payer": "BucketOwner",
            "server_side_encryption_configuration": [
              {
                "rule": [
                  {
                    "apply_server_side_encryption_by_default": [
                      {
                        "kms_master_key_id": "",
                        "sse_algorithm": "AES256"
                      }
                    ],
                    "bucket_key_enabled": false
                  }
                ]
              }
            ],
            "tags": null,
            "tags_all": {},
            "timeouts": null,
            "versioning": [
              {
                "enabled": false,
                "mfa_delete": false
              }
            ],
            "website": [],
            "website_domain": null,
            "website_endpoint": null
          },
          "sensitive_attributes": [],
          "private": "eyJlMmJmYjczMC1lY2FhLTExZTYtOGY4OC0zNDM2M2JjN2M0YzAiOnsiY3JlYXRlIjoxMjAwMDAwMDAwMDAwLCJkZWxldGUiOjM2MDAwMDAwMDAwMDAsInJlYWQiOjEyMDAwMDAwMDAwMDAsInVwZGF0ZSI6MTIwMDAwMDAwMDAwMH19"
        }
      ]
    },
    {
      "module": "module.storage",
      "mode": "managed",
      "type": "aws_s3_bucket",
      "name": "lambda",
      "provider": "provider[\"registry.terraform.io/hashicorp/aws\"]",
      "instances": [
        {
          "schema_version": 0,
          "attributes": {
            "acceleration_status": "",
            "acl": null,
            "arn": "arn:aws:s3:::lambda-artifacts-talha",
            "bucket": "lambda-artifacts-talha",
            "bucket_domain_name": "lambda-artifacts-talha.s3.amazonaws.com",
            "bucket_prefix": "",
            "bucket_regional_domain_name": "lambda-artifacts-talha.s3.eu-west-2.amazonaws.com",
            "cors_rule": [],
            "force_destroy": false,
            "grant": [
              {
                "id": "193045ede8fd12b3c9de406994d7702f872e2eebebca247b2f5db220a8fb4d63",
                "permissions": [
                  "FULL_CONTROL"
                ],
                "type": "CanonicalUser",
                "uri": ""
              }
            ],
            "hosted_zone_id": "Z3GKZC51ZF0DB4",
            "id": "lambda-artifacts-talha",
            "lifecycle_rule": [],
            "logging": [],
            "object_lock_configuration": [],
            "object_lock_enabled": false,
            "policy": "",
            "region": "eu-west-2",
            "replication_configuration": [],
            "request_payer": "BucketOwner",
            "server_side_encryption_configuration": [
              {
                "rule": [
                  {
                    "apply_server_side_encryption_by_default": [
                      {
                        "kms_master_key_id": "",
                        "sse_algorithm": "AES256"
                      }
                    ],
                    "bucket_key_enabled": false
                  }
                ]
              }
            ],
            "tags": null,
            "tags_all": {},
            "timeouts": null,
            "versioning": [
              {
                "enabled": false,
                "mfa_delete": false
              }
            ],
            "website": [],
            "website_domain": null,
            "website_endpoint": null
          },
          "sensitive_attributes": [],
          "private": "eyJlMmJmYjczMC1lY2FhLTExZTYtOGY4OC0zNDM2M2JjN2M0YzAiOnsiY3JlYXRlIjoxMjAwMDAwMDAwMDAwLCJkZWxldGUiOjM2MDAwMDAwMDAwMDAsInJlYWQiOjEyMDAwMDAwMDAwMDAsInVwZGF0ZSI6MTIwMDAwMDAwMDAwMH19"
        }
      ]
    },
    {
      "module": "module.storage",
      "mode": "managed",
      "type": "aws_s3_bucket",
      "name": "vpc_flow_logs",
      "provider": "provider[\"registry.terraform.io/hashicorp/aws\"]",
      "instances": [
        {
          "schema_version": 0,
          "attributes": {
            "acceleration_status": "",
            "acl": null,
            "arn": "arn:aws:s3:::vpc-flow-logs-talha",
            "bucket": "vpc-flow-logs-talha",
            "bucket_domain_name": "vpc-flow-logs-talha.s3.amazonaws.com",
            "bucket_prefix": "",
            "bucket_regional_domain_name": "vpc-flow-logs-talha.s3.eu-west-2.amazonaws.com",
            "cors_rule": [],
            "force_destroy": false,
            "grant": [
              {
                "id": "193045ede8fd12b3c9de406994d7702f872e2eebebca247b2f5db220a8fb4d63",
                "permissions": [
                  "FULL_CONTROL"
                ],
                "type": "CanonicalUser",
                "uri": ""
              }
            ],
            "hosted_zone_id": "Z3GKZC51ZF0DB4",
            "id": "vpc-flow-logs-talha",
            "lifecycle_rule": [],
            "logging": [],
            "object_lock_configuration": [],
            "object_lock_enabled": false,
            "policy": "",
            "region": "eu-west-2",
            "replication_configuration": [],
            "request_payer": "BucketOwner",
            "server_side_encryption_configuration": [
              {
                "rule": [
                  {
                    "apply_server_side_encryption_by_default": [
                      {
                        "kms_master_key_id": "",
                        "sse_algorithm": "AES256"
                      }
                    ],
                    "bucket_key_enabled": false
                  }
                ]
              }
            ],
            "tags": null,
            "tags_all": {},
            "timeouts": null,
            "versioning": [
              {
                "enabled": false,
                "mfa_delete": false
              }
            ],
            "website": [],
            "website_domain": null,
            "website_endpoint": null
          },
          "sensitive_attributes": [],
          "private": "eyJlMmJmYjczMC1lY2FhLTExZTYtOGY4OC0zNDM2M2JjN2M0YzAiOnsiY3JlYXRlIjoxMjAwMDAwMDAwMDAwLCJkZWxldGUiOjM2MDAwMDAwMDAwMDAsInJlYWQiOjEyMDAwMDAwMDAwMDAsInVwZGF0ZSI6MTIwMDAwMDAwMDAwMH19"
        }
      ]
    },
    {
      "module": "module.storage",
      "mode": "managed",
      "type": "aws_s3_bucket_lifecycle_configuration",
      "name": "alb_config",
      "provider": "provider[\"registry.terraform.io/hashicorp/aws\"]",
      "instances": [
        {
          "schema_version": 0,
          "attributes": {
            "bucket": "alb-logs-talha",
            "expected_bucket_owner": "",
            "id": "alb-logs-talha",
            "rule": [
              {
                "abort_incomplete_multipart_upload": [],
                "expiration": [
                  {
                    "date": "",
                    "days": 2555,
                    "expired_object_delete_marker": false
                  }
                ],
                "filter": [
                  {
                    "and": [],
                    "object_size_greater_than": "",
                    "object_size_less_than": "",
                    "prefix": "",
                    "tag": []
                  }
                ],
                "id": "alb-logs",
                "noncurrent_version_expiration": [],
                "noncurrent_version_transition": [],
                "prefix": "",
                "status": "Enabled",
                "transition": [
                  {
                    "date": "",
                    "days": 365,
                    "storage_class": "DEEP_ARCHIVE"
                  },
                  {
                    "date": "",
                    "days": 90,
                    "storage_class": "GLACIER_IR"
                  }
                ]
              }
            ],
            "timeouts": null
          },
          "sensitive_attributes": [],
          "private": "eyJlMmJmYjczMC1lY2FhLTExZTYtOGY4OC0zNDM2M2JjN2M0YzAiOnsiY3JlYXRlIjoxODAwMDAwMDAwMDAsInVwZGF0ZSI6MTgwMDAwMDAwMDAwfX0=",
          "dependencies": [
            "module.storage.aws_s3_bucket.alb"
          ]
        }
      ]
    },
    {
      "module": "module.storage",
      "mode": "managed",
      "type": "aws_s3_bucket_lifecycle_configuration",
      "name": "audit_config",
      "provider": "provider[\"registry.terraform.io/hashicorp/aws\"]",
      "instances": [
        {
          "schema_version": 0,
          "attributes": {
            "bucket": "audit-reports-talha",
            "expected_bucket_owner": "",
            "id": "audit-reports-talha",
            "rule": [
              {
                "abort_incomplete_multipart_upload": [],
                "expiration": [
                  {
                    "date": "",
                    "days": 2555,
                    "expired_object_delete_marker": false
                  }
                ],
                "filter": [
                  {
                    "and": [],
                    "object_size_greater_than": "",
                    "object_size_less_than": "",
                    "prefix": "",
                    "tag": []
                  }
                ],
                "id": "lambda-artifacts",
                "noncurrent_version_expiration": [],
                "noncurrent_version_transition": [],
                "prefix": "",
                "status": "Enabled",
                "transition": [
                  {
                    "date": "",
                    "days": 365,
                    "storage_class": "DEEP_ARCHIVE"
                  },
                  {
                    "date": "",
                    "days": 90,
                    "storage_class": "GLACIER_IR"
                  }
                ]
              }
            ],
            "timeouts": null
          },
          "sensitive_attributes": [],
          "private": "eyJlMmJmYjczMC1lY2FhLTExZTYtOGY4OC0zNDM2M2JjN2M0YzAiOnsiY3JlYXRlIjoxODAwMDAwMDAwMDAsInVwZGF0ZSI6MTgwMDAwMDAwMDAwfX0=",
          "dependencies": [
            "module.storage.aws_s3_bucket.audit_reports"
          ]
        }
      ]
    },
    {
      "module": "module.storage",
      "mode": "managed",
      "type": "aws_s3_bucket_lifecycle_configuration",
      "name": "cloudtrail_config",
      "provider": "provider[\"registry.terraform.io/hashicorp/aws\"]",
      "instances": [
        {
          "schema_version": 0,
          "attributes": {
            "bucket": "cloudtrail-bucket-talha",
            "expected_bucket_owner": "",
            "id": "cloudtrail-bucket-talha",
            "rule": [
              {
                "abort_incomplete_multipart_upload": [],
                "expiration": [
                  {
                    "date": "",
                    "days": 2555,
                    "expired_object_delete_marker": false
                  }
                ],
                "filter": [
                  {
                    "and": [
                      {
                        "object_size_greater_than": 0,
                        "object_size_less_than": 0,
                        "prefix": "cloudtrail-api-calls/",
                        "tags": {
                          "archive": "true",
                          "datalife": "long"
                        }
                      }
                    ],
                    "object_size_greater_than": "",
                    "object_size_less_than": "",
                    "prefix": "",
                    "tag": []
                  }
                ],
                "id": "cloudtrail-logs-archiving",
                "noncurrent_version_expiration": [
                  {
                    "newer_noncurrent_versions": "",
                    "noncurrent_days": 2555
                  }
                ],
                "noncurrent_version_transition": [
                  {
                    "newer_noncurrent_versions": "",
                    "noncurrent_days": 365,
                    "storage_class": "DEEP_ARCHIVE"
                  },
                  {
                    "newer_noncurrent_versions": "",
                    "noncurrent_days": 90,
                    "storage_class": "GLACIER_IR"
                  }
                ],
                "prefix": "",
                "status": "Enabled",
                "transition": [
                  {
                    "date": "",
                    "days": 365,
                    "storage_class": "DEEP_ARCHIVE"
                  },
                  {
                    "date": "",
                    "days": 90,
                    "storage_class": "GLACIER_IR"
                  }
                ]
              }
            ],
            "timeouts": null
          },
          "sensitive_attributes": [],
          "private": "eyJlMmJmYjczMC1lY2FhLTExZTYtOGY4OC0zNDM2M2JjN2M0YzAiOnsiY3JlYXRlIjoxODAwMDAwMDAwMDAsInVwZGF0ZSI6MTgwMDAwMDAwMDAwfX0=",
          "dependencies": [
            "module.storage.aws_s3_bucket.cloudtrail"
          ]
        }
      ]
    },
    {
      "module": "module.storage",
      "mode": "managed",
      "type": "aws_s3_bucket_lifecycle_configuration",
      "name": "eks_config",
      "provider": "provider[\"registry.terraform.io/hashicorp/aws\"]",
      "instances": [
        {
          "schema_version": 0,
          "attributes": {
            "bucket": "eks-artifacts",
            "expected_bucket_owner": "",
            "id": "eks-artifacts",
            "rule": [
              {
                "abort_incomplete_multipart_upload": [],
                "expiration": [
                  {
                    "date": "",
                    "days": 365,
                    "expired_object_delete_marker": false
                  }
                ],
                "filter": [
                  {
                    "and": [],
                    "object_size_greater_than": "",
                    "object_size_less_than": "",
                    "prefix": "",
                    "tag": []
                  }
                ],
                "id": "eks-artifacts",
                "noncurrent_version_expiration": [],
                "noncurrent_version_transition": [],
                "prefix": "",
                "status": "Enabled",
                "transition": [
                  {
                    "date": "",
                    "days": 180,
                    "storage_class": "GLACIER"
                  },
                  {
                    "date": "",
                    "days": 60,
                    "storage_class": "STANDARD_IA"
                  }
                ]
              }
            ],
            "timeouts": null
          },
          "sensitive_attributes": [],
          "private": "eyJlMmJmYjczMC1lY2FhLTExZTYtOGY4OC0zNDM2M2JjN2M0YzAiOnsiY3JlYXRlIjoxODAwMDAwMDAwMDAsInVwZGF0ZSI6MTgwMDAwMDAwMDAwfX0=",
          "dependencies": [
            "module.storage.aws_s3_bucket.eks"
          ]
        }
      ]
    },
    {
      "module": "module.storage",
      "mode": "managed",
      "type": "aws_s3_bucket_lifecycle_configuration",
      "name": "lambda_config",
      "provider": "provider[\"registry.terraform.io/hashicorp/aws\"]",
      "instances": [
        {
          "schema_version": 0,
          "attributes": {
            "bucket": "lambda-artifacts-talha",
            "expected_bucket_owner": "",
            "id": "lambda-artifacts-talha",
            "rule": [
              {
                "abort_incomplete_multipart_upload": [],
                "expiration": [
                  {
                    "date": "",
                    "days": 180,
                    "expired_object_delete_marker": false
                  }
                ],
                "filter": [
                  {
                    "and": [],
                    "object_size_greater_than": "",
                    "object_size_less_than": "",
                    "prefix": "",
                    "tag": []
                  }
                ],
                "id": "lambda-artifacts",
                "noncurrent_version_expiration": [],
                "noncurrent_version_transition": [],
                "prefix": "",
                "status": "Enabled",
                "transition": [
                  {
                    "date": "",
                    "days": 30,
                    "storage_class": "STANDARD_IA"
                  },
                  {
                    "date": "",
                    "days": 90,
                    "storage_class": "GLACIER"
                  }
                ]
              }
            ],
            "timeouts": null
          },
          "sensitive_attributes": [],
          "private": "eyJlMmJmYjczMC1lY2FhLTExZTYtOGY4OC0zNDM2M2JjN2M0YzAiOnsiY3JlYXRlIjoxODAwMDAwMDAwMDAsInVwZGF0ZSI6MTgwMDAwMDAwMDAwfX0=",
          "dependencies": [
            "module.storage.aws_s3_bucket.lambda"
          ]
        }
      ]
    },
    {
      "module": "module.storage",
      "mode": "managed",
      "type": "aws_s3_bucket_lifecycle_configuration",
      "name": "vpcflowlogs_config",
      "provider": "provider[\"registry.terraform.io/hashicorp/aws\"]",
      "instances": [
        {
          "schema_version": 0,
          "attributes": {
            "bucket": "vpc-flow-logs-talha",
            "expected_bucket_owner": "",
            "id": "vpc-flow-logs-talha",
            "rule": [
              {
                "abort_incomplete_multipart_upload": [],
                "expiration": [
                  {
                    "date": "",
                    "days": 2555,
                    "expired_object_delete_marker": false
                  }
                ],
                "filter": [
                  {
                    "and": [],
                    "object_size_greater_than": "",
                    "object_size_less_than": "",
                    "prefix": "",
                    "tag": []
                  }
                ],
                "id": "vpc-flow-logs",
                "noncurrent_version_expiration": [],
                "noncurrent_version_transition": [],
                "prefix": "",
                "status": "Enabled",
                "transition": [
                  {
                    "date": "",
                    "days": 365,
                    "storage_class": "DEEP_ARCHIVE"
                  },
                  {
                    "date": "",
                    "days": 90,
                    "storage_class": "GLACIER_IR"
                  }
                ]
              }
            ],
            "timeouts": null
          },
          "sensitive_attributes": [],
          "private": "eyJlMmJmYjczMC1lY2FhLTExZTYtOGY4OC0zNDM2M2JjN2M0YzAiOnsiY3JlYXRlIjoxODAwMDAwMDAwMDAsInVwZGF0ZSI6MTgwMDAwMDAwMDAwfX0=",
          "dependencies": [
            "module.storage.aws_s3_bucket.vpc_flow_logs"
          ]
        }
      ]
    },
    {
      "module": "module.storage",
      "mode": "managed",
      "type": "aws_s3_bucket_public_access_block",
      "name": "alb",
      "provider": "provider[\"registry.terraform.io/hashicorp/aws\"]",
      "instances": [
        {
          "schema_version": 0,
          "attributes": {
            "block_public_acls": true,
            "block_public_policy": true,
            "bucket": "alb-logs-talha",
            "id": "alb-logs-talha",
            "ignore_public_acls": true,
            "restrict_public_buckets": true
          },
          "sensitive_attributes": [],
          "private": "bnVsbA==",
          "dependencies": [
            "module.storage.aws_s3_bucket.alb"
          ]
        }
      ]
    },
    {
      "module": "module.storage",
      "mode": "managed",
      "type": "aws_s3_bucket_public_access_block",
      "name": "audit",
      "provider": "provider[\"registry.terraform.io/hashicorp/aws\"]",
      "instances": [
        {
          "schema_version": 0,
          "attributes": {
            "block_public_acls": true,
            "block_public_policy": true,
            "bucket": "audit-reports-talha",
            "id": "audit-reports-talha",
            "ignore_public_acls": true,
            "restrict_public_buckets": true
          },
          "sensitive_attributes": [],
          "private": "bnVsbA==",
          "dependencies": [
            "module.storage.aws_s3_bucket.audit_reports"
          ]
        }
      ]
    },
    {
      "module": "module.storage",
      "mode": "managed",
      "type": "aws_s3_bucket_public_access_block",
      "name": "cloudtrail",
      "provider": "provider[\"registry.terraform.io/hashicorp/aws\"]",
      "instances": [
        {
          "schema_version": 0,
          "attributes": {
            "block_public_acls": true,
            "block_public_policy": true,
            "bucket": "cloudtrail-bucket-talha",
            "id": "cloudtrail-bucket-talha",
            "ignore_public_acls": true,
            "restrict_public_buckets": true
          },
          "sensitive_attributes": [],
          "private": "bnVsbA==",
          "dependencies": [
            "module.storage.aws_s3_bucket.cloudtrail"
          ]
        }
      ]
    },
    {
      "module": "module.storage",
      "mode": "managed",
      "type": "aws_s3_bucket_public_access_block",
      "name": "eks",
      "provider": "provider[\"registry.terraform.io/hashicorp/aws\"]",
      "instances": [
        {
          "schema_version": 0,
          "attributes": {
            "block_public_acls": true,
            "block_public_policy": true,
            "bucket": "eks-artifacts",
            "id": "eks-artifacts",
            "ignore_public_acls": true,
            "restrict_public_buckets": true
          },
          "sensitive_attributes": [],
          "private": "bnVsbA==",
          "dependencies": [
            "module.storage.aws_s3_bucket.eks"
          ]
        }
      ]
    },
    {
      "module": "module.storage",
      "mode": "managed",
      "type": "aws_s3_bucket_public_access_block",
      "name": "lambda",
      "provider": "provider[\"registry.terraform.io/hashicorp/aws\"]",
      "instances": [
        {
          "schema_version": 0,
          "attributes": {
            "block_public_acls": true,
            "block_public_policy": true,
            "bucket": "lambda-artifacts-talha",
            "id": "lambda-artifacts-talha",
            "ignore_public_acls": true,
            "restrict_public_buckets": true
          },
          "sensitive_attributes": [],
          "private": "bnVsbA==",
          "dependencies": [
            "module.storage.aws_s3_bucket.lambda"
          ]
        }
      ]
    },
    {
      "module": "module.storage",
      "mode": "managed",
      "type": "aws_s3_bucket_public_access_block",
      "name": "vpc_flow_logs",
      "provider": "provider[\"registry.terraform.io/hashicorp/aws\"]",
      "instances": [
        {
          "schema_version": 0,
          "attributes": {
            "block_public_acls": true,
            "block_public_policy": true,
            "bucket": "vpc-flow-logs-talha",
            "id": "vpc-flow-logs-talha",
            "ignore_public_acls": true,
            "restrict_public_buckets": true
          },
          "sensitive_attributes": [],
          "private": "bnVsbA==",
          "dependencies": [
            "module.storage.aws_s3_bucket.vpc_flow_logs"
          ]
        }
      ]
    },
    {
      "module": "module.storage",
      "mode": "managed",
      "type": "aws_s3_bucket_server_side_encryption_configuration",
      "name": "alb_key",
      "provider": "provider[\"registry.terraform.io/hashicorp/aws\"]",
      "instances": [
        {
          "schema_version": 0,
          "attributes": {
            "bucket": "alb-logs-talha",
            "expected_bucket_owner": "",
            "id": "alb-logs-talha",
            "rule": [
              {
                "apply_server_side_encryption_by_default": [
                  {
                    "kms_master_key_id": "arn:aws:kms:eu-west-2:463470963000:key/a7f2883f-276c-4522-a1e2-c406fd5e1708",
                    "sse_algorithm": "aws:kms"
                  }
                ],
                "bucket_key_enabled": true
              }
            ]
          },
          "sensitive_attributes": [],
          "private": "bnVsbA==",
          "dependencies": [
            "module.security.aws_kms_key.database",
            "module.security.data.aws_caller_identity.current",
            "module.security.data.aws_iam_policy_document.database_key_policy",
            "module.storage.aws_s3_bucket.alb"
          ]
        }
      ]
    },
    {
      "module": "module.storage",
      "mode": "managed",
      "type": "aws_s3_bucket_server_side_encryption_configuration",
      "name": "audit_key",
      "provider": "provider[\"registry.terraform.io/hashicorp/aws\"]",
      "instances": [
        {
          "schema_version": 0,
          "attributes": {
            "bucket": "audit-reports-talha",
            "expected_bucket_owner": "",
            "id": "audit-reports-talha",
            "rule": [
              {
                "apply_server_side_encryption_by_default": [
                  {
                    "kms_master_key_id": "arn:aws:kms:eu-west-2:463470963000:key/a7f2883f-276c-4522-a1e2-c406fd5e1708",
                    "sse_algorithm": "aws:kms"
                  }
                ],
                "bucket_key_enabled": true
              }
            ]
          },
          "sensitive_attributes": [],
          "private": "bnVsbA==",
          "dependencies": [
            "module.security.aws_kms_key.database",
            "module.security.data.aws_caller_identity.current",
            "module.security.data.aws_iam_policy_document.database_key_policy",
            "module.storage.aws_s3_bucket.audit_reports"
          ]
        }
      ]
    },
    {
      "module": "module.storage",
      "mode": "managed",
      "type": "aws_s3_bucket_server_side_encryption_configuration",
      "name": "cloudtrail_key",
      "provider": "provider[\"registry.terraform.io/hashicorp/aws\"]",
      "instances": [
        {
          "schema_version": 0,
          "attributes": {
            "bucket": "cloudtrail-bucket-talha",
            "expected_bucket_owner": "",
            "id": "cloudtrail-bucket-talha",
            "rule": [
              {
                "apply_server_side_encryption_by_default": [
                  {
                    "kms_master_key_id": "arn:aws:kms:eu-west-2:463470963000:key/a7f2883f-276c-4522-a1e2-c406fd5e1708",
                    "sse_algorithm": "aws:kms"
                  }
                ],
                "bucket_key_enabled": true
              }
            ]
          },
          "sensitive_attributes": [],
          "private": "bnVsbA==",
          "dependencies": [
            "module.security.aws_kms_key.database",
            "module.security.data.aws_caller_identity.current",
            "module.security.data.aws_iam_policy_document.database_key_policy",
            "module.storage.aws_s3_bucket.cloudtrail"
          ]
        }
      ]
    },
    {
      "module": "module.storage",
      "mode": "managed",
      "type": "aws_s3_bucket_server_side_encryption_configuration",
      "name": "eks_key",
      "provider": "provider[\"registry.terraform.io/hashicorp/aws\"]",
      "instances": [
        {
          "schema_version": 0,
          "attributes": {
            "bucket": "eks-artifacts",
            "expected_bucket_owner": "",
            "id": "eks-artifacts",
            "rule": [
              {
                "apply_server_side_encryption_by_default": [
                  {
                    "kms_master_key_id": "arn:aws:kms:eu-west-2:463470963000:key/a7f2883f-276c-4522-a1e2-c406fd5e1708",
                    "sse_algorithm": "aws:kms"
                  }
                ],
                "bucket_key_enabled": true
              }
            ]
          },
          "sensitive_attributes": [],
          "private": "bnVsbA==",
          "dependencies": [
            "module.security.aws_kms_key.database",
            "module.security.data.aws_caller_identity.current",
            "module.security.data.aws_iam_policy_document.database_key_policy",
            "module.storage.aws_s3_bucket.eks"
          ]
        }
      ]
    },
    {
      "module": "module.storage",
      "mode": "managed",
      "type": "aws_s3_bucket_server_side_encryption_configuration",
      "name": "lambda_key",
      "provider": "provider[\"registry.terraform.io/hashicorp/aws\"]",
      "instances": [
        {
          "schema_version": 0,
          "attributes": {
            "bucket": "lambda-artifacts-talha",
            "expected_bucket_owner": "",
            "id": "lambda-artifacts-talha",
            "rule": [
              {
                "apply_server_side_encryption_by_default": [
                  {
                    "kms_master_key_id": "arn:aws:kms:eu-west-2:463470963000:key/a7f2883f-276c-4522-a1e2-c406fd5e1708",
                    "sse_algorithm": "aws:kms"
                  }
                ],
                "bucket_key_enabled": true
              }
            ]
          },
          "sensitive_attributes": [],
          "private": "bnVsbA==",
          "dependencies": [
            "module.security.aws_kms_key.database",
            "module.security.data.aws_caller_identity.current",
            "module.security.data.aws_iam_policy_document.database_key_policy",
            "module.storage.aws_s3_bucket.lambda"
          ]
        }
      ]
    },
    {
      "module": "module.storage",
      "mode": "managed",
      "type": "aws_s3_bucket_server_side_encryption_configuration",
      "name": "vpcflowlogs_key",
      "provider": "provider[\"registry.terraform.io/hashicorp/aws\"]",
      "instances": [
        {
          "schema_version": 0,
          "attributes": {
            "bucket": "vpc-flow-logs-talha",
            "expected_bucket_owner": "",
            "id": "vpc-flow-logs-talha",
            "rule": [
              {
                "apply_server_side_encryption_by_default": [
                  {
                    "kms_master_key_id": "arn:aws:kms:eu-west-2:463470963000:key/a7f2883f-276c-4522-a1e2-c406fd5e1708",
                    "sse_algorithm": "aws:kms"
                  }
                ],
                "bucket_key_enabled": true
              }
            ]
          },
          "sensitive_attributes": [],
          "private": "bnVsbA==",
          "dependencies": [
            "module.security.aws_kms_key.database",
            "module.security.data.aws_caller_identity.current",
            "module.security.data.aws_iam_policy_document.database_key_policy",
            "module.storage.aws_s3_bucket.vpc_flow_logs"
          ]
        }
      ]
    },
    {
      "module": "module.storage",
      "mode": "managed",
      "type": "aws_s3_bucket_versioning",
      "name": "cloudtrail_versioning",
      "provider": "provider[\"registry.terraform.io/hashicorp/aws\"]",
      "instances": [
        {
          "schema_version": 0,
          "attributes": {
            "bucket": "cloudtrail-bucket-talha",
            "expected_bucket_owner": "",
            "id": "cloudtrail-bucket-talha",
            "mfa": null,
            "versioning_configuration": [
              {
                "mfa_delete": "",
                "status": "Enabled"
              }
            ]
          },
          "sensitive_attributes": [],
          "private": "bnVsbA==",
          "dependencies": [
            "module.storage.aws_s3_bucket.cloudtrail"
          ]
        }
      ]
    },
    {
      "module": "module.storage",
      "mode": "managed",
      "type": "aws_security_group",
      "name": "interface_endpoints_sg",
      "provider": "provider[\"registry.terraform.io/hashicorp/aws\"]",
      "instances": [
        {
          "index_key": 0,
          "schema_version": 1,
          "attributes": {
            "arn": "arn:aws:ec2:eu-west-2:463470963000:security-group/sg-0918b2a2f037cfa5e",
            "description": "Managed by Terraform",
            "egress": [
              {
                "cidr_blocks": [
                  "0.0.0.0/0"
                ],
                "description": "",
                "from_port": 0,
                "ipv6_cidr_blocks": [],
                "prefix_list_ids": [],
                "protocol": "-1",
                "security_groups": [],
                "self": false,
                "to_port": 0
              }
            ],
            "id": "sg-0918b2a2f037cfa5e",
            "ingress": [
              {
                "cidr_blocks": [
                  "10.1.0.0/16"
                ],
                "description": "",
                "from_port": 443,
                "ipv6_cidr_blocks": [],
                "prefix_list_ids": [],
                "protocol": "tcp",
                "security_groups": [],
                "self": false,
                "to_port": 443
              }
            ],
            "name": "production-interface-endpoint-sg",
            "name_prefix": "",
            "owner_id": "463470963000",
            "revoke_rules_on_delete": false,
            "tags": {
              "Environment": "Dev",
              "Name": "production-ecr-interface-endpoint-sg",
              "Project": "Global Bank Migration",
              "Terraform": "true"
            },
            "tags_all": {
              "Environment": "Dev",
              "Name": "production-ecr-interface-endpoint-sg",
              "Project": "Global Bank Migration",
              "Terraform": "true"
            },
            "timeouts": null,
            "vpc_id": "vpc-0e7125758c70e0a93"
          },
          "sensitive_attributes": [],
          "private": "eyJlMmJmYjczMC1lY2FhLTExZTYtOGY4OC0zNDM2M2JjN2M0YzAiOnsiY3JlYXRlIjo2MDAwMDAwMDAwMDAsImRlbGV0ZSI6OTAwMDAwMDAwMDAwfSwic2NoZW1hX3ZlcnNpb24iOiIxIn0=",
          "dependencies": [
            "module.vpcs.aws_vpc.main"
          ]
        }
      ]
    },
    {
      "module": "module.storage",
      "mode": "managed",
      "type": "aws_vpc_endpoint",
      "name": "ecr_api_endpoint",
      "provider": "provider[\"registry.terraform.io/hashicorp/aws\"]",
      "instances": [
        {
          "schema_version": 0,
          "attributes": {
            "arn": "arn:aws:ec2:eu-west-2:463470963000:vpc-endpoint/vpce-034241fe4bc058dfe",
            "auto_accept": null,
            "cidr_blocks": [],
            "dns_entry": [
              {
                "dns_name": "vpce-034241fe4bc058dfe-wma0qytj.api.ecr.eu-west-2.vpce.amazonaws.com",
                "hosted_zone_id": "Z7K1066E3PUKB"
              },
              {
                "dns_name": "vpce-034241fe4bc058dfe-wma0qytj-eu-west-2b.api.ecr.eu-west-2.vpce.amazonaws.com",
                "hosted_zone_id": "Z7K1066E3PUKB"
              },
              {
                "dns_name": "vpce-034241fe4bc058dfe-wma0qytj-eu-west-2a.api.ecr.eu-west-2.vpce.amazonaws.com",
                "hosted_zone_id": "Z7K1066E3PUKB"
              }
            ],
            "dns_options": [
              {
                "dns_record_ip_type": "ipv4",
                "private_dns_only_for_inbound_resolver_endpoint": false
              }
            ],
            "id": "vpce-034241fe4bc058dfe",
            "ip_address_type": "ipv4",
            "network_interface_ids": [
              "eni-0897337d548466265",
              "eni-0d81344ccb2994cd3"
            ],
            "owner_id": "463470963000",
            "policy": "{\"Statement\":[{\"Action\":\"*\",\"Effect\":\"Allow\",\"Principal\":\"*\",\"Resource\":\"*\"}]}",
            "prefix_list_id": null,
            "private_dns_enabled": false,
            "requester_managed": false,
            "route_table_ids": [],
            "security_group_ids": [
              "sg-0918b2a2f037cfa5e"
            ],
            "service_name": "com.amazonaws.eu-west-2.ecr.api",
            "state": "available",
            "subnet_configuration": [
              {
                "ipv4": "10.1.2.145",
                "ipv6": "",
                "subnet_id": "subnet-0a17621573cb7594e"
              },
              {
                "ipv4": "10.1.4.164",
                "ipv6": "",
                "subnet_id": "subnet-0d7f9144a58eddf7a"
              }
            ],
            "subnet_ids": [
              "subnet-0a17621573cb7594e",
              "subnet-0d7f9144a58eddf7a"
            ],
            "tags": null,
            "tags_all": {},
            "timeouts": null,
            "vpc_endpoint_type": "Interface",
            "vpc_id": "vpc-0e7125758c70e0a93"
          },
          "sensitive_attributes": [],
          "private": "eyJlMmJmYjczMC1lY2FhLTExZTYtOGY4OC0zNDM2M2JjN2M0YzAiOnsiY3JlYXRlIjo2MDAwMDAwMDAwMDAsImRlbGV0ZSI6NjAwMDAwMDAwMDAwLCJ1cGRhdGUiOjYwMDAwMDAwMDAwMH19",
          "dependencies": [
            "module.storage.aws_security_group.interface_endpoints_sg",
            "module.vpcs.aws_subnet.private",
            "module.vpcs.aws_vpc.main"
          ]
        }
      ]
    },
    {
      "module": "module.storage",
      "mode": "managed",
      "type": "aws_vpc_endpoint",
      "name": "ecr_dkr_endpoint",
      "provider": "provider[\"registry.terraform.io/hashicorp/aws\"]",
      "instances": [
        {
          "schema_version": 0,
          "attributes": {
            "arn": "arn:aws:ec2:eu-west-2:463470963000:vpc-endpoint/vpce-0c5b2e3ebb5c80133",
            "auto_accept": null,
            "cidr_blocks": [],
            "dns_entry": [
              {
                "dns_name": "vpce-0c5b2e3ebb5c80133-564jwd9x.dkr.ecr.eu-west-2.vpce.amazonaws.com",
                "hosted_zone_id": "Z7K1066E3PUKB"
              },
              {
                "dns_name": "vpce-0c5b2e3ebb5c80133-564jwd9x-eu-west-2b.dkr.ecr.eu-west-2.vpce.amazonaws.com",
                "hosted_zone_id": "Z7K1066E3PUKB"
              },
              {
                "dns_name": "vpce-0c5b2e3ebb5c80133-564jwd9x-eu-west-2a.dkr.ecr.eu-west-2.vpce.amazonaws.com",
                "hosted_zone_id": "Z7K1066E3PUKB"
              }
            ],
            "dns_options": [
              {
                "dns_record_ip_type": "ipv4",
                "private_dns_only_for_inbound_resolver_endpoint": false
              }
            ],
            "id": "vpce-0c5b2e3ebb5c80133",
            "ip_address_type": "ipv4",
            "network_interface_ids": [
              "eni-00e8cc416f9ceed88",
              "eni-035e446ea6ee92773"
            ],
            "owner_id": "463470963000",
            "policy": "{\"Statement\":[{\"Action\":\"*\",\"Effect\":\"Allow\",\"Principal\":\"*\",\"Resource\":\"*\"}]}",
            "prefix_list_id": null,
            "private_dns_enabled": false,
            "requester_managed": false,
            "route_table_ids": [],
            "security_group_ids": [
              "sg-0918b2a2f037cfa5e"
            ],
            "service_name": "com.amazonaws.eu-west-2.ecr.dkr",
            "state": "available",
            "subnet_configuration": [
              {
                "ipv4": "10.1.2.98",
                "ipv6": "",
                "subnet_id": "subnet-0a17621573cb7594e"
              },
              {
                "ipv4": "10.1.4.26",
                "ipv6": "",
                "subnet_id": "subnet-0d7f9144a58eddf7a"
              }
            ],
            "subnet_ids": [
              "subnet-0a17621573cb7594e",
              "subnet-0d7f9144a58eddf7a"
            ],
            "tags": null,
            "tags_all": {},
            "timeouts": null,
            "vpc_endpoint_type": "Interface",
            "vpc_id": "vpc-0e7125758c70e0a93"
          },
          "sensitive_attributes": [],
          "private": "eyJlMmJmYjczMC1lY2FhLTExZTYtOGY4OC0zNDM2M2JjN2M0YzAiOnsiY3JlYXRlIjo2MDAwMDAwMDAwMDAsImRlbGV0ZSI6NjAwMDAwMDAwMDAwLCJ1cGRhdGUiOjYwMDAwMDAwMDAwMH19",
          "dependencies": [
            "module.storage.aws_security_group.interface_endpoints_sg",
            "module.vpcs.aws_subnet.private",
            "module.vpcs.aws_vpc.main"
          ]
        }
      ]
    },
    {
      "module": "module.storage",
      "mode": "managed",
      "type": "aws_vpc_endpoint",
      "name": "interface_endpoints",
      "provider": "provider[\"registry.terraform.io/hashicorp/aws\"]",
      "instances": [
        {
          "index_key": "ecr",
          "schema_version": 0,
          "attributes": {
            "arn": "arn:aws:ec2:eu-west-2:463470963000:vpc-endpoint/vpce-06028035947b3af4b",
            "auto_accept": null,
            "cidr_blocks": [],
            "dns_entry": [
              {
                "dns_name": "vpce-06028035947b3af4b-ld1733qs.dkr.ecr.eu-west-2.vpce.amazonaws.com",
                "hosted_zone_id": "Z7K1066E3PUKB"
              },
              {
                "dns_name": "vpce-06028035947b3af4b-ld1733qs-eu-west-2a.dkr.ecr.eu-west-2.vpce.amazonaws.com",
                "hosted_zone_id": "Z7K1066E3PUKB"
              },
              {
                "dns_name": "vpce-06028035947b3af4b-ld1733qs-eu-west-2b.dkr.ecr.eu-west-2.vpce.amazonaws.com",
                "hosted_zone_id": "Z7K1066E3PUKB"
              },
              {
                "dns_name": "dkr.ecr.eu-west-2.amazonaws.com",
                "hosted_zone_id": "Z070197417583JWKMDJQX"
              },
              {
                "dns_name": "*.dkr.ecr.eu-west-2.amazonaws.com",
                "hosted_zone_id": "Z070197417583JWKMDJQX"
              }
            ],
            "dns_options": [
              {
                "dns_record_ip_type": "ipv4",
                "private_dns_only_for_inbound_resolver_endpoint": false
              }
            ],
            "id": "vpce-06028035947b3af4b",
            "ip_address_type": "ipv4",
            "network_interface_ids": [
              "eni-015dcee1fee5ba066",
              "eni-035e253f1db721ce3"
            ],
            "owner_id": "463470963000",
            "policy": "{\"Statement\":[{\"Action\":\"*\",\"Effect\":\"Allow\",\"Principal\":\"*\",\"Resource\":\"*\"}]}",
            "prefix_list_id": null,
            "private_dns_enabled": true,
            "requester_managed": false,
            "route_table_ids": [],
            "security_group_ids": [
              "sg-0918b2a2f037cfa5e"
            ],
            "service_name": "com.amazonaws.eu-west-2.ecr.dkr",
            "state": "available",
            "subnet_configuration": [
              {
                "ipv4": "10.1.2.9",
                "ipv6": "",
                "subnet_id": "subnet-0a17621573cb7594e"
              },
              {
                "ipv4": "10.1.4.5",
                "ipv6": "",
                "subnet_id": "subnet-0d7f9144a58eddf7a"
              }
            ],
            "subnet_ids": [
              "subnet-0a17621573cb7594e",
              "subnet-0d7f9144a58eddf7a"
            ],
            "tags": {
              "Environment": "Dev",
              "Name": "production-ecr-endpoint",
              "Project": "Global Bank Migration",
              "Terraform": "true"
            },
            "tags_all": {
              "Environment": "Dev",
              "Name": "production-ecr-endpoint",
              "Project": "Global Bank Migration",
              "Terraform": "true"
            },
            "timeouts": null,
            "vpc_endpoint_type": "Interface",
            "vpc_id": "vpc-0e7125758c70e0a93"
          },
          "sensitive_attributes": [],
          "private": "eyJlMmJmYjczMC1lY2FhLTExZTYtOGY4OC0zNDM2M2JjN2M0YzAiOnsiY3JlYXRlIjo2MDAwMDAwMDAwMDAsImRlbGV0ZSI6NjAwMDAwMDAwMDAwLCJ1cGRhdGUiOjYwMDAwMDAwMDAwMH19",
          "dependencies": [
            "module.storage.aws_security_group.interface_endpoints_sg",
            "module.vpcs.aws_subnet.private",
            "module.vpcs.aws_vpc.main"
          ]
        }
      ]
    },
    {
      "module": "module.vpcs[\"data\"]",
      "mode": "managed",
      "type": "aws_dx_gateway",
      "name": "main",
      "provider": "provider[\"registry.terraform.io/hashicorp/aws\"]",
      "instances": [
        {
          "schema_version": 0,
          "attributes": {
            "amazon_side_asn": "64512",
            "id": "9d678a96-c399-4c2a-800f-34fb22d4bcdd",
            "name": "main-dxgw",
            "owner_account_id": "463470963000",
            "timeouts": null
          },
          "sensitive_attributes": [],
          "private": "eyJlMmJmYjczMC1lY2FhLTExZTYtOGY4OC0zNDM2M2JjN2M0YzAiOnsiY3JlYXRlIjo2MDAwMDAwMDAwMDAsImRlbGV0ZSI6NjAwMDAwMDAwMDAwfX0="
        }
      ]
    },
    {
      "module": "module.vpcs[\"data\"]",
      "mode": "managed",
      "type": "aws_dx_gateway_association",
      "name": "main",
      "provider": "provider[\"registry.terraform.io/hashicorp/aws\"]",
      "instances": [
        {
          "schema_version": 1,
          "attributes": {
            "allowed_prefixes": [
              "192.132.0.0/16",
              "192.168.1.0/24"
            ],
            "associated_gateway_id": "tgw-00aa32a334720d8ed",
            "associated_gateway_owner_account_id": "463470963000",
            "associated_gateway_type": "transitGateway",
            "dx_gateway_association_id": "a5a061bb-3818-4ced-a37a-ad3e4e96487e",
            "dx_gateway_id": "9d678a96-c399-4c2a-800f-34fb22d4bcdd",
            "dx_gateway_owner_account_id": "463470963000",
            "id": "ga-9d678a96-c399-4c2a-800f-34fb22d4bcddtgw-00aa32a334720d8ed",
            "proposal_id": null,
            "timeouts": null,
            "vpn_gateway_id": null
          },
          "sensitive_attributes": [],
          "private": "eyJlMmJmYjczMC1lY2FhLTExZTYtOGY4OC0zNDM2M2JjN2M0YzAiOnsiY3JlYXRlIjoxODAwMDAwMDAwMDAwLCJkZWxldGUiOjE4MDAwMDAwMDAwMDAsInVwZGF0ZSI6MTgwMDAwMDAwMDAwMH0sInNjaGVtYV92ZXJzaW9uIjoiMSJ9",
          "dependencies": [
            "aws_ec2_transit_gateway.main",
            "module.vpcs.aws_dx_gateway.main"
          ]
        }
      ]
    },
    {
      "module": "module.vpcs[\"data\"]",
      "mode": "managed",
      "type": "aws_ec2_transit_gateway_vpc_attachment",
      "name": "vpc_attachment",
      "provider": "provider[\"registry.terraform.io/hashicorp/aws\"]",
      "instances": [
        {
          "schema_version": 0,
          "attributes": {
            "appliance_mode_support": "disable",
            "dns_support": "enable",
            "id": "tgw-attach-0d8d061b17250c9cc",
            "ipv6_support": "disable",
            "subnet_ids": [
              "subnet-037baaa07eb24a25a",
              "subnet-0711fdba8c4b27425"
            ],
            "tags": {
              "Environment": "Dev",
              "Name": "data-tgw-attachment",
              "Project": "Global Bank Migration",
              "Terraform": "true"
            },
            "tags_all": {
              "Environment": "Dev",
              "Name": "data-tgw-attachment",
              "Project": "Global Bank Migration",
              "Terraform": "true"
            },
            "transit_gateway_default_route_table_association": true,
            "transit_gateway_default_route_table_propagation": true,
            "transit_gateway_id": "tgw-00aa32a334720d8ed",
            "vpc_id": "vpc-0350f314d62fdb9fd",
            "vpc_owner_id": "463470963000"
          },
          "sensitive_attributes": [],
          "private": "bnVsbA==",
          "dependencies": [
            "aws_ec2_transit_gateway.main",
            "module.vpcs.aws_subnet.private",
            "module.vpcs.aws_subnet.public",
            "module.vpcs.aws_vpc.main"
          ]
        }
      ]
    },
    {
      "module": "module.vpcs[\"data\"]",
      "mode": "managed",
      "type": "aws_eip",
      "name": "nat",
      "provider": "provider[\"registry.terraform.io/hashicorp/aws\"]",
      "instances": []
    },
    {
      "module": "module.vpcs[\"data\"]",
      "mode": "managed",
      "type": "aws_internet_gateway",
      "name": "igw",
      "provider": "provider[\"registry.terraform.io/hashicorp/aws\"]",
      "instances": []
    },
    {
      "module": "module.vpcs[\"data\"]",
      "mode": "managed",
      "type": "aws_nat_gateway",
      "name": "nat",
      "provider": "provider[\"registry.terraform.io/hashicorp/aws\"]",
      "instances": []
    },
    {
      "module": "module.vpcs[\"data\"]",
      "mode": "managed",
      "type": "aws_route",
      "name": "tgw_routes",
      "provider": "provider[\"registry.terraform.io/hashicorp/aws\"]",
      "instances": [
        {
          "index_key": "private-10.1.0.0-16",
          "schema_version": 0,
          "attributes": {
            "carrier_gateway_id": "",
            "core_network_arn": "",
            "destination_cidr_block": "10.1.0.0/16",
            "destination_ipv6_cidr_block": "",
            "destination_prefix_list_id": "",
            "egress_only_gateway_id": "",
            "gateway_id": "",
            "id": "r-rtb-0a7648b0d3f68ce033322942084",
            "instance_id": "",
            "instance_owner_id": "",
            "local_gateway_id": "",
            "nat_gateway_id": "",
            "network_interface_id": "",
            "origin": "CreateRoute",
            "route_table_id": "rtb-0a7648b0d3f68ce03",
            "state": "active",
            "timeouts": null,
            "transit_gateway_id": "tgw-00aa32a334720d8ed",
            "vpc_endpoint_id": "",
            "vpc_peering_connection_id": ""
          },
          "sensitive_attributes": [],
          "private": "eyJlMmJmYjczMC1lY2FhLTExZTYtOGY4OC0zNDM2M2JjN2M0YzAiOnsiY3JlYXRlIjozMDAwMDAwMDAwMDAsImRlbGV0ZSI6MzAwMDAwMDAwMDAwLCJ1cGRhdGUiOjEyMDAwMDAwMDAwMH19",
          "dependencies": [
            "aws_ec2_transit_gateway.main",
            "module.vpcs.aws_eip.nat",
            "module.vpcs.aws_internet_gateway.igw",
            "module.vpcs.aws_nat_gateway.nat",
            "module.vpcs.aws_route_table.private_nat",
            "module.vpcs.aws_route_table.private_no_internet",
            "module.vpcs.aws_route_table.public",
            "module.vpcs.aws_subnet.public",
            "module.vpcs.aws_vpc.main"
          ]
        },
        {
          "index_key": "private-10.3.0.0-16",
          "schema_version": 0,
          "attributes": {
            "carrier_gateway_id": "",
            "core_network_arn": "",
            "destination_cidr_block": "10.3.0.0/16",
            "destination_ipv6_cidr_block": "",
            "destination_prefix_list_id": "",
            "egress_only_gateway_id": "",
            "gateway_id": "",
            "id": "r-rtb-0a7648b0d3f68ce032218071545",
            "instance_id": "",
            "instance_owner_id": "",
            "local_gateway_id": "",
            "nat_gateway_id": "",
            "network_interface_id": "",
            "origin": "CreateRoute",
            "route_table_id": "rtb-0a7648b0d3f68ce03",
            "state": "active",
            "timeouts": null,
            "transit_gateway_id": "tgw-00aa32a334720d8ed",
            "vpc_endpoint_id": "",
            "vpc_peering_connection_id": ""
          },
          "sensitive_attributes": [],
          "private": "eyJlMmJmYjczMC1lY2FhLTExZTYtOGY4OC0zNDM2M2JjN2M0YzAiOnsiY3JlYXRlIjozMDAwMDAwMDAwMDAsImRlbGV0ZSI6MzAwMDAwMDAwMDAwLCJ1cGRhdGUiOjEyMDAwMDAwMDAwMH19",
          "dependencies": [
            "aws_ec2_transit_gateway.main",
            "module.vpcs.aws_eip.nat",
            "module.vpcs.aws_internet_gateway.igw",
            "module.vpcs.aws_nat_gateway.nat",
            "module.vpcs.aws_route_table.private_nat",
            "module.vpcs.aws_route_table.private_no_internet",
            "module.vpcs.aws_route_table.public",
            "module.vpcs.aws_subnet.public",
            "module.vpcs.aws_vpc.main"
          ]
        },
        {
          "index_key": "private-10.4.0.0-16",
          "schema_version": 0,
          "attributes": {
            "carrier_gateway_id": "",
            "core_network_arn": "",
            "destination_cidr_block": "10.4.0.0/16",
            "destination_ipv6_cidr_block": "",
            "destination_prefix_list_id": "",
            "egress_only_gateway_id": "",
            "gateway_id": "",
            "id": "r-rtb-0a7648b0d3f68ce032398100704",
            "instance_id": "",
            "instance_owner_id": "",
            "local_gateway_id": "",
            "nat_gateway_id": "",
            "network_interface_id": "",
            "origin": "CreateRoute",
            "route_table_id": "rtb-0a7648b0d3f68ce03",
            "state": "active",
            "timeouts": null,
            "transit_gateway_id": "tgw-00aa32a334720d8ed",
            "vpc_endpoint_id": "",
            "vpc_peering_connection_id": ""
          },
          "sensitive_attributes": [],
          "private": "eyJlMmJmYjczMC1lY2FhLTExZTYtOGY4OC0zNDM2M2JjN2M0YzAiOnsiY3JlYXRlIjozMDAwMDAwMDAwMDAsImRlbGV0ZSI6MzAwMDAwMDAwMDAwLCJ1cGRhdGUiOjEyMDAwMDAwMDAwMH19",
          "dependencies": [
            "aws_ec2_transit_gateway.main",
            "module.vpcs.aws_eip.nat",
            "module.vpcs.aws_internet_gateway.igw",
            "module.vpcs.aws_nat_gateway.nat",
            "module.vpcs.aws_route_table.private_nat",
            "module.vpcs.aws_route_table.private_no_internet",
            "module.vpcs.aws_route_table.public",
            "module.vpcs.aws_subnet.public",
            "module.vpcs.aws_vpc.main"
          ]
        }
      ]
    },
    {
      "module": "module.vpcs[\"data\"]",
      "mode": "managed",
      "type": "aws_route_table",
      "name": "private_nat",
      "provider": "provider[\"registry.terraform.io/hashicorp/aws\"]",
      "instances": []
    },
    {
      "module": "module.vpcs[\"data\"]",
      "mode": "managed",
      "type": "aws_route_table",
      "name": "private_no_internet",
      "provider": "provider[\"registry.terraform.io/hashicorp/aws\"]",
      "instances": [
        {
          "index_key": 0,
          "schema_version": 0,
          "attributes": {
            "arn": "arn:aws:ec2:eu-west-2:463470963000:route-table/rtb-0a7648b0d3f68ce03",
            "id": "rtb-0a7648b0d3f68ce03",
            "owner_id": "463470963000",
            "propagating_vgws": [],
            "route": [
              {
                "carrier_gateway_id": "",
                "cidr_block": "10.0.0.0/8",
                "core_network_arn": "",
                "destination_prefix_list_id": "",
                "egress_only_gateway_id": "",
                "gateway_id": "",
                "ipv6_cidr_block": "",
                "local_gateway_id": "",
                "nat_gateway_id": "",
                "network_interface_id": "",
                "transit_gateway_id": "tgw-00aa32a334720d8ed",
                "vpc_endpoint_id": "",
                "vpc_peering_connection_id": ""
              },
              {
                "carrier_gateway_id": "",
                "cidr_block": "172.16.0.0/12",
                "core_network_arn": "",
                "destination_prefix_list_id": "",
                "egress_only_gateway_id": "",
                "gateway_id": "",
                "ipv6_cidr_block": "",
                "local_gateway_id": "",
                "nat_gateway_id": "",
                "network_interface_id": "",
                "transit_gateway_id": "tgw-00aa32a334720d8ed",
                "vpc_endpoint_id": "",
                "vpc_peering_connection_id": ""
              }
            ],
            "tags": {
              "Environment": "Dev",
              "Name": "data-private-no-internet",
              "Project": "Global Bank Migration",
              "Terraform": "true"
            },
            "tags_all": {
              "Environment": "Dev",
              "Name": "data-private-no-internet",
              "Project": "Global Bank Migration",
              "Terraform": "true"
            },
            "timeouts": null,
            "vpc_id": "vpc-0350f314d62fdb9fd"
          },
          "sensitive_attributes": [],
          "private": "eyJlMmJmYjczMC1lY2FhLTExZTYtOGY4OC0zNDM2M2JjN2M0YzAiOnsiY3JlYXRlIjozMDAwMDAwMDAwMDAsImRlbGV0ZSI6MzAwMDAwMDAwMDAwLCJ1cGRhdGUiOjEyMDAwMDAwMDAwMH19",
          "dependencies": [
            "aws_ec2_transit_gateway.main",
            "module.vpcs.aws_vpc.main"
          ]
        }
      ]
    },
    {
      "module": "module.vpcs[\"data\"]",
      "mode": "managed",
      "type": "aws_route_table",
      "name": "public",
      "provider": "provider[\"registry.terraform.io/hashicorp/aws\"]",
      "instances": []
    },
    {
      "module": "module.vpcs[\"data\"]",
      "mode": "managed",
      "type": "aws_route_table_association",
      "name": "private",
      "provider": "provider[\"registry.terraform.io/hashicorp/aws\"]",
      "instances": [
        {
          "index_key": "10.2.1.0/24",
          "schema_version": 0,
          "attributes": {
            "gateway_id": "",
            "id": "rtbassoc-0e646b59d0e661d0c",
            "route_table_id": "rtb-0a7648b0d3f68ce03",
            "subnet_id": "subnet-037baaa07eb24a25a",
            "timeouts": null
          },
          "sensitive_attributes": [],
          "private": "eyJlMmJmYjczMC1lY2FhLTExZTYtOGY4OC0zNDM2M2JjN2M0YzAiOnsiY3JlYXRlIjozMDAwMDAwMDAwMDAsImRlbGV0ZSI6MzAwMDAwMDAwMDAwLCJ1cGRhdGUiOjEyMDAwMDAwMDAwMH19",
          "dependencies": [
            "aws_ec2_transit_gateway.main",
            "module.vpcs.aws_eip.nat",
            "module.vpcs.aws_nat_gateway.nat",
            "module.vpcs.aws_route_table.private_nat",
            "module.vpcs.aws_route_table.private_no_internet",
            "module.vpcs.aws_subnet.private",
            "module.vpcs.aws_subnet.public",
            "module.vpcs.aws_vpc.main"
          ]
        },
        {
          "index_key": "10.2.2.0/24",
          "schema_version": 0,
          "attributes": {
            "gateway_id": "",
            "id": "rtbassoc-0af534cb8014df502",
            "route_table_id": "rtb-0a7648b0d3f68ce03",
            "subnet_id": "subnet-0711fdba8c4b27425",
            "timeouts": null
          },
          "sensitive_attributes": [],
          "private": "eyJlMmJmYjczMC1lY2FhLTExZTYtOGY4OC0zNDM2M2JjN2M0YzAiOnsiY3JlYXRlIjozMDAwMDAwMDAwMDAsImRlbGV0ZSI6MzAwMDAwMDAwMDAwLCJ1cGRhdGUiOjEyMDAwMDAwMDAwMH19",
          "dependencies": [
            "aws_ec2_transit_gateway.main",
            "module.vpcs.aws_eip.nat",
            "module.vpcs.aws_nat_gateway.nat",
            "module.vpcs.aws_route_table.private_nat",
            "module.vpcs.aws_route_table.private_no_internet",
            "module.vpcs.aws_subnet.private",
            "module.vpcs.aws_subnet.public",
            "module.vpcs.aws_vpc.main"
          ]
        }
      ]
    },
    {
      "module": "module.vpcs[\"data\"]",
      "mode": "managed",
      "type": "aws_route_table_association",
      "name": "public",
      "provider": "provider[\"registry.terraform.io/hashicorp/aws\"]",
      "instances": []
    },
    {
      "module": "module.vpcs[\"data\"]",
      "mode": "managed",
      "type": "aws_security_group",
      "name": "data_db",
      "provider": "provider[\"registry.terraform.io/hashicorp/aws\"]",
      "instances": [
        {
          "index_key": 0,
          "schema_version": 1,
          "attributes": {
            "arn": "arn:aws:ec2:eu-west-2:463470963000:security-group/sg-07e286e386b78549d",
            "description": "Managed by Terraform",
            "egress": [],
            "id": "sg-07e286e386b78549d",
            "ingress": [
              {
                "cidr_blocks": [
                  "10.1.0.0/16"
                ],
                "description": "",
                "from_port": 5432,
                "ipv6_cidr_blocks": [],
                "prefix_list_ids": [],
                "protocol": "tcp",
                "security_groups": [],
                "self": false,
                "to_port": 5432
              }
            ],
            "name": "data-db-sg",
            "name_prefix": "",
            "owner_id": "463470963000",
            "revoke_rules_on_delete": false,
            "tags": {
              "Environment": "Dev",
              "Name": "data-db-sg",
              "Project": "Global Bank Migration",
              "Terraform": "true"
            },
            "tags_all": {
              "Environment": "Dev",
              "Name": "data-db-sg",
              "Project": "Global Bank Migration",
              "Terraform": "true"
            },
            "timeouts": null,
            "vpc_id": "vpc-0350f314d62fdb9fd"
          },
          "sensitive_attributes": [],
          "private": "eyJlMmJmYjczMC1lY2FhLTExZTYtOGY4OC0zNDM2M2JjN2M0YzAiOnsiY3JlYXRlIjo2MDAwMDAwMDAwMDAsImRlbGV0ZSI6OTAwMDAwMDAwMDAwfSwic2NoZW1hX3ZlcnNpb24iOiIxIn0=",
          "dependencies": [
            "module.vpcs.aws_vpc.main"
          ]
        }
      ]
    },
    {
      "module": "module.vpcs[\"data\"]",
      "mode": "managed",
      "type": "aws_security_group",
      "name": "mgmt_admin",
      "provider": "provider[\"registry.terraform.io/hashicorp/aws\"]",
      "instances": []
    },
    {
      "module": "module.vpcs[\"data\"]",
      "mode": "managed",
      "type": "aws_security_group",
      "name": "mgmt_bastion",
      "provider": "provider[\"registry.terraform.io/hashicorp/aws\"]",
      "instances": []
    },
    {
      "module": "module.vpcs[\"data\"]",
      "mode": "managed",
      "type": "aws_security_group",
      "name": "prod_app",
      "provider": "provider[\"registry.terraform.io/hashicorp/aws\"]",
      "instances": []
    },
    {
      "module": "module.vpcs[\"data\"]",
      "mode": "managed",
      "type": "aws_security_group",
      "name": "prod_web",
      "provider": "provider[\"registry.terraform.io/hashicorp/aws\"]",
      "instances": []
    },
    {
      "module": "module.vpcs[\"data\"]",
      "mode": "managed",
      "type": "aws_security_group",
      "name": "sec_logging",
      "provider": "provider[\"registry.terraform.io/hashicorp/aws\"]",
      "instances": []
    },
    {
      "module": "module.vpcs[\"data\"]",
      "mode": "managed",
      "type": "aws_security_group",
      "name": "sec_monitoring",
      "provider": "provider[\"registry.terraform.io/hashicorp/aws\"]",
      "instances": []
    },
    {
      "module": "module.vpcs[\"data\"]",
      "mode": "managed",
      "type": "aws_subnet",
      "name": "private",
      "provider": "provider[\"registry.terraform.io/hashicorp/aws\"]",
      "instances": [
        {
          "index_key": "10.2.1.0/24",
          "schema_version": 1,
          "attributes": {
            "arn": "arn:aws:ec2:eu-west-2:463470963000:subnet/subnet-037baaa07eb24a25a",
            "assign_ipv6_address_on_creation": false,
            "availability_zone": "eu-west-2a",
            "availability_zone_id": "euw2-az2",
            "cidr_block": "10.2.1.0/24",
            "customer_owned_ipv4_pool": "",
            "enable_dns64": false,
            "enable_lni_at_device_index": 0,
            "enable_resource_name_dns_a_record_on_launch": false,
            "enable_resource_name_dns_aaaa_record_on_launch": false,
            "id": "subnet-037baaa07eb24a25a",
            "ipv6_cidr_block": "",
            "ipv6_cidr_block_association_id": "",
            "ipv6_native": false,
            "map_customer_owned_ip_on_launch": false,
            "map_public_ip_on_launch": false,
            "outpost_arn": "",
            "owner_id": "463470963000",
            "private_dns_hostname_type_on_launch": "ip-name",
            "tags": {
              "Environment": "Dev",
              "Name": "data-private-10.2.1.0/24",
              "Project": "Global Bank Migration",
              "Terraform": "true"
            },
            "tags_all": {
              "Environment": "Dev",
              "Name": "data-private-10.2.1.0/24",
              "Project": "Global Bank Migration",
              "Terraform": "true"
            },
            "timeouts": null,
            "vpc_id": "vpc-0350f314d62fdb9fd"
          },
          "sensitive_attributes": [],
          "private": "eyJlMmJmYjczMC1lY2FhLTExZTYtOGY4OC0zNDM2M2JjN2M0YzAiOnsiY3JlYXRlIjo2MDAwMDAwMDAwMDAsImRlbGV0ZSI6MTIwMDAwMDAwMDAwMH0sInNjaGVtYV92ZXJzaW9uIjoiMSJ9",
          "dependencies": [
            "module.vpcs.aws_vpc.main"
          ],
          "create_before_destroy": true
        },
        {
          "index_key": "10.2.2.0/24",
          "schema_version": 1,
          "attributes": {
            "arn": "arn:aws:ec2:eu-west-2:463470963000:subnet/subnet-0711fdba8c4b27425",
            "assign_ipv6_address_on_creation": false,
            "availability_zone": "eu-west-2b",
            "availability_zone_id": "euw2-az3",
            "cidr_block": "10.2.2.0/24",
            "customer_owned_ipv4_pool": "",
            "enable_dns64": false,
            "enable_lni_at_device_index": 0,
            "enable_resource_name_dns_a_record_on_launch": false,
            "enable_resource_name_dns_aaaa_record_on_launch": false,
            "id": "subnet-0711fdba8c4b27425",
            "ipv6_cidr_block": "",
            "ipv6_cidr_block_association_id": "",
            "ipv6_native": false,
            "map_customer_owned_ip_on_launch": false,
            "map_public_ip_on_launch": false,
            "outpost_arn": "",
            "owner_id": "463470963000",
            "private_dns_hostname_type_on_launch": "ip-name",
            "tags": {
              "Environment": "Dev",
              "Name": "data-private-10.2.2.0/24",
              "Project": "Global Bank Migration",
              "Terraform": "true"
            },
            "tags_all": {
              "Environment": "Dev",
              "Name": "data-private-10.2.2.0/24",
              "Project": "Global Bank Migration",
              "Terraform": "true"
            },
            "timeouts": null,
            "vpc_id": "vpc-0350f314d62fdb9fd"
          },
          "sensitive_attributes": [],
          "private": "eyJlMmJmYjczMC1lY2FhLTExZTYtOGY4OC0zNDM2M2JjN2M0YzAiOnsiY3JlYXRlIjo2MDAwMDAwMDAwMDAsImRlbGV0ZSI6MTIwMDAwMDAwMDAwMH0sInNjaGVtYV92ZXJzaW9uIjoiMSJ9",
          "dependencies": [
            "module.vpcs.aws_vpc.main"
          ],
          "create_before_destroy": true
        }
      ]
    },
    {
      "module": "module.vpcs[\"data\"]",
      "mode": "managed",
      "type": "aws_subnet",
      "name": "public",
      "provider": "provider[\"registry.terraform.io/hashicorp/aws\"]",
      "instances": []
    },
    {
      "module": "module.vpcs[\"data\"]",
      "mode": "managed",
      "type": "aws_vpc",
      "name": "main",
      "provider": "provider[\"registry.terraform.io/hashicorp/aws\"]",
      "instances": [
        {
          "schema_version": 1,
          "attributes": {
            "arn": "arn:aws:ec2:eu-west-2:463470963000:vpc/vpc-0350f314d62fdb9fd",
            "assign_generated_ipv6_cidr_block": false,
            "cidr_block": "10.2.0.0/16",
            "default_network_acl_id": "acl-051e862cdeea2c2f7",
            "default_route_table_id": "rtb-0f7ac216430ba2c2f",
            "default_security_group_id": "sg-05d31a095a35a23b6",
            "dhcp_options_id": "dopt-0ff17d7f379be5815",
            "enable_dns_hostnames": true,
            "enable_dns_support": true,
            "enable_network_address_usage_metrics": false,
            "id": "vpc-0350f314d62fdb9fd",
            "instance_tenancy": "default",
            "ipv4_ipam_pool_id": null,
            "ipv4_netmask_length": null,
            "ipv6_association_id": "",
            "ipv6_cidr_block": "",
            "ipv6_cidr_block_network_border_group": "",
            "ipv6_ipam_pool_id": "",
            "ipv6_netmask_length": 0,
            "main_route_table_id": "rtb-0f7ac216430ba2c2f",
            "owner_id": "463470963000",
            "tags": {
              "Environment": "Dev",
              "Project": "Global Bank Migration",
              "Terraform": "true"
            },
            "tags_all": {
              "Environment": "Dev",
              "Project": "Global Bank Migration",
              "Terraform": "true"
            }
          },
          "sensitive_attributes": [],
          "private": "eyJzY2hlbWFfdmVyc2lvbiI6IjEifQ==",
          "create_before_destroy": true
        }
      ]
    },
    {
      "module": "module.vpcs[\"data\"]",
      "mode": "managed",
      "type": "aws_vpc_endpoint",
      "name": "dynamodb",
      "provider": "provider[\"registry.terraform.io/hashicorp/aws\"]",
      "instances": [
        {
          "index_key": 0,
          "schema_version": 0,
          "attributes": {
            "arn": "arn:aws:ec2:eu-west-2:463470963000:vpc-endpoint/vpce-0228d7383d724ceb2",
            "auto_accept": null,
            "cidr_blocks": [
              "35.71.111.0/25",
              "52.94.15.0/24",
              "35.71.111.128/26"
            ],
            "dns_entry": [],
            "dns_options": [],
            "id": "vpce-0228d7383d724ceb2",
            "ip_address_type": "",
            "network_interface_ids": [],
            "owner_id": "463470963000",
            "policy": "{\"Statement\":[{\"Action\":\"*\",\"Effect\":\"Allow\",\"Principal\":\"*\",\"Resource\":\"*\"}],\"Version\":\"2008-10-17\"}",
            "prefix_list_id": "pl-b3a742da",
            "private_dns_enabled": false,
            "requester_managed": false,
            "route_table_ids": [],
            "security_group_ids": [],
            "service_name": "com.amazonaws.eu-west-2.dynamodb",
            "state": "available",
            "subnet_configuration": [],
            "subnet_ids": [],
            "tags": {
              "Environment": "Dev",
              "Name": "data-dynamodb-endpoint",
              "Project": "Global Bank Migration",
              "Terraform": "true"
            },
            "tags_all": {
              "Environment": "Dev",
              "Name": "data-dynamodb-endpoint",
              "Project": "Global Bank Migration",
              "Terraform": "true"
            },
            "timeouts": null,
            "vpc_endpoint_type": "Gateway",
            "vpc_id": "vpc-0350f314d62fdb9fd"
          },
          "sensitive_attributes": [],
          "private": "eyJlMmJmYjczMC1lY2FhLTExZTYtOGY4OC0zNDM2M2JjN2M0YzAiOnsiY3JlYXRlIjo2MDAwMDAwMDAwMDAsImRlbGV0ZSI6NjAwMDAwMDAwMDAwLCJ1cGRhdGUiOjYwMDAwMDAwMDAwMH19",
          "dependencies": [
            "module.vpcs.aws_vpc.main"
          ]
        }
      ]
    },
    {
      "module": "module.vpcs[\"data\"]",
      "mode": "managed",
      "type": "aws_vpc_endpoint",
      "name": "s3",
      "provider": "provider[\"registry.terraform.io/hashicorp/aws\"]",
      "instances": [
        {
          "index_key": 0,
          "schema_version": 0,
          "attributes": {
            "arn": "arn:aws:ec2:eu-west-2:463470963000:vpc-endpoint/vpce-007804a2aff76d47f",
            "auto_accept": null,
            "cidr_blocks": [
              "52.95.150.0/24",
              "52.95.191.0/24",
              "52.95.142.0/23",
              "16.12.16.0/23",
              "3.5.244.0/22",
              "52.219.219.0/24",
              "52.95.144.0/24",
              "52.95.148.0/23",
              "16.12.15.0/24"
            ],
            "dns_entry": [],
            "dns_options": [],
            "id": "vpce-007804a2aff76d47f",
            "ip_address_type": "",
            "network_interface_ids": [],
            "owner_id": "463470963000",
            "policy": "{\"Statement\":[{\"Action\":\"*\",\"Effect\":\"Allow\",\"Principal\":\"*\",\"Resource\":\"*\"}],\"Version\":\"2008-10-17\"}",
            "prefix_list_id": "pl-7ca54015",
            "private_dns_enabled": false,
            "requester_managed": false,
            "route_table_ids": [],
            "security_group_ids": [],
            "service_name": "com.amazonaws.eu-west-2.s3",
            "state": "available",
            "subnet_configuration": [],
            "subnet_ids": [],
            "tags": {
              "Environment": "Dev",
              "Name": "data-s3-endpoint",
              "Project": "Global Bank Migration",
              "Terraform": "true"
            },
            "tags_all": {
              "Environment": "Dev",
              "Name": "data-s3-endpoint",
              "Project": "Global Bank Migration",
              "Terraform": "true"
            },
            "timeouts": null,
            "vpc_endpoint_type": "Gateway",
            "vpc_id": "vpc-0350f314d62fdb9fd"
          },
          "sensitive_attributes": [],
          "private": "eyJlMmJmYjczMC1lY2FhLTExZTYtOGY4OC0zNDM2M2JjN2M0YzAiOnsiY3JlYXRlIjo2MDAwMDAwMDAwMDAsImRlbGV0ZSI6NjAwMDAwMDAwMDAwLCJ1cGRhdGUiOjYwMDAwMDAwMDAwMH19",
          "dependencies": [
            "module.vpcs.aws_vpc.main"
          ]
        }
      ]
    },
    {
      "module": "module.vpcs[\"management\"]",
      "mode": "managed",
      "type": "aws_dx_gateway",
      "name": "main",
      "provider": "provider[\"registry.terraform.io/hashicorp/aws\"]",
      "instances": [
        {
          "schema_version": 0,
          "attributes": {
            "amazon_side_asn": "64512",
            "id": "b8624b6b-4b5e-4d7d-b764-577c1a4a2218",
            "name": "main-dxgw",
            "owner_account_id": "463470963000",
            "timeouts": null
          },
          "sensitive_attributes": [],
          "private": "eyJlMmJmYjczMC1lY2FhLTExZTYtOGY4OC0zNDM2M2JjN2M0YzAiOnsiY3JlYXRlIjo2MDAwMDAwMDAwMDAsImRlbGV0ZSI6NjAwMDAwMDAwMDAwfX0="
        }
      ]
    },
    {
      "module": "module.vpcs[\"management\"]",
      "mode": "managed",
      "type": "aws_dx_gateway_association",
      "name": "main",
      "provider": "provider[\"registry.terraform.io/hashicorp/aws\"]",
      "instances": [
        {
          "schema_version": 1,
          "attributes": {
            "allowed_prefixes": [
              "192.132.0.0/16",
              "192.168.1.0/24"
            ],
            "associated_gateway_id": "tgw-00aa32a334720d8ed",
            "associated_gateway_owner_account_id": "463470963000",
            "associated_gateway_type": "transitGateway",
            "dx_gateway_association_id": "b7838157-6646-40af-a955-523553cb004a",
            "dx_gateway_id": "b8624b6b-4b5e-4d7d-b764-577c1a4a2218",
            "dx_gateway_owner_account_id": "463470963000",
            "id": "ga-b8624b6b-4b5e-4d7d-b764-577c1a4a2218tgw-00aa32a334720d8ed",
            "proposal_id": null,
            "timeouts": null,
            "vpn_gateway_id": null
          },
          "sensitive_attributes": [],
          "private": "eyJlMmJmYjczMC1lY2FhLTExZTYtOGY4OC0zNDM2M2JjN2M0YzAiOnsiY3JlYXRlIjoxODAwMDAwMDAwMDAwLCJkZWxldGUiOjE4MDAwMDAwMDAwMDAsInVwZGF0ZSI6MTgwMDAwMDAwMDAwMH0sInNjaGVtYV92ZXJzaW9uIjoiMSJ9",
          "dependencies": [
            "aws_ec2_transit_gateway.main",
            "module.vpcs.aws_dx_gateway.main"
          ]
        }
      ]
    },
    {
      "module": "module.vpcs[\"management\"]",
      "mode": "managed",
      "type": "aws_ec2_transit_gateway_vpc_attachment",
      "name": "vpc_attachment",
      "provider": "provider[\"registry.terraform.io/hashicorp/aws\"]",
      "instances": [
        {
          "schema_version": 0,
          "attributes": {
            "appliance_mode_support": "disable",
            "dns_support": "enable",
            "id": "tgw-attach-01db8095c9c55142c",
            "ipv6_support": "disable",
            "subnet_ids": [
              "subnet-0c3af30b443f245a1",
              "subnet-0e34beab86f929435"
            ],
            "tags": {
              "Environment": "Dev",
              "Name": "management-tgw-attachment",
              "Project": "Global Bank Migration",
              "Terraform": "true"
            },
            "tags_all": {
              "Environment": "Dev",
              "Name": "management-tgw-attachment",
              "Project": "Global Bank Migration",
              "Terraform": "true"
            },
            "transit_gateway_default_route_table_association": true,
            "transit_gateway_default_route_table_propagation": true,
            "transit_gateway_id": "tgw-00aa32a334720d8ed",
            "vpc_id": "vpc-07e605cbb0bf496d2",
            "vpc_owner_id": "463470963000"
          },
          "sensitive_attributes": [],
          "private": "bnVsbA==",
          "dependencies": [
            "aws_ec2_transit_gateway.main",
            "module.vpcs.aws_subnet.private",
            "module.vpcs.aws_subnet.public",
            "module.vpcs.aws_vpc.main"
          ]
        }
      ]
    },
    {
      "module": "module.vpcs[\"management\"]",
      "mode": "managed",
      "type": "aws_eip",
      "name": "nat",
      "provider": "provider[\"registry.terraform.io/hashicorp/aws\"]",
      "instances": []
    },
    {
      "module": "module.vpcs[\"management\"]",
      "mode": "managed",
      "type": "aws_internet_gateway",
      "name": "igw",
      "provider": "provider[\"registry.terraform.io/hashicorp/aws\"]",
      "instances": [
        {
          "index_key": 0,
          "schema_version": 0,
          "attributes": {
            "arn": "arn:aws:ec2:eu-west-2:463470963000:internet-gateway/igw-084697d19d17c5df0",
            "id": "igw-084697d19d17c5df0",
            "owner_id": "463470963000",
            "tags": {
              "Environment": "Dev",
              "Name": "management-igw",
              "Project": "Global Bank Migration",
              "Terraform": "true"
            },
            "tags_all": {
              "Environment": "Dev",
              "Name": "management-igw",
              "Project": "Global Bank Migration",
              "Terraform": "true"
            },
            "timeouts": null,
            "vpc_id": "vpc-07e605cbb0bf496d2"
          },
          "sensitive_attributes": [],
          "private": "eyJlMmJmYjczMC1lY2FhLTExZTYtOGY4OC0zNDM2M2JjN2M0YzAiOnsiY3JlYXRlIjoxMjAwMDAwMDAwMDAwLCJkZWxldGUiOjEyMDAwMDAwMDAwMDAsInVwZGF0ZSI6MTIwMDAwMDAwMDAwMH19",
          "dependencies": [
            "module.vpcs.aws_vpc.main"
          ]
        }
      ]
    },
    {
      "module": "module.vpcs[\"management\"]",
      "mode": "managed",
      "type": "aws_nat_gateway",
      "name": "nat",
      "provider": "provider[\"registry.terraform.io/hashicorp/aws\"]",
      "instances": []
    },
    {
      "module": "module.vpcs[\"management\"]",
      "mode": "managed",
      "type": "aws_route",
      "name": "tgw_routes",
      "provider": "provider[\"registry.terraform.io/hashicorp/aws\"]",
      "instances": [
        {
          "index_key": "10.3.1.0/24-10.1.0.0-16",
          "schema_version": 0,
          "attributes": {
            "carrier_gateway_id": "",
            "core_network_arn": "",
            "destination_cidr_block": "10.1.0.0/16",
            "destination_ipv6_cidr_block": "",
            "destination_prefix_list_id": "",
            "egress_only_gateway_id": "",
            "gateway_id": "",
            "id": "r-rtb-031c445820feebdf73322942084",
            "instance_id": "",
            "instance_owner_id": "",
            "local_gateway_id": "",
            "nat_gateway_id": "",
            "network_interface_id": "",
            "origin": "CreateRoute",
            "route_table_id": "rtb-031c445820feebdf7",
            "state": "active",
            "timeouts": null,
            "transit_gateway_id": "tgw-00aa32a334720d8ed",
            "vpc_endpoint_id": "",
            "vpc_peering_connection_id": ""
          },
          "sensitive_attributes": [],
          "private": "eyJlMmJmYjczMC1lY2FhLTExZTYtOGY4OC0zNDM2M2JjN2M0YzAiOnsiY3JlYXRlIjozMDAwMDAwMDAwMDAsImRlbGV0ZSI6MzAwMDAwMDAwMDAwLCJ1cGRhdGUiOjEyMDAwMDAwMDAwMH19",
          "dependencies": [
            "aws_ec2_transit_gateway.main",
            "module.vpcs.aws_eip.nat",
            "module.vpcs.aws_internet_gateway.igw",
            "module.vpcs.aws_nat_gateway.nat",
            "module.vpcs.aws_route_table.private_nat",
            "module.vpcs.aws_route_table.private_no_internet",
            "module.vpcs.aws_route_table.public",
            "module.vpcs.aws_subnet.public",
            "module.vpcs.aws_vpc.main"
          ]
        },
        {
          "index_key": "10.3.1.0/24-10.2.0.0-16",
          "schema_version": 0,
          "attributes": {
            "carrier_gateway_id": "",
            "core_network_arn": "",
            "destination_cidr_block": "10.2.0.0/16",
            "destination_ipv6_cidr_block": "",
            "destination_prefix_list_id": "",
            "egress_only_gateway_id": "",
            "gateway_id": "",
            "id": "r-rtb-031c445820feebdf71218385255",
            "instance_id": "",
            "instance_owner_id": "",
            "local_gateway_id": "",
            "nat_gateway_id": "",
            "network_interface_id": "",
            "origin": "CreateRoute",
            "route_table_id": "rtb-031c445820feebdf7",
            "state": "active",
            "timeouts": null,
            "transit_gateway_id": "tgw-00aa32a334720d8ed",
            "vpc_endpoint_id": "",
            "vpc_peering_connection_id": ""
          },
          "sensitive_attributes": [],
          "private": "eyJlMmJmYjczMC1lY2FhLTExZTYtOGY4OC0zNDM2M2JjN2M0YzAiOnsiY3JlYXRlIjozMDAwMDAwMDAwMDAsImRlbGV0ZSI6MzAwMDAwMDAwMDAwLCJ1cGRhdGUiOjEyMDAwMDAwMDAwMH19",
          "dependencies": [
            "aws_ec2_transit_gateway.main",
            "module.vpcs.aws_eip.nat",
            "module.vpcs.aws_internet_gateway.igw",
            "module.vpcs.aws_nat_gateway.nat",
            "module.vpcs.aws_route_table.private_nat",
            "module.vpcs.aws_route_table.private_no_internet",
            "module.vpcs.aws_route_table.public",
            "module.vpcs.aws_subnet.public",
            "module.vpcs.aws_vpc.main"
          ]
        },
        {
          "index_key": "10.3.1.0/24-10.4.0.0-16",
          "schema_version": 0,
          "attributes": {
            "carrier_gateway_id": "",
            "core_network_arn": "",
            "destination_cidr_block": "10.4.0.0/16",
            "destination_ipv6_cidr_block": "",
            "destination_prefix_list_id": "",
            "egress_only_gateway_id": "",
            "gateway_id": "",
            "id": "r-rtb-031c445820feebdf72398100704",
            "instance_id": "",
            "instance_owner_id": "",
            "local_gateway_id": "",
            "nat_gateway_id": "",
            "network_interface_id": "",
            "origin": "CreateRoute",
            "route_table_id": "rtb-031c445820feebdf7",
            "state": "active",
            "timeouts": null,
            "transit_gateway_id": "tgw-00aa32a334720d8ed",
            "vpc_endpoint_id": "",
            "vpc_peering_connection_id": ""
          },
          "sensitive_attributes": [],
          "private": "eyJlMmJmYjczMC1lY2FhLTExZTYtOGY4OC0zNDM2M2JjN2M0YzAiOnsiY3JlYXRlIjozMDAwMDAwMDAwMDAsImRlbGV0ZSI6MzAwMDAwMDAwMDAwLCJ1cGRhdGUiOjEyMDAwMDAwMDAwMH19",
          "dependencies": [
            "aws_ec2_transit_gateway.main",
            "module.vpcs.aws_eip.nat",
            "module.vpcs.aws_internet_gateway.igw",
            "module.vpcs.aws_nat_gateway.nat",
            "module.vpcs.aws_route_table.private_nat",
            "module.vpcs.aws_route_table.private_no_internet",
            "module.vpcs.aws_route_table.public",
            "module.vpcs.aws_subnet.public",
            "module.vpcs.aws_vpc.main"
          ]
        },
        {
          "index_key": "10.3.3.0/24-10.1.0.0-16",
          "schema_version": 0,
          "attributes": {
            "carrier_gateway_id": "",
            "core_network_arn": "",
            "destination_cidr_block": "10.1.0.0/16",
            "destination_ipv6_cidr_block": "",
            "destination_prefix_list_id": "",
            "egress_only_gateway_id": "",
            "gateway_id": "",
            "id": "r-rtb-033759eae20835f923322942084",
            "instance_id": "",
            "instance_owner_id": "",
            "local_gateway_id": "",
            "nat_gateway_id": "",
            "network_interface_id": "",
            "origin": "CreateRoute",
            "route_table_id": "rtb-033759eae20835f92",
            "state": "active",
            "timeouts": null,
            "transit_gateway_id": "tgw-00aa32a334720d8ed",
            "vpc_endpoint_id": "",
            "vpc_peering_connection_id": ""
          },
          "sensitive_attributes": [],
          "private": "eyJlMmJmYjczMC1lY2FhLTExZTYtOGY4OC0zNDM2M2JjN2M0YzAiOnsiY3JlYXRlIjozMDAwMDAwMDAwMDAsImRlbGV0ZSI6MzAwMDAwMDAwMDAwLCJ1cGRhdGUiOjEyMDAwMDAwMDAwMH19",
          "dependencies": [
            "aws_ec2_transit_gateway.main",
            "module.vpcs.aws_eip.nat",
            "module.vpcs.aws_internet_gateway.igw",
            "module.vpcs.aws_nat_gateway.nat",
            "module.vpcs.aws_route_table.private_nat",
            "module.vpcs.aws_route_table.private_no_internet",
            "module.vpcs.aws_route_table.public",
            "module.vpcs.aws_subnet.public",
            "module.vpcs.aws_vpc.main"
          ]
        },
        {
          "index_key": "10.3.3.0/24-10.2.0.0-16",
          "schema_version": 0,
          "attributes": {
            "carrier_gateway_id": "",
            "core_network_arn": "",
            "destination_cidr_block": "10.2.0.0/16",
            "destination_ipv6_cidr_block": "",
            "destination_prefix_list_id": "",
            "egress_only_gateway_id": "",
            "gateway_id": "",
            "id": "r-rtb-033759eae20835f921218385255",
            "instance_id": "",
            "instance_owner_id": "",
            "local_gateway_id": "",
            "nat_gateway_id": "",
            "network_interface_id": "",
            "origin": "CreateRoute",
            "route_table_id": "rtb-033759eae20835f92",
            "state": "active",
            "timeouts": null,
            "transit_gateway_id": "tgw-00aa32a334720d8ed",
            "vpc_endpoint_id": "",
            "vpc_peering_connection_id": ""
          },
          "sensitive_attributes": [],
          "private": "eyJlMmJmYjczMC1lY2FhLTExZTYtOGY4OC0zNDM2M2JjN2M0YzAiOnsiY3JlYXRlIjozMDAwMDAwMDAwMDAsImRlbGV0ZSI6MzAwMDAwMDAwMDAwLCJ1cGRhdGUiOjEyMDAwMDAwMDAwMH19",
          "dependencies": [
            "aws_ec2_transit_gateway.main",
            "module.vpcs.aws_eip.nat",
            "module.vpcs.aws_internet_gateway.igw",
            "module.vpcs.aws_nat_gateway.nat",
            "module.vpcs.aws_route_table.private_nat",
            "module.vpcs.aws_route_table.private_no_internet",
            "module.vpcs.aws_route_table.public",
            "module.vpcs.aws_subnet.public",
            "module.vpcs.aws_vpc.main"
          ]
        },
        {
          "index_key": "10.3.3.0/24-10.4.0.0-16",
          "schema_version": 0,
          "attributes": {
            "carrier_gateway_id": "",
            "core_network_arn": "",
            "destination_cidr_block": "10.4.0.0/16",
            "destination_ipv6_cidr_block": "",
            "destination_prefix_list_id": "",
            "egress_only_gateway_id": "",
            "gateway_id": "",
            "id": "r-rtb-033759eae20835f922398100704",
            "instance_id": "",
            "instance_owner_id": "",
            "local_gateway_id": "",
            "nat_gateway_id": "",
            "network_interface_id": "",
            "origin": "CreateRoute",
            "route_table_id": "rtb-033759eae20835f92",
            "state": "active",
            "timeouts": null,
            "transit_gateway_id": "tgw-00aa32a334720d8ed",
            "vpc_endpoint_id": "",
            "vpc_peering_connection_id": ""
          },
          "sensitive_attributes": [],
          "private": "eyJlMmJmYjczMC1lY2FhLTExZTYtOGY4OC0zNDM2M2JjN2M0YzAiOnsiY3JlYXRlIjozMDAwMDAwMDAwMDAsImRlbGV0ZSI6MzAwMDAwMDAwMDAwLCJ1cGRhdGUiOjEyMDAwMDAwMDAwMH19",
          "dependencies": [
            "aws_ec2_transit_gateway.main",
            "module.vpcs.aws_eip.nat",
            "module.vpcs.aws_internet_gateway.igw",
            "module.vpcs.aws_nat_gateway.nat",
            "module.vpcs.aws_route_table.private_nat",
            "module.vpcs.aws_route_table.private_no_internet",
            "module.vpcs.aws_route_table.public",
            "module.vpcs.aws_subnet.public",
            "module.vpcs.aws_vpc.main"
          ]
        }
      ]
    },
    {
      "module": "module.vpcs[\"management\"]",
      "mode": "managed",
      "type": "aws_route_table",
      "name": "private_nat",
      "provider": "provider[\"registry.terraform.io/hashicorp/aws\"]",
      "instances": []
    },
    {
      "module": "module.vpcs[\"management\"]",
      "mode": "managed",
      "type": "aws_route_table",
      "name": "private_no_internet",
      "provider": "provider[\"registry.terraform.io/hashicorp/aws\"]",
      "instances": []
    },
    {
      "module": "module.vpcs[\"management\"]",
      "mode": "managed",
      "type": "aws_route_table",
      "name": "public",
      "provider": "provider[\"registry.terraform.io/hashicorp/aws\"]",
      "instances": [
        {
          "index_key": "10.3.1.0/24",
          "schema_version": 0,
          "attributes": {
            "arn": "arn:aws:ec2:eu-west-2:463470963000:route-table/rtb-031c445820feebdf7",
            "id": "rtb-031c445820feebdf7",
            "owner_id": "463470963000",
            "propagating_vgws": [],
            "route": [
              {
                "carrier_gateway_id": "",
                "cidr_block": "0.0.0.0/0",
                "core_network_arn": "",
                "destination_prefix_list_id": "",
                "egress_only_gateway_id": "",
                "gateway_id": "igw-084697d19d17c5df0",
                "ipv6_cidr_block": "",
                "local_gateway_id": "",
                "nat_gateway_id": "",
                "network_interface_id": "",
                "transit_gateway_id": "",
                "vpc_endpoint_id": "",
                "vpc_peering_connection_id": ""
              },
              {
                "carrier_gateway_id": "",
                "cidr_block": "10.0.0.0/8",
                "core_network_arn": "",
                "destination_prefix_list_id": "",
                "egress_only_gateway_id": "",
                "gateway_id": "",
                "ipv6_cidr_block": "",
                "local_gateway_id": "",
                "nat_gateway_id": "",
                "network_interface_id": "",
                "transit_gateway_id": "tgw-00aa32a334720d8ed",
                "vpc_endpoint_id": "",
                "vpc_peering_connection_id": ""
              }
            ],
            "tags": {
              "Environment": "Dev",
              "Name": "management-public-10.3.1.0/24",
              "Project": "Global Bank Migration",
              "Terraform": "true"
            },
            "tags_all": {
              "Environment": "Dev",
              "Name": "management-public-10.3.1.0/24",
              "Project": "Global Bank Migration",
              "Terraform": "true"
            },
            "timeouts": null,
            "vpc_id": "vpc-07e605cbb0bf496d2"
          },
          "sensitive_attributes": [],
          "private": "eyJlMmJmYjczMC1lY2FhLTExZTYtOGY4OC0zNDM2M2JjN2M0YzAiOnsiY3JlYXRlIjozMDAwMDAwMDAwMDAsImRlbGV0ZSI6MzAwMDAwMDAwMDAwLCJ1cGRhdGUiOjEyMDAwMDAwMDAwMH19",
          "dependencies": [
            "aws_ec2_transit_gateway.main",
            "module.vpcs.aws_internet_gateway.igw",
            "module.vpcs.aws_vpc.main"
          ]
        },
        {
          "index_key": "10.3.3.0/24",
          "schema_version": 0,
          "attributes": {
            "arn": "arn:aws:ec2:eu-west-2:463470963000:route-table/rtb-033759eae20835f92",
            "id": "rtb-033759eae20835f92",
            "owner_id": "463470963000",
            "propagating_vgws": [],
            "route": [
              {
                "carrier_gateway_id": "",
                "cidr_block": "0.0.0.0/0",
                "core_network_arn": "",
                "destination_prefix_list_id": "",
                "egress_only_gateway_id": "",
                "gateway_id": "igw-084697d19d17c5df0",
                "ipv6_cidr_block": "",
                "local_gateway_id": "",
                "nat_gateway_id": "",
                "network_interface_id": "",
                "transit_gateway_id": "",
                "vpc_endpoint_id": "",
                "vpc_peering_connection_id": ""
              },
              {
                "carrier_gateway_id": "",
                "cidr_block": "10.0.0.0/8",
                "core_network_arn": "",
                "destination_prefix_list_id": "",
                "egress_only_gateway_id": "",
                "gateway_id": "",
                "ipv6_cidr_block": "",
                "local_gateway_id": "",
                "nat_gateway_id": "",
                "network_interface_id": "",
                "transit_gateway_id": "tgw-00aa32a334720d8ed",
                "vpc_endpoint_id": "",
                "vpc_peering_connection_id": ""
              }
            ],
            "tags": {
              "Environment": "Dev",
              "Name": "management-public-10.3.3.0/24",
              "Project": "Global Bank Migration",
              "Terraform": "true"
            },
            "tags_all": {
              "Environment": "Dev",
              "Name": "management-public-10.3.3.0/24",
              "Project": "Global Bank Migration",
              "Terraform": "true"
            },
            "timeouts": null,
            "vpc_id": "vpc-07e605cbb0bf496d2"
          },
          "sensitive_attributes": [],
          "private": "eyJlMmJmYjczMC1lY2FhLTExZTYtOGY4OC0zNDM2M2JjN2M0YzAiOnsiY3JlYXRlIjozMDAwMDAwMDAwMDAsImRlbGV0ZSI6MzAwMDAwMDAwMDAwLCJ1cGRhdGUiOjEyMDAwMDAwMDAwMH19",
          "dependencies": [
            "aws_ec2_transit_gateway.main",
            "module.vpcs.aws_internet_gateway.igw",
            "module.vpcs.aws_vpc.main"
          ]
        }
      ]
    },
    {
      "module": "module.vpcs[\"management\"]",
      "mode": "managed",
      "type": "aws_route_table_association",
      "name": "private",
      "provider": "provider[\"registry.terraform.io/hashicorp/aws\"]",
      "instances": []
    },
    {
      "module": "module.vpcs[\"management\"]",
      "mode": "managed",
      "type": "aws_route_table_association",
      "name": "public",
      "provider": "provider[\"registry.terraform.io/hashicorp/aws\"]",
      "instances": [
        {
          "index_key": "10.3.1.0/24",
          "schema_version": 0,
          "attributes": {
            "gateway_id": "",
            "id": "rtbassoc-07b877ac32f72018c",
            "route_table_id": "rtb-031c445820feebdf7",
            "subnet_id": "subnet-0c3af30b443f245a1",
            "timeouts": null
          },
          "sensitive_attributes": [],
          "private": "eyJlMmJmYjczMC1lY2FhLTExZTYtOGY4OC0zNDM2M2JjN2M0YzAiOnsiY3JlYXRlIjozMDAwMDAwMDAwMDAsImRlbGV0ZSI6MzAwMDAwMDAwMDAwLCJ1cGRhdGUiOjEyMDAwMDAwMDAwMH19",
          "dependencies": [
            "aws_ec2_transit_gateway.main",
            "module.vpcs.aws_internet_gateway.igw",
            "module.vpcs.aws_route_table.public",
            "module.vpcs.aws_subnet.public",
            "module.vpcs.aws_vpc.main"
          ]
        },
        {
          "index_key": "10.3.3.0/24",
          "schema_version": 0,
          "attributes": {
            "gateway_id": "",
            "id": "rtbassoc-04a4a3d076c63a64d",
            "route_table_id": "rtb-033759eae20835f92",
            "subnet_id": "subnet-0e34beab86f929435",
            "timeouts": null
          },
          "sensitive_attributes": [],
          "private": "eyJlMmJmYjczMC1lY2FhLTExZTYtOGY4OC0zNDM2M2JjN2M0YzAiOnsiY3JlYXRlIjozMDAwMDAwMDAwMDAsImRlbGV0ZSI6MzAwMDAwMDAwMDAwLCJ1cGRhdGUiOjEyMDAwMDAwMDAwMH19",
          "dependencies": [
            "aws_ec2_transit_gateway.main",
            "module.vpcs.aws_internet_gateway.igw",
            "module.vpcs.aws_route_table.public",
            "module.vpcs.aws_subnet.public",
            "module.vpcs.aws_vpc.main"
          ]
        }
      ]
    },
    {
      "module": "module.vpcs[\"management\"]",
      "mode": "managed",
      "type": "aws_security_group",
      "name": "data_db",
      "provider": "provider[\"registry.terraform.io/hashicorp/aws\"]",
      "instances": []
    },
    {
      "module": "module.vpcs[\"management\"]",
      "mode": "managed",
      "type": "aws_security_group",
      "name": "mgmt_admin",
      "provider": "provider[\"registry.terraform.io/hashicorp/aws\"]",
      "instances": [
        {
          "index_key": 0,
          "schema_version": 1,
          "attributes": {
            "arn": "arn:aws:ec2:eu-west-2:463470963000:security-group/sg-093ebd61dfcd3e84b",
            "description": "Managed by Terraform",
            "egress": [],
            "id": "sg-093ebd61dfcd3e84b",
            "ingress": [
              {
                "cidr_blocks": [],
                "description": "",
                "from_port": 22,
                "ipv6_cidr_blocks": [],
                "prefix_list_ids": [],
                "protocol": "tcp",
                "security_groups": [
                  "sg-0644297b8758abdc4"
                ],
                "self": false,
                "to_port": 22
              }
            ],
            "name": "management-admin-sg",
            "name_prefix": "",
            "owner_id": "463470963000",
            "revoke_rules_on_delete": false,
            "tags": {
              "Environment": "Dev",
              "Name": "management-admin-sg",
              "Project": "Global Bank Migration",
              "Terraform": "true"
            },
            "tags_all": {
              "Environment": "Dev",
              "Name": "management-admin-sg",
              "Project": "Global Bank Migration",
              "Terraform": "true"
            },
            "timeouts": null,
            "vpc_id": "vpc-07e605cbb0bf496d2"
          },
          "sensitive_attributes": [],
          "private": "eyJlMmJmYjczMC1lY2FhLTExZTYtOGY4OC0zNDM2M2JjN2M0YzAiOnsiY3JlYXRlIjo2MDAwMDAwMDAwMDAsImRlbGV0ZSI6OTAwMDAwMDAwMDAwfSwic2NoZW1hX3ZlcnNpb24iOiIxIn0=",
          "dependencies": [
            "module.vpcs.aws_security_group.mgmt_bastion",
            "module.vpcs.aws_vpc.main"
          ]
        }
      ]
    },
    {
      "module": "module.vpcs[\"management\"]",
      "mode": "managed",
      "type": "aws_security_group",
      "name": "mgmt_bastion",
      "provider": "provider[\"registry.terraform.io/hashicorp/aws\"]",
      "instances": [
        {
          "index_key": 0,
          "schema_version": 1,
          "attributes": {
            "arn": "arn:aws:ec2:eu-west-2:463470963000:security-group/sg-0644297b8758abdc4",
            "description": "Managed by Terraform",
            "egress": [
              {
                "cidr_blocks": [
                  "0.0.0.0/0"
                ],
                "description": "",
                "from_port": 0,
                "ipv6_cidr_blocks": [],
                "prefix_list_ids": [],
                "protocol": "-1",
                "security_groups": [],
                "self": false,
                "to_port": 0
              }
            ],
            "id": "sg-0644297b8758abdc4",
            "ingress": [
              {
                "cidr_blocks": [
                  "89.242.83.136/32"
                ],
                "description": "",
                "from_port": 22,
                "ipv6_cidr_blocks": [],
                "prefix_list_ids": [],
                "protocol": "tcp",
                "security_groups": [],
                "self": false,
                "to_port": 22
              }
            ],
            "name": "management-bastion-sg",
            "name_prefix": "",
            "owner_id": "463470963000",
            "revoke_rules_on_delete": false,
            "tags": {
              "Environment": "Dev",
              "Name": "management-bastion-sg",
              "Project": "Global Bank Migration",
              "Terraform": "true"
            },
            "tags_all": {
              "Environment": "Dev",
              "Name": "management-bastion-sg",
              "Project": "Global Bank Migration",
              "Terraform": "true"
            },
            "timeouts": null,
            "vpc_id": "vpc-07e605cbb0bf496d2"
          },
          "sensitive_attributes": [],
          "private": "eyJlMmJmYjczMC1lY2FhLTExZTYtOGY4OC0zNDM2M2JjN2M0YzAiOnsiY3JlYXRlIjo2MDAwMDAwMDAwMDAsImRlbGV0ZSI6OTAwMDAwMDAwMDAwfSwic2NoZW1hX3ZlcnNpb24iOiIxIn0=",
          "dependencies": [
            "module.vpcs.aws_vpc.main"
          ]
        }
      ]
    },
    {
      "module": "module.vpcs[\"management\"]",
      "mode": "managed",
      "type": "aws_security_group",
      "name": "prod_app",
      "provider": "provider[\"registry.terraform.io/hashicorp/aws\"]",
      "instances": []
    },
    {
      "module": "module.vpcs[\"management\"]",
      "mode": "managed",
      "type": "aws_security_group",
      "name": "prod_web",
      "provider": "provider[\"registry.terraform.io/hashicorp/aws\"]",
      "instances": []
    },
    {
      "module": "module.vpcs[\"management\"]",
      "mode": "managed",
      "type": "aws_security_group",
      "name": "sec_logging",
      "provider": "provider[\"registry.terraform.io/hashicorp/aws\"]",
      "instances": []
    },
    {
      "module": "module.vpcs[\"management\"]",
      "mode": "managed",
      "type": "aws_security_group",
      "name": "sec_monitoring",
      "provider": "provider[\"registry.terraform.io/hashicorp/aws\"]",
      "instances": []
    },
    {
      "module": "module.vpcs[\"management\"]",
      "mode": "managed",
      "type": "aws_subnet",
      "name": "private",
      "provider": "provider[\"registry.terraform.io/hashicorp/aws\"]",
      "instances": []
    },
    {
      "module": "module.vpcs[\"management\"]",
      "mode": "managed",
      "type": "aws_subnet",
      "name": "public",
      "provider": "provider[\"registry.terraform.io/hashicorp/aws\"]",
      "instances": [
        {
          "index_key": "10.3.1.0/24",
          "schema_version": 1,
          "attributes": {
            "arn": "arn:aws:ec2:eu-west-2:463470963000:subnet/subnet-0c3af30b443f245a1",
            "assign_ipv6_address_on_creation": false,
            "availability_zone": "eu-west-2a",
            "availability_zone_id": "euw2-az2",
            "cidr_block": "10.3.1.0/24",
            "customer_owned_ipv4_pool": "",
            "enable_dns64": false,
            "enable_lni_at_device_index": 0,
            "enable_resource_name_dns_a_record_on_launch": false,
            "enable_resource_name_dns_aaaa_record_on_launch": false,
            "id": "subnet-0c3af30b443f245a1",
            "ipv6_cidr_block": "",
            "ipv6_cidr_block_association_id": "",
            "ipv6_native": false,
            "map_customer_owned_ip_on_launch": false,
            "map_public_ip_on_launch": false,
            "outpost_arn": "",
            "owner_id": "463470963000",
            "private_dns_hostname_type_on_launch": "ip-name",
            "tags": {
              "Environment": "Dev",
              "Name": "management-public-10.3.1.0/24",
              "Project": "Global Bank Migration",
              "Terraform": "true"
            },
            "tags_all": {
              "Environment": "Dev",
              "Name": "management-public-10.3.1.0/24",
              "Project": "Global Bank Migration",
              "Terraform": "true"
            },
            "timeouts": null,
            "vpc_id": "vpc-07e605cbb0bf496d2"
          },
          "sensitive_attributes": [],
          "private": "eyJlMmJmYjczMC1lY2FhLTExZTYtOGY4OC0zNDM2M2JjN2M0YzAiOnsiY3JlYXRlIjo2MDAwMDAwMDAwMDAsImRlbGV0ZSI6MTIwMDAwMDAwMDAwMH0sInNjaGVtYV92ZXJzaW9uIjoiMSJ9",
          "dependencies": [
            "module.vpcs.aws_vpc.main"
          ],
          "create_before_destroy": true
        },
        {
          "index_key": "10.3.3.0/24",
          "schema_version": 1,
          "attributes": {
            "arn": "arn:aws:ec2:eu-west-2:463470963000:subnet/subnet-0e34beab86f929435",
            "assign_ipv6_address_on_creation": false,
            "availability_zone": "eu-west-2b",
            "availability_zone_id": "euw2-az3",
            "cidr_block": "10.3.3.0/24",
            "customer_owned_ipv4_pool": "",
            "enable_dns64": false,
            "enable_lni_at_device_index": 0,
            "enable_resource_name_dns_a_record_on_launch": false,
            "enable_resource_name_dns_aaaa_record_on_launch": false,
            "id": "subnet-0e34beab86f929435",
            "ipv6_cidr_block": "",
            "ipv6_cidr_block_association_id": "",
            "ipv6_native": false,
            "map_customer_owned_ip_on_launch": false,
            "map_public_ip_on_launch": false,
            "outpost_arn": "",
            "owner_id": "463470963000",
            "private_dns_hostname_type_on_launch": "ip-name",
            "tags": {
              "Environment": "Dev",
              "Name": "management-public-10.3.3.0/24",
              "Project": "Global Bank Migration",
              "Terraform": "true"
            },
            "tags_all": {
              "Environment": "Dev",
              "Name": "management-public-10.3.3.0/24",
              "Project": "Global Bank Migration",
              "Terraform": "true"
            },
            "timeouts": null,
            "vpc_id": "vpc-07e605cbb0bf496d2"
          },
          "sensitive_attributes": [],
          "private": "eyJlMmJmYjczMC1lY2FhLTExZTYtOGY4OC0zNDM2M2JjN2M0YzAiOnsiY3JlYXRlIjo2MDAwMDAwMDAwMDAsImRlbGV0ZSI6MTIwMDAwMDAwMDAwMH0sInNjaGVtYV92ZXJzaW9uIjoiMSJ9",
          "dependencies": [
            "module.vpcs.aws_vpc.main"
          ],
          "create_before_destroy": true
        }
      ]
    },
    {
      "module": "module.vpcs[\"management\"]",
      "mode": "managed",
      "type": "aws_vpc",
      "name": "main",
      "provider": "provider[\"registry.terraform.io/hashicorp/aws\"]",
      "instances": [
        {
          "schema_version": 1,
          "attributes": {
            "arn": "arn:aws:ec2:eu-west-2:463470963000:vpc/vpc-07e605cbb0bf496d2",
            "assign_generated_ipv6_cidr_block": false,
            "cidr_block": "10.3.0.0/16",
            "default_network_acl_id": "acl-0a8cc80f93e791f50",
            "default_route_table_id": "rtb-00df76a74db9231da",
            "default_security_group_id": "sg-04254681f6be1c1f2",
            "dhcp_options_id": "dopt-0ff17d7f379be5815",
            "enable_dns_hostnames": true,
            "enable_dns_support": true,
            "enable_network_address_usage_metrics": false,
            "id": "vpc-07e605cbb0bf496d2",
            "instance_tenancy": "default",
            "ipv4_ipam_pool_id": null,
            "ipv4_netmask_length": null,
            "ipv6_association_id": "",
            "ipv6_cidr_block": "",
            "ipv6_cidr_block_network_border_group": "",
            "ipv6_ipam_pool_id": "",
            "ipv6_netmask_length": 0,
            "main_route_table_id": "rtb-00df76a74db9231da",
            "owner_id": "463470963000",
            "tags": {
              "Environment": "Dev",
              "Project": "Global Bank Migration",
              "Terraform": "true"
            },
            "tags_all": {
              "Environment": "Dev",
              "Project": "Global Bank Migration",
              "Terraform": "true"
            }
          },
          "sensitive_attributes": [],
          "private": "eyJzY2hlbWFfdmVyc2lvbiI6IjEifQ==",
          "create_before_destroy": true
        }
      ]
    },
    {
      "module": "module.vpcs[\"management\"]",
      "mode": "managed",
      "type": "aws_vpc_endpoint",
      "name": "dynamodb",
      "provider": "provider[\"registry.terraform.io/hashicorp/aws\"]",
      "instances": []
    },
    {
      "module": "module.vpcs[\"management\"]",
      "mode": "managed",
      "type": "aws_vpc_endpoint",
      "name": "s3",
      "provider": "provider[\"registry.terraform.io/hashicorp/aws\"]",
      "instances": []
    },
    {
      "module": "module.vpcs[\"production\"]",
      "mode": "managed",
      "type": "aws_dx_gateway",
      "name": "main",
      "provider": "provider[\"registry.terraform.io/hashicorp/aws\"]",
      "instances": [
        {
          "schema_version": 0,
          "attributes": {
            "amazon_side_asn": "64512",
            "id": "8573097a-aa10-4f25-bdc7-0b25bdaa6138",
            "name": "main-dxgw",
            "owner_account_id": "463470963000",
            "timeouts": null
          },
          "sensitive_attributes": [],
          "private": "eyJlMmJmYjczMC1lY2FhLTExZTYtOGY4OC0zNDM2M2JjN2M0YzAiOnsiY3JlYXRlIjo2MDAwMDAwMDAwMDAsImRlbGV0ZSI6NjAwMDAwMDAwMDAwfX0="
        }
      ]
    },
    {
      "module": "module.vpcs[\"production\"]",
      "mode": "managed",
      "type": "aws_dx_gateway_association",
      "name": "main",
      "provider": "provider[\"registry.terraform.io/hashicorp/aws\"]",
      "instances": [
        {
          "schema_version": 1,
          "attributes": {
            "allowed_prefixes": [
              "192.132.0.0/16",
              "192.168.1.0/24"
            ],
            "associated_gateway_id": "tgw-00aa32a334720d8ed",
            "associated_gateway_owner_account_id": "463470963000",
            "associated_gateway_type": "transitGateway",
            "dx_gateway_association_id": "2acb64b7-a4ff-4b0f-8998-058b898fab34",
            "dx_gateway_id": "8573097a-aa10-4f25-bdc7-0b25bdaa6138",
            "dx_gateway_owner_account_id": "463470963000",
            "id": "ga-8573097a-aa10-4f25-bdc7-0b25bdaa6138tgw-00aa32a334720d8ed",
            "proposal_id": null,
            "timeouts": null,
            "vpn_gateway_id": null
          },
          "sensitive_attributes": [],
          "private": "eyJlMmJmYjczMC1lY2FhLTExZTYtOGY4OC0zNDM2M2JjN2M0YzAiOnsiY3JlYXRlIjoxODAwMDAwMDAwMDAwLCJkZWxldGUiOjE4MDAwMDAwMDAwMDAsInVwZGF0ZSI6MTgwMDAwMDAwMDAwMH0sInNjaGVtYV92ZXJzaW9uIjoiMSJ9",
          "dependencies": [
            "aws_ec2_transit_gateway.main",
            "module.vpcs.aws_dx_gateway.main"
          ]
        }
      ]
    },
    {
      "module": "module.vpcs[\"production\"]",
      "mode": "managed",
      "type": "aws_ec2_transit_gateway_vpc_attachment",
      "name": "vpc_attachment",
      "provider": "provider[\"registry.terraform.io/hashicorp/aws\"]",
      "instances": [
        {
          "schema_version": 0,
          "attributes": {
            "appliance_mode_support": "disable",
            "dns_support": "enable",
            "id": "tgw-attach-0b1218a31521038bf",
            "ipv6_support": "disable",
            "subnet_ids": [
              "subnet-0a17621573cb7594e",
              "subnet-0d7f9144a58eddf7a"
            ],
            "tags": {
              "Environment": "Dev",
              "Name": "production-tgw-attachment",
              "Project": "Global Bank Migration",
              "Terraform": "true"
            },
            "tags_all": {
              "Environment": "Dev",
              "Name": "production-tgw-attachment",
              "Project": "Global Bank Migration",
              "Terraform": "true"
            },
            "transit_gateway_default_route_table_association": true,
            "transit_gateway_default_route_table_propagation": true,
            "transit_gateway_id": "tgw-00aa32a334720d8ed",
            "vpc_id": "vpc-0e7125758c70e0a93",
            "vpc_owner_id": "463470963000"
          },
          "sensitive_attributes": [],
          "private": "bnVsbA==",
          "dependencies": [
            "aws_ec2_transit_gateway.main",
            "module.vpcs.aws_subnet.private",
            "module.vpcs.aws_subnet.public",
            "module.vpcs.aws_vpc.main"
          ]
        }
      ]
    },
    {
      "module": "module.vpcs[\"production\"]",
      "mode": "managed",
      "type": "aws_eip",
      "name": "nat",
      "provider": "provider[\"registry.terraform.io/hashicorp/aws\"]",
      "instances": [
        {
          "index_key": "10.1.1.0/24",
          "schema_version": 0,
          "attributes": {
            "address": null,
            "allocation_id": "eipalloc-031a7b3c212e07457",
            "arn": "arn:aws:ec2:eu-west-2:463470963000:elastic-ip/eipalloc-031a7b3c212e07457",
            "associate_with_private_ip": null,
            "association_id": "",
            "carrier_ip": "",
            "customer_owned_ip": "",
            "customer_owned_ipv4_pool": "",
            "domain": "vpc",
            "id": "eipalloc-031a7b3c212e07457",
            "instance": "",
            "network_border_group": "eu-west-2",
            "network_interface": "",
            "private_dns": null,
            "private_ip": "",
            "ptr_record": "",
            "public_dns": "ec2-18-175-4-111.eu-west-2.compute.amazonaws.com",
            "public_ip": "18.175.4.111",
            "public_ipv4_pool": "amazon",
            "tags": null,
            "tags_all": {},
            "timeouts": null,
            "vpc": true
          },
          "sensitive_attributes": [],
          "private": "eyJlMmJmYjczMC1lY2FhLTExZTYtOGY4OC0zNDM2M2JjN2M0YzAiOnsiZGVsZXRlIjoxODAwMDAwMDAwMDAsInJlYWQiOjkwMDAwMDAwMDAwMCwidXBkYXRlIjozMDAwMDAwMDAwMDB9fQ=="
        },
        {
          "index_key": "10.1.3.0/24",
          "schema_version": 0,
          "attributes": {
            "address": null,
            "allocation_id": "eipalloc-00d34a3d18d7ccb32",
            "arn": "arn:aws:ec2:eu-west-2:463470963000:elastic-ip/eipalloc-00d34a3d18d7ccb32",
            "associate_with_private_ip": null,
            "association_id": "",
            "carrier_ip": "",
            "customer_owned_ip": "",
            "customer_owned_ipv4_pool": "",
            "domain": "vpc",
            "id": "eipalloc-00d34a3d18d7ccb32",
            "instance": "",
            "network_border_group": "eu-west-2",
            "network_interface": "",
            "private_dns": null,
            "private_ip": "",
            "ptr_record": "",
            "public_dns": "ec2-18-130-131-90.eu-west-2.compute.amazonaws.com",
            "public_ip": "18.130.131.90",
            "public_ipv4_pool": "amazon",
            "tags": null,
            "tags_all": {},
            "timeouts": null,
            "vpc": true
          },
          "sensitive_attributes": [],
          "private": "eyJlMmJmYjczMC1lY2FhLTExZTYtOGY4OC0zNDM2M2JjN2M0YzAiOnsiZGVsZXRlIjoxODAwMDAwMDAwMDAsInJlYWQiOjkwMDAwMDAwMDAwMCwidXBkYXRlIjozMDAwMDAwMDAwMDB9fQ=="
        }
      ]
    },
    {
      "module": "module.vpcs[\"production\"]",
      "mode": "managed",
      "type": "aws_internet_gateway",
      "name": "igw",
      "provider": "provider[\"registry.terraform.io/hashicorp/aws\"]",
      "instances": [
        {
          "index_key": 0,
          "schema_version": 0,
          "attributes": {
            "arn": "arn:aws:ec2:eu-west-2:463470963000:internet-gateway/igw-09943322c4c22c93d",
            "id": "igw-09943322c4c22c93d",
            "owner_id": "463470963000",
            "tags": {
              "Environment": "Dev",
              "Name": "production-igw",
              "Project": "Global Bank Migration",
              "Terraform": "true"
            },
            "tags_all": {
              "Environment": "Dev",
              "Name": "production-igw",
              "Project": "Global Bank Migration",
              "Terraform": "true"
            },
            "timeouts": null,
            "vpc_id": "vpc-0e7125758c70e0a93"
          },
          "sensitive_attributes": [],
          "private": "eyJlMmJmYjczMC1lY2FhLTExZTYtOGY4OC0zNDM2M2JjN2M0YzAiOnsiY3JlYXRlIjoxMjAwMDAwMDAwMDAwLCJkZWxldGUiOjEyMDAwMDAwMDAwMDAsInVwZGF0ZSI6MTIwMDAwMDAwMDAwMH19",
          "dependencies": [
            "module.vpcs.aws_vpc.main"
          ]
        }
      ]
    },
    {
      "module": "module.vpcs[\"production\"]",
      "mode": "managed",
      "type": "aws_nat_gateway",
      "name": "nat",
      "provider": "provider[\"registry.terraform.io/hashicorp/aws\"]",
      "instances": [
        {
          "index_key": "10.1.1.0/24",
          "schema_version": 0,
          "attributes": {
            "allocation_id": "eipalloc-031a7b3c212e07457",
            "association_id": "eipassoc-024df4a2c0710debd",
            "connectivity_type": "public",
            "id": "nat-0d79b7d8e462219f8",
            "network_interface_id": "eni-0630401a0e4efd510",
            "private_ip": "10.1.1.184",
            "public_ip": "18.175.4.111",
            "secondary_allocation_ids": null,
            "secondary_private_ip_address_count": 0,
            "secondary_private_ip_addresses": [],
            "subnet_id": "subnet-028c5566eda7198ba",
            "tags": null,
            "tags_all": {},
            "timeouts": null
          },
          "sensitive_attributes": [],
          "private": "eyJlMmJmYjczMC1lY2FhLTExZTYtOGY4OC0zNDM2M2JjN2M0YzAiOnsiY3JlYXRlIjo2MDAwMDAwMDAwMDAsImRlbGV0ZSI6MTgwMDAwMDAwMDAwMCwidXBkYXRlIjo2MDAwMDAwMDAwMDB9fQ==",
          "dependencies": [
            "module.vpcs.aws_eip.nat",
            "module.vpcs.aws_subnet.public",
            "module.vpcs.aws_vpc.main"
          ]
        },
        {
          "index_key": "10.1.3.0/24",
          "schema_version": 0,
          "attributes": {
            "allocation_id": "eipalloc-00d34a3d18d7ccb32",
            "association_id": "eipassoc-00d496f6965646b20",
            "connectivity_type": "public",
            "id": "nat-06a2a142f052a0d69",
            "network_interface_id": "eni-012191450960e0cb7",
            "private_ip": "10.1.3.135",
            "public_ip": "18.130.131.90",
            "secondary_allocation_ids": null,
            "secondary_private_ip_address_count": 0,
            "secondary_private_ip_addresses": [],
            "subnet_id": "subnet-0f87937c93b4ae5c8",
            "tags": null,
            "tags_all": {},
            "timeouts": null
          },
          "sensitive_attributes": [],
          "private": "eyJlMmJmYjczMC1lY2FhLTExZTYtOGY4OC0zNDM2M2JjN2M0YzAiOnsiY3JlYXRlIjo2MDAwMDAwMDAwMDAsImRlbGV0ZSI6MTgwMDAwMDAwMDAwMCwidXBkYXRlIjo2MDAwMDAwMDAwMDB9fQ==",
          "dependencies": [
            "module.vpcs.aws_eip.nat",
            "module.vpcs.aws_subnet.public",
            "module.vpcs.aws_vpc.main"
          ]
        }
      ]
    },
    {
      "module": "module.vpcs[\"production\"]",
      "mode": "managed",
      "type": "aws_route",
      "name": "tgw_routes",
      "provider": "provider[\"registry.terraform.io/hashicorp/aws\"]",
      "instances": [
        {
          "index_key": "10.1.1.0/24-10.2.0.0-16",
          "schema_version": 0,
          "attributes": {
            "carrier_gateway_id": "",
            "core_network_arn": "",
            "destination_cidr_block": "10.2.0.0/16",
            "destination_ipv6_cidr_block": "",
            "destination_prefix_list_id": "",
            "egress_only_gateway_id": "",
            "gateway_id": "",
            "id": "r-rtb-0365de00f3bebefb11218385255",
            "instance_id": "",
            "instance_owner_id": "",
            "local_gateway_id": "",
            "nat_gateway_id": "",
            "network_interface_id": "",
            "origin": "CreateRoute",
            "route_table_id": "rtb-0365de00f3bebefb1",
            "state": "active",
            "timeouts": null,
            "transit_gateway_id": "tgw-00aa32a334720d8ed",
            "vpc_endpoint_id": "",
            "vpc_peering_connection_id": ""
          },
          "sensitive_attributes": [],
          "private": "eyJlMmJmYjczMC1lY2FhLTExZTYtOGY4OC0zNDM2M2JjN2M0YzAiOnsiY3JlYXRlIjozMDAwMDAwMDAwMDAsImRlbGV0ZSI6MzAwMDAwMDAwMDAwLCJ1cGRhdGUiOjEyMDAwMDAwMDAwMH19",
          "dependencies": [
            "aws_ec2_transit_gateway.main",
            "module.vpcs.aws_eip.nat",
            "module.vpcs.aws_internet_gateway.igw",
            "module.vpcs.aws_nat_gateway.nat",
            "module.vpcs.aws_route_table.private_nat",
            "module.vpcs.aws_route_table.private_no_internet",
            "module.vpcs.aws_route_table.public",
            "module.vpcs.aws_subnet.public",
            "module.vpcs.aws_vpc.main"
          ]
        },
        {
          "index_key": "10.1.1.0/24-10.3.0.0-16",
          "schema_version": 0,
          "attributes": {
            "carrier_gateway_id": "",
            "core_network_arn": "",
            "destination_cidr_block": "10.3.0.0/16",
            "destination_ipv6_cidr_block": "",
            "destination_prefix_list_id": "",
            "egress_only_gateway_id": "",
            "gateway_id": "",
            "id": "r-rtb-0365de00f3bebefb12218071545",
            "instance_id": "",
            "instance_owner_id": "",
            "local_gateway_id": "",
            "nat_gateway_id": "",
            "network_interface_id": "",
            "origin": "CreateRoute",
            "route_table_id": "rtb-0365de00f3bebefb1",
            "state": "active",
            "timeouts": null,
            "transit_gateway_id": "tgw-00aa32a334720d8ed",
            "vpc_endpoint_id": "",
            "vpc_peering_connection_id": ""
          },
          "sensitive_attributes": [],
          "private": "eyJlMmJmYjczMC1lY2FhLTExZTYtOGY4OC0zNDM2M2JjN2M0YzAiOnsiY3JlYXRlIjozMDAwMDAwMDAwMDAsImRlbGV0ZSI6MzAwMDAwMDAwMDAwLCJ1cGRhdGUiOjEyMDAwMDAwMDAwMH19",
          "dependencies": [
            "aws_ec2_transit_gateway.main",
            "module.vpcs.aws_eip.nat",
            "module.vpcs.aws_internet_gateway.igw",
            "module.vpcs.aws_nat_gateway.nat",
            "module.vpcs.aws_route_table.private_nat",
            "module.vpcs.aws_route_table.private_no_internet",
            "module.vpcs.aws_route_table.public",
            "module.vpcs.aws_subnet.public",
            "module.vpcs.aws_vpc.main"
          ]
        },
        {
          "index_key": "10.1.1.0/24-10.4.0.0-16",
          "schema_version": 0,
          "attributes": {
            "carrier_gateway_id": "",
            "core_network_arn": "",
            "destination_cidr_block": "10.4.0.0/16",
            "destination_ipv6_cidr_block": "",
            "destination_prefix_list_id": "",
            "egress_only_gateway_id": "",
            "gateway_id": "",
            "id": "r-rtb-0365de00f3bebefb12398100704",
            "instance_id": "",
            "instance_owner_id": "",
            "local_gateway_id": "",
            "nat_gateway_id": "",
            "network_interface_id": "",
            "origin": "CreateRoute",
            "route_table_id": "rtb-0365de00f3bebefb1",
            "state": "active",
            "timeouts": null,
            "transit_gateway_id": "tgw-00aa32a334720d8ed",
            "vpc_endpoint_id": "",
            "vpc_peering_connection_id": ""
          },
          "sensitive_attributes": [],
          "private": "eyJlMmJmYjczMC1lY2FhLTExZTYtOGY4OC0zNDM2M2JjN2M0YzAiOnsiY3JlYXRlIjozMDAwMDAwMDAwMDAsImRlbGV0ZSI6MzAwMDAwMDAwMDAwLCJ1cGRhdGUiOjEyMDAwMDAwMDAwMH19",
          "dependencies": [
            "aws_ec2_transit_gateway.main",
            "module.vpcs.aws_eip.nat",
            "module.vpcs.aws_internet_gateway.igw",
            "module.vpcs.aws_nat_gateway.nat",
            "module.vpcs.aws_route_table.private_nat",
            "module.vpcs.aws_route_table.private_no_internet",
            "module.vpcs.aws_route_table.public",
            "module.vpcs.aws_subnet.public",
            "module.vpcs.aws_vpc.main"
          ]
        },
        {
          "index_key": "10.1.2.0/24-10.2.0.0-16",
          "schema_version": 0,
          "attributes": {
            "carrier_gateway_id": "",
            "core_network_arn": "",
            "destination_cidr_block": "10.2.0.0/16",
            "destination_ipv6_cidr_block": "",
            "destination_prefix_list_id": "",
            "egress_only_gateway_id": "",
            "gateway_id": "",
            "id": "r-rtb-0da91663c795187041218385255",
            "instance_id": "",
            "instance_owner_id": "",
            "local_gateway_id": "",
            "nat_gateway_id": "",
            "network_interface_id": "",
            "origin": "CreateRoute",
            "route_table_id": "rtb-0da91663c79518704",
            "state": "active",
            "timeouts": null,
            "transit_gateway_id": "tgw-00aa32a334720d8ed",
            "vpc_endpoint_id": "",
            "vpc_peering_connection_id": ""
          },
          "sensitive_attributes": [],
          "private": "eyJlMmJmYjczMC1lY2FhLTExZTYtOGY4OC0zNDM2M2JjN2M0YzAiOnsiY3JlYXRlIjozMDAwMDAwMDAwMDAsImRlbGV0ZSI6MzAwMDAwMDAwMDAwLCJ1cGRhdGUiOjEyMDAwMDAwMDAwMH19",
          "dependencies": [
            "aws_ec2_transit_gateway.main",
            "module.vpcs.aws_eip.nat",
            "module.vpcs.aws_internet_gateway.igw",
            "module.vpcs.aws_nat_gateway.nat",
            "module.vpcs.aws_route_table.private_nat",
            "module.vpcs.aws_route_table.private_no_internet",
            "module.vpcs.aws_route_table.public",
            "module.vpcs.aws_subnet.public",
            "module.vpcs.aws_vpc.main"
          ]
        },
        {
          "index_key": "10.1.2.0/24-10.3.0.0-16",
          "schema_version": 0,
          "attributes": {
            "carrier_gateway_id": "",
            "core_network_arn": "",
            "destination_cidr_block": "10.3.0.0/16",
            "destination_ipv6_cidr_block": "",
            "destination_prefix_list_id": "",
            "egress_only_gateway_id": "",
            "gateway_id": "",
            "id": "r-rtb-0da91663c795187042218071545",
            "instance_id": "",
            "instance_owner_id": "",
            "local_gateway_id": "",
            "nat_gateway_id": "",
            "network_interface_id": "",
            "origin": "CreateRoute",
            "route_table_id": "rtb-0da91663c79518704",
            "state": "active",
            "timeouts": null,
            "transit_gateway_id": "tgw-00aa32a334720d8ed",
            "vpc_endpoint_id": "",
            "vpc_peering_connection_id": ""
          },
          "sensitive_attributes": [],
          "private": "eyJlMmJmYjczMC1lY2FhLTExZTYtOGY4OC0zNDM2M2JjN2M0YzAiOnsiY3JlYXRlIjozMDAwMDAwMDAwMDAsImRlbGV0ZSI6MzAwMDAwMDAwMDAwLCJ1cGRhdGUiOjEyMDAwMDAwMDAwMH19",
          "dependencies": [
            "aws_ec2_transit_gateway.main",
            "module.vpcs.aws_eip.nat",
            "module.vpcs.aws_internet_gateway.igw",
            "module.vpcs.aws_nat_gateway.nat",
            "module.vpcs.aws_route_table.private_nat",
            "module.vpcs.aws_route_table.private_no_internet",
            "module.vpcs.aws_route_table.public",
            "module.vpcs.aws_subnet.public",
            "module.vpcs.aws_vpc.main"
          ]
        },
        {
          "index_key": "10.1.2.0/24-10.4.0.0-16",
          "schema_version": 0,
          "attributes": {
            "carrier_gateway_id": "",
            "core_network_arn": "",
            "destination_cidr_block": "10.4.0.0/16",
            "destination_ipv6_cidr_block": "",
            "destination_prefix_list_id": "",
            "egress_only_gateway_id": "",
            "gateway_id": "",
            "id": "r-rtb-0da91663c795187042398100704",
            "instance_id": "",
            "instance_owner_id": "",
            "local_gateway_id": "",
            "nat_gateway_id": "",
            "network_interface_id": "",
            "origin": "CreateRoute",
            "route_table_id": "rtb-0da91663c79518704",
            "state": "active",
            "timeouts": null,
            "transit_gateway_id": "tgw-00aa32a334720d8ed",
            "vpc_endpoint_id": "",
            "vpc_peering_connection_id": ""
          },
          "sensitive_attributes": [],
          "private": "eyJlMmJmYjczMC1lY2FhLTExZTYtOGY4OC0zNDM2M2JjN2M0YzAiOnsiY3JlYXRlIjozMDAwMDAwMDAwMDAsImRlbGV0ZSI6MzAwMDAwMDAwMDAwLCJ1cGRhdGUiOjEyMDAwMDAwMDAwMH19",
          "dependencies": [
            "aws_ec2_transit_gateway.main",
            "module.vpcs.aws_eip.nat",
            "module.vpcs.aws_internet_gateway.igw",
            "module.vpcs.aws_nat_gateway.nat",
            "module.vpcs.aws_route_table.private_nat",
            "module.vpcs.aws_route_table.private_no_internet",
            "module.vpcs.aws_route_table.public",
            "module.vpcs.aws_subnet.public",
            "module.vpcs.aws_vpc.main"
          ]
        },
        {
          "index_key": "10.1.3.0/24-10.2.0.0-16",
          "schema_version": 0,
          "attributes": {
            "carrier_gateway_id": "",
            "core_network_arn": "",
            "destination_cidr_block": "10.2.0.0/16",
            "destination_ipv6_cidr_block": "",
            "destination_prefix_list_id": "",
            "egress_only_gateway_id": "",
            "gateway_id": "",
            "id": "r-rtb-03f4937ab0ec3de721218385255",
            "instance_id": "",
            "instance_owner_id": "",
            "local_gateway_id": "",
            "nat_gateway_id": "",
            "network_interface_id": "",
            "origin": "CreateRoute",
            "route_table_id": "rtb-03f4937ab0ec3de72",
            "state": "active",
            "timeouts": null,
            "transit_gateway_id": "tgw-00aa32a334720d8ed",
            "vpc_endpoint_id": "",
            "vpc_peering_connection_id": ""
          },
          "sensitive_attributes": [],
          "private": "eyJlMmJmYjczMC1lY2FhLTExZTYtOGY4OC0zNDM2M2JjN2M0YzAiOnsiY3JlYXRlIjozMDAwMDAwMDAwMDAsImRlbGV0ZSI6MzAwMDAwMDAwMDAwLCJ1cGRhdGUiOjEyMDAwMDAwMDAwMH19",
          "dependencies": [
            "aws_ec2_transit_gateway.main",
            "module.vpcs.aws_eip.nat",
            "module.vpcs.aws_internet_gateway.igw",
            "module.vpcs.aws_nat_gateway.nat",
            "module.vpcs.aws_route_table.private_nat",
            "module.vpcs.aws_route_table.private_no_internet",
            "module.vpcs.aws_route_table.public",
            "module.vpcs.aws_subnet.public",
            "module.vpcs.aws_vpc.main"
          ]
        },
        {
          "index_key": "10.1.3.0/24-10.3.0.0-16",
          "schema_version": 0,
          "attributes": {
            "carrier_gateway_id": "",
            "core_network_arn": "",
            "destination_cidr_block": "10.3.0.0/16",
            "destination_ipv6_cidr_block": "",
            "destination_prefix_list_id": "",
            "egress_only_gateway_id": "",
            "gateway_id": "",
            "id": "r-rtb-03f4937ab0ec3de722218071545",
            "instance_id": "",
            "instance_owner_id": "",
            "local_gateway_id": "",
            "nat_gateway_id": "",
            "network_interface_id": "",
            "origin": "CreateRoute",
            "route_table_id": "rtb-03f4937ab0ec3de72",
            "state": "active",
            "timeouts": null,
            "transit_gateway_id": "tgw-00aa32a334720d8ed",
            "vpc_endpoint_id": "",
            "vpc_peering_connection_id": ""
          },
          "sensitive_attributes": [],
          "private": "eyJlMmJmYjczMC1lY2FhLTExZTYtOGY4OC0zNDM2M2JjN2M0YzAiOnsiY3JlYXRlIjozMDAwMDAwMDAwMDAsImRlbGV0ZSI6MzAwMDAwMDAwMDAwLCJ1cGRhdGUiOjEyMDAwMDAwMDAwMH19",
          "dependencies": [
            "aws_ec2_transit_gateway.main",
            "module.vpcs.aws_eip.nat",
            "module.vpcs.aws_internet_gateway.igw",
            "module.vpcs.aws_nat_gateway.nat",
            "module.vpcs.aws_route_table.private_nat",
            "module.vpcs.aws_route_table.private_no_internet",
            "module.vpcs.aws_route_table.public",
            "module.vpcs.aws_subnet.public",
            "module.vpcs.aws_vpc.main"
          ]
        },
        {
          "index_key": "10.1.3.0/24-10.4.0.0-16",
          "schema_version": 0,
          "attributes": {
            "carrier_gateway_id": "",
            "core_network_arn": "",
            "destination_cidr_block": "10.4.0.0/16",
            "destination_ipv6_cidr_block": "",
            "destination_prefix_list_id": "",
            "egress_only_gateway_id": "",
            "gateway_id": "",
            "id": "r-rtb-03f4937ab0ec3de722398100704",
            "instance_id": "",
            "instance_owner_id": "",
            "local_gateway_id": "",
            "nat_gateway_id": "",
            "network_interface_id": "",
            "origin": "CreateRoute",
            "route_table_id": "rtb-03f4937ab0ec3de72",
            "state": "active",
            "timeouts": null,
            "transit_gateway_id": "tgw-00aa32a334720d8ed",
            "vpc_endpoint_id": "",
            "vpc_peering_connection_id": ""
          },
          "sensitive_attributes": [],
          "private": "eyJlMmJmYjczMC1lY2FhLTExZTYtOGY4OC0zNDM2M2JjN2M0YzAiOnsiY3JlYXRlIjozMDAwMDAwMDAwMDAsImRlbGV0ZSI6MzAwMDAwMDAwMDAwLCJ1cGRhdGUiOjEyMDAwMDAwMDAwMH19",
          "dependencies": [
            "aws_ec2_transit_gateway.main",
            "module.vpcs.aws_eip.nat",
            "module.vpcs.aws_internet_gateway.igw",
            "module.vpcs.aws_nat_gateway.nat",
            "module.vpcs.aws_route_table.private_nat",
            "module.vpcs.aws_route_table.private_no_internet",
            "module.vpcs.aws_route_table.public",
            "module.vpcs.aws_subnet.public",
            "module.vpcs.aws_vpc.main"
          ]
        },
        {
          "index_key": "10.1.4.0/24-10.2.0.0-16",
          "schema_version": 0,
          "attributes": {
            "carrier_gateway_id": "",
            "core_network_arn": "",
            "destination_cidr_block": "10.2.0.0/16",
            "destination_ipv6_cidr_block": "",
            "destination_prefix_list_id": "",
            "egress_only_gateway_id": "",
            "gateway_id": "",
            "id": "r-rtb-0afc032a6ea3a11241218385255",
            "instance_id": "",
            "instance_owner_id": "",
            "local_gateway_id": "",
            "nat_gateway_id": "",
            "network_interface_id": "",
            "origin": "CreateRoute",
            "route_table_id": "rtb-0afc032a6ea3a1124",
            "state": "active",
            "timeouts": null,
            "transit_gateway_id": "tgw-00aa32a334720d8ed",
            "vpc_endpoint_id": "",
            "vpc_peering_connection_id": ""
          },
          "sensitive_attributes": [],
          "private": "eyJlMmJmYjczMC1lY2FhLTExZTYtOGY4OC0zNDM2M2JjN2M0YzAiOnsiY3JlYXRlIjozMDAwMDAwMDAwMDAsImRlbGV0ZSI6MzAwMDAwMDAwMDAwLCJ1cGRhdGUiOjEyMDAwMDAwMDAwMH19",
          "dependencies": [
            "aws_ec2_transit_gateway.main",
            "module.vpcs.aws_eip.nat",
            "module.vpcs.aws_internet_gateway.igw",
            "module.vpcs.aws_nat_gateway.nat",
            "module.vpcs.aws_route_table.private_nat",
            "module.vpcs.aws_route_table.private_no_internet",
            "module.vpcs.aws_route_table.public",
            "module.vpcs.aws_subnet.public",
            "module.vpcs.aws_vpc.main"
          ]
        },
        {
          "index_key": "10.1.4.0/24-10.3.0.0-16",
          "schema_version": 0,
          "attributes": {
            "carrier_gateway_id": "",
            "core_network_arn": "",
            "destination_cidr_block": "10.3.0.0/16",
            "destination_ipv6_cidr_block": "",
            "destination_prefix_list_id": "",
            "egress_only_gateway_id": "",
            "gateway_id": "",
            "id": "r-rtb-0afc032a6ea3a11242218071545",
            "instance_id": "",
            "instance_owner_id": "",
            "local_gateway_id": "",
            "nat_gateway_id": "",
            "network_interface_id": "",
            "origin": "CreateRoute",
            "route_table_id": "rtb-0afc032a6ea3a1124",
            "state": "active",
            "timeouts": null,
            "transit_gateway_id": "tgw-00aa32a334720d8ed",
            "vpc_endpoint_id": "",
            "vpc_peering_connection_id": ""
          },
          "sensitive_attributes": [],
          "private": "eyJlMmJmYjczMC1lY2FhLTExZTYtOGY4OC0zNDM2M2JjN2M0YzAiOnsiY3JlYXRlIjozMDAwMDAwMDAwMDAsImRlbGV0ZSI6MzAwMDAwMDAwMDAwLCJ1cGRhdGUiOjEyMDAwMDAwMDAwMH19",
          "dependencies": [
            "aws_ec2_transit_gateway.main",
            "module.vpcs.aws_eip.nat",
            "module.vpcs.aws_internet_gateway.igw",
            "module.vpcs.aws_nat_gateway.nat",
            "module.vpcs.aws_route_table.private_nat",
            "module.vpcs.aws_route_table.private_no_internet",
            "module.vpcs.aws_route_table.public",
            "module.vpcs.aws_subnet.public",
            "module.vpcs.aws_vpc.main"
          ]
        },
        {
          "index_key": "10.1.4.0/24-10.4.0.0-16",
          "schema_version": 0,
          "attributes": {
            "carrier_gateway_id": "",
            "core_network_arn": "",
            "destination_cidr_block": "10.4.0.0/16",
            "destination_ipv6_cidr_block": "",
            "destination_prefix_list_id": "",
            "egress_only_gateway_id": "",
            "gateway_id": "",
            "id": "r-rtb-0afc032a6ea3a11242398100704",
            "instance_id": "",
            "instance_owner_id": "",
            "local_gateway_id": "",
            "nat_gateway_id": "",
            "network_interface_id": "",
            "origin": "CreateRoute",
            "route_table_id": "rtb-0afc032a6ea3a1124",
            "state": "active",
            "timeouts": null,
            "transit_gateway_id": "tgw-00aa32a334720d8ed",
            "vpc_endpoint_id": "",
            "vpc_peering_connection_id": ""
          },
          "sensitive_attributes": [],
          "private": "eyJlMmJmYjczMC1lY2FhLTExZTYtOGY4OC0zNDM2M2JjN2M0YzAiOnsiY3JlYXRlIjozMDAwMDAwMDAwMDAsImRlbGV0ZSI6MzAwMDAwMDAwMDAwLCJ1cGRhdGUiOjEyMDAwMDAwMDAwMH19",
          "dependencies": [
            "aws_ec2_transit_gateway.main",
            "module.vpcs.aws_eip.nat",
            "module.vpcs.aws_internet_gateway.igw",
            "module.vpcs.aws_nat_gateway.nat",
            "module.vpcs.aws_route_table.private_nat",
            "module.vpcs.aws_route_table.private_no_internet",
            "module.vpcs.aws_route_table.public",
            "module.vpcs.aws_subnet.public",
            "module.vpcs.aws_vpc.main"
          ]
        }
      ]
    },
    {
      "module": "module.vpcs[\"production\"]",
      "mode": "managed",
      "type": "aws_route_table",
      "name": "private_nat",
      "provider": "provider[\"registry.terraform.io/hashicorp/aws\"]",
      "instances": [
        {
          "index_key": "10.1.2.0/24",
          "schema_version": 0,
          "attributes": {
            "arn": "arn:aws:ec2:eu-west-2:463470963000:route-table/rtb-0da91663c79518704",
            "id": "rtb-0da91663c79518704",
            "owner_id": "463470963000",
            "propagating_vgws": [],
            "route": [
              {
                "carrier_gateway_id": "",
                "cidr_block": "0.0.0.0/0",
                "core_network_arn": "",
                "destination_prefix_list_id": "",
                "egress_only_gateway_id": "",
                "gateway_id": "",
                "ipv6_cidr_block": "",
                "local_gateway_id": "",
                "nat_gateway_id": "nat-0d79b7d8e462219f8",
                "network_interface_id": "",
                "transit_gateway_id": "",
                "vpc_endpoint_id": "",
                "vpc_peering_connection_id": ""
              },
              {
                "carrier_gateway_id": "",
                "cidr_block": "10.0.0.0/8",
                "core_network_arn": "",
                "destination_prefix_list_id": "",
                "egress_only_gateway_id": "",
                "gateway_id": "",
                "ipv6_cidr_block": "",
                "local_gateway_id": "",
                "nat_gateway_id": "",
                "network_interface_id": "",
                "transit_gateway_id": "tgw-00aa32a334720d8ed",
                "vpc_endpoint_id": "",
                "vpc_peering_connection_id": ""
              },
              {
                "carrier_gateway_id": "",
                "cidr_block": "172.16.0.0/12",
                "core_network_arn": "",
                "destination_prefix_list_id": "",
                "egress_only_gateway_id": "",
                "gateway_id": "",
                "ipv6_cidr_block": "",
                "local_gateway_id": "",
                "nat_gateway_id": "",
                "network_interface_id": "",
                "transit_gateway_id": "tgw-00aa32a334720d8ed",
                "vpc_endpoint_id": "",
                "vpc_peering_connection_id": ""
              }
            ],
            "tags": {
              "Environment": "Dev",
              "Name": "production-private-nat-10.1.2.0/24",
              "Project": "Global Bank Migration",
              "Terraform": "true"
            },
            "tags_all": {
              "Environment": "Dev",
              "Name": "production-private-nat-10.1.2.0/24",
              "Project": "Global Bank Migration",
              "Terraform": "true"
            },
            "timeouts": null,
            "vpc_id": "vpc-0e7125758c70e0a93"
          },
          "sensitive_attributes": [],
          "private": "eyJlMmJmYjczMC1lY2FhLTExZTYtOGY4OC0zNDM2M2JjN2M0YzAiOnsiY3JlYXRlIjozMDAwMDAwMDAwMDAsImRlbGV0ZSI6MzAwMDAwMDAwMDAwLCJ1cGRhdGUiOjEyMDAwMDAwMDAwMH19",
          "dependencies": [
            "aws_ec2_transit_gateway.main",
            "module.vpcs.aws_eip.nat",
            "module.vpcs.aws_nat_gateway.nat",
            "module.vpcs.aws_subnet.public",
            "module.vpcs.aws_vpc.main"
          ]
        },
        {
          "index_key": "10.1.4.0/24",
          "schema_version": 0,
          "attributes": {
            "arn": "arn:aws:ec2:eu-west-2:463470963000:route-table/rtb-0afc032a6ea3a1124",
            "id": "rtb-0afc032a6ea3a1124",
            "owner_id": "463470963000",
            "propagating_vgws": [],
            "route": [
              {
                "carrier_gateway_id": "",
                "cidr_block": "0.0.0.0/0",
                "core_network_arn": "",
                "destination_prefix_list_id": "",
                "egress_only_gateway_id": "",
                "gateway_id": "",
                "ipv6_cidr_block": "",
                "local_gateway_id": "",
                "nat_gateway_id": "nat-0d79b7d8e462219f8",
                "network_interface_id": "",
                "transit_gateway_id": "",
                "vpc_endpoint_id": "",
                "vpc_peering_connection_id": ""
              },
              {
                "carrier_gateway_id": "",
                "cidr_block": "10.0.0.0/8",
                "core_network_arn": "",
                "destination_prefix_list_id": "",
                "egress_only_gateway_id": "",
                "gateway_id": "",
                "ipv6_cidr_block": "",
                "local_gateway_id": "",
                "nat_gateway_id": "",
                "network_interface_id": "",
                "transit_gateway_id": "tgw-00aa32a334720d8ed",
                "vpc_endpoint_id": "",
                "vpc_peering_connection_id": ""
              },
              {
                "carrier_gateway_id": "",
                "cidr_block": "172.16.0.0/12",
                "core_network_arn": "",
                "destination_prefix_list_id": "",
                "egress_only_gateway_id": "",
                "gateway_id": "",
                "ipv6_cidr_block": "",
                "local_gateway_id": "",
                "nat_gateway_id": "",
                "network_interface_id": "",
                "transit_gateway_id": "tgw-00aa32a334720d8ed",
                "vpc_endpoint_id": "",
                "vpc_peering_connection_id": ""
              }
            ],
            "tags": {
              "Environment": "Dev",
              "Name": "production-private-nat-10.1.4.0/24",
              "Project": "Global Bank Migration",
              "Terraform": "true"
            },
            "tags_all": {
              "Environment": "Dev",
              "Name": "production-private-nat-10.1.4.0/24",
              "Project": "Global Bank Migration",
              "Terraform": "true"
            },
            "timeouts": null,
            "vpc_id": "vpc-0e7125758c70e0a93"
          },
          "sensitive_attributes": [],
          "private": "eyJlMmJmYjczMC1lY2FhLTExZTYtOGY4OC0zNDM2M2JjN2M0YzAiOnsiY3JlYXRlIjozMDAwMDAwMDAwMDAsImRlbGV0ZSI6MzAwMDAwMDAwMDAwLCJ1cGRhdGUiOjEyMDAwMDAwMDAwMH19",
          "dependencies": [
            "aws_ec2_transit_gateway.main",
            "module.vpcs.aws_eip.nat",
            "module.vpcs.aws_nat_gateway.nat",
            "module.vpcs.aws_subnet.public",
            "module.vpcs.aws_vpc.main"
          ]
        }
      ]
    },
    {
      "module": "module.vpcs[\"production\"]",
      "mode": "managed",
      "type": "aws_route_table",
      "name": "private_no_internet",
      "provider": "provider[\"registry.terraform.io/hashicorp/aws\"]",
      "instances": []
    },
    {
      "module": "module.vpcs[\"production\"]",
      "mode": "managed",
      "type": "aws_route_table",
      "name": "public",
      "provider": "provider[\"registry.terraform.io/hashicorp/aws\"]",
      "instances": [
        {
          "index_key": "10.1.1.0/24",
          "schema_version": 0,
          "attributes": {
            "arn": "arn:aws:ec2:eu-west-2:463470963000:route-table/rtb-0365de00f3bebefb1",
            "id": "rtb-0365de00f3bebefb1",
            "owner_id": "463470963000",
            "propagating_vgws": [],
            "route": [
              {
                "carrier_gateway_id": "",
                "cidr_block": "0.0.0.0/0",
                "core_network_arn": "",
                "destination_prefix_list_id": "",
                "egress_only_gateway_id": "",
                "gateway_id": "igw-09943322c4c22c93d",
                "ipv6_cidr_block": "",
                "local_gateway_id": "",
                "nat_gateway_id": "",
                "network_interface_id": "",
                "transit_gateway_id": "",
                "vpc_endpoint_id": "",
                "vpc_peering_connection_id": ""
              },
              {
                "carrier_gateway_id": "",
                "cidr_block": "10.0.0.0/8",
                "core_network_arn": "",
                "destination_prefix_list_id": "",
                "egress_only_gateway_id": "",
                "gateway_id": "",
                "ipv6_cidr_block": "",
                "local_gateway_id": "",
                "nat_gateway_id": "",
                "network_interface_id": "",
                "transit_gateway_id": "tgw-00aa32a334720d8ed",
                "vpc_endpoint_id": "",
                "vpc_peering_connection_id": ""
              }
            ],
            "tags": {
              "Environment": "Dev",
              "Name": "production-public-10.1.1.0/24",
              "Project": "Global Bank Migration",
              "Terraform": "true"
            },
            "tags_all": {
              "Environment": "Dev",
              "Name": "production-public-10.1.1.0/24",
              "Project": "Global Bank Migration",
              "Terraform": "true"
            },
            "timeouts": null,
            "vpc_id": "vpc-0e7125758c70e0a93"
          },
          "sensitive_attributes": [],
          "private": "eyJlMmJmYjczMC1lY2FhLTExZTYtOGY4OC0zNDM2M2JjN2M0YzAiOnsiY3JlYXRlIjozMDAwMDAwMDAwMDAsImRlbGV0ZSI6MzAwMDAwMDAwMDAwLCJ1cGRhdGUiOjEyMDAwMDAwMDAwMH19",
          "dependencies": [
            "aws_ec2_transit_gateway.main",
            "module.vpcs.aws_internet_gateway.igw",
            "module.vpcs.aws_vpc.main"
          ]
        },
        {
          "index_key": "10.1.3.0/24",
          "schema_version": 0,
          "attributes": {
            "arn": "arn:aws:ec2:eu-west-2:463470963000:route-table/rtb-03f4937ab0ec3de72",
            "id": "rtb-03f4937ab0ec3de72",
            "owner_id": "463470963000",
            "propagating_vgws": [],
            "route": [
              {
                "carrier_gateway_id": "",
                "cidr_block": "0.0.0.0/0",
                "core_network_arn": "",
                "destination_prefix_list_id": "",
                "egress_only_gateway_id": "",
                "gateway_id": "igw-09943322c4c22c93d",
                "ipv6_cidr_block": "",
                "local_gateway_id": "",
                "nat_gateway_id": "",
                "network_interface_id": "",
                "transit_gateway_id": "",
                "vpc_endpoint_id": "",
                "vpc_peering_connection_id": ""
              },
              {
                "carrier_gateway_id": "",
                "cidr_block": "10.0.0.0/8",
                "core_network_arn": "",
                "destination_prefix_list_id": "",
                "egress_only_gateway_id": "",
                "gateway_id": "",
                "ipv6_cidr_block": "",
                "local_gateway_id": "",
                "nat_gateway_id": "",
                "network_interface_id": "",
                "transit_gateway_id": "tgw-00aa32a334720d8ed",
                "vpc_endpoint_id": "",
                "vpc_peering_connection_id": ""
              }
            ],
            "tags": {
              "Environment": "Dev",
              "Name": "production-public-10.1.3.0/24",
              "Project": "Global Bank Migration",
              "Terraform": "true"
            },
            "tags_all": {
              "Environment": "Dev",
              "Name": "production-public-10.1.3.0/24",
              "Project": "Global Bank Migration",
              "Terraform": "true"
            },
            "timeouts": null,
            "vpc_id": "vpc-0e7125758c70e0a93"
          },
          "sensitive_attributes": [],
          "private": "eyJlMmJmYjczMC1lY2FhLTExZTYtOGY4OC0zNDM2M2JjN2M0YzAiOnsiY3JlYXRlIjozMDAwMDAwMDAwMDAsImRlbGV0ZSI6MzAwMDAwMDAwMDAwLCJ1cGRhdGUiOjEyMDAwMDAwMDAwMH19",
          "dependencies": [
            "aws_ec2_transit_gateway.main",
            "module.vpcs.aws_internet_gateway.igw",
            "module.vpcs.aws_vpc.main"
          ]
        }
      ]
    },
    {
      "module": "module.vpcs[\"production\"]",
      "mode": "managed",
      "type": "aws_route_table_association",
      "name": "private",
      "provider": "provider[\"registry.terraform.io/hashicorp/aws\"]",
      "instances": [
        {
          "index_key": "10.1.2.0/24",
          "schema_version": 0,
          "attributes": {
            "gateway_id": "",
            "id": "rtbassoc-0059885a526f4c19c",
            "route_table_id": "rtb-0da91663c79518704",
            "subnet_id": "subnet-0a17621573cb7594e",
            "timeouts": null
          },
          "sensitive_attributes": [],
          "private": "eyJlMmJmYjczMC1lY2FhLTExZTYtOGY4OC0zNDM2M2JjN2M0YzAiOnsiY3JlYXRlIjozMDAwMDAwMDAwMDAsImRlbGV0ZSI6MzAwMDAwMDAwMDAwLCJ1cGRhdGUiOjEyMDAwMDAwMDAwMH19",
          "dependencies": [
            "aws_ec2_transit_gateway.main",
            "module.vpcs.aws_eip.nat",
            "module.vpcs.aws_nat_gateway.nat",
            "module.vpcs.aws_route_table.private_nat",
            "module.vpcs.aws_route_table.private_no_internet",
            "module.vpcs.aws_subnet.private",
            "module.vpcs.aws_subnet.public",
            "module.vpcs.aws_vpc.main"
          ]
        },
        {
          "index_key": "10.1.4.0/24",
          "schema_version": 0,
          "attributes": {
            "gateway_id": "",
            "id": "rtbassoc-0360fd267328bb67c",
            "route_table_id": "rtb-0afc032a6ea3a1124",
            "subnet_id": "subnet-0d7f9144a58eddf7a",
            "timeouts": null
          },
          "sensitive_attributes": [],
          "private": "eyJlMmJmYjczMC1lY2FhLTExZTYtOGY4OC0zNDM2M2JjN2M0YzAiOnsiY3JlYXRlIjozMDAwMDAwMDAwMDAsImRlbGV0ZSI6MzAwMDAwMDAwMDAwLCJ1cGRhdGUiOjEyMDAwMDAwMDAwMH19",
          "dependencies": [
            "aws_ec2_transit_gateway.main",
            "module.vpcs.aws_eip.nat",
            "module.vpcs.aws_nat_gateway.nat",
            "module.vpcs.aws_route_table.private_nat",
            "module.vpcs.aws_route_table.private_no_internet",
            "module.vpcs.aws_subnet.private",
            "module.vpcs.aws_subnet.public",
            "module.vpcs.aws_vpc.main"
          ]
        }
      ]
    },
    {
      "module": "module.vpcs[\"production\"]",
      "mode": "managed",
      "type": "aws_route_table_association",
      "name": "public",
      "provider": "provider[\"registry.terraform.io/hashicorp/aws\"]",
      "instances": [
        {
          "index_key": "10.1.1.0/24",
          "schema_version": 0,
          "attributes": {
            "gateway_id": "",
            "id": "rtbassoc-03075a47497e0b6d9",
            "route_table_id": "rtb-0365de00f3bebefb1",
            "subnet_id": "subnet-028c5566eda7198ba",
            "timeouts": null
          },
          "sensitive_attributes": [],
          "private": "eyJlMmJmYjczMC1lY2FhLTExZTYtOGY4OC0zNDM2M2JjN2M0YzAiOnsiY3JlYXRlIjozMDAwMDAwMDAwMDAsImRlbGV0ZSI6MzAwMDAwMDAwMDAwLCJ1cGRhdGUiOjEyMDAwMDAwMDAwMH19",
          "dependencies": [
            "aws_ec2_transit_gateway.main",
            "module.vpcs.aws_internet_gateway.igw",
            "module.vpcs.aws_route_table.public",
            "module.vpcs.aws_subnet.public",
            "module.vpcs.aws_vpc.main"
          ]
        },
        {
          "index_key": "10.1.3.0/24",
          "schema_version": 0,
          "attributes": {
            "gateway_id": "",
            "id": "rtbassoc-0d34cce80dbb7a884",
            "route_table_id": "rtb-03f4937ab0ec3de72",
            "subnet_id": "subnet-0f87937c93b4ae5c8",
            "timeouts": null
          },
          "sensitive_attributes": [],
          "private": "eyJlMmJmYjczMC1lY2FhLTExZTYtOGY4OC0zNDM2M2JjN2M0YzAiOnsiY3JlYXRlIjozMDAwMDAwMDAwMDAsImRlbGV0ZSI6MzAwMDAwMDAwMDAwLCJ1cGRhdGUiOjEyMDAwMDAwMDAwMH19",
          "dependencies": [
            "aws_ec2_transit_gateway.main",
            "module.vpcs.aws_internet_gateway.igw",
            "module.vpcs.aws_route_table.public",
            "module.vpcs.aws_subnet.public",
            "module.vpcs.aws_vpc.main"
          ]
        }
      ]
    },
    {
      "module": "module.vpcs[\"production\"]",
      "mode": "managed",
      "type": "aws_security_group",
      "name": "data_db",
      "provider": "provider[\"registry.terraform.io/hashicorp/aws\"]",
      "instances": []
    },
    {
      "module": "module.vpcs[\"production\"]",
      "mode": "managed",
      "type": "aws_security_group",
      "name": "mgmt_admin",
      "provider": "provider[\"registry.terraform.io/hashicorp/aws\"]",
      "instances": []
    },
    {
      "module": "module.vpcs[\"production\"]",
      "mode": "managed",
      "type": "aws_security_group",
      "name": "mgmt_bastion",
      "provider": "provider[\"registry.terraform.io/hashicorp/aws\"]",
      "instances": []
    },
    {
      "module": "module.vpcs[\"production\"]",
      "mode": "managed",
      "type": "aws_security_group",
      "name": "prod_app",
      "provider": "provider[\"registry.terraform.io/hashicorp/aws\"]",
      "instances": [
        {
          "index_key": 0,
          "schema_version": 1,
          "attributes": {
            "arn": "arn:aws:ec2:eu-west-2:463470963000:security-group/sg-092477dec06f3f1dc",
            "description": "Managed by Terraform",
            "egress": [
              {
                "cidr_blocks": [
                  "0.0.0.0/0"
                ],
                "description": "",
                "from_port": 0,
                "ipv6_cidr_blocks": [],
                "prefix_list_ids": [],
                "protocol": "-1",
                "security_groups": [],
                "self": false,
                "to_port": 0
              }
            ],
            "id": "sg-092477dec06f3f1dc",
            "ingress": [
              {
                "cidr_blocks": [],
                "description": "",
                "from_port": 8080,
                "ipv6_cidr_blocks": [],
                "prefix_list_ids": [],
                "protocol": "tcp",
                "security_groups": [
                  "sg-031c46f1e40a70855"
                ],
                "self": false,
                "to_port": 8080
              }
            ],
            "name": "production-app-sg",
            "name_prefix": "",
            "owner_id": "463470963000",
            "revoke_rules_on_delete": false,
            "tags": {
              "Environment": "Dev",
              "Name": "production-app-sg",
              "Project": "Global Bank Migration",
              "Terraform": "true"
            },
            "tags_all": {
              "Environment": "Dev",
              "Name": "production-app-sg",
              "Project": "Global Bank Migration",
              "Terraform": "true"
            },
            "timeouts": null,
            "vpc_id": "vpc-0e7125758c70e0a93"
          },
          "sensitive_attributes": [],
          "private": "eyJlMmJmYjczMC1lY2FhLTExZTYtOGY4OC0zNDM2M2JjN2M0YzAiOnsiY3JlYXRlIjo2MDAwMDAwMDAwMDAsImRlbGV0ZSI6OTAwMDAwMDAwMDAwfSwic2NoZW1hX3ZlcnNpb24iOiIxIn0=",
          "dependencies": [
            "module.vpcs.aws_security_group.prod_web",
            "module.vpcs.aws_vpc.main"
          ]
        }
      ]
    },
    {
      "module": "module.vpcs[\"production\"]",
      "mode": "managed",
      "type": "aws_security_group",
      "name": "prod_web",
      "provider": "provider[\"registry.terraform.io/hashicorp/aws\"]",
      "instances": [
        {
          "index_key": 0,
          "schema_version": 1,
          "attributes": {
            "arn": "arn:aws:ec2:eu-west-2:463470963000:security-group/sg-031c46f1e40a70855",
            "description": "Managed by Terraform",
            "egress": [
              {
                "cidr_blocks": [
                  "0.0.0.0/0"
                ],
                "description": "",
                "from_port": 0,
                "ipv6_cidr_blocks": [],
                "prefix_list_ids": [],
                "protocol": "-1",
                "security_groups": [],
                "self": false,
                "to_port": 0
              }
            ],
            "id": "sg-031c46f1e40a70855",
            "ingress": [
              {
                "cidr_blocks": [
                  "0.0.0.0/0"
                ],
                "description": "",
                "from_port": 443,
                "ipv6_cidr_blocks": [],
                "prefix_list_ids": [],
                "protocol": "tcp",
                "security_groups": [],
                "self": false,
                "to_port": 443
              },
              {
                "cidr_blocks": [
                  "0.0.0.0/0"
                ],
                "description": "",
                "from_port": 80,
                "ipv6_cidr_blocks": [],
                "prefix_list_ids": [],
                "protocol": "tcp",
                "security_groups": [],
                "self": false,
                "to_port": 80
              }
            ],
            "name": "production-web-sg",
            "name_prefix": "",
            "owner_id": "463470963000",
            "revoke_rules_on_delete": false,
            "tags": {
              "Environment": "Dev",
              "Name": "production-web-sg",
              "Project": "Global Bank Migration",
              "Terraform": "true"
            },
            "tags_all": {
              "Environment": "Dev",
              "Name": "production-web-sg",
              "Project": "Global Bank Migration",
              "Terraform": "true"
            },
            "timeouts": null,
            "vpc_id": "vpc-0e7125758c70e0a93"
          },
          "sensitive_attributes": [],
          "private": "eyJlMmJmYjczMC1lY2FhLTExZTYtOGY4OC0zNDM2M2JjN2M0YzAiOnsiY3JlYXRlIjo2MDAwMDAwMDAwMDAsImRlbGV0ZSI6OTAwMDAwMDAwMDAwfSwic2NoZW1hX3ZlcnNpb24iOiIxIn0=",
          "dependencies": [
            "module.vpcs.aws_vpc.main"
          ]
        }
      ]
    },
    {
      "module": "module.vpcs[\"production\"]",
      "mode": "managed",
      "type": "aws_security_group",
      "name": "sec_logging",
      "provider": "provider[\"registry.terraform.io/hashicorp/aws\"]",
      "instances": []
    },
    {
      "module": "module.vpcs[\"production\"]",
      "mode": "managed",
      "type": "aws_security_group",
      "name": "sec_monitoring",
      "provider": "provider[\"registry.terraform.io/hashicorp/aws\"]",
      "instances": []
    },
    {
      "module": "module.vpcs[\"production\"]",
      "mode": "managed",
      "type": "aws_subnet",
      "name": "private",
      "provider": "provider[\"registry.terraform.io/hashicorp/aws\"]",
      "instances": [
        {
          "index_key": "10.1.2.0/24",
          "schema_version": 1,
          "attributes": {
            "arn": "arn:aws:ec2:eu-west-2:463470963000:subnet/subnet-0a17621573cb7594e",
            "assign_ipv6_address_on_creation": false,
            "availability_zone": "eu-west-2a",
            "availability_zone_id": "euw2-az2",
            "cidr_block": "10.1.2.0/24",
            "customer_owned_ipv4_pool": "",
            "enable_dns64": false,
            "enable_lni_at_device_index": 0,
            "enable_resource_name_dns_a_record_on_launch": false,
            "enable_resource_name_dns_aaaa_record_on_launch": false,
            "id": "subnet-0a17621573cb7594e",
            "ipv6_cidr_block": "",
            "ipv6_cidr_block_association_id": "",
            "ipv6_native": false,
            "map_customer_owned_ip_on_launch": false,
            "map_public_ip_on_launch": false,
            "outpost_arn": "",
            "owner_id": "463470963000",
            "private_dns_hostname_type_on_launch": "ip-name",
            "tags": {
              "Environment": "Dev",
              "Name": "production-private-10.1.2.0/24",
              "Project": "Global Bank Migration",
              "Terraform": "true"
            },
            "tags_all": {
              "Environment": "Dev",
              "Name": "production-private-10.1.2.0/24",
              "Project": "Global Bank Migration",
              "Terraform": "true"
            },
            "timeouts": null,
            "vpc_id": "vpc-0e7125758c70e0a93"
          },
          "sensitive_attributes": [],
          "private": "eyJlMmJmYjczMC1lY2FhLTExZTYtOGY4OC0zNDM2M2JjN2M0YzAiOnsiY3JlYXRlIjo2MDAwMDAwMDAwMDAsImRlbGV0ZSI6MTIwMDAwMDAwMDAwMH0sInNjaGVtYV92ZXJzaW9uIjoiMSJ9",
          "dependencies": [
            "module.vpcs.aws_vpc.main"
          ],
          "create_before_destroy": true
        },
        {
          "index_key": "10.1.4.0/24",
          "schema_version": 1,
          "attributes": {
            "arn": "arn:aws:ec2:eu-west-2:463470963000:subnet/subnet-0d7f9144a58eddf7a",
            "assign_ipv6_address_on_creation": false,
            "availability_zone": "eu-west-2b",
            "availability_zone_id": "euw2-az3",
            "cidr_block": "10.1.4.0/24",
            "customer_owned_ipv4_pool": "",
            "enable_dns64": false,
            "enable_lni_at_device_index": 0,
            "enable_resource_name_dns_a_record_on_launch": false,
            "enable_resource_name_dns_aaaa_record_on_launch": false,
            "id": "subnet-0d7f9144a58eddf7a",
            "ipv6_cidr_block": "",
            "ipv6_cidr_block_association_id": "",
            "ipv6_native": false,
            "map_customer_owned_ip_on_launch": false,
            "map_public_ip_on_launch": false,
            "outpost_arn": "",
            "owner_id": "463470963000",
            "private_dns_hostname_type_on_launch": "ip-name",
            "tags": {
              "Environment": "Dev",
              "Name": "production-private-10.1.4.0/24",
              "Project": "Global Bank Migration",
              "Terraform": "true"
            },
            "tags_all": {
              "Environment": "Dev",
              "Name": "production-private-10.1.4.0/24",
              "Project": "Global Bank Migration",
              "Terraform": "true"
            },
            "timeouts": null,
            "vpc_id": "vpc-0e7125758c70e0a93"
          },
          "sensitive_attributes": [],
          "private": "eyJlMmJmYjczMC1lY2FhLTExZTYtOGY4OC0zNDM2M2JjN2M0YzAiOnsiY3JlYXRlIjo2MDAwMDAwMDAwMDAsImRlbGV0ZSI6MTIwMDAwMDAwMDAwMH0sInNjaGVtYV92ZXJzaW9uIjoiMSJ9",
          "dependencies": [
            "module.vpcs.aws_vpc.main"
          ],
          "create_before_destroy": true
        }
      ]
    },
    {
      "module": "module.vpcs[\"production\"]",
      "mode": "managed",
      "type": "aws_subnet",
      "name": "public",
      "provider": "provider[\"registry.terraform.io/hashicorp/aws\"]",
      "instances": [
        {
          "index_key": "10.1.1.0/24",
          "schema_version": 1,
          "attributes": {
            "arn": "arn:aws:ec2:eu-west-2:463470963000:subnet/subnet-028c5566eda7198ba",
            "assign_ipv6_address_on_creation": false,
            "availability_zone": "eu-west-2a",
            "availability_zone_id": "euw2-az2",
            "cidr_block": "10.1.1.0/24",
            "customer_owned_ipv4_pool": "",
            "enable_dns64": false,
            "enable_lni_at_device_index": 0,
            "enable_resource_name_dns_a_record_on_launch": false,
            "enable_resource_name_dns_aaaa_record_on_launch": false,
            "id": "subnet-028c5566eda7198ba",
            "ipv6_cidr_block": "",
            "ipv6_cidr_block_association_id": "",
            "ipv6_native": false,
            "map_customer_owned_ip_on_launch": false,
            "map_public_ip_on_launch": false,
            "outpost_arn": "",
            "owner_id": "463470963000",
            "private_dns_hostname_type_on_launch": "ip-name",
            "tags": {
              "Environment": "Dev",
              "Name": "production-public-10.1.1.0/24",
              "Project": "Global Bank Migration",
              "Terraform": "true"
            },
            "tags_all": {
              "Environment": "Dev",
              "Name": "production-public-10.1.1.0/24",
              "Project": "Global Bank Migration",
              "Terraform": "true"
            },
            "timeouts": null,
            "vpc_id": "vpc-0e7125758c70e0a93"
          },
          "sensitive_attributes": [],
          "private": "eyJlMmJmYjczMC1lY2FhLTExZTYtOGY4OC0zNDM2M2JjN2M0YzAiOnsiY3JlYXRlIjo2MDAwMDAwMDAwMDAsImRlbGV0ZSI6MTIwMDAwMDAwMDAwMH0sInNjaGVtYV92ZXJzaW9uIjoiMSJ9",
          "dependencies": [
            "module.vpcs.aws_vpc.main"
          ],
          "create_before_destroy": true
        },
        {
          "index_key": "10.1.3.0/24",
          "schema_version": 1,
          "attributes": {
            "arn": "arn:aws:ec2:eu-west-2:463470963000:subnet/subnet-0f87937c93b4ae5c8",
            "assign_ipv6_address_on_creation": false,
            "availability_zone": "eu-west-2b",
            "availability_zone_id": "euw2-az3",
            "cidr_block": "10.1.3.0/24",
            "customer_owned_ipv4_pool": "",
            "enable_dns64": false,
            "enable_lni_at_device_index": 0,
            "enable_resource_name_dns_a_record_on_launch": false,
            "enable_resource_name_dns_aaaa_record_on_launch": false,
            "id": "subnet-0f87937c93b4ae5c8",
            "ipv6_cidr_block": "",
            "ipv6_cidr_block_association_id": "",
            "ipv6_native": false,
            "map_customer_owned_ip_on_launch": false,
            "map_public_ip_on_launch": false,
            "outpost_arn": "",
            "owner_id": "463470963000",
            "private_dns_hostname_type_on_launch": "ip-name",
            "tags": {
              "Environment": "Dev",
              "Name": "production-public-10.1.3.0/24",
              "Project": "Global Bank Migration",
              "Terraform": "true"
            },
            "tags_all": {
              "Environment": "Dev",
              "Name": "production-public-10.1.3.0/24",
              "Project": "Global Bank Migration",
              "Terraform": "true"
            },
            "timeouts": null,
            "vpc_id": "vpc-0e7125758c70e0a93"
          },
          "sensitive_attributes": [],
          "private": "eyJlMmJmYjczMC1lY2FhLTExZTYtOGY4OC0zNDM2M2JjN2M0YzAiOnsiY3JlYXRlIjo2MDAwMDAwMDAwMDAsImRlbGV0ZSI6MTIwMDAwMDAwMDAwMH0sInNjaGVtYV92ZXJzaW9uIjoiMSJ9",
          "dependencies": [
            "module.vpcs.aws_vpc.main"
          ],
          "create_before_destroy": true
        }
      ]
    },
    {
      "module": "module.vpcs[\"production\"]",
      "mode": "managed",
      "type": "aws_vpc",
      "name": "main",
      "provider": "provider[\"registry.terraform.io/hashicorp/aws\"]",
      "instances": [
        {
          "schema_version": 1,
          "attributes": {
            "arn": "arn:aws:ec2:eu-west-2:463470963000:vpc/vpc-0e7125758c70e0a93",
            "assign_generated_ipv6_cidr_block": false,
            "cidr_block": "10.1.0.0/16",
            "default_network_acl_id": "acl-01eb2fbfcd2859d4d",
            "default_route_table_id": "rtb-03b6a65b62a7d91c8",
            "default_security_group_id": "sg-0d6b305bf4671c677",
            "dhcp_options_id": "dopt-0ff17d7f379be5815",
            "enable_dns_hostnames": true,
            "enable_dns_support": true,
            "enable_network_address_usage_metrics": false,
            "id": "vpc-0e7125758c70e0a93",
            "instance_tenancy": "default",
            "ipv4_ipam_pool_id": null,
            "ipv4_netmask_length": null,
            "ipv6_association_id": "",
            "ipv6_cidr_block": "",
            "ipv6_cidr_block_network_border_group": "",
            "ipv6_ipam_pool_id": "",
            "ipv6_netmask_length": 0,
            "main_route_table_id": "rtb-03b6a65b62a7d91c8",
            "owner_id": "463470963000",
            "tags": {
              "Environment": "Dev",
              "Project": "Global Bank Migration",
              "Terraform": "true"
            },
            "tags_all": {
              "Environment": "Dev",
              "Project": "Global Bank Migration",
              "Terraform": "true"
            }
          },
          "sensitive_attributes": [],
          "private": "eyJzY2hlbWFfdmVyc2lvbiI6IjEifQ==",
          "create_before_destroy": true
        }
      ]
    },
    {
      "module": "module.vpcs[\"production\"]",
      "mode": "managed",
      "type": "aws_vpc_endpoint",
      "name": "dynamodb",
      "provider": "provider[\"registry.terraform.io/hashicorp/aws\"]",
      "instances": []
    },
    {
      "module": "module.vpcs[\"production\"]",
      "mode": "managed",
      "type": "aws_vpc_endpoint",
      "name": "s3",
      "provider": "provider[\"registry.terraform.io/hashicorp/aws\"]",
      "instances": []
    },
    {
      "module": "module.vpcs[\"security\"]",
      "mode": "managed",
      "type": "aws_dx_gateway",
      "name": "main",
      "provider": "provider[\"registry.terraform.io/hashicorp/aws\"]",
      "instances": [
        {
          "schema_version": 0,
          "attributes": {
            "amazon_side_asn": "64512",
            "id": "7a308759-baa0-4c3d-9ec3-bceb66657168",
            "name": "main-dxgw",
            "owner_account_id": "463470963000",
            "timeouts": null
          },
          "sensitive_attributes": [],
          "private": "eyJlMmJmYjczMC1lY2FhLTExZTYtOGY4OC0zNDM2M2JjN2M0YzAiOnsiY3JlYXRlIjo2MDAwMDAwMDAwMDAsImRlbGV0ZSI6NjAwMDAwMDAwMDAwfX0="
        }
      ]
    },
    {
      "module": "module.vpcs[\"security\"]",
      "mode": "managed",
      "type": "aws_dx_gateway_association",
      "name": "main",
      "provider": "provider[\"registry.terraform.io/hashicorp/aws\"]",
      "instances": [
        {
          "schema_version": 1,
          "attributes": {
            "allowed_prefixes": [
              "192.132.0.0/16",
              "192.168.1.0/24"
            ],
            "associated_gateway_id": "tgw-00aa32a334720d8ed",
            "associated_gateway_owner_account_id": "463470963000",
            "associated_gateway_type": "transitGateway",
            "dx_gateway_association_id": "093b8bc5-9def-4cf0-a26b-2d5df8973495",
            "dx_gateway_id": "7a308759-baa0-4c3d-9ec3-bceb66657168",
            "dx_gateway_owner_account_id": "463470963000",
            "id": "ga-7a308759-baa0-4c3d-9ec3-bceb66657168tgw-00aa32a334720d8ed",
            "proposal_id": null,
            "timeouts": null,
            "vpn_gateway_id": null
          },
          "sensitive_attributes": [],
          "private": "eyJlMmJmYjczMC1lY2FhLTExZTYtOGY4OC0zNDM2M2JjN2M0YzAiOnsiY3JlYXRlIjoxODAwMDAwMDAwMDAwLCJkZWxldGUiOjE4MDAwMDAwMDAwMDAsInVwZGF0ZSI6MTgwMDAwMDAwMDAwMH0sInNjaGVtYV92ZXJzaW9uIjoiMSJ9",
          "dependencies": [
            "aws_ec2_transit_gateway.main",
            "module.vpcs.aws_dx_gateway.main"
          ]
        }
      ]
    },
    {
      "module": "module.vpcs[\"security\"]",
      "mode": "managed",
      "type": "aws_ec2_transit_gateway_vpc_attachment",
      "name": "vpc_attachment",
      "provider": "provider[\"registry.terraform.io/hashicorp/aws\"]",
      "instances": [
        {
          "schema_version": 0,
          "attributes": {
            "appliance_mode_support": "disable",
            "dns_support": "enable",
            "id": "tgw-attach-0eb7f95559d40719f",
            "ipv6_support": "disable",
            "subnet_ids": [
              "subnet-01686007236f9c244",
              "subnet-02fd51bbdcd23af0f"
            ],
            "tags": {
              "Environment": "Dev",
              "Name": "security-tgw-attachment",
              "Project": "Global Bank Migration",
              "Terraform": "true"
            },
            "tags_all": {
              "Environment": "Dev",
              "Name": "security-tgw-attachment",
              "Project": "Global Bank Migration",
              "Terraform": "true"
            },
            "transit_gateway_default_route_table_association": true,
            "transit_gateway_default_route_table_propagation": true,
            "transit_gateway_id": "tgw-00aa32a334720d8ed",
            "vpc_id": "vpc-08a593e8d7f06aa75",
            "vpc_owner_id": "463470963000"
          },
          "sensitive_attributes": [],
          "private": "bnVsbA==",
          "dependencies": [
            "aws_ec2_transit_gateway.main",
            "module.vpcs.aws_subnet.private",
            "module.vpcs.aws_subnet.public",
            "module.vpcs.aws_vpc.main"
          ]
        }
      ]
    },
    {
      "module": "module.vpcs[\"security\"]",
      "mode": "managed",
      "type": "aws_eip",
      "name": "nat",
      "provider": "provider[\"registry.terraform.io/hashicorp/aws\"]",
      "instances": []
    },
    {
      "module": "module.vpcs[\"security\"]",
      "mode": "managed",
      "type": "aws_internet_gateway",
      "name": "igw",
      "provider": "provider[\"registry.terraform.io/hashicorp/aws\"]",
      "instances": [
        {
          "index_key": 0,
          "schema_version": 0,
          "attributes": {
            "arn": "arn:aws:ec2:eu-west-2:463470963000:internet-gateway/igw-01370074338e58eeb",
            "id": "igw-01370074338e58eeb",
            "owner_id": "463470963000",
            "tags": {
              "Environment": "Dev",
              "Name": "security-igw",
              "Project": "Global Bank Migration",
              "Terraform": "true"
            },
            "tags_all": {
              "Environment": "Dev",
              "Name": "security-igw",
              "Project": "Global Bank Migration",
              "Terraform": "true"
            },
            "timeouts": null,
            "vpc_id": "vpc-08a593e8d7f06aa75"
          },
          "sensitive_attributes": [],
          "private": "eyJlMmJmYjczMC1lY2FhLTExZTYtOGY4OC0zNDM2M2JjN2M0YzAiOnsiY3JlYXRlIjoxMjAwMDAwMDAwMDAwLCJkZWxldGUiOjEyMDAwMDAwMDAwMDAsInVwZGF0ZSI6MTIwMDAwMDAwMDAwMH19",
          "dependencies": [
            "module.vpcs.aws_vpc.main"
          ]
        }
      ]
    },
    {
      "module": "module.vpcs[\"security\"]",
      "mode": "managed",
      "type": "aws_nat_gateway",
      "name": "nat",
      "provider": "provider[\"registry.terraform.io/hashicorp/aws\"]",
      "instances": []
    },
    {
      "module": "module.vpcs[\"security\"]",
      "mode": "managed",
      "type": "aws_route",
      "name": "tgw_routes",
      "provider": "provider[\"registry.terraform.io/hashicorp/aws\"]",
      "instances": [
        {
          "index_key": "10.4.1.0/24-10.1.0.0-16",
          "schema_version": 0,
          "attributes": {
            "carrier_gateway_id": "",
            "core_network_arn": "",
            "destination_cidr_block": "10.1.0.0/16",
            "destination_ipv6_cidr_block": "",
            "destination_prefix_list_id": "",
            "egress_only_gateway_id": "",
            "gateway_id": "",
            "id": "r-rtb-00f9567d89ea6ab443322942084",
            "instance_id": "",
            "instance_owner_id": "",
            "local_gateway_id": "",
            "nat_gateway_id": "",
            "network_interface_id": "",
            "origin": "CreateRoute",
            "route_table_id": "rtb-00f9567d89ea6ab44",
            "state": "active",
            "timeouts": null,
            "transit_gateway_id": "tgw-00aa32a334720d8ed",
            "vpc_endpoint_id": "",
            "vpc_peering_connection_id": ""
          },
          "sensitive_attributes": [],
          "private": "eyJlMmJmYjczMC1lY2FhLTExZTYtOGY4OC0zNDM2M2JjN2M0YzAiOnsiY3JlYXRlIjozMDAwMDAwMDAwMDAsImRlbGV0ZSI6MzAwMDAwMDAwMDAwLCJ1cGRhdGUiOjEyMDAwMDAwMDAwMH19",
          "dependencies": [
            "aws_ec2_transit_gateway.main",
            "module.vpcs.aws_eip.nat",
            "module.vpcs.aws_internet_gateway.igw",
            "module.vpcs.aws_nat_gateway.nat",
            "module.vpcs.aws_route_table.private_nat",
            "module.vpcs.aws_route_table.private_no_internet",
            "module.vpcs.aws_route_table.public",
            "module.vpcs.aws_subnet.public",
            "module.vpcs.aws_vpc.main"
          ]
        },
        {
          "index_key": "10.4.1.0/24-10.2.0.0-16",
          "schema_version": 0,
          "attributes": {
            "carrier_gateway_id": "",
            "core_network_arn": "",
            "destination_cidr_block": "10.2.0.0/16",
            "destination_ipv6_cidr_block": "",
            "destination_prefix_list_id": "",
            "egress_only_gateway_id": "",
            "gateway_id": "",
            "id": "r-rtb-00f9567d89ea6ab441218385255",
            "instance_id": "",
            "instance_owner_id": "",
            "local_gateway_id": "",
            "nat_gateway_id": "",
            "network_interface_id": "",
            "origin": "CreateRoute",
            "route_table_id": "rtb-00f9567d89ea6ab44",
            "state": "active",
            "timeouts": null,
            "transit_gateway_id": "tgw-00aa32a334720d8ed",
            "vpc_endpoint_id": "",
            "vpc_peering_connection_id": ""
          },
          "sensitive_attributes": [],
          "private": "eyJlMmJmYjczMC1lY2FhLTExZTYtOGY4OC0zNDM2M2JjN2M0YzAiOnsiY3JlYXRlIjozMDAwMDAwMDAwMDAsImRlbGV0ZSI6MzAwMDAwMDAwMDAwLCJ1cGRhdGUiOjEyMDAwMDAwMDAwMH19",
          "dependencies": [
            "aws_ec2_transit_gateway.main",
            "module.vpcs.aws_eip.nat",
            "module.vpcs.aws_internet_gateway.igw",
            "module.vpcs.aws_nat_gateway.nat",
            "module.vpcs.aws_route_table.private_nat",
            "module.vpcs.aws_route_table.private_no_internet",
            "module.vpcs.aws_route_table.public",
            "module.vpcs.aws_subnet.public",
            "module.vpcs.aws_vpc.main"
          ]
        },
        {
          "index_key": "10.4.1.0/24-10.3.0.0-16",
          "schema_version": 0,
          "attributes": {
            "carrier_gateway_id": "",
            "core_network_arn": "",
            "destination_cidr_block": "10.3.0.0/16",
            "destination_ipv6_cidr_block": "",
            "destination_prefix_list_id": "",
            "egress_only_gateway_id": "",
            "gateway_id": "",
            "id": "r-rtb-00f9567d89ea6ab442218071545",
            "instance_id": "",
            "instance_owner_id": "",
            "local_gateway_id": "",
            "nat_gateway_id": "",
            "network_interface_id": "",
            "origin": "CreateRoute",
            "route_table_id": "rtb-00f9567d89ea6ab44",
            "state": "active",
            "timeouts": null,
            "transit_gateway_id": "tgw-00aa32a334720d8ed",
            "vpc_endpoint_id": "",
            "vpc_peering_connection_id": ""
          },
          "sensitive_attributes": [],
          "private": "eyJlMmJmYjczMC1lY2FhLTExZTYtOGY4OC0zNDM2M2JjN2M0YzAiOnsiY3JlYXRlIjozMDAwMDAwMDAwMDAsImRlbGV0ZSI6MzAwMDAwMDAwMDAwLCJ1cGRhdGUiOjEyMDAwMDAwMDAwMH19",
          "dependencies": [
            "aws_ec2_transit_gateway.main",
            "module.vpcs.aws_eip.nat",
            "module.vpcs.aws_internet_gateway.igw",
            "module.vpcs.aws_nat_gateway.nat",
            "module.vpcs.aws_route_table.private_nat",
            "module.vpcs.aws_route_table.private_no_internet",
            "module.vpcs.aws_route_table.public",
            "module.vpcs.aws_subnet.public",
            "module.vpcs.aws_vpc.main"
          ]
        },
        {
          "index_key": "10.4.3.0/24-10.1.0.0-16",
          "schema_version": 0,
          "attributes": {
            "carrier_gateway_id": "",
            "core_network_arn": "",
            "destination_cidr_block": "10.1.0.0/16",
            "destination_ipv6_cidr_block": "",
            "destination_prefix_list_id": "",
            "egress_only_gateway_id": "",
            "gateway_id": "",
            "id": "r-rtb-07ab5a26599dc4cde3322942084",
            "instance_id": "",
            "instance_owner_id": "",
            "local_gateway_id": "",
            "nat_gateway_id": "",
            "network_interface_id": "",
            "origin": "CreateRoute",
            "route_table_id": "rtb-07ab5a26599dc4cde",
            "state": "active",
            "timeouts": null,
            "transit_gateway_id": "tgw-00aa32a334720d8ed",
            "vpc_endpoint_id": "",
            "vpc_peering_connection_id": ""
          },
          "sensitive_attributes": [],
          "private": "eyJlMmJmYjczMC1lY2FhLTExZTYtOGY4OC0zNDM2M2JjN2M0YzAiOnsiY3JlYXRlIjozMDAwMDAwMDAwMDAsImRlbGV0ZSI6MzAwMDAwMDAwMDAwLCJ1cGRhdGUiOjEyMDAwMDAwMDAwMH19",
          "dependencies": [
            "aws_ec2_transit_gateway.main",
            "module.vpcs.aws_eip.nat",
            "module.vpcs.aws_internet_gateway.igw",
            "module.vpcs.aws_nat_gateway.nat",
            "module.vpcs.aws_route_table.private_nat",
            "module.vpcs.aws_route_table.private_no_internet",
            "module.vpcs.aws_route_table.public",
            "module.vpcs.aws_subnet.public",
            "module.vpcs.aws_vpc.main"
          ]
        },
        {
          "index_key": "10.4.3.0/24-10.2.0.0-16",
          "schema_version": 0,
          "attributes": {
            "carrier_gateway_id": "",
            "core_network_arn": "",
            "destination_cidr_block": "10.2.0.0/16",
            "destination_ipv6_cidr_block": "",
            "destination_prefix_list_id": "",
            "egress_only_gateway_id": "",
            "gateway_id": "",
            "id": "r-rtb-07ab5a26599dc4cde1218385255",
            "instance_id": "",
            "instance_owner_id": "",
            "local_gateway_id": "",
            "nat_gateway_id": "",
            "network_interface_id": "",
            "origin": "CreateRoute",
            "route_table_id": "rtb-07ab5a26599dc4cde",
            "state": "active",
            "timeouts": null,
            "transit_gateway_id": "tgw-00aa32a334720d8ed",
            "vpc_endpoint_id": "",
            "vpc_peering_connection_id": ""
          },
          "sensitive_attributes": [],
          "private": "eyJlMmJmYjczMC1lY2FhLTExZTYtOGY4OC0zNDM2M2JjN2M0YzAiOnsiY3JlYXRlIjozMDAwMDAwMDAwMDAsImRlbGV0ZSI6MzAwMDAwMDAwMDAwLCJ1cGRhdGUiOjEyMDAwMDAwMDAwMH19",
          "dependencies": [
            "aws_ec2_transit_gateway.main",
            "module.vpcs.aws_eip.nat",
            "module.vpcs.aws_internet_gateway.igw",
            "module.vpcs.aws_nat_gateway.nat",
            "module.vpcs.aws_route_table.private_nat",
            "module.vpcs.aws_route_table.private_no_internet",
            "module.vpcs.aws_route_table.public",
            "module.vpcs.aws_subnet.public",
            "module.vpcs.aws_vpc.main"
          ]
        },
        {
          "index_key": "10.4.3.0/24-10.3.0.0-16",
          "schema_version": 0,
          "attributes": {
            "carrier_gateway_id": "",
            "core_network_arn": "",
            "destination_cidr_block": "10.3.0.0/16",
            "destination_ipv6_cidr_block": "",
            "destination_prefix_list_id": "",
            "egress_only_gateway_id": "",
            "gateway_id": "",
            "id": "r-rtb-07ab5a26599dc4cde2218071545",
            "instance_id": "",
            "instance_owner_id": "",
            "local_gateway_id": "",
            "nat_gateway_id": "",
            "network_interface_id": "",
            "origin": "CreateRoute",
            "route_table_id": "rtb-07ab5a26599dc4cde",
            "state": "active",
            "timeouts": null,
            "transit_gateway_id": "tgw-00aa32a334720d8ed",
            "vpc_endpoint_id": "",
            "vpc_peering_connection_id": ""
          },
          "sensitive_attributes": [],
          "private": "eyJlMmJmYjczMC1lY2FhLTExZTYtOGY4OC0zNDM2M2JjN2M0YzAiOnsiY3JlYXRlIjozMDAwMDAwMDAwMDAsImRlbGV0ZSI6MzAwMDAwMDAwMDAwLCJ1cGRhdGUiOjEyMDAwMDAwMDAwMH19",
          "dependencies": [
            "aws_ec2_transit_gateway.main",
            "module.vpcs.aws_eip.nat",
            "module.vpcs.aws_internet_gateway.igw",
            "module.vpcs.aws_nat_gateway.nat",
            "module.vpcs.aws_route_table.private_nat",
            "module.vpcs.aws_route_table.private_no_internet",
            "module.vpcs.aws_route_table.public",
            "module.vpcs.aws_subnet.public",
            "module.vpcs.aws_vpc.main"
          ]
        }
      ]
    },
    {
      "module": "module.vpcs[\"security\"]",
      "mode": "managed",
      "type": "aws_route_table",
      "name": "private_nat",
      "provider": "provider[\"registry.terraform.io/hashicorp/aws\"]",
      "instances": []
    },
    {
      "module": "module.vpcs[\"security\"]",
      "mode": "managed",
      "type": "aws_route_table",
      "name": "private_no_internet",
      "provider": "provider[\"registry.terraform.io/hashicorp/aws\"]",
      "instances": []
    },
    {
      "module": "module.vpcs[\"security\"]",
      "mode": "managed",
      "type": "aws_route_table",
      "name": "public",
      "provider": "provider[\"registry.terraform.io/hashicorp/aws\"]",
      "instances": [
        {
          "index_key": "10.4.1.0/24",
          "schema_version": 0,
          "attributes": {
            "arn": "arn:aws:ec2:eu-west-2:463470963000:route-table/rtb-00f9567d89ea6ab44",
            "id": "rtb-00f9567d89ea6ab44",
            "owner_id": "463470963000",
            "propagating_vgws": [],
            "route": [
              {
                "carrier_gateway_id": "",
                "cidr_block": "0.0.0.0/0",
                "core_network_arn": "",
                "destination_prefix_list_id": "",
                "egress_only_gateway_id": "",
                "gateway_id": "igw-01370074338e58eeb",
                "ipv6_cidr_block": "",
                "local_gateway_id": "",
                "nat_gateway_id": "",
                "network_interface_id": "",
                "transit_gateway_id": "",
                "vpc_endpoint_id": "",
                "vpc_peering_connection_id": ""
              },
              {
                "carrier_gateway_id": "",
                "cidr_block": "10.0.0.0/8",
                "core_network_arn": "",
                "destination_prefix_list_id": "",
                "egress_only_gateway_id": "",
                "gateway_id": "",
                "ipv6_cidr_block": "",
                "local_gateway_id": "",
                "nat_gateway_id": "",
                "network_interface_id": "",
                "transit_gateway_id": "tgw-00aa32a334720d8ed",
                "vpc_endpoint_id": "",
                "vpc_peering_connection_id": ""
              }
            ],
            "tags": {
              "Environment": "Dev",
              "Name": "security-public-10.4.1.0/24",
              "Project": "Global Bank Migration",
              "Terraform": "true"
            },
            "tags_all": {
              "Environment": "Dev",
              "Name": "security-public-10.4.1.0/24",
              "Project": "Global Bank Migration",
              "Terraform": "true"
            },
            "timeouts": null,
            "vpc_id": "vpc-08a593e8d7f06aa75"
          },
          "sensitive_attributes": [],
          "private": "eyJlMmJmYjczMC1lY2FhLTExZTYtOGY4OC0zNDM2M2JjN2M0YzAiOnsiY3JlYXRlIjozMDAwMDAwMDAwMDAsImRlbGV0ZSI6MzAwMDAwMDAwMDAwLCJ1cGRhdGUiOjEyMDAwMDAwMDAwMH19",
          "dependencies": [
            "aws_ec2_transit_gateway.main",
            "module.vpcs.aws_internet_gateway.igw",
            "module.vpcs.aws_vpc.main"
          ]
        },
        {
          "index_key": "10.4.3.0/24",
          "schema_version": 0,
          "attributes": {
            "arn": "arn:aws:ec2:eu-west-2:463470963000:route-table/rtb-07ab5a26599dc4cde",
            "id": "rtb-07ab5a26599dc4cde",
            "owner_id": "463470963000",
            "propagating_vgws": [],
            "route": [
              {
                "carrier_gateway_id": "",
                "cidr_block": "0.0.0.0/0",
                "core_network_arn": "",
                "destination_prefix_list_id": "",
                "egress_only_gateway_id": "",
                "gateway_id": "igw-01370074338e58eeb",
                "ipv6_cidr_block": "",
                "local_gateway_id": "",
                "nat_gateway_id": "",
                "network_interface_id": "",
                "transit_gateway_id": "",
                "vpc_endpoint_id": "",
                "vpc_peering_connection_id": ""
              },
              {
                "carrier_gateway_id": "",
                "cidr_block": "10.0.0.0/8",
                "core_network_arn": "",
                "destination_prefix_list_id": "",
                "egress_only_gateway_id": "",
                "gateway_id": "",
                "ipv6_cidr_block": "",
                "local_gateway_id": "",
                "nat_gateway_id": "",
                "network_interface_id": "",
                "transit_gateway_id": "tgw-00aa32a334720d8ed",
                "vpc_endpoint_id": "",
                "vpc_peering_connection_id": ""
              }
            ],
            "tags": {
              "Environment": "Dev",
              "Name": "security-public-10.4.3.0/24",
              "Project": "Global Bank Migration",
              "Terraform": "true"
            },
            "tags_all": {
              "Environment": "Dev",
              "Name": "security-public-10.4.3.0/24",
              "Project": "Global Bank Migration",
              "Terraform": "true"
            },
            "timeouts": null,
            "vpc_id": "vpc-08a593e8d7f06aa75"
          },
          "sensitive_attributes": [],
          "private": "eyJlMmJmYjczMC1lY2FhLTExZTYtOGY4OC0zNDM2M2JjN2M0YzAiOnsiY3JlYXRlIjozMDAwMDAwMDAwMDAsImRlbGV0ZSI6MzAwMDAwMDAwMDAwLCJ1cGRhdGUiOjEyMDAwMDAwMDAwMH19",
          "dependencies": [
            "aws_ec2_transit_gateway.main",
            "module.vpcs.aws_internet_gateway.igw",
            "module.vpcs.aws_vpc.main"
          ]
        }
      ]
    },
    {
      "module": "module.vpcs[\"security\"]",
      "mode": "managed",
      "type": "aws_route_table_association",
      "name": "private",
      "provider": "provider[\"registry.terraform.io/hashicorp/aws\"]",
      "instances": []
    },
    {
      "module": "module.vpcs[\"security\"]",
      "mode": "managed",
      "type": "aws_route_table_association",
      "name": "public",
      "provider": "provider[\"registry.terraform.io/hashicorp/aws\"]",
      "instances": [
        {
          "index_key": "10.4.1.0/24",
          "schema_version": 0,
          "attributes": {
            "gateway_id": "",
            "id": "rtbassoc-05d775deb5cafa0ef",
            "route_table_id": "rtb-00f9567d89ea6ab44",
            "subnet_id": "subnet-01686007236f9c244",
            "timeouts": null
          },
          "sensitive_attributes": [],
          "private": "eyJlMmJmYjczMC1lY2FhLTExZTYtOGY4OC0zNDM2M2JjN2M0YzAiOnsiY3JlYXRlIjozMDAwMDAwMDAwMDAsImRlbGV0ZSI6MzAwMDAwMDAwMDAwLCJ1cGRhdGUiOjEyMDAwMDAwMDAwMH19",
          "dependencies": [
            "aws_ec2_transit_gateway.main",
            "module.vpcs.aws_internet_gateway.igw",
            "module.vpcs.aws_route_table.public",
            "module.vpcs.aws_subnet.public",
            "module.vpcs.aws_vpc.main"
          ]
        },
        {
          "index_key": "10.4.3.0/24",
          "schema_version": 0,
          "attributes": {
            "gateway_id": "",
            "id": "rtbassoc-028d89c5d5bbdcbbb",
            "route_table_id": "rtb-07ab5a26599dc4cde",
            "subnet_id": "subnet-02fd51bbdcd23af0f",
            "timeouts": null
          },
          "sensitive_attributes": [],
          "private": "eyJlMmJmYjczMC1lY2FhLTExZTYtOGY4OC0zNDM2M2JjN2M0YzAiOnsiY3JlYXRlIjozMDAwMDAwMDAwMDAsImRlbGV0ZSI6MzAwMDAwMDAwMDAwLCJ1cGRhdGUiOjEyMDAwMDAwMDAwMH19",
          "dependencies": [
            "aws_ec2_transit_gateway.main",
            "module.vpcs.aws_internet_gateway.igw",
            "module.vpcs.aws_route_table.public",
            "module.vpcs.aws_subnet.public",
            "module.vpcs.aws_vpc.main"
          ]
        }
      ]
    },
    {
      "module": "module.vpcs[\"security\"]",
      "mode": "managed",
      "type": "aws_security_group",
      "name": "data_db",
      "provider": "provider[\"registry.terraform.io/hashicorp/aws\"]",
      "instances": []
    },
    {
      "module": "module.vpcs[\"security\"]",
      "mode": "managed",
      "type": "aws_security_group",
      "name": "mgmt_admin",
      "provider": "provider[\"registry.terraform.io/hashicorp/aws\"]",
      "instances": []
    },
    {
      "module": "module.vpcs[\"security\"]",
      "mode": "managed",
      "type": "aws_security_group",
      "name": "mgmt_bastion",
      "provider": "provider[\"registry.terraform.io/hashicorp/aws\"]",
      "instances": []
    },
    {
      "module": "module.vpcs[\"security\"]",
      "mode": "managed",
      "type": "aws_security_group",
      "name": "prod_app",
      "provider": "provider[\"registry.terraform.io/hashicorp/aws\"]",
      "instances": []
    },
    {
      "module": "module.vpcs[\"security\"]",
      "mode": "managed",
      "type": "aws_security_group",
      "name": "prod_web",
      "provider": "provider[\"registry.terraform.io/hashicorp/aws\"]",
      "instances": []
    },
    {
      "module": "module.vpcs[\"security\"]",
      "mode": "managed",
      "type": "aws_security_group",
      "name": "sec_logging",
      "provider": "provider[\"registry.terraform.io/hashicorp/aws\"]",
      "instances": [
        {
          "index_key": 0,
          "schema_version": 1,
          "attributes": {
            "arn": "arn:aws:ec2:eu-west-2:463470963000:security-group/sg-056c2716ea2d4bca6",
            "description": "Managed by Terraform",
            "egress": [
              {
                "cidr_blocks": [
                  "0.0.0.0/0"
                ],
                "description": "",
                "from_port": 0,
                "ipv6_cidr_blocks": [],
                "prefix_list_ids": [],
                "protocol": "-1",
                "security_groups": [],
                "self": false,
                "to_port": 0
              }
            ],
            "id": "sg-056c2716ea2d4bca6",
            "ingress": [
              {
                "cidr_blocks": [
                  "10.0.0.0/8"
                ],
                "description": "",
                "from_port": 514,
                "ipv6_cidr_blocks": [],
                "prefix_list_ids": [],
                "protocol": "udp",
                "security_groups": [],
                "self": false,
                "to_port": 514
              }
            ],
            "name": "security-logging-sg",
            "name_prefix": "",
            "owner_id": "463470963000",
            "revoke_rules_on_delete": false,
            "tags": {
              "Environment": "Dev",
              "Name": "security-logging-sg",
              "Project": "Global Bank Migration",
              "Terraform": "true"
            },
            "tags_all": {
              "Environment": "Dev",
              "Name": "security-logging-sg",
              "Project": "Global Bank Migration",
              "Terraform": "true"
            },
            "timeouts": null,
            "vpc_id": "vpc-08a593e8d7f06aa75"
          },
          "sensitive_attributes": [],
          "private": "eyJlMmJmYjczMC1lY2FhLTExZTYtOGY4OC0zNDM2M2JjN2M0YzAiOnsiY3JlYXRlIjo2MDAwMDAwMDAwMDAsImRlbGV0ZSI6OTAwMDAwMDAwMDAwfSwic2NoZW1hX3ZlcnNpb24iOiIxIn0=",
          "dependencies": [
            "module.vpcs.aws_vpc.main"
          ]
        }
      ]
    },
    {
      "module": "module.vpcs[\"security\"]",
      "mode": "managed",
      "type": "aws_security_group",
      "name": "sec_monitoring",
      "provider": "provider[\"registry.terraform.io/hashicorp/aws\"]",
      "instances": [
        {
          "index_key": 0,
          "schema_version": 1,
          "attributes": {
            "arn": "arn:aws:ec2:eu-west-2:463470963000:security-group/sg-0566c44345691ac08",
            "description": "Managed by Terraform",
            "egress": [
              {
                "cidr_blocks": [
                  "0.0.0.0/0"
                ],
                "description": "",
                "from_port": 0,
                "ipv6_cidr_blocks": [],
                "prefix_list_ids": [],
                "protocol": "-1",
                "security_groups": [],
                "self": false,
                "to_port": 0
              }
            ],
            "id": "sg-0566c44345691ac08",
            "ingress": [
              {
                "cidr_blocks": [
                  "10.0.0.0/8"
                ],
                "description": "",
                "from_port": 9090,
                "ipv6_cidr_blocks": [],
                "prefix_list_ids": [],
                "protocol": "tcp",
                "security_groups": [],
                "self": false,
                "to_port": 9090
              }
            ],
            "name": "security-monitoring-sg",
            "name_prefix": "",
            "owner_id": "463470963000",
            "revoke_rules_on_delete": false,
            "tags": {
              "Environment": "Dev",
              "Name": "security-monitoring-sg",
              "Project": "Global Bank Migration",
              "Terraform": "true"
            },
            "tags_all": {
              "Environment": "Dev",
              "Name": "security-monitoring-sg",
              "Project": "Global Bank Migration",
              "Terraform": "true"
            },
            "timeouts": null,
            "vpc_id": "vpc-08a593e8d7f06aa75"
          },
          "sensitive_attributes": [],
          "private": "eyJlMmJmYjczMC1lY2FhLTExZTYtOGY4OC0zNDM2M2JjN2M0YzAiOnsiY3JlYXRlIjo2MDAwMDAwMDAwMDAsImRlbGV0ZSI6OTAwMDAwMDAwMDAwfSwic2NoZW1hX3ZlcnNpb24iOiIxIn0=",
          "dependencies": [
            "module.vpcs.aws_vpc.main"
          ]
        }
      ]
    },
    {
      "module": "module.vpcs[\"security\"]",
      "mode": "managed",
      "type": "aws_subnet",
      "name": "private",
      "provider": "provider[\"registry.terraform.io/hashicorp/aws\"]",
      "instances": []
    },
    {
      "module": "module.vpcs[\"security\"]",
      "mode": "managed",
      "type": "aws_subnet",
      "name": "public",
      "provider": "provider[\"registry.terraform.io/hashicorp/aws\"]",
      "instances": [
        {
          "index_key": "10.4.1.0/24",
          "schema_version": 1,
          "attributes": {
            "arn": "arn:aws:ec2:eu-west-2:463470963000:subnet/subnet-01686007236f9c244",
            "assign_ipv6_address_on_creation": false,
            "availability_zone": "eu-west-2a",
            "availability_zone_id": "euw2-az2",
            "cidr_block": "10.4.1.0/24",
            "customer_owned_ipv4_pool": "",
            "enable_dns64": false,
            "enable_lni_at_device_index": 0,
            "enable_resource_name_dns_a_record_on_launch": false,
            "enable_resource_name_dns_aaaa_record_on_launch": false,
            "id": "subnet-01686007236f9c244",
            "ipv6_cidr_block": "",
            "ipv6_cidr_block_association_id": "",
            "ipv6_native": false,
            "map_customer_owned_ip_on_launch": false,
            "map_public_ip_on_launch": false,
            "outpost_arn": "",
            "owner_id": "463470963000",
            "private_dns_hostname_type_on_launch": "ip-name",
            "tags": {
              "Environment": "Dev",
              "Name": "security-public-10.4.1.0/24",
              "Project": "Global Bank Migration",
              "Terraform": "true"
            },
            "tags_all": {
              "Environment": "Dev",
              "Name": "security-public-10.4.1.0/24",
              "Project": "Global Bank Migration",
              "Terraform": "true"
            },
            "timeouts": null,
            "vpc_id": "vpc-08a593e8d7f06aa75"
          },
          "sensitive_attributes": [],
          "private": "eyJlMmJmYjczMC1lY2FhLTExZTYtOGY4OC0zNDM2M2JjN2M0YzAiOnsiY3JlYXRlIjo2MDAwMDAwMDAwMDAsImRlbGV0ZSI6MTIwMDAwMDAwMDAwMH0sInNjaGVtYV92ZXJzaW9uIjoiMSJ9",
          "dependencies": [
            "module.vpcs.aws_vpc.main"
          ],
          "create_before_destroy": true
        },
        {
          "index_key": "10.4.3.0/24",
          "schema_version": 1,
          "attributes": {
            "arn": "arn:aws:ec2:eu-west-2:463470963000:subnet/subnet-02fd51bbdcd23af0f",
            "assign_ipv6_address_on_creation": false,
            "availability_zone": "eu-west-2b",
            "availability_zone_id": "euw2-az3",
            "cidr_block": "10.4.3.0/24",
            "customer_owned_ipv4_pool": "",
            "enable_dns64": false,
            "enable_lni_at_device_index": 0,
            "enable_resource_name_dns_a_record_on_launch": false,
            "enable_resource_name_dns_aaaa_record_on_launch": false,
            "id": "subnet-02fd51bbdcd23af0f",
            "ipv6_cidr_block": "",
            "ipv6_cidr_block_association_id": "",
            "ipv6_native": false,
            "map_customer_owned_ip_on_launch": false,
            "map_public_ip_on_launch": false,
            "outpost_arn": "",
            "owner_id": "463470963000",
            "private_dns_hostname_type_on_launch": "ip-name",
            "tags": {
              "Environment": "Dev",
              "Name": "security-public-10.4.3.0/24",
              "Project": "Global Bank Migration",
              "Terraform": "true"
            },
            "tags_all": {
              "Environment": "Dev",
              "Name": "security-public-10.4.3.0/24",
              "Project": "Global Bank Migration",
              "Terraform": "true"
            },
            "timeouts": null,
            "vpc_id": "vpc-08a593e8d7f06aa75"
          },
          "sensitive_attributes": [],
          "private": "eyJlMmJmYjczMC1lY2FhLTExZTYtOGY4OC0zNDM2M2JjN2M0YzAiOnsiY3JlYXRlIjo2MDAwMDAwMDAwMDAsImRlbGV0ZSI6MTIwMDAwMDAwMDAwMH0sInNjaGVtYV92ZXJzaW9uIjoiMSJ9",
          "dependencies": [
            "module.vpcs.aws_vpc.main"
          ],
          "create_before_destroy": true
        }
      ]
    },
    {
      "module": "module.vpcs[\"security\"]",
      "mode": "managed",
      "type": "aws_vpc",
      "name": "main",
      "provider": "provider[\"registry.terraform.io/hashicorp/aws\"]",
      "instances": [
        {
          "schema_version": 1,
          "attributes": {
            "arn": "arn:aws:ec2:eu-west-2:463470963000:vpc/vpc-08a593e8d7f06aa75",
            "assign_generated_ipv6_cidr_block": false,
            "cidr_block": "10.4.0.0/16",
            "default_network_acl_id": "acl-0c6be4672295b51db",
            "default_route_table_id": "rtb-085b39a53898e0cf4",
            "default_security_group_id": "sg-0c8fd139ecc7bcddb",
            "dhcp_options_id": "dopt-0ff17d7f379be5815",
            "enable_dns_hostnames": true,
            "enable_dns_support": true,
            "enable_network_address_usage_metrics": false,
            "id": "vpc-08a593e8d7f06aa75",
            "instance_tenancy": "default",
            "ipv4_ipam_pool_id": null,
            "ipv4_netmask_length": null,
            "ipv6_association_id": "",
            "ipv6_cidr_block": "",
            "ipv6_cidr_block_network_border_group": "",
            "ipv6_ipam_pool_id": "",
            "ipv6_netmask_length": 0,
            "main_route_table_id": "rtb-085b39a53898e0cf4",
            "owner_id": "463470963000",
            "tags": {
              "Environment": "Dev",
              "Project": "Global Bank Migration",
              "Terraform": "true"
            },
            "tags_all": {
              "Environment": "Dev",
              "Project": "Global Bank Migration",
              "Terraform": "true"
            }
          },
          "sensitive_attributes": [],
          "private": "eyJzY2hlbWFfdmVyc2lvbiI6IjEifQ==",
          "create_before_destroy": true
        }
      ]
    },
    {
      "module": "module.vpcs[\"security\"]",
      "mode": "managed",
      "type": "aws_vpc_endpoint",
      "name": "dynamodb",
      "provider": "provider[\"registry.terraform.io/hashicorp/aws\"]",
      "instances": []
    },
    {
      "module": "module.vpcs[\"security\"]",
      "mode": "managed",
      "type": "aws_vpc_endpoint",
      "name": "s3",
      "provider": "provider[\"registry.terraform.io/hashicorp/aws\"]",
      "instances": []
    }
  ],
  "check_results": null
}
